{
  "version": 4,
  "terraform_version": "1.12.1",
  "serial": 1837,
  "lineage": "245b23bb-bd39-aa0d-83d7-cddccbf88f50",
  "outputs": {
    "eks_admin_role_arn": {
      "value": "arn:aws:iam::727646470302:role/eks-admin-role",
      "type": "string"
    },
    "eks_admin_role_name": {
      "value": "eks-admin-role",
      "type": "string"
    },
    "eks_cluster_endpoint": {
      "value": "https://60C08E4D6D006183403CFC6A23987479.gr7.ap-northeast-2.eks.amazonaws.com",
      "type": "string"
    },
    "eks_cluster_kubeconfig_context": {
      "value": "arn:aws:eks:ap-northeast-2:727646470302:cluster/memo-eks-cluster",
      "type": "string"
    },
    "eks_cluster_name": {
      "value": "memo-eks-cluster",
      "type": "string"
    },
    "eks_cluster_security_group_id": {
      "value": "sg-0721e1e0fa70ddcfb",
      "type": "string"
    }
  },
  "resources": [
    {
      "mode": "data",
      "type": "aws_caller_identity",
      "name": "current",
      "provider": "provider[\"registry.terraform.io/hashicorp/aws\"]",
      "instances": [
        {
          "schema_version": 0,
          "attributes": {
            "account_id": "727646470302",
            "arn": "arn:aws:iam::727646470302:user/lion3team04",
            "id": "727646470302",
            "user_id": "AIDA2S2Y4ACPKEECA2RJ5"
          },
          "sensitive_attributes": [],
          "identity_schema_version": 0
        }
      ]
    },
    {
      "mode": "data",
      "type": "aws_eks_cluster_auth",
      "name": "cluster",
      "provider": "provider[\"registry.terraform.io/hashicorp/aws\"]",
      "instances": [
        {
          "schema_version": 0,
          "attributes": {
            "id": "memo-eks-cluster",
            "name": "memo-eks-cluster",
            "token": "k8s-aws-v1.aHR0cHM6Ly9zdHMuYXAtbm9ydGhlYXN0LTIuYW1hem9uYXdzLmNvbS8_QWN0aW9uPUdldENhbGxlcklkZW50aXR5JlZlcnNpb249MjAxMS0wNi0xNSZYLUFtei1BbGdvcml0aG09QVdTNC1ITUFDLVNIQTI1NiZYLUFtei1DcmVkZW50aWFsPUFLSUEyUzJZNEFDUEg3SUZXSzdVJTJGMjAyNTA3MTIlMkZhcC1ub3J0aGVhc3QtMiUyRnN0cyUyRmF3czRfcmVxdWVzdCZYLUFtei1EYXRlPTIwMjUwNzEyVDA3NTExMFomWC1BbXotRXhwaXJlcz0wJlgtQW16LVNpZ25lZEhlYWRlcnM9aG9zdCUzQngtazhzLWF3cy1pZCZYLUFtei1TaWduYXR1cmU9Y2NiMTY5YjI4NDk2NmE1ZjZmZGI5NzA4ZDJmMTk1OTg0MzVlMWI4YzY2ZmUzZDMwOGJjZDUwNDVmNDU1OTc0ZA"
          },
          "sensitive_attributes": [
            [
              {
                "type": "get_attr",
                "value": "token"
              }
            ]
          ],
          "identity_schema_version": 0
        }
      ]
    },
    {
      "module": "module.eks",
      "mode": "managed",
      "type": "aws_security_group_rule",
      "name": "eks_cluster_external_access",
      "provider": "provider[\"registry.terraform.io/hashicorp/aws\"]",
      "instances": [
        {
          "schema_version": 2,
          "attributes": {
            "cidr_blocks": [
              "0.0.0.0/0"
            ],
            "description": "External access to EKS cluster API",
            "from_port": 443,
            "id": "sgrule-2006548840",
            "ipv6_cidr_blocks": null,
            "prefix_list_ids": null,
            "protocol": "tcp",
            "security_group_id": "sg-0721e1e0fa70ddcfb",
            "security_group_rule_id": "sgr-09e6cd3fc82b7f534",
            "self": false,
            "source_security_group_id": null,
            "timeouts": null,
            "to_port": 443,
            "type": "ingress"
          },
          "sensitive_attributes": [],
          "identity_schema_version": 0,
          "private": "eyJlMmJmYjczMC1lY2FhLTExZTYtOGY4OC0zNDM2M2JjN2M0YzAiOnsiY3JlYXRlIjozMDAwMDAwMDAwMDB9LCJzY2hlbWFfdmVyc2lvbiI6IjIifQ==",
          "dependencies": [
            "module.eks.module.eks_cluster.aws_security_group.cluster",
            "module.vpc.aws_vpc.vpc1"
          ]
        }
      ]
    },
    {
      "module": "module.eks",
      "mode": "managed",
      "type": "aws_security_group_rule",
      "name": "eks_cluster_external_access_10250",
      "provider": "provider[\"registry.terraform.io/hashicorp/aws\"]",
      "instances": [
        {
          "schema_version": 2,
          "attributes": {
            "cidr_blocks": [
              "0.0.0.0/0"
            ],
            "description": "External access to EKS kubelet API",
            "from_port": 10250,
            "id": "sgrule-3190758132",
            "ipv6_cidr_blocks": null,
            "prefix_list_ids": null,
            "protocol": "tcp",
            "security_group_id": "sg-0721e1e0fa70ddcfb",
            "security_group_rule_id": "sgr-0ef16541a35bf921f",
            "self": false,
            "source_security_group_id": null,
            "timeouts": null,
            "to_port": 10250,
            "type": "ingress"
          },
          "sensitive_attributes": [],
          "identity_schema_version": 0,
          "private": "eyJlMmJmYjczMC1lY2FhLTExZTYtOGY4OC0zNDM2M2JjN2M0YzAiOnsiY3JlYXRlIjozMDAwMDAwMDAwMDB9LCJzY2hlbWFfdmVyc2lvbiI6IjIifQ==",
          "dependencies": [
            "module.eks.module.eks_cluster.aws_security_group.cluster",
            "module.vpc.aws_vpc.vpc1"
          ]
        }
      ]
    },
    {
      "module": "module.eks",
      "mode": "managed",
      "type": "aws_security_group_rule",
      "name": "eks_cluster_external_access_6443",
      "provider": "provider[\"registry.terraform.io/hashicorp/aws\"]",
      "instances": [
        {
          "schema_version": 2,
          "attributes": {
            "cidr_blocks": [
              "0.0.0.0/0"
            ],
            "description": "External access to EKS cluster API (6443)",
            "from_port": 6443,
            "id": "sgrule-1095661801",
            "ipv6_cidr_blocks": null,
            "prefix_list_ids": null,
            "protocol": "tcp",
            "security_group_id": "sg-0721e1e0fa70ddcfb",
            "security_group_rule_id": "sgr-075df91238fba5109",
            "self": false,
            "source_security_group_id": null,
            "timeouts": null,
            "to_port": 6443,
            "type": "ingress"
          },
          "sensitive_attributes": [],
          "identity_schema_version": 0,
          "private": "eyJlMmJmYjczMC1lY2FhLTExZTYtOGY4OC0zNDM2M2JjN2M0YzAiOnsiY3JlYXRlIjozMDAwMDAwMDAwMDB9LCJzY2hlbWFfdmVyc2lvbiI6IjIifQ==",
          "dependencies": [
            "module.eks.module.eks_cluster.aws_security_group.cluster",
            "module.vpc.aws_vpc.vpc1"
          ]
        }
      ]
    },
    {
      "module": "module.eks.module.eks_cluster",
      "mode": "data",
      "type": "aws_caller_identity",
      "name": "current",
      "provider": "provider[\"registry.terraform.io/hashicorp/aws\"]",
      "instances": [
        {
          "index_key": 0,
          "schema_version": 0,
          "attributes": {
            "account_id": "727646470302",
            "arn": "arn:aws:iam::727646470302:user/lion3team04",
            "id": "727646470302",
            "user_id": "AIDA2S2Y4ACPKEECA2RJ5"
          },
          "sensitive_attributes": [],
          "identity_schema_version": 0
        }
      ]
    },
    {
      "module": "module.eks.module.eks_cluster",
      "mode": "data",
      "type": "aws_eks_addon_version",
      "name": "this",
      "provider": "provider[\"registry.terraform.io/hashicorp/aws\"]",
      "instances": []
    },
    {
      "module": "module.eks.module.eks_cluster",
      "mode": "data",
      "type": "aws_iam_policy_document",
      "name": "assume_role_policy",
      "provider": "provider[\"registry.terraform.io/hashicorp/aws\"]",
      "instances": [
        {
          "index_key": 0,
          "schema_version": 0,
          "attributes": {
            "id": "2830595799",
            "json": "{\n  \"Version\": \"2012-10-17\",\n  \"Statement\": [\n    {\n      \"Sid\": \"EKSClusterAssumeRole\",\n      \"Effect\": \"Allow\",\n      \"Action\": [\n        \"sts:TagSession\",\n        \"sts:AssumeRole\"\n      ],\n      \"Principal\": {\n        \"Service\": \"eks.amazonaws.com\"\n      }\n    }\n  ]\n}",
            "minified_json": "{\"Version\":\"2012-10-17\",\"Statement\":[{\"Sid\":\"EKSClusterAssumeRole\",\"Effect\":\"Allow\",\"Action\":[\"sts:TagSession\",\"sts:AssumeRole\"],\"Principal\":{\"Service\":\"eks.amazonaws.com\"}}]}",
            "override_json": null,
            "override_policy_documents": null,
            "policy_id": null,
            "source_json": null,
            "source_policy_documents": null,
            "statement": [
              {
                "actions": [
                  "sts:AssumeRole",
                  "sts:TagSession"
                ],
                "condition": [],
                "effect": "Allow",
                "not_actions": [],
                "not_principals": [],
                "not_resources": [],
                "principals": [
                  {
                    "identifiers": [
                      "eks.amazonaws.com"
                    ],
                    "type": "Service"
                  }
                ],
                "resources": [],
                "sid": "EKSClusterAssumeRole"
              }
            ],
            "version": "2012-10-17"
          },
          "sensitive_attributes": [],
          "identity_schema_version": 0
        }
      ]
    },
    {
      "module": "module.eks.module.eks_cluster",
      "mode": "data",
      "type": "aws_iam_policy_document",
      "name": "cni_ipv6_policy",
      "provider": "provider[\"registry.terraform.io/hashicorp/aws\"]",
      "instances": []
    },
    {
      "module": "module.eks.module.eks_cluster",
      "mode": "data",
      "type": "aws_iam_policy_document",
      "name": "custom",
      "provider": "provider[\"registry.terraform.io/hashicorp/aws\"]",
      "instances": [
        {
          "index_key": 0,
          "schema_version": 0,
          "attributes": {
            "id": "513122117",
            "json": "{\n  \"Version\": \"2012-10-17\",\n  \"Statement\": [\n    {\n      \"Sid\": \"Compute\",\n      \"Effect\": \"Allow\",\n      \"Action\": [\n        \"ec2:RunInstances\",\n        \"ec2:CreateLaunchTemplate\",\n        \"ec2:CreateFleet\"\n      ],\n      \"Resource\": \"*\",\n      \"Condition\": {\n        \"StringEquals\": {\n          \"aws:RequestTag/eks:eks-cluster-name\": \"${aws:PrincipalTag/eks:eks-cluster-name}\"\n        },\n        \"StringLike\": {\n          \"aws:RequestTag/eks:kubernetes-node-class-name\": \"*\",\n          \"aws:RequestTag/eks:kubernetes-node-pool-name\": \"*\"\n        }\n      }\n    },\n    {\n      \"Sid\": \"Storage\",\n      \"Effect\": \"Allow\",\n      \"Action\": [\n        \"ec2:CreateVolume\",\n        \"ec2:CreateSnapshot\"\n      ],\n      \"Resource\": [\n        \"arn:aws:ec2:*:*:volume/*\",\n        \"arn:aws:ec2:*:*:snapshot/*\"\n      ],\n      \"Condition\": {\n        \"StringEquals\": {\n          \"aws:RequestTag/eks:eks-cluster-name\": \"${aws:PrincipalTag/eks:eks-cluster-name}\"\n        }\n      }\n    },\n    {\n      \"Sid\": \"Networking\",\n      \"Effect\": \"Allow\",\n      \"Action\": \"ec2:CreateNetworkInterface\",\n      \"Resource\": \"*\",\n      \"Condition\": {\n        \"StringEquals\": {\n          \"aws:RequestTag/eks:eks-cluster-name\": \"${aws:PrincipalTag/eks:eks-cluster-name}\",\n          \"aws:RequestTag/eks:kubernetes-cni-node-name\": \"*\"\n        }\n      }\n    },\n    {\n      \"Sid\": \"LoadBalancer\",\n      \"Effect\": \"Allow\",\n      \"Action\": [\n        \"elasticloadbalancing:CreateTargetGroup\",\n        \"elasticloadbalancing:CreateRule\",\n        \"elasticloadbalancing:CreateLoadBalancer\",\n        \"elasticloadbalancing:CreateListener\",\n        \"ec2:CreateSecurityGroup\"\n      ],\n      \"Resource\": \"*\",\n      \"Condition\": {\n        \"StringEquals\": {\n          \"aws:RequestTag/eks:eks-cluster-name\": \"${aws:PrincipalTag/eks:eks-cluster-name}\"\n        }\n      }\n    },\n    {\n      \"Sid\": \"ShieldProtection\",\n      \"Effect\": \"Allow\",\n      \"Action\": \"shield:CreateProtection\",\n      \"Resource\": \"*\",\n      \"Condition\": {\n        \"StringEquals\": {\n          \"aws:RequestTag/eks:eks-cluster-name\": \"${aws:PrincipalTag/eks:eks-cluster-name}\"\n        }\n      }\n    },\n    {\n      \"Sid\": \"ShieldTagResource\",\n      \"Effect\": \"Allow\",\n      \"Action\": \"shield:TagResource\",\n      \"Resource\": \"arn:aws:shield::*:protection/*\",\n      \"Condition\": {\n        \"StringEquals\": {\n          \"aws:RequestTag/eks:eks-cluster-name\": \"${aws:PrincipalTag/eks:eks-cluster-name}\"\n        }\n      }\n    }\n  ]\n}",
            "minified_json": "{\"Version\":\"2012-10-17\",\"Statement\":[{\"Sid\":\"Compute\",\"Effect\":\"Allow\",\"Action\":[\"ec2:RunInstances\",\"ec2:CreateLaunchTemplate\",\"ec2:CreateFleet\"],\"Resource\":\"*\",\"Condition\":{\"StringEquals\":{\"aws:RequestTag/eks:eks-cluster-name\":\"${aws:PrincipalTag/eks:eks-cluster-name}\"},\"StringLike\":{\"aws:RequestTag/eks:kubernetes-node-class-name\":\"*\",\"aws:RequestTag/eks:kubernetes-node-pool-name\":\"*\"}}},{\"Sid\":\"Storage\",\"Effect\":\"Allow\",\"Action\":[\"ec2:CreateVolume\",\"ec2:CreateSnapshot\"],\"Resource\":[\"arn:aws:ec2:*:*:volume/*\",\"arn:aws:ec2:*:*:snapshot/*\"],\"Condition\":{\"StringEquals\":{\"aws:RequestTag/eks:eks-cluster-name\":\"${aws:PrincipalTag/eks:eks-cluster-name}\"}}},{\"Sid\":\"Networking\",\"Effect\":\"Allow\",\"Action\":\"ec2:CreateNetworkInterface\",\"Resource\":\"*\",\"Condition\":{\"StringEquals\":{\"aws:RequestTag/eks:eks-cluster-name\":\"${aws:PrincipalTag/eks:eks-cluster-name}\",\"aws:RequestTag/eks:kubernetes-cni-node-name\":\"*\"}}},{\"Sid\":\"LoadBalancer\",\"Effect\":\"Allow\",\"Action\":[\"elasticloadbalancing:CreateTargetGroup\",\"elasticloadbalancing:CreateRule\",\"elasticloadbalancing:CreateLoadBalancer\",\"elasticloadbalancing:CreateListener\",\"ec2:CreateSecurityGroup\"],\"Resource\":\"*\",\"Condition\":{\"StringEquals\":{\"aws:RequestTag/eks:eks-cluster-name\":\"${aws:PrincipalTag/eks:eks-cluster-name}\"}}},{\"Sid\":\"ShieldProtection\",\"Effect\":\"Allow\",\"Action\":\"shield:CreateProtection\",\"Resource\":\"*\",\"Condition\":{\"StringEquals\":{\"aws:RequestTag/eks:eks-cluster-name\":\"${aws:PrincipalTag/eks:eks-cluster-name}\"}}},{\"Sid\":\"ShieldTagResource\",\"Effect\":\"Allow\",\"Action\":\"shield:TagResource\",\"Resource\":\"arn:aws:shield::*:protection/*\",\"Condition\":{\"StringEquals\":{\"aws:RequestTag/eks:eks-cluster-name\":\"${aws:PrincipalTag/eks:eks-cluster-name}\"}}}]}",
            "override_json": null,
            "override_policy_documents": null,
            "policy_id": null,
            "source_json": null,
            "source_policy_documents": null,
            "statement": [
              {
                "actions": [
                  "ec2:CreateFleet",
                  "ec2:CreateLaunchTemplate",
                  "ec2:RunInstances"
                ],
                "condition": [
                  {
                    "test": "StringEquals",
                    "values": [
                      "${aws:PrincipalTag/eks:eks-cluster-name}"
                    ],
                    "variable": "aws:RequestTag/eks:eks-cluster-name"
                  },
                  {
                    "test": "StringLike",
                    "values": [
                      "*"
                    ],
                    "variable": "aws:RequestTag/eks:kubernetes-node-class-name"
                  },
                  {
                    "test": "StringLike",
                    "values": [
                      "*"
                    ],
                    "variable": "aws:RequestTag/eks:kubernetes-node-pool-name"
                  }
                ],
                "effect": "Allow",
                "not_actions": [],
                "not_principals": [],
                "not_resources": [],
                "principals": [],
                "resources": [
                  "*"
                ],
                "sid": "Compute"
              },
              {
                "actions": [
                  "ec2:CreateSnapshot",
                  "ec2:CreateVolume"
                ],
                "condition": [
                  {
                    "test": "StringEquals",
                    "values": [
                      "${aws:PrincipalTag/eks:eks-cluster-name}"
                    ],
                    "variable": "aws:RequestTag/eks:eks-cluster-name"
                  }
                ],
                "effect": "Allow",
                "not_actions": [],
                "not_principals": [],
                "not_resources": [],
                "principals": [],
                "resources": [
                  "arn:aws:ec2:*:*:snapshot/*",
                  "arn:aws:ec2:*:*:volume/*"
                ],
                "sid": "Storage"
              },
              {
                "actions": [
                  "ec2:CreateNetworkInterface"
                ],
                "condition": [
                  {
                    "test": "StringEquals",
                    "values": [
                      "${aws:PrincipalTag/eks:eks-cluster-name}"
                    ],
                    "variable": "aws:RequestTag/eks:eks-cluster-name"
                  },
                  {
                    "test": "StringEquals",
                    "values": [
                      "*"
                    ],
                    "variable": "aws:RequestTag/eks:kubernetes-cni-node-name"
                  }
                ],
                "effect": "Allow",
                "not_actions": [],
                "not_principals": [],
                "not_resources": [],
                "principals": [],
                "resources": [
                  "*"
                ],
                "sid": "Networking"
              },
              {
                "actions": [
                  "ec2:CreateSecurityGroup",
                  "elasticloadbalancing:CreateListener",
                  "elasticloadbalancing:CreateLoadBalancer",
                  "elasticloadbalancing:CreateRule",
                  "elasticloadbalancing:CreateTargetGroup"
                ],
                "condition": [
                  {
                    "test": "StringEquals",
                    "values": [
                      "${aws:PrincipalTag/eks:eks-cluster-name}"
                    ],
                    "variable": "aws:RequestTag/eks:eks-cluster-name"
                  }
                ],
                "effect": "Allow",
                "not_actions": [],
                "not_principals": [],
                "not_resources": [],
                "principals": [],
                "resources": [
                  "*"
                ],
                "sid": "LoadBalancer"
              },
              {
                "actions": [
                  "shield:CreateProtection"
                ],
                "condition": [
                  {
                    "test": "StringEquals",
                    "values": [
                      "${aws:PrincipalTag/eks:eks-cluster-name}"
                    ],
                    "variable": "aws:RequestTag/eks:eks-cluster-name"
                  }
                ],
                "effect": "Allow",
                "not_actions": [],
                "not_principals": [],
                "not_resources": [],
                "principals": [],
                "resources": [
                  "*"
                ],
                "sid": "ShieldProtection"
              },
              {
                "actions": [
                  "shield:TagResource"
                ],
                "condition": [
                  {
                    "test": "StringEquals",
                    "values": [
                      "${aws:PrincipalTag/eks:eks-cluster-name}"
                    ],
                    "variable": "aws:RequestTag/eks:eks-cluster-name"
                  }
                ],
                "effect": "Allow",
                "not_actions": [],
                "not_principals": [],
                "not_resources": [],
                "principals": [],
                "resources": [
                  "arn:aws:shield::*:protection/*"
                ],
                "sid": "ShieldTagResource"
              }
            ],
            "version": "2012-10-17"
          },
          "sensitive_attributes": [],
          "identity_schema_version": 0
        }
      ]
    },
    {
      "module": "module.eks.module.eks_cluster",
      "mode": "data",
      "type": "aws_iam_policy_document",
      "name": "node_assume_role_policy",
      "provider": "provider[\"registry.terraform.io/hashicorp/aws\"]",
      "instances": []
    },
    {
      "module": "module.eks.module.eks_cluster",
      "mode": "data",
      "type": "aws_iam_session_context",
      "name": "current",
      "provider": "provider[\"registry.terraform.io/hashicorp/aws\"]",
      "instances": [
        {
          "index_key": 0,
          "schema_version": 0,
          "attributes": {
            "arn": "arn:aws:iam::727646470302:user/lion3team04",
            "id": "arn:aws:iam::727646470302:user/lion3team04",
            "issuer_arn": "arn:aws:iam::727646470302:user/lion3team04",
            "issuer_id": "",
            "issuer_name": "",
            "session_name": ""
          },
          "sensitive_attributes": [],
          "identity_schema_version": 0
        }
      ]
    },
    {
      "module": "module.eks.module.eks_cluster",
      "mode": "data",
      "type": "aws_partition",
      "name": "current",
      "provider": "provider[\"registry.terraform.io/hashicorp/aws\"]",
      "instances": [
        {
          "index_key": 0,
          "schema_version": 0,
          "attributes": {
            "dns_suffix": "amazonaws.com",
            "id": "aws",
            "partition": "aws",
            "reverse_dns_prefix": "com.amazonaws"
          },
          "sensitive_attributes": [],
          "identity_schema_version": 0
        }
      ]
    },
    {
      "module": "module.eks.module.eks_cluster",
      "mode": "data",
      "type": "tls_certificate",
      "name": "this",
      "provider": "provider[\"registry.terraform.io/hashicorp/tls\"]",
      "instances": [
        {
          "index_key": 0,
          "schema_version": 0,
          "attributes": {
            "certificates": [
              {
                "cert_pem": "-----BEGIN CERTIFICATE-----\nMIIEkjCCA3qgAwIBAgITBn+USionzfP6wq4rAfkI7rnExjANBgkqhkiG9w0BAQsF\nADCBmDELMAkGA1UEBhMCVVMxEDAOBgNVBAgTB0FyaXpvbmExEzARBgNVBAcTClNj\nb3R0c2RhbGUxJTAjBgNVBAoTHFN0YXJmaWVsZCBUZWNobm9sb2dpZXMsIEluYy4x\nOzA5BgNVBAMTMlN0YXJmaWVsZCBTZXJ2aWNlcyBSb290IENlcnRpZmljYXRlIEF1\ndGhvcml0eSAtIEcyMB4XDTE1MDUyNTEyMDAwMFoXDTM3MTIzMTAxMDAwMFowOTEL\nMAkGA1UEBhMCVVMxDzANBgNVBAoTBkFtYXpvbjEZMBcGA1UEAxMQQW1hem9uIFJv\nb3QgQ0EgMTCCASIwDQYJKoZIhvcNAQEBBQADggEPADCCAQoCggEBALJ4gHHKeNXj\nca9HgFB0fW7Y14h29Jlo91ghYPl0hAEvrAIthtOgQ3pOsqTQNroBvo3bSMgHFzZM\n9O6II8c+6zf1tRn4SWiw3te5djgdYZ6k/oI2peVKVuRF4fn9tBb6dNqcmzU5L/qw\nIFAGbHrQgLKm+a/sRxmPUDgH3KKHOVj4utWp+UhnMJbulHheb4mjUcAwhmahRWa6\nVOujw5H5SNz/0egwLX0tdHA114gk957EWW67c4cX8jJGKLhD+rcdqsq08p8kDi1L\n93FcXmn/6pUCyziKrlA4b9v7LWIbxcceVOF34GfID5yHI9Y/QCB/IIDEgEw+OyQm\njgSubJrIqg0CAwEAAaOCATEwggEtMA8GA1UdEwEB/wQFMAMBAf8wDgYDVR0PAQH/\nBAQDAgGGMB0GA1UdDgQWBBSEGMyFNOy8DJSULghZnMeyEE4KCDAfBgNVHSMEGDAW\ngBScXwDfqgHXMCs4iKK4bUqc8hGRgzB4BggrBgEFBQcBAQRsMGowLgYIKwYBBQUH\nMAGGImh0dHA6Ly9vY3NwLnJvb3RnMi5hbWF6b250cnVzdC5jb20wOAYIKwYBBQUH\nMAKGLGh0dHA6Ly9jcnQucm9vdGcyLmFtYXpvbnRydXN0LmNvbS9yb290ZzIuY2Vy\nMD0GA1UdHwQ2MDQwMqAwoC6GLGh0dHA6Ly9jcmwucm9vdGcyLmFtYXpvbnRydXN0\nLmNvbS9yb290ZzIuY3JsMBEGA1UdIAQKMAgwBgYEVR0gADANBgkqhkiG9w0BAQsF\nAAOCAQEAYjdCXLwQtT6LLOkMm2xF4gcAevnFWAu5CIw+7bMlPLVvUOTNNWqnkzSW\nMiGpSESrnO09tKpzbeR/FoCJbM8oAxiDR3mjEH4wW6w7sGDgd9QIpuEdfF7Au/ma\neyKdpwAJfqxGF4PcnCZXmTA5YpaP7dreqsXMGz7KQ2hsVxa81Q4gLv7/wmpdLqBK\nbRRYh5TmOTFffHPLkIhqhBGWJ6bt2YFGpn6jcgAKUj6DiAdjd4lpFw85hdKrCEVN\n0FE6/V1dN2RMfjCyVSRCnTawXZwXgWHxyvkQAiSr6w10kY17RSlQOYiypok1JR4U\nakcjMS9cmvqtmg5iUaQqqcT5NJ0hGA==\n-----END CERTIFICATE-----\n",
                "is_ca": true,
                "issuer": "CN=Starfield Services Root Certificate Authority - G2,O=Starfield Technologies\\, Inc.,L=Scottsdale,ST=Arizona,C=US",
                "not_after": "2037-12-31T01:00:00Z",
                "not_before": "2015-05-25T12:00:00Z",
                "public_key_algorithm": "RSA",
                "serial_number": "144918191876577076464031512351042010504348870",
                "sha1_fingerprint": "06b25927c42a721631c1efd9431e648fa62e1e39",
                "signature_algorithm": "SHA256-RSA",
                "subject": "CN=Amazon Root CA 1,O=Amazon,C=US",
                "version": 3
              },
              {
                "cert_pem": "-----BEGIN CERTIFICATE-----\nMIIEXjCCA0agAwIBAgITB3MSTyqVLj7Rili9uF0bwM5fJzANBgkqhkiG9w0BAQsF\nADA5MQswCQYDVQQGEwJVUzEPMA0GA1UEChMGQW1hem9uMRkwFwYDVQQDExBBbWF6\nb24gUm9vdCBDQSAxMB4XDTIyMDgyMzIyMjYzNVoXDTMwMDgyMzIyMjYzNVowPDEL\nMAkGA1UEBhMCVVMxDzANBgNVBAoTBkFtYXpvbjEcMBoGA1UEAxMTQW1hem9uIFJT\nQSAyMDQ4IE0wNDCCASIwDQYJKoZIhvcNAQEBBQADggEPADCCAQoCggEBAM3pVR6A\nlQOp4xe776FdePXyejgA38mYx1ou9/jrpV6Sfn+/oqBKgwhY6ePsQHHQayWBJdBn\nv4Wz363qRI4XUh9swBFJ11TnZ3LqOMvHmWq2+loA0QPtOfXdJ2fHBLrBrngtJ/GB\n0p5olAVYrSZgvQGP16Rf8ddtNyxEEhYm3HuhmNi+vSeAq1tLYJPAvRCXonTpWdSD\nxY6hvdmxlqTYi82AtBXSfpGQ58HHM0hw0C6aQakghrwWi5fGslLOqzpimNMIsT7c\nqa0GJx6JfKqJqmQQNplO2h8n9ZsFJgBowof01ppdoLAWg6caMOM0om/VILKaa30F\n9W/r8Qjah7ltGVkCAwEAAaOCAVowggFWMBIGA1UdEwEB/wQIMAYBAf8CAQAwDgYD\nVR0PAQH/BAQDAgGGMB0GA1UdJQQWMBQGCCsGAQUFBwMBBggrBgEFBQcDAjAdBgNV\nHQ4EFgQUH1KSYVaCVH+BZtgdPQqqMlyH3QgwHwYDVR0jBBgwFoAUhBjMhTTsvAyU\nlC4IWZzHshBOCggwewYIKwYBBQUHAQEEbzBtMC8GCCsGAQUFBzABhiNodHRwOi8v\nb2NzcC5yb290Y2ExLmFtYXpvbnRydXN0LmNvbTA6BggrBgEFBQcwAoYuaHR0cDov\nL2NydC5yb290Y2ExLmFtYXpvbnRydXN0LmNvbS9yb290Y2ExLmNlcjA/BgNVHR8E\nODA2MDSgMqAwhi5odHRwOi8vY3JsLnJvb3RjYTEuYW1hem9udHJ1c3QuY29tL3Jv\nb3RjYTEuY3JsMBMGA1UdIAQMMAowCAYGZ4EMAQIBMA0GCSqGSIb3DQEBCwUAA4IB\nAQA+1O5UsAaNuW3lHzJtpNGwBnZd9QEYFtxpiAnIaV4qApnGS9OCw5ZPwie7YSlD\nZF5yyFPsFhUC2Q9uJHY/CRV1b5hIiGH0+6+w5PgKiY1MWuWT8VAaJjFxvuhM7a/e\nfN2TIw1Wd6WCl6YRisunjQOrSP+unqC8A540JNyZ1JOE3jVqat3OZBGgMvihdj2w\nY23EpwesrKiQzkHzmvSH67PVW4ycbPy08HVZnBxZ5NrlGG9bwXR3fNTaz+c+Ej6c\n5AnwI3qkOFgSkg3Y75cdFz6pO/olK+e3AqygAcv0WjzmkDPuBjssuZjCHMC56oH3\nGJkV29Di2j5prHJbwZjG1inU\n-----END CERTIFICATE-----\n",
                "is_ca": true,
                "issuer": "CN=Amazon Root CA 1,O=Amazon,C=US",
                "not_after": "2030-08-23T22:26:35Z",
                "not_before": "2022-08-23T22:26:35Z",
                "public_key_algorithm": "RSA",
                "serial_number": "166129359584585245282080020727744908546170663",
                "sha1_fingerprint": "e7b8b5a6743ce1b2f17b041de59558a41472d70c",
                "signature_algorithm": "SHA256-RSA",
                "subject": "CN=Amazon RSA 2048 M04,O=Amazon,C=US",
                "version": 3
              },
              {
                "cert_pem": "-----BEGIN CERTIFICATE-----\nMIIF8DCCBNigAwIBAgIQCS5keeE9bMqfGdN+w1YqFTANBgkqhkiG9w0BAQsFADA8\nMQswCQYDVQQGEwJVUzEPMA0GA1UEChMGQW1hem9uMRwwGgYDVQQDExNBbWF6b24g\nUlNBIDIwNDggTTA0MB4XDTI1MDQxNjAwMDAwMFoXDTI2MDMyNjIzNTk1OVowLTEr\nMCkGA1UEAwwiKi5la3MuYXAtbm9ydGhlYXN0LTIuYW1hem9uYXdzLmNvbTCCASIw\nDQYJKoZIhvcNAQEBBQADggEPADCCAQoCggEBAItqjAZtkePIISW+H2YEiDq32ifm\nylGtJDXWkIB2NOS3AnLc8fXBcuG+nrPqzYgPhG8hkp3m2s1x6rwLRxjbEZi639eJ\nOtYN3A61FWNYcJUqCqZcosH3yrIaf91kggngWOUM7ESQ6MXk2H/CtQ2DkWnknAel\nmKBsPYoobgnMycAhteB8eBaapklaesTWwfC0rKad8kUw83dD0tmVn++8VpQs7Dc6\nMcD0bYkPe+Vo2QQ71mCQIuxnbY8BUhkf/nuiut4rJJwQF/ZRmrTrOpYeu9IjsD2Q\nFOTJuWjVrgqbRcumKyN0z01OHMiFoGwjrG0khNHZEjXux3fv6CbhtZ6JoMcCAwEA\nAaOCAvswggL3MB8GA1UdIwQYMBaAFB9SkmFWglR/gWbYHT0KqjJch90IMB0GA1Ud\nDgQWBBS5ugXsym/jaT/HlR7Oktl1Xjr/ozAtBgNVHREEJjAkgiIqLmVrcy5hcC1u\nb3J0aGVhc3QtMi5hbWF6b25hd3MuY29tMBMGA1UdIAQMMAowCAYGZ4EMAQIBMA4G\nA1UdDwEB/wQEAwIFoDAdBgNVHSUEFjAUBggrBgEFBQcDAQYIKwYBBQUHAwIwOwYD\nVR0fBDQwMjAwoC6gLIYqaHR0cDovL2NybC5yMm0wNC5hbWF6b250cnVzdC5jb20v\ncjJtMDQuY3JsMHUGCCsGAQUFBwEBBGkwZzAtBggrBgEFBQcwAYYhaHR0cDovL29j\nc3AucjJtMDQuYW1hem9udHJ1c3QuY29tMDYGCCsGAQUFBzAChipodHRwOi8vY3J0\nLnIybTA0LmFtYXpvbnRydXN0LmNvbS9yMm0wNC5jZXIwDAYDVR0TAQH/BAIwADCC\nAX4GCisGAQQB1nkCBAIEggFuBIIBagFoAHUADleUvPOuqT4zGyyZB7P3kN+bwj1x\nMiXdIaklrGHFTiEAAAGWQK2A+QAABAMARjBEAiAVoeKayW/ySNU2TlN2kHvPY4g2\nyQn4MQAiV/gsXGx1mAIgdmOW1wKA2VFdyn1ABv9T72noYD7g15a7yW1eJAI/LaQA\ndwBJnJtp3h187Pw23s2HZKa4W68Kh4AZ0VVS++nrKd34wwAAAZZArYFBAAAEAwBI\nMEYCIQCtGQRccnDB2bm0LaV6mZF786iJwWxO6/xAAXY2YHuK8gIhANZXC67h/ALK\n3sqDrb0P0dD3VmekIMNVL2rIpETWm5aJAHYAyzj3FYl8hKFEX1vB3fvJbvKaWc1H\nCmkFhbDLFMMUWOcAAAGWQK2BLwAABAMARzBFAiBhxdODEwYjQ2tD/sjZI3WSYb0v\nX55Znb3Yxxxu574ICQIhAIBz6YrZPwGTAFOcX4hEJZ6Frc0hZp37xrxaix/6/u0a\nMA0GCSqGSIb3DQEBCwUAA4IBAQCcJhWuWo78FVxeC17i4IGkum88vmRD0uQeEgNv\n1s/BsxzQUY67yI92BZHnbxFf3BJwVcaba4WzeVOLXVHN23DSzHskzx1rwhzHPycT\ncdJCbn+CRJqk+8fZirP558E2s2lLQNX+IoeZdi65zsPv8WTcxeQEtC5rQ3hcTXhp\nE58PRD5vBvWq4RMBauTN1oRUrbxOZ/l3oP/fLjoAhtOZ0fLiVEcpqJ8ssx4ZHp0a\n6tFOBVdO0E8kxrtK/JLDKOIiaVEMTUQjFqMJXBiOC0Uq9odNxTsT9ehq7aNaSqly\nBYHY5w623X8p+Fz9qSHbl8M1chBmWh+Qx8jWy/qCOUDXKvwX\n-----END CERTIFICATE-----\n",
                "is_ca": false,
                "issuer": "CN=Amazon RSA 2048 M04,O=Amazon,C=US",
                "not_after": "2026-03-26T23:59:59Z",
                "not_before": "2025-04-16T00:00:00Z",
                "public_key_algorithm": "RSA",
                "serial_number": "12203935514833259758159922439203990037",
                "sha1_fingerprint": "1bbb4ba787ef7707f4ecbc612587ec28805cffc4",
                "signature_algorithm": "SHA256-RSA",
                "subject": "CN=*.eks.ap-northeast-2.amazonaws.com",
                "version": 3
              }
            ],
            "content": null,
            "id": "2f4c12273dfce0668da79492f884c5b681951fb9",
            "url": "https://oidc.eks.ap-northeast-2.amazonaws.com/id/60C08E4D6D006183403CFC6A23987479",
            "verify_chain": true
          },
          "sensitive_attributes": [],
          "identity_schema_version": 0
        }
      ]
    },
    {
      "module": "module.eks.module.eks_cluster",
      "mode": "managed",
      "type": "aws_cloudwatch_log_group",
      "name": "this",
      "provider": "provider[\"registry.terraform.io/hashicorp/aws\"]",
      "instances": [
        {
          "index_key": 0,
          "schema_version": 0,
          "attributes": {
            "arn": "arn:aws:logs:ap-northeast-2:727646470302:log-group:/aws/eks/memo-eks-cluster/cluster",
            "id": "/aws/eks/memo-eks-cluster/cluster",
            "kms_key_id": "",
            "log_group_class": "STANDARD",
            "name": "/aws/eks/memo-eks-cluster/cluster",
            "name_prefix": "",
            "retention_in_days": 90,
            "skip_destroy": false,
            "tags": {
              "Name": "/aws/eks/memo-eks-cluster/cluster",
              "Project": "memo"
            },
            "tags_all": {
              "Name": "/aws/eks/memo-eks-cluster/cluster",
              "Project": "memo"
            }
          },
          "sensitive_attributes": [],
          "identity_schema_version": 0,
          "private": "bnVsbA==",
          "create_before_destroy": true
        }
      ]
    },
    {
      "module": "module.eks.module.eks_cluster",
      "mode": "managed",
      "type": "aws_ec2_tag",
      "name": "cluster_primary_security_group",
      "provider": "provider[\"registry.terraform.io/hashicorp/aws\"]",
      "instances": [
        {
          "index_key": "Project",
          "schema_version": 0,
          "attributes": {
            "id": "sg-04173597eb941c37d,Project",
            "key": "Project",
            "resource_id": "sg-04173597eb941c37d",
            "value": "memo"
          },
          "sensitive_attributes": [],
          "identity_schema_version": 0,
          "private": "bnVsbA==",
          "dependencies": [
            "module.eks.module.eks_cluster.aws_cloudwatch_log_group.this",
            "module.eks.module.eks_cluster.aws_eks_cluster.this",
            "module.eks.module.eks_cluster.aws_iam_policy.cni_ipv6_policy",
            "module.eks.module.eks_cluster.aws_iam_role.eks_auto",
            "module.eks.module.eks_cluster.aws_iam_role.this",
            "module.eks.module.eks_cluster.aws_iam_role_policy_attachment.this",
            "module.eks.module.eks_cluster.aws_security_group.cluster",
            "module.eks.module.eks_cluster.aws_security_group.node",
            "module.eks.module.eks_cluster.aws_security_group_rule.cluster",
            "module.eks.module.eks_cluster.aws_security_group_rule.node",
            "module.eks.module.eks_cluster.data.aws_caller_identity.current",
            "module.eks.module.eks_cluster.data.aws_iam_policy_document.assume_role_policy",
            "module.eks.module.eks_cluster.data.aws_iam_policy_document.cni_ipv6_policy",
            "module.eks.module.eks_cluster.data.aws_iam_policy_document.node_assume_role_policy",
            "module.eks.module.eks_cluster.data.aws_iam_session_context.current",
            "module.eks.module.eks_cluster.data.aws_partition.current",
            "module.eks.module.eks_cluster.module.kms.aws_kms_external_key.this",
            "module.eks.module.eks_cluster.module.kms.aws_kms_key.this",
            "module.eks.module.eks_cluster.module.kms.aws_kms_replica_external_key.this",
            "module.eks.module.eks_cluster.module.kms.aws_kms_replica_key.this",
            "module.eks.module.eks_cluster.module.kms.data.aws_caller_identity.current",
            "module.eks.module.eks_cluster.module.kms.data.aws_iam_policy_document.this",
            "module.eks.module.eks_cluster.module.kms.data.aws_partition.current",
            "module.vpc.aws_subnet.private1",
            "module.vpc.aws_subnet.private2",
            "module.vpc.aws_subnet.private3",
            "module.vpc.aws_subnet.private4",
            "module.vpc.aws_vpc.vpc1"
          ]
        }
      ]
    },
    {
      "module": "module.eks.module.eks_cluster",
      "mode": "managed",
      "type": "aws_eks_access_entry",
      "name": "this",
      "provider": "provider[\"registry.terraform.io/hashicorp/aws\"]",
      "instances": [
        {
          "index_key": "admin",
          "schema_version": 0,
          "attributes": {
            "access_entry_arn": "arn:aws:eks:ap-northeast-2:727646470302:access-entry/memo-eks-cluster/user/727646470302/lion3team04/c0cbfed3-498b-645e-ada1-fffb934363fb",
            "cluster_name": "memo-eks-cluster",
            "created_at": "2025-07-12T08:00:41Z",
            "id": "memo-eks-cluster:arn:aws:iam::727646470302:user/lion3team04",
            "kubernetes_groups": [],
            "modified_at": "2025-07-12T08:00:41Z",
            "principal_arn": "arn:aws:iam::727646470302:user/lion3team04",
            "tags": {
              "Project": "memo"
            },
            "tags_all": {
              "Project": "memo"
            },
            "timeouts": null,
            "type": "STANDARD",
            "user_name": "arn:aws:iam::727646470302:user/lion3team04"
          },
          "sensitive_attributes": [],
          "identity_schema_version": 0,
          "private": "eyJlMmJmYjczMC1lY2FhLTExZTYtOGY4OC0zNDM2M2JjN2M0YzAiOnsiY3JlYXRlIjo2MDAwMDAwMDAwMDAsImRlbGV0ZSI6NjAwMDAwMDAwMDAwfX0=",
          "dependencies": [
            "module.eks.module.eks_cluster.aws_cloudwatch_log_group.this",
            "module.eks.module.eks_cluster.aws_eks_cluster.this",
            "module.eks.module.eks_cluster.aws_iam_policy.cni_ipv6_policy",
            "module.eks.module.eks_cluster.aws_iam_role.eks_auto",
            "module.eks.module.eks_cluster.aws_iam_role.this",
            "module.eks.module.eks_cluster.aws_iam_role_policy_attachment.this",
            "module.eks.module.eks_cluster.aws_security_group.cluster",
            "module.eks.module.eks_cluster.aws_security_group.node",
            "module.eks.module.eks_cluster.aws_security_group_rule.cluster",
            "module.eks.module.eks_cluster.aws_security_group_rule.node",
            "module.eks.module.eks_cluster.data.aws_caller_identity.current",
            "module.eks.module.eks_cluster.data.aws_iam_policy_document.assume_role_policy",
            "module.eks.module.eks_cluster.data.aws_iam_policy_document.cni_ipv6_policy",
            "module.eks.module.eks_cluster.data.aws_iam_policy_document.node_assume_role_policy",
            "module.eks.module.eks_cluster.data.aws_iam_session_context.current",
            "module.eks.module.eks_cluster.data.aws_partition.current",
            "module.eks.module.eks_cluster.module.kms.aws_kms_external_key.this",
            "module.eks.module.eks_cluster.module.kms.aws_kms_key.this",
            "module.eks.module.eks_cluster.module.kms.aws_kms_replica_external_key.this",
            "module.eks.module.eks_cluster.module.kms.aws_kms_replica_key.this",
            "module.eks.module.eks_cluster.module.kms.data.aws_caller_identity.current",
            "module.eks.module.eks_cluster.module.kms.data.aws_iam_policy_document.this",
            "module.eks.module.eks_cluster.module.kms.data.aws_partition.current",
            "module.vpc.aws_subnet.private1",
            "module.vpc.aws_subnet.private2",
            "module.vpc.aws_subnet.private3",
            "module.vpc.aws_subnet.private4",
            "module.vpc.aws_vpc.vpc1"
          ]
        }
      ]
    },
    {
      "module": "module.eks.module.eks_cluster",
      "mode": "managed",
      "type": "aws_eks_access_policy_association",
      "name": "this",
      "provider": "provider[\"registry.terraform.io/hashicorp/aws\"]",
      "instances": []
    },
    {
      "module": "module.eks.module.eks_cluster",
      "mode": "managed",
      "type": "aws_eks_addon",
      "name": "before_compute",
      "provider": "provider[\"registry.terraform.io/hashicorp/aws\"]",
      "instances": []
    },
    {
      "module": "module.eks.module.eks_cluster",
      "mode": "managed",
      "type": "aws_eks_addon",
      "name": "this",
      "provider": "provider[\"registry.terraform.io/hashicorp/aws\"]",
      "instances": []
    },
    {
      "module": "module.eks.module.eks_cluster",
      "mode": "managed",
      "type": "aws_eks_cluster",
      "name": "this",
      "provider": "provider[\"registry.terraform.io/hashicorp/aws\"]",
      "instances": [
        {
          "index_key": 0,
          "schema_version": 1,
          "attributes": {
            "access_config": [
              {
                "authentication_mode": "API_AND_CONFIG_MAP",
                "bootstrap_cluster_creator_admin_permissions": false
              }
            ],
            "arn": "arn:aws:eks:ap-northeast-2:727646470302:cluster/memo-eks-cluster",
            "bootstrap_self_managed_addons": true,
            "certificate_authority": [
              {
                "data": "LS0tLS1CRUdJTiBDRVJUSUZJQ0FURS0tLS0tCk1JSURCRENDQWV5Z0F3SUJBZ0lITGl0NWZoWWw3ekFOQmdrcWhraUc5dzBCQVFzRkFEQVZNUk13RVFZRFZRUUQKRXdwcmRXSmxjbTVsZEdWek1CNFhEVEkxTURjeE1qQTNOVEExTlZvWERUTTFNRGN4TURBM05UVTFOVm93RlRFVApNQkVHQTFVRUF4TUthM1ZpWlhKdVpYUmxjekNDQVNJd0RRWUpLb1pJaHZjTkFRRUJCUUFEZ2dFUEFEQ0NBUW9DCmdnRUJBTTIxQVFXejJBNitwZXFiWGlqY3FaSi9PVkdDMHNqbnBIU0Y1S2Z4eGFYTy8yeGZ6YkxVS2lWK1gwRGYKTHVheGhrSG5DVTNaczBLR25oZENNT1ladDhKbGZXL2NoMElZdUZvVXFNbk1ody8zY0JocFhCWmJjRmx5ODVYYwpRck5KYlpKdFlTWndydEF4dm5rV2EwdG5yWC9xRFVNL3pPeHU1cU9zSEpvbEJPRzJQZlh5Y2ViazQ5aXFmUkZLClZJSEkxRUVjYUp2YjlGOWpzNmtKQ2hmTXpUT0gvNkRsdUNGTnFpYk9EL3Y4SUI3WGxCWmFSRkh4Ry8ycVg4ZEsKVDlid0R0aXBaTndaRzJHVXZnOEpnVFppb0FOWTNDcS8vUERLUXR4UXlrZjdXZEF6UFpOK2U4UStYRUs4L0lOZApEdzJ6NHgxVHdqTnE3ZmJLN0JXQmxFaTZTSThDQXdFQUFhTlpNRmN3RGdZRFZSMFBBUUgvQkFRREFnS2tNQThHCkExVWRFd0VCL3dRRk1BTUJBZjh3SFFZRFZSME9CQllFRlBaUi9uSHhZSk5obnQvTVFqQ2FFQmY4RHNLSk1CVUcKQTFVZEVRUU9NQXlDQ210MVltVnlibVYwWlhNd0RRWUpLb1pJaHZjTkFRRUxCUUFEZ2dFQkFHZ1F1c3RycnRrTgovUFI2NVpJa28yYklaclFucy9LemVuWHVSM2FkUWY1S0RqSlR0YjBpWEFUVXdNZ1pIM1NFVTAyWGhydW5BTkRVClUrM0hWeUZGcklOQnpkUlErYmE2MGVYR1AyZHkwRVdZdXcvOWgwbmkzRmlYVkxoRnNabDJrdXZvcjUxcGEwZS8KM095b0N3TFBUbkwreTBOMWZOZ2RKSkZaU0lGYld6Z0hibm9ETWYycW1LVnM2ZWhDV085NStpV0VxT2ErcXNQNgpabUtQZkZZekYrUVpLdWduWWdnMnJHQWNYbjVqempyY0FzNWdTbUtpN2hBWW00QSs0ekZULzdsbnk2RHpBQjVHCjBKZkRrYnRmWXRHU1J4M1VOa1VSNk5iQlpVNFZzd0haNWNjMG5ud1FrTUFWTFpCSFJXSGQxOXp6aUc3cGhlc0YKWmdJQWNsWGJJTlk9Ci0tLS0tRU5EIENFUlRJRklDQVRFLS0tLS0K"
              }
            ],
            "cluster_id": null,
            "compute_config": [],
            "created_at": "2025-07-12T07:51:30Z",
            "enabled_cluster_log_types": [
              "api",
              "audit",
              "authenticator"
            ],
            "encryption_config": [],
            "endpoint": "https://60C08E4D6D006183403CFC6A23987479.gr7.ap-northeast-2.eks.amazonaws.com",
            "force_update_version": null,
            "id": "memo-eks-cluster",
            "identity": [
              {
                "oidc": [
                  {
                    "issuer": "https://oidc.eks.ap-northeast-2.amazonaws.com/id/60C08E4D6D006183403CFC6A23987479"
                  }
                ]
              }
            ],
            "kubernetes_network_config": [
              {
                "elastic_load_balancing": [
                  {
                    "enabled": false
                  }
                ],
                "ip_family": "ipv4",
                "service_ipv4_cidr": "172.20.0.0/16",
                "service_ipv6_cidr": ""
              }
            ],
            "name": "memo-eks-cluster",
            "outpost_config": [],
            "platform_version": "eks.40",
            "remote_network_config": [],
            "role_arn": "arn:aws:iam::727646470302:role/memo-eks-cluster-cluster-20250712075113284500000001",
            "status": "ACTIVE",
            "storage_config": [],
            "tags": {
              "Project": "memo",
              "terraform-aws-modules": "eks"
            },
            "tags_all": {
              "Project": "memo",
              "terraform-aws-modules": "eks"
            },
            "timeouts": {
              "create": null,
              "delete": null,
              "update": null
            },
            "upgrade_policy": [
              {
                "support_type": "EXTENDED"
              }
            ],
            "version": "1.29",
            "vpc_config": [
              {
                "cluster_security_group_id": "sg-04173597eb941c37d",
                "endpoint_private_access": true,
                "endpoint_public_access": true,
                "public_access_cidrs": [
                  "0.0.0.0/0"
                ],
                "security_group_ids": [
                  "sg-0721e1e0fa70ddcfb"
                ],
                "subnet_ids": [
                  "subnet-07013c8fc6e9ed34d",
                  "subnet-08c686dba1aeadfd2",
                  "subnet-0da1cda3f25cfe65c",
                  "subnet-0ef3ed84d2043a802"
                ],
                "vpc_id": "vpc-04432bd332f62ec7f"
              }
            ],
            "zonal_shift_config": []
          },
          "sensitive_attributes": [],
          "identity_schema_version": 0,
          "private": "eyJlMmJmYjczMC1lY2FhLTExZTYtOGY4OC0zNDM2M2JjN2M0YzAiOnsiY3JlYXRlIjoxODAwMDAwMDAwMDAwLCJkZWxldGUiOjkwMDAwMDAwMDAwMCwidXBkYXRlIjozNjAwMDAwMDAwMDAwfSwic2NoZW1hX3ZlcnNpb24iOiIxIn0=",
          "dependencies": [
            "module.eks.module.eks_cluster.aws_cloudwatch_log_group.this",
            "module.eks.module.eks_cluster.aws_iam_policy.cni_ipv6_policy",
            "module.eks.module.eks_cluster.aws_iam_role.eks_auto",
            "module.eks.module.eks_cluster.aws_iam_role.this",
            "module.eks.module.eks_cluster.aws_iam_role_policy_attachment.this",
            "module.eks.module.eks_cluster.aws_security_group.cluster",
            "module.eks.module.eks_cluster.aws_security_group.node",
            "module.eks.module.eks_cluster.aws_security_group_rule.cluster",
            "module.eks.module.eks_cluster.aws_security_group_rule.node",
            "module.eks.module.eks_cluster.data.aws_caller_identity.current",
            "module.eks.module.eks_cluster.data.aws_iam_policy_document.assume_role_policy",
            "module.eks.module.eks_cluster.data.aws_iam_policy_document.cni_ipv6_policy",
            "module.eks.module.eks_cluster.data.aws_iam_policy_document.node_assume_role_policy",
            "module.eks.module.eks_cluster.data.aws_iam_session_context.current",
            "module.eks.module.eks_cluster.data.aws_partition.current",
            "module.eks.module.eks_cluster.module.kms.aws_kms_external_key.this",
            "module.eks.module.eks_cluster.module.kms.aws_kms_key.this",
            "module.eks.module.eks_cluster.module.kms.aws_kms_replica_external_key.this",
            "module.eks.module.eks_cluster.module.kms.aws_kms_replica_key.this",
            "module.eks.module.eks_cluster.module.kms.data.aws_caller_identity.current",
            "module.eks.module.eks_cluster.module.kms.data.aws_iam_policy_document.this",
            "module.eks.module.eks_cluster.module.kms.data.aws_partition.current",
            "module.vpc.aws_subnet.private1",
            "module.vpc.aws_subnet.private2",
            "module.vpc.aws_subnet.private3",
            "module.vpc.aws_subnet.private4",
            "module.vpc.aws_vpc.vpc1"
          ],
          "create_before_destroy": true
        }
      ]
    },
    {
      "module": "module.eks.module.eks_cluster",
      "mode": "managed",
      "type": "aws_eks_identity_provider_config",
      "name": "this",
      "provider": "provider[\"registry.terraform.io/hashicorp/aws\"]",
      "instances": []
    },
    {
      "module": "module.eks.module.eks_cluster",
      "mode": "managed",
      "type": "aws_iam_openid_connect_provider",
      "name": "oidc_provider",
      "provider": "provider[\"registry.terraform.io/hashicorp/aws\"]",
      "instances": [
        {
          "index_key": 0,
          "schema_version": 0,
          "attributes": {
            "arn": "arn:aws:iam::727646470302:oidc-provider/oidc.eks.ap-northeast-2.amazonaws.com/id/60C08E4D6D006183403CFC6A23987479",
            "client_id_list": [
              "sts.amazonaws.com"
            ],
            "id": "arn:aws:iam::727646470302:oidc-provider/oidc.eks.ap-northeast-2.amazonaws.com/id/60C08E4D6D006183403CFC6A23987479",
            "tags": {
              "Name": "memo-eks-cluster-eks-irsa",
              "Project": "memo"
            },
            "tags_all": {
              "Name": "memo-eks-cluster-eks-irsa",
              "Project": "memo"
            },
            "thumbprint_list": [
              "06b25927c42a721631c1efd9431e648fa62e1e39"
            ],
            "url": "oidc.eks.ap-northeast-2.amazonaws.com/id/60C08E4D6D006183403CFC6A23987479"
          },
          "sensitive_attributes": [],
          "identity_schema_version": 0,
          "private": "bnVsbA==",
          "dependencies": [
            "module.eks.module.eks_cluster.aws_cloudwatch_log_group.this",
            "module.eks.module.eks_cluster.aws_eks_cluster.this",
            "module.eks.module.eks_cluster.aws_iam_policy.cni_ipv6_policy",
            "module.eks.module.eks_cluster.aws_iam_role.eks_auto",
            "module.eks.module.eks_cluster.aws_iam_role.this",
            "module.eks.module.eks_cluster.aws_iam_role_policy_attachment.this",
            "module.eks.module.eks_cluster.aws_security_group.cluster",
            "module.eks.module.eks_cluster.aws_security_group.node",
            "module.eks.module.eks_cluster.aws_security_group_rule.cluster",
            "module.eks.module.eks_cluster.aws_security_group_rule.node",
            "module.eks.module.eks_cluster.data.aws_caller_identity.current",
            "module.eks.module.eks_cluster.data.aws_iam_policy_document.assume_role_policy",
            "module.eks.module.eks_cluster.data.aws_iam_policy_document.cni_ipv6_policy",
            "module.eks.module.eks_cluster.data.aws_iam_policy_document.node_assume_role_policy",
            "module.eks.module.eks_cluster.data.aws_iam_session_context.current",
            "module.eks.module.eks_cluster.data.aws_partition.current",
            "module.eks.module.eks_cluster.data.tls_certificate.this",
            "module.eks.module.eks_cluster.module.kms.aws_kms_external_key.this",
            "module.eks.module.eks_cluster.module.kms.aws_kms_key.this",
            "module.eks.module.eks_cluster.module.kms.aws_kms_replica_external_key.this",
            "module.eks.module.eks_cluster.module.kms.aws_kms_replica_key.this",
            "module.eks.module.eks_cluster.module.kms.data.aws_caller_identity.current",
            "module.eks.module.eks_cluster.module.kms.data.aws_iam_policy_document.this",
            "module.eks.module.eks_cluster.module.kms.data.aws_partition.current",
            "module.vpc.aws_subnet.private1",
            "module.vpc.aws_subnet.private2",
            "module.vpc.aws_subnet.private3",
            "module.vpc.aws_subnet.private4",
            "module.vpc.aws_vpc.vpc1"
          ]
        }
      ]
    },
    {
      "module": "module.eks.module.eks_cluster",
      "mode": "managed",
      "type": "aws_iam_policy",
      "name": "cluster_encryption",
      "provider": "provider[\"registry.terraform.io/hashicorp/aws\"]",
      "instances": []
    },
    {
      "module": "module.eks.module.eks_cluster",
      "mode": "managed",
      "type": "aws_iam_policy",
      "name": "cni_ipv6_policy",
      "provider": "provider[\"registry.terraform.io/hashicorp/aws\"]",
      "instances": []
    },
    {
      "module": "module.eks.module.eks_cluster",
      "mode": "managed",
      "type": "aws_iam_policy",
      "name": "custom",
      "provider": "provider[\"registry.terraform.io/hashicorp/aws\"]",
      "instances": [
        {
          "index_key": 0,
          "schema_version": 0,
          "attributes": {
            "arn": "arn:aws:iam::727646470302:policy/memo-eks-cluster-cluster-20250712075113285800000003",
            "attachment_count": 0,
            "description": "",
            "id": "arn:aws:iam::727646470302:policy/memo-eks-cluster-cluster-20250712075113285800000003",
            "name": "memo-eks-cluster-cluster-20250712075113285800000003",
            "name_prefix": "memo-eks-cluster-cluster-",
            "path": "/",
            "policy": "{\"Statement\":[{\"Action\":[\"ec2:RunInstances\",\"ec2:CreateLaunchTemplate\",\"ec2:CreateFleet\"],\"Condition\":{\"StringEquals\":{\"aws:RequestTag/eks:eks-cluster-name\":\"${aws:PrincipalTag/eks:eks-cluster-name}\"},\"StringLike\":{\"aws:RequestTag/eks:kubernetes-node-class-name\":\"*\",\"aws:RequestTag/eks:kubernetes-node-pool-name\":\"*\"}},\"Effect\":\"Allow\",\"Resource\":\"*\",\"Sid\":\"Compute\"},{\"Action\":[\"ec2:CreateVolume\",\"ec2:CreateSnapshot\"],\"Condition\":{\"StringEquals\":{\"aws:RequestTag/eks:eks-cluster-name\":\"${aws:PrincipalTag/eks:eks-cluster-name}\"}},\"Effect\":\"Allow\",\"Resource\":[\"arn:aws:ec2:*:*:volume/*\",\"arn:aws:ec2:*:*:snapshot/*\"],\"Sid\":\"Storage\"},{\"Action\":\"ec2:CreateNetworkInterface\",\"Condition\":{\"StringEquals\":{\"aws:RequestTag/eks:eks-cluster-name\":\"${aws:PrincipalTag/eks:eks-cluster-name}\",\"aws:RequestTag/eks:kubernetes-cni-node-name\":\"*\"}},\"Effect\":\"Allow\",\"Resource\":\"*\",\"Sid\":\"Networking\"},{\"Action\":[\"elasticloadbalancing:CreateTargetGroup\",\"elasticloadbalancing:CreateRule\",\"elasticloadbalancing:CreateLoadBalancer\",\"elasticloadbalancing:CreateListener\",\"ec2:CreateSecurityGroup\"],\"Condition\":{\"StringEquals\":{\"aws:RequestTag/eks:eks-cluster-name\":\"${aws:PrincipalTag/eks:eks-cluster-name}\"}},\"Effect\":\"Allow\",\"Resource\":\"*\",\"Sid\":\"LoadBalancer\"},{\"Action\":\"shield:CreateProtection\",\"Condition\":{\"StringEquals\":{\"aws:RequestTag/eks:eks-cluster-name\":\"${aws:PrincipalTag/eks:eks-cluster-name}\"}},\"Effect\":\"Allow\",\"Resource\":\"*\",\"Sid\":\"ShieldProtection\"},{\"Action\":\"shield:TagResource\",\"Condition\":{\"StringEquals\":{\"aws:RequestTag/eks:eks-cluster-name\":\"${aws:PrincipalTag/eks:eks-cluster-name}\"}},\"Effect\":\"Allow\",\"Resource\":\"arn:aws:shield::*:protection/*\",\"Sid\":\"ShieldTagResource\"}],\"Version\":\"2012-10-17\"}",
            "policy_id": "ANPA2S2Y4ACPHK6UPWKHM",
            "tags": {
              "Project": "memo"
            },
            "tags_all": {
              "Project": "memo"
            }
          },
          "sensitive_attributes": [],
          "identity_schema_version": 0,
          "private": "bnVsbA==",
          "dependencies": [
            "module.eks.module.eks_cluster.data.aws_iam_policy_document.custom",
            "module.eks.module.eks_cluster.data.aws_partition.current"
          ]
        }
      ]
    },
    {
      "module": "module.eks.module.eks_cluster",
      "mode": "managed",
      "type": "aws_iam_role",
      "name": "eks_auto",
      "provider": "provider[\"registry.terraform.io/hashicorp/aws\"]",
      "instances": []
    },
    {
      "module": "module.eks.module.eks_cluster",
      "mode": "managed",
      "type": "aws_iam_role",
      "name": "this",
      "provider": "provider[\"registry.terraform.io/hashicorp/aws\"]",
      "instances": [
        {
          "index_key": 0,
          "schema_version": 0,
          "attributes": {
            "arn": "arn:aws:iam::727646470302:role/memo-eks-cluster-cluster-20250712075113284500000001",
            "assume_role_policy": "{\"Statement\":[{\"Action\":[\"sts:TagSession\",\"sts:AssumeRole\"],\"Effect\":\"Allow\",\"Principal\":{\"Service\":\"eks.amazonaws.com\"},\"Sid\":\"EKSClusterAssumeRole\"}],\"Version\":\"2012-10-17\"}",
            "create_date": "2025-07-12T07:51:13Z",
            "description": "",
            "force_detach_policies": true,
            "id": "memo-eks-cluster-cluster-20250712075113284500000001",
            "inline_policy": [],
            "managed_policy_arns": [],
            "max_session_duration": 3600,
            "name": "memo-eks-cluster-cluster-20250712075113284500000001",
            "name_prefix": "memo-eks-cluster-cluster-",
            "path": "/",
            "permissions_boundary": "",
            "tags": {
              "Project": "memo"
            },
            "tags_all": {
              "Project": "memo"
            },
            "unique_id": "AROA2S2Y4ACPEQLJS6DNO"
          },
          "sensitive_attributes": [],
          "identity_schema_version": 0,
          "private": "bnVsbA==",
          "dependencies": [
            "module.eks.module.eks_cluster.data.aws_iam_policy_document.assume_role_policy"
          ],
          "create_before_destroy": true
        }
      ]
    },
    {
      "module": "module.eks.module.eks_cluster",
      "mode": "managed",
      "type": "aws_iam_role_policy_attachment",
      "name": "additional",
      "provider": "provider[\"registry.terraform.io/hashicorp/aws\"]",
      "instances": []
    },
    {
      "module": "module.eks.module.eks_cluster",
      "mode": "managed",
      "type": "aws_iam_role_policy_attachment",
      "name": "cluster_encryption",
      "provider": "provider[\"registry.terraform.io/hashicorp/aws\"]",
      "instances": []
    },
    {
      "module": "module.eks.module.eks_cluster",
      "mode": "managed",
      "type": "aws_iam_role_policy_attachment",
      "name": "custom",
      "provider": "provider[\"registry.terraform.io/hashicorp/aws\"]",
      "instances": [
        {
          "index_key": 0,
          "schema_version": 0,
          "attributes": {
            "id": "memo-eks-cluster-cluster-20250712075113284500000001-2025071207511528670000000a",
            "policy_arn": "arn:aws:iam::727646470302:policy/memo-eks-cluster-cluster-20250712075113285800000003",
            "role": "memo-eks-cluster-cluster-20250712075113284500000001"
          },
          "sensitive_attributes": [],
          "identity_schema_version": 0,
          "private": "bnVsbA==",
          "dependencies": [
            "module.eks.module.eks_cluster.aws_iam_policy.custom",
            "module.eks.module.eks_cluster.aws_iam_role.this",
            "module.eks.module.eks_cluster.data.aws_iam_policy_document.assume_role_policy",
            "module.eks.module.eks_cluster.data.aws_iam_policy_document.custom",
            "module.eks.module.eks_cluster.data.aws_partition.current"
          ]
        }
      ]
    },
    {
      "module": "module.eks.module.eks_cluster",
      "mode": "managed",
      "type": "aws_iam_role_policy_attachment",
      "name": "eks_auto",
      "provider": "provider[\"registry.terraform.io/hashicorp/aws\"]",
      "instances": []
    },
    {
      "module": "module.eks.module.eks_cluster",
      "mode": "managed",
      "type": "aws_iam_role_policy_attachment",
      "name": "eks_auto_additional",
      "provider": "provider[\"registry.terraform.io/hashicorp/aws\"]",
      "instances": []
    },
    {
      "module": "module.eks.module.eks_cluster",
      "mode": "managed",
      "type": "aws_iam_role_policy_attachment",
      "name": "this",
      "provider": "provider[\"registry.terraform.io/hashicorp/aws\"]",
      "instances": [
        {
          "index_key": "AmazonEKSClusterPolicy",
          "schema_version": 0,
          "attributes": {
            "id": "memo-eks-cluster-cluster-20250712075113284500000001-20250712075115034500000007",
            "policy_arn": "arn:aws:iam::aws:policy/AmazonEKSClusterPolicy",
            "role": "memo-eks-cluster-cluster-20250712075113284500000001"
          },
          "sensitive_attributes": [],
          "identity_schema_version": 0,
          "private": "bnVsbA==",
          "dependencies": [
            "module.eks.module.eks_cluster.aws_iam_role.this",
            "module.eks.module.eks_cluster.data.aws_iam_policy_document.assume_role_policy",
            "module.eks.module.eks_cluster.data.aws_partition.current"
          ],
          "create_before_destroy": true
        },
        {
          "index_key": "AmazonEKSVPCResourceController",
          "schema_version": 0,
          "attributes": {
            "id": "memo-eks-cluster-cluster-20250712075113284500000001-20250712075115017000000005",
            "policy_arn": "arn:aws:iam::aws:policy/AmazonEKSVPCResourceController",
            "role": "memo-eks-cluster-cluster-20250712075113284500000001"
          },
          "sensitive_attributes": [],
          "identity_schema_version": 0,
          "private": "bnVsbA==",
          "dependencies": [
            "module.eks.module.eks_cluster.aws_iam_role.this",
            "module.eks.module.eks_cluster.data.aws_iam_policy_document.assume_role_policy",
            "module.eks.module.eks_cluster.data.aws_partition.current"
          ],
          "create_before_destroy": true
        }
      ]
    },
    {
      "module": "module.eks.module.eks_cluster",
      "mode": "managed",
      "type": "aws_security_group",
      "name": "cluster",
      "provider": "provider[\"registry.terraform.io/hashicorp/aws\"]",
      "instances": [
        {
          "index_key": 0,
          "schema_version": 1,
          "attributes": {
            "arn": "arn:aws:ec2:ap-northeast-2:727646470302:security-group/sg-0721e1e0fa70ddcfb",
            "description": "EKS cluster security group",
            "egress": [],
            "id": "sg-0721e1e0fa70ddcfb",
            "ingress": [],
            "name": "memo-eks-cluster-cluster-2025071207512468040000000c",
            "name_prefix": "memo-eks-cluster-cluster-",
            "owner_id": "727646470302",
            "revoke_rules_on_delete": false,
            "tags": {
              "Name": "memo-eks-cluster-cluster",
              "Project": "memo"
            },
            "tags_all": {
              "Name": "memo-eks-cluster-cluster",
              "Project": "memo"
            },
            "timeouts": null,
            "vpc_id": "vpc-04432bd332f62ec7f"
          },
          "sensitive_attributes": [],
          "identity_schema_version": 0,
          "private": "eyJlMmJmYjczMC1lY2FhLTExZTYtOGY4OC0zNDM2M2JjN2M0YzAiOnsiY3JlYXRlIjo2MDAwMDAwMDAwMDAsImRlbGV0ZSI6OTAwMDAwMDAwMDAwfSwic2NoZW1hX3ZlcnNpb24iOiIxIn0=",
          "dependencies": [
            "module.vpc.aws_vpc.vpc1"
          ],
          "create_before_destroy": true
        }
      ]
    },
    {
      "module": "module.eks.module.eks_cluster",
      "mode": "managed",
      "type": "aws_security_group",
      "name": "node",
      "provider": "provider[\"registry.terraform.io/hashicorp/aws\"]",
      "instances": [
        {
          "index_key": 0,
          "schema_version": 1,
          "attributes": {
            "arn": "arn:aws:ec2:ap-northeast-2:727646470302:security-group/sg-039a8f3e371b89073",
            "description": "EKS node shared security group",
            "egress": [],
            "id": "sg-039a8f3e371b89073",
            "ingress": [],
            "name": "memo-eks-cluster-node-2025071207512493980000000e",
            "name_prefix": "memo-eks-cluster-node-",
            "owner_id": "727646470302",
            "revoke_rules_on_delete": false,
            "tags": {
              "Name": "memo-eks-cluster-node",
              "Project": "memo",
              "kubernetes.io/cluster/memo-eks-cluster": "owned"
            },
            "tags_all": {
              "Name": "memo-eks-cluster-node",
              "Project": "memo",
              "kubernetes.io/cluster/memo-eks-cluster": "owned"
            },
            "timeouts": null,
            "vpc_id": "vpc-04432bd332f62ec7f"
          },
          "sensitive_attributes": [],
          "identity_schema_version": 0,
          "private": "eyJlMmJmYjczMC1lY2FhLTExZTYtOGY4OC0zNDM2M2JjN2M0YzAiOnsiY3JlYXRlIjo2MDAwMDAwMDAwMDAsImRlbGV0ZSI6OTAwMDAwMDAwMDAwfSwic2NoZW1hX3ZlcnNpb24iOiIxIn0=",
          "dependencies": [
            "module.vpc.aws_vpc.vpc1"
          ],
          "create_before_destroy": true
        }
      ]
    },
    {
      "module": "module.eks.module.eks_cluster",
      "mode": "managed",
      "type": "aws_security_group_rule",
      "name": "cluster",
      "provider": "provider[\"registry.terraform.io/hashicorp/aws\"]",
      "instances": [
        {
          "index_key": "ingress_nodes_443",
          "schema_version": 2,
          "attributes": {
            "cidr_blocks": null,
            "description": "Node groups to cluster API",
            "from_port": 443,
            "id": "sgrule-3302911304",
            "ipv6_cidr_blocks": null,
            "prefix_list_ids": null,
            "protocol": "tcp",
            "security_group_id": "sg-0721e1e0fa70ddcfb",
            "security_group_rule_id": "sgr-00c44b4d8336bb3a8",
            "self": false,
            "source_security_group_id": "sg-039a8f3e371b89073",
            "timeouts": null,
            "to_port": 443,
            "type": "ingress"
          },
          "sensitive_attributes": [],
          "identity_schema_version": 0,
          "private": "eyJlMmJmYjczMC1lY2FhLTExZTYtOGY4OC0zNDM2M2JjN2M0YzAiOnsiY3JlYXRlIjozMDAwMDAwMDAwMDB9LCJzY2hlbWFfdmVyc2lvbiI6IjIifQ==",
          "dependencies": [
            "module.eks.module.eks_cluster.aws_security_group.cluster",
            "module.eks.module.eks_cluster.aws_security_group.node",
            "module.vpc.aws_vpc.vpc1"
          ],
          "create_before_destroy": true
        }
      ]
    },
    {
      "module": "module.eks.module.eks_cluster",
      "mode": "managed",
      "type": "aws_security_group_rule",
      "name": "node",
      "provider": "provider[\"registry.terraform.io/hashicorp/aws\"]",
      "instances": [
        {
          "index_key": "egress_all",
          "schema_version": 2,
          "attributes": {
            "cidr_blocks": [
              "0.0.0.0/0"
            ],
            "description": "Allow all egress",
            "from_port": 0,
            "id": "sgrule-3999755385",
            "ipv6_cidr_blocks": null,
            "prefix_list_ids": [],
            "protocol": "-1",
            "security_group_id": "sg-039a8f3e371b89073",
            "security_group_rule_id": "sgr-0bb02010f91f38436",
            "self": false,
            "source_security_group_id": null,
            "timeouts": null,
            "to_port": 0,
            "type": "egress"
          },
          "sensitive_attributes": [],
          "identity_schema_version": 0,
          "private": "eyJlMmJmYjczMC1lY2FhLTExZTYtOGY4OC0zNDM2M2JjN2M0YzAiOnsiY3JlYXRlIjozMDAwMDAwMDAwMDB9LCJzY2hlbWFfdmVyc2lvbiI6IjIifQ==",
          "dependencies": [
            "module.eks.module.eks_cluster.aws_security_group.cluster",
            "module.eks.module.eks_cluster.aws_security_group.node",
            "module.vpc.aws_vpc.vpc1"
          ],
          "create_before_destroy": true
        },
        {
          "index_key": "ingress_cluster_443",
          "schema_version": 2,
          "attributes": {
            "cidr_blocks": null,
            "description": "Cluster API to node groups",
            "from_port": 443,
            "id": "sgrule-1878658786",
            "ipv6_cidr_blocks": null,
            "prefix_list_ids": [],
            "protocol": "tcp",
            "security_group_id": "sg-039a8f3e371b89073",
            "security_group_rule_id": "sgr-0c9f9447eb1f9d1b0",
            "self": false,
            "source_security_group_id": "sg-0721e1e0fa70ddcfb",
            "timeouts": null,
            "to_port": 443,
            "type": "ingress"
          },
          "sensitive_attributes": [],
          "identity_schema_version": 0,
          "private": "eyJlMmJmYjczMC1lY2FhLTExZTYtOGY4OC0zNDM2M2JjN2M0YzAiOnsiY3JlYXRlIjozMDAwMDAwMDAwMDB9LCJzY2hlbWFfdmVyc2lvbiI6IjIifQ==",
          "dependencies": [
            "module.eks.module.eks_cluster.aws_security_group.cluster",
            "module.eks.module.eks_cluster.aws_security_group.node",
            "module.vpc.aws_vpc.vpc1"
          ],
          "create_before_destroy": true
        },
        {
          "index_key": "ingress_cluster_4443_webhook",
          "schema_version": 2,
          "attributes": {
            "cidr_blocks": null,
            "description": "Cluster API to node 4443/tcp webhook",
            "from_port": 4443,
            "id": "sgrule-3374545742",
            "ipv6_cidr_blocks": null,
            "prefix_list_ids": [],
            "protocol": "tcp",
            "security_group_id": "sg-039a8f3e371b89073",
            "security_group_rule_id": "sgr-05b5d11a82a448ed5",
            "self": false,
            "source_security_group_id": "sg-0721e1e0fa70ddcfb",
            "timeouts": null,
            "to_port": 4443,
            "type": "ingress"
          },
          "sensitive_attributes": [],
          "identity_schema_version": 0,
          "private": "eyJlMmJmYjczMC1lY2FhLTExZTYtOGY4OC0zNDM2M2JjN2M0YzAiOnsiY3JlYXRlIjozMDAwMDAwMDAwMDB9LCJzY2hlbWFfdmVyc2lvbiI6IjIifQ==",
          "dependencies": [
            "module.eks.module.eks_cluster.aws_security_group.cluster",
            "module.eks.module.eks_cluster.aws_security_group.node",
            "module.vpc.aws_vpc.vpc1"
          ],
          "create_before_destroy": true
        },
        {
          "index_key": "ingress_cluster_6443_webhook",
          "schema_version": 2,
          "attributes": {
            "cidr_blocks": null,
            "description": "Cluster API to node 6443/tcp webhook",
            "from_port": 6443,
            "id": "sgrule-6364376",
            "ipv6_cidr_blocks": null,
            "prefix_list_ids": [],
            "protocol": "tcp",
            "security_group_id": "sg-039a8f3e371b89073",
            "security_group_rule_id": "sgr-03583e3fd2bc3e525",
            "self": false,
            "source_security_group_id": "sg-0721e1e0fa70ddcfb",
            "timeouts": null,
            "to_port": 6443,
            "type": "ingress"
          },
          "sensitive_attributes": [],
          "identity_schema_version": 0,
          "private": "eyJlMmJmYjczMC1lY2FhLTExZTYtOGY4OC0zNDM2M2JjN2M0YzAiOnsiY3JlYXRlIjozMDAwMDAwMDAwMDB9LCJzY2hlbWFfdmVyc2lvbiI6IjIifQ==",
          "dependencies": [
            "module.eks.module.eks_cluster.aws_security_group.cluster",
            "module.eks.module.eks_cluster.aws_security_group.node",
            "module.vpc.aws_vpc.vpc1"
          ],
          "create_before_destroy": true
        },
        {
          "index_key": "ingress_cluster_8443_webhook",
          "schema_version": 2,
          "attributes": {
            "cidr_blocks": null,
            "description": "Cluster API to node 8443/tcp webhook",
            "from_port": 8443,
            "id": "sgrule-322773241",
            "ipv6_cidr_blocks": null,
            "prefix_list_ids": [],
            "protocol": "tcp",
            "security_group_id": "sg-039a8f3e371b89073",
            "security_group_rule_id": "sgr-0c0a48ff61e383603",
            "self": false,
            "source_security_group_id": "sg-0721e1e0fa70ddcfb",
            "timeouts": null,
            "to_port": 8443,
            "type": "ingress"
          },
          "sensitive_attributes": [],
          "identity_schema_version": 0,
          "private": "eyJlMmJmYjczMC1lY2FhLTExZTYtOGY4OC0zNDM2M2JjN2M0YzAiOnsiY3JlYXRlIjozMDAwMDAwMDAwMDB9LCJzY2hlbWFfdmVyc2lvbiI6IjIifQ==",
          "dependencies": [
            "module.eks.module.eks_cluster.aws_security_group.cluster",
            "module.eks.module.eks_cluster.aws_security_group.node",
            "module.vpc.aws_vpc.vpc1"
          ],
          "create_before_destroy": true
        },
        {
          "index_key": "ingress_cluster_9443_webhook",
          "schema_version": 2,
          "attributes": {
            "cidr_blocks": null,
            "description": "Cluster API to node 9443/tcp webhook",
            "from_port": 9443,
            "id": "sgrule-2006717234",
            "ipv6_cidr_blocks": null,
            "prefix_list_ids": [],
            "protocol": "tcp",
            "security_group_id": "sg-039a8f3e371b89073",
            "security_group_rule_id": "sgr-0bc49ad00d896293e",
            "self": false,
            "source_security_group_id": "sg-0721e1e0fa70ddcfb",
            "timeouts": null,
            "to_port": 9443,
            "type": "ingress"
          },
          "sensitive_attributes": [],
          "identity_schema_version": 0,
          "private": "eyJlMmJmYjczMC1lY2FhLTExZTYtOGY4OC0zNDM2M2JjN2M0YzAiOnsiY3JlYXRlIjozMDAwMDAwMDAwMDB9LCJzY2hlbWFfdmVyc2lvbiI6IjIifQ==",
          "dependencies": [
            "module.eks.module.eks_cluster.aws_security_group.cluster",
            "module.eks.module.eks_cluster.aws_security_group.node",
            "module.vpc.aws_vpc.vpc1"
          ],
          "create_before_destroy": true
        },
        {
          "index_key": "ingress_cluster_kubelet",
          "schema_version": 2,
          "attributes": {
            "cidr_blocks": null,
            "description": "Cluster API to node kubelets",
            "from_port": 10250,
            "id": "sgrule-1352170575",
            "ipv6_cidr_blocks": null,
            "prefix_list_ids": [],
            "protocol": "tcp",
            "security_group_id": "sg-039a8f3e371b89073",
            "security_group_rule_id": "sgr-026029cc6b6a86ee5",
            "self": false,
            "source_security_group_id": "sg-0721e1e0fa70ddcfb",
            "timeouts": null,
            "to_port": 10250,
            "type": "ingress"
          },
          "sensitive_attributes": [],
          "identity_schema_version": 0,
          "private": "eyJlMmJmYjczMC1lY2FhLTExZTYtOGY4OC0zNDM2M2JjN2M0YzAiOnsiY3JlYXRlIjozMDAwMDAwMDAwMDB9LCJzY2hlbWFfdmVyc2lvbiI6IjIifQ==",
          "dependencies": [
            "module.eks.module.eks_cluster.aws_security_group.cluster",
            "module.eks.module.eks_cluster.aws_security_group.node",
            "module.vpc.aws_vpc.vpc1"
          ],
          "create_before_destroy": true
        },
        {
          "index_key": "ingress_nodes_ephemeral",
          "schema_version": 2,
          "attributes": {
            "cidr_blocks": null,
            "description": "Node to node ingress on ephemeral ports",
            "from_port": 1025,
            "id": "sgrule-1115650489",
            "ipv6_cidr_blocks": null,
            "prefix_list_ids": [],
            "protocol": "tcp",
            "security_group_id": "sg-039a8f3e371b89073",
            "security_group_rule_id": "sgr-09d35e2fd8c60435c",
            "self": true,
            "source_security_group_id": null,
            "timeouts": null,
            "to_port": 65535,
            "type": "ingress"
          },
          "sensitive_attributes": [],
          "identity_schema_version": 0,
          "private": "eyJlMmJmYjczMC1lY2FhLTExZTYtOGY4OC0zNDM2M2JjN2M0YzAiOnsiY3JlYXRlIjozMDAwMDAwMDAwMDB9LCJzY2hlbWFfdmVyc2lvbiI6IjIifQ==",
          "dependencies": [
            "module.eks.module.eks_cluster.aws_security_group.cluster",
            "module.eks.module.eks_cluster.aws_security_group.node",
            "module.vpc.aws_vpc.vpc1"
          ],
          "create_before_destroy": true
        },
        {
          "index_key": "ingress_self_coredns_tcp",
          "schema_version": 2,
          "attributes": {
            "cidr_blocks": null,
            "description": "Node to node CoreDNS",
            "from_port": 53,
            "id": "sgrule-3284779315",
            "ipv6_cidr_blocks": null,
            "prefix_list_ids": [],
            "protocol": "tcp",
            "security_group_id": "sg-039a8f3e371b89073",
            "security_group_rule_id": "sgr-08a084c861fccbc68",
            "self": true,
            "source_security_group_id": null,
            "timeouts": null,
            "to_port": 53,
            "type": "ingress"
          },
          "sensitive_attributes": [],
          "identity_schema_version": 0,
          "private": "eyJlMmJmYjczMC1lY2FhLTExZTYtOGY4OC0zNDM2M2JjN2M0YzAiOnsiY3JlYXRlIjozMDAwMDAwMDAwMDB9LCJzY2hlbWFfdmVyc2lvbiI6IjIifQ==",
          "dependencies": [
            "module.eks.module.eks_cluster.aws_security_group.cluster",
            "module.eks.module.eks_cluster.aws_security_group.node",
            "module.vpc.aws_vpc.vpc1"
          ],
          "create_before_destroy": true
        },
        {
          "index_key": "ingress_self_coredns_udp",
          "schema_version": 2,
          "attributes": {
            "cidr_blocks": null,
            "description": "Node to node CoreDNS UDP",
            "from_port": 53,
            "id": "sgrule-1737908956",
            "ipv6_cidr_blocks": null,
            "prefix_list_ids": [],
            "protocol": "udp",
            "security_group_id": "sg-039a8f3e371b89073",
            "security_group_rule_id": "sgr-0750a9bb124e22373",
            "self": true,
            "source_security_group_id": null,
            "timeouts": null,
            "to_port": 53,
            "type": "ingress"
          },
          "sensitive_attributes": [],
          "identity_schema_version": 0,
          "private": "eyJlMmJmYjczMC1lY2FhLTExZTYtOGY4OC0zNDM2M2JjN2M0YzAiOnsiY3JlYXRlIjozMDAwMDAwMDAwMDB9LCJzY2hlbWFfdmVyc2lvbiI6IjIifQ==",
          "dependencies": [
            "module.eks.module.eks_cluster.aws_security_group.cluster",
            "module.eks.module.eks_cluster.aws_security_group.node",
            "module.vpc.aws_vpc.vpc1"
          ],
          "create_before_destroy": true
        }
      ]
    },
    {
      "module": "module.eks.module.eks_cluster",
      "mode": "managed",
      "type": "time_sleep",
      "name": "this",
      "provider": "provider[\"registry.terraform.io/hashicorp/time\"]",
      "instances": [
        {
          "index_key": 0,
          "schema_version": 0,
          "attributes": {
            "create_duration": "30s",
            "destroy_duration": null,
            "id": "2025-07-12T08:01:12Z",
            "triggers": {
              "cluster_certificate_authority_data": "LS0tLS1CRUdJTiBDRVJUSUZJQ0FURS0tLS0tCk1JSURCRENDQWV5Z0F3SUJBZ0lITGl0NWZoWWw3ekFOQmdrcWhraUc5dzBCQVFzRkFEQVZNUk13RVFZRFZRUUQKRXdwcmRXSmxjbTVsZEdWek1CNFhEVEkxTURjeE1qQTNOVEExTlZvWERUTTFNRGN4TURBM05UVTFOVm93RlRFVApNQkVHQTFVRUF4TUthM1ZpWlhKdVpYUmxjekNDQVNJd0RRWUpLb1pJaHZjTkFRRUJCUUFEZ2dFUEFEQ0NBUW9DCmdnRUJBTTIxQVFXejJBNitwZXFiWGlqY3FaSi9PVkdDMHNqbnBIU0Y1S2Z4eGFYTy8yeGZ6YkxVS2lWK1gwRGYKTHVheGhrSG5DVTNaczBLR25oZENNT1ladDhKbGZXL2NoMElZdUZvVXFNbk1ody8zY0JocFhCWmJjRmx5ODVYYwpRck5KYlpKdFlTWndydEF4dm5rV2EwdG5yWC9xRFVNL3pPeHU1cU9zSEpvbEJPRzJQZlh5Y2ViazQ5aXFmUkZLClZJSEkxRUVjYUp2YjlGOWpzNmtKQ2hmTXpUT0gvNkRsdUNGTnFpYk9EL3Y4SUI3WGxCWmFSRkh4Ry8ycVg4ZEsKVDlid0R0aXBaTndaRzJHVXZnOEpnVFppb0FOWTNDcS8vUERLUXR4UXlrZjdXZEF6UFpOK2U4UStYRUs4L0lOZApEdzJ6NHgxVHdqTnE3ZmJLN0JXQmxFaTZTSThDQXdFQUFhTlpNRmN3RGdZRFZSMFBBUUgvQkFRREFnS2tNQThHCkExVWRFd0VCL3dRRk1BTUJBZjh3SFFZRFZSME9CQllFRlBaUi9uSHhZSk5obnQvTVFqQ2FFQmY4RHNLSk1CVUcKQTFVZEVRUU9NQXlDQ210MVltVnlibVYwWlhNd0RRWUpLb1pJaHZjTkFRRUxCUUFEZ2dFQkFHZ1F1c3RycnRrTgovUFI2NVpJa28yYklaclFucy9LemVuWHVSM2FkUWY1S0RqSlR0YjBpWEFUVXdNZ1pIM1NFVTAyWGhydW5BTkRVClUrM0hWeUZGcklOQnpkUlErYmE2MGVYR1AyZHkwRVdZdXcvOWgwbmkzRmlYVkxoRnNabDJrdXZvcjUxcGEwZS8KM095b0N3TFBUbkwreTBOMWZOZ2RKSkZaU0lGYld6Z0hibm9ETWYycW1LVnM2ZWhDV085NStpV0VxT2ErcXNQNgpabUtQZkZZekYrUVpLdWduWWdnMnJHQWNYbjVqempyY0FzNWdTbUtpN2hBWW00QSs0ekZULzdsbnk2RHpBQjVHCjBKZkRrYnRmWXRHU1J4M1VOa1VSNk5iQlpVNFZzd0haNWNjMG5ud1FrTUFWTFpCSFJXSGQxOXp6aUc3cGhlc0YKWmdJQWNsWGJJTlk9Ci0tLS0tRU5EIENFUlRJRklDQVRFLS0tLS0K",
              "cluster_endpoint": "https://60C08E4D6D006183403CFC6A23987479.gr7.ap-northeast-2.eks.amazonaws.com",
              "cluster_name": "memo-eks-cluster",
              "cluster_service_cidr": "172.20.0.0/16",
              "cluster_version": "1.29"
            }
          },
          "sensitive_attributes": [],
          "identity_schema_version": 0,
          "dependencies": [
            "module.eks.module.eks_cluster.aws_cloudwatch_log_group.this",
            "module.eks.module.eks_cluster.aws_eks_cluster.this",
            "module.eks.module.eks_cluster.aws_iam_policy.cni_ipv6_policy",
            "module.eks.module.eks_cluster.aws_iam_role.eks_auto",
            "module.eks.module.eks_cluster.aws_iam_role.this",
            "module.eks.module.eks_cluster.aws_iam_role_policy_attachment.this",
            "module.eks.module.eks_cluster.aws_security_group.cluster",
            "module.eks.module.eks_cluster.aws_security_group.node",
            "module.eks.module.eks_cluster.aws_security_group_rule.cluster",
            "module.eks.module.eks_cluster.aws_security_group_rule.node",
            "module.eks.module.eks_cluster.data.aws_caller_identity.current",
            "module.eks.module.eks_cluster.data.aws_iam_policy_document.assume_role_policy",
            "module.eks.module.eks_cluster.data.aws_iam_policy_document.cni_ipv6_policy",
            "module.eks.module.eks_cluster.data.aws_iam_policy_document.node_assume_role_policy",
            "module.eks.module.eks_cluster.data.aws_iam_session_context.current",
            "module.eks.module.eks_cluster.data.aws_partition.current",
            "module.eks.module.eks_cluster.module.kms.aws_kms_external_key.this",
            "module.eks.module.eks_cluster.module.kms.aws_kms_key.this",
            "module.eks.module.eks_cluster.module.kms.aws_kms_replica_external_key.this",
            "module.eks.module.eks_cluster.module.kms.aws_kms_replica_key.this",
            "module.eks.module.eks_cluster.module.kms.data.aws_caller_identity.current",
            "module.eks.module.eks_cluster.module.kms.data.aws_iam_policy_document.this",
            "module.eks.module.eks_cluster.module.kms.data.aws_partition.current",
            "module.vpc.aws_subnet.private1",
            "module.vpc.aws_subnet.private2",
            "module.vpc.aws_subnet.private3",
            "module.vpc.aws_subnet.private4",
            "module.vpc.aws_vpc.vpc1"
          ],
          "create_before_destroy": true
        }
      ]
    },
    {
      "module": "module.eks.module.eks_cluster.module.eks_managed_node_group[\"default\"]",
      "mode": "data",
      "type": "aws_caller_identity",
      "name": "current",
      "provider": "provider[\"registry.terraform.io/hashicorp/aws\"]",
      "instances": [
        {
          "schema_version": 0,
          "attributes": {
            "account_id": "727646470302",
            "arn": "arn:aws:iam::727646470302:user/lion3team04",
            "id": "727646470302",
            "user_id": "AIDA2S2Y4ACPKEECA2RJ5"
          },
          "sensitive_attributes": [],
          "identity_schema_version": 0
        }
      ]
    },
    {
      "module": "module.eks.module.eks_cluster.module.eks_managed_node_group[\"default\"]",
      "mode": "data",
      "type": "aws_ec2_instance_type",
      "name": "this",
      "provider": "provider[\"registry.terraform.io/hashicorp/aws\"]",
      "instances": []
    },
    {
      "module": "module.eks.module.eks_cluster.module.eks_managed_node_group[\"default\"]",
      "mode": "data",
      "type": "aws_ec2_instance_type_offerings",
      "name": "this",
      "provider": "provider[\"registry.terraform.io/hashicorp/aws\"]",
      "instances": []
    },
    {
      "module": "module.eks.module.eks_cluster.module.eks_managed_node_group[\"default\"]",
      "mode": "data",
      "type": "aws_iam_policy_document",
      "name": "assume_role_policy",
      "provider": "provider[\"registry.terraform.io/hashicorp/aws\"]",
      "instances": [
        {
          "index_key": 0,
          "schema_version": 0,
          "attributes": {
            "id": "2560088296",
            "json": "{\n  \"Version\": \"2012-10-17\",\n  \"Statement\": [\n    {\n      \"Sid\": \"EKSNodeAssumeRole\",\n      \"Effect\": \"Allow\",\n      \"Action\": \"sts:AssumeRole\",\n      \"Principal\": {\n        \"Service\": \"ec2.amazonaws.com\"\n      }\n    }\n  ]\n}",
            "minified_json": "{\"Version\":\"2012-10-17\",\"Statement\":[{\"Sid\":\"EKSNodeAssumeRole\",\"Effect\":\"Allow\",\"Action\":\"sts:AssumeRole\",\"Principal\":{\"Service\":\"ec2.amazonaws.com\"}}]}",
            "override_json": null,
            "override_policy_documents": null,
            "policy_id": null,
            "source_json": null,
            "source_policy_documents": null,
            "statement": [
              {
                "actions": [
                  "sts:AssumeRole"
                ],
                "condition": [],
                "effect": "Allow",
                "not_actions": [],
                "not_principals": [],
                "not_resources": [],
                "principals": [
                  {
                    "identifiers": [
                      "ec2.amazonaws.com"
                    ],
                    "type": "Service"
                  }
                ],
                "resources": [],
                "sid": "EKSNodeAssumeRole"
              }
            ],
            "version": "2012-10-17"
          },
          "sensitive_attributes": [],
          "identity_schema_version": 0
        }
      ]
    },
    {
      "module": "module.eks.module.eks_cluster.module.eks_managed_node_group[\"default\"]",
      "mode": "data",
      "type": "aws_iam_policy_document",
      "name": "role",
      "provider": "provider[\"registry.terraform.io/hashicorp/aws\"]",
      "instances": []
    },
    {
      "module": "module.eks.module.eks_cluster.module.eks_managed_node_group[\"default\"]",
      "mode": "data",
      "type": "aws_partition",
      "name": "current",
      "provider": "provider[\"registry.terraform.io/hashicorp/aws\"]",
      "instances": [
        {
          "schema_version": 0,
          "attributes": {
            "dns_suffix": "amazonaws.com",
            "id": "aws",
            "partition": "aws",
            "reverse_dns_prefix": "com.amazonaws"
          },
          "sensitive_attributes": [],
          "identity_schema_version": 0
        }
      ]
    },
    {
      "module": "module.eks.module.eks_cluster.module.eks_managed_node_group[\"default\"]",
      "mode": "data",
      "type": "aws_ssm_parameter",
      "name": "ami",
      "provider": "provider[\"registry.terraform.io/hashicorp/aws\"]",
      "instances": []
    },
    {
      "module": "module.eks.module.eks_cluster.module.eks_managed_node_group[\"default\"]",
      "mode": "data",
      "type": "aws_subnets",
      "name": "placement_group",
      "provider": "provider[\"registry.terraform.io/hashicorp/aws\"]",
      "instances": []
    },
    {
      "module": "module.eks.module.eks_cluster.module.eks_managed_node_group[\"default\"]",
      "mode": "managed",
      "type": "aws_autoscaling_schedule",
      "name": "this",
      "provider": "provider[\"registry.terraform.io/hashicorp/aws\"]",
      "instances": []
    },
    {
      "module": "module.eks.module.eks_cluster.module.eks_managed_node_group[\"default\"]",
      "mode": "managed",
      "type": "aws_eks_node_group",
      "name": "this",
      "provider": "provider[\"registry.terraform.io/hashicorp/aws\"]",
      "instances": [
        {
          "index_key": 0,
          "schema_version": 0,
          "attributes": {
            "ami_type": "AL2_x86_64",
            "arn": "arn:aws:eks:ap-northeast-2:727646470302:nodegroup/memo-eks-cluster/default-20250712080118242200000013/2ecbfed3-8f30-7b33-b009-d523631c029f",
            "capacity_type": "ON_DEMAND",
            "cluster_name": "memo-eks-cluster",
            "disk_size": 0,
            "force_update_version": null,
            "id": "memo-eks-cluster:default-20250712080118242200000013",
            "instance_types": [
              "t3.medium"
            ],
            "labels": null,
            "launch_template": [
              {
                "id": "lt-044e8ca21cd4aa0df",
                "name": "default-20250712080112659600000011",
                "version": "1"
              }
            ],
            "node_group_name": "default-20250712080118242200000013",
            "node_group_name_prefix": "default-",
            "node_repair_config": [],
            "node_role_arn": "arn:aws:iam::727646470302:role/default-eks-node-group-20250712075113284500000002",
            "release_version": "1.29.15-20250704",
            "remote_access": [],
            "resources": [
              {
                "autoscaling_groups": [
                  {
                    "name": "eks-default-20250712080118242200000013-2ecbfed3-8f30-7b33-b009-d523631c029f"
                  }
                ],
                "remote_access_security_group_id": ""
              }
            ],
            "scaling_config": [
              {
                "desired_size": 2,
                "max_size": 3,
                "min_size": 2
              }
            ],
            "status": "ACTIVE",
            "subnet_ids": [
              "subnet-07013c8fc6e9ed34d",
              "subnet-08c686dba1aeadfd2",
              "subnet-0da1cda3f25cfe65c",
              "subnet-0ef3ed84d2043a802"
            ],
            "tags": {
              "Name": "default",
              "Project": "memo"
            },
            "tags_all": {
              "Name": "default",
              "Project": "memo"
            },
            "taint": [],
            "timeouts": {
              "create": null,
              "delete": null,
              "update": null
            },
            "update_config": [
              {
                "max_unavailable": 0,
                "max_unavailable_percentage": 33
              }
            ],
            "version": "1.29"
          },
          "sensitive_attributes": [],
          "identity_schema_version": 0,
          "private": "eyJlMmJmYjczMC1lY2FhLTExZTYtOGY4OC0zNDM2M2JjN2M0YzAiOnsiY3JlYXRlIjozNjAwMDAwMDAwMDAwLCJkZWxldGUiOjM2MDAwMDAwMDAwMDAsInVwZGF0ZSI6MzYwMDAwMDAwMDAwMH19",
          "dependencies": [
            "module.eks.module.eks_cluster.aws_cloudwatch_log_group.this",
            "module.eks.module.eks_cluster.aws_eks_cluster.this",
            "module.eks.module.eks_cluster.aws_iam_policy.cni_ipv6_policy",
            "module.eks.module.eks_cluster.aws_iam_role.eks_auto",
            "module.eks.module.eks_cluster.aws_iam_role.this",
            "module.eks.module.eks_cluster.aws_iam_role_policy_attachment.this",
            "module.eks.module.eks_cluster.aws_security_group.cluster",
            "module.eks.module.eks_cluster.aws_security_group.node",
            "module.eks.module.eks_cluster.aws_security_group_rule.cluster",
            "module.eks.module.eks_cluster.aws_security_group_rule.node",
            "module.eks.module.eks_cluster.data.aws_caller_identity.current",
            "module.eks.module.eks_cluster.data.aws_iam_policy_document.assume_role_policy",
            "module.eks.module.eks_cluster.data.aws_iam_policy_document.cni_ipv6_policy",
            "module.eks.module.eks_cluster.data.aws_iam_policy_document.node_assume_role_policy",
            "module.eks.module.eks_cluster.data.aws_iam_session_context.current",
            "module.eks.module.eks_cluster.data.aws_partition.current",
            "module.eks.module.eks_cluster.module.eks_managed_node_group.aws_iam_role.this",
            "module.eks.module.eks_cluster.module.eks_managed_node_group.aws_iam_role_policy_attachment.additional",
            "module.eks.module.eks_cluster.module.eks_managed_node_group.aws_iam_role_policy_attachment.this",
            "module.eks.module.eks_cluster.module.eks_managed_node_group.aws_launch_template.this",
            "module.eks.module.eks_cluster.module.eks_managed_node_group.aws_placement_group.this",
            "module.eks.module.eks_cluster.module.eks_managed_node_group.data.aws_caller_identity.current",
            "module.eks.module.eks_cluster.module.eks_managed_node_group.data.aws_ec2_instance_type.this",
            "module.eks.module.eks_cluster.module.eks_managed_node_group.data.aws_ec2_instance_type_offerings.this",
            "module.eks.module.eks_cluster.module.eks_managed_node_group.data.aws_iam_policy_document.assume_role_policy",
            "module.eks.module.eks_cluster.module.eks_managed_node_group.data.aws_partition.current",
            "module.eks.module.eks_cluster.module.eks_managed_node_group.data.aws_ssm_parameter.ami",
            "module.eks.module.eks_cluster.module.eks_managed_node_group.data.aws_subnets.placement_group",
            "module.eks.module.eks_cluster.module.eks_managed_node_group.module.user_data.data.cloudinit_config.al2023_eks_managed_node_group",
            "module.eks.module.eks_cluster.module.eks_managed_node_group.module.user_data.data.cloudinit_config.linux_eks_managed_node_group",
            "module.eks.module.eks_cluster.module.kms.aws_kms_external_key.this",
            "module.eks.module.eks_cluster.module.kms.aws_kms_key.this",
            "module.eks.module.eks_cluster.module.kms.aws_kms_replica_external_key.this",
            "module.eks.module.eks_cluster.module.kms.aws_kms_replica_key.this",
            "module.eks.module.eks_cluster.module.kms.data.aws_caller_identity.current",
            "module.eks.module.eks_cluster.module.kms.data.aws_iam_policy_document.this",
            "module.eks.module.eks_cluster.module.kms.data.aws_partition.current",
            "module.eks.module.eks_cluster.time_sleep.this",
            "module.vpc.aws_subnet.private1",
            "module.vpc.aws_subnet.private2",
            "module.vpc.aws_subnet.private3",
            "module.vpc.aws_subnet.private4",
            "module.vpc.aws_vpc.vpc1"
          ],
          "create_before_destroy": true
        }
      ]
    },
    {
      "module": "module.eks.module.eks_cluster.module.eks_managed_node_group[\"default\"]",
      "mode": "managed",
      "type": "aws_iam_role",
      "name": "this",
      "provider": "provider[\"registry.terraform.io/hashicorp/aws\"]",
      "instances": [
        {
          "index_key": 0,
          "schema_version": 0,
          "attributes": {
            "arn": "arn:aws:iam::727646470302:role/default-eks-node-group-20250712075113284500000002",
            "assume_role_policy": "{\"Statement\":[{\"Action\":\"sts:AssumeRole\",\"Effect\":\"Allow\",\"Principal\":{\"Service\":\"ec2.amazonaws.com\"},\"Sid\":\"EKSNodeAssumeRole\"}],\"Version\":\"2012-10-17\"}",
            "create_date": "2025-07-12T07:51:13Z",
            "description": "EKS managed node group IAM role",
            "force_detach_policies": true,
            "id": "default-eks-node-group-20250712075113284500000002",
            "inline_policy": [],
            "managed_policy_arns": [],
            "max_session_duration": 3600,
            "name": "default-eks-node-group-20250712075113284500000002",
            "name_prefix": "default-eks-node-group-",
            "path": "/",
            "permissions_boundary": "",
            "tags": {
              "Project": "memo"
            },
            "tags_all": {
              "Project": "memo"
            },
            "unique_id": "AROA2S2Y4ACPOYJDKKEH4"
          },
          "sensitive_attributes": [],
          "identity_schema_version": 0,
          "private": "bnVsbA==",
          "dependencies": [
            "module.eks.module.eks_cluster.module.eks_managed_node_group.data.aws_iam_policy_document.assume_role_policy"
          ],
          "create_before_destroy": true
        }
      ]
    },
    {
      "module": "module.eks.module.eks_cluster.module.eks_managed_node_group[\"default\"]",
      "mode": "managed",
      "type": "aws_iam_role_policy",
      "name": "this",
      "provider": "provider[\"registry.terraform.io/hashicorp/aws\"]",
      "instances": []
    },
    {
      "module": "module.eks.module.eks_cluster.module.eks_managed_node_group[\"default\"]",
      "mode": "managed",
      "type": "aws_iam_role_policy_attachment",
      "name": "additional",
      "provider": "provider[\"registry.terraform.io/hashicorp/aws\"]",
      "instances": []
    },
    {
      "module": "module.eks.module.eks_cluster.module.eks_managed_node_group[\"default\"]",
      "mode": "managed",
      "type": "aws_iam_role_policy_attachment",
      "name": "this",
      "provider": "provider[\"registry.terraform.io/hashicorp/aws\"]",
      "instances": [
        {
          "index_key": "AmazonEC2ContainerRegistryReadOnly",
          "schema_version": 0,
          "attributes": {
            "id": "default-eks-node-group-20250712075113284500000002-20250712075115267200000009",
            "policy_arn": "arn:aws:iam::aws:policy/AmazonEC2ContainerRegistryReadOnly",
            "role": "default-eks-node-group-20250712075113284500000002"
          },
          "sensitive_attributes": [],
          "identity_schema_version": 0,
          "private": "bnVsbA==",
          "dependencies": [
            "module.eks.module.eks_cluster.module.eks_managed_node_group.aws_iam_role.this",
            "module.eks.module.eks_cluster.module.eks_managed_node_group.data.aws_caller_identity.current",
            "module.eks.module.eks_cluster.module.eks_managed_node_group.data.aws_iam_policy_document.assume_role_policy",
            "module.eks.module.eks_cluster.module.eks_managed_node_group.data.aws_partition.current"
          ],
          "create_before_destroy": true
        },
        {
          "index_key": "AmazonEKSWorkerNodePolicy",
          "schema_version": 0,
          "attributes": {
            "id": "default-eks-node-group-20250712075113284500000002-20250712075115255400000008",
            "policy_arn": "arn:aws:iam::aws:policy/AmazonEKSWorkerNodePolicy",
            "role": "default-eks-node-group-20250712075113284500000002"
          },
          "sensitive_attributes": [],
          "identity_schema_version": 0,
          "private": "bnVsbA==",
          "dependencies": [
            "module.eks.module.eks_cluster.module.eks_managed_node_group.aws_iam_role.this",
            "module.eks.module.eks_cluster.module.eks_managed_node_group.data.aws_caller_identity.current",
            "module.eks.module.eks_cluster.module.eks_managed_node_group.data.aws_iam_policy_document.assume_role_policy",
            "module.eks.module.eks_cluster.module.eks_managed_node_group.data.aws_partition.current"
          ],
          "create_before_destroy": true
        },
        {
          "index_key": "AmazonEKS_CNI_Policy",
          "schema_version": 0,
          "attributes": {
            "id": "default-eks-node-group-20250712075113284500000002-20250712075115019100000006",
            "policy_arn": "arn:aws:iam::aws:policy/AmazonEKS_CNI_Policy",
            "role": "default-eks-node-group-20250712075113284500000002"
          },
          "sensitive_attributes": [],
          "identity_schema_version": 0,
          "private": "bnVsbA==",
          "dependencies": [
            "module.eks.module.eks_cluster.module.eks_managed_node_group.aws_iam_role.this",
            "module.eks.module.eks_cluster.module.eks_managed_node_group.data.aws_caller_identity.current",
            "module.eks.module.eks_cluster.module.eks_managed_node_group.data.aws_iam_policy_document.assume_role_policy",
            "module.eks.module.eks_cluster.module.eks_managed_node_group.data.aws_partition.current"
          ],
          "create_before_destroy": true
        }
      ]
    },
    {
      "module": "module.eks.module.eks_cluster.module.eks_managed_node_group[\"default\"]",
      "mode": "managed",
      "type": "aws_launch_template",
      "name": "this",
      "provider": "provider[\"registry.terraform.io/hashicorp/aws\"]",
      "instances": [
        {
          "index_key": 0,
          "schema_version": 0,
          "attributes": {
            "arn": "arn:aws:ec2:ap-northeast-2:727646470302:launch-template/lt-044e8ca21cd4aa0df",
            "block_device_mappings": [],
            "capacity_reservation_specification": [],
            "cpu_options": [],
            "credit_specification": [],
            "default_version": 1,
            "description": "Custom launch template for default EKS managed node group",
            "disable_api_stop": false,
            "disable_api_termination": false,
            "ebs_optimized": "",
            "elastic_gpu_specifications": [],
            "elastic_inference_accelerator": [],
            "enclave_options": [],
            "hibernation_options": [],
            "iam_instance_profile": [],
            "id": "lt-044e8ca21cd4aa0df",
            "image_id": "",
            "instance_initiated_shutdown_behavior": "",
            "instance_market_options": [],
            "instance_requirements": [],
            "instance_type": "",
            "kernel_id": "",
            "key_name": "",
            "latest_version": 1,
            "license_specification": [],
            "maintenance_options": [],
            "metadata_options": [
              {
                "http_endpoint": "enabled",
                "http_protocol_ipv6": "",
                "http_put_response_hop_limit": 2,
                "http_tokens": "required",
                "instance_metadata_tags": ""
              }
            ],
            "monitoring": [
              {
                "enabled": true
              }
            ],
            "name": "default-20250712080112659600000011",
            "name_prefix": "default-",
            "network_interfaces": [],
            "placement": [],
            "private_dns_name_options": [],
            "ram_disk_id": "",
            "security_group_names": null,
            "tag_specifications": [
              {
                "resource_type": "instance",
                "tags": {
                  "Name": "default",
                  "Project": "memo"
                }
              },
              {
                "resource_type": "network-interface",
                "tags": {
                  "Name": "default",
                  "Project": "memo"
                }
              },
              {
                "resource_type": "volume",
                "tags": {
                  "Name": "default",
                  "Project": "memo"
                }
              }
            ],
            "tags": {
              "Project": "memo"
            },
            "tags_all": {
              "Project": "memo"
            },
            "update_default_version": true,
            "user_data": "",
            "vpc_security_group_ids": [
              "sg-039a8f3e371b89073"
            ]
          },
          "sensitive_attributes": [],
          "identity_schema_version": 0,
          "private": "bnVsbA==",
          "dependencies": [
            "module.eks.module.eks_cluster.aws_cloudwatch_log_group.this",
            "module.eks.module.eks_cluster.aws_eks_cluster.this",
            "module.eks.module.eks_cluster.aws_iam_policy.cni_ipv6_policy",
            "module.eks.module.eks_cluster.aws_iam_role.eks_auto",
            "module.eks.module.eks_cluster.aws_iam_role.this",
            "module.eks.module.eks_cluster.aws_iam_role_policy_attachment.this",
            "module.eks.module.eks_cluster.aws_security_group.cluster",
            "module.eks.module.eks_cluster.aws_security_group.node",
            "module.eks.module.eks_cluster.aws_security_group_rule.cluster",
            "module.eks.module.eks_cluster.aws_security_group_rule.node",
            "module.eks.module.eks_cluster.data.aws_caller_identity.current",
            "module.eks.module.eks_cluster.data.aws_iam_policy_document.assume_role_policy",
            "module.eks.module.eks_cluster.data.aws_iam_policy_document.cni_ipv6_policy",
            "module.eks.module.eks_cluster.data.aws_iam_policy_document.node_assume_role_policy",
            "module.eks.module.eks_cluster.data.aws_iam_session_context.current",
            "module.eks.module.eks_cluster.data.aws_partition.current",
            "module.eks.module.eks_cluster.module.eks_managed_node_group.aws_iam_role.this",
            "module.eks.module.eks_cluster.module.eks_managed_node_group.aws_iam_role_policy_attachment.additional",
            "module.eks.module.eks_cluster.module.eks_managed_node_group.aws_iam_role_policy_attachment.this",
            "module.eks.module.eks_cluster.module.eks_managed_node_group.aws_placement_group.this",
            "module.eks.module.eks_cluster.module.eks_managed_node_group.data.aws_caller_identity.current",
            "module.eks.module.eks_cluster.module.eks_managed_node_group.data.aws_ec2_instance_type.this",
            "module.eks.module.eks_cluster.module.eks_managed_node_group.data.aws_iam_policy_document.assume_role_policy",
            "module.eks.module.eks_cluster.module.eks_managed_node_group.data.aws_partition.current",
            "module.eks.module.eks_cluster.module.eks_managed_node_group.module.user_data.data.cloudinit_config.al2023_eks_managed_node_group",
            "module.eks.module.eks_cluster.module.eks_managed_node_group.module.user_data.data.cloudinit_config.linux_eks_managed_node_group",
            "module.eks.module.eks_cluster.module.kms.aws_kms_external_key.this",
            "module.eks.module.eks_cluster.module.kms.aws_kms_key.this",
            "module.eks.module.eks_cluster.module.kms.aws_kms_replica_external_key.this",
            "module.eks.module.eks_cluster.module.kms.aws_kms_replica_key.this",
            "module.eks.module.eks_cluster.module.kms.data.aws_caller_identity.current",
            "module.eks.module.eks_cluster.module.kms.data.aws_iam_policy_document.this",
            "module.eks.module.eks_cluster.module.kms.data.aws_partition.current",
            "module.eks.module.eks_cluster.time_sleep.this",
            "module.vpc.aws_subnet.private1",
            "module.vpc.aws_subnet.private2",
            "module.vpc.aws_subnet.private3",
            "module.vpc.aws_subnet.private4",
            "module.vpc.aws_vpc.vpc1"
          ],
          "create_before_destroy": true
        }
      ]
    },
    {
      "module": "module.eks.module.eks_cluster.module.eks_managed_node_group[\"default\"]",
      "mode": "managed",
      "type": "aws_placement_group",
      "name": "this",
      "provider": "provider[\"registry.terraform.io/hashicorp/aws\"]",
      "instances": []
    },
    {
      "module": "module.eks.module.eks_cluster.module.eks_managed_node_group[\"default\"].module.user_data",
      "mode": "data",
      "type": "cloudinit_config",
      "name": "al2023_eks_managed_node_group",
      "provider": "provider[\"registry.terraform.io/hashicorp/cloudinit\"]",
      "instances": []
    },
    {
      "module": "module.eks.module.eks_cluster.module.eks_managed_node_group[\"default\"].module.user_data",
      "mode": "data",
      "type": "cloudinit_config",
      "name": "linux_eks_managed_node_group",
      "provider": "provider[\"registry.terraform.io/hashicorp/cloudinit\"]",
      "instances": []
    },
    {
      "module": "module.eks.module.eks_cluster.module.eks_managed_node_group[\"default\"].module.user_data",
      "mode": "managed",
      "type": "null_resource",
      "name": "validate_cluster_service_cidr",
      "provider": "provider[\"registry.terraform.io/hashicorp/null\"]",
      "instances": [
        {
          "schema_version": 0,
          "attributes": {
            "id": "5893041660343000055",
            "triggers": null
          },
          "sensitive_attributes": [],
          "identity_schema_version": 0,
          "dependencies": [
            "module.eks.module.eks_cluster.aws_cloudwatch_log_group.this",
            "module.eks.module.eks_cluster.aws_eks_cluster.this",
            "module.eks.module.eks_cluster.aws_iam_policy.cni_ipv6_policy",
            "module.eks.module.eks_cluster.aws_iam_role.eks_auto",
            "module.eks.module.eks_cluster.aws_iam_role.this",
            "module.eks.module.eks_cluster.aws_iam_role_policy_attachment.this",
            "module.eks.module.eks_cluster.aws_security_group.cluster",
            "module.eks.module.eks_cluster.aws_security_group.node",
            "module.eks.module.eks_cluster.aws_security_group_rule.cluster",
            "module.eks.module.eks_cluster.aws_security_group_rule.node",
            "module.eks.module.eks_cluster.data.aws_caller_identity.current",
            "module.eks.module.eks_cluster.data.aws_iam_policy_document.assume_role_policy",
            "module.eks.module.eks_cluster.data.aws_iam_policy_document.cni_ipv6_policy",
            "module.eks.module.eks_cluster.data.aws_iam_policy_document.node_assume_role_policy",
            "module.eks.module.eks_cluster.data.aws_iam_session_context.current",
            "module.eks.module.eks_cluster.data.aws_partition.current",
            "module.eks.module.eks_cluster.module.kms.aws_kms_external_key.this",
            "module.eks.module.eks_cluster.module.kms.aws_kms_key.this",
            "module.eks.module.eks_cluster.module.kms.aws_kms_replica_external_key.this",
            "module.eks.module.eks_cluster.module.kms.aws_kms_replica_key.this",
            "module.eks.module.eks_cluster.module.kms.data.aws_caller_identity.current",
            "module.eks.module.eks_cluster.module.kms.data.aws_iam_policy_document.this",
            "module.eks.module.eks_cluster.module.kms.data.aws_partition.current",
            "module.eks.module.eks_cluster.time_sleep.this",
            "module.vpc.aws_subnet.private1",
            "module.vpc.aws_subnet.private2",
            "module.vpc.aws_subnet.private3",
            "module.vpc.aws_subnet.private4",
            "module.vpc.aws_vpc.vpc1"
          ]
        }
      ]
    },
    {
      "module": "module.eks.module.eks_cluster.module.kms",
      "mode": "data",
      "type": "aws_caller_identity",
      "name": "current",
      "provider": "provider[\"registry.terraform.io/hashicorp/aws\"]",
      "instances": []
    },
    {
      "module": "module.eks.module.eks_cluster.module.kms",
      "mode": "data",
      "type": "aws_iam_policy_document",
      "name": "this",
      "provider": "provider[\"registry.terraform.io/hashicorp/aws\"]",
      "instances": []
    },
    {
      "module": "module.eks.module.eks_cluster.module.kms",
      "mode": "data",
      "type": "aws_partition",
      "name": "current",
      "provider": "provider[\"registry.terraform.io/hashicorp/aws\"]",
      "instances": []
    },
    {
      "module": "module.eks.module.eks_cluster.module.kms",
      "mode": "managed",
      "type": "aws_kms_alias",
      "name": "this",
      "provider": "provider[\"registry.terraform.io/hashicorp/aws\"]",
      "instances": []
    },
    {
      "module": "module.eks.module.eks_cluster.module.kms",
      "mode": "managed",
      "type": "aws_kms_external_key",
      "name": "this",
      "provider": "provider[\"registry.terraform.io/hashicorp/aws\"]",
      "instances": []
    },
    {
      "module": "module.eks.module.eks_cluster.module.kms",
      "mode": "managed",
      "type": "aws_kms_grant",
      "name": "this",
      "provider": "provider[\"registry.terraform.io/hashicorp/aws\"]",
      "instances": []
    },
    {
      "module": "module.eks.module.eks_cluster.module.kms",
      "mode": "managed",
      "type": "aws_kms_key",
      "name": "this",
      "provider": "provider[\"registry.terraform.io/hashicorp/aws\"]",
      "instances": []
    },
    {
      "module": "module.eks.module.eks_cluster.module.kms",
      "mode": "managed",
      "type": "aws_kms_replica_external_key",
      "name": "this",
      "provider": "provider[\"registry.terraform.io/hashicorp/aws\"]",
      "instances": []
    },
    {
      "module": "module.eks.module.eks_cluster.module.kms",
      "mode": "managed",
      "type": "aws_kms_replica_key",
      "name": "this",
      "provider": "provider[\"registry.terraform.io/hashicorp/aws\"]",
      "instances": []
    },
    {
      "module": "module.iam",
      "mode": "managed",
      "type": "aws_iam_role",
      "name": "eks_admin_role",
      "provider": "provider[\"registry.terraform.io/hashicorp/aws\"]",
      "instances": [
        {
          "schema_version": 0,
          "attributes": {
            "arn": "arn:aws:iam::727646470302:role/eks-admin-role",
            "assume_role_policy": "{\"Statement\":[{\"Action\":\"sts:AssumeRole\",\"Effect\":\"Allow\",\"Principal\":{\"AWS\":\"arn:aws:iam::727646470302:user/lion3team04\"}}],\"Version\":\"2012-10-17\"}",
            "create_date": "2025-07-12T07:51:13Z",
            "description": "",
            "force_detach_policies": false,
            "id": "eks-admin-role",
            "inline_policy": [],
            "managed_policy_arns": [],
            "max_session_duration": 3600,
            "name": "eks-admin-role",
            "name_prefix": "",
            "path": "/",
            "permissions_boundary": "",
            "tags": {
              "Project": "memo"
            },
            "tags_all": {
              "Project": "memo"
            },
            "unique_id": "AROA2S2Y4ACPLYU3KBBVZ"
          },
          "sensitive_attributes": [],
          "identity_schema_version": 0,
          "private": "bnVsbA=="
        }
      ]
    },
    {
      "module": "module.iam",
      "mode": "managed",
      "type": "aws_iam_role_policy_attachment",
      "name": "eks_admin_role_policy",
      "provider": "provider[\"registry.terraform.io/hashicorp/aws\"]",
      "instances": [
        {
          "schema_version": 0,
          "attributes": {
            "id": "eks-admin-role-20250712075115004600000004",
            "policy_arn": "arn:aws:iam::aws:policy/AdministratorAccess",
            "role": "eks-admin-role"
          },
          "sensitive_attributes": [],
          "identity_schema_version": 0,
          "private": "bnVsbA==",
          "dependencies": [
            "module.iam.aws_iam_role.eks_admin_role"
          ]
        }
      ]
    },
    {
      "module": "module.rds",
      "mode": "managed",
      "type": "aws_db_instance",
      "name": "memo_rds",
      "provider": "provider[\"registry.terraform.io/hashicorp/aws\"]",
      "instances": [
        {
          "schema_version": 2,
          "attributes": {
            "address": "memo-mysql.cnqmcq6uwqa3.ap-northeast-2.rds.amazonaws.com",
            "allocated_storage": 20,
            "allow_major_version_upgrade": null,
            "apply_immediately": false,
            "arn": "arn:aws:rds:ap-northeast-2:727646470302:db:memo-mysql",
            "auto_minor_version_upgrade": true,
            "availability_zone": "ap-northeast-2b",
            "backup_retention_period": 0,
            "backup_target": "region",
            "backup_window": "14:51-15:21",
            "blue_green_update": [],
            "ca_cert_identifier": "rds-ca-rsa2048-g1",
            "character_set_name": "",
            "copy_tags_to_snapshot": false,
            "custom_iam_instance_profile": "",
            "customer_owned_ip_enabled": false,
            "database_insights_mode": "standard",
            "db_name": "memo",
            "db_subnet_group_name": "memo-mysql-subnet-group",
            "dedicated_log_volume": false,
            "delete_automated_backups": true,
            "deletion_protection": false,
            "domain": "",
            "domain_auth_secret_arn": "",
            "domain_dns_ips": null,
            "domain_fqdn": "",
            "domain_iam_role_name": "",
            "domain_ou": "",
            "enabled_cloudwatch_logs_exports": null,
            "endpoint": "memo-mysql.cnqmcq6uwqa3.ap-northeast-2.rds.amazonaws.com:3306",
            "engine": "mysql",
            "engine_lifecycle_support": "open-source-rds-extended-support",
            "engine_version": "8.0.36",
            "engine_version_actual": "8.0.36",
            "final_snapshot_identifier": null,
            "hosted_zone_id": "ZLA2NUCOLGUUR",
            "iam_database_authentication_enabled": false,
            "id": "db-ZHCLN3OZALUFRYPT4JE6TH2S74",
            "identifier": "memo-mysql",
            "identifier_prefix": "",
            "instance_class": "db.t3.small",
            "iops": 0,
            "kms_key_id": "",
            "latest_restorable_time": "",
            "license_model": "general-public-license",
            "listener_endpoint": [],
            "maintenance_window": "tue:15:54-tue:16:24",
            "manage_master_user_password": null,
            "master_user_secret": [],
            "master_user_secret_kms_key_id": null,
            "max_allocated_storage": 0,
            "monitoring_interval": 0,
            "monitoring_role_arn": "",
            "multi_az": false,
            "nchar_character_set_name": "",
            "network_type": "IPV4",
            "option_group_name": "default:mysql-8-0",
            "parameter_group_name": "default.mysql8.0",
            "password": "memomemomim",
            "password_wo": null,
            "password_wo_version": null,
            "performance_insights_enabled": false,
            "performance_insights_kms_key_id": "",
            "performance_insights_retention_period": 0,
            "port": 3306,
            "publicly_accessible": false,
            "replica_mode": "",
            "replicas": [],
            "replicate_source_db": "",
            "resource_id": "db-ZHCLN3OZALUFRYPT4JE6TH2S74",
            "restore_to_point_in_time": [],
            "s3_import": [],
            "skip_final_snapshot": true,
            "snapshot_identifier": null,
            "status": "available",
            "storage_encrypted": false,
            "storage_throughput": 0,
            "storage_type": "gp2",
            "tags": {
              "Environment": "dev",
              "Project": "memo"
            },
            "tags_all": {
              "Environment": "dev",
              "Project": "memo"
            },
            "timeouts": null,
            "timezone": "",
            "upgrade_storage_config": null,
            "username": "memo",
            "vpc_security_group_ids": [
              "sg-0a104448093dc87dd"
            ]
          },
          "sensitive_attributes": [
            [
              {
                "type": "get_attr",
                "value": "password"
              }
            ],
            [
              {
                "type": "get_attr",
                "value": "password_wo"
              }
            ]
          ],
          "identity_schema_version": 0,
          "private": "eyJlMmJmYjczMC1lY2FhLTExZTYtOGY4OC0zNDM2M2JjN2M0YzAiOnsiY3JlYXRlIjozMDAwMDAwMDAwMDAwLCJkZWxldGUiOjM2MDAwMDAwMDAwMDAsInVwZGF0ZSI6NDgwMDAwMDAwMDAwMH0sInNjaGVtYV92ZXJzaW9uIjoiMiJ9",
          "dependencies": [
            "module.eks.module.eks_cluster.aws_security_group.cluster",
            "module.rds.aws_db_subnet_group.memo_rds",
            "module.rds.aws_security_group.memo_rds",
            "module.vpc.aws_subnet.private1",
            "module.vpc.aws_subnet.private2",
            "module.vpc.aws_subnet.private3",
            "module.vpc.aws_subnet.private4",
            "module.vpc.aws_vpc.vpc1"
          ]
        }
      ]
    },
    {
      "module": "module.rds",
      "mode": "managed",
      "type": "aws_db_subnet_group",
      "name": "memo_rds",
      "provider": "provider[\"registry.terraform.io/hashicorp/aws\"]",
      "instances": [
        {
          "schema_version": 0,
          "attributes": {
            "arn": "arn:aws:rds:ap-northeast-2:727646470302:subgrp:memo-mysql-subnet-group",
            "description": "Managed by Terraform",
            "id": "memo-mysql-subnet-group",
            "name": "memo-mysql-subnet-group",
            "name_prefix": "",
            "subnet_ids": [
              "subnet-07013c8fc6e9ed34d",
              "subnet-08c686dba1aeadfd2",
              "subnet-0da1cda3f25cfe65c",
              "subnet-0ef3ed84d2043a802"
            ],
            "supported_network_types": [
              "IPV4"
            ],
            "tags": {
              "Environment": "dev",
              "Project": "memo"
            },
            "tags_all": {
              "Environment": "dev",
              "Project": "memo"
            },
            "vpc_id": "vpc-04432bd332f62ec7f"
          },
          "sensitive_attributes": [],
          "identity_schema_version": 0,
          "private": "bnVsbA==",
          "dependencies": [
            "module.vpc.aws_subnet.private1",
            "module.vpc.aws_subnet.private2",
            "module.vpc.aws_subnet.private3",
            "module.vpc.aws_subnet.private4",
            "module.vpc.aws_vpc.vpc1"
          ]
        }
      ]
    },
    {
      "module": "module.rds",
      "mode": "managed",
      "type": "aws_security_group",
      "name": "memo_rds",
      "provider": "provider[\"registry.terraform.io/hashicorp/aws\"]",
      "instances": [
        {
          "schema_version": 1,
          "attributes": {
            "arn": "arn:aws:ec2:ap-northeast-2:727646470302:security-group/sg-0a104448093dc87dd",
            "description": "Managed by Terraform",
            "egress": [
              {
                "cidr_blocks": [
                  "10.0.0.0/16"
                ],
                "description": "",
                "from_port": 3306,
                "ipv6_cidr_blocks": [],
                "prefix_list_ids": [],
                "protocol": "tcp",
                "security_groups": [],
                "self": false,
                "to_port": 3306
              }
            ],
            "id": "sg-0a104448093dc87dd",
            "ingress": [
              {
                "cidr_blocks": [],
                "description": "",
                "from_port": 3306,
                "ipv6_cidr_blocks": [],
                "prefix_list_ids": [],
                "protocol": "tcp",
                "security_groups": [
                  "sg-0721e1e0fa70ddcfb"
                ],
                "self": false,
                "to_port": 3306
              }
            ],
            "name": "memo-rds-sg-2025071207512599250000000f",
            "name_prefix": "memo-rds-sg-",
            "owner_id": "727646470302",
            "revoke_rules_on_delete": false,
            "tags": {
              "Environment": "dev",
              "Project": "memo"
            },
            "tags_all": {
              "Environment": "dev",
              "Project": "memo"
            },
            "timeouts": null,
            "vpc_id": "vpc-04432bd332f62ec7f"
          },
          "sensitive_attributes": [],
          "identity_schema_version": 0,
          "private": "eyJlMmJmYjczMC1lY2FhLTExZTYtOGY4OC0zNDM2M2JjN2M0YzAiOnsiY3JlYXRlIjo2MDAwMDAwMDAwMDAsImRlbGV0ZSI6OTAwMDAwMDAwMDAwfSwic2NoZW1hX3ZlcnNpb24iOiIxIn0=",
          "dependencies": [
            "module.eks.module.eks_cluster.aws_security_group.cluster",
            "module.vpc.aws_vpc.vpc1"
          ]
        }
      ]
    },
    {
      "module": "module.s3",
      "mode": "managed",
      "type": "aws_s3_bucket",
      "name": "memo_bucket",
      "provider": "provider[\"registry.terraform.io/hashicorp/aws\"]",
      "instances": [
        {
          "schema_version": 0,
          "attributes": {
            "acceleration_status": "",
            "acl": null,
            "arn": "arn:aws:s3:::memo-image-bucket",
            "bucket": "memo-image-bucket",
            "bucket_domain_name": "memo-image-bucket.s3.amazonaws.com",
            "bucket_prefix": "",
            "bucket_regional_domain_name": "memo-image-bucket.s3.ap-northeast-2.amazonaws.com",
            "cors_rule": [],
            "force_destroy": false,
            "grant": [
              {
                "id": "7d91e4ae05b6236e92917fa86e57b1ae2bb3104881904020aed655448e24148e",
                "permissions": [
                  "FULL_CONTROL"
                ],
                "type": "CanonicalUser",
                "uri": ""
              }
            ],
            "hosted_zone_id": "Z3W03O7B5YMIYP",
            "id": "memo-image-bucket",
            "lifecycle_rule": [],
            "logging": [],
            "object_lock_configuration": [],
            "object_lock_enabled": false,
            "policy": "",
            "region": "ap-northeast-2",
            "replication_configuration": [],
            "request_payer": "BucketOwner",
            "server_side_encryption_configuration": [
              {
                "rule": [
                  {
                    "apply_server_side_encryption_by_default": [
                      {
                        "kms_master_key_id": "",
                        "sse_algorithm": "AES256"
                      }
                    ],
                    "bucket_key_enabled": false
                  }
                ]
              }
            ],
            "tags": {
              "Environment": "dev",
              "Project": "memo"
            },
            "tags_all": {
              "Environment": "dev",
              "Project": "memo"
            },
            "timeouts": null,
            "versioning": [
              {
                "enabled": false,
                "mfa_delete": false
              }
            ],
            "website": [],
            "website_domain": null,
            "website_endpoint": null
          },
          "sensitive_attributes": [],
          "identity_schema_version": 0,
          "private": "eyJlMmJmYjczMC1lY2FhLTExZTYtOGY4OC0zNDM2M2JjN2M0YzAiOnsiY3JlYXRlIjoxMjAwMDAwMDAwMDAwLCJkZWxldGUiOjM2MDAwMDAwMDAwMDAsInJlYWQiOjEyMDAwMDAwMDAwMDAsInVwZGF0ZSI6MTIwMDAwMDAwMDAwMH19"
        }
      ]
    },
    {
      "module": "module.s3",
      "mode": "managed",
      "type": "aws_s3_bucket_policy",
      "name": "memo_bucket_policy",
      "provider": "provider[\"registry.terraform.io/hashicorp/aws\"]",
      "instances": []
    },
    {
      "module": "module.s3",
      "mode": "managed",
      "type": "aws_s3_bucket_public_access_block",
      "name": "memo_bucket_public_access_block",
      "provider": "provider[\"registry.terraform.io/hashicorp/aws\"]",
      "instances": [
        {
          "schema_version": 0,
          "attributes": {
            "block_public_acls": true,
            "block_public_policy": true,
            "bucket": "memo-image-bucket",
            "id": "memo-image-bucket",
            "ignore_public_acls": true,
            "restrict_public_buckets": true
          },
          "sensitive_attributes": [],
          "identity_schema_version": 0,
          "private": "bnVsbA==",
          "dependencies": [
            "module.s3.aws_s3_bucket.memo_bucket"
          ]
        }
      ]
    },
    {
      "module": "module.s3",
      "mode": "managed",
      "type": "aws_s3_bucket_server_side_encryption_configuration",
      "name": "memo_bucket_encryption",
      "provider": "provider[\"registry.terraform.io/hashicorp/aws\"]",
      "instances": [
        {
          "schema_version": 0,
          "attributes": {
            "bucket": "memo-image-bucket",
            "expected_bucket_owner": "",
            "id": "memo-image-bucket",
            "rule": [
              {
                "apply_server_side_encryption_by_default": [
                  {
                    "kms_master_key_id": "",
                    "sse_algorithm": "AES256"
                  }
                ],
                "bucket_key_enabled": null
              }
            ]
          },
          "sensitive_attributes": [],
          "identity_schema_version": 0,
          "private": "bnVsbA==",
          "dependencies": [
            "module.s3.aws_s3_bucket.memo_bucket"
          ]
        }
      ]
    },
    {
      "module": "module.s3",
      "mode": "managed",
      "type": "aws_s3_bucket_versioning",
      "name": "memo_bucket_versioning",
      "provider": "provider[\"registry.terraform.io/hashicorp/aws\"]",
      "instances": [
        {
          "schema_version": 0,
          "attributes": {
            "bucket": "memo-image-bucket",
            "expected_bucket_owner": "",
            "id": "memo-image-bucket",
            "mfa": null,
            "versioning_configuration": [
              {
                "mfa_delete": "",
                "status": "Enabled"
              }
            ]
          },
          "sensitive_attributes": [],
          "identity_schema_version": 0,
          "private": "bnVsbA==",
          "dependencies": [
            "module.s3.aws_s3_bucket.memo_bucket"
          ]
        }
      ]
    },
    {
      "module": "module.vpc",
      "mode": "managed",
      "type": "aws_eip",
      "name": "nat_eip",
      "provider": "provider[\"registry.terraform.io/hashicorp/aws\"]",
      "instances": [
        {
          "schema_version": 0,
          "attributes": {
            "address": null,
            "allocation_id": "eipalloc-038a1a258beaec49f",
            "arn": "arn:aws:ec2:ap-northeast-2:727646470302:elastic-ip/eipalloc-038a1a258beaec49f",
            "associate_with_private_ip": null,
            "association_id": "",
            "carrier_ip": "",
            "customer_owned_ip": "",
            "customer_owned_ipv4_pool": "",
            "domain": "vpc",
            "id": "eipalloc-038a1a258beaec49f",
            "instance": "",
            "ipam_pool_id": null,
            "network_border_group": "ap-northeast-2",
            "network_interface": "",
            "private_dns": null,
            "private_ip": "",
            "ptr_record": "",
            "public_dns": "ec2-43-200-48-205.ap-northeast-2.compute.amazonaws.com",
            "public_ip": "43.200.48.205",
            "public_ipv4_pool": "amazon",
            "tags": {
              "Name": "vpc1-nat-eip"
            },
            "tags_all": {
              "Name": "vpc1-nat-eip"
            },
            "timeouts": null,
            "vpc": true
          },
          "sensitive_attributes": [],
          "identity_schema_version": 0,
          "private": "eyJlMmJmYjczMC1lY2FhLTExZTYtOGY4OC0zNDM2M2JjN2M0YzAiOnsiZGVsZXRlIjoxODAwMDAwMDAwMDAsInJlYWQiOjkwMDAwMDAwMDAwMCwidXBkYXRlIjozMDAwMDAwMDAwMDB9fQ=="
        }
      ]
    },
    {
      "module": "module.vpc",
      "mode": "managed",
      "type": "aws_internet_gateway",
      "name": "igw",
      "provider": "provider[\"registry.terraform.io/hashicorp/aws\"]",
      "instances": [
        {
          "schema_version": 0,
          "attributes": {
            "arn": "arn:aws:ec2:ap-northeast-2:727646470302:internet-gateway/igw-07fcebc748995eab9",
            "id": "igw-07fcebc748995eab9",
            "owner_id": "727646470302",
            "tags": {
              "Name": "vpc1-igw"
            },
            "tags_all": {
              "Name": "vpc1-igw"
            },
            "timeouts": null,
            "vpc_id": "vpc-04432bd332f62ec7f"
          },
          "sensitive_attributes": [],
          "identity_schema_version": 0,
          "private": "eyJlMmJmYjczMC1lY2FhLTExZTYtOGY4OC0zNDM2M2JjN2M0YzAiOnsiY3JlYXRlIjoxMjAwMDAwMDAwMDAwLCJkZWxldGUiOjEyMDAwMDAwMDAwMDAsInVwZGF0ZSI6MTIwMDAwMDAwMDAwMH19",
          "dependencies": [
            "module.vpc.aws_vpc.vpc1"
          ]
        }
      ]
    },
    {
      "module": "module.vpc",
      "mode": "managed",
      "type": "aws_nat_gateway",
      "name": "nat",
      "provider": "provider[\"registry.terraform.io/hashicorp/aws\"]",
      "instances": [
        {
          "schema_version": 0,
          "attributes": {
            "allocation_id": "eipalloc-038a1a258beaec49f",
            "association_id": "eipassoc-0fafcfd206c601282",
            "connectivity_type": "public",
            "id": "nat-07552b0d1434b51f3",
            "network_interface_id": "eni-0a2a60b4012a63dcd",
            "private_ip": "10.0.1.100",
            "public_ip": "43.200.48.205",
            "secondary_allocation_ids": null,
            "secondary_private_ip_address_count": 0,
            "secondary_private_ip_addresses": [],
            "subnet_id": "subnet-06566d47a40be37e3",
            "tags": {
              "Name": "vpc1-nat"
            },
            "tags_all": {
              "Name": "vpc1-nat"
            },
            "timeouts": null
          },
          "sensitive_attributes": [],
          "identity_schema_version": 0,
          "private": "eyJlMmJmYjczMC1lY2FhLTExZTYtOGY4OC0zNDM2M2JjN2M0YzAiOnsiY3JlYXRlIjo2MDAwMDAwMDAwMDAsImRlbGV0ZSI6MTgwMDAwMDAwMDAwMCwidXBkYXRlIjo2MDAwMDAwMDAwMDB9fQ==",
          "dependencies": [
            "module.vpc.aws_eip.nat_eip",
            "module.vpc.aws_internet_gateway.igw",
            "module.vpc.aws_subnet.public1",
            "module.vpc.aws_vpc.vpc1"
          ]
        }
      ]
    },
    {
      "module": "module.vpc",
      "mode": "managed",
      "type": "aws_route",
      "name": "private_nat_access",
      "provider": "provider[\"registry.terraform.io/hashicorp/aws\"]",
      "instances": [
        {
          "schema_version": 0,
          "attributes": {
            "carrier_gateway_id": "",
            "core_network_arn": "",
            "destination_cidr_block": "0.0.0.0/0",
            "destination_ipv6_cidr_block": "",
            "destination_prefix_list_id": "",
            "egress_only_gateway_id": "",
            "gateway_id": "",
            "id": "r-rtb-0b786187a247a87231080289494",
            "instance_id": "",
            "instance_owner_id": "",
            "local_gateway_id": "",
            "nat_gateway_id": "nat-07552b0d1434b51f3",
            "network_interface_id": "",
            "origin": "CreateRoute",
            "route_table_id": "rtb-0b786187a247a8723",
            "state": "active",
            "timeouts": null,
            "transit_gateway_id": "",
            "vpc_endpoint_id": "",
            "vpc_peering_connection_id": ""
          },
          "sensitive_attributes": [],
          "identity_schema_version": 0,
          "private": "eyJlMmJmYjczMC1lY2FhLTExZTYtOGY4OC0zNDM2M2JjN2M0YzAiOnsiY3JlYXRlIjozMDAwMDAwMDAwMDAsImRlbGV0ZSI6MzAwMDAwMDAwMDAwLCJ1cGRhdGUiOjEyMDAwMDAwMDAwMH19",
          "dependencies": [
            "module.vpc.aws_eip.nat_eip",
            "module.vpc.aws_internet_gateway.igw",
            "module.vpc.aws_nat_gateway.nat",
            "module.vpc.aws_route_table.private",
            "module.vpc.aws_subnet.public1",
            "module.vpc.aws_vpc.vpc1"
          ]
        }
      ]
    },
    {
      "module": "module.vpc",
      "mode": "managed",
      "type": "aws_route",
      "name": "public_internet_access",
      "provider": "provider[\"registry.terraform.io/hashicorp/aws\"]",
      "instances": [
        {
          "schema_version": 0,
          "attributes": {
            "carrier_gateway_id": "",
            "core_network_arn": "",
            "destination_cidr_block": "0.0.0.0/0",
            "destination_ipv6_cidr_block": "",
            "destination_prefix_list_id": "",
            "egress_only_gateway_id": "",
            "gateway_id": "igw-07fcebc748995eab9",
            "id": "r-rtb-0c966fb89e6f46fa61080289494",
            "instance_id": "",
            "instance_owner_id": "",
            "local_gateway_id": "",
            "nat_gateway_id": "",
            "network_interface_id": "",
            "origin": "CreateRoute",
            "route_table_id": "rtb-0c966fb89e6f46fa6",
            "state": "active",
            "timeouts": null,
            "transit_gateway_id": "",
            "vpc_endpoint_id": "",
            "vpc_peering_connection_id": ""
          },
          "sensitive_attributes": [],
          "identity_schema_version": 0,
          "private": "eyJlMmJmYjczMC1lY2FhLTExZTYtOGY4OC0zNDM2M2JjN2M0YzAiOnsiY3JlYXRlIjozMDAwMDAwMDAwMDAsImRlbGV0ZSI6MzAwMDAwMDAwMDAwLCJ1cGRhdGUiOjEyMDAwMDAwMDAwMH19",
          "dependencies": [
            "module.vpc.aws_internet_gateway.igw",
            "module.vpc.aws_route_table.public",
            "module.vpc.aws_vpc.vpc1"
          ]
        }
      ]
    },
    {
      "module": "module.vpc",
      "mode": "managed",
      "type": "aws_route_table",
      "name": "private",
      "provider": "provider[\"registry.terraform.io/hashicorp/aws\"]",
      "instances": [
        {
          "schema_version": 0,
          "attributes": {
            "arn": "arn:aws:ec2:ap-northeast-2:727646470302:route-table/rtb-0b786187a247a8723",
            "id": "rtb-0b786187a247a8723",
            "owner_id": "727646470302",
            "propagating_vgws": [],
            "route": [],
            "tags": {
              "Name": "vpc1-private-rt"
            },
            "tags_all": {
              "Name": "vpc1-private-rt"
            },
            "timeouts": null,
            "vpc_id": "vpc-04432bd332f62ec7f"
          },
          "sensitive_attributes": [],
          "identity_schema_version": 0,
          "private": "eyJlMmJmYjczMC1lY2FhLTExZTYtOGY4OC0zNDM2M2JjN2M0YzAiOnsiY3JlYXRlIjozMDAwMDAwMDAwMDAsImRlbGV0ZSI6MzAwMDAwMDAwMDAwLCJ1cGRhdGUiOjEyMDAwMDAwMDAwMH19",
          "dependencies": [
            "module.vpc.aws_vpc.vpc1"
          ]
        }
      ]
    },
    {
      "module": "module.vpc",
      "mode": "managed",
      "type": "aws_route_table",
      "name": "public",
      "provider": "provider[\"registry.terraform.io/hashicorp/aws\"]",
      "instances": [
        {
          "schema_version": 0,
          "attributes": {
            "arn": "arn:aws:ec2:ap-northeast-2:727646470302:route-table/rtb-0c966fb89e6f46fa6",
            "id": "rtb-0c966fb89e6f46fa6",
            "owner_id": "727646470302",
            "propagating_vgws": [],
            "route": [],
            "tags": {
              "Name": "vpc1-public-rt"
            },
            "tags_all": {
              "Name": "vpc1-public-rt"
            },
            "timeouts": null,
            "vpc_id": "vpc-04432bd332f62ec7f"
          },
          "sensitive_attributes": [],
          "identity_schema_version": 0,
          "private": "eyJlMmJmYjczMC1lY2FhLTExZTYtOGY4OC0zNDM2M2JjN2M0YzAiOnsiY3JlYXRlIjozMDAwMDAwMDAwMDAsImRlbGV0ZSI6MzAwMDAwMDAwMDAwLCJ1cGRhdGUiOjEyMDAwMDAwMDAwMH19",
          "dependencies": [
            "module.vpc.aws_vpc.vpc1"
          ]
        }
      ]
    },
    {
      "module": "module.vpc",
      "mode": "managed",
      "type": "aws_route_table_association",
      "name": "private_assoc",
      "provider": "provider[\"registry.terraform.io/hashicorp/aws\"]",
      "instances": [
        {
          "schema_version": 0,
          "attributes": {
            "gateway_id": "",
            "id": "rtbassoc-0b95bfc0eced0e203",
            "route_table_id": "rtb-0b786187a247a8723",
            "subnet_id": "subnet-07013c8fc6e9ed34d",
            "timeouts": null
          },
          "sensitive_attributes": [],
          "identity_schema_version": 0,
          "private": "eyJlMmJmYjczMC1lY2FhLTExZTYtOGY4OC0zNDM2M2JjN2M0YzAiOnsiY3JlYXRlIjozMDAwMDAwMDAwMDAsImRlbGV0ZSI6MzAwMDAwMDAwMDAwLCJ1cGRhdGUiOjEyMDAwMDAwMDAwMH19",
          "dependencies": [
            "module.vpc.aws_route_table.private",
            "module.vpc.aws_subnet.private1",
            "module.vpc.aws_vpc.vpc1"
          ]
        }
      ]
    },
    {
      "module": "module.vpc",
      "mode": "managed",
      "type": "aws_route_table_association",
      "name": "private_assoc2",
      "provider": "provider[\"registry.terraform.io/hashicorp/aws\"]",
      "instances": [
        {
          "schema_version": 0,
          "attributes": {
            "gateway_id": "",
            "id": "rtbassoc-0664d9afbe8d04275",
            "route_table_id": "rtb-0b786187a247a8723",
            "subnet_id": "subnet-08c686dba1aeadfd2",
            "timeouts": null
          },
          "sensitive_attributes": [],
          "identity_schema_version": 0,
          "private": "eyJlMmJmYjczMC1lY2FhLTExZTYtOGY4OC0zNDM2M2JjN2M0YzAiOnsiY3JlYXRlIjozMDAwMDAwMDAwMDAsImRlbGV0ZSI6MzAwMDAwMDAwMDAwLCJ1cGRhdGUiOjEyMDAwMDAwMDAwMH19",
          "dependencies": [
            "module.vpc.aws_route_table.private",
            "module.vpc.aws_subnet.private2",
            "module.vpc.aws_vpc.vpc1"
          ]
        }
      ]
    },
    {
      "module": "module.vpc",
      "mode": "managed",
      "type": "aws_route_table_association",
      "name": "private_assoc3",
      "provider": "provider[\"registry.terraform.io/hashicorp/aws\"]",
      "instances": [
        {
          "schema_version": 0,
          "attributes": {
            "gateway_id": "",
            "id": "rtbassoc-09f03f9336280ea51",
            "route_table_id": "rtb-0b786187a247a8723",
            "subnet_id": "subnet-0da1cda3f25cfe65c",
            "timeouts": null
          },
          "sensitive_attributes": [],
          "identity_schema_version": 0,
          "private": "eyJlMmJmYjczMC1lY2FhLTExZTYtOGY4OC0zNDM2M2JjN2M0YzAiOnsiY3JlYXRlIjozMDAwMDAwMDAwMDAsImRlbGV0ZSI6MzAwMDAwMDAwMDAwLCJ1cGRhdGUiOjEyMDAwMDAwMDAwMH19",
          "dependencies": [
            "module.vpc.aws_route_table.private",
            "module.vpc.aws_subnet.private3",
            "module.vpc.aws_vpc.vpc1"
          ]
        }
      ]
    },
    {
      "module": "module.vpc",
      "mode": "managed",
      "type": "aws_route_table_association",
      "name": "private_assoc4",
      "provider": "provider[\"registry.terraform.io/hashicorp/aws\"]",
      "instances": [
        {
          "schema_version": 0,
          "attributes": {
            "gateway_id": "",
            "id": "rtbassoc-070f953b1b46cd395",
            "route_table_id": "rtb-0b786187a247a8723",
            "subnet_id": "subnet-0ef3ed84d2043a802",
            "timeouts": null
          },
          "sensitive_attributes": [],
          "identity_schema_version": 0,
          "private": "eyJlMmJmYjczMC1lY2FhLTExZTYtOGY4OC0zNDM2M2JjN2M0YzAiOnsiY3JlYXRlIjozMDAwMDAwMDAwMDAsImRlbGV0ZSI6MzAwMDAwMDAwMDAwLCJ1cGRhdGUiOjEyMDAwMDAwMDAwMH19",
          "dependencies": [
            "module.vpc.aws_route_table.private",
            "module.vpc.aws_subnet.private4",
            "module.vpc.aws_vpc.vpc1"
          ]
        }
      ]
    },
    {
      "module": "module.vpc",
      "mode": "managed",
      "type": "aws_route_table_association",
      "name": "public_assoc",
      "provider": "provider[\"registry.terraform.io/hashicorp/aws\"]",
      "instances": [
        {
          "schema_version": 0,
          "attributes": {
            "gateway_id": "",
            "id": "rtbassoc-022dbb63d704eb083",
            "route_table_id": "rtb-0c966fb89e6f46fa6",
            "subnet_id": "subnet-06566d47a40be37e3",
            "timeouts": null
          },
          "sensitive_attributes": [],
          "identity_schema_version": 0,
          "private": "eyJlMmJmYjczMC1lY2FhLTExZTYtOGY4OC0zNDM2M2JjN2M0YzAiOnsiY3JlYXRlIjozMDAwMDAwMDAwMDAsImRlbGV0ZSI6MzAwMDAwMDAwMDAwLCJ1cGRhdGUiOjEyMDAwMDAwMDAwMH19",
          "dependencies": [
            "module.vpc.aws_route_table.public",
            "module.vpc.aws_subnet.public1",
            "module.vpc.aws_vpc.vpc1"
          ]
        }
      ]
    },
    {
      "module": "module.vpc",
      "mode": "managed",
      "type": "aws_subnet",
      "name": "private1",
      "provider": "provider[\"registry.terraform.io/hashicorp/aws\"]",
      "instances": [
        {
          "schema_version": 1,
          "attributes": {
            "arn": "arn:aws:ec2:ap-northeast-2:727646470302:subnet/subnet-07013c8fc6e9ed34d",
            "assign_ipv6_address_on_creation": false,
            "availability_zone": "ap-northeast-2a",
            "availability_zone_id": "apne2-az1",
            "cidr_block": "10.0.2.0/24",
            "customer_owned_ipv4_pool": "",
            "enable_dns64": false,
            "enable_lni_at_device_index": 0,
            "enable_resource_name_dns_a_record_on_launch": false,
            "enable_resource_name_dns_aaaa_record_on_launch": false,
            "id": "subnet-07013c8fc6e9ed34d",
            "ipv6_cidr_block": "",
            "ipv6_cidr_block_association_id": "",
            "ipv6_native": false,
            "map_customer_owned_ip_on_launch": false,
            "map_public_ip_on_launch": false,
            "outpost_arn": "",
            "owner_id": "727646470302",
            "private_dns_hostname_type_on_launch": "ip-name",
            "tags": {
              "Name": "vpc1-private1-a"
            },
            "tags_all": {
              "Name": "vpc1-private1-a"
            },
            "timeouts": null,
            "vpc_id": "vpc-04432bd332f62ec7f"
          },
          "sensitive_attributes": [],
          "identity_schema_version": 0,
          "private": "eyJlMmJmYjczMC1lY2FhLTExZTYtOGY4OC0zNDM2M2JjN2M0YzAiOnsiY3JlYXRlIjo2MDAwMDAwMDAwMDAsImRlbGV0ZSI6MTIwMDAwMDAwMDAwMH0sInNjaGVtYV92ZXJzaW9uIjoiMSJ9",
          "dependencies": [
            "module.vpc.aws_vpc.vpc1"
          ],
          "create_before_destroy": true
        }
      ]
    },
    {
      "module": "module.vpc",
      "mode": "managed",
      "type": "aws_subnet",
      "name": "private2",
      "provider": "provider[\"registry.terraform.io/hashicorp/aws\"]",
      "instances": [
        {
          "schema_version": 1,
          "attributes": {
            "arn": "arn:aws:ec2:ap-northeast-2:727646470302:subnet/subnet-08c686dba1aeadfd2",
            "assign_ipv6_address_on_creation": false,
            "availability_zone": "ap-northeast-2b",
            "availability_zone_id": "apne2-az2",
            "cidr_block": "10.0.3.0/24",
            "customer_owned_ipv4_pool": "",
            "enable_dns64": false,
            "enable_lni_at_device_index": 0,
            "enable_resource_name_dns_a_record_on_launch": false,
            "enable_resource_name_dns_aaaa_record_on_launch": false,
            "id": "subnet-08c686dba1aeadfd2",
            "ipv6_cidr_block": "",
            "ipv6_cidr_block_association_id": "",
            "ipv6_native": false,
            "map_customer_owned_ip_on_launch": false,
            "map_public_ip_on_launch": false,
            "outpost_arn": "",
            "owner_id": "727646470302",
            "private_dns_hostname_type_on_launch": "ip-name",
            "tags": {
              "Name": "vpc1-private1-b"
            },
            "tags_all": {
              "Name": "vpc1-private1-b"
            },
            "timeouts": null,
            "vpc_id": "vpc-04432bd332f62ec7f"
          },
          "sensitive_attributes": [],
          "identity_schema_version": 0,
          "private": "eyJlMmJmYjczMC1lY2FhLTExZTYtOGY4OC0zNDM2M2JjN2M0YzAiOnsiY3JlYXRlIjo2MDAwMDAwMDAwMDAsImRlbGV0ZSI6MTIwMDAwMDAwMDAwMH0sInNjaGVtYV92ZXJzaW9uIjoiMSJ9",
          "dependencies": [
            "module.vpc.aws_vpc.vpc1"
          ],
          "create_before_destroy": true
        }
      ]
    },
    {
      "module": "module.vpc",
      "mode": "managed",
      "type": "aws_subnet",
      "name": "private3",
      "provider": "provider[\"registry.terraform.io/hashicorp/aws\"]",
      "instances": [
        {
          "schema_version": 1,
          "attributes": {
            "arn": "arn:aws:ec2:ap-northeast-2:727646470302:subnet/subnet-0da1cda3f25cfe65c",
            "assign_ipv6_address_on_creation": false,
            "availability_zone": "ap-northeast-2c",
            "availability_zone_id": "apne2-az3",
            "cidr_block": "10.0.4.0/24",
            "customer_owned_ipv4_pool": "",
            "enable_dns64": false,
            "enable_lni_at_device_index": 0,
            "enable_resource_name_dns_a_record_on_launch": false,
            "enable_resource_name_dns_aaaa_record_on_launch": false,
            "id": "subnet-0da1cda3f25cfe65c",
            "ipv6_cidr_block": "",
            "ipv6_cidr_block_association_id": "",
            "ipv6_native": false,
            "map_customer_owned_ip_on_launch": false,
            "map_public_ip_on_launch": false,
            "outpost_arn": "",
            "owner_id": "727646470302",
            "private_dns_hostname_type_on_launch": "ip-name",
            "tags": {
              "Name": "vpc1-private1-c"
            },
            "tags_all": {
              "Name": "vpc1-private1-c"
            },
            "timeouts": null,
            "vpc_id": "vpc-04432bd332f62ec7f"
          },
          "sensitive_attributes": [],
          "identity_schema_version": 0,
          "private": "eyJlMmJmYjczMC1lY2FhLTExZTYtOGY4OC0zNDM2M2JjN2M0YzAiOnsiY3JlYXRlIjo2MDAwMDAwMDAwMDAsImRlbGV0ZSI6MTIwMDAwMDAwMDAwMH0sInNjaGVtYV92ZXJzaW9uIjoiMSJ9",
          "dependencies": [
            "module.vpc.aws_vpc.vpc1"
          ],
          "create_before_destroy": true
        }
      ]
    },
    {
      "module": "module.vpc",
      "mode": "managed",
      "type": "aws_subnet",
      "name": "private4",
      "provider": "provider[\"registry.terraform.io/hashicorp/aws\"]",
      "instances": [
        {
          "schema_version": 1,
          "attributes": {
            "arn": "arn:aws:ec2:ap-northeast-2:727646470302:subnet/subnet-0ef3ed84d2043a802",
            "assign_ipv6_address_on_creation": false,
            "availability_zone": "ap-northeast-2d",
            "availability_zone_id": "apne2-az4",
            "cidr_block": "10.0.5.0/24",
            "customer_owned_ipv4_pool": "",
            "enable_dns64": false,
            "enable_lni_at_device_index": 0,
            "enable_resource_name_dns_a_record_on_launch": false,
            "enable_resource_name_dns_aaaa_record_on_launch": false,
            "id": "subnet-0ef3ed84d2043a802",
            "ipv6_cidr_block": "",
            "ipv6_cidr_block_association_id": "",
            "ipv6_native": false,
            "map_customer_owned_ip_on_launch": false,
            "map_public_ip_on_launch": false,
            "outpost_arn": "",
            "owner_id": "727646470302",
            "private_dns_hostname_type_on_launch": "ip-name",
            "tags": {
              "Name": "vpc1-private1-d"
            },
            "tags_all": {
              "Name": "vpc1-private1-d"
            },
            "timeouts": null,
            "vpc_id": "vpc-04432bd332f62ec7f"
          },
          "sensitive_attributes": [],
          "identity_schema_version": 0,
          "private": "eyJlMmJmYjczMC1lY2FhLTExZTYtOGY4OC0zNDM2M2JjN2M0YzAiOnsiY3JlYXRlIjo2MDAwMDAwMDAwMDAsImRlbGV0ZSI6MTIwMDAwMDAwMDAwMH0sInNjaGVtYV92ZXJzaW9uIjoiMSJ9",
          "dependencies": [
            "module.vpc.aws_vpc.vpc1"
          ],
          "create_before_destroy": true
        }
      ]
    },
    {
      "module": "module.vpc",
      "mode": "managed",
      "type": "aws_subnet",
      "name": "public1",
      "provider": "provider[\"registry.terraform.io/hashicorp/aws\"]",
      "instances": [
        {
          "schema_version": 1,
          "attributes": {
            "arn": "arn:aws:ec2:ap-northeast-2:727646470302:subnet/subnet-06566d47a40be37e3",
            "assign_ipv6_address_on_creation": false,
            "availability_zone": "ap-northeast-2a",
            "availability_zone_id": "apne2-az1",
            "cidr_block": "10.0.1.0/24",
            "customer_owned_ipv4_pool": "",
            "enable_dns64": false,
            "enable_lni_at_device_index": 0,
            "enable_resource_name_dns_a_record_on_launch": false,
            "enable_resource_name_dns_aaaa_record_on_launch": false,
            "id": "subnet-06566d47a40be37e3",
            "ipv6_cidr_block": "",
            "ipv6_cidr_block_association_id": "",
            "ipv6_native": false,
            "map_customer_owned_ip_on_launch": false,
            "map_public_ip_on_launch": true,
            "outpost_arn": "",
            "owner_id": "727646470302",
            "private_dns_hostname_type_on_launch": "ip-name",
            "tags": {
              "Name": "vpc1-public1"
            },
            "tags_all": {
              "Name": "vpc1-public1"
            },
            "timeouts": null,
            "vpc_id": "vpc-04432bd332f62ec7f"
          },
          "sensitive_attributes": [],
          "identity_schema_version": 0,
          "private": "eyJlMmJmYjczMC1lY2FhLTExZTYtOGY4OC0zNDM2M2JjN2M0YzAiOnsiY3JlYXRlIjo2MDAwMDAwMDAwMDAsImRlbGV0ZSI6MTIwMDAwMDAwMDAwMH0sInNjaGVtYV92ZXJzaW9uIjoiMSJ9",
          "dependencies": [
            "module.vpc.aws_vpc.vpc1"
          ]
        }
      ]
    },
    {
      "module": "module.vpc",
      "mode": "managed",
      "type": "aws_vpc",
      "name": "vpc1",
      "provider": "provider[\"registry.terraform.io/hashicorp/aws\"]",
      "instances": [
        {
          "schema_version": 1,
          "attributes": {
            "arn": "arn:aws:ec2:ap-northeast-2:727646470302:vpc/vpc-04432bd332f62ec7f",
            "assign_generated_ipv6_cidr_block": false,
            "cidr_block": "10.0.0.0/16",
            "default_network_acl_id": "acl-09b1808e1c00f5b9d",
            "default_route_table_id": "rtb-0842a4207db94ca58",
            "default_security_group_id": "sg-0937e3c5590b1725e",
            "dhcp_options_id": "dopt-0758a7b1fe190aea2",
            "enable_dns_hostnames": true,
            "enable_dns_support": true,
            "enable_network_address_usage_metrics": false,
            "id": "vpc-04432bd332f62ec7f",
            "instance_tenancy": "default",
            "ipv4_ipam_pool_id": null,
            "ipv4_netmask_length": null,
            "ipv6_association_id": "",
            "ipv6_cidr_block": "",
            "ipv6_cidr_block_network_border_group": "",
            "ipv6_ipam_pool_id": "",
            "ipv6_netmask_length": 0,
            "main_route_table_id": "rtb-0842a4207db94ca58",
            "owner_id": "727646470302",
            "tags": {
              "Name": "vpc1"
            },
            "tags_all": {
              "Name": "vpc1"
            }
          },
          "sensitive_attributes": [],
          "identity_schema_version": 0,
          "private": "eyJzY2hlbWFfdmVyc2lvbiI6IjEifQ==",
          "create_before_destroy": true
        }
      ]
    },
    {
      "module": "module.vpc",
      "mode": "managed",
      "type": "aws_vpc_dhcp_options",
      "name": "dns",
      "provider": "provider[\"registry.terraform.io/hashicorp/aws\"]",
      "instances": [
        {
          "schema_version": 0,
          "attributes": {
            "arn": "arn:aws:ec2:ap-northeast-2:727646470302:dhcp-options/dopt-0650b61a50c57c18a",
            "domain_name": "ap-northeast-2.compute.internal",
            "domain_name_servers": [
              "AmazonProvidedDNS"
            ],
            "id": "dopt-0650b61a50c57c18a",
            "ipv6_address_preferred_lease_time": "",
            "netbios_name_servers": null,
            "netbios_node_type": "",
            "ntp_servers": null,
            "owner_id": "727646470302",
            "tags": {
              "Name": "vpc1-dns"
            },
            "tags_all": {
              "Name": "vpc1-dns"
            }
          },
          "sensitive_attributes": [],
          "identity_schema_version": 0,
          "private": "bnVsbA=="
        }
      ]
    },
    {
      "module": "module.vpc",
      "mode": "managed",
      "type": "aws_vpc_dhcp_options_association",
      "name": "dns",
      "provider": "provider[\"registry.terraform.io/hashicorp/aws\"]",
      "instances": [
        {
          "schema_version": 0,
          "attributes": {
            "dhcp_options_id": "dopt-0650b61a50c57c18a",
            "id": "dopt-0650b61a50c57c18a-vpc-04432bd332f62ec7f",
            "vpc_id": "vpc-04432bd332f62ec7f"
          },
          "sensitive_attributes": [],
          "identity_schema_version": 0,
          "private": "bnVsbA==",
          "dependencies": [
            "module.vpc.aws_vpc.vpc1",
            "module.vpc.aws_vpc_dhcp_options.dns"
          ]
        }
      ]
    }
  ],
  "check_results": [
    {
      "object_kind": "resource",
      "config_addr": "module.eks.module.eks_cluster.module.self_managed_node_group.module.user_data.null_resource.validate_cluster_service_cidr",
      "status": "pass",
      "objects": null
    },
    {
      "object_kind": "resource",
      "config_addr": "module.eks.module.eks_cluster.module.eks_managed_node_group.module.user_data.null_resource.validate_cluster_service_cidr",
      "status": "pass",
      "objects": [
        {
          "object_addr": "module.eks.module.eks_cluster.module.eks_managed_node_group[\"default\"].module.user_data.null_resource.validate_cluster_service_cidr",
          "status": "pass"
        }
      ]
    },
    {
      "object_kind": "var",
      "config_addr": "module.eks.module.eks_cluster.module.self_managed_node_group.var.platform",
      "status": "pass",
      "objects": null
    }
  ]
}
