{
  "version": 4,
  "terraform_version": "1.12.2",
  "serial": 91,
  "lineage": "b5771525-d9df-1b2d-950b-1ebfd0e6f25d",
  "outputs": {
    "eks_admin_role_arn": {
      "value": "arn:aws:iam::727646470302:role/eks-admin-role",
      "type": "string"
    },
    "eks_admin_role_name": {
      "value": "eks-admin-role",
      "type": "string"
    },
    "eks_cluster_endpoint": {
      "value": "https://F311CB422450FF54998B1DDAE5D26549.gr7.ap-northeast-2.eks.amazonaws.com",
      "type": "string"
    },
    "eks_cluster_kubeconfig_context": {
      "value": "arn:aws:eks:ap-northeast-2:727646470302:cluster/memo-eks-cluster",
      "type": "string"
    },
    "eks_cluster_name": {
      "value": "memo-eks-cluster",
      "type": "string"
    },
    "eks_cluster_security_group_id": {
      "value": "sg-0a9dca10eb11c801e",
      "type": "string"
    },
    "redis_port": {
      "value": 6379,
      "type": "number"
    },
    "redis_release_name": {
      "value": null,
      "type": "string"
    },
    "redis_status": {
      "value": null,
      "type": "string"
    }
  },
  "resources": [
    {
      "mode": "data",
      "type": "aws_caller_identity",
      "name": "current",
      "provider": "provider[\"registry.terraform.io/hashicorp/aws\"]",
      "instances": [
        {
          "schema_version": 0,
          "attributes": {
            "account_id": "727646470302",
            "arn": "arn:aws:iam::727646470302:user/lion3team04",
            "id": "727646470302",
            "user_id": "AIDA2S2Y4ACPKEECA2RJ5"
          },
          "sensitive_attributes": [],
          "identity_schema_version": 0
        }
      ]
    },
    {
      "mode": "data",
      "type": "aws_eks_cluster_auth",
      "name": "cluster",
      "provider": "provider[\"registry.terraform.io/hashicorp/aws\"]",
      "instances": [
        {
          "schema_version": 0,
          "attributes": {
            "id": "memo-eks-cluster",
            "name": "memo-eks-cluster",
            "token": "k8s-aws-v1.aHR0cHM6Ly9zdHMuYXAtbm9ydGhlYXN0LTIuYW1hem9uYXdzLmNvbS8_QWN0aW9uPUdldENhbGxlcklkZW50aXR5JlZlcnNpb249MjAxMS0wNi0xNSZYLUFtei1BbGdvcml0aG09QVdTNC1ITUFDLVNIQTI1NiZYLUFtei1DcmVkZW50aWFsPUFLSUEyUzJZNEFDUEg3SUZXSzdVJTJGMjAyNTA3MTQlMkZhcC1ub3J0aGVhc3QtMiUyRnN0cyUyRmF3czRfcmVxdWVzdCZYLUFtei1EYXRlPTIwMjUwNzE0VDA5MzQwN1omWC1BbXotRXhwaXJlcz0wJlgtQW16LVNpZ25lZEhlYWRlcnM9aG9zdCUzQngtazhzLWF3cy1pZCZYLUFtei1TaWduYXR1cmU9MGUzNjg2ZWNiNmMyMDk3ZGY5NmExYjFlZTFjOTRlNzU1MGJkZDE1OGE3NTEwYzhiZmRkNzU3ZTJkZjA4NWZiNA"
          },
          "sensitive_attributes": [
            [
              {
                "type": "get_attr",
                "value": "token"
              }
            ]
          ],
          "identity_schema_version": 0
        }
      ]
    },
    {
      "module": "module.ebs_csi_driver",
      "mode": "managed",
      "type": "aws_iam_role",
      "name": "ebs_csi_role",
      "provider": "provider[\"registry.terraform.io/hashicorp/aws\"]",
      "instances": [
        {
          "schema_version": 0,
          "attributes": {
            "arn": "arn:aws:iam::727646470302:role/AmazonEKS_EBS_CSI_DriverRole",
            "assume_role_policy": "{\"Statement\":[{\"Action\":\"sts:AssumeRoleWithWebIdentity\",\"Condition\":{\"StringEquals\":{\"oidc.eks.ap-northeast-2.amazonaws.com/id/F311CB422450FF54998B1DDAE5D26549:sub\":\"system:serviceaccount:kube-system:ebs-csi-controller-sa\"}},\"Effect\":\"Allow\",\"Principal\":{\"Federated\":\"arn:aws:iam::727646470302:oidc-provider/oidc.eks.ap-northeast-2.amazonaws.com/id/F311CB422450FF54998B1DDAE5D26549\"}}],\"Version\":\"2012-10-17\"}",
            "create_date": "2025-07-14T09:26:29Z",
            "description": "",
            "force_detach_policies": false,
            "id": "AmazonEKS_EBS_CSI_DriverRole",
            "inline_policy": [],
            "managed_policy_arns": [],
            "max_session_duration": 3600,
            "name": "AmazonEKS_EBS_CSI_DriverRole",
            "name_prefix": "",
            "path": "/",
            "permissions_boundary": "",
            "tags": null,
            "tags_all": {},
            "unique_id": "AROA2S2Y4ACPMQF3VGLJX"
          },
          "sensitive_attributes": [],
          "identity_schema_version": 0,
          "private": "bnVsbA==",
          "dependencies": [
            "module.eks.module.eks_cluster.aws_cloudwatch_log_group.this",
            "module.eks.module.eks_cluster.aws_eks_cluster.this",
            "module.eks.module.eks_cluster.aws_iam_openid_connect_provider.oidc_provider",
            "module.eks.module.eks_cluster.aws_iam_policy.cni_ipv6_policy",
            "module.eks.module.eks_cluster.aws_iam_role.eks_auto",
            "module.eks.module.eks_cluster.aws_iam_role.this",
            "module.eks.module.eks_cluster.aws_iam_role_policy_attachment.this",
            "module.eks.module.eks_cluster.aws_security_group.cluster",
            "module.eks.module.eks_cluster.aws_security_group.node",
            "module.eks.module.eks_cluster.aws_security_group_rule.cluster",
            "module.eks.module.eks_cluster.aws_security_group_rule.node",
            "module.eks.module.eks_cluster.data.aws_caller_identity.current",
            "module.eks.module.eks_cluster.data.aws_iam_policy_document.assume_role_policy",
            "module.eks.module.eks_cluster.data.aws_iam_policy_document.cni_ipv6_policy",
            "module.eks.module.eks_cluster.data.aws_iam_policy_document.node_assume_role_policy",
            "module.eks.module.eks_cluster.data.aws_iam_session_context.current",
            "module.eks.module.eks_cluster.data.aws_partition.current",
            "module.eks.module.eks_cluster.data.tls_certificate.this",
            "module.eks.module.eks_cluster.module.kms.aws_kms_external_key.this",
            "module.eks.module.eks_cluster.module.kms.aws_kms_key.this",
            "module.eks.module.eks_cluster.module.kms.aws_kms_replica_external_key.this",
            "module.eks.module.eks_cluster.module.kms.aws_kms_replica_key.this",
            "module.eks.module.eks_cluster.module.kms.data.aws_caller_identity.current",
            "module.eks.module.eks_cluster.module.kms.data.aws_iam_policy_document.this",
            "module.eks.module.eks_cluster.module.kms.data.aws_partition.current",
            "module.vpc.aws_subnet.private1",
            "module.vpc.aws_subnet.private2",
            "module.vpc.aws_subnet.private3",
            "module.vpc.aws_subnet.private4",
            "module.vpc.aws_vpc.vpc1"
          ]
        }
      ]
    },
    {
      "module": "module.ebs_csi_driver",
      "mode": "managed",
      "type": "aws_iam_role_policy_attachment",
      "name": "ebs_csi_policy",
      "provider": "provider[\"registry.terraform.io/hashicorp/aws\"]",
      "instances": [
        {
          "schema_version": 0,
          "attributes": {
            "id": "AmazonEKS_EBS_CSI_DriverRole-20250714092630775200000014",
            "policy_arn": "arn:aws:iam::aws:policy/service-role/AmazonEBSCSIDriverPolicy",
            "role": "AmazonEKS_EBS_CSI_DriverRole"
          },
          "sensitive_attributes": [],
          "identity_schema_version": 0,
          "private": "bnVsbA==",
          "dependencies": [
            "module.ebs_csi_driver.aws_iam_role.ebs_csi_role",
            "module.eks.module.eks_cluster.aws_cloudwatch_log_group.this",
            "module.eks.module.eks_cluster.aws_eks_cluster.this",
            "module.eks.module.eks_cluster.aws_iam_openid_connect_provider.oidc_provider",
            "module.eks.module.eks_cluster.aws_iam_policy.cni_ipv6_policy",
            "module.eks.module.eks_cluster.aws_iam_role.eks_auto",
            "module.eks.module.eks_cluster.aws_iam_role.this",
            "module.eks.module.eks_cluster.aws_iam_role_policy_attachment.this",
            "module.eks.module.eks_cluster.aws_security_group.cluster",
            "module.eks.module.eks_cluster.aws_security_group.node",
            "module.eks.module.eks_cluster.aws_security_group_rule.cluster",
            "module.eks.module.eks_cluster.aws_security_group_rule.node",
            "module.eks.module.eks_cluster.data.aws_caller_identity.current",
            "module.eks.module.eks_cluster.data.aws_iam_policy_document.assume_role_policy",
            "module.eks.module.eks_cluster.data.aws_iam_policy_document.cni_ipv6_policy",
            "module.eks.module.eks_cluster.data.aws_iam_policy_document.node_assume_role_policy",
            "module.eks.module.eks_cluster.data.aws_iam_session_context.current",
            "module.eks.module.eks_cluster.data.aws_partition.current",
            "module.eks.module.eks_cluster.data.tls_certificate.this",
            "module.eks.module.eks_cluster.module.kms.aws_kms_external_key.this",
            "module.eks.module.eks_cluster.module.kms.aws_kms_key.this",
            "module.eks.module.eks_cluster.module.kms.aws_kms_replica_external_key.this",
            "module.eks.module.eks_cluster.module.kms.aws_kms_replica_key.this",
            "module.eks.module.eks_cluster.module.kms.data.aws_caller_identity.current",
            "module.eks.module.eks_cluster.module.kms.data.aws_iam_policy_document.this",
            "module.eks.module.eks_cluster.module.kms.data.aws_partition.current",
            "module.vpc.aws_subnet.private1",
            "module.vpc.aws_subnet.private2",
            "module.vpc.aws_subnet.private3",
            "module.vpc.aws_subnet.private4",
            "module.vpc.aws_vpc.vpc1"
          ]
        }
      ]
    },
    {
      "module": "module.ec2",
      "mode": "managed",
      "type": "aws_eip",
      "name": "nat_eip",
      "provider": "provider[\"registry.terraform.io/hashicorp/aws\"]",
      "instances": [
        {
          "schema_version": 0,
          "attributes": {
            "address": null,
            "allocation_id": "eipalloc-0f8f6052a3e845b41",
            "arn": "arn:aws:ec2:ap-northeast-2:727646470302:elastic-ip/eipalloc-0f8f6052a3e845b41",
            "associate_with_private_ip": null,
            "association_id": "",
            "carrier_ip": "",
            "customer_owned_ip": "",
            "customer_owned_ipv4_pool": "",
            "domain": "vpc",
            "id": "eipalloc-0f8f6052a3e845b41",
            "instance": "",
            "ipam_pool_id": null,
            "network_border_group": "ap-northeast-2",
            "network_interface": "",
            "private_dns": null,
            "private_ip": "",
            "ptr_record": "",
            "public_dns": "ec2-43-200-66-187.ap-northeast-2.compute.amazonaws.com",
            "public_ip": "43.200.66.187",
            "public_ipv4_pool": "amazon",
            "tags": {
              "Name": "vpc1-nat-eip"
            },
            "tags_all": {
              "Name": "vpc1-nat-eip"
            },
            "timeouts": null,
            "vpc": true
          },
          "sensitive_attributes": [],
          "identity_schema_version": 0,
          "private": "eyJlMmJmYjczMC1lY2FhLTExZTYtOGY4OC0zNDM2M2JjN2M0YzAiOnsiZGVsZXRlIjoxODAwMDAwMDAwMDAsInJlYWQiOjkwMDAwMDAwMDAwMCwidXBkYXRlIjozMDAwMDAwMDAwMDB9fQ=="
        }
      ]
    },
    {
      "module": "module.ec2",
      "mode": "managed",
      "type": "aws_internet_gateway",
      "name": "igw",
      "provider": "provider[\"registry.terraform.io/hashicorp/aws\"]",
      "instances": [
        {
          "schema_version": 0,
          "attributes": {
            "arn": "arn:aws:ec2:ap-northeast-2:727646470302:internet-gateway/igw-079f0d3053f073ee5",
            "id": "igw-079f0d3053f073ee5",
            "owner_id": "727646470302",
            "tags": {
              "Name": "vpc1-igw"
            },
            "tags_all": {
              "Name": "vpc1-igw"
            },
            "timeouts": null,
            "vpc_id": "vpc-021b56e85ad2cd998"
          },
          "sensitive_attributes": [],
          "identity_schema_version": 0,
          "private": "eyJlMmJmYjczMC1lY2FhLTExZTYtOGY4OC0zNDM2M2JjN2M0YzAiOnsiY3JlYXRlIjoxMjAwMDAwMDAwMDAwLCJkZWxldGUiOjEyMDAwMDAwMDAwMDAsInVwZGF0ZSI6MTIwMDAwMDAwMDAwMH19",
          "dependencies": [
            "module.ec2.aws_vpc.vpc1"
          ]
        }
      ]
    },
    {
      "module": "module.ec2",
      "mode": "managed",
      "type": "aws_nat_gateway",
      "name": "nat",
      "provider": "provider[\"registry.terraform.io/hashicorp/aws\"]",
      "instances": [
        {
          "schema_version": 0,
          "attributes": {
            "allocation_id": "eipalloc-0f8f6052a3e845b41",
            "association_id": "eipassoc-099000162715884fd",
            "connectivity_type": "public",
            "id": "nat-064dfd6edd3510538",
            "network_interface_id": "eni-0ef25d5349c110152",
            "private_ip": "10.0.1.13",
            "public_ip": "43.200.66.187",
            "secondary_allocation_ids": null,
            "secondary_private_ip_address_count": 0,
            "secondary_private_ip_addresses": [],
            "subnet_id": "subnet-065d830399d381720",
            "tags": {
              "Name": "vpc1-nat"
            },
            "tags_all": {
              "Name": "vpc1-nat"
            },
            "timeouts": null
          },
          "sensitive_attributes": [],
          "identity_schema_version": 0,
          "private": "eyJlMmJmYjczMC1lY2FhLTExZTYtOGY4OC0zNDM2M2JjN2M0YzAiOnsiY3JlYXRlIjo2MDAwMDAwMDAwMDAsImRlbGV0ZSI6MTgwMDAwMDAwMDAwMCwidXBkYXRlIjo2MDAwMDAwMDAwMDB9fQ==",
          "dependencies": [
            "module.ec2.aws_eip.nat_eip",
            "module.ec2.aws_internet_gateway.igw",
            "module.ec2.aws_subnet.public1",
            "module.ec2.aws_vpc.vpc1"
          ]
        }
      ]
    },
    {
      "module": "module.ec2",
      "mode": "managed",
      "type": "aws_route",
      "name": "private_nat_access",
      "provider": "provider[\"registry.terraform.io/hashicorp/aws\"]",
      "instances": [
        {
          "schema_version": 0,
          "attributes": {
            "carrier_gateway_id": "",
            "core_network_arn": "",
            "destination_cidr_block": "0.0.0.0/0",
            "destination_ipv6_cidr_block": "",
            "destination_prefix_list_id": "",
            "egress_only_gateway_id": "",
            "gateway_id": "",
            "id": "r-rtb-0521d821f610113f01080289494",
            "instance_id": "",
            "instance_owner_id": "",
            "local_gateway_id": "",
            "nat_gateway_id": "nat-064dfd6edd3510538",
            "network_interface_id": "",
            "origin": "CreateRoute",
            "route_table_id": "rtb-0521d821f610113f0",
            "state": "active",
            "timeouts": null,
            "transit_gateway_id": "",
            "vpc_endpoint_id": "",
            "vpc_peering_connection_id": ""
          },
          "sensitive_attributes": [],
          "identity_schema_version": 0,
          "private": "eyJlMmJmYjczMC1lY2FhLTExZTYtOGY4OC0zNDM2M2JjN2M0YzAiOnsiY3JlYXRlIjozMDAwMDAwMDAwMDAsImRlbGV0ZSI6MzAwMDAwMDAwMDAwLCJ1cGRhdGUiOjEyMDAwMDAwMDAwMH19",
          "dependencies": [
            "module.ec2.aws_eip.nat_eip",
            "module.ec2.aws_internet_gateway.igw",
            "module.ec2.aws_nat_gateway.nat",
            "module.ec2.aws_route_table.private",
            "module.ec2.aws_subnet.public1",
            "module.ec2.aws_vpc.vpc1"
          ]
        }
      ]
    },
    {
      "module": "module.ec2",
      "mode": "managed",
      "type": "aws_route",
      "name": "public_internet_access",
      "provider": "provider[\"registry.terraform.io/hashicorp/aws\"]",
      "instances": [
        {
          "schema_version": 0,
          "attributes": {
            "carrier_gateway_id": "",
            "core_network_arn": "",
            "destination_cidr_block": "0.0.0.0/0",
            "destination_ipv6_cidr_block": "",
            "destination_prefix_list_id": "",
            "egress_only_gateway_id": "",
            "gateway_id": "igw-079f0d3053f073ee5",
            "id": "r-rtb-02b80c14a47246cbb1080289494",
            "instance_id": "",
            "instance_owner_id": "",
            "local_gateway_id": "",
            "nat_gateway_id": "",
            "network_interface_id": "",
            "origin": "CreateRoute",
            "route_table_id": "rtb-02b80c14a47246cbb",
            "state": "active",
            "timeouts": null,
            "transit_gateway_id": "",
            "vpc_endpoint_id": "",
            "vpc_peering_connection_id": ""
          },
          "sensitive_attributes": [],
          "identity_schema_version": 0,
          "private": "eyJlMmJmYjczMC1lY2FhLTExZTYtOGY4OC0zNDM2M2JjN2M0YzAiOnsiY3JlYXRlIjozMDAwMDAwMDAwMDAsImRlbGV0ZSI6MzAwMDAwMDAwMDAwLCJ1cGRhdGUiOjEyMDAwMDAwMDAwMH19",
          "dependencies": [
            "module.ec2.aws_internet_gateway.igw",
            "module.ec2.aws_route_table.public",
            "module.ec2.aws_vpc.vpc1"
          ]
        }
      ]
    },
    {
      "module": "module.ec2",
      "mode": "managed",
      "type": "aws_route_table",
      "name": "private",
      "provider": "provider[\"registry.terraform.io/hashicorp/aws\"]",
      "instances": [
        {
          "schema_version": 0,
          "attributes": {
            "arn": "arn:aws:ec2:ap-northeast-2:727646470302:route-table/rtb-0521d821f610113f0",
            "id": "rtb-0521d821f610113f0",
            "owner_id": "727646470302",
            "propagating_vgws": [],
            "route": [],
            "tags": {
              "Name": "vpc1-private-rt"
            },
            "tags_all": {
              "Name": "vpc1-private-rt"
            },
            "timeouts": null,
            "vpc_id": "vpc-021b56e85ad2cd998"
          },
          "sensitive_attributes": [],
          "identity_schema_version": 0,
          "private": "eyJlMmJmYjczMC1lY2FhLTExZTYtOGY4OC0zNDM2M2JjN2M0YzAiOnsiY3JlYXRlIjozMDAwMDAwMDAwMDAsImRlbGV0ZSI6MzAwMDAwMDAwMDAwLCJ1cGRhdGUiOjEyMDAwMDAwMDAwMH19",
          "dependencies": [
            "module.ec2.aws_vpc.vpc1"
          ]
        }
      ]
    },
    {
      "module": "module.ec2",
      "mode": "managed",
      "type": "aws_route_table",
      "name": "public",
      "provider": "provider[\"registry.terraform.io/hashicorp/aws\"]",
      "instances": [
        {
          "schema_version": 0,
          "attributes": {
            "arn": "arn:aws:ec2:ap-northeast-2:727646470302:route-table/rtb-02b80c14a47246cbb",
            "id": "rtb-02b80c14a47246cbb",
            "owner_id": "727646470302",
            "propagating_vgws": [],
            "route": [],
            "tags": {
              "Name": "vpc1-public-rt"
            },
            "tags_all": {
              "Name": "vpc1-public-rt"
            },
            "timeouts": null,
            "vpc_id": "vpc-021b56e85ad2cd998"
          },
          "sensitive_attributes": [],
          "identity_schema_version": 0,
          "private": "eyJlMmJmYjczMC1lY2FhLTExZTYtOGY4OC0zNDM2M2JjN2M0YzAiOnsiY3JlYXRlIjozMDAwMDAwMDAwMDAsImRlbGV0ZSI6MzAwMDAwMDAwMDAwLCJ1cGRhdGUiOjEyMDAwMDAwMDAwMH19",
          "dependencies": [
            "module.ec2.aws_vpc.vpc1"
          ]
        }
      ]
    },
    {
      "module": "module.ec2",
      "mode": "managed",
      "type": "aws_route_table_association",
      "name": "private_assoc",
      "provider": "provider[\"registry.terraform.io/hashicorp/aws\"]",
      "instances": [
        {
          "schema_version": 0,
          "attributes": {
            "gateway_id": "",
            "id": "rtbassoc-0ab7b421dcc31df0f",
            "route_table_id": "rtb-0521d821f610113f0",
            "subnet_id": "subnet-08774a0b1f3e9fae8",
            "timeouts": null
          },
          "sensitive_attributes": [],
          "identity_schema_version": 0,
          "private": "eyJlMmJmYjczMC1lY2FhLTExZTYtOGY4OC0zNDM2M2JjN2M0YzAiOnsiY3JlYXRlIjozMDAwMDAwMDAwMDAsImRlbGV0ZSI6MzAwMDAwMDAwMDAwLCJ1cGRhdGUiOjEyMDAwMDAwMDAwMH19",
          "dependencies": [
            "module.ec2.aws_route_table.private",
            "module.ec2.aws_subnet.private1",
            "module.ec2.aws_vpc.vpc1"
          ]
        }
      ]
    },
    {
      "module": "module.ec2",
      "mode": "managed",
      "type": "aws_route_table_association",
      "name": "private_assoc2",
      "provider": "provider[\"registry.terraform.io/hashicorp/aws\"]",
      "instances": [
        {
          "schema_version": 0,
          "attributes": {
            "gateway_id": "",
            "id": "rtbassoc-0b502bfdbd9fe93d5",
            "route_table_id": "rtb-0521d821f610113f0",
            "subnet_id": "subnet-06932263b155ddfc7",
            "timeouts": null
          },
          "sensitive_attributes": [],
          "identity_schema_version": 0,
          "private": "eyJlMmJmYjczMC1lY2FhLTExZTYtOGY4OC0zNDM2M2JjN2M0YzAiOnsiY3JlYXRlIjozMDAwMDAwMDAwMDAsImRlbGV0ZSI6MzAwMDAwMDAwMDAwLCJ1cGRhdGUiOjEyMDAwMDAwMDAwMH19",
          "dependencies": [
            "module.ec2.aws_route_table.private",
            "module.ec2.aws_subnet.private2",
            "module.ec2.aws_vpc.vpc1"
          ]
        }
      ]
    },
    {
      "module": "module.ec2",
      "mode": "managed",
      "type": "aws_route_table_association",
      "name": "private_assoc3",
      "provider": "provider[\"registry.terraform.io/hashicorp/aws\"]",
      "instances": [
        {
          "schema_version": 0,
          "attributes": {
            "gateway_id": "",
            "id": "rtbassoc-07c0ed858c8f26778",
            "route_table_id": "rtb-0521d821f610113f0",
            "subnet_id": "subnet-0830379fe31ce08b9",
            "timeouts": null
          },
          "sensitive_attributes": [],
          "identity_schema_version": 0,
          "private": "eyJlMmJmYjczMC1lY2FhLTExZTYtOGY4OC0zNDM2M2JjN2M0YzAiOnsiY3JlYXRlIjozMDAwMDAwMDAwMDAsImRlbGV0ZSI6MzAwMDAwMDAwMDAwLCJ1cGRhdGUiOjEyMDAwMDAwMDAwMH19",
          "dependencies": [
            "module.ec2.aws_route_table.private",
            "module.ec2.aws_subnet.private3",
            "module.ec2.aws_vpc.vpc1"
          ]
        }
      ]
    },
    {
      "module": "module.ec2",
      "mode": "managed",
      "type": "aws_route_table_association",
      "name": "private_assoc4",
      "provider": "provider[\"registry.terraform.io/hashicorp/aws\"]",
      "instances": [
        {
          "schema_version": 0,
          "attributes": {
            "gateway_id": "",
            "id": "rtbassoc-0e3de943493bf2356",
            "route_table_id": "rtb-0521d821f610113f0",
            "subnet_id": "subnet-0cfda03bd536171c9",
            "timeouts": null
          },
          "sensitive_attributes": [],
          "identity_schema_version": 0,
          "private": "eyJlMmJmYjczMC1lY2FhLTExZTYtOGY4OC0zNDM2M2JjN2M0YzAiOnsiY3JlYXRlIjozMDAwMDAwMDAwMDAsImRlbGV0ZSI6MzAwMDAwMDAwMDAwLCJ1cGRhdGUiOjEyMDAwMDAwMDAwMH19",
          "dependencies": [
            "module.ec2.aws_route_table.private",
            "module.ec2.aws_subnet.private4",
            "module.ec2.aws_vpc.vpc1"
          ]
        }
      ]
    },
    {
      "module": "module.ec2",
      "mode": "managed",
      "type": "aws_route_table_association",
      "name": "public_assoc",
      "provider": "provider[\"registry.terraform.io/hashicorp/aws\"]",
      "instances": [
        {
          "schema_version": 0,
          "attributes": {
            "gateway_id": "",
            "id": "rtbassoc-0daa70fbc2b5d74c4",
            "route_table_id": "rtb-02b80c14a47246cbb",
            "subnet_id": "subnet-065d830399d381720",
            "timeouts": null
          },
          "sensitive_attributes": [],
          "identity_schema_version": 0,
          "private": "eyJlMmJmYjczMC1lY2FhLTExZTYtOGY4OC0zNDM2M2JjN2M0YzAiOnsiY3JlYXRlIjozMDAwMDAwMDAwMDAsImRlbGV0ZSI6MzAwMDAwMDAwMDAwLCJ1cGRhdGUiOjEyMDAwMDAwMDAwMH19",
          "dependencies": [
            "module.ec2.aws_route_table.public",
            "module.ec2.aws_subnet.public1",
            "module.ec2.aws_vpc.vpc1"
          ]
        }
      ]
    },
    {
      "module": "module.ec2",
      "mode": "managed",
      "type": "aws_subnet",
      "name": "private1",
      "provider": "provider[\"registry.terraform.io/hashicorp/aws\"]",
      "instances": [
        {
          "schema_version": 1,
          "attributes": {
            "arn": "arn:aws:ec2:ap-northeast-2:727646470302:subnet/subnet-08774a0b1f3e9fae8",
            "assign_ipv6_address_on_creation": false,
            "availability_zone": "ap-northeast-2a",
            "availability_zone_id": "apne2-az1",
            "cidr_block": "10.0.2.0/24",
            "customer_owned_ipv4_pool": "",
            "enable_dns64": false,
            "enable_lni_at_device_index": 0,
            "enable_resource_name_dns_a_record_on_launch": false,
            "enable_resource_name_dns_aaaa_record_on_launch": false,
            "id": "subnet-08774a0b1f3e9fae8",
            "ipv6_cidr_block": "",
            "ipv6_cidr_block_association_id": "",
            "ipv6_native": false,
            "map_customer_owned_ip_on_launch": false,
            "map_public_ip_on_launch": false,
            "outpost_arn": "",
            "owner_id": "727646470302",
            "private_dns_hostname_type_on_launch": "ip-name",
            "tags": {
              "Name": "vpc1-private1-a"
            },
            "tags_all": {
              "Name": "vpc1-private1-a"
            },
            "timeouts": null,
            "vpc_id": "vpc-021b56e85ad2cd998"
          },
          "sensitive_attributes": [],
          "identity_schema_version": 0,
          "private": "eyJlMmJmYjczMC1lY2FhLTExZTYtOGY4OC0zNDM2M2JjN2M0YzAiOnsiY3JlYXRlIjo2MDAwMDAwMDAwMDAsImRlbGV0ZSI6MTIwMDAwMDAwMDAwMH0sInNjaGVtYV92ZXJzaW9uIjoiMSJ9",
          "dependencies": [
            "module.ec2.aws_vpc.vpc1"
          ]
        }
      ]
    },
    {
      "module": "module.ec2",
      "mode": "managed",
      "type": "aws_subnet",
      "name": "private2",
      "provider": "provider[\"registry.terraform.io/hashicorp/aws\"]",
      "instances": [
        {
          "schema_version": 1,
          "attributes": {
            "arn": "arn:aws:ec2:ap-northeast-2:727646470302:subnet/subnet-06932263b155ddfc7",
            "assign_ipv6_address_on_creation": false,
            "availability_zone": "ap-northeast-2b",
            "availability_zone_id": "apne2-az2",
            "cidr_block": "10.0.3.0/24",
            "customer_owned_ipv4_pool": "",
            "enable_dns64": false,
            "enable_lni_at_device_index": 0,
            "enable_resource_name_dns_a_record_on_launch": false,
            "enable_resource_name_dns_aaaa_record_on_launch": false,
            "id": "subnet-06932263b155ddfc7",
            "ipv6_cidr_block": "",
            "ipv6_cidr_block_association_id": "",
            "ipv6_native": false,
            "map_customer_owned_ip_on_launch": false,
            "map_public_ip_on_launch": false,
            "outpost_arn": "",
            "owner_id": "727646470302",
            "private_dns_hostname_type_on_launch": "ip-name",
            "tags": {
              "Name": "vpc1-private1-b"
            },
            "tags_all": {
              "Name": "vpc1-private1-b"
            },
            "timeouts": null,
            "vpc_id": "vpc-021b56e85ad2cd998"
          },
          "sensitive_attributes": [],
          "identity_schema_version": 0,
          "private": "eyJlMmJmYjczMC1lY2FhLTExZTYtOGY4OC0zNDM2M2JjN2M0YzAiOnsiY3JlYXRlIjo2MDAwMDAwMDAwMDAsImRlbGV0ZSI6MTIwMDAwMDAwMDAwMH0sInNjaGVtYV92ZXJzaW9uIjoiMSJ9",
          "dependencies": [
            "module.ec2.aws_vpc.vpc1"
          ]
        }
      ]
    },
    {
      "module": "module.ec2",
      "mode": "managed",
      "type": "aws_subnet",
      "name": "private3",
      "provider": "provider[\"registry.terraform.io/hashicorp/aws\"]",
      "instances": [
        {
          "schema_version": 1,
          "attributes": {
            "arn": "arn:aws:ec2:ap-northeast-2:727646470302:subnet/subnet-0830379fe31ce08b9",
            "assign_ipv6_address_on_creation": false,
            "availability_zone": "ap-northeast-2c",
            "availability_zone_id": "apne2-az3",
            "cidr_block": "10.0.4.0/24",
            "customer_owned_ipv4_pool": "",
            "enable_dns64": false,
            "enable_lni_at_device_index": 0,
            "enable_resource_name_dns_a_record_on_launch": false,
            "enable_resource_name_dns_aaaa_record_on_launch": false,
            "id": "subnet-0830379fe31ce08b9",
            "ipv6_cidr_block": "",
            "ipv6_cidr_block_association_id": "",
            "ipv6_native": false,
            "map_customer_owned_ip_on_launch": false,
            "map_public_ip_on_launch": false,
            "outpost_arn": "",
            "owner_id": "727646470302",
            "private_dns_hostname_type_on_launch": "ip-name",
            "tags": {
              "Name": "vpc1-private1-c"
            },
            "tags_all": {
              "Name": "vpc1-private1-c"
            },
            "timeouts": null,
            "vpc_id": "vpc-021b56e85ad2cd998"
          },
          "sensitive_attributes": [],
          "identity_schema_version": 0,
          "private": "eyJlMmJmYjczMC1lY2FhLTExZTYtOGY4OC0zNDM2M2JjN2M0YzAiOnsiY3JlYXRlIjo2MDAwMDAwMDAwMDAsImRlbGV0ZSI6MTIwMDAwMDAwMDAwMH0sInNjaGVtYV92ZXJzaW9uIjoiMSJ9",
          "dependencies": [
            "module.ec2.aws_vpc.vpc1"
          ]
        }
      ]
    },
    {
      "module": "module.ec2",
      "mode": "managed",
      "type": "aws_subnet",
      "name": "private4",
      "provider": "provider[\"registry.terraform.io/hashicorp/aws\"]",
      "instances": [
        {
          "schema_version": 1,
          "attributes": {
            "arn": "arn:aws:ec2:ap-northeast-2:727646470302:subnet/subnet-0cfda03bd536171c9",
            "assign_ipv6_address_on_creation": false,
            "availability_zone": "ap-northeast-2d",
            "availability_zone_id": "apne2-az4",
            "cidr_block": "10.0.5.0/24",
            "customer_owned_ipv4_pool": "",
            "enable_dns64": false,
            "enable_lni_at_device_index": 0,
            "enable_resource_name_dns_a_record_on_launch": false,
            "enable_resource_name_dns_aaaa_record_on_launch": false,
            "id": "subnet-0cfda03bd536171c9",
            "ipv6_cidr_block": "",
            "ipv6_cidr_block_association_id": "",
            "ipv6_native": false,
            "map_customer_owned_ip_on_launch": false,
            "map_public_ip_on_launch": false,
            "outpost_arn": "",
            "owner_id": "727646470302",
            "private_dns_hostname_type_on_launch": "ip-name",
            "tags": {
              "Name": "vpc1-private1-d"
            },
            "tags_all": {
              "Name": "vpc1-private1-d"
            },
            "timeouts": null,
            "vpc_id": "vpc-021b56e85ad2cd998"
          },
          "sensitive_attributes": [],
          "identity_schema_version": 0,
          "private": "eyJlMmJmYjczMC1lY2FhLTExZTYtOGY4OC0zNDM2M2JjN2M0YzAiOnsiY3JlYXRlIjo2MDAwMDAwMDAwMDAsImRlbGV0ZSI6MTIwMDAwMDAwMDAwMH0sInNjaGVtYV92ZXJzaW9uIjoiMSJ9",
          "dependencies": [
            "module.ec2.aws_vpc.vpc1"
          ]
        }
      ]
    },
    {
      "module": "module.ec2",
      "mode": "managed",
      "type": "aws_subnet",
      "name": "public1",
      "provider": "provider[\"registry.terraform.io/hashicorp/aws\"]",
      "instances": [
        {
          "schema_version": 1,
          "attributes": {
            "arn": "arn:aws:ec2:ap-northeast-2:727646470302:subnet/subnet-065d830399d381720",
            "assign_ipv6_address_on_creation": false,
            "availability_zone": "ap-northeast-2a",
            "availability_zone_id": "apne2-az1",
            "cidr_block": "10.0.1.0/24",
            "customer_owned_ipv4_pool": "",
            "enable_dns64": false,
            "enable_lni_at_device_index": 0,
            "enable_resource_name_dns_a_record_on_launch": false,
            "enable_resource_name_dns_aaaa_record_on_launch": false,
            "id": "subnet-065d830399d381720",
            "ipv6_cidr_block": "",
            "ipv6_cidr_block_association_id": "",
            "ipv6_native": false,
            "map_customer_owned_ip_on_launch": false,
            "map_public_ip_on_launch": true,
            "outpost_arn": "",
            "owner_id": "727646470302",
            "private_dns_hostname_type_on_launch": "ip-name",
            "tags": {
              "Name": "vpc1-public1"
            },
            "tags_all": {
              "Name": "vpc1-public1"
            },
            "timeouts": null,
            "vpc_id": "vpc-021b56e85ad2cd998"
          },
          "sensitive_attributes": [],
          "identity_schema_version": 0,
          "private": "eyJlMmJmYjczMC1lY2FhLTExZTYtOGY4OC0zNDM2M2JjN2M0YzAiOnsiY3JlYXRlIjo2MDAwMDAwMDAwMDAsImRlbGV0ZSI6MTIwMDAwMDAwMDAwMH0sInNjaGVtYV92ZXJzaW9uIjoiMSJ9",
          "dependencies": [
            "module.ec2.aws_vpc.vpc1"
          ]
        }
      ]
    },
    {
      "module": "module.ec2",
      "mode": "managed",
      "type": "aws_vpc",
      "name": "vpc1",
      "provider": "provider[\"registry.terraform.io/hashicorp/aws\"]",
      "instances": [
        {
          "schema_version": 1,
          "attributes": {
            "arn": "arn:aws:ec2:ap-northeast-2:727646470302:vpc/vpc-021b56e85ad2cd998",
            "assign_generated_ipv6_cidr_block": false,
            "cidr_block": "10.0.0.0/16",
            "default_network_acl_id": "acl-0bdbd50da9989e9d7",
            "default_route_table_id": "rtb-0c335e2215725e5bc",
            "default_security_group_id": "sg-0292c4ebbe7aba7fa",
            "dhcp_options_id": "dopt-0758a7b1fe190aea2",
            "enable_dns_hostnames": true,
            "enable_dns_support": true,
            "enable_network_address_usage_metrics": false,
            "id": "vpc-021b56e85ad2cd998",
            "instance_tenancy": "default",
            "ipv4_ipam_pool_id": null,
            "ipv4_netmask_length": null,
            "ipv6_association_id": "",
            "ipv6_cidr_block": "",
            "ipv6_cidr_block_network_border_group": "",
            "ipv6_ipam_pool_id": "",
            "ipv6_netmask_length": 0,
            "main_route_table_id": "rtb-0c335e2215725e5bc",
            "owner_id": "727646470302",
            "tags": {
              "Name": "vpc1"
            },
            "tags_all": {
              "Name": "vpc1"
            }
          },
          "sensitive_attributes": [],
          "identity_schema_version": 0,
          "private": "eyJzY2hlbWFfdmVyc2lvbiI6IjEifQ=="
        }
      ]
    },
    {
      "module": "module.ec2",
      "mode": "managed",
      "type": "aws_vpc_dhcp_options",
      "name": "dns",
      "provider": "provider[\"registry.terraform.io/hashicorp/aws\"]",
      "instances": [
        {
          "schema_version": 0,
          "attributes": {
            "arn": "arn:aws:ec2:ap-northeast-2:727646470302:dhcp-options/dopt-05a1f5e04e68d23c3",
            "domain_name": "ap-northeast-2.compute.internal",
            "domain_name_servers": [
              "AmazonProvidedDNS"
            ],
            "id": "dopt-05a1f5e04e68d23c3",
            "ipv6_address_preferred_lease_time": "",
            "netbios_name_servers": null,
            "netbios_node_type": "",
            "ntp_servers": null,
            "owner_id": "727646470302",
            "tags": {
              "Name": "vpc1-dns"
            },
            "tags_all": {
              "Name": "vpc1-dns"
            }
          },
          "sensitive_attributes": [],
          "identity_schema_version": 0,
          "private": "bnVsbA=="
        }
      ]
    },
    {
      "module": "module.ec2",
      "mode": "managed",
      "type": "aws_vpc_dhcp_options_association",
      "name": "dns",
      "provider": "provider[\"registry.terraform.io/hashicorp/aws\"]",
      "instances": [
        {
          "schema_version": 0,
          "attributes": {
            "dhcp_options_id": "dopt-05a1f5e04e68d23c3",
            "id": "dopt-05a1f5e04e68d23c3-vpc-021b56e85ad2cd998",
            "vpc_id": "vpc-021b56e85ad2cd998"
          },
          "sensitive_attributes": [],
          "identity_schema_version": 0,
          "private": "bnVsbA==",
          "dependencies": [
            "module.ec2.aws_vpc.vpc1",
            "module.ec2.aws_vpc_dhcp_options.dns"
          ]
        }
      ]
    },
    {
      "module": "module.eks",
      "mode": "managed",
      "type": "aws_eks_access_policy_association",
      "name": "admin",
      "provider": "provider[\"registry.terraform.io/hashicorp/aws\"]",
      "instances": [
        {
          "schema_version": 0,
          "attributes": {
            "access_scope": [
              {
                "namespaces": null,
                "type": "cluster"
              }
            ],
            "associated_at": "2025-07-14 09:28:53.311 +0000 UTC",
            "cluster_name": "memo-eks-cluster",
            "id": "memo-eks-cluster#arn:aws:iam::727646470302:user/lion3team04#arn:aws:eks::aws:cluster-access-policy/AmazonEKSClusterAdminPolicy",
            "modified_at": "2025-07-14 09:28:53.311 +0000 UTC",
            "policy_arn": "arn:aws:eks::aws:cluster-access-policy/AmazonEKSClusterAdminPolicy",
            "principal_arn": "arn:aws:iam::727646470302:user/lion3team04",
            "timeouts": null
          },
          "sensitive_attributes": [],
          "identity_schema_version": 0,
          "private": "eyJlMmJmYjczMC1lY2FhLTExZTYtOGY4OC0zNDM2M2JjN2M0YzAiOnsiY3JlYXRlIjo2MDAwMDAwMDAwMDAsImRlbGV0ZSI6NjAwMDAwMDAwMDAwfX0=",
          "dependencies": [
            "module.eks.module.eks_cluster.aws_cloudwatch_log_group.this",
            "module.eks.module.eks_cluster.aws_ec2_tag.cluster_primary_security_group",
            "module.eks.module.eks_cluster.aws_eks_access_entry.this",
            "module.eks.module.eks_cluster.aws_eks_access_policy_association.this",
            "module.eks.module.eks_cluster.aws_eks_addon.before_compute",
            "module.eks.module.eks_cluster.aws_eks_addon.this",
            "module.eks.module.eks_cluster.aws_eks_cluster.this",
            "module.eks.module.eks_cluster.aws_eks_identity_provider_config.this",
            "module.eks.module.eks_cluster.aws_iam_openid_connect_provider.oidc_provider",
            "module.eks.module.eks_cluster.aws_iam_policy.cluster_encryption",
            "module.eks.module.eks_cluster.aws_iam_policy.cni_ipv6_policy",
            "module.eks.module.eks_cluster.aws_iam_policy.custom",
            "module.eks.module.eks_cluster.aws_iam_role.eks_auto",
            "module.eks.module.eks_cluster.aws_iam_role.this",
            "module.eks.module.eks_cluster.aws_iam_role_policy_attachment.additional",
            "module.eks.module.eks_cluster.aws_iam_role_policy_attachment.cluster_encryption",
            "module.eks.module.eks_cluster.aws_iam_role_policy_attachment.custom",
            "module.eks.module.eks_cluster.aws_iam_role_policy_attachment.eks_auto",
            "module.eks.module.eks_cluster.aws_iam_role_policy_attachment.eks_auto_additional",
            "module.eks.module.eks_cluster.aws_iam_role_policy_attachment.this",
            "module.eks.module.eks_cluster.aws_security_group.cluster",
            "module.eks.module.eks_cluster.aws_security_group.node",
            "module.eks.module.eks_cluster.aws_security_group_rule.cluster",
            "module.eks.module.eks_cluster.aws_security_group_rule.node",
            "module.eks.module.eks_cluster.data.aws_caller_identity.current",
            "module.eks.module.eks_cluster.data.aws_eks_addon_version.this",
            "module.eks.module.eks_cluster.data.aws_iam_policy_document.assume_role_policy",
            "module.eks.module.eks_cluster.data.aws_iam_policy_document.cni_ipv6_policy",
            "module.eks.module.eks_cluster.data.aws_iam_policy_document.custom",
            "module.eks.module.eks_cluster.data.aws_iam_policy_document.node_assume_role_policy",
            "module.eks.module.eks_cluster.data.aws_iam_session_context.current",
            "module.eks.module.eks_cluster.data.aws_partition.current",
            "module.eks.module.eks_cluster.data.tls_certificate.this",
            "module.eks.module.eks_cluster.module.eks_managed_node_group.aws_autoscaling_schedule.this",
            "module.eks.module.eks_cluster.module.eks_managed_node_group.aws_eks_node_group.this",
            "module.eks.module.eks_cluster.module.eks_managed_node_group.aws_iam_role.this",
            "module.eks.module.eks_cluster.module.eks_managed_node_group.aws_iam_role_policy.this",
            "module.eks.module.eks_cluster.module.eks_managed_node_group.aws_iam_role_policy_attachment.additional",
            "module.eks.module.eks_cluster.module.eks_managed_node_group.aws_iam_role_policy_attachment.this",
            "module.eks.module.eks_cluster.module.eks_managed_node_group.aws_launch_template.this",
            "module.eks.module.eks_cluster.module.eks_managed_node_group.aws_placement_group.this",
            "module.eks.module.eks_cluster.module.eks_managed_node_group.data.aws_caller_identity.current",
            "module.eks.module.eks_cluster.module.eks_managed_node_group.data.aws_ec2_instance_type.this",
            "module.eks.module.eks_cluster.module.eks_managed_node_group.data.aws_ec2_instance_type_offerings.this",
            "module.eks.module.eks_cluster.module.eks_managed_node_group.data.aws_iam_policy_document.assume_role_policy",
            "module.eks.module.eks_cluster.module.eks_managed_node_group.data.aws_iam_policy_document.role",
            "module.eks.module.eks_cluster.module.eks_managed_node_group.data.aws_partition.current",
            "module.eks.module.eks_cluster.module.eks_managed_node_group.data.aws_ssm_parameter.ami",
            "module.eks.module.eks_cluster.module.eks_managed_node_group.data.aws_subnets.placement_group",
            "module.eks.module.eks_cluster.module.eks_managed_node_group.module.user_data.data.cloudinit_config.al2023_eks_managed_node_group",
            "module.eks.module.eks_cluster.module.eks_managed_node_group.module.user_data.data.cloudinit_config.linux_eks_managed_node_group",
            "module.eks.module.eks_cluster.module.eks_managed_node_group.module.user_data.null_resource.validate_cluster_service_cidr",
            "module.eks.module.eks_cluster.module.fargate_profile.aws_eks_fargate_profile.this",
            "module.eks.module.eks_cluster.module.fargate_profile.aws_iam_role.this",
            "module.eks.module.eks_cluster.module.fargate_profile.aws_iam_role_policy.this",
            "module.eks.module.eks_cluster.module.fargate_profile.aws_iam_role_policy_attachment.additional",
            "module.eks.module.eks_cluster.module.fargate_profile.aws_iam_role_policy_attachment.this",
            "module.eks.module.eks_cluster.module.fargate_profile.data.aws_caller_identity.current",
            "module.eks.module.eks_cluster.module.fargate_profile.data.aws_iam_policy_document.assume_role_policy",
            "module.eks.module.eks_cluster.module.fargate_profile.data.aws_iam_policy_document.role",
            "module.eks.module.eks_cluster.module.fargate_profile.data.aws_partition.current",
            "module.eks.module.eks_cluster.module.fargate_profile.data.aws_region.current",
            "module.eks.module.eks_cluster.module.kms.aws_kms_alias.this",
            "module.eks.module.eks_cluster.module.kms.aws_kms_external_key.this",
            "module.eks.module.eks_cluster.module.kms.aws_kms_grant.this",
            "module.eks.module.eks_cluster.module.kms.aws_kms_key.this",
            "module.eks.module.eks_cluster.module.kms.aws_kms_replica_external_key.this",
            "module.eks.module.eks_cluster.module.kms.aws_kms_replica_key.this",
            "module.eks.module.eks_cluster.module.kms.data.aws_caller_identity.current",
            "module.eks.module.eks_cluster.module.kms.data.aws_iam_policy_document.this",
            "module.eks.module.eks_cluster.module.kms.data.aws_partition.current",
            "module.eks.module.eks_cluster.module.self_managed_node_group.aws_autoscaling_group.this",
            "module.eks.module.eks_cluster.module.self_managed_node_group.aws_autoscaling_schedule.this",
            "module.eks.module.eks_cluster.module.self_managed_node_group.aws_eks_access_entry.this",
            "module.eks.module.eks_cluster.module.self_managed_node_group.aws_iam_instance_profile.this",
            "module.eks.module.eks_cluster.module.self_managed_node_group.aws_iam_role.this",
            "module.eks.module.eks_cluster.module.self_managed_node_group.aws_iam_role_policy.this",
            "module.eks.module.eks_cluster.module.self_managed_node_group.aws_iam_role_policy_attachment.additional",
            "module.eks.module.eks_cluster.module.self_managed_node_group.aws_iam_role_policy_attachment.this",
            "module.eks.module.eks_cluster.module.self_managed_node_group.aws_launch_template.this",
            "module.eks.module.eks_cluster.module.self_managed_node_group.aws_placement_group.this",
            "module.eks.module.eks_cluster.module.self_managed_node_group.data.aws_caller_identity.current",
            "module.eks.module.eks_cluster.module.self_managed_node_group.data.aws_ec2_instance_type.this",
            "module.eks.module.eks_cluster.module.self_managed_node_group.data.aws_ec2_instance_type_offerings.this",
            "module.eks.module.eks_cluster.module.self_managed_node_group.data.aws_iam_policy_document.assume_role_policy",
            "module.eks.module.eks_cluster.module.self_managed_node_group.data.aws_iam_policy_document.role",
            "module.eks.module.eks_cluster.module.self_managed_node_group.data.aws_partition.current",
            "module.eks.module.eks_cluster.module.self_managed_node_group.data.aws_ssm_parameter.ami",
            "module.eks.module.eks_cluster.module.self_managed_node_group.data.aws_subnets.placement_group",
            "module.eks.module.eks_cluster.module.self_managed_node_group.module.user_data.data.cloudinit_config.al2023_eks_managed_node_group",
            "module.eks.module.eks_cluster.module.self_managed_node_group.module.user_data.data.cloudinit_config.linux_eks_managed_node_group",
            "module.eks.module.eks_cluster.module.self_managed_node_group.module.user_data.null_resource.validate_cluster_service_cidr",
            "module.eks.module.eks_cluster.time_sleep.this",
            "module.vpc.aws_subnet.private1",
            "module.vpc.aws_subnet.private2",
            "module.vpc.aws_subnet.private3",
            "module.vpc.aws_subnet.private4",
            "module.vpc.aws_vpc.vpc1"
          ]
        }
      ]
    },
    {
      "module": "module.eks",
      "mode": "managed",
      "type": "aws_security_group_rule",
      "name": "eks_cluster_external_access",
      "provider": "provider[\"registry.terraform.io/hashicorp/aws\"]",
      "instances": [
        {
          "schema_version": 2,
          "attributes": {
            "cidr_blocks": [
              "0.0.0.0/0"
            ],
            "description": "External access to EKS cluster API",
            "from_port": 443,
            "id": "sgrule-3023104023",
            "ipv6_cidr_blocks": null,
            "prefix_list_ids": null,
            "protocol": "tcp",
            "security_group_id": "sg-0a9dca10eb11c801e",
            "security_group_rule_id": "sgr-057d12bbceea1b7cd",
            "self": false,
            "source_security_group_id": null,
            "timeouts": null,
            "to_port": 443,
            "type": "ingress"
          },
          "sensitive_attributes": [],
          "identity_schema_version": 0,
          "private": "eyJlMmJmYjczMC1lY2FhLTExZTYtOGY4OC0zNDM2M2JjN2M0YzAiOnsiY3JlYXRlIjozMDAwMDAwMDAwMDB9LCJzY2hlbWFfdmVyc2lvbiI6IjIifQ==",
          "dependencies": [
            "module.eks.module.eks_cluster.aws_security_group.cluster",
            "module.vpc.aws_vpc.vpc1"
          ]
        }
      ]
    },
    {
      "module": "module.eks",
      "mode": "managed",
      "type": "aws_security_group_rule",
      "name": "eks_cluster_external_access_10250",
      "provider": "provider[\"registry.terraform.io/hashicorp/aws\"]",
      "instances": [
        {
          "schema_version": 2,
          "attributes": {
            "cidr_blocks": [
              "0.0.0.0/0"
            ],
            "description": "External access to EKS kubelet API",
            "from_port": 10250,
            "id": "sgrule-3084766779",
            "ipv6_cidr_blocks": null,
            "prefix_list_ids": null,
            "protocol": "tcp",
            "security_group_id": "sg-0a9dca10eb11c801e",
            "security_group_rule_id": "sgr-00ef8e32677b8136d",
            "self": false,
            "source_security_group_id": null,
            "timeouts": null,
            "to_port": 10250,
            "type": "ingress"
          },
          "sensitive_attributes": [],
          "identity_schema_version": 0,
          "private": "eyJlMmJmYjczMC1lY2FhLTExZTYtOGY4OC0zNDM2M2JjN2M0YzAiOnsiY3JlYXRlIjozMDAwMDAwMDAwMDB9LCJzY2hlbWFfdmVyc2lvbiI6IjIifQ==",
          "dependencies": [
            "module.eks.module.eks_cluster.aws_security_group.cluster",
            "module.vpc.aws_vpc.vpc1"
          ]
        }
      ]
    },
    {
      "module": "module.eks",
      "mode": "managed",
      "type": "aws_security_group_rule",
      "name": "eks_cluster_external_access_6443",
      "provider": "provider[\"registry.terraform.io/hashicorp/aws\"]",
      "instances": [
        {
          "schema_version": 2,
          "attributes": {
            "cidr_blocks": [
              "0.0.0.0/0"
            ],
            "description": "External access to EKS cluster API (6443)",
            "from_port": 6443,
            "id": "sgrule-3716614021",
            "ipv6_cidr_blocks": null,
            "prefix_list_ids": null,
            "protocol": "tcp",
            "security_group_id": "sg-0a9dca10eb11c801e",
            "security_group_rule_id": "sgr-065089375e003eeb2",
            "self": false,
            "source_security_group_id": null,
            "timeouts": null,
            "to_port": 6443,
            "type": "ingress"
          },
          "sensitive_attributes": [],
          "identity_schema_version": 0,
          "private": "eyJlMmJmYjczMC1lY2FhLTExZTYtOGY4OC0zNDM2M2JjN2M0YzAiOnsiY3JlYXRlIjozMDAwMDAwMDAwMDB9LCJzY2hlbWFfdmVyc2lvbiI6IjIifQ==",
          "dependencies": [
            "module.eks.module.eks_cluster.aws_security_group.cluster",
            "module.vpc.aws_vpc.vpc1"
          ]
        }
      ]
    },
    {
      "module": "module.eks.module.eks_cluster",
      "mode": "data",
      "type": "aws_caller_identity",
      "name": "current",
      "provider": "provider[\"registry.terraform.io/hashicorp/aws\"]",
      "instances": [
        {
          "index_key": 0,
          "schema_version": 0,
          "attributes": {
            "account_id": "727646470302",
            "arn": "arn:aws:iam::727646470302:user/lion3team04",
            "id": "727646470302",
            "user_id": "AIDA2S2Y4ACPKEECA2RJ5"
          },
          "sensitive_attributes": [],
          "identity_schema_version": 0
        }
      ]
    },
    {
      "module": "module.eks.module.eks_cluster",
      "mode": "data",
      "type": "aws_eks_addon_version",
      "name": "this",
      "provider": "provider[\"registry.terraform.io/hashicorp/aws\"]",
      "instances": []
    },
    {
      "module": "module.eks.module.eks_cluster",
      "mode": "data",
      "type": "aws_iam_policy_document",
      "name": "assume_role_policy",
      "provider": "provider[\"registry.terraform.io/hashicorp/aws\"]",
      "instances": [
        {
          "index_key": 0,
          "schema_version": 0,
          "attributes": {
            "id": "2830595799",
            "json": "{\n  \"Version\": \"2012-10-17\",\n  \"Statement\": [\n    {\n      \"Sid\": \"EKSClusterAssumeRole\",\n      \"Effect\": \"Allow\",\n      \"Action\": [\n        \"sts:TagSession\",\n        \"sts:AssumeRole\"\n      ],\n      \"Principal\": {\n        \"Service\": \"eks.amazonaws.com\"\n      }\n    }\n  ]\n}",
            "minified_json": "{\"Version\":\"2012-10-17\",\"Statement\":[{\"Sid\":\"EKSClusterAssumeRole\",\"Effect\":\"Allow\",\"Action\":[\"sts:TagSession\",\"sts:AssumeRole\"],\"Principal\":{\"Service\":\"eks.amazonaws.com\"}}]}",
            "override_json": null,
            "override_policy_documents": null,
            "policy_id": null,
            "source_json": null,
            "source_policy_documents": null,
            "statement": [
              {
                "actions": [
                  "sts:AssumeRole",
                  "sts:TagSession"
                ],
                "condition": [],
                "effect": "Allow",
                "not_actions": [],
                "not_principals": [],
                "not_resources": [],
                "principals": [
                  {
                    "identifiers": [
                      "eks.amazonaws.com"
                    ],
                    "type": "Service"
                  }
                ],
                "resources": [],
                "sid": "EKSClusterAssumeRole"
              }
            ],
            "version": "2012-10-17"
          },
          "sensitive_attributes": [],
          "identity_schema_version": 0
        }
      ]
    },
    {
      "module": "module.eks.module.eks_cluster",
      "mode": "data",
      "type": "aws_iam_policy_document",
      "name": "cni_ipv6_policy",
      "provider": "provider[\"registry.terraform.io/hashicorp/aws\"]",
      "instances": []
    },
    {
      "module": "module.eks.module.eks_cluster",
      "mode": "data",
      "type": "aws_iam_policy_document",
      "name": "custom",
      "provider": "provider[\"registry.terraform.io/hashicorp/aws\"]",
      "instances": [
        {
          "index_key": 0,
          "schema_version": 0,
          "attributes": {
            "id": "513122117",
            "json": "{\n  \"Version\": \"2012-10-17\",\n  \"Statement\": [\n    {\n      \"Sid\": \"Compute\",\n      \"Effect\": \"Allow\",\n      \"Action\": [\n        \"ec2:RunInstances\",\n        \"ec2:CreateLaunchTemplate\",\n        \"ec2:CreateFleet\"\n      ],\n      \"Resource\": \"*\",\n      \"Condition\": {\n        \"StringEquals\": {\n          \"aws:RequestTag/eks:eks-cluster-name\": \"${aws:PrincipalTag/eks:eks-cluster-name}\"\n        },\n        \"StringLike\": {\n          \"aws:RequestTag/eks:kubernetes-node-class-name\": \"*\",\n          \"aws:RequestTag/eks:kubernetes-node-pool-name\": \"*\"\n        }\n      }\n    },\n    {\n      \"Sid\": \"Storage\",\n      \"Effect\": \"Allow\",\n      \"Action\": [\n        \"ec2:CreateVolume\",\n        \"ec2:CreateSnapshot\"\n      ],\n      \"Resource\": [\n        \"arn:aws:ec2:*:*:volume/*\",\n        \"arn:aws:ec2:*:*:snapshot/*\"\n      ],\n      \"Condition\": {\n        \"StringEquals\": {\n          \"aws:RequestTag/eks:eks-cluster-name\": \"${aws:PrincipalTag/eks:eks-cluster-name}\"\n        }\n      }\n    },\n    {\n      \"Sid\": \"Networking\",\n      \"Effect\": \"Allow\",\n      \"Action\": \"ec2:CreateNetworkInterface\",\n      \"Resource\": \"*\",\n      \"Condition\": {\n        \"StringEquals\": {\n          \"aws:RequestTag/eks:eks-cluster-name\": \"${aws:PrincipalTag/eks:eks-cluster-name}\",\n          \"aws:RequestTag/eks:kubernetes-cni-node-name\": \"*\"\n        }\n      }\n    },\n    {\n      \"Sid\": \"LoadBalancer\",\n      \"Effect\": \"Allow\",\n      \"Action\": [\n        \"elasticloadbalancing:CreateTargetGroup\",\n        \"elasticloadbalancing:CreateRule\",\n        \"elasticloadbalancing:CreateLoadBalancer\",\n        \"elasticloadbalancing:CreateListener\",\n        \"ec2:CreateSecurityGroup\"\n      ],\n      \"Resource\": \"*\",\n      \"Condition\": {\n        \"StringEquals\": {\n          \"aws:RequestTag/eks:eks-cluster-name\": \"${aws:PrincipalTag/eks:eks-cluster-name}\"\n        }\n      }\n    },\n    {\n      \"Sid\": \"ShieldProtection\",\n      \"Effect\": \"Allow\",\n      \"Action\": \"shield:CreateProtection\",\n      \"Resource\": \"*\",\n      \"Condition\": {\n        \"StringEquals\": {\n          \"aws:RequestTag/eks:eks-cluster-name\": \"${aws:PrincipalTag/eks:eks-cluster-name}\"\n        }\n      }\n    },\n    {\n      \"Sid\": \"ShieldTagResource\",\n      \"Effect\": \"Allow\",\n      \"Action\": \"shield:TagResource\",\n      \"Resource\": \"arn:aws:shield::*:protection/*\",\n      \"Condition\": {\n        \"StringEquals\": {\n          \"aws:RequestTag/eks:eks-cluster-name\": \"${aws:PrincipalTag/eks:eks-cluster-name}\"\n        }\n      }\n    }\n  ]\n}",
            "minified_json": "{\"Version\":\"2012-10-17\",\"Statement\":[{\"Sid\":\"Compute\",\"Effect\":\"Allow\",\"Action\":[\"ec2:RunInstances\",\"ec2:CreateLaunchTemplate\",\"ec2:CreateFleet\"],\"Resource\":\"*\",\"Condition\":{\"StringEquals\":{\"aws:RequestTag/eks:eks-cluster-name\":\"${aws:PrincipalTag/eks:eks-cluster-name}\"},\"StringLike\":{\"aws:RequestTag/eks:kubernetes-node-class-name\":\"*\",\"aws:RequestTag/eks:kubernetes-node-pool-name\":\"*\"}}},{\"Sid\":\"Storage\",\"Effect\":\"Allow\",\"Action\":[\"ec2:CreateVolume\",\"ec2:CreateSnapshot\"],\"Resource\":[\"arn:aws:ec2:*:*:volume/*\",\"arn:aws:ec2:*:*:snapshot/*\"],\"Condition\":{\"StringEquals\":{\"aws:RequestTag/eks:eks-cluster-name\":\"${aws:PrincipalTag/eks:eks-cluster-name}\"}}},{\"Sid\":\"Networking\",\"Effect\":\"Allow\",\"Action\":\"ec2:CreateNetworkInterface\",\"Resource\":\"*\",\"Condition\":{\"StringEquals\":{\"aws:RequestTag/eks:eks-cluster-name\":\"${aws:PrincipalTag/eks:eks-cluster-name}\",\"aws:RequestTag/eks:kubernetes-cni-node-name\":\"*\"}}},{\"Sid\":\"LoadBalancer\",\"Effect\":\"Allow\",\"Action\":[\"elasticloadbalancing:CreateTargetGroup\",\"elasticloadbalancing:CreateRule\",\"elasticloadbalancing:CreateLoadBalancer\",\"elasticloadbalancing:CreateListener\",\"ec2:CreateSecurityGroup\"],\"Resource\":\"*\",\"Condition\":{\"StringEquals\":{\"aws:RequestTag/eks:eks-cluster-name\":\"${aws:PrincipalTag/eks:eks-cluster-name}\"}}},{\"Sid\":\"ShieldProtection\",\"Effect\":\"Allow\",\"Action\":\"shield:CreateProtection\",\"Resource\":\"*\",\"Condition\":{\"StringEquals\":{\"aws:RequestTag/eks:eks-cluster-name\":\"${aws:PrincipalTag/eks:eks-cluster-name}\"}}},{\"Sid\":\"ShieldTagResource\",\"Effect\":\"Allow\",\"Action\":\"shield:TagResource\",\"Resource\":\"arn:aws:shield::*:protection/*\",\"Condition\":{\"StringEquals\":{\"aws:RequestTag/eks:eks-cluster-name\":\"${aws:PrincipalTag/eks:eks-cluster-name}\"}}}]}",
            "override_json": null,
            "override_policy_documents": null,
            "policy_id": null,
            "source_json": null,
            "source_policy_documents": null,
            "statement": [
              {
                "actions": [
                  "ec2:CreateFleet",
                  "ec2:CreateLaunchTemplate",
                  "ec2:RunInstances"
                ],
                "condition": [
                  {
                    "test": "StringEquals",
                    "values": [
                      "${aws:PrincipalTag/eks:eks-cluster-name}"
                    ],
                    "variable": "aws:RequestTag/eks:eks-cluster-name"
                  },
                  {
                    "test": "StringLike",
                    "values": [
                      "*"
                    ],
                    "variable": "aws:RequestTag/eks:kubernetes-node-class-name"
                  },
                  {
                    "test": "StringLike",
                    "values": [
                      "*"
                    ],
                    "variable": "aws:RequestTag/eks:kubernetes-node-pool-name"
                  }
                ],
                "effect": "Allow",
                "not_actions": [],
                "not_principals": [],
                "not_resources": [],
                "principals": [],
                "resources": [
                  "*"
                ],
                "sid": "Compute"
              },
              {
                "actions": [
                  "ec2:CreateSnapshot",
                  "ec2:CreateVolume"
                ],
                "condition": [
                  {
                    "test": "StringEquals",
                    "values": [
                      "${aws:PrincipalTag/eks:eks-cluster-name}"
                    ],
                    "variable": "aws:RequestTag/eks:eks-cluster-name"
                  }
                ],
                "effect": "Allow",
                "not_actions": [],
                "not_principals": [],
                "not_resources": [],
                "principals": [],
                "resources": [
                  "arn:aws:ec2:*:*:snapshot/*",
                  "arn:aws:ec2:*:*:volume/*"
                ],
                "sid": "Storage"
              },
              {
                "actions": [
                  "ec2:CreateNetworkInterface"
                ],
                "condition": [
                  {
                    "test": "StringEquals",
                    "values": [
                      "${aws:PrincipalTag/eks:eks-cluster-name}"
                    ],
                    "variable": "aws:RequestTag/eks:eks-cluster-name"
                  },
                  {
                    "test": "StringEquals",
                    "values": [
                      "*"
                    ],
                    "variable": "aws:RequestTag/eks:kubernetes-cni-node-name"
                  }
                ],
                "effect": "Allow",
                "not_actions": [],
                "not_principals": [],
                "not_resources": [],
                "principals": [],
                "resources": [
                  "*"
                ],
                "sid": "Networking"
              },
              {
                "actions": [
                  "ec2:CreateSecurityGroup",
                  "elasticloadbalancing:CreateListener",
                  "elasticloadbalancing:CreateLoadBalancer",
                  "elasticloadbalancing:CreateRule",
                  "elasticloadbalancing:CreateTargetGroup"
                ],
                "condition": [
                  {
                    "test": "StringEquals",
                    "values": [
                      "${aws:PrincipalTag/eks:eks-cluster-name}"
                    ],
                    "variable": "aws:RequestTag/eks:eks-cluster-name"
                  }
                ],
                "effect": "Allow",
                "not_actions": [],
                "not_principals": [],
                "not_resources": [],
                "principals": [],
                "resources": [
                  "*"
                ],
                "sid": "LoadBalancer"
              },
              {
                "actions": [
                  "shield:CreateProtection"
                ],
                "condition": [
                  {
                    "test": "StringEquals",
                    "values": [
                      "${aws:PrincipalTag/eks:eks-cluster-name}"
                    ],
                    "variable": "aws:RequestTag/eks:eks-cluster-name"
                  }
                ],
                "effect": "Allow",
                "not_actions": [],
                "not_principals": [],
                "not_resources": [],
                "principals": [],
                "resources": [
                  "*"
                ],
                "sid": "ShieldProtection"
              },
              {
                "actions": [
                  "shield:TagResource"
                ],
                "condition": [
                  {
                    "test": "StringEquals",
                    "values": [
                      "${aws:PrincipalTag/eks:eks-cluster-name}"
                    ],
                    "variable": "aws:RequestTag/eks:eks-cluster-name"
                  }
                ],
                "effect": "Allow",
                "not_actions": [],
                "not_principals": [],
                "not_resources": [],
                "principals": [],
                "resources": [
                  "arn:aws:shield::*:protection/*"
                ],
                "sid": "ShieldTagResource"
              }
            ],
            "version": "2012-10-17"
          },
          "sensitive_attributes": [],
          "identity_schema_version": 0
        }
      ]
    },
    {
      "module": "module.eks.module.eks_cluster",
      "mode": "data",
      "type": "aws_iam_policy_document",
      "name": "node_assume_role_policy",
      "provider": "provider[\"registry.terraform.io/hashicorp/aws\"]",
      "instances": []
    },
    {
      "module": "module.eks.module.eks_cluster",
      "mode": "data",
      "type": "aws_iam_session_context",
      "name": "current",
      "provider": "provider[\"registry.terraform.io/hashicorp/aws\"]",
      "instances": [
        {
          "index_key": 0,
          "schema_version": 0,
          "attributes": {
            "arn": "arn:aws:iam::727646470302:user/lion3team04",
            "id": "arn:aws:iam::727646470302:user/lion3team04",
            "issuer_arn": "arn:aws:iam::727646470302:user/lion3team04",
            "issuer_id": "",
            "issuer_name": "",
            "session_name": ""
          },
          "sensitive_attributes": [],
          "identity_schema_version": 0
        }
      ]
    },
    {
      "module": "module.eks.module.eks_cluster",
      "mode": "data",
      "type": "aws_partition",
      "name": "current",
      "provider": "provider[\"registry.terraform.io/hashicorp/aws\"]",
      "instances": [
        {
          "index_key": 0,
          "schema_version": 0,
          "attributes": {
            "dns_suffix": "amazonaws.com",
            "id": "aws",
            "partition": "aws",
            "reverse_dns_prefix": "com.amazonaws"
          },
          "sensitive_attributes": [],
          "identity_schema_version": 0
        }
      ]
    },
    {
      "module": "module.eks.module.eks_cluster",
      "mode": "data",
      "type": "tls_certificate",
      "name": "this",
      "provider": "provider[\"registry.terraform.io/hashicorp/tls\"]",
      "instances": [
        {
          "index_key": 0,
          "schema_version": 0,
          "attributes": {
            "certificates": [
              {
                "cert_pem": "-----BEGIN CERTIFICATE-----\nMIIEkjCCA3qgAwIBAgITBn+USionzfP6wq4rAfkI7rnExjANBgkqhkiG9w0BAQsF\nADCBmDELMAkGA1UEBhMCVVMxEDAOBgNVBAgTB0FyaXpvbmExEzARBgNVBAcTClNj\nb3R0c2RhbGUxJTAjBgNVBAoTHFN0YXJmaWVsZCBUZWNobm9sb2dpZXMsIEluYy4x\nOzA5BgNVBAMTMlN0YXJmaWVsZCBTZXJ2aWNlcyBSb290IENlcnRpZmljYXRlIEF1\ndGhvcml0eSAtIEcyMB4XDTE1MDUyNTEyMDAwMFoXDTM3MTIzMTAxMDAwMFowOTEL\nMAkGA1UEBhMCVVMxDzANBgNVBAoTBkFtYXpvbjEZMBcGA1UEAxMQQW1hem9uIFJv\nb3QgQ0EgMTCCASIwDQYJKoZIhvcNAQEBBQADggEPADCCAQoCggEBALJ4gHHKeNXj\nca9HgFB0fW7Y14h29Jlo91ghYPl0hAEvrAIthtOgQ3pOsqTQNroBvo3bSMgHFzZM\n9O6II8c+6zf1tRn4SWiw3te5djgdYZ6k/oI2peVKVuRF4fn9tBb6dNqcmzU5L/qw\nIFAGbHrQgLKm+a/sRxmPUDgH3KKHOVj4utWp+UhnMJbulHheb4mjUcAwhmahRWa6\nVOujw5H5SNz/0egwLX0tdHA114gk957EWW67c4cX8jJGKLhD+rcdqsq08p8kDi1L\n93FcXmn/6pUCyziKrlA4b9v7LWIbxcceVOF34GfID5yHI9Y/QCB/IIDEgEw+OyQm\njgSubJrIqg0CAwEAAaOCATEwggEtMA8GA1UdEwEB/wQFMAMBAf8wDgYDVR0PAQH/\nBAQDAgGGMB0GA1UdDgQWBBSEGMyFNOy8DJSULghZnMeyEE4KCDAfBgNVHSMEGDAW\ngBScXwDfqgHXMCs4iKK4bUqc8hGRgzB4BggrBgEFBQcBAQRsMGowLgYIKwYBBQUH\nMAGGImh0dHA6Ly9vY3NwLnJvb3RnMi5hbWF6b250cnVzdC5jb20wOAYIKwYBBQUH\nMAKGLGh0dHA6Ly9jcnQucm9vdGcyLmFtYXpvbnRydXN0LmNvbS9yb290ZzIuY2Vy\nMD0GA1UdHwQ2MDQwMqAwoC6GLGh0dHA6Ly9jcmwucm9vdGcyLmFtYXpvbnRydXN0\nLmNvbS9yb290ZzIuY3JsMBEGA1UdIAQKMAgwBgYEVR0gADANBgkqhkiG9w0BAQsF\nAAOCAQEAYjdCXLwQtT6LLOkMm2xF4gcAevnFWAu5CIw+7bMlPLVvUOTNNWqnkzSW\nMiGpSESrnO09tKpzbeR/FoCJbM8oAxiDR3mjEH4wW6w7sGDgd9QIpuEdfF7Au/ma\neyKdpwAJfqxGF4PcnCZXmTA5YpaP7dreqsXMGz7KQ2hsVxa81Q4gLv7/wmpdLqBK\nbRRYh5TmOTFffHPLkIhqhBGWJ6bt2YFGpn6jcgAKUj6DiAdjd4lpFw85hdKrCEVN\n0FE6/V1dN2RMfjCyVSRCnTawXZwXgWHxyvkQAiSr6w10kY17RSlQOYiypok1JR4U\nakcjMS9cmvqtmg5iUaQqqcT5NJ0hGA==\n-----END CERTIFICATE-----\n",
                "is_ca": true,
                "issuer": "CN=Starfield Services Root Certificate Authority - G2,O=Starfield Technologies\\, Inc.,L=Scottsdale,ST=Arizona,C=US",
                "not_after": "2037-12-31T01:00:00Z",
                "not_before": "2015-05-25T12:00:00Z",
                "public_key_algorithm": "RSA",
                "serial_number": "144918191876577076464031512351042010504348870",
                "sha1_fingerprint": "06b25927c42a721631c1efd9431e648fa62e1e39",
                "signature_algorithm": "SHA256-RSA",
                "subject": "CN=Amazon Root CA 1,O=Amazon,C=US",
                "version": 3
              },
              {
                "cert_pem": "-----BEGIN CERTIFICATE-----\nMIIEXjCCA0agAwIBAgITB3MSTyqVLj7Rili9uF0bwM5fJzANBgkqhkiG9w0BAQsF\nADA5MQswCQYDVQQGEwJVUzEPMA0GA1UEChMGQW1hem9uMRkwFwYDVQQDExBBbWF6\nb24gUm9vdCBDQSAxMB4XDTIyMDgyMzIyMjYzNVoXDTMwMDgyMzIyMjYzNVowPDEL\nMAkGA1UEBhMCVVMxDzANBgNVBAoTBkFtYXpvbjEcMBoGA1UEAxMTQW1hem9uIFJT\nQSAyMDQ4IE0wNDCCASIwDQYJKoZIhvcNAQEBBQADggEPADCCAQoCggEBAM3pVR6A\nlQOp4xe776FdePXyejgA38mYx1ou9/jrpV6Sfn+/oqBKgwhY6ePsQHHQayWBJdBn\nv4Wz363qRI4XUh9swBFJ11TnZ3LqOMvHmWq2+loA0QPtOfXdJ2fHBLrBrngtJ/GB\n0p5olAVYrSZgvQGP16Rf8ddtNyxEEhYm3HuhmNi+vSeAq1tLYJPAvRCXonTpWdSD\nxY6hvdmxlqTYi82AtBXSfpGQ58HHM0hw0C6aQakghrwWi5fGslLOqzpimNMIsT7c\nqa0GJx6JfKqJqmQQNplO2h8n9ZsFJgBowof01ppdoLAWg6caMOM0om/VILKaa30F\n9W/r8Qjah7ltGVkCAwEAAaOCAVowggFWMBIGA1UdEwEB/wQIMAYBAf8CAQAwDgYD\nVR0PAQH/BAQDAgGGMB0GA1UdJQQWMBQGCCsGAQUFBwMBBggrBgEFBQcDAjAdBgNV\nHQ4EFgQUH1KSYVaCVH+BZtgdPQqqMlyH3QgwHwYDVR0jBBgwFoAUhBjMhTTsvAyU\nlC4IWZzHshBOCggwewYIKwYBBQUHAQEEbzBtMC8GCCsGAQUFBzABhiNodHRwOi8v\nb2NzcC5yb290Y2ExLmFtYXpvbnRydXN0LmNvbTA6BggrBgEFBQcwAoYuaHR0cDov\nL2NydC5yb290Y2ExLmFtYXpvbnRydXN0LmNvbS9yb290Y2ExLmNlcjA/BgNVHR8E\nODA2MDSgMqAwhi5odHRwOi8vY3JsLnJvb3RjYTEuYW1hem9udHJ1c3QuY29tL3Jv\nb3RjYTEuY3JsMBMGA1UdIAQMMAowCAYGZ4EMAQIBMA0GCSqGSIb3DQEBCwUAA4IB\nAQA+1O5UsAaNuW3lHzJtpNGwBnZd9QEYFtxpiAnIaV4qApnGS9OCw5ZPwie7YSlD\nZF5yyFPsFhUC2Q9uJHY/CRV1b5hIiGH0+6+w5PgKiY1MWuWT8VAaJjFxvuhM7a/e\nfN2TIw1Wd6WCl6YRisunjQOrSP+unqC8A540JNyZ1JOE3jVqat3OZBGgMvihdj2w\nY23EpwesrKiQzkHzmvSH67PVW4ycbPy08HVZnBxZ5NrlGG9bwXR3fNTaz+c+Ej6c\n5AnwI3qkOFgSkg3Y75cdFz6pO/olK+e3AqygAcv0WjzmkDPuBjssuZjCHMC56oH3\nGJkV29Di2j5prHJbwZjG1inU\n-----END CERTIFICATE-----\n",
                "is_ca": true,
                "issuer": "CN=Amazon Root CA 1,O=Amazon,C=US",
                "not_after": "2030-08-23T22:26:35Z",
                "not_before": "2022-08-23T22:26:35Z",
                "public_key_algorithm": "RSA",
                "serial_number": "166129359584585245282080020727744908546170663",
                "sha1_fingerprint": "e7b8b5a6743ce1b2f17b041de59558a41472d70c",
                "signature_algorithm": "SHA256-RSA",
                "subject": "CN=Amazon RSA 2048 M04,O=Amazon,C=US",
                "version": 3
              },
              {
                "cert_pem": "-----BEGIN CERTIFICATE-----\nMIIF8DCCBNigAwIBAgIQCS5keeE9bMqfGdN+w1YqFTANBgkqhkiG9w0BAQsFADA8\nMQswCQYDVQQGEwJVUzEPMA0GA1UEChMGQW1hem9uMRwwGgYDVQQDExNBbWF6b24g\nUlNBIDIwNDggTTA0MB4XDTI1MDQxNjAwMDAwMFoXDTI2MDMyNjIzNTk1OVowLTEr\nMCkGA1UEAwwiKi5la3MuYXAtbm9ydGhlYXN0LTIuYW1hem9uYXdzLmNvbTCCASIw\nDQYJKoZIhvcNAQEBBQADggEPADCCAQoCggEBAItqjAZtkePIISW+H2YEiDq32ifm\nylGtJDXWkIB2NOS3AnLc8fXBcuG+nrPqzYgPhG8hkp3m2s1x6rwLRxjbEZi639eJ\nOtYN3A61FWNYcJUqCqZcosH3yrIaf91kggngWOUM7ESQ6MXk2H/CtQ2DkWnknAel\nmKBsPYoobgnMycAhteB8eBaapklaesTWwfC0rKad8kUw83dD0tmVn++8VpQs7Dc6\nMcD0bYkPe+Vo2QQ71mCQIuxnbY8BUhkf/nuiut4rJJwQF/ZRmrTrOpYeu9IjsD2Q\nFOTJuWjVrgqbRcumKyN0z01OHMiFoGwjrG0khNHZEjXux3fv6CbhtZ6JoMcCAwEA\nAaOCAvswggL3MB8GA1UdIwQYMBaAFB9SkmFWglR/gWbYHT0KqjJch90IMB0GA1Ud\nDgQWBBS5ugXsym/jaT/HlR7Oktl1Xjr/ozAtBgNVHREEJjAkgiIqLmVrcy5hcC1u\nb3J0aGVhc3QtMi5hbWF6b25hd3MuY29tMBMGA1UdIAQMMAowCAYGZ4EMAQIBMA4G\nA1UdDwEB/wQEAwIFoDAdBgNVHSUEFjAUBggrBgEFBQcDAQYIKwYBBQUHAwIwOwYD\nVR0fBDQwMjAwoC6gLIYqaHR0cDovL2NybC5yMm0wNC5hbWF6b250cnVzdC5jb20v\ncjJtMDQuY3JsMHUGCCsGAQUFBwEBBGkwZzAtBggrBgEFBQcwAYYhaHR0cDovL29j\nc3AucjJtMDQuYW1hem9udHJ1c3QuY29tMDYGCCsGAQUFBzAChipodHRwOi8vY3J0\nLnIybTA0LmFtYXpvbnRydXN0LmNvbS9yMm0wNC5jZXIwDAYDVR0TAQH/BAIwADCC\nAX4GCisGAQQB1nkCBAIEggFuBIIBagFoAHUADleUvPOuqT4zGyyZB7P3kN+bwj1x\nMiXdIaklrGHFTiEAAAGWQK2A+QAABAMARjBEAiAVoeKayW/ySNU2TlN2kHvPY4g2\nyQn4MQAiV/gsXGx1mAIgdmOW1wKA2VFdyn1ABv9T72noYD7g15a7yW1eJAI/LaQA\ndwBJnJtp3h187Pw23s2HZKa4W68Kh4AZ0VVS++nrKd34wwAAAZZArYFBAAAEAwBI\nMEYCIQCtGQRccnDB2bm0LaV6mZF786iJwWxO6/xAAXY2YHuK8gIhANZXC67h/ALK\n3sqDrb0P0dD3VmekIMNVL2rIpETWm5aJAHYAyzj3FYl8hKFEX1vB3fvJbvKaWc1H\nCmkFhbDLFMMUWOcAAAGWQK2BLwAABAMARzBFAiBhxdODEwYjQ2tD/sjZI3WSYb0v\nX55Znb3Yxxxu574ICQIhAIBz6YrZPwGTAFOcX4hEJZ6Frc0hZp37xrxaix/6/u0a\nMA0GCSqGSIb3DQEBCwUAA4IBAQCcJhWuWo78FVxeC17i4IGkum88vmRD0uQeEgNv\n1s/BsxzQUY67yI92BZHnbxFf3BJwVcaba4WzeVOLXVHN23DSzHskzx1rwhzHPycT\ncdJCbn+CRJqk+8fZirP558E2s2lLQNX+IoeZdi65zsPv8WTcxeQEtC5rQ3hcTXhp\nE58PRD5vBvWq4RMBauTN1oRUrbxOZ/l3oP/fLjoAhtOZ0fLiVEcpqJ8ssx4ZHp0a\n6tFOBVdO0E8kxrtK/JLDKOIiaVEMTUQjFqMJXBiOC0Uq9odNxTsT9ehq7aNaSqly\nBYHY5w623X8p+Fz9qSHbl8M1chBmWh+Qx8jWy/qCOUDXKvwX\n-----END CERTIFICATE-----\n",
                "is_ca": false,
                "issuer": "CN=Amazon RSA 2048 M04,O=Amazon,C=US",
                "not_after": "2026-03-26T23:59:59Z",
                "not_before": "2025-04-16T00:00:00Z",
                "public_key_algorithm": "RSA",
                "serial_number": "12203935514833259758159922439203990037",
                "sha1_fingerprint": "1bbb4ba787ef7707f4ecbc612587ec28805cffc4",
                "signature_algorithm": "SHA256-RSA",
                "subject": "CN=*.eks.ap-northeast-2.amazonaws.com",
                "version": 3
              }
            ],
            "content": null,
            "id": "2f4c12273dfce0668da79492f884c5b681951fb9",
            "url": "https://oidc.eks.ap-northeast-2.amazonaws.com/id/F311CB422450FF54998B1DDAE5D26549",
            "verify_chain": true
          },
          "sensitive_attributes": [],
          "identity_schema_version": 0
        }
      ]
    },
    {
      "module": "module.eks.module.eks_cluster",
      "mode": "managed",
      "type": "aws_cloudwatch_log_group",
      "name": "this",
      "provider": "provider[\"registry.terraform.io/hashicorp/aws\"]",
      "instances": [
        {
          "index_key": 0,
          "schema_version": 0,
          "attributes": {
            "arn": "arn:aws:logs:ap-northeast-2:727646470302:log-group:/aws/eks/memo-eks-cluster/cluster",
            "id": "/aws/eks/memo-eks-cluster/cluster",
            "kms_key_id": "",
            "log_group_class": "STANDARD",
            "name": "/aws/eks/memo-eks-cluster/cluster",
            "name_prefix": "",
            "retention_in_days": 90,
            "skip_destroy": false,
            "tags": {
              "Name": "/aws/eks/memo-eks-cluster/cluster",
              "Project": "memo"
            },
            "tags_all": {
              "Name": "/aws/eks/memo-eks-cluster/cluster",
              "Project": "memo"
            }
          },
          "sensitive_attributes": [],
          "identity_schema_version": 0,
          "private": "bnVsbA==",
          "create_before_destroy": true
        }
      ]
    },
    {
      "module": "module.eks.module.eks_cluster",
      "mode": "managed",
      "type": "aws_ec2_tag",
      "name": "cluster_primary_security_group",
      "provider": "provider[\"registry.terraform.io/hashicorp/aws\"]",
      "instances": [
        {
          "index_key": "Project",
          "schema_version": 0,
          "attributes": {
            "id": "sg-062a9372e0120bfc5,Project",
            "key": "Project",
            "resource_id": "sg-062a9372e0120bfc5",
            "value": "memo"
          },
          "sensitive_attributes": [],
          "identity_schema_version": 0,
          "private": "bnVsbA==",
          "dependencies": [
            "module.eks.module.eks_cluster.aws_cloudwatch_log_group.this",
            "module.eks.module.eks_cluster.aws_eks_cluster.this",
            "module.eks.module.eks_cluster.aws_iam_policy.cni_ipv6_policy",
            "module.eks.module.eks_cluster.aws_iam_role.eks_auto",
            "module.eks.module.eks_cluster.aws_iam_role.this",
            "module.eks.module.eks_cluster.aws_iam_role_policy_attachment.this",
            "module.eks.module.eks_cluster.aws_security_group.cluster",
            "module.eks.module.eks_cluster.aws_security_group.node",
            "module.eks.module.eks_cluster.aws_security_group_rule.cluster",
            "module.eks.module.eks_cluster.aws_security_group_rule.node",
            "module.eks.module.eks_cluster.data.aws_caller_identity.current",
            "module.eks.module.eks_cluster.data.aws_iam_policy_document.assume_role_policy",
            "module.eks.module.eks_cluster.data.aws_iam_policy_document.cni_ipv6_policy",
            "module.eks.module.eks_cluster.data.aws_iam_policy_document.node_assume_role_policy",
            "module.eks.module.eks_cluster.data.aws_iam_session_context.current",
            "module.eks.module.eks_cluster.data.aws_partition.current",
            "module.eks.module.eks_cluster.module.kms.aws_kms_external_key.this",
            "module.eks.module.eks_cluster.module.kms.aws_kms_key.this",
            "module.eks.module.eks_cluster.module.kms.aws_kms_replica_external_key.this",
            "module.eks.module.eks_cluster.module.kms.aws_kms_replica_key.this",
            "module.eks.module.eks_cluster.module.kms.data.aws_caller_identity.current",
            "module.eks.module.eks_cluster.module.kms.data.aws_iam_policy_document.this",
            "module.eks.module.eks_cluster.module.kms.data.aws_partition.current",
            "module.vpc.aws_subnet.private1",
            "module.vpc.aws_subnet.private2",
            "module.vpc.aws_subnet.private3",
            "module.vpc.aws_subnet.private4",
            "module.vpc.aws_vpc.vpc1"
          ]
        }
      ]
    },
    {
      "module": "module.eks.module.eks_cluster",
      "mode": "managed",
      "type": "aws_eks_access_entry",
      "name": "this",
      "provider": "provider[\"registry.terraform.io/hashicorp/aws\"]",
      "instances": [
        {
          "index_key": "admin",
          "schema_version": 0,
          "attributes": {
            "access_entry_arn": "arn:aws:eks:ap-northeast-2:727646470302:access-entry/memo-eks-cluster/user/727646470302/lion3team04/88cc0420-e988-62df-d732-b2d0eaa498d2",
            "cluster_name": "memo-eks-cluster",
            "created_at": "2025-07-14T09:26:28Z",
            "id": "memo-eks-cluster:arn:aws:iam::727646470302:user/lion3team04",
            "kubernetes_groups": [],
            "modified_at": "2025-07-14T09:26:28Z",
            "principal_arn": "arn:aws:iam::727646470302:user/lion3team04",
            "tags": {
              "Project": "memo"
            },
            "tags_all": {
              "Project": "memo"
            },
            "timeouts": null,
            "type": "STANDARD",
            "user_name": "arn:aws:iam::727646470302:user/lion3team04"
          },
          "sensitive_attributes": [],
          "identity_schema_version": 0,
          "private": "eyJlMmJmYjczMC1lY2FhLTExZTYtOGY4OC0zNDM2M2JjN2M0YzAiOnsiY3JlYXRlIjo2MDAwMDAwMDAwMDAsImRlbGV0ZSI6NjAwMDAwMDAwMDAwfX0=",
          "dependencies": [
            "module.eks.module.eks_cluster.aws_cloudwatch_log_group.this",
            "module.eks.module.eks_cluster.aws_eks_cluster.this",
            "module.eks.module.eks_cluster.aws_iam_policy.cni_ipv6_policy",
            "module.eks.module.eks_cluster.aws_iam_role.eks_auto",
            "module.eks.module.eks_cluster.aws_iam_role.this",
            "module.eks.module.eks_cluster.aws_iam_role_policy_attachment.this",
            "module.eks.module.eks_cluster.aws_security_group.cluster",
            "module.eks.module.eks_cluster.aws_security_group.node",
            "module.eks.module.eks_cluster.aws_security_group_rule.cluster",
            "module.eks.module.eks_cluster.aws_security_group_rule.node",
            "module.eks.module.eks_cluster.data.aws_caller_identity.current",
            "module.eks.module.eks_cluster.data.aws_iam_policy_document.assume_role_policy",
            "module.eks.module.eks_cluster.data.aws_iam_policy_document.cni_ipv6_policy",
            "module.eks.module.eks_cluster.data.aws_iam_policy_document.node_assume_role_policy",
            "module.eks.module.eks_cluster.data.aws_iam_session_context.current",
            "module.eks.module.eks_cluster.data.aws_partition.current",
            "module.eks.module.eks_cluster.module.kms.aws_kms_external_key.this",
            "module.eks.module.eks_cluster.module.kms.aws_kms_key.this",
            "module.eks.module.eks_cluster.module.kms.aws_kms_replica_external_key.this",
            "module.eks.module.eks_cluster.module.kms.aws_kms_replica_key.this",
            "module.eks.module.eks_cluster.module.kms.data.aws_caller_identity.current",
            "module.eks.module.eks_cluster.module.kms.data.aws_iam_policy_document.this",
            "module.eks.module.eks_cluster.module.kms.data.aws_partition.current",
            "module.vpc.aws_subnet.private1",
            "module.vpc.aws_subnet.private2",
            "module.vpc.aws_subnet.private3",
            "module.vpc.aws_subnet.private4",
            "module.vpc.aws_vpc.vpc1"
          ]
        }
      ]
    },
    {
      "module": "module.eks.module.eks_cluster",
      "mode": "managed",
      "type": "aws_eks_access_policy_association",
      "name": "this",
      "provider": "provider[\"registry.terraform.io/hashicorp/aws\"]",
      "instances": []
    },
    {
      "module": "module.eks.module.eks_cluster",
      "mode": "managed",
      "type": "aws_eks_addon",
      "name": "before_compute",
      "provider": "provider[\"registry.terraform.io/hashicorp/aws\"]",
      "instances": []
    },
    {
      "module": "module.eks.module.eks_cluster",
      "mode": "managed",
      "type": "aws_eks_addon",
      "name": "this",
      "provider": "provider[\"registry.terraform.io/hashicorp/aws\"]",
      "instances": []
    },
    {
      "module": "module.eks.module.eks_cluster",
      "mode": "managed",
      "type": "aws_eks_cluster",
      "name": "this",
      "provider": "provider[\"registry.terraform.io/hashicorp/aws\"]",
      "instances": [
        {
          "index_key": 0,
          "schema_version": 1,
          "attributes": {
            "access_config": [
              {
                "authentication_mode": "API_AND_CONFIG_MAP",
                "bootstrap_cluster_creator_admin_permissions": false
              }
            ],
            "arn": "arn:aws:eks:ap-northeast-2:727646470302:cluster/memo-eks-cluster",
            "bootstrap_self_managed_addons": true,
            "certificate_authority": [
              {
                "data": "LS0tLS1CRUdJTiBDRVJUSUZJQ0FURS0tLS0tCk1JSURCVENDQWUyZ0F3SUJBZ0lJWjQwRWFXVEVOTzh3RFFZSktvWklodmNOQVFFTEJRQXdGVEVUTUJFR0ExVUUKQXhNS2EzVmlaWEp1WlhSbGN6QWVGdzB5TlRBM01UUXdPVEUzTXpWYUZ3MHpOVEEzTVRJd09USXlNelZhTUJVeApFekFSQmdOVkJBTVRDbXQxWW1WeWJtVjBaWE13Z2dFaU1BMEdDU3FHU0liM0RRRUJBUVVBQTRJQkR3QXdnZ0VLCkFvSUJBUURsVElTYTFPSHVBTk0vMG54d1dEbTk4SXhwK09TRXI5NGJpbGEvaWFJYWR1ZWJFcnk5eU5OQUloWTUKMG14R0Q3K0ZObmpVWjh4MlNKR1BnZDJMN2FSMWRmNXZlVnJoaDh2ay9iaEtaTXhPeFBJY3lXcVJ6Q0F1cjloeApzRXRnSUZwanFkb0h6Z2s0ZFB4QzZsM1VDMUJNUTQzQzd5dEFTWVRIbEN4K05zZkFET1BDQUFLMlhFM2VkVEx0CkFxczVlYzVsT3crVEUxVjBiZUk2NytuUUNrdE00TUdxbUZxL0x2L0U2N0svd2VCOG9rckx2cERVRDFCMnMyZ2wKaDJtbkFTWjVHMk5HWnF0MGlQOG9PVGJScmVydTB5U0lBbmFLeFIxS0RheGZLeW11bjVtTTBRWDNMbzZpL2k0dAo1cXJUN2pDM0R3Y2dRTGhEU0JCZ3orVVBNWmdmQWdNQkFBR2pXVEJYTUE0R0ExVWREd0VCL3dRRUF3SUNwREFQCkJnTlZIUk1CQWY4RUJUQURBUUgvTUIwR0ExVWREZ1FXQkJUMmRwS2l2ZzhVcnplSzk0Q1JkVEhoUDNJS3FEQVYKQmdOVkhSRUVEakFNZ2dwcmRXSmxjbTVsZEdWek1BMEdDU3FHU0liM0RRRUJDd1VBQTRJQkFRQUZSUXFPWXB1Ygo4Wk9Nc0VTaUN2TG43ckRScm94WG01cWJDZkRQTWNsbjBnMzZicHVnZGE0a1haajVvTTR5YUxscVJDbUZjWHlOCm9Gb1dnakk1L0NTZmlHK0ZPaWxxMWZISG5PV3ZKVldrRmU1SU0xL0dOSFVkNDRFR3EreERXMnFhQkRXaW82YUsKZXIzOWltLzhWdFcreTNERnNxeSt2VlRYM1RXQlpjRkxFNUs2M0lFNUwwOFZseWEzbzJ3VzJrak9KRHNodDlQYwpZSXJQbnJkY3Q1RVNKVlZCNllWTGViOEtOcmk1cCt5bUFwQS85SWNFWUFWVWVaclpLakFjMnk2V1JaWWdqaTE5CjZHbEZNaDEzT3MvMUY4MHNYa2ROb2VWTldVUUVIeTRsRXRwZzdwZGg4QUE2TXpYeHJxSHRGWnJYZGlFcEZlMTEKV1BnRHN1RzVKOFZoCi0tLS0tRU5EIENFUlRJRklDQVRFLS0tLS0K"
              }
            ],
            "cluster_id": null,
            "compute_config": [],
            "created_at": "2025-07-14T09:18:06Z",
            "enabled_cluster_log_types": [
              "api",
              "audit",
              "authenticator"
            ],
            "encryption_config": [],
            "endpoint": "https://F311CB422450FF54998B1DDAE5D26549.gr7.ap-northeast-2.eks.amazonaws.com",
            "force_update_version": null,
            "id": "memo-eks-cluster",
            "identity": [
              {
                "oidc": [
                  {
                    "issuer": "https://oidc.eks.ap-northeast-2.amazonaws.com/id/F311CB422450FF54998B1DDAE5D26549"
                  }
                ]
              }
            ],
            "kubernetes_network_config": [
              {
                "elastic_load_balancing": [
                  {
                    "enabled": false
                  }
                ],
                "ip_family": "ipv4",
                "service_ipv4_cidr": "172.20.0.0/16",
                "service_ipv6_cidr": ""
              }
            ],
            "name": "memo-eks-cluster",
            "outpost_config": [],
            "platform_version": "eks.40",
            "remote_network_config": [],
            "role_arn": "arn:aws:iam::727646470302:role/memo-eks-cluster-cluster-20250714091745937600000001",
            "status": "ACTIVE",
            "storage_config": [],
            "tags": {
              "Project": "memo",
              "terraform-aws-modules": "eks"
            },
            "tags_all": {
              "Project": "memo",
              "terraform-aws-modules": "eks"
            },
            "timeouts": {
              "create": null,
              "delete": null,
              "update": null
            },
            "upgrade_policy": [
              {
                "support_type": "EXTENDED"
              }
            ],
            "version": "1.29",
            "vpc_config": [
              {
                "cluster_security_group_id": "sg-062a9372e0120bfc5",
                "endpoint_private_access": true,
                "endpoint_public_access": true,
                "public_access_cidrs": [
                  "0.0.0.0/0"
                ],
                "security_group_ids": [
                  "sg-0a9dca10eb11c801e"
                ],
                "subnet_ids": [
                  "subnet-00164a47ae30153d9",
                  "subnet-0123a6d953c842e45",
                  "subnet-0bda65eb320550714",
                  "subnet-0ebf3d22f50576fee"
                ],
                "vpc_id": "vpc-0b38d3bd4cd39d2fb"
              }
            ],
            "zonal_shift_config": []
          },
          "sensitive_attributes": [],
          "identity_schema_version": 0,
          "private": "eyJlMmJmYjczMC1lY2FhLTExZTYtOGY4OC0zNDM2M2JjN2M0YzAiOnsiY3JlYXRlIjoxODAwMDAwMDAwMDAwLCJkZWxldGUiOjkwMDAwMDAwMDAwMCwidXBkYXRlIjozNjAwMDAwMDAwMDAwfSwic2NoZW1hX3ZlcnNpb24iOiIxIn0=",
          "dependencies": [
            "module.eks.module.eks_cluster.aws_cloudwatch_log_group.this",
            "module.eks.module.eks_cluster.aws_iam_policy.cni_ipv6_policy",
            "module.eks.module.eks_cluster.aws_iam_role.eks_auto",
            "module.eks.module.eks_cluster.aws_iam_role.this",
            "module.eks.module.eks_cluster.aws_iam_role_policy_attachment.this",
            "module.eks.module.eks_cluster.aws_security_group.cluster",
            "module.eks.module.eks_cluster.aws_security_group.node",
            "module.eks.module.eks_cluster.aws_security_group_rule.cluster",
            "module.eks.module.eks_cluster.aws_security_group_rule.node",
            "module.eks.module.eks_cluster.data.aws_caller_identity.current",
            "module.eks.module.eks_cluster.data.aws_iam_policy_document.assume_role_policy",
            "module.eks.module.eks_cluster.data.aws_iam_policy_document.cni_ipv6_policy",
            "module.eks.module.eks_cluster.data.aws_iam_policy_document.node_assume_role_policy",
            "module.eks.module.eks_cluster.data.aws_iam_session_context.current",
            "module.eks.module.eks_cluster.data.aws_partition.current",
            "module.eks.module.eks_cluster.module.kms.aws_kms_external_key.this",
            "module.eks.module.eks_cluster.module.kms.aws_kms_key.this",
            "module.eks.module.eks_cluster.module.kms.aws_kms_replica_external_key.this",
            "module.eks.module.eks_cluster.module.kms.aws_kms_replica_key.this",
            "module.eks.module.eks_cluster.module.kms.data.aws_caller_identity.current",
            "module.eks.module.eks_cluster.module.kms.data.aws_iam_policy_document.this",
            "module.eks.module.eks_cluster.module.kms.data.aws_partition.current",
            "module.vpc.aws_subnet.private1",
            "module.vpc.aws_subnet.private2",
            "module.vpc.aws_subnet.private3",
            "module.vpc.aws_subnet.private4",
            "module.vpc.aws_vpc.vpc1"
          ],
          "create_before_destroy": true
        }
      ]
    },
    {
      "module": "module.eks.module.eks_cluster",
      "mode": "managed",
      "type": "aws_eks_identity_provider_config",
      "name": "this",
      "provider": "provider[\"registry.terraform.io/hashicorp/aws\"]",
      "instances": []
    },
    {
      "module": "module.eks.module.eks_cluster",
      "mode": "managed",
      "type": "aws_iam_openid_connect_provider",
      "name": "oidc_provider",
      "provider": "provider[\"registry.terraform.io/hashicorp/aws\"]",
      "instances": [
        {
          "index_key": 0,
          "schema_version": 0,
          "attributes": {
            "arn": "arn:aws:iam::727646470302:oidc-provider/oidc.eks.ap-northeast-2.amazonaws.com/id/F311CB422450FF54998B1DDAE5D26549",
            "client_id_list": [
              "sts.amazonaws.com"
            ],
            "id": "arn:aws:iam::727646470302:oidc-provider/oidc.eks.ap-northeast-2.amazonaws.com/id/F311CB422450FF54998B1DDAE5D26549",
            "tags": {
              "Name": "memo-eks-cluster-eks-irsa",
              "Project": "memo"
            },
            "tags_all": {
              "Name": "memo-eks-cluster-eks-irsa",
              "Project": "memo"
            },
            "thumbprint_list": [
              "06b25927c42a721631c1efd9431e648fa62e1e39"
            ],
            "url": "oidc.eks.ap-northeast-2.amazonaws.com/id/F311CB422450FF54998B1DDAE5D26549"
          },
          "sensitive_attributes": [],
          "identity_schema_version": 0,
          "private": "bnVsbA==",
          "dependencies": [
            "module.eks.module.eks_cluster.aws_cloudwatch_log_group.this",
            "module.eks.module.eks_cluster.aws_eks_cluster.this",
            "module.eks.module.eks_cluster.aws_iam_policy.cni_ipv6_policy",
            "module.eks.module.eks_cluster.aws_iam_role.eks_auto",
            "module.eks.module.eks_cluster.aws_iam_role.this",
            "module.eks.module.eks_cluster.aws_iam_role_policy_attachment.this",
            "module.eks.module.eks_cluster.aws_security_group.cluster",
            "module.eks.module.eks_cluster.aws_security_group.node",
            "module.eks.module.eks_cluster.aws_security_group_rule.cluster",
            "module.eks.module.eks_cluster.aws_security_group_rule.node",
            "module.eks.module.eks_cluster.data.aws_caller_identity.current",
            "module.eks.module.eks_cluster.data.aws_iam_policy_document.assume_role_policy",
            "module.eks.module.eks_cluster.data.aws_iam_policy_document.cni_ipv6_policy",
            "module.eks.module.eks_cluster.data.aws_iam_policy_document.node_assume_role_policy",
            "module.eks.module.eks_cluster.data.aws_iam_session_context.current",
            "module.eks.module.eks_cluster.data.aws_partition.current",
            "module.eks.module.eks_cluster.data.tls_certificate.this",
            "module.eks.module.eks_cluster.module.kms.aws_kms_external_key.this",
            "module.eks.module.eks_cluster.module.kms.aws_kms_key.this",
            "module.eks.module.eks_cluster.module.kms.aws_kms_replica_external_key.this",
            "module.eks.module.eks_cluster.module.kms.aws_kms_replica_key.this",
            "module.eks.module.eks_cluster.module.kms.data.aws_caller_identity.current",
            "module.eks.module.eks_cluster.module.kms.data.aws_iam_policy_document.this",
            "module.eks.module.eks_cluster.module.kms.data.aws_partition.current",
            "module.vpc.aws_subnet.private1",
            "module.vpc.aws_subnet.private2",
            "module.vpc.aws_subnet.private3",
            "module.vpc.aws_subnet.private4",
            "module.vpc.aws_vpc.vpc1"
          ]
        }
      ]
    },
    {
      "module": "module.eks.module.eks_cluster",
      "mode": "managed",
      "type": "aws_iam_policy",
      "name": "cluster_encryption",
      "provider": "provider[\"registry.terraform.io/hashicorp/aws\"]",
      "instances": []
    },
    {
      "module": "module.eks.module.eks_cluster",
      "mode": "managed",
      "type": "aws_iam_policy",
      "name": "cni_ipv6_policy",
      "provider": "provider[\"registry.terraform.io/hashicorp/aws\"]",
      "instances": []
    },
    {
      "module": "module.eks.module.eks_cluster",
      "mode": "managed",
      "type": "aws_iam_policy",
      "name": "custom",
      "provider": "provider[\"registry.terraform.io/hashicorp/aws\"]",
      "instances": [
        {
          "index_key": 0,
          "schema_version": 0,
          "attributes": {
            "arn": "arn:aws:iam::727646470302:policy/memo-eks-cluster-cluster-20250714091746232800000003",
            "attachment_count": 0,
            "description": "",
            "id": "arn:aws:iam::727646470302:policy/memo-eks-cluster-cluster-20250714091746232800000003",
            "name": "memo-eks-cluster-cluster-20250714091746232800000003",
            "name_prefix": "memo-eks-cluster-cluster-",
            "path": "/",
            "policy": "{\"Statement\":[{\"Action\":[\"ec2:RunInstances\",\"ec2:CreateLaunchTemplate\",\"ec2:CreateFleet\"],\"Condition\":{\"StringEquals\":{\"aws:RequestTag/eks:eks-cluster-name\":\"${aws:PrincipalTag/eks:eks-cluster-name}\"},\"StringLike\":{\"aws:RequestTag/eks:kubernetes-node-class-name\":\"*\",\"aws:RequestTag/eks:kubernetes-node-pool-name\":\"*\"}},\"Effect\":\"Allow\",\"Resource\":\"*\",\"Sid\":\"Compute\"},{\"Action\":[\"ec2:CreateVolume\",\"ec2:CreateSnapshot\"],\"Condition\":{\"StringEquals\":{\"aws:RequestTag/eks:eks-cluster-name\":\"${aws:PrincipalTag/eks:eks-cluster-name}\"}},\"Effect\":\"Allow\",\"Resource\":[\"arn:aws:ec2:*:*:volume/*\",\"arn:aws:ec2:*:*:snapshot/*\"],\"Sid\":\"Storage\"},{\"Action\":\"ec2:CreateNetworkInterface\",\"Condition\":{\"StringEquals\":{\"aws:RequestTag/eks:eks-cluster-name\":\"${aws:PrincipalTag/eks:eks-cluster-name}\",\"aws:RequestTag/eks:kubernetes-cni-node-name\":\"*\"}},\"Effect\":\"Allow\",\"Resource\":\"*\",\"Sid\":\"Networking\"},{\"Action\":[\"elasticloadbalancing:CreateTargetGroup\",\"elasticloadbalancing:CreateRule\",\"elasticloadbalancing:CreateLoadBalancer\",\"elasticloadbalancing:CreateListener\",\"ec2:CreateSecurityGroup\"],\"Condition\":{\"StringEquals\":{\"aws:RequestTag/eks:eks-cluster-name\":\"${aws:PrincipalTag/eks:eks-cluster-name}\"}},\"Effect\":\"Allow\",\"Resource\":\"*\",\"Sid\":\"LoadBalancer\"},{\"Action\":\"shield:CreateProtection\",\"Condition\":{\"StringEquals\":{\"aws:RequestTag/eks:eks-cluster-name\":\"${aws:PrincipalTag/eks:eks-cluster-name}\"}},\"Effect\":\"Allow\",\"Resource\":\"*\",\"Sid\":\"ShieldProtection\"},{\"Action\":\"shield:TagResource\",\"Condition\":{\"StringEquals\":{\"aws:RequestTag/eks:eks-cluster-name\":\"${aws:PrincipalTag/eks:eks-cluster-name}\"}},\"Effect\":\"Allow\",\"Resource\":\"arn:aws:shield::*:protection/*\",\"Sid\":\"ShieldTagResource\"}],\"Version\":\"2012-10-17\"}",
            "policy_id": "ANPA2S2Y4ACPKZ4RV3SLD",
            "tags": {
              "Project": "memo"
            },
            "tags_all": {
              "Project": "memo"
            }
          },
          "sensitive_attributes": [],
          "identity_schema_version": 0,
          "private": "bnVsbA==",
          "dependencies": [
            "module.eks.module.eks_cluster.data.aws_iam_policy_document.custom",
            "module.eks.module.eks_cluster.data.aws_partition.current"
          ]
        }
      ]
    },
    {
      "module": "module.eks.module.eks_cluster",
      "mode": "managed",
      "type": "aws_iam_role",
      "name": "eks_auto",
      "provider": "provider[\"registry.terraform.io/hashicorp/aws\"]",
      "instances": []
    },
    {
      "module": "module.eks.module.eks_cluster",
      "mode": "managed",
      "type": "aws_iam_role",
      "name": "this",
      "provider": "provider[\"registry.terraform.io/hashicorp/aws\"]",
      "instances": [
        {
          "index_key": 0,
          "schema_version": 0,
          "attributes": {
            "arn": "arn:aws:iam::727646470302:role/memo-eks-cluster-cluster-20250714091745937600000001",
            "assume_role_policy": "{\"Statement\":[{\"Action\":[\"sts:TagSession\",\"sts:AssumeRole\"],\"Effect\":\"Allow\",\"Principal\":{\"Service\":\"eks.amazonaws.com\"},\"Sid\":\"EKSClusterAssumeRole\"}],\"Version\":\"2012-10-17\"}",
            "create_date": "2025-07-14T09:17:46Z",
            "description": "",
            "force_detach_policies": true,
            "id": "memo-eks-cluster-cluster-20250714091745937600000001",
            "inline_policy": [],
            "managed_policy_arns": [],
            "max_session_duration": 3600,
            "name": "memo-eks-cluster-cluster-20250714091745937600000001",
            "name_prefix": "memo-eks-cluster-cluster-",
            "path": "/",
            "permissions_boundary": "",
            "tags": {
              "Project": "memo"
            },
            "tags_all": {
              "Project": "memo"
            },
            "unique_id": "AROA2S2Y4ACPML5SLUNQ2"
          },
          "sensitive_attributes": [],
          "identity_schema_version": 0,
          "private": "bnVsbA==",
          "dependencies": [
            "module.eks.module.eks_cluster.data.aws_iam_policy_document.assume_role_policy"
          ],
          "create_before_destroy": true
        }
      ]
    },
    {
      "module": "module.eks.module.eks_cluster",
      "mode": "managed",
      "type": "aws_iam_role_policy_attachment",
      "name": "additional",
      "provider": "provider[\"registry.terraform.io/hashicorp/aws\"]",
      "instances": []
    },
    {
      "module": "module.eks.module.eks_cluster",
      "mode": "managed",
      "type": "aws_iam_role_policy_attachment",
      "name": "cluster_encryption",
      "provider": "provider[\"registry.terraform.io/hashicorp/aws\"]",
      "instances": []
    },
    {
      "module": "module.eks.module.eks_cluster",
      "mode": "managed",
      "type": "aws_iam_role_policy_attachment",
      "name": "custom",
      "provider": "provider[\"registry.terraform.io/hashicorp/aws\"]",
      "instances": [
        {
          "index_key": 0,
          "schema_version": 0,
          "attributes": {
            "id": "memo-eks-cluster-cluster-20250714091745937600000001-20250714091747785400000005",
            "policy_arn": "arn:aws:iam::727646470302:policy/memo-eks-cluster-cluster-20250714091746232800000003",
            "role": "memo-eks-cluster-cluster-20250714091745937600000001"
          },
          "sensitive_attributes": [],
          "identity_schema_version": 0,
          "private": "bnVsbA==",
          "dependencies": [
            "module.eks.module.eks_cluster.aws_iam_policy.custom",
            "module.eks.module.eks_cluster.aws_iam_role.this",
            "module.eks.module.eks_cluster.data.aws_iam_policy_document.assume_role_policy",
            "module.eks.module.eks_cluster.data.aws_iam_policy_document.custom",
            "module.eks.module.eks_cluster.data.aws_partition.current"
          ]
        }
      ]
    },
    {
      "module": "module.eks.module.eks_cluster",
      "mode": "managed",
      "type": "aws_iam_role_policy_attachment",
      "name": "eks_auto",
      "provider": "provider[\"registry.terraform.io/hashicorp/aws\"]",
      "instances": []
    },
    {
      "module": "module.eks.module.eks_cluster",
      "mode": "managed",
      "type": "aws_iam_role_policy_attachment",
      "name": "eks_auto_additional",
      "provider": "provider[\"registry.terraform.io/hashicorp/aws\"]",
      "instances": []
    },
    {
      "module": "module.eks.module.eks_cluster",
      "mode": "managed",
      "type": "aws_iam_role_policy_attachment",
      "name": "this",
      "provider": "provider[\"registry.terraform.io/hashicorp/aws\"]",
      "instances": [
        {
          "index_key": "AmazonEKSClusterPolicy",
          "schema_version": 0,
          "attributes": {
            "id": "memo-eks-cluster-cluster-20250714091745937600000001-20250714091747809200000006",
            "policy_arn": "arn:aws:iam::aws:policy/AmazonEKSClusterPolicy",
            "role": "memo-eks-cluster-cluster-20250714091745937600000001"
          },
          "sensitive_attributes": [],
          "identity_schema_version": 0,
          "private": "bnVsbA==",
          "dependencies": [
            "module.eks.module.eks_cluster.aws_iam_role.this",
            "module.eks.module.eks_cluster.data.aws_iam_policy_document.assume_role_policy",
            "module.eks.module.eks_cluster.data.aws_partition.current"
          ],
          "create_before_destroy": true
        },
        {
          "index_key": "AmazonEKSVPCResourceController",
          "schema_version": 0,
          "attributes": {
            "id": "memo-eks-cluster-cluster-20250714091745937600000001-20250714091747780700000004",
            "policy_arn": "arn:aws:iam::aws:policy/AmazonEKSVPCResourceController",
            "role": "memo-eks-cluster-cluster-20250714091745937600000001"
          },
          "sensitive_attributes": [],
          "identity_schema_version": 0,
          "private": "bnVsbA==",
          "dependencies": [
            "module.eks.module.eks_cluster.aws_iam_role.this",
            "module.eks.module.eks_cluster.data.aws_iam_policy_document.assume_role_policy",
            "module.eks.module.eks_cluster.data.aws_partition.current"
          ],
          "create_before_destroy": true
        }
      ]
    },
    {
      "module": "module.eks.module.eks_cluster",
      "mode": "managed",
      "type": "aws_security_group",
      "name": "cluster",
      "provider": "provider[\"registry.terraform.io/hashicorp/aws\"]",
      "instances": [
        {
          "index_key": 0,
          "schema_version": 1,
          "attributes": {
            "arn": "arn:aws:ec2:ap-northeast-2:727646470302:security-group/sg-0a9dca10eb11c801e",
            "description": "EKS cluster security group",
            "egress": [],
            "id": "sg-0a9dca10eb11c801e",
            "ingress": [],
            "name": "memo-eks-cluster-cluster-20250714091758922400000010",
            "name_prefix": "memo-eks-cluster-cluster-",
            "owner_id": "727646470302",
            "revoke_rules_on_delete": false,
            "tags": {
              "Name": "memo-eks-cluster-cluster",
              "Project": "memo"
            },
            "tags_all": {
              "Name": "memo-eks-cluster-cluster",
              "Project": "memo"
            },
            "timeouts": null,
            "vpc_id": "vpc-0b38d3bd4cd39d2fb"
          },
          "sensitive_attributes": [],
          "identity_schema_version": 0,
          "private": "eyJlMmJmYjczMC1lY2FhLTExZTYtOGY4OC0zNDM2M2JjN2M0YzAiOnsiY3JlYXRlIjo2MDAwMDAwMDAwMDAsImRlbGV0ZSI6OTAwMDAwMDAwMDAwfSwic2NoZW1hX3ZlcnNpb24iOiIxIn0=",
          "dependencies": [
            "module.vpc.aws_vpc.vpc1"
          ],
          "create_before_destroy": true
        }
      ]
    },
    {
      "module": "module.eks.module.eks_cluster",
      "mode": "managed",
      "type": "aws_security_group",
      "name": "node",
      "provider": "provider[\"registry.terraform.io/hashicorp/aws\"]",
      "instances": [
        {
          "index_key": 0,
          "schema_version": 1,
          "attributes": {
            "arn": "arn:aws:ec2:ap-northeast-2:727646470302:security-group/sg-0c76502fb7c7f328e",
            "description": "EKS node shared security group",
            "egress": [],
            "id": "sg-0c76502fb7c7f328e",
            "ingress": [],
            "name": "memo-eks-cluster-node-2025071409175891880000000f",
            "name_prefix": "memo-eks-cluster-node-",
            "owner_id": "727646470302",
            "revoke_rules_on_delete": false,
            "tags": {
              "Name": "memo-eks-cluster-node",
              "Project": "memo",
              "kubernetes.io/cluster/memo-eks-cluster": "owned"
            },
            "tags_all": {
              "Name": "memo-eks-cluster-node",
              "Project": "memo",
              "kubernetes.io/cluster/memo-eks-cluster": "owned"
            },
            "timeouts": null,
            "vpc_id": "vpc-0b38d3bd4cd39d2fb"
          },
          "sensitive_attributes": [],
          "identity_schema_version": 0,
          "private": "eyJlMmJmYjczMC1lY2FhLTExZTYtOGY4OC0zNDM2M2JjN2M0YzAiOnsiY3JlYXRlIjo2MDAwMDAwMDAwMDAsImRlbGV0ZSI6OTAwMDAwMDAwMDAwfSwic2NoZW1hX3ZlcnNpb24iOiIxIn0=",
          "dependencies": [
            "module.vpc.aws_vpc.vpc1"
          ],
          "create_before_destroy": true
        }
      ]
    },
    {
      "module": "module.eks.module.eks_cluster",
      "mode": "managed",
      "type": "aws_security_group_rule",
      "name": "cluster",
      "provider": "provider[\"registry.terraform.io/hashicorp/aws\"]",
      "instances": [
        {
          "index_key": "ingress_nodes_443",
          "schema_version": 2,
          "attributes": {
            "cidr_blocks": null,
            "description": "Node groups to cluster API",
            "from_port": 443,
            "id": "sgrule-1682632261",
            "ipv6_cidr_blocks": null,
            "prefix_list_ids": null,
            "protocol": "tcp",
            "security_group_id": "sg-0a9dca10eb11c801e",
            "security_group_rule_id": "sgr-0869b99780e2df980",
            "self": false,
            "source_security_group_id": "sg-0c76502fb7c7f328e",
            "timeouts": null,
            "to_port": 443,
            "type": "ingress"
          },
          "sensitive_attributes": [],
          "identity_schema_version": 0,
          "private": "eyJlMmJmYjczMC1lY2FhLTExZTYtOGY4OC0zNDM2M2JjN2M0YzAiOnsiY3JlYXRlIjozMDAwMDAwMDAwMDB9LCJzY2hlbWFfdmVyc2lvbiI6IjIifQ==",
          "dependencies": [
            "module.eks.module.eks_cluster.aws_security_group.cluster",
            "module.eks.module.eks_cluster.aws_security_group.node",
            "module.vpc.aws_vpc.vpc1"
          ],
          "create_before_destroy": true
        }
      ]
    },
    {
      "module": "module.eks.module.eks_cluster",
      "mode": "managed",
      "type": "aws_security_group_rule",
      "name": "node",
      "provider": "provider[\"registry.terraform.io/hashicorp/aws\"]",
      "instances": [
        {
          "index_key": "egress_all",
          "schema_version": 2,
          "attributes": {
            "cidr_blocks": [
              "0.0.0.0/0"
            ],
            "description": "Allow all egress",
            "from_port": 0,
            "id": "sgrule-266179002",
            "ipv6_cidr_blocks": null,
            "prefix_list_ids": [],
            "protocol": "-1",
            "security_group_id": "sg-0c76502fb7c7f328e",
            "security_group_rule_id": "sgr-046b27ca31442e30d",
            "self": false,
            "source_security_group_id": null,
            "timeouts": null,
            "to_port": 0,
            "type": "egress"
          },
          "sensitive_attributes": [],
          "identity_schema_version": 0,
          "private": "eyJlMmJmYjczMC1lY2FhLTExZTYtOGY4OC0zNDM2M2JjN2M0YzAiOnsiY3JlYXRlIjozMDAwMDAwMDAwMDB9LCJzY2hlbWFfdmVyc2lvbiI6IjIifQ==",
          "dependencies": [
            "module.eks.module.eks_cluster.aws_security_group.cluster",
            "module.eks.module.eks_cluster.aws_security_group.node",
            "module.vpc.aws_vpc.vpc1"
          ],
          "create_before_destroy": true
        },
        {
          "index_key": "ingress_cluster_443",
          "schema_version": 2,
          "attributes": {
            "cidr_blocks": null,
            "description": "Cluster API to node groups",
            "from_port": 443,
            "id": "sgrule-2409456667",
            "ipv6_cidr_blocks": null,
            "prefix_list_ids": [],
            "protocol": "tcp",
            "security_group_id": "sg-0c76502fb7c7f328e",
            "security_group_rule_id": "sgr-0c04530598f314a70",
            "self": false,
            "source_security_group_id": "sg-0a9dca10eb11c801e",
            "timeouts": null,
            "to_port": 443,
            "type": "ingress"
          },
          "sensitive_attributes": [],
          "identity_schema_version": 0,
          "private": "eyJlMmJmYjczMC1lY2FhLTExZTYtOGY4OC0zNDM2M2JjN2M0YzAiOnsiY3JlYXRlIjozMDAwMDAwMDAwMDB9LCJzY2hlbWFfdmVyc2lvbiI6IjIifQ==",
          "dependencies": [
            "module.eks.module.eks_cluster.aws_security_group.cluster",
            "module.eks.module.eks_cluster.aws_security_group.node",
            "module.vpc.aws_vpc.vpc1"
          ],
          "create_before_destroy": true
        },
        {
          "index_key": "ingress_cluster_4443_webhook",
          "schema_version": 2,
          "attributes": {
            "cidr_blocks": null,
            "description": "Cluster API to node 4443/tcp webhook",
            "from_port": 4443,
            "id": "sgrule-1432576265",
            "ipv6_cidr_blocks": null,
            "prefix_list_ids": [],
            "protocol": "tcp",
            "security_group_id": "sg-0c76502fb7c7f328e",
            "security_group_rule_id": "sgr-0d5f1341132642c26",
            "self": false,
            "source_security_group_id": "sg-0a9dca10eb11c801e",
            "timeouts": null,
            "to_port": 4443,
            "type": "ingress"
          },
          "sensitive_attributes": [],
          "identity_schema_version": 0,
          "private": "eyJlMmJmYjczMC1lY2FhLTExZTYtOGY4OC0zNDM2M2JjN2M0YzAiOnsiY3JlYXRlIjozMDAwMDAwMDAwMDB9LCJzY2hlbWFfdmVyc2lvbiI6IjIifQ==",
          "dependencies": [
            "module.eks.module.eks_cluster.aws_security_group.cluster",
            "module.eks.module.eks_cluster.aws_security_group.node",
            "module.vpc.aws_vpc.vpc1"
          ],
          "create_before_destroy": true
        },
        {
          "index_key": "ingress_cluster_6443_webhook",
          "schema_version": 2,
          "attributes": {
            "cidr_blocks": null,
            "description": "Cluster API to node 6443/tcp webhook",
            "from_port": 6443,
            "id": "sgrule-2619410079",
            "ipv6_cidr_blocks": null,
            "prefix_list_ids": [],
            "protocol": "tcp",
            "security_group_id": "sg-0c76502fb7c7f328e",
            "security_group_rule_id": "sgr-0cc136e5027f73254",
            "self": false,
            "source_security_group_id": "sg-0a9dca10eb11c801e",
            "timeouts": null,
            "to_port": 6443,
            "type": "ingress"
          },
          "sensitive_attributes": [],
          "identity_schema_version": 0,
          "private": "eyJlMmJmYjczMC1lY2FhLTExZTYtOGY4OC0zNDM2M2JjN2M0YzAiOnsiY3JlYXRlIjozMDAwMDAwMDAwMDB9LCJzY2hlbWFfdmVyc2lvbiI6IjIifQ==",
          "dependencies": [
            "module.eks.module.eks_cluster.aws_security_group.cluster",
            "module.eks.module.eks_cluster.aws_security_group.node",
            "module.vpc.aws_vpc.vpc1"
          ],
          "create_before_destroy": true
        },
        {
          "index_key": "ingress_cluster_8443_webhook",
          "schema_version": 2,
          "attributes": {
            "cidr_blocks": null,
            "description": "Cluster API to node 8443/tcp webhook",
            "from_port": 8443,
            "id": "sgrule-2407348926",
            "ipv6_cidr_blocks": null,
            "prefix_list_ids": [],
            "protocol": "tcp",
            "security_group_id": "sg-0c76502fb7c7f328e",
            "security_group_rule_id": "sgr-04219b1982213ef7a",
            "self": false,
            "source_security_group_id": "sg-0a9dca10eb11c801e",
            "timeouts": null,
            "to_port": 8443,
            "type": "ingress"
          },
          "sensitive_attributes": [],
          "identity_schema_version": 0,
          "private": "eyJlMmJmYjczMC1lY2FhLTExZTYtOGY4OC0zNDM2M2JjN2M0YzAiOnsiY3JlYXRlIjozMDAwMDAwMDAwMDB9LCJzY2hlbWFfdmVyc2lvbiI6IjIifQ==",
          "dependencies": [
            "module.eks.module.eks_cluster.aws_security_group.cluster",
            "module.eks.module.eks_cluster.aws_security_group.node",
            "module.vpc.aws_vpc.vpc1"
          ],
          "create_before_destroy": true
        },
        {
          "index_key": "ingress_cluster_9443_webhook",
          "schema_version": 2,
          "attributes": {
            "cidr_blocks": null,
            "description": "Cluster API to node 9443/tcp webhook",
            "from_port": 9443,
            "id": "sgrule-3957066101",
            "ipv6_cidr_blocks": null,
            "prefix_list_ids": [],
            "protocol": "tcp",
            "security_group_id": "sg-0c76502fb7c7f328e",
            "security_group_rule_id": "sgr-015668e341778a347",
            "self": false,
            "source_security_group_id": "sg-0a9dca10eb11c801e",
            "timeouts": null,
            "to_port": 9443,
            "type": "ingress"
          },
          "sensitive_attributes": [],
          "identity_schema_version": 0,
          "private": "eyJlMmJmYjczMC1lY2FhLTExZTYtOGY4OC0zNDM2M2JjN2M0YzAiOnsiY3JlYXRlIjozMDAwMDAwMDAwMDB9LCJzY2hlbWFfdmVyc2lvbiI6IjIifQ==",
          "dependencies": [
            "module.eks.module.eks_cluster.aws_security_group.cluster",
            "module.eks.module.eks_cluster.aws_security_group.node",
            "module.vpc.aws_vpc.vpc1"
          ],
          "create_before_destroy": true
        },
        {
          "index_key": "ingress_cluster_kubelet",
          "schema_version": 2,
          "attributes": {
            "cidr_blocks": null,
            "description": "Cluster API to node kubelets",
            "from_port": 10250,
            "id": "sgrule-3868977189",
            "ipv6_cidr_blocks": null,
            "prefix_list_ids": [],
            "protocol": "tcp",
            "security_group_id": "sg-0c76502fb7c7f328e",
            "security_group_rule_id": "sgr-0b72ed8cc72cc1a8d",
            "self": false,
            "source_security_group_id": "sg-0a9dca10eb11c801e",
            "timeouts": null,
            "to_port": 10250,
            "type": "ingress"
          },
          "sensitive_attributes": [],
          "identity_schema_version": 0,
          "private": "eyJlMmJmYjczMC1lY2FhLTExZTYtOGY4OC0zNDM2M2JjN2M0YzAiOnsiY3JlYXRlIjozMDAwMDAwMDAwMDB9LCJzY2hlbWFfdmVyc2lvbiI6IjIifQ==",
          "dependencies": [
            "module.eks.module.eks_cluster.aws_security_group.cluster",
            "module.eks.module.eks_cluster.aws_security_group.node",
            "module.vpc.aws_vpc.vpc1"
          ],
          "create_before_destroy": true
        },
        {
          "index_key": "ingress_nodes_ephemeral",
          "schema_version": 2,
          "attributes": {
            "cidr_blocks": null,
            "description": "Node to node ingress on ephemeral ports",
            "from_port": 1025,
            "id": "sgrule-1200601901",
            "ipv6_cidr_blocks": null,
            "prefix_list_ids": [],
            "protocol": "tcp",
            "security_group_id": "sg-0c76502fb7c7f328e",
            "security_group_rule_id": "sgr-057db1eac27d00c3d",
            "self": true,
            "source_security_group_id": null,
            "timeouts": null,
            "to_port": 65535,
            "type": "ingress"
          },
          "sensitive_attributes": [],
          "identity_schema_version": 0,
          "private": "eyJlMmJmYjczMC1lY2FhLTExZTYtOGY4OC0zNDM2M2JjN2M0YzAiOnsiY3JlYXRlIjozMDAwMDAwMDAwMDB9LCJzY2hlbWFfdmVyc2lvbiI6IjIifQ==",
          "dependencies": [
            "module.eks.module.eks_cluster.aws_security_group.cluster",
            "module.eks.module.eks_cluster.aws_security_group.node",
            "module.vpc.aws_vpc.vpc1"
          ],
          "create_before_destroy": true
        },
        {
          "index_key": "ingress_self_coredns_tcp",
          "schema_version": 2,
          "attributes": {
            "cidr_blocks": null,
            "description": "Node to node CoreDNS",
            "from_port": 53,
            "id": "sgrule-1871527610",
            "ipv6_cidr_blocks": null,
            "prefix_list_ids": [],
            "protocol": "tcp",
            "security_group_id": "sg-0c76502fb7c7f328e",
            "security_group_rule_id": "sgr-0f006d33897a1b325",
            "self": true,
            "source_security_group_id": null,
            "timeouts": null,
            "to_port": 53,
            "type": "ingress"
          },
          "sensitive_attributes": [],
          "identity_schema_version": 0,
          "private": "eyJlMmJmYjczMC1lY2FhLTExZTYtOGY4OC0zNDM2M2JjN2M0YzAiOnsiY3JlYXRlIjozMDAwMDAwMDAwMDB9LCJzY2hlbWFfdmVyc2lvbiI6IjIifQ==",
          "dependencies": [
            "module.eks.module.eks_cluster.aws_security_group.cluster",
            "module.eks.module.eks_cluster.aws_security_group.node",
            "module.vpc.aws_vpc.vpc1"
          ],
          "create_before_destroy": true
        },
        {
          "index_key": "ingress_self_coredns_udp",
          "schema_version": 2,
          "attributes": {
            "cidr_blocks": null,
            "description": "Node to node CoreDNS UDP",
            "from_port": 53,
            "id": "sgrule-3419577685",
            "ipv6_cidr_blocks": null,
            "prefix_list_ids": [],
            "protocol": "udp",
            "security_group_id": "sg-0c76502fb7c7f328e",
            "security_group_rule_id": "sgr-0cb2dd4538db3fbc9",
            "self": true,
            "source_security_group_id": null,
            "timeouts": null,
            "to_port": 53,
            "type": "ingress"
          },
          "sensitive_attributes": [],
          "identity_schema_version": 0,
          "private": "eyJlMmJmYjczMC1lY2FhLTExZTYtOGY4OC0zNDM2M2JjN2M0YzAiOnsiY3JlYXRlIjozMDAwMDAwMDAwMDB9LCJzY2hlbWFfdmVyc2lvbiI6IjIifQ==",
          "dependencies": [
            "module.eks.module.eks_cluster.aws_security_group.cluster",
            "module.eks.module.eks_cluster.aws_security_group.node",
            "module.vpc.aws_vpc.vpc1"
          ],
          "create_before_destroy": true
        }
      ]
    },
    {
      "module": "module.eks.module.eks_cluster",
      "mode": "managed",
      "type": "time_sleep",
      "name": "this",
      "provider": "provider[\"registry.terraform.io/hashicorp/time\"]",
      "instances": [
        {
          "index_key": 0,
          "schema_version": 0,
          "attributes": {
            "create_duration": "30s",
            "destroy_duration": null,
            "id": "2025-07-14T09:26:58Z",
            "triggers": {
              "cluster_certificate_authority_data": "LS0tLS1CRUdJTiBDRVJUSUZJQ0FURS0tLS0tCk1JSURCVENDQWUyZ0F3SUJBZ0lJWjQwRWFXVEVOTzh3RFFZSktvWklodmNOQVFFTEJRQXdGVEVUTUJFR0ExVUUKQXhNS2EzVmlaWEp1WlhSbGN6QWVGdzB5TlRBM01UUXdPVEUzTXpWYUZ3MHpOVEEzTVRJd09USXlNelZhTUJVeApFekFSQmdOVkJBTVRDbXQxWW1WeWJtVjBaWE13Z2dFaU1BMEdDU3FHU0liM0RRRUJBUVVBQTRJQkR3QXdnZ0VLCkFvSUJBUURsVElTYTFPSHVBTk0vMG54d1dEbTk4SXhwK09TRXI5NGJpbGEvaWFJYWR1ZWJFcnk5eU5OQUloWTUKMG14R0Q3K0ZObmpVWjh4MlNKR1BnZDJMN2FSMWRmNXZlVnJoaDh2ay9iaEtaTXhPeFBJY3lXcVJ6Q0F1cjloeApzRXRnSUZwanFkb0h6Z2s0ZFB4QzZsM1VDMUJNUTQzQzd5dEFTWVRIbEN4K05zZkFET1BDQUFLMlhFM2VkVEx0CkFxczVlYzVsT3crVEUxVjBiZUk2NytuUUNrdE00TUdxbUZxL0x2L0U2N0svd2VCOG9rckx2cERVRDFCMnMyZ2wKaDJtbkFTWjVHMk5HWnF0MGlQOG9PVGJScmVydTB5U0lBbmFLeFIxS0RheGZLeW11bjVtTTBRWDNMbzZpL2k0dAo1cXJUN2pDM0R3Y2dRTGhEU0JCZ3orVVBNWmdmQWdNQkFBR2pXVEJYTUE0R0ExVWREd0VCL3dRRUF3SUNwREFQCkJnTlZIUk1CQWY4RUJUQURBUUgvTUIwR0ExVWREZ1FXQkJUMmRwS2l2ZzhVcnplSzk0Q1JkVEhoUDNJS3FEQVYKQmdOVkhSRUVEakFNZ2dwcmRXSmxjbTVsZEdWek1BMEdDU3FHU0liM0RRRUJDd1VBQTRJQkFRQUZSUXFPWXB1Ygo4Wk9Nc0VTaUN2TG43ckRScm94WG01cWJDZkRQTWNsbjBnMzZicHVnZGE0a1haajVvTTR5YUxscVJDbUZjWHlOCm9Gb1dnakk1L0NTZmlHK0ZPaWxxMWZISG5PV3ZKVldrRmU1SU0xL0dOSFVkNDRFR3EreERXMnFhQkRXaW82YUsKZXIzOWltLzhWdFcreTNERnNxeSt2VlRYM1RXQlpjRkxFNUs2M0lFNUwwOFZseWEzbzJ3VzJrak9KRHNodDlQYwpZSXJQbnJkY3Q1RVNKVlZCNllWTGViOEtOcmk1cCt5bUFwQS85SWNFWUFWVWVaclpLakFjMnk2V1JaWWdqaTE5CjZHbEZNaDEzT3MvMUY4MHNYa2ROb2VWTldVUUVIeTRsRXRwZzdwZGg4QUE2TXpYeHJxSHRGWnJYZGlFcEZlMTEKV1BnRHN1RzVKOFZoCi0tLS0tRU5EIENFUlRJRklDQVRFLS0tLS0K",
              "cluster_endpoint": "https://F311CB422450FF54998B1DDAE5D26549.gr7.ap-northeast-2.eks.amazonaws.com",
              "cluster_name": "memo-eks-cluster",
              "cluster_service_cidr": "172.20.0.0/16",
              "cluster_version": "1.29"
            }
          },
          "sensitive_attributes": [],
          "identity_schema_version": 0,
          "dependencies": [
            "module.eks.module.eks_cluster.aws_cloudwatch_log_group.this",
            "module.eks.module.eks_cluster.aws_eks_cluster.this",
            "module.eks.module.eks_cluster.aws_iam_policy.cni_ipv6_policy",
            "module.eks.module.eks_cluster.aws_iam_role.eks_auto",
            "module.eks.module.eks_cluster.aws_iam_role.this",
            "module.eks.module.eks_cluster.aws_iam_role_policy_attachment.this",
            "module.eks.module.eks_cluster.aws_security_group.cluster",
            "module.eks.module.eks_cluster.aws_security_group.node",
            "module.eks.module.eks_cluster.aws_security_group_rule.cluster",
            "module.eks.module.eks_cluster.aws_security_group_rule.node",
            "module.eks.module.eks_cluster.data.aws_caller_identity.current",
            "module.eks.module.eks_cluster.data.aws_iam_policy_document.assume_role_policy",
            "module.eks.module.eks_cluster.data.aws_iam_policy_document.cni_ipv6_policy",
            "module.eks.module.eks_cluster.data.aws_iam_policy_document.node_assume_role_policy",
            "module.eks.module.eks_cluster.data.aws_iam_session_context.current",
            "module.eks.module.eks_cluster.data.aws_partition.current",
            "module.eks.module.eks_cluster.module.kms.aws_kms_external_key.this",
            "module.eks.module.eks_cluster.module.kms.aws_kms_key.this",
            "module.eks.module.eks_cluster.module.kms.aws_kms_replica_external_key.this",
            "module.eks.module.eks_cluster.module.kms.aws_kms_replica_key.this",
            "module.eks.module.eks_cluster.module.kms.data.aws_caller_identity.current",
            "module.eks.module.eks_cluster.module.kms.data.aws_iam_policy_document.this",
            "module.eks.module.eks_cluster.module.kms.data.aws_partition.current",
            "module.vpc.aws_subnet.private1",
            "module.vpc.aws_subnet.private2",
            "module.vpc.aws_subnet.private3",
            "module.vpc.aws_subnet.private4",
            "module.vpc.aws_vpc.vpc1"
          ],
          "create_before_destroy": true
        }
      ]
    },
    {
      "module": "module.eks.module.eks_cluster.module.eks_managed_node_group[\"default\"]",
      "mode": "data",
      "type": "aws_ec2_instance_type",
      "name": "this",
      "provider": "provider[\"registry.terraform.io/hashicorp/aws\"]",
      "instances": []
    },
    {
      "module": "module.eks.module.eks_cluster.module.eks_managed_node_group[\"default\"]",
      "mode": "data",
      "type": "aws_ec2_instance_type_offerings",
      "name": "this",
      "provider": "provider[\"registry.terraform.io/hashicorp/aws\"]",
      "instances": []
    },
    {
      "module": "module.eks.module.eks_cluster.module.eks_managed_node_group[\"default\"]",
      "mode": "data",
      "type": "aws_iam_policy_document",
      "name": "role",
      "provider": "provider[\"registry.terraform.io/hashicorp/aws\"]",
      "instances": []
    },
    {
      "module": "module.eks.module.eks_cluster.module.eks_managed_node_group[\"default\"]",
      "mode": "data",
      "type": "aws_ssm_parameter",
      "name": "ami",
      "provider": "provider[\"registry.terraform.io/hashicorp/aws\"]",
      "instances": []
    },
    {
      "module": "module.eks.module.eks_cluster.module.eks_managed_node_group[\"default\"]",
      "mode": "data",
      "type": "aws_subnets",
      "name": "placement_group",
      "provider": "provider[\"registry.terraform.io/hashicorp/aws\"]",
      "instances": []
    },
    {
      "module": "module.eks.module.eks_cluster.module.eks_managed_node_group[\"default\"]",
      "mode": "managed",
      "type": "aws_autoscaling_schedule",
      "name": "this",
      "provider": "provider[\"registry.terraform.io/hashicorp/aws\"]",
      "instances": []
    },
    {
      "module": "module.eks.module.eks_cluster.module.eks_managed_node_group[\"default\"]",
      "mode": "managed",
      "type": "aws_eks_node_group",
      "name": "this",
      "provider": "provider[\"registry.terraform.io/hashicorp/aws\"]",
      "instances": [
        {
          "index_key": 0,
          "schema_version": 0,
          "attributes": {
            "ami_type": "AL2_x86_64",
            "arn": "arn:aws:eks:ap-northeast-2:727646470302:nodegroup/memo-eks-cluster/default-20250714092703995100000017/1ccc0421-2f44-70c6-5017-13e3c54c3a12",
            "capacity_type": "ON_DEMAND",
            "cluster_name": "memo-eks-cluster",
            "disk_size": 0,
            "force_update_version": null,
            "id": "memo-eks-cluster:default-20250714092703995100000017",
            "instance_types": [
              "t3.medium"
            ],
            "labels": null,
            "launch_template": [
              {
                "id": "lt-0ae9d7113e08da83c",
                "name": "default-20250714092658341500000015",
                "version": "1"
              }
            ],
            "node_group_name": "default-20250714092703995100000017",
            "node_group_name_prefix": "default-",
            "node_repair_config": [],
            "node_role_arn": "arn:aws:iam::727646470302:role/default-eks-node-group-20250714091746205900000002",
            "release_version": "1.29.15-20250704",
            "remote_access": [],
            "resources": [
              {
                "autoscaling_groups": [
                  {
                    "name": "eks-default-20250714092703995100000017-1ccc0421-2f44-70c6-5017-13e3c54c3a12"
                  }
                ],
                "remote_access_security_group_id": ""
              }
            ],
            "scaling_config": [
              {
                "desired_size": 2,
                "max_size": 3,
                "min_size": 2
              }
            ],
            "status": "ACTIVE",
            "subnet_ids": [
              "subnet-00164a47ae30153d9",
              "subnet-0123a6d953c842e45",
              "subnet-0bda65eb320550714",
              "subnet-0ebf3d22f50576fee"
            ],
            "tags": {
              "Name": "default",
              "Project": "memo"
            },
            "tags_all": {
              "Name": "default",
              "Project": "memo"
            },
            "taint": [],
            "timeouts": {
              "create": null,
              "delete": null,
              "update": null
            },
            "update_config": [
              {
                "max_unavailable": 0,
                "max_unavailable_percentage": 33
              }
            ],
            "version": "1.29"
          },
          "sensitive_attributes": [],
          "identity_schema_version": 0,
          "private": "eyJlMmJmYjczMC1lY2FhLTExZTYtOGY4OC0zNDM2M2JjN2M0YzAiOnsiY3JlYXRlIjozNjAwMDAwMDAwMDAwLCJkZWxldGUiOjM2MDAwMDAwMDAwMDAsInVwZGF0ZSI6MzYwMDAwMDAwMDAwMH19",
          "dependencies": [
            "module.eks.module.eks_cluster.aws_cloudwatch_log_group.this",
            "module.eks.module.eks_cluster.aws_eks_cluster.this",
            "module.eks.module.eks_cluster.aws_iam_policy.cni_ipv6_policy",
            "module.eks.module.eks_cluster.aws_iam_role.eks_auto",
            "module.eks.module.eks_cluster.aws_iam_role.this",
            "module.eks.module.eks_cluster.aws_iam_role_policy_attachment.this",
            "module.eks.module.eks_cluster.aws_security_group.cluster",
            "module.eks.module.eks_cluster.aws_security_group.node",
            "module.eks.module.eks_cluster.aws_security_group_rule.cluster",
            "module.eks.module.eks_cluster.aws_security_group_rule.node",
            "module.eks.module.eks_cluster.data.aws_caller_identity.current",
            "module.eks.module.eks_cluster.data.aws_iam_policy_document.assume_role_policy",
            "module.eks.module.eks_cluster.data.aws_iam_policy_document.cni_ipv6_policy",
            "module.eks.module.eks_cluster.data.aws_iam_policy_document.node_assume_role_policy",
            "module.eks.module.eks_cluster.data.aws_iam_session_context.current",
            "module.eks.module.eks_cluster.data.aws_partition.current",
            "module.eks.module.eks_cluster.module.eks_managed_node_group.aws_iam_role.this",
            "module.eks.module.eks_cluster.module.eks_managed_node_group.aws_iam_role_policy_attachment.additional",
            "module.eks.module.eks_cluster.module.eks_managed_node_group.aws_iam_role_policy_attachment.this",
            "module.eks.module.eks_cluster.module.eks_managed_node_group.aws_launch_template.this",
            "module.eks.module.eks_cluster.module.eks_managed_node_group.aws_placement_group.this",
            "module.eks.module.eks_cluster.module.eks_managed_node_group.data.aws_caller_identity.current",
            "module.eks.module.eks_cluster.module.eks_managed_node_group.data.aws_ec2_instance_type.this",
            "module.eks.module.eks_cluster.module.eks_managed_node_group.data.aws_ec2_instance_type_offerings.this",
            "module.eks.module.eks_cluster.module.eks_managed_node_group.data.aws_iam_policy_document.assume_role_policy",
            "module.eks.module.eks_cluster.module.eks_managed_node_group.data.aws_partition.current",
            "module.eks.module.eks_cluster.module.eks_managed_node_group.data.aws_ssm_parameter.ami",
            "module.eks.module.eks_cluster.module.eks_managed_node_group.data.aws_subnets.placement_group",
            "module.eks.module.eks_cluster.module.eks_managed_node_group.module.user_data.data.cloudinit_config.al2023_eks_managed_node_group",
            "module.eks.module.eks_cluster.module.eks_managed_node_group.module.user_data.data.cloudinit_config.linux_eks_managed_node_group",
            "module.eks.module.eks_cluster.module.kms.aws_kms_external_key.this",
            "module.eks.module.eks_cluster.module.kms.aws_kms_key.this",
            "module.eks.module.eks_cluster.module.kms.aws_kms_replica_external_key.this",
            "module.eks.module.eks_cluster.module.kms.aws_kms_replica_key.this",
            "module.eks.module.eks_cluster.module.kms.data.aws_caller_identity.current",
            "module.eks.module.eks_cluster.module.kms.data.aws_iam_policy_document.this",
            "module.eks.module.eks_cluster.module.kms.data.aws_partition.current",
            "module.eks.module.eks_cluster.time_sleep.this",
            "module.vpc.aws_subnet.private1",
            "module.vpc.aws_subnet.private2",
            "module.vpc.aws_subnet.private3",
            "module.vpc.aws_subnet.private4",
            "module.vpc.aws_vpc.vpc1"
          ],
          "create_before_destroy": true
        }
      ]
    },
    {
      "module": "module.eks.module.eks_cluster.module.eks_managed_node_group[\"default\"]",
      "mode": "managed",
      "type": "aws_iam_role",
      "name": "this",
      "provider": "provider[\"registry.terraform.io/hashicorp/aws\"]",
      "instances": [
        {
          "index_key": 0,
          "schema_version": 0,
          "attributes": {
            "arn": "arn:aws:iam::727646470302:role/default-eks-node-group-20250714091746205900000002",
            "assume_role_policy": "{\"Statement\":[{\"Action\":\"sts:AssumeRole\",\"Effect\":\"Allow\",\"Principal\":{\"Service\":\"ec2.amazonaws.com\"},\"Sid\":\"EKSNodeAssumeRole\"}],\"Version\":\"2012-10-17\"}",
            "create_date": "2025-07-14T09:17:46Z",
            "description": "EKS managed node group IAM role",
            "force_detach_policies": true,
            "id": "default-eks-node-group-20250714091746205900000002",
            "inline_policy": [],
            "managed_policy_arns": [],
            "max_session_duration": 3600,
            "name": "default-eks-node-group-20250714091746205900000002",
            "name_prefix": "default-eks-node-group-",
            "path": "/",
            "permissions_boundary": "",
            "tags": {
              "Project": "memo"
            },
            "tags_all": {
              "Project": "memo"
            },
            "unique_id": "AROA2S2Y4ACPELTPD3OVB"
          },
          "sensitive_attributes": [],
          "identity_schema_version": 0,
          "private": "bnVsbA==",
          "dependencies": [
            "module.eks.module.eks_cluster.module.eks_managed_node_group.data.aws_iam_policy_document.assume_role_policy"
          ],
          "create_before_destroy": true
        }
      ]
    },
    {
      "module": "module.eks.module.eks_cluster.module.eks_managed_node_group[\"default\"]",
      "mode": "managed",
      "type": "aws_iam_role_policy",
      "name": "this",
      "provider": "provider[\"registry.terraform.io/hashicorp/aws\"]",
      "instances": []
    },
    {
      "module": "module.eks.module.eks_cluster.module.eks_managed_node_group[\"default\"]",
      "mode": "managed",
      "type": "aws_iam_role_policy_attachment",
      "name": "additional",
      "provider": "provider[\"registry.terraform.io/hashicorp/aws\"]",
      "instances": []
    },
    {
      "module": "module.eks.module.eks_cluster.module.eks_managed_node_group[\"default\"]",
      "mode": "managed",
      "type": "aws_iam_role_policy_attachment",
      "name": "this",
      "provider": "provider[\"registry.terraform.io/hashicorp/aws\"]",
      "instances": [
        {
          "index_key": "AmazonEC2ContainerRegistryReadOnly",
          "schema_version": 0,
          "attributes": {
            "id": "default-eks-node-group-20250714091746205900000002-20250714091747966900000008",
            "policy_arn": "arn:aws:iam::aws:policy/AmazonEC2ContainerRegistryReadOnly",
            "role": "default-eks-node-group-20250714091746205900000002"
          },
          "sensitive_attributes": [],
          "identity_schema_version": 0,
          "private": "bnVsbA==",
          "dependencies": [
            "module.eks.module.eks_cluster.module.eks_managed_node_group.aws_iam_role.this",
            "module.eks.module.eks_cluster.module.eks_managed_node_group.data.aws_caller_identity.current",
            "module.eks.module.eks_cluster.module.eks_managed_node_group.data.aws_iam_policy_document.assume_role_policy",
            "module.eks.module.eks_cluster.module.eks_managed_node_group.data.aws_partition.current"
          ],
          "create_before_destroy": true
        },
        {
          "index_key": "AmazonEKSWorkerNodePolicy",
          "schema_version": 0,
          "attributes": {
            "id": "default-eks-node-group-20250714091746205900000002-20250714091748031700000009",
            "policy_arn": "arn:aws:iam::aws:policy/AmazonEKSWorkerNodePolicy",
            "role": "default-eks-node-group-20250714091746205900000002"
          },
          "sensitive_attributes": [],
          "identity_schema_version": 0,
          "private": "bnVsbA==",
          "dependencies": [
            "module.eks.module.eks_cluster.module.eks_managed_node_group.aws_iam_role.this",
            "module.eks.module.eks_cluster.module.eks_managed_node_group.data.aws_caller_identity.current",
            "module.eks.module.eks_cluster.module.eks_managed_node_group.data.aws_iam_policy_document.assume_role_policy",
            "module.eks.module.eks_cluster.module.eks_managed_node_group.data.aws_partition.current"
          ],
          "create_before_destroy": true
        },
        {
          "index_key": "AmazonEKS_CNI_Policy",
          "schema_version": 0,
          "attributes": {
            "id": "default-eks-node-group-20250714091746205900000002-2025071409174803390000000a",
            "policy_arn": "arn:aws:iam::aws:policy/AmazonEKS_CNI_Policy",
            "role": "default-eks-node-group-20250714091746205900000002"
          },
          "sensitive_attributes": [],
          "identity_schema_version": 0,
          "private": "bnVsbA==",
          "dependencies": [
            "module.eks.module.eks_cluster.module.eks_managed_node_group.aws_iam_role.this",
            "module.eks.module.eks_cluster.module.eks_managed_node_group.data.aws_caller_identity.current",
            "module.eks.module.eks_cluster.module.eks_managed_node_group.data.aws_iam_policy_document.assume_role_policy",
            "module.eks.module.eks_cluster.module.eks_managed_node_group.data.aws_partition.current"
          ],
          "create_before_destroy": true
        }
      ]
    },
    {
      "module": "module.eks.module.eks_cluster.module.eks_managed_node_group[\"default\"]",
      "mode": "managed",
      "type": "aws_launch_template",
      "name": "this",
      "provider": "provider[\"registry.terraform.io/hashicorp/aws\"]",
      "instances": [
        {
          "index_key": 0,
          "schema_version": 0,
          "attributes": {
            "arn": "arn:aws:ec2:ap-northeast-2:727646470302:launch-template/lt-0ae9d7113e08da83c",
            "block_device_mappings": [],
            "capacity_reservation_specification": [],
            "cpu_options": [],
            "credit_specification": [],
            "default_version": 1,
            "description": "Custom launch template for default EKS managed node group",
            "disable_api_stop": false,
            "disable_api_termination": false,
            "ebs_optimized": "",
            "elastic_gpu_specifications": [],
            "elastic_inference_accelerator": [],
            "enclave_options": [],
            "hibernation_options": [],
            "iam_instance_profile": [],
            "id": "lt-0ae9d7113e08da83c",
            "image_id": "",
            "instance_initiated_shutdown_behavior": "",
            "instance_market_options": [],
            "instance_requirements": [],
            "instance_type": "",
            "kernel_id": "",
            "key_name": "",
            "latest_version": 1,
            "license_specification": [],
            "maintenance_options": [],
            "metadata_options": [
              {
                "http_endpoint": "enabled",
                "http_protocol_ipv6": "",
                "http_put_response_hop_limit": 2,
                "http_tokens": "required",
                "instance_metadata_tags": ""
              }
            ],
            "monitoring": [
              {
                "enabled": true
              }
            ],
            "name": "default-20250714092658341500000015",
            "name_prefix": "default-",
            "network_interfaces": [],
            "placement": [],
            "private_dns_name_options": [],
            "ram_disk_id": "",
            "security_group_names": null,
            "tag_specifications": [
              {
                "resource_type": "instance",
                "tags": {
                  "Name": "default",
                  "Project": "memo"
                }
              },
              {
                "resource_type": "network-interface",
                "tags": {
                  "Name": "default",
                  "Project": "memo"
                }
              },
              {
                "resource_type": "volume",
                "tags": {
                  "Name": "default",
                  "Project": "memo"
                }
              }
            ],
            "tags": {
              "Project": "memo"
            },
            "tags_all": {
              "Project": "memo"
            },
            "update_default_version": true,
            "user_data": "",
            "vpc_security_group_ids": [
              "sg-0c76502fb7c7f328e"
            ]
          },
          "sensitive_attributes": [],
          "identity_schema_version": 0,
          "private": "bnVsbA==",
          "dependencies": [
            "module.eks.module.eks_cluster.aws_cloudwatch_log_group.this",
            "module.eks.module.eks_cluster.aws_eks_cluster.this",
            "module.eks.module.eks_cluster.aws_iam_policy.cni_ipv6_policy",
            "module.eks.module.eks_cluster.aws_iam_role.eks_auto",
            "module.eks.module.eks_cluster.aws_iam_role.this",
            "module.eks.module.eks_cluster.aws_iam_role_policy_attachment.this",
            "module.eks.module.eks_cluster.aws_security_group.cluster",
            "module.eks.module.eks_cluster.aws_security_group.node",
            "module.eks.module.eks_cluster.aws_security_group_rule.cluster",
            "module.eks.module.eks_cluster.aws_security_group_rule.node",
            "module.eks.module.eks_cluster.data.aws_caller_identity.current",
            "module.eks.module.eks_cluster.data.aws_iam_policy_document.assume_role_policy",
            "module.eks.module.eks_cluster.data.aws_iam_policy_document.cni_ipv6_policy",
            "module.eks.module.eks_cluster.data.aws_iam_policy_document.node_assume_role_policy",
            "module.eks.module.eks_cluster.data.aws_iam_session_context.current",
            "module.eks.module.eks_cluster.data.aws_partition.current",
            "module.eks.module.eks_cluster.module.eks_managed_node_group.aws_iam_role.this",
            "module.eks.module.eks_cluster.module.eks_managed_node_group.aws_iam_role_policy_attachment.additional",
            "module.eks.module.eks_cluster.module.eks_managed_node_group.aws_iam_role_policy_attachment.this",
            "module.eks.module.eks_cluster.module.eks_managed_node_group.aws_placement_group.this",
            "module.eks.module.eks_cluster.module.eks_managed_node_group.data.aws_caller_identity.current",
            "module.eks.module.eks_cluster.module.eks_managed_node_group.data.aws_ec2_instance_type.this",
            "module.eks.module.eks_cluster.module.eks_managed_node_group.data.aws_iam_policy_document.assume_role_policy",
            "module.eks.module.eks_cluster.module.eks_managed_node_group.data.aws_partition.current",
            "module.eks.module.eks_cluster.module.eks_managed_node_group.module.user_data.data.cloudinit_config.al2023_eks_managed_node_group",
            "module.eks.module.eks_cluster.module.eks_managed_node_group.module.user_data.data.cloudinit_config.linux_eks_managed_node_group",
            "module.eks.module.eks_cluster.module.kms.aws_kms_external_key.this",
            "module.eks.module.eks_cluster.module.kms.aws_kms_key.this",
            "module.eks.module.eks_cluster.module.kms.aws_kms_replica_external_key.this",
            "module.eks.module.eks_cluster.module.kms.aws_kms_replica_key.this",
            "module.eks.module.eks_cluster.module.kms.data.aws_caller_identity.current",
            "module.eks.module.eks_cluster.module.kms.data.aws_iam_policy_document.this",
            "module.eks.module.eks_cluster.module.kms.data.aws_partition.current",
            "module.eks.module.eks_cluster.time_sleep.this",
            "module.vpc.aws_subnet.private1",
            "module.vpc.aws_subnet.private2",
            "module.vpc.aws_subnet.private3",
            "module.vpc.aws_subnet.private4",
            "module.vpc.aws_vpc.vpc1"
          ],
          "create_before_destroy": true
        }
      ]
    },
    {
      "module": "module.eks.module.eks_cluster.module.eks_managed_node_group[\"default\"]",
      "mode": "managed",
      "type": "aws_placement_group",
      "name": "this",
      "provider": "provider[\"registry.terraform.io/hashicorp/aws\"]",
      "instances": []
    },
    {
      "module": "module.eks.module.eks_cluster.module.eks_managed_node_group[\"default\"].module.user_data",
      "mode": "data",
      "type": "cloudinit_config",
      "name": "al2023_eks_managed_node_group",
      "provider": "provider[\"registry.terraform.io/hashicorp/cloudinit\"]",
      "instances": []
    },
    {
      "module": "module.eks.module.eks_cluster.module.eks_managed_node_group[\"default\"].module.user_data",
      "mode": "data",
      "type": "cloudinit_config",
      "name": "linux_eks_managed_node_group",
      "provider": "provider[\"registry.terraform.io/hashicorp/cloudinit\"]",
      "instances": []
    },
    {
      "module": "module.eks.module.eks_cluster.module.eks_managed_node_group[\"default\"].module.user_data",
      "mode": "managed",
      "type": "null_resource",
      "name": "validate_cluster_service_cidr",
      "provider": "provider[\"registry.terraform.io/hashicorp/null\"]",
      "instances": [
        {
          "schema_version": 0,
          "attributes": {
            "id": "2822797706647087702",
            "triggers": null
          },
          "sensitive_attributes": [],
          "identity_schema_version": 0,
          "dependencies": [
            "module.eks.module.eks_cluster.aws_cloudwatch_log_group.this",
            "module.eks.module.eks_cluster.aws_eks_cluster.this",
            "module.eks.module.eks_cluster.aws_iam_policy.cni_ipv6_policy",
            "module.eks.module.eks_cluster.aws_iam_role.eks_auto",
            "module.eks.module.eks_cluster.aws_iam_role.this",
            "module.eks.module.eks_cluster.aws_iam_role_policy_attachment.this",
            "module.eks.module.eks_cluster.aws_security_group.cluster",
            "module.eks.module.eks_cluster.aws_security_group.node",
            "module.eks.module.eks_cluster.aws_security_group_rule.cluster",
            "module.eks.module.eks_cluster.aws_security_group_rule.node",
            "module.eks.module.eks_cluster.data.aws_caller_identity.current",
            "module.eks.module.eks_cluster.data.aws_iam_policy_document.assume_role_policy",
            "module.eks.module.eks_cluster.data.aws_iam_policy_document.cni_ipv6_policy",
            "module.eks.module.eks_cluster.data.aws_iam_policy_document.node_assume_role_policy",
            "module.eks.module.eks_cluster.data.aws_iam_session_context.current",
            "module.eks.module.eks_cluster.data.aws_partition.current",
            "module.eks.module.eks_cluster.module.kms.aws_kms_external_key.this",
            "module.eks.module.eks_cluster.module.kms.aws_kms_key.this",
            "module.eks.module.eks_cluster.module.kms.aws_kms_replica_external_key.this",
            "module.eks.module.eks_cluster.module.kms.aws_kms_replica_key.this",
            "module.eks.module.eks_cluster.module.kms.data.aws_caller_identity.current",
            "module.eks.module.eks_cluster.module.kms.data.aws_iam_policy_document.this",
            "module.eks.module.eks_cluster.module.kms.data.aws_partition.current",
            "module.eks.module.eks_cluster.time_sleep.this",
            "module.vpc.aws_subnet.private1",
            "module.vpc.aws_subnet.private2",
            "module.vpc.aws_subnet.private3",
            "module.vpc.aws_subnet.private4",
            "module.vpc.aws_vpc.vpc1"
          ]
        }
      ]
    },
    {
      "module": "module.eks.module.eks_cluster.module.eks_managed_node_group[\"memo-eks-node\"]",
      "mode": "data",
      "type": "aws_caller_identity",
      "name": "current",
      "provider": "provider[\"registry.terraform.io/hashicorp/aws\"]",
      "instances": [
        {
          "schema_version": 0,
          "attributes": {
            "account_id": "727646470302",
            "arn": "arn:aws:iam::727646470302:user/lion3team04",
            "id": "727646470302",
            "user_id": "AIDA2S2Y4ACPKEECA2RJ5"
          },
          "sensitive_attributes": [],
          "identity_schema_version": 0
        }
      ]
    },
    {
      "module": "module.eks.module.eks_cluster.module.eks_managed_node_group[\"memo-eks-node\"]",
      "mode": "data",
      "type": "aws_ec2_instance_type",
      "name": "this",
      "provider": "provider[\"registry.terraform.io/hashicorp/aws\"]",
      "instances": []
    },
    {
      "module": "module.eks.module.eks_cluster.module.eks_managed_node_group[\"memo-eks-node\"]",
      "mode": "data",
      "type": "aws_ec2_instance_type_offerings",
      "name": "this",
      "provider": "provider[\"registry.terraform.io/hashicorp/aws\"]",
      "instances": []
    },
    {
      "module": "module.eks.module.eks_cluster.module.eks_managed_node_group[\"memo-eks-node\"]",
      "mode": "data",
      "type": "aws_iam_policy_document",
      "name": "assume_role_policy",
      "provider": "provider[\"registry.terraform.io/hashicorp/aws\"]",
      "instances": [
        {
          "index_key": 0,
          "schema_version": 0,
          "attributes": {
            "id": "2560088296",
            "json": "{\n  \"Version\": \"2012-10-17\",\n  \"Statement\": [\n    {\n      \"Sid\": \"EKSNodeAssumeRole\",\n      \"Effect\": \"Allow\",\n      \"Action\": \"sts:AssumeRole\",\n      \"Principal\": {\n        \"Service\": \"ec2.amazonaws.com\"\n      }\n    }\n  ]\n}",
            "minified_json": "{\"Version\":\"2012-10-17\",\"Statement\":[{\"Sid\":\"EKSNodeAssumeRole\",\"Effect\":\"Allow\",\"Action\":\"sts:AssumeRole\",\"Principal\":{\"Service\":\"ec2.amazonaws.com\"}}]}",
            "override_json": null,
            "override_policy_documents": null,
            "policy_id": null,
            "source_json": null,
            "source_policy_documents": null,
            "statement": [
              {
                "actions": [
                  "sts:AssumeRole"
                ],
                "condition": [],
                "effect": "Allow",
                "not_actions": [],
                "not_principals": [],
                "not_resources": [],
                "principals": [
                  {
                    "identifiers": [
                      "ec2.amazonaws.com"
                    ],
                    "type": "Service"
                  }
                ],
                "resources": [],
                "sid": "EKSNodeAssumeRole"
              }
            ],
            "version": "2012-10-17"
          },
          "sensitive_attributes": [],
          "identity_schema_version": 0
        }
      ]
    },
    {
      "module": "module.eks.module.eks_cluster.module.eks_managed_node_group[\"memo-eks-node\"]",
      "mode": "data",
      "type": "aws_iam_policy_document",
      "name": "role",
      "provider": "provider[\"registry.terraform.io/hashicorp/aws\"]",
      "instances": []
    },
    {
      "module": "module.eks.module.eks_cluster.module.eks_managed_node_group[\"memo-eks-node\"]",
      "mode": "data",
      "type": "aws_partition",
      "name": "current",
      "provider": "provider[\"registry.terraform.io/hashicorp/aws\"]",
      "instances": [
        {
          "schema_version": 0,
          "attributes": {
            "dns_suffix": "amazonaws.com",
            "id": "aws",
            "partition": "aws",
            "reverse_dns_prefix": "com.amazonaws"
          },
          "sensitive_attributes": [],
          "identity_schema_version": 0
        }
      ]
    },
    {
      "module": "module.eks.module.eks_cluster.module.eks_managed_node_group[\"memo-eks-node\"]",
      "mode": "data",
      "type": "aws_ssm_parameter",
      "name": "ami",
      "provider": "provider[\"registry.terraform.io/hashicorp/aws\"]",
      "instances": []
    },
    {
      "module": "module.eks.module.eks_cluster.module.eks_managed_node_group[\"memo-eks-node\"]",
      "mode": "data",
      "type": "aws_subnets",
      "name": "placement_group",
      "provider": "provider[\"registry.terraform.io/hashicorp/aws\"]",
      "instances": []
    },
    {
      "module": "module.eks.module.eks_cluster.module.eks_managed_node_group[\"memo-eks-node\"]",
      "mode": "managed",
      "type": "aws_autoscaling_schedule",
      "name": "this",
      "provider": "provider[\"registry.terraform.io/hashicorp/aws\"]",
      "instances": []
    },
    {
      "module": "module.eks.module.eks_cluster.module.eks_managed_node_group[\"memo-eks-node\"]",
      "mode": "managed",
      "type": "aws_iam_role_policy",
      "name": "this",
      "provider": "provider[\"registry.terraform.io/hashicorp/aws\"]",
      "instances": []
    },
    {
      "module": "module.eks.module.eks_cluster.module.eks_managed_node_group[\"memo-eks-node\"]",
      "mode": "managed",
      "type": "aws_iam_role_policy_attachment",
      "name": "additional",
      "provider": "provider[\"registry.terraform.io/hashicorp/aws\"]",
      "instances": []
    },
    {
      "module": "module.eks.module.eks_cluster.module.eks_managed_node_group[\"memo-eks-node\"]",
      "mode": "managed",
      "type": "aws_placement_group",
      "name": "this",
      "provider": "provider[\"registry.terraform.io/hashicorp/aws\"]",
      "instances": []
    },
    {
      "module": "module.eks.module.eks_cluster.module.eks_managed_node_group[\"memo-eks-node\"].module.user_data",
      "mode": "data",
      "type": "cloudinit_config",
      "name": "al2023_eks_managed_node_group",
      "provider": "provider[\"registry.terraform.io/hashicorp/cloudinit\"]",
      "instances": []
    },
    {
      "module": "module.eks.module.eks_cluster.module.eks_managed_node_group[\"memo-eks-node\"].module.user_data",
      "mode": "data",
      "type": "cloudinit_config",
      "name": "linux_eks_managed_node_group",
      "provider": "provider[\"registry.terraform.io/hashicorp/cloudinit\"]",
      "instances": []
    },
    {
      "module": "module.eks.module.eks_cluster.module.kms",
      "mode": "data",
      "type": "aws_caller_identity",
      "name": "current",
      "provider": "provider[\"registry.terraform.io/hashicorp/aws\"]",
      "instances": []
    },
    {
      "module": "module.eks.module.eks_cluster.module.kms",
      "mode": "data",
      "type": "aws_iam_policy_document",
      "name": "this",
      "provider": "provider[\"registry.terraform.io/hashicorp/aws\"]",
      "instances": []
    },
    {
      "module": "module.eks.module.eks_cluster.module.kms",
      "mode": "data",
      "type": "aws_partition",
      "name": "current",
      "provider": "provider[\"registry.terraform.io/hashicorp/aws\"]",
      "instances": []
    },
    {
      "module": "module.eks.module.eks_cluster.module.kms",
      "mode": "managed",
      "type": "aws_kms_alias",
      "name": "this",
      "provider": "provider[\"registry.terraform.io/hashicorp/aws\"]",
      "instances": []
    },
    {
      "module": "module.eks.module.eks_cluster.module.kms",
      "mode": "managed",
      "type": "aws_kms_external_key",
      "name": "this",
      "provider": "provider[\"registry.terraform.io/hashicorp/aws\"]",
      "instances": []
    },
    {
      "module": "module.eks.module.eks_cluster.module.kms",
      "mode": "managed",
      "type": "aws_kms_grant",
      "name": "this",
      "provider": "provider[\"registry.terraform.io/hashicorp/aws\"]",
      "instances": []
    },
    {
      "module": "module.eks.module.eks_cluster.module.kms",
      "mode": "managed",
      "type": "aws_kms_key",
      "name": "this",
      "provider": "provider[\"registry.terraform.io/hashicorp/aws\"]",
      "instances": []
    },
    {
      "module": "module.eks.module.eks_cluster.module.kms",
      "mode": "managed",
      "type": "aws_kms_replica_external_key",
      "name": "this",
      "provider": "provider[\"registry.terraform.io/hashicorp/aws\"]",
      "instances": []
    },
    {
      "module": "module.eks.module.eks_cluster.module.kms",
      "mode": "managed",
      "type": "aws_kms_replica_key",
      "name": "this",
      "provider": "provider[\"registry.terraform.io/hashicorp/aws\"]",
      "instances": []
    },
    {
      "module": "module.iam",
      "mode": "managed",
      "type": "aws_iam_role",
      "name": "eks_admin_role",
      "provider": "provider[\"registry.terraform.io/hashicorp/aws\"]",
      "instances": [
        {
          "schema_version": 0,
          "attributes": {
            "arn": "arn:aws:iam::727646470302:role/eks-admin-role",
            "assume_role_policy": "{\"Statement\":[{\"Action\":\"sts:AssumeRole\",\"Effect\":\"Allow\",\"Principal\":{\"AWS\":\"arn:aws:iam::727646470302:user/lion3team04\"}}],\"Version\":\"2012-10-17\"}",
            "create_date": "2025-07-14T09:17:46Z",
            "description": "",
            "force_detach_policies": false,
            "id": "eks-admin-role",
            "inline_policy": [],
            "managed_policy_arns": [],
            "max_session_duration": 3600,
            "name": "eks-admin-role",
            "name_prefix": "",
            "path": "/",
            "permissions_boundary": "",
            "tags": {
              "Project": "memo"
            },
            "tags_all": {
              "Project": "memo"
            },
            "unique_id": "AROA2S2Y4ACPDCEU3KJDA"
          },
          "sensitive_attributes": [],
          "identity_schema_version": 0,
          "private": "bnVsbA=="
        }
      ]
    },
    {
      "module": "module.iam",
      "mode": "managed",
      "type": "aws_iam_role_policy_attachment",
      "name": "eks_admin_role_policy",
      "provider": "provider[\"registry.terraform.io/hashicorp/aws\"]",
      "instances": [
        {
          "schema_version": 0,
          "attributes": {
            "id": "eks-admin-role-20250714091747965300000007",
            "policy_arn": "arn:aws:iam::aws:policy/AdministratorAccess",
            "role": "eks-admin-role"
          },
          "sensitive_attributes": [],
          "identity_schema_version": 0,
          "private": "bnVsbA==",
          "dependencies": [
            "module.iam.aws_iam_role.eks_admin_role"
          ]
        }
      ]
    },
    {
      "module": "module.irsa_argocd",
      "mode": "managed",
      "type": "aws_iam_role",
      "name": "this",
      "provider": "provider[\"registry.terraform.io/hashicorp/aws\"]",
      "instances": [
        {
          "schema_version": 0,
          "attributes": {
            "arn": "arn:aws:iam::727646470302:role/argocd-irsa-role",
            "assume_role_policy": "{\"Statement\":[{\"Action\":\"sts:AssumeRoleWithWebIdentity\",\"Condition\":{\"StringEquals\":{\"oidc.eks.ap-northeast-2.amazonaws.com/id/174009068958FC8C33EFD5A601D6A4E8:sub\":\"system:serviceaccount:argocd:argocd-service-account\"}},\"Effect\":\"Allow\",\"Principal\":{\"Federated\":\"arn:aws:iam::727646470302:oidc-provider/oidc.eks.ap-northeast-2.amazonaws.com/id/174009068958FC8C33EFD5A601D6A4E8\"}}],\"Version\":\"2012-10-17\"}",
            "create_date": "2025-07-14T05:51:56Z",
            "description": "",
            "force_detach_policies": false,
            "id": "argocd-irsa-role",
            "inline_policy": [],
            "managed_policy_arns": [],
            "max_session_duration": 3600,
            "name": "argocd-irsa-role",
            "name_prefix": "",
            "path": "/",
            "permissions_boundary": "",
            "tags": {
              "Name": "argocd-irsa-role"
            },
            "tags_all": {
              "Name": "argocd-irsa-role"
            },
            "unique_id": "AROA2S2Y4ACPEFESEQPZM"
          },
          "sensitive_attributes": [],
          "identity_schema_version": 0,
          "private": "eyJzY2hlbWFfdmVyc2lvbiI6IjAifQ=="
        }
      ]
    },
    {
      "module": "module.rds",
      "mode": "managed",
      "type": "aws_db_instance",
      "name": "memo_rds",
      "provider": "provider[\"registry.terraform.io/hashicorp/aws\"]",
      "instances": [
        {
          "schema_version": 2,
          "attributes": {
            "address": "memo-mysql.cnqmcq6uwqa3.ap-northeast-2.rds.amazonaws.com",
            "allocated_storage": 20,
            "allow_major_version_upgrade": null,
            "apply_immediately": false,
            "arn": "arn:aws:rds:ap-northeast-2:727646470302:db:memo-mysql",
            "auto_minor_version_upgrade": true,
            "availability_zone": "ap-northeast-2c",
            "backup_retention_period": 0,
            "backup_target": "region",
            "backup_window": "18:39-19:09",
            "blue_green_update": [],
            "ca_cert_identifier": "rds-ca-rsa2048-g1",
            "character_set_name": "",
            "copy_tags_to_snapshot": false,
            "custom_iam_instance_profile": "",
            "customer_owned_ip_enabled": false,
            "database_insights_mode": "standard",
            "db_name": "memo",
            "db_subnet_group_name": "memo-mysql-subnet-group",
            "dedicated_log_volume": false,
            "delete_automated_backups": true,
            "deletion_protection": false,
            "domain": "",
            "domain_auth_secret_arn": "",
            "domain_dns_ips": null,
            "domain_fqdn": "",
            "domain_iam_role_name": "",
            "domain_ou": "",
            "enabled_cloudwatch_logs_exports": null,
            "endpoint": "memo-mysql.cnqmcq6uwqa3.ap-northeast-2.rds.amazonaws.com:3306",
            "engine": "mysql",
            "engine_lifecycle_support": "open-source-rds-extended-support",
            "engine_version": "8.0.36",
            "engine_version_actual": "8.0.36",
            "final_snapshot_identifier": null,
            "hosted_zone_id": "ZLA2NUCOLGUUR",
            "iam_database_authentication_enabled": false,
            "id": "db-RHGERHZLJB777PNFYO7S3S6WDY",
            "identifier": "memo-mysql",
            "identifier_prefix": "",
            "instance_class": "db.t3.small",
            "iops": 0,
            "kms_key_id": "",
            "latest_restorable_time": "",
            "license_model": "general-public-license",
            "listener_endpoint": [],
            "maintenance_window": "sun:14:37-sun:15:07",
            "manage_master_user_password": null,
            "master_user_secret": [],
            "master_user_secret_kms_key_id": null,
            "max_allocated_storage": 0,
            "monitoring_interval": 0,
            "monitoring_role_arn": "",
            "multi_az": false,
            "nchar_character_set_name": "",
            "network_type": "IPV4",
            "option_group_name": "default:mysql-8-0",
            "parameter_group_name": "default.mysql8.0",
            "password": "memomemomim",
            "password_wo": null,
            "password_wo_version": null,
            "performance_insights_enabled": false,
            "performance_insights_kms_key_id": "",
            "performance_insights_retention_period": 0,
            "port": 3306,
            "publicly_accessible": false,
            "replica_mode": "",
            "replicas": [],
            "replicate_source_db": "",
            "resource_id": "db-RHGERHZLJB777PNFYO7S3S6WDY",
            "restore_to_point_in_time": [],
            "s3_import": [],
            "skip_final_snapshot": true,
            "snapshot_identifier": null,
            "status": "available",
            "storage_encrypted": false,
            "storage_throughput": 0,
            "storage_type": "gp2",
            "tags": {
              "Environment": "dev",
              "Project": "memo"
            },
            "tags_all": {
              "Environment": "dev",
              "Project": "memo"
            },
            "timeouts": null,
            "timezone": "",
            "upgrade_storage_config": null,
            "username": "memo",
            "vpc_security_group_ids": [
              "sg-030f77210ff24b763"
            ]
          },
          "sensitive_attributes": [
            [
              {
                "type": "get_attr",
                "value": "password"
              }
            ],
            [
              {
                "type": "get_attr",
                "value": "password_wo"
              }
            ]
          ],
          "identity_schema_version": 0,
          "private": "eyJlMmJmYjczMC1lY2FhLTExZTYtOGY4OC0zNDM2M2JjN2M0YzAiOnsiY3JlYXRlIjozMDAwMDAwMDAwMDAwLCJkZWxldGUiOjM2MDAwMDAwMDAwMDAsInVwZGF0ZSI6NDgwMDAwMDAwMDAwMH0sInNjaGVtYV92ZXJzaW9uIjoiMiJ9",
          "dependencies": [
            "module.eks.module.eks_cluster.aws_security_group.cluster",
            "module.rds.aws_db_subnet_group.memo_rds",
            "module.rds.aws_security_group.memo_rds",
            "module.vpc.aws_subnet.private1",
            "module.vpc.aws_subnet.private2",
            "module.vpc.aws_subnet.private3",
            "module.vpc.aws_subnet.private4",
            "module.vpc.aws_vpc.vpc1"
          ]
        }
      ]
    },
    {
      "module": "module.rds",
      "mode": "managed",
      "type": "aws_db_subnet_group",
      "name": "memo_rds",
      "provider": "provider[\"registry.terraform.io/hashicorp/aws\"]",
      "instances": [
        {
          "schema_version": 0,
          "attributes": {
            "arn": "arn:aws:rds:ap-northeast-2:727646470302:subgrp:memo-mysql-subnet-group",
            "description": "Managed by Terraform",
            "id": "memo-mysql-subnet-group",
            "name": "memo-mysql-subnet-group",
            "name_prefix": "",
            "subnet_ids": [
              "subnet-00164a47ae30153d9",
              "subnet-0123a6d953c842e45",
              "subnet-0bda65eb320550714",
              "subnet-0ebf3d22f50576fee"
            ],
            "supported_network_types": [
              "IPV4"
            ],
            "tags": {
              "Environment": "dev",
              "Project": "memo"
            },
            "tags_all": {
              "Environment": "dev",
              "Project": "memo"
            },
            "vpc_id": "vpc-0b38d3bd4cd39d2fb"
          },
          "sensitive_attributes": [],
          "identity_schema_version": 0,
          "private": "bnVsbA==",
          "dependencies": [
            "module.vpc.aws_subnet.private1",
            "module.vpc.aws_subnet.private2",
            "module.vpc.aws_subnet.private3",
            "module.vpc.aws_subnet.private4",
            "module.vpc.aws_vpc.vpc1"
          ]
        }
      ]
    },
    {
      "module": "module.rds",
      "mode": "managed",
      "type": "aws_security_group",
      "name": "memo_rds",
      "provider": "provider[\"registry.terraform.io/hashicorp/aws\"]",
      "instances": [
        {
          "schema_version": 1,
          "attributes": {
            "arn": "arn:aws:ec2:ap-northeast-2:727646470302:security-group/sg-030f77210ff24b763",
            "description": "Managed by Terraform",
            "egress": [
              {
                "cidr_blocks": [
                  "10.0.0.0/16"
                ],
                "description": "",
                "from_port": 3306,
                "ipv6_cidr_blocks": [],
                "prefix_list_ids": [],
                "protocol": "tcp",
                "security_groups": [],
                "self": false,
                "to_port": 3306
              }
            ],
            "id": "sg-030f77210ff24b763",
            "ingress": [
              {
                "cidr_blocks": [],
                "description": "",
                "from_port": 3306,
                "ipv6_cidr_blocks": [],
                "prefix_list_ids": [],
                "protocol": "tcp",
                "security_groups": [
                  "sg-0a9dca10eb11c801e"
                ],
                "self": false,
                "to_port": 3306
              }
            ],
            "name": "memo-rds-sg-20250714091800041300000011",
            "name_prefix": "memo-rds-sg-",
            "owner_id": "727646470302",
            "revoke_rules_on_delete": false,
            "tags": {
              "Environment": "dev",
              "Project": "memo"
            },
            "tags_all": {
              "Environment": "dev",
              "Project": "memo"
            },
            "timeouts": null,
            "vpc_id": "vpc-0b38d3bd4cd39d2fb"
          },
          "sensitive_attributes": [],
          "identity_schema_version": 0,
          "private": "eyJlMmJmYjczMC1lY2FhLTExZTYtOGY4OC0zNDM2M2JjN2M0YzAiOnsiY3JlYXRlIjo2MDAwMDAwMDAwMDAsImRlbGV0ZSI6OTAwMDAwMDAwMDAwfSwic2NoZW1hX3ZlcnNpb24iOiIxIn0=",
          "dependencies": [
            "module.eks.module.eks_cluster.aws_security_group.cluster",
            "module.vpc.aws_vpc.vpc1"
          ]
        }
      ]
    },
    {
      "module": "module.s3",
      "mode": "managed",
      "type": "aws_s3_bucket",
      "name": "memo_bucket",
      "provider": "provider[\"registry.terraform.io/hashicorp/aws\"]",
      "instances": [
        {
          "schema_version": 0,
          "attributes": {
            "acceleration_status": "",
            "acl": null,
            "arn": "arn:aws:s3:::memo-image-bucket",
            "bucket": "memo-image-bucket",
            "bucket_domain_name": "memo-image-bucket.s3.amazonaws.com",
            "bucket_prefix": "",
            "bucket_regional_domain_name": "memo-image-bucket.s3.ap-northeast-2.amazonaws.com",
            "cors_rule": [],
            "force_destroy": false,
            "grant": [
              {
                "id": "7d91e4ae05b6236e92917fa86e57b1ae2bb3104881904020aed655448e24148e",
                "permissions": [
                  "FULL_CONTROL"
                ],
                "type": "CanonicalUser",
                "uri": ""
              }
            ],
            "hosted_zone_id": "Z3W03O7B5YMIYP",
            "id": "memo-image-bucket",
            "lifecycle_rule": [],
            "logging": [],
            "object_lock_configuration": [],
            "object_lock_enabled": false,
            "policy": "",
            "region": "ap-northeast-2",
            "replication_configuration": [],
            "request_payer": "BucketOwner",
            "server_side_encryption_configuration": [
              {
                "rule": [
                  {
                    "apply_server_side_encryption_by_default": [
                      {
                        "kms_master_key_id": "",
                        "sse_algorithm": "AES256"
                      }
                    ],
                    "bucket_key_enabled": false
                  }
                ]
              }
            ],
            "tags": {
              "Environment": "dev",
              "Project": "memo"
            },
            "tags_all": {
              "Environment": "dev",
              "Project": "memo"
            },
            "timeouts": null,
            "versioning": [
              {
                "enabled": false,
                "mfa_delete": false
              }
            ],
            "website": [],
            "website_domain": null,
            "website_endpoint": null
          },
          "sensitive_attributes": [],
          "identity_schema_version": 0,
          "private": "eyJlMmJmYjczMC1lY2FhLTExZTYtOGY4OC0zNDM2M2JjN2M0YzAiOnsiY3JlYXRlIjoxMjAwMDAwMDAwMDAwLCJkZWxldGUiOjM2MDAwMDAwMDAwMDAsInJlYWQiOjEyMDAwMDAwMDAwMDAsInVwZGF0ZSI6MTIwMDAwMDAwMDAwMH19"
        }
      ]
    },
    {
      "module": "module.s3",
      "mode": "managed",
      "type": "aws_s3_bucket_policy",
      "name": "memo_bucket_policy",
      "provider": "provider[\"registry.terraform.io/hashicorp/aws\"]",
      "instances": []
    },
    {
      "module": "module.s3",
      "mode": "managed",
      "type": "aws_s3_bucket_public_access_block",
      "name": "memo_bucket_public_access_block",
      "provider": "provider[\"registry.terraform.io/hashicorp/aws\"]",
      "instances": [
        {
          "schema_version": 0,
          "attributes": {
            "block_public_acls": true,
            "block_public_policy": true,
            "bucket": "memo-image-bucket",
            "id": "memo-image-bucket",
            "ignore_public_acls": true,
            "restrict_public_buckets": true
          },
          "sensitive_attributes": [],
          "identity_schema_version": 0,
          "private": "bnVsbA==",
          "dependencies": [
            "module.s3.aws_s3_bucket.memo_bucket"
          ]
        }
      ]
    },
    {
      "module": "module.s3",
      "mode": "managed",
      "type": "aws_s3_bucket_server_side_encryption_configuration",
      "name": "memo_bucket_encryption",
      "provider": "provider[\"registry.terraform.io/hashicorp/aws\"]",
      "instances": [
        {
          "schema_version": 0,
          "attributes": {
            "bucket": "memo-image-bucket",
            "expected_bucket_owner": "",
            "id": "memo-image-bucket",
            "rule": [
              {
                "apply_server_side_encryption_by_default": [
                  {
                    "kms_master_key_id": "",
                    "sse_algorithm": "AES256"
                  }
                ],
                "bucket_key_enabled": null
              }
            ]
          },
          "sensitive_attributes": [],
          "identity_schema_version": 0,
          "private": "bnVsbA==",
          "dependencies": [
            "module.s3.aws_s3_bucket.memo_bucket"
          ]
        }
      ]
    },
    {
      "module": "module.s3",
      "mode": "managed",
      "type": "aws_s3_bucket_versioning",
      "name": "memo_bucket_versioning",
      "provider": "provider[\"registry.terraform.io/hashicorp/aws\"]",
      "instances": [
        {
          "schema_version": 0,
          "attributes": {
            "bucket": "memo-image-bucket",
            "expected_bucket_owner": "",
            "id": "memo-image-bucket",
            "mfa": null,
            "versioning_configuration": [
              {
                "mfa_delete": "",
                "status": "Enabled"
              }
            ]
          },
          "sensitive_attributes": [],
          "identity_schema_version": 0,
          "private": "bnVsbA==",
          "dependencies": [
            "module.s3.aws_s3_bucket.memo_bucket"
          ]
        }
      ]
    },
    {
      "module": "module.vpc",
      "mode": "managed",
      "type": "aws_eip",
      "name": "nat_eip",
      "provider": "provider[\"registry.terraform.io/hashicorp/aws\"]",
      "instances": [
        {
          "schema_version": 0,
          "attributes": {
            "address": null,
            "allocation_id": "eipalloc-0b16bc224b3cf554f",
            "arn": "arn:aws:ec2:ap-northeast-2:727646470302:elastic-ip/eipalloc-0b16bc224b3cf554f",
            "associate_with_private_ip": null,
            "association_id": "",
            "carrier_ip": "",
            "customer_owned_ip": "",
            "customer_owned_ipv4_pool": "",
            "domain": "vpc",
            "id": "eipalloc-0b16bc224b3cf554f",
            "instance": "",
            "ipam_pool_id": null,
            "network_border_group": "ap-northeast-2",
            "network_interface": "",
            "private_dns": null,
            "private_ip": "",
            "ptr_record": "",
            "public_dns": "ec2-3-37-239-120.ap-northeast-2.compute.amazonaws.com",
            "public_ip": "3.37.239.120",
            "public_ipv4_pool": "amazon",
            "tags": {
              "Name": "vpc1-nat-eip"
            },
            "tags_all": {
              "Name": "vpc1-nat-eip"
            },
            "timeouts": null,
            "vpc": true
          },
          "sensitive_attributes": [],
          "identity_schema_version": 0,
          "private": "eyJlMmJmYjczMC1lY2FhLTExZTYtOGY4OC0zNDM2M2JjN2M0YzAiOnsiZGVsZXRlIjoxODAwMDAwMDAwMDAsInJlYWQiOjkwMDAwMDAwMDAwMCwidXBkYXRlIjozMDAwMDAwMDAwMDB9fQ=="
        }
      ]
    },
    {
      "module": "module.vpc",
      "mode": "managed",
      "type": "aws_internet_gateway",
      "name": "igw",
      "provider": "provider[\"registry.terraform.io/hashicorp/aws\"]",
      "instances": [
        {
          "schema_version": 0,
          "attributes": {
            "arn": "arn:aws:ec2:ap-northeast-2:727646470302:internet-gateway/igw-0889099d060518bd2",
            "id": "igw-0889099d060518bd2",
            "owner_id": "727646470302",
            "tags": {
              "Name": "vpc1-igw"
            },
            "tags_all": {
              "Name": "vpc1-igw"
            },
            "timeouts": null,
            "vpc_id": "vpc-0b38d3bd4cd39d2fb"
          },
          "sensitive_attributes": [],
          "identity_schema_version": 0,
          "private": "eyJlMmJmYjczMC1lY2FhLTExZTYtOGY4OC0zNDM2M2JjN2M0YzAiOnsiY3JlYXRlIjoxMjAwMDAwMDAwMDAwLCJkZWxldGUiOjEyMDAwMDAwMDAwMDAsInVwZGF0ZSI6MTIwMDAwMDAwMDAwMH19",
          "dependencies": [
            "module.vpc.aws_vpc.vpc1"
          ]
        }
      ]
    },
    {
      "module": "module.vpc",
      "mode": "managed",
      "type": "aws_nat_gateway",
      "name": "nat",
      "provider": "provider[\"registry.terraform.io/hashicorp/aws\"]",
      "instances": [
        {
          "schema_version": 0,
          "attributes": {
            "allocation_id": "eipalloc-0b16bc224b3cf554f",
            "association_id": "eipassoc-04c5ae9f2f8f98a8d",
            "connectivity_type": "public",
            "id": "nat-0e45cb097386ec6e1",
            "network_interface_id": "eni-0a401f4ec0e613d45",
            "private_ip": "10.0.1.55",
            "public_ip": "3.37.239.120",
            "secondary_allocation_ids": null,
            "secondary_private_ip_address_count": 0,
            "secondary_private_ip_addresses": [],
            "subnet_id": "subnet-0ad419e73b424dffe",
            "tags": {
              "Name": "vpc1-nat"
            },
            "tags_all": {
              "Name": "vpc1-nat"
            },
            "timeouts": null
          },
          "sensitive_attributes": [],
          "identity_schema_version": 0,
          "private": "eyJlMmJmYjczMC1lY2FhLTExZTYtOGY4OC0zNDM2M2JjN2M0YzAiOnsiY3JlYXRlIjo2MDAwMDAwMDAwMDAsImRlbGV0ZSI6MTgwMDAwMDAwMDAwMCwidXBkYXRlIjo2MDAwMDAwMDAwMDB9fQ==",
          "dependencies": [
            "module.vpc.aws_eip.nat_eip",
            "module.vpc.aws_internet_gateway.igw",
            "module.vpc.aws_subnet.public1",
            "module.vpc.aws_vpc.vpc1"
          ]
        }
      ]
    },
    {
      "module": "module.vpc",
      "mode": "managed",
      "type": "aws_route",
      "name": "private_nat_access",
      "provider": "provider[\"registry.terraform.io/hashicorp/aws\"]",
      "instances": [
        {
          "schema_version": 0,
          "attributes": {
            "carrier_gateway_id": "",
            "core_network_arn": "",
            "destination_cidr_block": "0.0.0.0/0",
            "destination_ipv6_cidr_block": "",
            "destination_prefix_list_id": "",
            "egress_only_gateway_id": "",
            "gateway_id": "",
            "id": "r-rtb-0a3ee4d82719563781080289494",
            "instance_id": "",
            "instance_owner_id": "",
            "local_gateway_id": "",
            "nat_gateway_id": "nat-0e45cb097386ec6e1",
            "network_interface_id": "",
            "origin": "CreateRoute",
            "route_table_id": "rtb-0a3ee4d8271956378",
            "state": "active",
            "timeouts": null,
            "transit_gateway_id": "",
            "vpc_endpoint_id": "",
            "vpc_peering_connection_id": ""
          },
          "sensitive_attributes": [],
          "identity_schema_version": 0,
          "private": "eyJlMmJmYjczMC1lY2FhLTExZTYtOGY4OC0zNDM2M2JjN2M0YzAiOnsiY3JlYXRlIjozMDAwMDAwMDAwMDAsImRlbGV0ZSI6MzAwMDAwMDAwMDAwLCJ1cGRhdGUiOjEyMDAwMDAwMDAwMH19",
          "dependencies": [
            "module.vpc.aws_eip.nat_eip",
            "module.vpc.aws_internet_gateway.igw",
            "module.vpc.aws_nat_gateway.nat",
            "module.vpc.aws_route_table.private",
            "module.vpc.aws_subnet.public1",
            "module.vpc.aws_vpc.vpc1"
          ]
        }
      ]
    },
    {
      "module": "module.vpc",
      "mode": "managed",
      "type": "aws_route",
      "name": "public_internet_access",
      "provider": "provider[\"registry.terraform.io/hashicorp/aws\"]",
      "instances": [
        {
          "schema_version": 0,
          "attributes": {
            "carrier_gateway_id": "",
            "core_network_arn": "",
            "destination_cidr_block": "0.0.0.0/0",
            "destination_ipv6_cidr_block": "",
            "destination_prefix_list_id": "",
            "egress_only_gateway_id": "",
            "gateway_id": "igw-0889099d060518bd2",
            "id": "r-rtb-0e13988bd252abb131080289494",
            "instance_id": "",
            "instance_owner_id": "",
            "local_gateway_id": "",
            "nat_gateway_id": "",
            "network_interface_id": "",
            "origin": "CreateRoute",
            "route_table_id": "rtb-0e13988bd252abb13",
            "state": "active",
            "timeouts": null,
            "transit_gateway_id": "",
            "vpc_endpoint_id": "",
            "vpc_peering_connection_id": ""
          },
          "sensitive_attributes": [],
          "identity_schema_version": 0,
          "private": "eyJlMmJmYjczMC1lY2FhLTExZTYtOGY4OC0zNDM2M2JjN2M0YzAiOnsiY3JlYXRlIjozMDAwMDAwMDAwMDAsImRlbGV0ZSI6MzAwMDAwMDAwMDAwLCJ1cGRhdGUiOjEyMDAwMDAwMDAwMH19",
          "dependencies": [
            "module.vpc.aws_internet_gateway.igw",
            "module.vpc.aws_route_table.public",
            "module.vpc.aws_vpc.vpc1"
          ]
        }
      ]
    },
    {
      "module": "module.vpc",
      "mode": "managed",
      "type": "aws_route_table",
      "name": "private",
      "provider": "provider[\"registry.terraform.io/hashicorp/aws\"]",
      "instances": [
        {
          "schema_version": 0,
          "attributes": {
            "arn": "arn:aws:ec2:ap-northeast-2:727646470302:route-table/rtb-0a3ee4d8271956378",
            "id": "rtb-0a3ee4d8271956378",
            "owner_id": "727646470302",
            "propagating_vgws": [],
            "route": [],
            "tags": {
              "Name": "vpc1-private-rt"
            },
            "tags_all": {
              "Name": "vpc1-private-rt"
            },
            "timeouts": null,
            "vpc_id": "vpc-0b38d3bd4cd39d2fb"
          },
          "sensitive_attributes": [],
          "identity_schema_version": 0,
          "private": "eyJlMmJmYjczMC1lY2FhLTExZTYtOGY4OC0zNDM2M2JjN2M0YzAiOnsiY3JlYXRlIjozMDAwMDAwMDAwMDAsImRlbGV0ZSI6MzAwMDAwMDAwMDAwLCJ1cGRhdGUiOjEyMDAwMDAwMDAwMH19",
          "dependencies": [
            "module.vpc.aws_vpc.vpc1"
          ]
        }
      ]
    },
    {
      "module": "module.vpc",
      "mode": "managed",
      "type": "aws_route_table",
      "name": "public",
      "provider": "provider[\"registry.terraform.io/hashicorp/aws\"]",
      "instances": [
        {
          "schema_version": 0,
          "attributes": {
            "arn": "arn:aws:ec2:ap-northeast-2:727646470302:route-table/rtb-0e13988bd252abb13",
            "id": "rtb-0e13988bd252abb13",
            "owner_id": "727646470302",
            "propagating_vgws": [],
            "route": [],
            "tags": {
              "Name": "vpc1-public-rt"
            },
            "tags_all": {
              "Name": "vpc1-public-rt"
            },
            "timeouts": null,
            "vpc_id": "vpc-0b38d3bd4cd39d2fb"
          },
          "sensitive_attributes": [],
          "identity_schema_version": 0,
          "private": "eyJlMmJmYjczMC1lY2FhLTExZTYtOGY4OC0zNDM2M2JjN2M0YzAiOnsiY3JlYXRlIjozMDAwMDAwMDAwMDAsImRlbGV0ZSI6MzAwMDAwMDAwMDAwLCJ1cGRhdGUiOjEyMDAwMDAwMDAwMH19",
          "dependencies": [
            "module.vpc.aws_vpc.vpc1"
          ]
        }
      ]
    },
    {
      "module": "module.vpc",
      "mode": "managed",
      "type": "aws_route_table_association",
      "name": "private_assoc",
      "provider": "provider[\"registry.terraform.io/hashicorp/aws\"]",
      "instances": [
        {
          "schema_version": 0,
          "attributes": {
            "gateway_id": "",
            "id": "rtbassoc-0ad9df6715b258faf",
            "route_table_id": "rtb-0a3ee4d8271956378",
            "subnet_id": "subnet-0bda65eb320550714",
            "timeouts": null
          },
          "sensitive_attributes": [],
          "identity_schema_version": 0,
          "private": "eyJlMmJmYjczMC1lY2FhLTExZTYtOGY4OC0zNDM2M2JjN2M0YzAiOnsiY3JlYXRlIjozMDAwMDAwMDAwMDAsImRlbGV0ZSI6MzAwMDAwMDAwMDAwLCJ1cGRhdGUiOjEyMDAwMDAwMDAwMH19",
          "dependencies": [
            "module.vpc.aws_route_table.private",
            "module.vpc.aws_subnet.private1",
            "module.vpc.aws_vpc.vpc1"
          ]
        }
      ]
    },
    {
      "module": "module.vpc",
      "mode": "managed",
      "type": "aws_route_table_association",
      "name": "private_assoc2",
      "provider": "provider[\"registry.terraform.io/hashicorp/aws\"]",
      "instances": [
        {
          "schema_version": 0,
          "attributes": {
            "gateway_id": "",
            "id": "rtbassoc-01054f10a463c2738",
            "route_table_id": "rtb-0a3ee4d8271956378",
            "subnet_id": "subnet-0ebf3d22f50576fee",
            "timeouts": null
          },
          "sensitive_attributes": [],
          "identity_schema_version": 0,
          "private": "eyJlMmJmYjczMC1lY2FhLTExZTYtOGY4OC0zNDM2M2JjN2M0YzAiOnsiY3JlYXRlIjozMDAwMDAwMDAwMDAsImRlbGV0ZSI6MzAwMDAwMDAwMDAwLCJ1cGRhdGUiOjEyMDAwMDAwMDAwMH19",
          "dependencies": [
            "module.vpc.aws_route_table.private",
            "module.vpc.aws_subnet.private2",
            "module.vpc.aws_vpc.vpc1"
          ]
        }
      ]
    },
    {
      "module": "module.vpc",
      "mode": "managed",
      "type": "aws_route_table_association",
      "name": "private_assoc3",
      "provider": "provider[\"registry.terraform.io/hashicorp/aws\"]",
      "instances": [
        {
          "schema_version": 0,
          "attributes": {
            "gateway_id": "",
            "id": "rtbassoc-0ac0cd422853c5a56",
            "route_table_id": "rtb-0a3ee4d8271956378",
            "subnet_id": "subnet-0123a6d953c842e45",
            "timeouts": null
          },
          "sensitive_attributes": [],
          "identity_schema_version": 0,
          "private": "eyJlMmJmYjczMC1lY2FhLTExZTYtOGY4OC0zNDM2M2JjN2M0YzAiOnsiY3JlYXRlIjozMDAwMDAwMDAwMDAsImRlbGV0ZSI6MzAwMDAwMDAwMDAwLCJ1cGRhdGUiOjEyMDAwMDAwMDAwMH19",
          "dependencies": [
            "module.vpc.aws_route_table.private",
            "module.vpc.aws_subnet.private3",
            "module.vpc.aws_vpc.vpc1"
          ]
        }
      ]
    },
    {
      "module": "module.vpc",
      "mode": "managed",
      "type": "aws_route_table_association",
      "name": "private_assoc4",
      "provider": "provider[\"registry.terraform.io/hashicorp/aws\"]",
      "instances": [
        {
          "schema_version": 0,
          "attributes": {
            "gateway_id": "",
            "id": "rtbassoc-05d1c1cc00f11e8e9",
            "route_table_id": "rtb-0a3ee4d8271956378",
            "subnet_id": "subnet-00164a47ae30153d9",
            "timeouts": null
          },
          "sensitive_attributes": [],
          "identity_schema_version": 0,
          "private": "eyJlMmJmYjczMC1lY2FhLTExZTYtOGY4OC0zNDM2M2JjN2M0YzAiOnsiY3JlYXRlIjozMDAwMDAwMDAwMDAsImRlbGV0ZSI6MzAwMDAwMDAwMDAwLCJ1cGRhdGUiOjEyMDAwMDAwMDAwMH19",
          "dependencies": [
            "module.vpc.aws_route_table.private",
            "module.vpc.aws_subnet.private4",
            "module.vpc.aws_vpc.vpc1"
          ]
        }
      ]
    },
    {
      "module": "module.vpc",
      "mode": "managed",
      "type": "aws_route_table_association",
      "name": "public_assoc",
      "provider": "provider[\"registry.terraform.io/hashicorp/aws\"]",
      "instances": [
        {
          "schema_version": 0,
          "attributes": {
            "gateway_id": "",
            "id": "rtbassoc-017888ac53614f92f",
            "route_table_id": "rtb-0e13988bd252abb13",
            "subnet_id": "subnet-0ad419e73b424dffe",
            "timeouts": null
          },
          "sensitive_attributes": [],
          "identity_schema_version": 0,
          "private": "eyJlMmJmYjczMC1lY2FhLTExZTYtOGY4OC0zNDM2M2JjN2M0YzAiOnsiY3JlYXRlIjozMDAwMDAwMDAwMDAsImRlbGV0ZSI6MzAwMDAwMDAwMDAwLCJ1cGRhdGUiOjEyMDAwMDAwMDAwMH19",
          "dependencies": [
            "module.vpc.aws_route_table.public",
            "module.vpc.aws_subnet.public1",
            "module.vpc.aws_vpc.vpc1"
          ]
        }
      ]
    },
    {
      "module": "module.vpc",
      "mode": "managed",
      "type": "aws_subnet",
      "name": "private1",
      "provider": "provider[\"registry.terraform.io/hashicorp/aws\"]",
      "instances": [
        {
          "schema_version": 1,
          "attributes": {
            "arn": "arn:aws:ec2:ap-northeast-2:727646470302:subnet/subnet-0bda65eb320550714",
            "assign_ipv6_address_on_creation": false,
            "availability_zone": "ap-northeast-2a",
            "availability_zone_id": "apne2-az1",
            "cidr_block": "10.0.2.0/24",
            "customer_owned_ipv4_pool": "",
            "enable_dns64": false,
            "enable_lni_at_device_index": 0,
            "enable_resource_name_dns_a_record_on_launch": false,
            "enable_resource_name_dns_aaaa_record_on_launch": false,
            "id": "subnet-0bda65eb320550714",
            "ipv6_cidr_block": "",
            "ipv6_cidr_block_association_id": "",
            "ipv6_native": false,
            "map_customer_owned_ip_on_launch": false,
            "map_public_ip_on_launch": false,
            "outpost_arn": "",
            "owner_id": "727646470302",
            "private_dns_hostname_type_on_launch": "ip-name",
            "tags": {
              "Name": "vpc1-private1-a"
            },
            "tags_all": {
              "Name": "vpc1-private1-a"
            },
            "timeouts": null,
            "vpc_id": "vpc-0b38d3bd4cd39d2fb"
          },
          "sensitive_attributes": [],
          "identity_schema_version": 0,
          "private": "eyJlMmJmYjczMC1lY2FhLTExZTYtOGY4OC0zNDM2M2JjN2M0YzAiOnsiY3JlYXRlIjo2MDAwMDAwMDAwMDAsImRlbGV0ZSI6MTIwMDAwMDAwMDAwMH0sInNjaGVtYV92ZXJzaW9uIjoiMSJ9",
          "dependencies": [
            "module.vpc.aws_vpc.vpc1"
          ],
          "create_before_destroy": true
        }
      ]
    },
    {
      "module": "module.vpc",
      "mode": "managed",
      "type": "aws_subnet",
      "name": "private2",
      "provider": "provider[\"registry.terraform.io/hashicorp/aws\"]",
      "instances": [
        {
          "schema_version": 1,
          "attributes": {
            "arn": "arn:aws:ec2:ap-northeast-2:727646470302:subnet/subnet-0ebf3d22f50576fee",
            "assign_ipv6_address_on_creation": false,
            "availability_zone": "ap-northeast-2b",
            "availability_zone_id": "apne2-az2",
            "cidr_block": "10.0.3.0/24",
            "customer_owned_ipv4_pool": "",
            "enable_dns64": false,
            "enable_lni_at_device_index": 0,
            "enable_resource_name_dns_a_record_on_launch": false,
            "enable_resource_name_dns_aaaa_record_on_launch": false,
            "id": "subnet-0ebf3d22f50576fee",
            "ipv6_cidr_block": "",
            "ipv6_cidr_block_association_id": "",
            "ipv6_native": false,
            "map_customer_owned_ip_on_launch": false,
            "map_public_ip_on_launch": false,
            "outpost_arn": "",
            "owner_id": "727646470302",
            "private_dns_hostname_type_on_launch": "ip-name",
            "tags": {
              "Name": "vpc1-private1-b"
            },
            "tags_all": {
              "Name": "vpc1-private1-b"
            },
            "timeouts": null,
            "vpc_id": "vpc-0b38d3bd4cd39d2fb"
          },
          "sensitive_attributes": [],
          "identity_schema_version": 0,
          "private": "eyJlMmJmYjczMC1lY2FhLTExZTYtOGY4OC0zNDM2M2JjN2M0YzAiOnsiY3JlYXRlIjo2MDAwMDAwMDAwMDAsImRlbGV0ZSI6MTIwMDAwMDAwMDAwMH0sInNjaGVtYV92ZXJzaW9uIjoiMSJ9",
          "dependencies": [
            "module.vpc.aws_vpc.vpc1"
          ],
          "create_before_destroy": true
        }
      ]
    },
    {
      "module": "module.vpc",
      "mode": "managed",
      "type": "aws_subnet",
      "name": "private3",
      "provider": "provider[\"registry.terraform.io/hashicorp/aws\"]",
      "instances": [
        {
          "schema_version": 1,
          "attributes": {
            "arn": "arn:aws:ec2:ap-northeast-2:727646470302:subnet/subnet-0123a6d953c842e45",
            "assign_ipv6_address_on_creation": false,
            "availability_zone": "ap-northeast-2c",
            "availability_zone_id": "apne2-az3",
            "cidr_block": "10.0.4.0/24",
            "customer_owned_ipv4_pool": "",
            "enable_dns64": false,
            "enable_lni_at_device_index": 0,
            "enable_resource_name_dns_a_record_on_launch": false,
            "enable_resource_name_dns_aaaa_record_on_launch": false,
            "id": "subnet-0123a6d953c842e45",
            "ipv6_cidr_block": "",
            "ipv6_cidr_block_association_id": "",
            "ipv6_native": false,
            "map_customer_owned_ip_on_launch": false,
            "map_public_ip_on_launch": false,
            "outpost_arn": "",
            "owner_id": "727646470302",
            "private_dns_hostname_type_on_launch": "ip-name",
            "tags": {
              "Name": "vpc1-private1-c"
            },
            "tags_all": {
              "Name": "vpc1-private1-c"
            },
            "timeouts": null,
            "vpc_id": "vpc-0b38d3bd4cd39d2fb"
          },
          "sensitive_attributes": [],
          "identity_schema_version": 0,
          "private": "eyJlMmJmYjczMC1lY2FhLTExZTYtOGY4OC0zNDM2M2JjN2M0YzAiOnsiY3JlYXRlIjo2MDAwMDAwMDAwMDAsImRlbGV0ZSI6MTIwMDAwMDAwMDAwMH0sInNjaGVtYV92ZXJzaW9uIjoiMSJ9",
          "dependencies": [
            "module.vpc.aws_vpc.vpc1"
          ],
          "create_before_destroy": true
        }
      ]
    },
    {
      "module": "module.vpc",
      "mode": "managed",
      "type": "aws_subnet",
      "name": "private4",
      "provider": "provider[\"registry.terraform.io/hashicorp/aws\"]",
      "instances": [
        {
          "schema_version": 1,
          "attributes": {
            "arn": "arn:aws:ec2:ap-northeast-2:727646470302:subnet/subnet-00164a47ae30153d9",
            "assign_ipv6_address_on_creation": false,
            "availability_zone": "ap-northeast-2d",
            "availability_zone_id": "apne2-az4",
            "cidr_block": "10.0.5.0/24",
            "customer_owned_ipv4_pool": "",
            "enable_dns64": false,
            "enable_lni_at_device_index": 0,
            "enable_resource_name_dns_a_record_on_launch": false,
            "enable_resource_name_dns_aaaa_record_on_launch": false,
            "id": "subnet-00164a47ae30153d9",
            "ipv6_cidr_block": "",
            "ipv6_cidr_block_association_id": "",
            "ipv6_native": false,
            "map_customer_owned_ip_on_launch": false,
            "map_public_ip_on_launch": false,
            "outpost_arn": "",
            "owner_id": "727646470302",
            "private_dns_hostname_type_on_launch": "ip-name",
            "tags": {
              "Name": "vpc1-private1-d"
            },
            "tags_all": {
              "Name": "vpc1-private1-d"
            },
            "timeouts": null,
            "vpc_id": "vpc-0b38d3bd4cd39d2fb"
          },
          "sensitive_attributes": [],
          "identity_schema_version": 0,
          "private": "eyJlMmJmYjczMC1lY2FhLTExZTYtOGY4OC0zNDM2M2JjN2M0YzAiOnsiY3JlYXRlIjo2MDAwMDAwMDAwMDAsImRlbGV0ZSI6MTIwMDAwMDAwMDAwMH0sInNjaGVtYV92ZXJzaW9uIjoiMSJ9",
          "dependencies": [
            "module.vpc.aws_vpc.vpc1"
          ],
          "create_before_destroy": true
        }
      ]
    },
    {
      "module": "module.vpc",
      "mode": "managed",
      "type": "aws_subnet",
      "name": "public1",
      "provider": "provider[\"registry.terraform.io/hashicorp/aws\"]",
      "instances": [
        {
          "schema_version": 1,
          "attributes": {
            "arn": "arn:aws:ec2:ap-northeast-2:727646470302:subnet/subnet-0ad419e73b424dffe",
            "assign_ipv6_address_on_creation": false,
            "availability_zone": "ap-northeast-2a",
            "availability_zone_id": "apne2-az1",
            "cidr_block": "10.0.1.0/24",
            "customer_owned_ipv4_pool": "",
            "enable_dns64": false,
            "enable_lni_at_device_index": 0,
            "enable_resource_name_dns_a_record_on_launch": false,
            "enable_resource_name_dns_aaaa_record_on_launch": false,
            "id": "subnet-0ad419e73b424dffe",
            "ipv6_cidr_block": "",
            "ipv6_cidr_block_association_id": "",
            "ipv6_native": false,
            "map_customer_owned_ip_on_launch": false,
            "map_public_ip_on_launch": true,
            "outpost_arn": "",
            "owner_id": "727646470302",
            "private_dns_hostname_type_on_launch": "ip-name",
            "tags": {
              "Name": "vpc1-public1"
            },
            "tags_all": {
              "Name": "vpc1-public1"
            },
            "timeouts": null,
            "vpc_id": "vpc-0b38d3bd4cd39d2fb"
          },
          "sensitive_attributes": [],
          "identity_schema_version": 0,
          "private": "eyJlMmJmYjczMC1lY2FhLTExZTYtOGY4OC0zNDM2M2JjN2M0YzAiOnsiY3JlYXRlIjo2MDAwMDAwMDAwMDAsImRlbGV0ZSI6MTIwMDAwMDAwMDAwMH0sInNjaGVtYV92ZXJzaW9uIjoiMSJ9",
          "dependencies": [
            "module.vpc.aws_vpc.vpc1"
          ]
        }
      ]
    },
    {
      "module": "module.vpc",
      "mode": "managed",
      "type": "aws_vpc",
      "name": "vpc1",
      "provider": "provider[\"registry.terraform.io/hashicorp/aws\"]",
      "instances": [
        {
          "schema_version": 1,
          "attributes": {
            "arn": "arn:aws:ec2:ap-northeast-2:727646470302:vpc/vpc-0b38d3bd4cd39d2fb",
            "assign_generated_ipv6_cidr_block": false,
            "cidr_block": "10.0.0.0/16",
            "default_network_acl_id": "acl-025064865d71769cf",
            "default_route_table_id": "rtb-05d8f7c178730a183",
            "default_security_group_id": "sg-0ef4e0c2693edafa0",
            "dhcp_options_id": "dopt-0758a7b1fe190aea2",
            "enable_dns_hostnames": true,
            "enable_dns_support": true,
            "enable_network_address_usage_metrics": false,
            "id": "vpc-0b38d3bd4cd39d2fb",
            "instance_tenancy": "default",
            "ipv4_ipam_pool_id": null,
            "ipv4_netmask_length": null,
            "ipv6_association_id": "",
            "ipv6_cidr_block": "",
            "ipv6_cidr_block_network_border_group": "",
            "ipv6_ipam_pool_id": "",
            "ipv6_netmask_length": 0,
            "main_route_table_id": "rtb-05d8f7c178730a183",
            "owner_id": "727646470302",
            "tags": {
              "Name": "vpc1"
            },
            "tags_all": {
              "Name": "vpc1"
            }
          },
          "sensitive_attributes": [],
          "identity_schema_version": 0,
          "private": "eyJzY2hlbWFfdmVyc2lvbiI6IjEifQ==",
          "create_before_destroy": true
        }
      ]
    },
    {
      "module": "module.vpc",
      "mode": "managed",
      "type": "aws_vpc_dhcp_options",
      "name": "dns",
      "provider": "provider[\"registry.terraform.io/hashicorp/aws\"]",
      "instances": [
        {
          "schema_version": 0,
          "attributes": {
            "arn": "arn:aws:ec2:ap-northeast-2:727646470302:dhcp-options/dopt-0320dbd3c8de9e5f8",
            "domain_name": "ap-northeast-2.compute.internal",
            "domain_name_servers": [
              "AmazonProvidedDNS"
            ],
            "id": "dopt-0320dbd3c8de9e5f8",
            "ipv6_address_preferred_lease_time": "",
            "netbios_name_servers": null,
            "netbios_node_type": "",
            "ntp_servers": null,
            "owner_id": "727646470302",
            "tags": {
              "Name": "vpc1-dns"
            },
            "tags_all": {
              "Name": "vpc1-dns"
            }
          },
          "sensitive_attributes": [],
          "identity_schema_version": 0,
          "private": "bnVsbA=="
        }
      ]
    },
    {
      "module": "module.vpc",
      "mode": "managed",
      "type": "aws_vpc_dhcp_options_association",
      "name": "dns",
      "provider": "provider[\"registry.terraform.io/hashicorp/aws\"]",
      "instances": [
        {
          "schema_version": 0,
          "attributes": {
            "dhcp_options_id": "dopt-0320dbd3c8de9e5f8",
            "id": "dopt-0320dbd3c8de9e5f8-vpc-0b38d3bd4cd39d2fb",
            "vpc_id": "vpc-0b38d3bd4cd39d2fb"
          },
          "sensitive_attributes": [],
          "identity_schema_version": 0,
          "private": "bnVsbA==",
          "dependencies": [
            "module.vpc.aws_vpc.vpc1",
            "module.vpc.aws_vpc_dhcp_options.dns"
          ]
        }
      ]
    }
  ],
  "check_results": null
}
