{
  "version": 4,
  "terraform_version": "1.12.2",
  "serial": 725,
  "lineage": "b5771525-d9df-1b2d-950b-1ebfd0e6f25d",
  "outputs": {
    "eks_admin_role_arn": {
      "value": "arn:aws:iam::571170910853:role/eks-admin-role",
      "type": "string"
    },
    "eks_admin_role_name": {
      "value": "eks-admin-role",
      "type": "string"
    },
    "eks_cluster_endpoint": {
      "value": "https://F283EDA2B559C01C03B5B4C029BBF122.sk1.ap-northeast-2.eks.amazonaws.com",
      "type": "string"
    },
    "eks_cluster_kubeconfig_context": {
      "value": "arn:aws:eks:ap-northeast-2:571170910853:cluster/memo-eks-cluster",
      "type": "string"
    },
    "eks_cluster_name": {
      "value": "memo-eks-cluster",
      "type": "string"
    },
    "eks_cluster_security_group_id": {
      "value": "sg-0ac04fdec51a2fcc1",
      "type": "string"
    },
    "redis_port": {
      "value": 6379,
      "type": "number"
    },
    "redis_release_name": {
      "value": "redis-app",
      "type": "string"
    },
    "redis_status": {
      "value": "deployed",
      "type": "string"
    }
  },
  "resources": [
    {
      "mode": "data",
      "type": "aws_caller_identity",
      "name": "current",
      "provider": "provider[\"registry.terraform.io/hashicorp/aws\"]",
      "instances": [
        {
          "schema_version": 0,
          "attributes": {
            "account_id": "571170910853",
            "arn": "arn:aws:iam::571170910853:user/lion3team04",
            "id": "571170910853",
            "user_id": "AIDAYJ7DQOKCRAJYPI243"
          },
          "sensitive_attributes": [],
          "identity_schema_version": 0
        }
      ]
    },
    {
      "mode": "data",
      "type": "aws_eks_cluster_auth",
      "name": "cluster",
      "provider": "provider[\"registry.terraform.io/hashicorp/aws\"]",
      "instances": [
        {
          "schema_version": 0,
          "attributes": {
            "id": "memo-eks-cluster",
            "name": "memo-eks-cluster",
            "token": "k8s-aws-v1.aHR0cHM6Ly9zdHMuYXAtbm9ydGhlYXN0LTIuYW1hem9uYXdzLmNvbS8_QWN0aW9uPUdldENhbGxlcklkZW50aXR5JlZlcnNpb249MjAxMS0wNi0xNSZYLUFtei1BbGdvcml0aG09QVdTNC1ITUFDLVNIQTI1NiZYLUFtei1DcmVkZW50aWFsPUFLSUFZSjdEUU9LQzVTVllYSzVMJTJGMjAyNTA3MTQlMkZhcC1ub3J0aGVhc3QtMiUyRnN0cyUyRmF3czRfcmVxdWVzdCZYLUFtei1EYXRlPTIwMjUwNzE0VDE1NTg0NlomWC1BbXotRXhwaXJlcz0wJlgtQW16LVNpZ25lZEhlYWRlcnM9aG9zdCUzQngtazhzLWF3cy1pZCZYLUFtei1TaWduYXR1cmU9ZmZkZTZjMThhZWRjNjgxYjJlMzM3NGNjMzY2NDcyNTAxZTFjMTlmMWRiZDlhMTk5ZjEwNmRkY2IwNDEzM2I1ZA"
          },
          "sensitive_attributes": [
            [
              {
                "type": "get_attr",
                "value": "token"
              }
            ]
          ],
          "identity_schema_version": 0
        }
      ]
    },
    {
      "mode": "managed",
      "type": "aws_cloudwatch_log_group",
      "name": "fluentbit",
      "provider": "provider[\"registry.terraform.io/hashicorp/aws\"]",
      "instances": [
        {
          "schema_version": 0,
          "attributes": {
            "arn": "arn:aws:logs:ap-northeast-2:571170910853:log-group:/aws/eks/cluster-logs",
            "id": "/aws/eks/cluster-logs",
            "kms_key_id": "",
            "log_group_class": "STANDARD",
            "name": "/aws/eks/cluster-logs",
            "name_prefix": "",
            "retention_in_days": 7,
            "skip_destroy": false,
            "tags": {},
            "tags_all": {}
          },
          "sensitive_attributes": [],
          "identity_schema_version": 0,
          "private": "bnVsbA=="
        }
      ]
    },
    {
      "module": "module.argocd",
      "mode": "managed",
      "type": "kubernetes_namespace",
      "name": "argocd",
      "provider": "provider[\"registry.terraform.io/hashicorp/kubernetes\"]",
      "instances": [
        {
          "schema_version": 0,
          "attributes": {
            "id": "argocd",
            "metadata": [
              {
                "annotations": {},
                "generate_name": "",
                "generation": 0,
                "labels": {},
                "name": "argocd",
                "resource_version": "12539",
                "uid": "74e0efd1-155d-4c1d-9688-5d3c866c270a"
              }
            ],
            "timeouts": null,
            "wait_for_default_service_account": false
          },
          "sensitive_attributes": [],
          "identity_schema_version": 0,
          "private": "eyJlMmJmYjczMC1lY2FhLTExZTYtOGY4OC0zNDM2M2JjN2M0YzAiOnsiZGVsZXRlIjozMDAwMDAwMDAwMDB9fQ==",
          "dependencies": [
            "module.irsa_argocd.aws_iam_role.this",
            "module.irsa_argocd.aws_iam_role_policy_attachment.admin_policy"
          ]
        }
      ]
    },
    {
      "module": "module.bastion",
      "mode": "managed",
      "type": "aws_eip",
      "name": "bastion_eip",
      "provider": "provider[\"registry.terraform.io/hashicorp/aws\"]",
      "instances": [
        {
          "index_key": 0,
          "schema_version": 0,
          "attributes": {
            "address": null,
            "allocation_id": "eipalloc-0fad8c5b9b0c39ca0",
            "arn": "arn:aws:ec2:ap-northeast-2:571170910853:elastic-ip/eipalloc-0fad8c5b9b0c39ca0",
            "associate_with_private_ip": null,
            "association_id": "",
            "carrier_ip": "",
            "customer_owned_ip": "",
            "customer_owned_ipv4_pool": "",
            "domain": "vpc",
            "id": "eipalloc-0fad8c5b9b0c39ca0",
            "instance": "",
            "ipam_pool_id": null,
            "network_border_group": "ap-northeast-2",
            "network_interface": "",
            "private_dns": "ip-10-0-1-138.ap-northeast-2.compute.internal",
            "private_ip": "",
            "ptr_record": "",
            "public_dns": "ec2-3-36-154-105.ap-northeast-2.compute.amazonaws.com",
            "public_ip": "3.36.154.105",
            "public_ipv4_pool": "amazon",
            "tags": {
              "Name": "bastion-eip"
            },
            "tags_all": {
              "Name": "bastion-eip"
            },
            "timeouts": null,
            "vpc": true
          },
          "sensitive_attributes": [],
          "identity_schema_version": 0,
          "private": "eyJlMmJmYjczMC1lY2FhLTExZTYtOGY4OC0zNDM2M2JjN2M0YzAiOnsiZGVsZXRlIjoxODAwMDAwMDAwMDAsInJlYWQiOjkwMDAwMDAwMDAwMCwidXBkYXRlIjozMDAwMDAwMDAwMDB9fQ==",
          "dependencies": [
            "module.bastion.aws_instance.bastion",
            "module.bastion.aws_security_group.bastion_sg",
            "module.vpc.aws_subnet.public1",
            "module.vpc.aws_subnet.public2",
            "module.vpc.aws_vpc.memo-vpc"
          ]
        }
      ]
    },
    {
      "module": "module.bastion",
      "mode": "managed",
      "type": "aws_security_group",
      "name": "bastion_sg",
      "provider": "provider[\"registry.terraform.io/hashicorp/aws\"]",
      "instances": [
        {
          "index_key": 0,
          "schema_version": 1,
          "attributes": {
            "arn": "arn:aws:ec2:ap-northeast-2:571170910853:security-group/sg-0948dc644311d9444",
            "description": "Allow SSH access to Bastion",
            "egress": [
              {
                "cidr_blocks": [
                  "0.0.0.0/0"
                ],
                "description": "",
                "from_port": 0,
                "ipv6_cidr_blocks": [],
                "prefix_list_ids": [],
                "protocol": "-1",
                "security_groups": [],
                "self": false,
                "to_port": 0
              }
            ],
            "id": "sg-0948dc644311d9444",
            "ingress": [
              {
                "cidr_blocks": [
                  "0.0.0.0/0"
                ],
                "description": "",
                "from_port": 22,
                "ipv6_cidr_blocks": [],
                "prefix_list_ids": [],
                "protocol": "tcp",
                "security_groups": [],
                "self": false,
                "to_port": 22
              }
            ],
            "name": "memo-bastion-sg-1",
            "name_prefix": "",
            "owner_id": "571170910853",
            "revoke_rules_on_delete": false,
            "tags": {
              "Name": "memo-bastion-sg-1"
            },
            "tags_all": {
              "Name": "memo-bastion-sg-1"
            },
            "timeouts": null,
            "vpc_id": "vpc-08900a176ad9d460d"
          },
          "sensitive_attributes": [],
          "identity_schema_version": 0,
          "private": "eyJlMmJmYjczMC1lY2FhLTExZTYtOGY4OC0zNDM2M2JjN2M0YzAiOnsiY3JlYXRlIjo2MDAwMDAwMDAwMDAsImRlbGV0ZSI6OTAwMDAwMDAwMDAwfSwic2NoZW1hX3ZlcnNpb24iOiIxIn0=",
          "dependencies": [
            "module.vpc.aws_vpc.memo-vpc"
          ]
        },
        {
          "index_key": 1,
          "schema_version": 1,
          "attributes": {
            "arn": "arn:aws:ec2:ap-northeast-2:571170910853:security-group/sg-08012d6c4ac92f355",
            "description": "Allow SSH access to Bastion",
            "egress": [
              {
                "cidr_blocks": [
                  "0.0.0.0/0"
                ],
                "description": "",
                "from_port": 0,
                "ipv6_cidr_blocks": [],
                "prefix_list_ids": [],
                "protocol": "-1",
                "security_groups": [],
                "self": false,
                "to_port": 0
              }
            ],
            "id": "sg-08012d6c4ac92f355",
            "ingress": [
              {
                "cidr_blocks": [
                  "0.0.0.0/0"
                ],
                "description": "",
                "from_port": 22,
                "ipv6_cidr_blocks": [],
                "prefix_list_ids": [],
                "protocol": "tcp",
                "security_groups": [],
                "self": false,
                "to_port": 22
              }
            ],
            "name": "memo-bastion-sg-2",
            "name_prefix": "",
            "owner_id": "571170910853",
            "revoke_rules_on_delete": false,
            "tags": {
              "Name": "memo-bastion-sg-2"
            },
            "tags_all": {
              "Name": "memo-bastion-sg-2"
            },
            "timeouts": null,
            "vpc_id": "vpc-08900a176ad9d460d"
          },
          "sensitive_attributes": [],
          "identity_schema_version": 0,
          "private": "eyJlMmJmYjczMC1lY2FhLTExZTYtOGY4OC0zNDM2M2JjN2M0YzAiOnsiY3JlYXRlIjo2MDAwMDAwMDAwMDAsImRlbGV0ZSI6OTAwMDAwMDAwMDAwfSwic2NoZW1hX3ZlcnNpb24iOiIxIn0=",
          "dependencies": [
            "module.vpc.aws_vpc.memo-vpc"
          ]
        }
      ]
    },
    {
      "module": "module.ebs_csi_driver",
      "mode": "managed",
      "type": "aws_iam_role",
      "name": "ebs_csi_role",
      "provider": "provider[\"registry.terraform.io/hashicorp/aws\"]",
      "instances": [
        {
          "schema_version": 0,
          "attributes": {
            "arn": "arn:aws:iam::571170910853:role/AmazonEKS_EBS_CSI_DriverRole",
            "assume_role_policy": "{\"Statement\":[{\"Action\":\"sts:AssumeRoleWithWebIdentity\",\"Condition\":{\"StringEquals\":{\"oidc.eks.ap-northeast-2.amazonaws.com/id/F283EDA2B559C01C03B5B4C029BBF122:sub\":\"system:serviceaccount:kube-system:ebs-csi-controller-sa\"}},\"Effect\":\"Allow\",\"Principal\":{\"Federated\":\"arn:aws:iam::571170910853:oidc-provider/oidc.eks.ap-northeast-2.amazonaws.com/id/F283EDA2B559C01C03B5B4C029BBF122\"}}],\"Version\":\"2012-10-17\"}",
            "create_date": "2025-07-14T11:39:41Z",
            "description": "",
            "force_detach_policies": false,
            "id": "AmazonEKS_EBS_CSI_DriverRole",
            "inline_policy": [],
            "managed_policy_arns": [
              "arn:aws:iam::aws:policy/service-role/AmazonEBSCSIDriverPolicy"
            ],
            "max_session_duration": 3600,
            "name": "AmazonEKS_EBS_CSI_DriverRole",
            "name_prefix": "",
            "path": "/",
            "permissions_boundary": "",
            "tags": {},
            "tags_all": {},
            "unique_id": "AROAYJ7DQOKC7UKSDTBVD"
          },
          "sensitive_attributes": [],
          "identity_schema_version": 0,
          "private": "bnVsbA==",
          "dependencies": [
            "module.eks.module.eks_cluster.aws_cloudwatch_log_group.this",
            "module.eks.module.eks_cluster.aws_eks_cluster.this",
            "module.eks.module.eks_cluster.aws_iam_openid_connect_provider.oidc_provider",
            "module.eks.module.eks_cluster.aws_iam_policy.cni_ipv6_policy",
            "module.eks.module.eks_cluster.aws_iam_role.eks_auto",
            "module.eks.module.eks_cluster.aws_iam_role.this",
            "module.eks.module.eks_cluster.aws_iam_role_policy_attachment.this",
            "module.eks.module.eks_cluster.aws_security_group.cluster",
            "module.eks.module.eks_cluster.aws_security_group.node",
            "module.eks.module.eks_cluster.aws_security_group_rule.cluster",
            "module.eks.module.eks_cluster.aws_security_group_rule.node",
            "module.eks.module.eks_cluster.data.aws_caller_identity.current",
            "module.eks.module.eks_cluster.data.aws_iam_policy_document.assume_role_policy",
            "module.eks.module.eks_cluster.data.aws_iam_policy_document.cni_ipv6_policy",
            "module.eks.module.eks_cluster.data.aws_iam_policy_document.node_assume_role_policy",
            "module.eks.module.eks_cluster.data.aws_iam_session_context.current",
            "module.eks.module.eks_cluster.data.aws_partition.current",
            "module.eks.module.eks_cluster.data.tls_certificate.this",
            "module.eks.module.eks_cluster.module.kms.aws_kms_external_key.this",
            "module.eks.module.eks_cluster.module.kms.aws_kms_key.this",
            "module.eks.module.eks_cluster.module.kms.aws_kms_replica_external_key.this",
            "module.eks.module.eks_cluster.module.kms.aws_kms_replica_key.this",
            "module.eks.module.eks_cluster.module.kms.data.aws_caller_identity.current",
            "module.eks.module.eks_cluster.module.kms.data.aws_iam_policy_document.this",
            "module.eks.module.eks_cluster.module.kms.data.aws_partition.current",
            "module.vpc.aws_subnet.private1",
            "module.vpc.aws_subnet.private2",
            "module.vpc.aws_subnet.private3",
            "module.vpc.aws_subnet.private4",
            "module.vpc.aws_vpc.memo-vpc"
          ]
        }
      ]
    },
    {
      "module": "module.ebs_csi_driver",
      "mode": "managed",
      "type": "aws_iam_role_policy_attachment",
      "name": "ebs_csi_policy",
      "provider": "provider[\"registry.terraform.io/hashicorp/aws\"]",
      "instances": [
        {
          "schema_version": 0,
          "attributes": {
            "id": "AmazonEKS_EBS_CSI_DriverRole-20250714113943095700000011",
            "policy_arn": "arn:aws:iam::aws:policy/service-role/AmazonEBSCSIDriverPolicy",
            "role": "AmazonEKS_EBS_CSI_DriverRole"
          },
          "sensitive_attributes": [],
          "identity_schema_version": 0,
          "private": "bnVsbA==",
          "dependencies": [
            "module.ebs_csi_driver.aws_iam_role.ebs_csi_role",
            "module.eks.module.eks_cluster.aws_cloudwatch_log_group.this",
            "module.eks.module.eks_cluster.aws_eks_cluster.this",
            "module.eks.module.eks_cluster.aws_iam_openid_connect_provider.oidc_provider",
            "module.eks.module.eks_cluster.aws_iam_policy.cni_ipv6_policy",
            "module.eks.module.eks_cluster.aws_iam_role.eks_auto",
            "module.eks.module.eks_cluster.aws_iam_role.this",
            "module.eks.module.eks_cluster.aws_iam_role_policy_attachment.this",
            "module.eks.module.eks_cluster.aws_security_group.cluster",
            "module.eks.module.eks_cluster.aws_security_group.node",
            "module.eks.module.eks_cluster.aws_security_group_rule.cluster",
            "module.eks.module.eks_cluster.aws_security_group_rule.node",
            "module.eks.module.eks_cluster.data.aws_caller_identity.current",
            "module.eks.module.eks_cluster.data.aws_iam_policy_document.assume_role_policy",
            "module.eks.module.eks_cluster.data.aws_iam_policy_document.cni_ipv6_policy",
            "module.eks.module.eks_cluster.data.aws_iam_policy_document.node_assume_role_policy",
            "module.eks.module.eks_cluster.data.aws_iam_session_context.current",
            "module.eks.module.eks_cluster.data.aws_partition.current",
            "module.eks.module.eks_cluster.data.tls_certificate.this",
            "module.eks.module.eks_cluster.module.kms.aws_kms_external_key.this",
            "module.eks.module.eks_cluster.module.kms.aws_kms_key.this",
            "module.eks.module.eks_cluster.module.kms.aws_kms_replica_external_key.this",
            "module.eks.module.eks_cluster.module.kms.aws_kms_replica_key.this",
            "module.eks.module.eks_cluster.module.kms.data.aws_caller_identity.current",
            "module.eks.module.eks_cluster.module.kms.data.aws_iam_policy_document.this",
            "module.eks.module.eks_cluster.module.kms.data.aws_partition.current",
            "module.vpc.aws_subnet.private1",
            "module.vpc.aws_subnet.private2",
            "module.vpc.aws_subnet.private3",
            "module.vpc.aws_subnet.private4",
            "module.vpc.aws_vpc.memo-vpc"
          ]
        }
      ]
    },
    {
      "module": "module.ebs_csi_driver",
      "mode": "managed",
      "type": "helm_release",
      "name": "aws_ebs_csi_driver",
      "provider": "provider[\"registry.terraform.io/hashicorp/helm\"]",
      "instances": [
        {
          "schema_version": 2,
          "attributes": {
            "atomic": false,
            "chart": "aws-ebs-csi-driver",
            "cleanup_on_fail": false,
            "create_namespace": false,
            "dependency_update": false,
            "description": null,
            "devel": null,
            "disable_crd_hooks": false,
            "disable_openapi_validation": false,
            "disable_webhooks": false,
            "force_update": false,
            "id": "aws-ebs-csi-driver",
            "keyring": null,
            "lint": false,
            "manifest": null,
            "max_history": 0,
            "metadata": {
              "app_version": "1.28.0",
              "chart": "aws-ebs-csi-driver",
              "first_deployed": 1752493874,
              "last_deployed": 1752493874,
              "name": "aws-ebs-csi-driver",
              "namespace": "kube-system",
              "notes": "To verify that aws-ebs-csi-driver has started, run:\n\n    kubectl get pod -n kube-system -l \"app.kubernetes.io/name=aws-ebs-csi-driver,app.kubernetes.io/instance=aws-ebs-csi-driver\"\n\nNOTE: The [CSI Snapshotter](https://github.com/kubernetes-csi/external-snapshotter) controller and CRDs will no longer be installed as part of this chart and moving forward will be a prerequisite of using the snap shotting functionality.\n\nWARNING: Upgrading the EBS CSI Driver Helm chart with --reuse-values will no longer be supported in a future release. For more information, see https://github.com/kubernetes-sigs/aws-ebs-csi-driver/issues/1864\n",
              "revision": 1,
              "values": "{\"controller\":{\"serviceAccount\":{\"annotations\":{\"eks.amazonaws.com/role-arn\":\"arn:aws:iam::571170910853:role/AmazonEKS_EBS_CSI_DriverRole\"},\"create\":true}}}",
              "version": "2.28.0"
            },
            "name": "aws-ebs-csi-driver",
            "namespace": "kube-system",
            "pass_credentials": false,
            "postrender": null,
            "recreate_pods": false,
            "render_subchart_notes": true,
            "replace": false,
            "repository": "https://kubernetes-sigs.github.io/aws-ebs-csi-driver",
            "repository_ca_file": null,
            "repository_cert_file": null,
            "repository_key_file": null,
            "repository_password": null,
            "repository_username": null,
            "reset_values": false,
            "reuse_values": false,
            "set": [
              {
                "name": "controller.serviceAccount.create",
                "type": "",
                "value": "true"
              },
              {
                "name": "controller.serviceAccount.annotations.eks\\.amazonaws\\.com/role-arn",
                "type": "",
                "value": "arn:aws:iam::571170910853:role/AmazonEKS_EBS_CSI_DriverRole"
              }
            ],
            "set_list": null,
            "set_sensitive": null,
            "set_wo": null,
            "set_wo_revision": null,
            "skip_crds": false,
            "status": "deployed",
            "timeout": 300,
            "values": null,
            "verify": false,
            "version": "2.28.0",
            "wait": false,
            "wait_for_jobs": false
          },
          "sensitive_attributes": [
            [
              {
                "type": "get_attr",
                "value": "repository_password"
              }
            ]
          ],
          "identity_schema_version": 0,
          "identity": {
            "namespace": "kube-system",
            "release_name": "aws-ebs-csi-driver"
          },
          "dependencies": [
            "module.ebs_csi_driver.aws_iam_role.ebs_csi_role",
            "module.ebs_csi_driver.aws_iam_role_policy_attachment.ebs_csi_policy",
            "module.eks.module.eks_cluster.aws_cloudwatch_log_group.this",
            "module.eks.module.eks_cluster.aws_eks_cluster.this",
            "module.eks.module.eks_cluster.aws_iam_openid_connect_provider.oidc_provider",
            "module.eks.module.eks_cluster.aws_iam_policy.cni_ipv6_policy",
            "module.eks.module.eks_cluster.aws_iam_role.eks_auto",
            "module.eks.module.eks_cluster.aws_iam_role.this",
            "module.eks.module.eks_cluster.aws_iam_role_policy_attachment.this",
            "module.eks.module.eks_cluster.aws_security_group.cluster",
            "module.eks.module.eks_cluster.aws_security_group.node",
            "module.eks.module.eks_cluster.aws_security_group_rule.cluster",
            "module.eks.module.eks_cluster.aws_security_group_rule.node",
            "module.eks.module.eks_cluster.data.aws_caller_identity.current",
            "module.eks.module.eks_cluster.data.aws_iam_policy_document.assume_role_policy",
            "module.eks.module.eks_cluster.data.aws_iam_policy_document.cni_ipv6_policy",
            "module.eks.module.eks_cluster.data.aws_iam_policy_document.node_assume_role_policy",
            "module.eks.module.eks_cluster.data.aws_iam_session_context.current",
            "module.eks.module.eks_cluster.data.aws_partition.current",
            "module.eks.module.eks_cluster.data.tls_certificate.this",
            "module.eks.module.eks_cluster.module.kms.aws_kms_external_key.this",
            "module.eks.module.eks_cluster.module.kms.aws_kms_key.this",
            "module.eks.module.eks_cluster.module.kms.aws_kms_replica_external_key.this",
            "module.eks.module.eks_cluster.module.kms.aws_kms_replica_key.this",
            "module.eks.module.eks_cluster.module.kms.data.aws_caller_identity.current",
            "module.eks.module.eks_cluster.module.kms.data.aws_iam_policy_document.this",
            "module.eks.module.eks_cluster.module.kms.data.aws_partition.current",
            "module.vpc.aws_subnet.private1",
            "module.vpc.aws_subnet.private2",
            "module.vpc.aws_subnet.private3",
            "module.vpc.aws_subnet.private4",
            "module.vpc.aws_vpc.memo-vpc"
          ]
        }
      ]
    },
    {
      "module": "module.eks",
      "mode": "managed",
      "type": "aws_eks_access_policy_association",
      "name": "admin",
      "provider": "provider[\"registry.terraform.io/hashicorp/aws\"]",
      "instances": [
        {
          "schema_version": 0,
          "attributes": {
            "access_scope": [
              {
                "namespaces": [],
                "type": "cluster"
              }
            ],
            "associated_at": "2025-07-14 11:42:26.707 +0000 UTC",
            "cluster_name": "memo-eks-cluster",
            "id": "memo-eks-cluster#arn:aws:iam::571170910853:user/lion3team04#arn:aws:eks::aws:cluster-access-policy/AmazonEKSClusterAdminPolicy",
            "modified_at": "2025-07-14 11:42:26.707 +0000 UTC",
            "policy_arn": "arn:aws:eks::aws:cluster-access-policy/AmazonEKSClusterAdminPolicy",
            "principal_arn": "arn:aws:iam::571170910853:user/lion3team04",
            "timeouts": null
          },
          "sensitive_attributes": [],
          "identity_schema_version": 0,
          "private": "eyJlMmJmYjczMC1lY2FhLTExZTYtOGY4OC0zNDM2M2JjN2M0YzAiOnsiY3JlYXRlIjo2MDAwMDAwMDAwMDAsImRlbGV0ZSI6NjAwMDAwMDAwMDAwfX0=",
          "dependencies": [
            "module.eks.module.eks_cluster.aws_cloudwatch_log_group.this",
            "module.eks.module.eks_cluster.aws_ec2_tag.cluster_primary_security_group",
            "module.eks.module.eks_cluster.aws_eks_access_entry.this",
            "module.eks.module.eks_cluster.aws_eks_access_policy_association.this",
            "module.eks.module.eks_cluster.aws_eks_addon.before_compute",
            "module.eks.module.eks_cluster.aws_eks_addon.this",
            "module.eks.module.eks_cluster.aws_eks_cluster.this",
            "module.eks.module.eks_cluster.aws_eks_identity_provider_config.this",
            "module.eks.module.eks_cluster.aws_iam_openid_connect_provider.oidc_provider",
            "module.eks.module.eks_cluster.aws_iam_policy.cluster_encryption",
            "module.eks.module.eks_cluster.aws_iam_policy.cni_ipv6_policy",
            "module.eks.module.eks_cluster.aws_iam_policy.custom",
            "module.eks.module.eks_cluster.aws_iam_role.eks_auto",
            "module.eks.module.eks_cluster.aws_iam_role.this",
            "module.eks.module.eks_cluster.aws_iam_role_policy_attachment.additional",
            "module.eks.module.eks_cluster.aws_iam_role_policy_attachment.cluster_encryption",
            "module.eks.module.eks_cluster.aws_iam_role_policy_attachment.custom",
            "module.eks.module.eks_cluster.aws_iam_role_policy_attachment.eks_auto",
            "module.eks.module.eks_cluster.aws_iam_role_policy_attachment.eks_auto_additional",
            "module.eks.module.eks_cluster.aws_iam_role_policy_attachment.this",
            "module.eks.module.eks_cluster.aws_security_group.cluster",
            "module.eks.module.eks_cluster.aws_security_group.node",
            "module.eks.module.eks_cluster.aws_security_group_rule.cluster",
            "module.eks.module.eks_cluster.aws_security_group_rule.node",
            "module.eks.module.eks_cluster.data.aws_caller_identity.current",
            "module.eks.module.eks_cluster.data.aws_eks_addon_version.this",
            "module.eks.module.eks_cluster.data.aws_iam_policy_document.assume_role_policy",
            "module.eks.module.eks_cluster.data.aws_iam_policy_document.cni_ipv6_policy",
            "module.eks.module.eks_cluster.data.aws_iam_policy_document.custom",
            "module.eks.module.eks_cluster.data.aws_iam_policy_document.node_assume_role_policy",
            "module.eks.module.eks_cluster.data.aws_iam_session_context.current",
            "module.eks.module.eks_cluster.data.aws_partition.current",
            "module.eks.module.eks_cluster.data.tls_certificate.this",
            "module.eks.module.eks_cluster.module.eks_managed_node_group.aws_autoscaling_schedule.this",
            "module.eks.module.eks_cluster.module.eks_managed_node_group.aws_eks_node_group.this",
            "module.eks.module.eks_cluster.module.eks_managed_node_group.aws_iam_role.this",
            "module.eks.module.eks_cluster.module.eks_managed_node_group.aws_iam_role_policy.this",
            "module.eks.module.eks_cluster.module.eks_managed_node_group.aws_iam_role_policy_attachment.additional",
            "module.eks.module.eks_cluster.module.eks_managed_node_group.aws_iam_role_policy_attachment.this",
            "module.eks.module.eks_cluster.module.eks_managed_node_group.aws_launch_template.this",
            "module.eks.module.eks_cluster.module.eks_managed_node_group.aws_placement_group.this",
            "module.eks.module.eks_cluster.module.eks_managed_node_group.data.aws_caller_identity.current",
            "module.eks.module.eks_cluster.module.eks_managed_node_group.data.aws_ec2_instance_type.this",
            "module.eks.module.eks_cluster.module.eks_managed_node_group.data.aws_ec2_instance_type_offerings.this",
            "module.eks.module.eks_cluster.module.eks_managed_node_group.data.aws_iam_policy_document.assume_role_policy",
            "module.eks.module.eks_cluster.module.eks_managed_node_group.data.aws_iam_policy_document.role",
            "module.eks.module.eks_cluster.module.eks_managed_node_group.data.aws_partition.current",
            "module.eks.module.eks_cluster.module.eks_managed_node_group.data.aws_ssm_parameter.ami",
            "module.eks.module.eks_cluster.module.eks_managed_node_group.data.aws_subnets.placement_group",
            "module.eks.module.eks_cluster.module.eks_managed_node_group.module.user_data.data.cloudinit_config.al2023_eks_managed_node_group",
            "module.eks.module.eks_cluster.module.eks_managed_node_group.module.user_data.data.cloudinit_config.linux_eks_managed_node_group",
            "module.eks.module.eks_cluster.module.eks_managed_node_group.module.user_data.null_resource.validate_cluster_service_cidr",
            "module.eks.module.eks_cluster.module.fargate_profile.aws_eks_fargate_profile.this",
            "module.eks.module.eks_cluster.module.fargate_profile.aws_iam_role.this",
            "module.eks.module.eks_cluster.module.fargate_profile.aws_iam_role_policy.this",
            "module.eks.module.eks_cluster.module.fargate_profile.aws_iam_role_policy_attachment.additional",
            "module.eks.module.eks_cluster.module.fargate_profile.aws_iam_role_policy_attachment.this",
            "module.eks.module.eks_cluster.module.fargate_profile.data.aws_caller_identity.current",
            "module.eks.module.eks_cluster.module.fargate_profile.data.aws_iam_policy_document.assume_role_policy",
            "module.eks.module.eks_cluster.module.fargate_profile.data.aws_iam_policy_document.role",
            "module.eks.module.eks_cluster.module.fargate_profile.data.aws_partition.current",
            "module.eks.module.eks_cluster.module.fargate_profile.data.aws_region.current",
            "module.eks.module.eks_cluster.module.kms.aws_kms_alias.this",
            "module.eks.module.eks_cluster.module.kms.aws_kms_external_key.this",
            "module.eks.module.eks_cluster.module.kms.aws_kms_grant.this",
            "module.eks.module.eks_cluster.module.kms.aws_kms_key.this",
            "module.eks.module.eks_cluster.module.kms.aws_kms_replica_external_key.this",
            "module.eks.module.eks_cluster.module.kms.aws_kms_replica_key.this",
            "module.eks.module.eks_cluster.module.kms.data.aws_caller_identity.current",
            "module.eks.module.eks_cluster.module.kms.data.aws_iam_policy_document.this",
            "module.eks.module.eks_cluster.module.kms.data.aws_partition.current",
            "module.eks.module.eks_cluster.module.self_managed_node_group.aws_autoscaling_group.this",
            "module.eks.module.eks_cluster.module.self_managed_node_group.aws_autoscaling_schedule.this",
            "module.eks.module.eks_cluster.module.self_managed_node_group.aws_eks_access_entry.this",
            "module.eks.module.eks_cluster.module.self_managed_node_group.aws_iam_instance_profile.this",
            "module.eks.module.eks_cluster.module.self_managed_node_group.aws_iam_role.this",
            "module.eks.module.eks_cluster.module.self_managed_node_group.aws_iam_role_policy.this",
            "module.eks.module.eks_cluster.module.self_managed_node_group.aws_iam_role_policy_attachment.additional",
            "module.eks.module.eks_cluster.module.self_managed_node_group.aws_iam_role_policy_attachment.this",
            "module.eks.module.eks_cluster.module.self_managed_node_group.aws_launch_template.this",
            "module.eks.module.eks_cluster.module.self_managed_node_group.aws_placement_group.this",
            "module.eks.module.eks_cluster.module.self_managed_node_group.data.aws_caller_identity.current",
            "module.eks.module.eks_cluster.module.self_managed_node_group.data.aws_ec2_instance_type.this",
            "module.eks.module.eks_cluster.module.self_managed_node_group.data.aws_ec2_instance_type_offerings.this",
            "module.eks.module.eks_cluster.module.self_managed_node_group.data.aws_iam_policy_document.assume_role_policy",
            "module.eks.module.eks_cluster.module.self_managed_node_group.data.aws_iam_policy_document.role",
            "module.eks.module.eks_cluster.module.self_managed_node_group.data.aws_partition.current",
            "module.eks.module.eks_cluster.module.self_managed_node_group.data.aws_ssm_parameter.ami",
            "module.eks.module.eks_cluster.module.self_managed_node_group.data.aws_subnets.placement_group",
            "module.eks.module.eks_cluster.module.self_managed_node_group.module.user_data.data.cloudinit_config.al2023_eks_managed_node_group",
            "module.eks.module.eks_cluster.module.self_managed_node_group.module.user_data.data.cloudinit_config.linux_eks_managed_node_group",
            "module.eks.module.eks_cluster.module.self_managed_node_group.module.user_data.null_resource.validate_cluster_service_cidr",
            "module.eks.module.eks_cluster.time_sleep.this",
            "module.vpc.aws_subnet.private1",
            "module.vpc.aws_subnet.private2",
            "module.vpc.aws_subnet.private3",
            "module.vpc.aws_subnet.private4",
            "module.vpc.aws_vpc.memo-vpc"
          ]
        }
      ]
    },
    {
      "module": "module.eks",
      "mode": "managed",
      "type": "aws_security_group_rule",
      "name": "eks_cluster_external_access",
      "provider": "provider[\"registry.terraform.io/hashicorp/aws\"]",
      "instances": [
        {
          "schema_version": 2,
          "attributes": {
            "cidr_blocks": [
              "0.0.0.0/0"
            ],
            "description": "External access to EKS cluster API",
            "from_port": 443,
            "id": "sgrule-4199652120",
            "ipv6_cidr_blocks": null,
            "prefix_list_ids": null,
            "protocol": "tcp",
            "security_group_id": "sg-0ac04fdec51a2fcc1",
            "security_group_rule_id": "sgr-0ad27c2740a979a23",
            "self": false,
            "source_security_group_id": null,
            "timeouts": null,
            "to_port": 443,
            "type": "ingress"
          },
          "sensitive_attributes": [],
          "identity_schema_version": 0,
          "private": "eyJlMmJmYjczMC1lY2FhLTExZTYtOGY4OC0zNDM2M2JjN2M0YzAiOnsiY3JlYXRlIjozMDAwMDAwMDAwMDB9LCJzY2hlbWFfdmVyc2lvbiI6IjIifQ==",
          "dependencies": [
            "module.eks.module.eks_cluster.aws_security_group.cluster",
            "module.vpc.aws_vpc.memo-vpc"
          ]
        }
      ]
    },
    {
      "module": "module.eks",
      "mode": "managed",
      "type": "aws_security_group_rule",
      "name": "eks_cluster_external_access_10250",
      "provider": "provider[\"registry.terraform.io/hashicorp/aws\"]",
      "instances": [
        {
          "schema_version": 2,
          "attributes": {
            "cidr_blocks": [
              "0.0.0.0/0"
            ],
            "description": "External access to EKS kubelet API",
            "from_port": 10250,
            "id": "sgrule-1418411541",
            "ipv6_cidr_blocks": null,
            "prefix_list_ids": null,
            "protocol": "tcp",
            "security_group_id": "sg-0ac04fdec51a2fcc1",
            "security_group_rule_id": "sgr-0b43d7cb739980497",
            "self": false,
            "source_security_group_id": null,
            "timeouts": null,
            "to_port": 10250,
            "type": "ingress"
          },
          "sensitive_attributes": [],
          "identity_schema_version": 0,
          "private": "eyJlMmJmYjczMC1lY2FhLTExZTYtOGY4OC0zNDM2M2JjN2M0YzAiOnsiY3JlYXRlIjozMDAwMDAwMDAwMDB9LCJzY2hlbWFfdmVyc2lvbiI6IjIifQ==",
          "dependencies": [
            "module.eks.module.eks_cluster.aws_security_group.cluster",
            "module.vpc.aws_vpc.memo-vpc"
          ]
        }
      ]
    },
    {
      "module": "module.eks",
      "mode": "managed",
      "type": "aws_security_group_rule",
      "name": "eks_cluster_external_access_6443",
      "provider": "provider[\"registry.terraform.io/hashicorp/aws\"]",
      "instances": [
        {
          "schema_version": 2,
          "attributes": {
            "cidr_blocks": [
              "0.0.0.0/0"
            ],
            "description": "External access to EKS cluster API (6443)",
            "from_port": 6443,
            "id": "sgrule-2467526061",
            "ipv6_cidr_blocks": null,
            "prefix_list_ids": null,
            "protocol": "tcp",
            "security_group_id": "sg-0ac04fdec51a2fcc1",
            "security_group_rule_id": "sgr-07ca08c0842432388",
            "self": false,
            "source_security_group_id": null,
            "timeouts": null,
            "to_port": 6443,
            "type": "ingress"
          },
          "sensitive_attributes": [],
          "identity_schema_version": 0,
          "private": "eyJlMmJmYjczMC1lY2FhLTExZTYtOGY4OC0zNDM2M2JjN2M0YzAiOnsiY3JlYXRlIjozMDAwMDAwMDAwMDB9LCJzY2hlbWFfdmVyc2lvbiI6IjIifQ==",
          "dependencies": [
            "module.eks.module.eks_cluster.aws_security_group.cluster",
            "module.vpc.aws_vpc.memo-vpc"
          ]
        }
      ]
    },
    {
      "module": "module.eks.module.eks_cluster",
      "mode": "data",
      "type": "aws_caller_identity",
      "name": "current",
      "provider": "provider[\"registry.terraform.io/hashicorp/aws\"]",
      "instances": [
        {
          "index_key": 0,
          "schema_version": 0,
          "attributes": {
            "account_id": "571170910853",
            "arn": "arn:aws:iam::571170910853:user/lion3team04",
            "id": "571170910853",
            "user_id": "AIDAYJ7DQOKCRAJYPI243"
          },
          "sensitive_attributes": [],
          "identity_schema_version": 0
        }
      ]
    },
    {
      "module": "module.eks.module.eks_cluster",
      "mode": "data",
      "type": "aws_eks_addon_version",
      "name": "this",
      "provider": "provider[\"registry.terraform.io/hashicorp/aws\"]",
      "instances": []
    },
    {
      "module": "module.eks.module.eks_cluster",
      "mode": "data",
      "type": "aws_iam_policy_document",
      "name": "assume_role_policy",
      "provider": "provider[\"registry.terraform.io/hashicorp/aws\"]",
      "instances": [
        {
          "index_key": 0,
          "schema_version": 0,
          "attributes": {
            "id": "2830595799",
            "json": "{\n  \"Version\": \"2012-10-17\",\n  \"Statement\": [\n    {\n      \"Sid\": \"EKSClusterAssumeRole\",\n      \"Effect\": \"Allow\",\n      \"Action\": [\n        \"sts:TagSession\",\n        \"sts:AssumeRole\"\n      ],\n      \"Principal\": {\n        \"Service\": \"eks.amazonaws.com\"\n      }\n    }\n  ]\n}",
            "minified_json": "{\"Version\":\"2012-10-17\",\"Statement\":[{\"Sid\":\"EKSClusterAssumeRole\",\"Effect\":\"Allow\",\"Action\":[\"sts:TagSession\",\"sts:AssumeRole\"],\"Principal\":{\"Service\":\"eks.amazonaws.com\"}}]}",
            "override_json": null,
            "override_policy_documents": null,
            "policy_id": null,
            "source_json": null,
            "source_policy_documents": null,
            "statement": [
              {
                "actions": [
                  "sts:AssumeRole",
                  "sts:TagSession"
                ],
                "condition": [],
                "effect": "Allow",
                "not_actions": [],
                "not_principals": [],
                "not_resources": [],
                "principals": [
                  {
                    "identifiers": [
                      "eks.amazonaws.com"
                    ],
                    "type": "Service"
                  }
                ],
                "resources": [],
                "sid": "EKSClusterAssumeRole"
              }
            ],
            "version": "2012-10-17"
          },
          "sensitive_attributes": [],
          "identity_schema_version": 0
        }
      ]
    },
    {
      "module": "module.eks.module.eks_cluster",
      "mode": "data",
      "type": "aws_iam_policy_document",
      "name": "cni_ipv6_policy",
      "provider": "provider[\"registry.terraform.io/hashicorp/aws\"]",
      "instances": []
    },
    {
      "module": "module.eks.module.eks_cluster",
      "mode": "data",
      "type": "aws_iam_policy_document",
      "name": "custom",
      "provider": "provider[\"registry.terraform.io/hashicorp/aws\"]",
      "instances": [
        {
          "index_key": 0,
          "schema_version": 0,
          "attributes": {
            "id": "513122117",
            "json": "{\n  \"Version\": \"2012-10-17\",\n  \"Statement\": [\n    {\n      \"Sid\": \"Compute\",\n      \"Effect\": \"Allow\",\n      \"Action\": [\n        \"ec2:RunInstances\",\n        \"ec2:CreateLaunchTemplate\",\n        \"ec2:CreateFleet\"\n      ],\n      \"Resource\": \"*\",\n      \"Condition\": {\n        \"StringEquals\": {\n          \"aws:RequestTag/eks:eks-cluster-name\": \"${aws:PrincipalTag/eks:eks-cluster-name}\"\n        },\n        \"StringLike\": {\n          \"aws:RequestTag/eks:kubernetes-node-class-name\": \"*\",\n          \"aws:RequestTag/eks:kubernetes-node-pool-name\": \"*\"\n        }\n      }\n    },\n    {\n      \"Sid\": \"Storage\",\n      \"Effect\": \"Allow\",\n      \"Action\": [\n        \"ec2:CreateVolume\",\n        \"ec2:CreateSnapshot\"\n      ],\n      \"Resource\": [\n        \"arn:aws:ec2:*:*:volume/*\",\n        \"arn:aws:ec2:*:*:snapshot/*\"\n      ],\n      \"Condition\": {\n        \"StringEquals\": {\n          \"aws:RequestTag/eks:eks-cluster-name\": \"${aws:PrincipalTag/eks:eks-cluster-name}\"\n        }\n      }\n    },\n    {\n      \"Sid\": \"Networking\",\n      \"Effect\": \"Allow\",\n      \"Action\": \"ec2:CreateNetworkInterface\",\n      \"Resource\": \"*\",\n      \"Condition\": {\n        \"StringEquals\": {\n          \"aws:RequestTag/eks:eks-cluster-name\": \"${aws:PrincipalTag/eks:eks-cluster-name}\",\n          \"aws:RequestTag/eks:kubernetes-cni-node-name\": \"*\"\n        }\n      }\n    },\n    {\n      \"Sid\": \"LoadBalancer\",\n      \"Effect\": \"Allow\",\n      \"Action\": [\n        \"elasticloadbalancing:CreateTargetGroup\",\n        \"elasticloadbalancing:CreateRule\",\n        \"elasticloadbalancing:CreateLoadBalancer\",\n        \"elasticloadbalancing:CreateListener\",\n        \"ec2:CreateSecurityGroup\"\n      ],\n      \"Resource\": \"*\",\n      \"Condition\": {\n        \"StringEquals\": {\n          \"aws:RequestTag/eks:eks-cluster-name\": \"${aws:PrincipalTag/eks:eks-cluster-name}\"\n        }\n      }\n    },\n    {\n      \"Sid\": \"ShieldProtection\",\n      \"Effect\": \"Allow\",\n      \"Action\": \"shield:CreateProtection\",\n      \"Resource\": \"*\",\n      \"Condition\": {\n        \"StringEquals\": {\n          \"aws:RequestTag/eks:eks-cluster-name\": \"${aws:PrincipalTag/eks:eks-cluster-name}\"\n        }\n      }\n    },\n    {\n      \"Sid\": \"ShieldTagResource\",\n      \"Effect\": \"Allow\",\n      \"Action\": \"shield:TagResource\",\n      \"Resource\": \"arn:aws:shield::*:protection/*\",\n      \"Condition\": {\n        \"StringEquals\": {\n          \"aws:RequestTag/eks:eks-cluster-name\": \"${aws:PrincipalTag/eks:eks-cluster-name}\"\n        }\n      }\n    }\n  ]\n}",
            "minified_json": "{\"Version\":\"2012-10-17\",\"Statement\":[{\"Sid\":\"Compute\",\"Effect\":\"Allow\",\"Action\":[\"ec2:RunInstances\",\"ec2:CreateLaunchTemplate\",\"ec2:CreateFleet\"],\"Resource\":\"*\",\"Condition\":{\"StringEquals\":{\"aws:RequestTag/eks:eks-cluster-name\":\"${aws:PrincipalTag/eks:eks-cluster-name}\"},\"StringLike\":{\"aws:RequestTag/eks:kubernetes-node-class-name\":\"*\",\"aws:RequestTag/eks:kubernetes-node-pool-name\":\"*\"}}},{\"Sid\":\"Storage\",\"Effect\":\"Allow\",\"Action\":[\"ec2:CreateVolume\",\"ec2:CreateSnapshot\"],\"Resource\":[\"arn:aws:ec2:*:*:volume/*\",\"arn:aws:ec2:*:*:snapshot/*\"],\"Condition\":{\"StringEquals\":{\"aws:RequestTag/eks:eks-cluster-name\":\"${aws:PrincipalTag/eks:eks-cluster-name}\"}}},{\"Sid\":\"Networking\",\"Effect\":\"Allow\",\"Action\":\"ec2:CreateNetworkInterface\",\"Resource\":\"*\",\"Condition\":{\"StringEquals\":{\"aws:RequestTag/eks:eks-cluster-name\":\"${aws:PrincipalTag/eks:eks-cluster-name}\",\"aws:RequestTag/eks:kubernetes-cni-node-name\":\"*\"}}},{\"Sid\":\"LoadBalancer\",\"Effect\":\"Allow\",\"Action\":[\"elasticloadbalancing:CreateTargetGroup\",\"elasticloadbalancing:CreateRule\",\"elasticloadbalancing:CreateLoadBalancer\",\"elasticloadbalancing:CreateListener\",\"ec2:CreateSecurityGroup\"],\"Resource\":\"*\",\"Condition\":{\"StringEquals\":{\"aws:RequestTag/eks:eks-cluster-name\":\"${aws:PrincipalTag/eks:eks-cluster-name}\"}}},{\"Sid\":\"ShieldProtection\",\"Effect\":\"Allow\",\"Action\":\"shield:CreateProtection\",\"Resource\":\"*\",\"Condition\":{\"StringEquals\":{\"aws:RequestTag/eks:eks-cluster-name\":\"${aws:PrincipalTag/eks:eks-cluster-name}\"}}},{\"Sid\":\"ShieldTagResource\",\"Effect\":\"Allow\",\"Action\":\"shield:TagResource\",\"Resource\":\"arn:aws:shield::*:protection/*\",\"Condition\":{\"StringEquals\":{\"aws:RequestTag/eks:eks-cluster-name\":\"${aws:PrincipalTag/eks:eks-cluster-name}\"}}}]}",
            "override_json": null,
            "override_policy_documents": null,
            "policy_id": null,
            "source_json": null,
            "source_policy_documents": null,
            "statement": [
              {
                "actions": [
                  "ec2:CreateFleet",
                  "ec2:CreateLaunchTemplate",
                  "ec2:RunInstances"
                ],
                "condition": [
                  {
                    "test": "StringEquals",
                    "values": [
                      "${aws:PrincipalTag/eks:eks-cluster-name}"
                    ],
                    "variable": "aws:RequestTag/eks:eks-cluster-name"
                  },
                  {
                    "test": "StringLike",
                    "values": [
                      "*"
                    ],
                    "variable": "aws:RequestTag/eks:kubernetes-node-class-name"
                  },
                  {
                    "test": "StringLike",
                    "values": [
                      "*"
                    ],
                    "variable": "aws:RequestTag/eks:kubernetes-node-pool-name"
                  }
                ],
                "effect": "Allow",
                "not_actions": [],
                "not_principals": [],
                "not_resources": [],
                "principals": [],
                "resources": [
                  "*"
                ],
                "sid": "Compute"
              },
              {
                "actions": [
                  "ec2:CreateSnapshot",
                  "ec2:CreateVolume"
                ],
                "condition": [
                  {
                    "test": "StringEquals",
                    "values": [
                      "${aws:PrincipalTag/eks:eks-cluster-name}"
                    ],
                    "variable": "aws:RequestTag/eks:eks-cluster-name"
                  }
                ],
                "effect": "Allow",
                "not_actions": [],
                "not_principals": [],
                "not_resources": [],
                "principals": [],
                "resources": [
                  "arn:aws:ec2:*:*:snapshot/*",
                  "arn:aws:ec2:*:*:volume/*"
                ],
                "sid": "Storage"
              },
              {
                "actions": [
                  "ec2:CreateNetworkInterface"
                ],
                "condition": [
                  {
                    "test": "StringEquals",
                    "values": [
                      "${aws:PrincipalTag/eks:eks-cluster-name}"
                    ],
                    "variable": "aws:RequestTag/eks:eks-cluster-name"
                  },
                  {
                    "test": "StringEquals",
                    "values": [
                      "*"
                    ],
                    "variable": "aws:RequestTag/eks:kubernetes-cni-node-name"
                  }
                ],
                "effect": "Allow",
                "not_actions": [],
                "not_principals": [],
                "not_resources": [],
                "principals": [],
                "resources": [
                  "*"
                ],
                "sid": "Networking"
              },
              {
                "actions": [
                  "ec2:CreateSecurityGroup",
                  "elasticloadbalancing:CreateListener",
                  "elasticloadbalancing:CreateLoadBalancer",
                  "elasticloadbalancing:CreateRule",
                  "elasticloadbalancing:CreateTargetGroup"
                ],
                "condition": [
                  {
                    "test": "StringEquals",
                    "values": [
                      "${aws:PrincipalTag/eks:eks-cluster-name}"
                    ],
                    "variable": "aws:RequestTag/eks:eks-cluster-name"
                  }
                ],
                "effect": "Allow",
                "not_actions": [],
                "not_principals": [],
                "not_resources": [],
                "principals": [],
                "resources": [
                  "*"
                ],
                "sid": "LoadBalancer"
              },
              {
                "actions": [
                  "shield:CreateProtection"
                ],
                "condition": [
                  {
                    "test": "StringEquals",
                    "values": [
                      "${aws:PrincipalTag/eks:eks-cluster-name}"
                    ],
                    "variable": "aws:RequestTag/eks:eks-cluster-name"
                  }
                ],
                "effect": "Allow",
                "not_actions": [],
                "not_principals": [],
                "not_resources": [],
                "principals": [],
                "resources": [
                  "*"
                ],
                "sid": "ShieldProtection"
              },
              {
                "actions": [
                  "shield:TagResource"
                ],
                "condition": [
                  {
                    "test": "StringEquals",
                    "values": [
                      "${aws:PrincipalTag/eks:eks-cluster-name}"
                    ],
                    "variable": "aws:RequestTag/eks:eks-cluster-name"
                  }
                ],
                "effect": "Allow",
                "not_actions": [],
                "not_principals": [],
                "not_resources": [],
                "principals": [],
                "resources": [
                  "arn:aws:shield::*:protection/*"
                ],
                "sid": "ShieldTagResource"
              }
            ],
            "version": "2012-10-17"
          },
          "sensitive_attributes": [],
          "identity_schema_version": 0
        }
      ]
    },
    {
      "module": "module.eks.module.eks_cluster",
      "mode": "data",
      "type": "aws_iam_policy_document",
      "name": "node_assume_role_policy",
      "provider": "provider[\"registry.terraform.io/hashicorp/aws\"]",
      "instances": []
    },
    {
      "module": "module.eks.module.eks_cluster",
      "mode": "data",
      "type": "aws_iam_session_context",
      "name": "current",
      "provider": "provider[\"registry.terraform.io/hashicorp/aws\"]",
      "instances": [
        {
          "index_key": 0,
          "schema_version": 0,
          "attributes": {
            "arn": "arn:aws:iam::571170910853:user/lion3team04",
            "id": "arn:aws:iam::571170910853:user/lion3team04",
            "issuer_arn": "arn:aws:iam::571170910853:user/lion3team04",
            "issuer_id": "",
            "issuer_name": "",
            "session_name": ""
          },
          "sensitive_attributes": [],
          "identity_schema_version": 0
        }
      ]
    },
    {
      "module": "module.eks.module.eks_cluster",
      "mode": "data",
      "type": "aws_partition",
      "name": "current",
      "provider": "provider[\"registry.terraform.io/hashicorp/aws\"]",
      "instances": [
        {
          "index_key": 0,
          "schema_version": 0,
          "attributes": {
            "dns_suffix": "amazonaws.com",
            "id": "aws",
            "partition": "aws",
            "reverse_dns_prefix": "com.amazonaws"
          },
          "sensitive_attributes": [],
          "identity_schema_version": 0
        }
      ]
    },
    {
      "module": "module.eks.module.eks_cluster",
      "mode": "managed",
      "type": "aws_cloudwatch_log_group",
      "name": "this",
      "provider": "provider[\"registry.terraform.io/hashicorp/aws\"]",
      "instances": [
        {
          "index_key": 0,
          "schema_version": 0,
          "attributes": {
            "arn": "arn:aws:logs:ap-northeast-2:571170910853:log-group:/aws/eks/memo-eks-cluster/cluster",
            "id": "/aws/eks/memo-eks-cluster/cluster",
            "kms_key_id": "",
            "log_group_class": "STANDARD",
            "name": "/aws/eks/memo-eks-cluster/cluster",
            "name_prefix": "",
            "retention_in_days": 90,
            "skip_destroy": false,
            "tags": {
              "Name": "/aws/eks/memo-eks-cluster/cluster",
              "Project": "memo"
            },
            "tags_all": {
              "Name": "/aws/eks/memo-eks-cluster/cluster",
              "Project": "memo"
            }
          },
          "sensitive_attributes": [],
          "identity_schema_version": 0,
          "private": "bnVsbA==",
          "create_before_destroy": true
        }
      ]
    },
    {
      "module": "module.eks.module.eks_cluster",
      "mode": "managed",
      "type": "aws_ec2_tag",
      "name": "cluster_primary_security_group",
      "provider": "provider[\"registry.terraform.io/hashicorp/aws\"]",
      "instances": [
        {
          "index_key": "Project",
          "schema_version": 0,
          "attributes": {
            "id": "sg-0439e3fb7fce8776c,Project",
            "key": "Project",
            "resource_id": "sg-0439e3fb7fce8776c",
            "value": "memo"
          },
          "sensitive_attributes": [],
          "identity_schema_version": 0,
          "private": "bnVsbA==",
          "dependencies": [
            "module.eks.module.eks_cluster.aws_cloudwatch_log_group.this",
            "module.eks.module.eks_cluster.aws_eks_cluster.this",
            "module.eks.module.eks_cluster.aws_iam_policy.cni_ipv6_policy",
            "module.eks.module.eks_cluster.aws_iam_role.eks_auto",
            "module.eks.module.eks_cluster.aws_iam_role.this",
            "module.eks.module.eks_cluster.aws_iam_role_policy_attachment.this",
            "module.eks.module.eks_cluster.aws_security_group.cluster",
            "module.eks.module.eks_cluster.aws_security_group.node",
            "module.eks.module.eks_cluster.aws_security_group_rule.cluster",
            "module.eks.module.eks_cluster.aws_security_group_rule.node",
            "module.eks.module.eks_cluster.data.aws_caller_identity.current",
            "module.eks.module.eks_cluster.data.aws_iam_policy_document.assume_role_policy",
            "module.eks.module.eks_cluster.data.aws_iam_policy_document.cni_ipv6_policy",
            "module.eks.module.eks_cluster.data.aws_iam_policy_document.node_assume_role_policy",
            "module.eks.module.eks_cluster.data.aws_iam_session_context.current",
            "module.eks.module.eks_cluster.data.aws_partition.current",
            "module.eks.module.eks_cluster.module.kms.aws_kms_external_key.this",
            "module.eks.module.eks_cluster.module.kms.aws_kms_key.this",
            "module.eks.module.eks_cluster.module.kms.aws_kms_replica_external_key.this",
            "module.eks.module.eks_cluster.module.kms.aws_kms_replica_key.this",
            "module.eks.module.eks_cluster.module.kms.data.aws_caller_identity.current",
            "module.eks.module.eks_cluster.module.kms.data.aws_iam_policy_document.this",
            "module.eks.module.eks_cluster.module.kms.data.aws_partition.current",
            "module.vpc.aws_subnet.private1",
            "module.vpc.aws_subnet.private2",
            "module.vpc.aws_subnet.private3",
            "module.vpc.aws_subnet.private4",
            "module.vpc.aws_vpc.memo-vpc"
          ]
        }
      ]
    },
    {
      "module": "module.eks.module.eks_cluster",
      "mode": "managed",
      "type": "aws_eks_access_entry",
      "name": "this",
      "provider": "provider[\"registry.terraform.io/hashicorp/aws\"]",
      "instances": [
        {
          "index_key": "admin",
          "schema_version": 0,
          "attributes": {
            "access_entry_arn": "arn:aws:eks:ap-northeast-2:571170910853:access-entry/memo-eks-cluster/user/571170910853/lion3team04/accc045d-e30b-a177-6846-7bd5d26062a7",
            "cluster_name": "memo-eks-cluster",
            "created_at": "2025-07-14T11:39:40Z",
            "id": "memo-eks-cluster:arn:aws:iam::571170910853:user/lion3team04",
            "kubernetes_groups": [],
            "modified_at": "2025-07-14T11:39:40Z",
            "principal_arn": "arn:aws:iam::571170910853:user/lion3team04",
            "tags": {
              "Project": "memo"
            },
            "tags_all": {
              "Project": "memo"
            },
            "timeouts": null,
            "type": "STANDARD",
            "user_name": "arn:aws:iam::571170910853:user/lion3team04"
          },
          "sensitive_attributes": [],
          "identity_schema_version": 0,
          "private": "eyJlMmJmYjczMC1lY2FhLTExZTYtOGY4OC0zNDM2M2JjN2M0YzAiOnsiY3JlYXRlIjo2MDAwMDAwMDAwMDAsImRlbGV0ZSI6NjAwMDAwMDAwMDAwfX0=",
          "dependencies": [
            "module.eks.module.eks_cluster.aws_cloudwatch_log_group.this",
            "module.eks.module.eks_cluster.aws_eks_cluster.this",
            "module.eks.module.eks_cluster.aws_iam_policy.cni_ipv6_policy",
            "module.eks.module.eks_cluster.aws_iam_role.eks_auto",
            "module.eks.module.eks_cluster.aws_iam_role.this",
            "module.eks.module.eks_cluster.aws_iam_role_policy_attachment.this",
            "module.eks.module.eks_cluster.aws_security_group.cluster",
            "module.eks.module.eks_cluster.aws_security_group.node",
            "module.eks.module.eks_cluster.aws_security_group_rule.cluster",
            "module.eks.module.eks_cluster.aws_security_group_rule.node",
            "module.eks.module.eks_cluster.data.aws_caller_identity.current",
            "module.eks.module.eks_cluster.data.aws_iam_policy_document.assume_role_policy",
            "module.eks.module.eks_cluster.data.aws_iam_policy_document.cni_ipv6_policy",
            "module.eks.module.eks_cluster.data.aws_iam_policy_document.node_assume_role_policy",
            "module.eks.module.eks_cluster.data.aws_iam_session_context.current",
            "module.eks.module.eks_cluster.data.aws_partition.current",
            "module.eks.module.eks_cluster.module.kms.aws_kms_external_key.this",
            "module.eks.module.eks_cluster.module.kms.aws_kms_key.this",
            "module.eks.module.eks_cluster.module.kms.aws_kms_replica_external_key.this",
            "module.eks.module.eks_cluster.module.kms.aws_kms_replica_key.this",
            "module.eks.module.eks_cluster.module.kms.data.aws_caller_identity.current",
            "module.eks.module.eks_cluster.module.kms.data.aws_iam_policy_document.this",
            "module.eks.module.eks_cluster.module.kms.data.aws_partition.current",
            "module.vpc.aws_subnet.private1",
            "module.vpc.aws_subnet.private2",
            "module.vpc.aws_subnet.private3",
            "module.vpc.aws_subnet.private4",
            "module.vpc.aws_vpc.memo-vpc"
          ]
        }
      ]
    },
    {
      "module": "module.eks.module.eks_cluster",
      "mode": "managed",
      "type": "aws_eks_access_policy_association",
      "name": "this",
      "provider": "provider[\"registry.terraform.io/hashicorp/aws\"]",
      "instances": []
    },
    {
      "module": "module.eks.module.eks_cluster",
      "mode": "managed",
      "type": "aws_eks_addon",
      "name": "before_compute",
      "provider": "provider[\"registry.terraform.io/hashicorp/aws\"]",
      "instances": []
    },
    {
      "module": "module.eks.module.eks_cluster",
      "mode": "managed",
      "type": "aws_eks_addon",
      "name": "this",
      "provider": "provider[\"registry.terraform.io/hashicorp/aws\"]",
      "instances": []
    },
    {
      "module": "module.eks.module.eks_cluster",
      "mode": "managed",
      "type": "aws_eks_cluster",
      "name": "this",
      "provider": "provider[\"registry.terraform.io/hashicorp/aws\"]",
      "instances": [
        {
          "index_key": 0,
          "schema_version": 1,
          "attributes": {
            "access_config": [
              {
                "authentication_mode": "API_AND_CONFIG_MAP",
                "bootstrap_cluster_creator_admin_permissions": false
              }
            ],
            "arn": "arn:aws:eks:ap-northeast-2:571170910853:cluster/memo-eks-cluster",
            "bootstrap_self_managed_addons": true,
            "certificate_authority": [
              {
                "data": "LS0tLS1CRUdJTiBDRVJUSUZJQ0FURS0tLS0tCk1JSURCVENDQWUyZ0F3SUJBZ0lJVFA4c0lnMmp3ZkV3RFFZSktvWklodmNOQVFFTEJRQXdGVEVUTUJFR0ExVUUKQXhNS2EzVmlaWEp1WlhSbGN6QWVGdzB5TlRBM01UUXhNVE13TXpoYUZ3MHpOVEEzTVRJeE1UTTFNemhhTUJVeApFekFSQmdOVkJBTVRDbXQxWW1WeWJtVjBaWE13Z2dFaU1BMEdDU3FHU0liM0RRRUJBUVVBQTRJQkR3QXdnZ0VLCkFvSUJBUUROVjFqaHJFMU1yLzFvQW1id05qdTV5eEJTb1V5aTNEM003dXova1hLMDNKeXlvRTRHdEt0WUwyalUKZFZURmpEbDhBSGVCTHlTS1Z0aHhtdHladHR2NjE2QVR6ZnBvdC93WjdJOCs4TDhUdDNBZVRpemdoc2pkOGIzeApIV1AxRWVibzJqZlQ4aGR4YVFZUUJWTnExOURaRmJaVmpwY0xqK3lMbFVML0RUZFI1WkhWMDc5MjJFdC9OdHhZCktRNVdzOTZZTmpBVUlIaXA4NmhDNmk1eTZrRFRTM1p5SzVES29ITWFXTHpkcVNpclh0ZEFUTS9VSnF6QU4zN3MKMXg2bVVjVkRHZm92WkJJUWhIQ0JMd1hIeHZTK1l4WUxTZVdnUGt1SVoxZWVyZmMyallob2ZKOWsreGJNem5LMApJQ0pGQzFYYnd5c0k0ektXaEQ5ajh1WDhYYjRYQWdNQkFBR2pXVEJYTUE0R0ExVWREd0VCL3dRRUF3SUNwREFQCkJnTlZIUk1CQWY4RUJUQURBUUgvTUIwR0ExVWREZ1FXQkJSVEY1OG1XZjZiMjVRd3NGa1FrbkJtY29McHV6QVYKQmdOVkhSRUVEakFNZ2dwcmRXSmxjbTVsZEdWek1BMEdDU3FHU0liM0RRRUJDd1VBQTRJQkFRQU9MYjBHamt4Qgp6TDJkQ3dDZWFqLzBPNmlOOHlOd0VORXQ1WkR5UVNVdkpINVdDQnZCbUk2WXBJa0c2Vm5iYUUxVVNwWXUrMmc2CkxjT0JVYUNrR0JrUHNWSGVjMWlFOEZQOGZJTERoUlRWdkwzQXl1RVlYU0xGcnpSTFpreFRvM3JvZklPM1ZDYUsKQk9JTVJROUNnbmVPSGg0Mzdaa0F4bW9yUFp0RWxGbGNvR1FNd2pKR0tCZExSRUpudC9EYUlrRWwxWmNHbUlibwovWVM5WUsySHB4NWFYaHRTWXhOZGVFNmsxMUZQbi9VMzBCTjJLZWdrYy9iN3lqZlBWU3hKZmEwVnpibWxGZExvCnR3enhnMWcxdkpWNWdLV2tRVUQwQ0Y3bTdhVEV5VGpGdVNWU1JZTFIvYUlaREtQUjJmOFdDV1pyV2xnZisvUS8KTlVsVElSL3Q4V3NTCi0tLS0tRU5EIENFUlRJRklDQVRFLS0tLS0K"
              }
            ],
            "cluster_id": null,
            "compute_config": [],
            "created_at": "2025-07-14T11:31:27Z",
            "enabled_cluster_log_types": [
              "api",
              "audit",
              "authenticator"
            ],
            "encryption_config": [],
            "endpoint": "https://F283EDA2B559C01C03B5B4C029BBF122.sk1.ap-northeast-2.eks.amazonaws.com",
            "force_update_version": null,
            "id": "memo-eks-cluster",
            "identity": [
              {
                "oidc": [
                  {
                    "issuer": "https://oidc.eks.ap-northeast-2.amazonaws.com/id/F283EDA2B559C01C03B5B4C029BBF122"
                  }
                ]
              }
            ],
            "kubernetes_network_config": [
              {
                "elastic_load_balancing": [
                  {
                    "enabled": false
                  }
                ],
                "ip_family": "ipv4",
                "service_ipv4_cidr": "172.20.0.0/16",
                "service_ipv6_cidr": ""
              }
            ],
            "name": "memo-eks-cluster",
            "outpost_config": [],
            "platform_version": "eks.40",
            "remote_network_config": [],
            "role_arn": "arn:aws:iam::571170910853:role/memo-eks-cluster-cluster-20250714113104648600000001",
            "status": "ACTIVE",
            "storage_config": [],
            "tags": {
              "Project": "memo",
              "terraform-aws-modules": "eks"
            },
            "tags_all": {
              "Project": "memo",
              "terraform-aws-modules": "eks"
            },
            "timeouts": {
              "create": null,
              "delete": null,
              "update": null
            },
            "upgrade_policy": [
              {
                "support_type": "EXTENDED"
              }
            ],
            "version": "1.29",
            "vpc_config": [
              {
                "cluster_security_group_id": "sg-0439e3fb7fce8776c",
                "endpoint_private_access": true,
                "endpoint_public_access": true,
                "public_access_cidrs": [
                  "0.0.0.0/0"
                ],
                "security_group_ids": [
                  "sg-0ac04fdec51a2fcc1"
                ],
                "subnet_ids": [
                  "subnet-0629fd7599881cd41",
                  "subnet-07985ed674744ac71",
                  "subnet-0adb18616eafd1a4d",
                  "subnet-0b94201291289c831"
                ],
                "vpc_id": "vpc-08900a176ad9d460d"
              }
            ],
            "zonal_shift_config": []
          },
          "sensitive_attributes": [],
          "identity_schema_version": 0,
          "private": "eyJlMmJmYjczMC1lY2FhLTExZTYtOGY4OC0zNDM2M2JjN2M0YzAiOnsiY3JlYXRlIjoxODAwMDAwMDAwMDAwLCJkZWxldGUiOjkwMDAwMDAwMDAwMCwidXBkYXRlIjozNjAwMDAwMDAwMDAwfSwic2NoZW1hX3ZlcnNpb24iOiIxIn0=",
          "dependencies": [
            "module.eks.module.eks_cluster.aws_cloudwatch_log_group.this",
            "module.eks.module.eks_cluster.aws_iam_policy.cni_ipv6_policy",
            "module.eks.module.eks_cluster.aws_iam_role.eks_auto",
            "module.eks.module.eks_cluster.aws_iam_role.this",
            "module.eks.module.eks_cluster.aws_iam_role_policy_attachment.this",
            "module.eks.module.eks_cluster.aws_security_group.cluster",
            "module.eks.module.eks_cluster.aws_security_group.node",
            "module.eks.module.eks_cluster.aws_security_group_rule.cluster",
            "module.eks.module.eks_cluster.aws_security_group_rule.node",
            "module.eks.module.eks_cluster.data.aws_caller_identity.current",
            "module.eks.module.eks_cluster.data.aws_iam_policy_document.assume_role_policy",
            "module.eks.module.eks_cluster.data.aws_iam_policy_document.cni_ipv6_policy",
            "module.eks.module.eks_cluster.data.aws_iam_policy_document.node_assume_role_policy",
            "module.eks.module.eks_cluster.data.aws_iam_session_context.current",
            "module.eks.module.eks_cluster.data.aws_partition.current",
            "module.eks.module.eks_cluster.module.kms.aws_kms_external_key.this",
            "module.eks.module.eks_cluster.module.kms.aws_kms_key.this",
            "module.eks.module.eks_cluster.module.kms.aws_kms_replica_external_key.this",
            "module.eks.module.eks_cluster.module.kms.aws_kms_replica_key.this",
            "module.eks.module.eks_cluster.module.kms.data.aws_caller_identity.current",
            "module.eks.module.eks_cluster.module.kms.data.aws_iam_policy_document.this",
            "module.eks.module.eks_cluster.module.kms.data.aws_partition.current",
            "module.vpc.aws_subnet.private1",
            "module.vpc.aws_subnet.private2",
            "module.vpc.aws_subnet.private3",
            "module.vpc.aws_subnet.private4",
            "module.vpc.aws_vpc.memo-vpc"
          ],
          "create_before_destroy": true
        }
      ]
    },
    {
      "module": "module.eks.module.eks_cluster",
      "mode": "managed",
      "type": "aws_eks_identity_provider_config",
      "name": "this",
      "provider": "provider[\"registry.terraform.io/hashicorp/aws\"]",
      "instances": []
    },
    {
      "module": "module.eks.module.eks_cluster",
      "mode": "managed",
      "type": "aws_iam_openid_connect_provider",
      "name": "oidc_provider",
      "provider": "provider[\"registry.terraform.io/hashicorp/aws\"]",
      "instances": [
        {
          "index_key": 0,
          "schema_version": 0,
          "attributes": {
            "arn": "arn:aws:iam::571170910853:oidc-provider/oidc.eks.ap-northeast-2.amazonaws.com/id/F283EDA2B559C01C03B5B4C029BBF122",
            "client_id_list": [
              "sts.amazonaws.com"
            ],
            "id": "arn:aws:iam::571170910853:oidc-provider/oidc.eks.ap-northeast-2.amazonaws.com/id/F283EDA2B559C01C03B5B4C029BBF122",
            "tags": {
              "Name": "memo-eks-cluster-eks-irsa",
              "Project": "memo"
            },
            "tags_all": {
              "Name": "memo-eks-cluster-eks-irsa",
              "Project": "memo"
            },
            "thumbprint_list": [
              "06b25927c42a721631c1efd9431e648fa62e1e39"
            ],
            "url": "oidc.eks.ap-northeast-2.amazonaws.com/id/F283EDA2B559C01C03B5B4C029BBF122"
          },
          "sensitive_attributes": [],
          "identity_schema_version": 0,
          "private": "bnVsbA==",
          "dependencies": [
            "module.eks.module.eks_cluster.aws_cloudwatch_log_group.this",
            "module.eks.module.eks_cluster.aws_eks_cluster.this",
            "module.eks.module.eks_cluster.aws_iam_policy.cni_ipv6_policy",
            "module.eks.module.eks_cluster.aws_iam_role.eks_auto",
            "module.eks.module.eks_cluster.aws_iam_role.this",
            "module.eks.module.eks_cluster.aws_iam_role_policy_attachment.this",
            "module.eks.module.eks_cluster.aws_security_group.cluster",
            "module.eks.module.eks_cluster.aws_security_group.node",
            "module.eks.module.eks_cluster.aws_security_group_rule.cluster",
            "module.eks.module.eks_cluster.aws_security_group_rule.node",
            "module.eks.module.eks_cluster.data.aws_caller_identity.current",
            "module.eks.module.eks_cluster.data.aws_iam_policy_document.assume_role_policy",
            "module.eks.module.eks_cluster.data.aws_iam_policy_document.cni_ipv6_policy",
            "module.eks.module.eks_cluster.data.aws_iam_policy_document.node_assume_role_policy",
            "module.eks.module.eks_cluster.data.aws_iam_session_context.current",
            "module.eks.module.eks_cluster.data.aws_partition.current",
            "module.eks.module.eks_cluster.data.tls_certificate.this",
            "module.eks.module.eks_cluster.module.kms.aws_kms_external_key.this",
            "module.eks.module.eks_cluster.module.kms.aws_kms_key.this",
            "module.eks.module.eks_cluster.module.kms.aws_kms_replica_external_key.this",
            "module.eks.module.eks_cluster.module.kms.aws_kms_replica_key.this",
            "module.eks.module.eks_cluster.module.kms.data.aws_caller_identity.current",
            "module.eks.module.eks_cluster.module.kms.data.aws_iam_policy_document.this",
            "module.eks.module.eks_cluster.module.kms.data.aws_partition.current",
            "module.vpc.aws_subnet.private1",
            "module.vpc.aws_subnet.private2",
            "module.vpc.aws_subnet.private3",
            "module.vpc.aws_subnet.private4",
            "module.vpc.aws_vpc.memo-vpc"
          ]
        }
      ]
    },
    {
      "module": "module.eks.module.eks_cluster",
      "mode": "managed",
      "type": "aws_iam_policy",
      "name": "cluster_encryption",
      "provider": "provider[\"registry.terraform.io/hashicorp/aws\"]",
      "instances": []
    },
    {
      "module": "module.eks.module.eks_cluster",
      "mode": "managed",
      "type": "aws_iam_policy",
      "name": "cni_ipv6_policy",
      "provider": "provider[\"registry.terraform.io/hashicorp/aws\"]",
      "instances": []
    },
    {
      "module": "module.eks.module.eks_cluster",
      "mode": "managed",
      "type": "aws_iam_policy",
      "name": "custom",
      "provider": "provider[\"registry.terraform.io/hashicorp/aws\"]",
      "instances": [
        {
          "index_key": 0,
          "schema_version": 0,
          "attributes": {
            "arn": "arn:aws:iam::571170910853:policy/memo-eks-cluster-cluster-20250714113104648600000003",
            "attachment_count": 1,
            "description": "",
            "id": "arn:aws:iam::571170910853:policy/memo-eks-cluster-cluster-20250714113104648600000003",
            "name": "memo-eks-cluster-cluster-20250714113104648600000003",
            "name_prefix": "memo-eks-cluster-cluster-",
            "path": "/",
            "policy": "{\"Statement\":[{\"Action\":[\"ec2:RunInstances\",\"ec2:CreateLaunchTemplate\",\"ec2:CreateFleet\"],\"Condition\":{\"StringEquals\":{\"aws:RequestTag/eks:eks-cluster-name\":\"${aws:PrincipalTag/eks:eks-cluster-name}\"},\"StringLike\":{\"aws:RequestTag/eks:kubernetes-node-class-name\":\"*\",\"aws:RequestTag/eks:kubernetes-node-pool-name\":\"*\"}},\"Effect\":\"Allow\",\"Resource\":\"*\",\"Sid\":\"Compute\"},{\"Action\":[\"ec2:CreateVolume\",\"ec2:CreateSnapshot\"],\"Condition\":{\"StringEquals\":{\"aws:RequestTag/eks:eks-cluster-name\":\"${aws:PrincipalTag/eks:eks-cluster-name}\"}},\"Effect\":\"Allow\",\"Resource\":[\"arn:aws:ec2:*:*:volume/*\",\"arn:aws:ec2:*:*:snapshot/*\"],\"Sid\":\"Storage\"},{\"Action\":\"ec2:CreateNetworkInterface\",\"Condition\":{\"StringEquals\":{\"aws:RequestTag/eks:eks-cluster-name\":\"${aws:PrincipalTag/eks:eks-cluster-name}\",\"aws:RequestTag/eks:kubernetes-cni-node-name\":\"*\"}},\"Effect\":\"Allow\",\"Resource\":\"*\",\"Sid\":\"Networking\"},{\"Action\":[\"elasticloadbalancing:CreateTargetGroup\",\"elasticloadbalancing:CreateRule\",\"elasticloadbalancing:CreateLoadBalancer\",\"elasticloadbalancing:CreateListener\",\"ec2:CreateSecurityGroup\"],\"Condition\":{\"StringEquals\":{\"aws:RequestTag/eks:eks-cluster-name\":\"${aws:PrincipalTag/eks:eks-cluster-name}\"}},\"Effect\":\"Allow\",\"Resource\":\"*\",\"Sid\":\"LoadBalancer\"},{\"Action\":\"shield:CreateProtection\",\"Condition\":{\"StringEquals\":{\"aws:RequestTag/eks:eks-cluster-name\":\"${aws:PrincipalTag/eks:eks-cluster-name}\"}},\"Effect\":\"Allow\",\"Resource\":\"*\",\"Sid\":\"ShieldProtection\"},{\"Action\":\"shield:TagResource\",\"Condition\":{\"StringEquals\":{\"aws:RequestTag/eks:eks-cluster-name\":\"${aws:PrincipalTag/eks:eks-cluster-name}\"}},\"Effect\":\"Allow\",\"Resource\":\"arn:aws:shield::*:protection/*\",\"Sid\":\"ShieldTagResource\"}],\"Version\":\"2012-10-17\"}",
            "policy_id": "ANPAYJ7DQOKC5BF42P5SR",
            "tags": {
              "Project": "memo"
            },
            "tags_all": {
              "Project": "memo"
            }
          },
          "sensitive_attributes": [],
          "identity_schema_version": 0,
          "private": "bnVsbA==",
          "dependencies": [
            "module.eks.module.eks_cluster.data.aws_iam_policy_document.custom",
            "module.eks.module.eks_cluster.data.aws_partition.current"
          ]
        }
      ]
    },
    {
      "module": "module.eks.module.eks_cluster",
      "mode": "managed",
      "type": "aws_iam_role",
      "name": "eks_auto",
      "provider": "provider[\"registry.terraform.io/hashicorp/aws\"]",
      "instances": []
    },
    {
      "module": "module.eks.module.eks_cluster",
      "mode": "managed",
      "type": "aws_iam_role",
      "name": "this",
      "provider": "provider[\"registry.terraform.io/hashicorp/aws\"]",
      "instances": [
        {
          "index_key": 0,
          "schema_version": 0,
          "attributes": {
            "arn": "arn:aws:iam::571170910853:role/memo-eks-cluster-cluster-20250714113104648600000001",
            "assume_role_policy": "{\"Statement\":[{\"Action\":[\"sts:TagSession\",\"sts:AssumeRole\"],\"Effect\":\"Allow\",\"Principal\":{\"Service\":\"eks.amazonaws.com\"},\"Sid\":\"EKSClusterAssumeRole\"}],\"Version\":\"2012-10-17\"}",
            "create_date": "2025-07-14T11:31:05Z",
            "description": "",
            "force_detach_policies": true,
            "id": "memo-eks-cluster-cluster-20250714113104648600000001",
            "inline_policy": [],
            "managed_policy_arns": [
              "arn:aws:iam::571170910853:policy/memo-eks-cluster-cluster-20250714113104648600000003",
              "arn:aws:iam::aws:policy/AmazonEKSClusterPolicy",
              "arn:aws:iam::aws:policy/AmazonEKSVPCResourceController"
            ],
            "max_session_duration": 3600,
            "name": "memo-eks-cluster-cluster-20250714113104648600000001",
            "name_prefix": "memo-eks-cluster-cluster-",
            "path": "/",
            "permissions_boundary": "",
            "tags": {
              "Project": "memo"
            },
            "tags_all": {
              "Project": "memo"
            },
            "unique_id": "AROAYJ7DQOKC5IKZTI2RS"
          },
          "sensitive_attributes": [],
          "identity_schema_version": 0,
          "private": "bnVsbA==",
          "dependencies": [
            "module.eks.module.eks_cluster.data.aws_iam_policy_document.assume_role_policy"
          ],
          "create_before_destroy": true
        }
      ]
    },
    {
      "module": "module.eks.module.eks_cluster",
      "mode": "managed",
      "type": "aws_iam_role_policy_attachment",
      "name": "additional",
      "provider": "provider[\"registry.terraform.io/hashicorp/aws\"]",
      "instances": []
    },
    {
      "module": "module.eks.module.eks_cluster",
      "mode": "managed",
      "type": "aws_iam_role_policy_attachment",
      "name": "cluster_encryption",
      "provider": "provider[\"registry.terraform.io/hashicorp/aws\"]",
      "instances": []
    },
    {
      "module": "module.eks.module.eks_cluster",
      "mode": "managed",
      "type": "aws_iam_role_policy_attachment",
      "name": "custom",
      "provider": "provider[\"registry.terraform.io/hashicorp/aws\"]",
      "instances": [
        {
          "index_key": 0,
          "schema_version": 0,
          "attributes": {
            "id": "memo-eks-cluster-cluster-20250714113104648600000001-20250714113106804000000006",
            "policy_arn": "arn:aws:iam::571170910853:policy/memo-eks-cluster-cluster-20250714113104648600000003",
            "role": "memo-eks-cluster-cluster-20250714113104648600000001"
          },
          "sensitive_attributes": [],
          "identity_schema_version": 0,
          "private": "bnVsbA==",
          "dependencies": [
            "module.eks.module.eks_cluster.aws_iam_policy.custom",
            "module.eks.module.eks_cluster.aws_iam_role.this",
            "module.eks.module.eks_cluster.data.aws_iam_policy_document.assume_role_policy",
            "module.eks.module.eks_cluster.data.aws_iam_policy_document.custom",
            "module.eks.module.eks_cluster.data.aws_partition.current"
          ]
        }
      ]
    },
    {
      "module": "module.eks.module.eks_cluster",
      "mode": "managed",
      "type": "aws_iam_role_policy_attachment",
      "name": "eks_auto",
      "provider": "provider[\"registry.terraform.io/hashicorp/aws\"]",
      "instances": []
    },
    {
      "module": "module.eks.module.eks_cluster",
      "mode": "managed",
      "type": "aws_iam_role_policy_attachment",
      "name": "eks_auto_additional",
      "provider": "provider[\"registry.terraform.io/hashicorp/aws\"]",
      "instances": []
    },
    {
      "module": "module.eks.module.eks_cluster",
      "mode": "managed",
      "type": "aws_iam_role_policy_attachment",
      "name": "this",
      "provider": "provider[\"registry.terraform.io/hashicorp/aws\"]",
      "instances": [
        {
          "index_key": "AmazonEKSClusterPolicy",
          "schema_version": 0,
          "attributes": {
            "id": "memo-eks-cluster-cluster-20250714113104648600000001-20250714113106803500000005",
            "policy_arn": "arn:aws:iam::aws:policy/AmazonEKSClusterPolicy",
            "role": "memo-eks-cluster-cluster-20250714113104648600000001"
          },
          "sensitive_attributes": [],
          "identity_schema_version": 0,
          "private": "bnVsbA==",
          "dependencies": [
            "module.eks.module.eks_cluster.aws_iam_role.this",
            "module.eks.module.eks_cluster.data.aws_iam_policy_document.assume_role_policy",
            "module.eks.module.eks_cluster.data.aws_partition.current"
          ],
          "create_before_destroy": true
        },
        {
          "index_key": "AmazonEKSVPCResourceController",
          "schema_version": 0,
          "attributes": {
            "id": "memo-eks-cluster-cluster-20250714113104648600000001-2025071411310707870000000a",
            "policy_arn": "arn:aws:iam::aws:policy/AmazonEKSVPCResourceController",
            "role": "memo-eks-cluster-cluster-20250714113104648600000001"
          },
          "sensitive_attributes": [],
          "identity_schema_version": 0,
          "private": "bnVsbA==",
          "dependencies": [
            "module.eks.module.eks_cluster.aws_iam_role.this",
            "module.eks.module.eks_cluster.data.aws_iam_policy_document.assume_role_policy",
            "module.eks.module.eks_cluster.data.aws_partition.current"
          ],
          "create_before_destroy": true
        }
      ]
    },
    {
      "module": "module.eks.module.eks_cluster",
      "mode": "managed",
      "type": "aws_security_group",
      "name": "cluster",
      "provider": "provider[\"registry.terraform.io/hashicorp/aws\"]",
      "instances": [
        {
          "index_key": 0,
          "schema_version": 1,
          "attributes": {
            "arn": "arn:aws:ec2:ap-northeast-2:571170910853:security-group/sg-0ac04fdec51a2fcc1",
            "description": "EKS cluster security group",
            "egress": [],
            "id": "sg-0ac04fdec51a2fcc1",
            "ingress": [
              {
                "cidr_blocks": [
                  "0.0.0.0/0"
                ],
                "description": "External access to EKS cluster API (6443)",
                "from_port": 6443,
                "ipv6_cidr_blocks": [],
                "prefix_list_ids": [],
                "protocol": "tcp",
                "security_groups": [],
                "self": false,
                "to_port": 6443
              },
              {
                "cidr_blocks": [
                  "0.0.0.0/0"
                ],
                "description": "External access to EKS cluster API",
                "from_port": 443,
                "ipv6_cidr_blocks": [],
                "prefix_list_ids": [],
                "protocol": "tcp",
                "security_groups": [],
                "self": false,
                "to_port": 443
              },
              {
                "cidr_blocks": [
                  "0.0.0.0/0"
                ],
                "description": "External access to EKS kubelet API",
                "from_port": 10250,
                "ipv6_cidr_blocks": [],
                "prefix_list_ids": [],
                "protocol": "tcp",
                "security_groups": [],
                "self": false,
                "to_port": 10250
              },
              {
                "cidr_blocks": [],
                "description": "Node groups to cluster API",
                "from_port": 443,
                "ipv6_cidr_blocks": [],
                "prefix_list_ids": [],
                "protocol": "tcp",
                "security_groups": [
                  "sg-0ade5e71d1dd0a1cc"
                ],
                "self": false,
                "to_port": 443
              }
            ],
            "name": "memo-eks-cluster-cluster-2025071411311728700000000e",
            "name_prefix": "memo-eks-cluster-cluster-",
            "owner_id": "571170910853",
            "revoke_rules_on_delete": false,
            "tags": {
              "Name": "memo-eks-cluster-cluster",
              "Project": "memo"
            },
            "tags_all": {
              "Name": "memo-eks-cluster-cluster",
              "Project": "memo"
            },
            "timeouts": null,
            "vpc_id": "vpc-08900a176ad9d460d"
          },
          "sensitive_attributes": [],
          "identity_schema_version": 0,
          "private": "eyJlMmJmYjczMC1lY2FhLTExZTYtOGY4OC0zNDM2M2JjN2M0YzAiOnsiY3JlYXRlIjo2MDAwMDAwMDAwMDAsImRlbGV0ZSI6OTAwMDAwMDAwMDAwfSwic2NoZW1hX3ZlcnNpb24iOiIxIn0=",
          "dependencies": [
            "module.vpc.aws_vpc.memo-vpc"
          ],
          "create_before_destroy": true
        }
      ]
    },
    {
      "module": "module.eks.module.eks_cluster",
      "mode": "managed",
      "type": "aws_security_group",
      "name": "node",
      "provider": "provider[\"registry.terraform.io/hashicorp/aws\"]",
      "instances": [
        {
          "index_key": 0,
          "schema_version": 1,
          "attributes": {
            "arn": "arn:aws:ec2:ap-northeast-2:571170910853:security-group/sg-0ade5e71d1dd0a1cc",
            "description": "EKS node shared security group",
            "egress": [
              {
                "cidr_blocks": [
                  "0.0.0.0/0"
                ],
                "description": "Allow all egress",
                "from_port": 0,
                "ipv6_cidr_blocks": [],
                "prefix_list_ids": [],
                "protocol": "-1",
                "security_groups": [],
                "self": false,
                "to_port": 0
              }
            ],
            "id": "sg-0ade5e71d1dd0a1cc",
            "ingress": [
              {
                "cidr_blocks": [],
                "description": "Cluster API to node 4443/tcp webhook",
                "from_port": 4443,
                "ipv6_cidr_blocks": [],
                "prefix_list_ids": [],
                "protocol": "tcp",
                "security_groups": [
                  "sg-0ac04fdec51a2fcc1"
                ],
                "self": false,
                "to_port": 4443
              },
              {
                "cidr_blocks": [],
                "description": "Cluster API to node 6443/tcp webhook",
                "from_port": 6443,
                "ipv6_cidr_blocks": [],
                "prefix_list_ids": [],
                "protocol": "tcp",
                "security_groups": [
                  "sg-0ac04fdec51a2fcc1"
                ],
                "self": false,
                "to_port": 6443
              },
              {
                "cidr_blocks": [],
                "description": "Cluster API to node 8443/tcp webhook",
                "from_port": 8443,
                "ipv6_cidr_blocks": [],
                "prefix_list_ids": [],
                "protocol": "tcp",
                "security_groups": [
                  "sg-0ac04fdec51a2fcc1"
                ],
                "self": false,
                "to_port": 8443
              },
              {
                "cidr_blocks": [],
                "description": "Cluster API to node 9443/tcp webhook",
                "from_port": 9443,
                "ipv6_cidr_blocks": [],
                "prefix_list_ids": [],
                "protocol": "tcp",
                "security_groups": [
                  "sg-0ac04fdec51a2fcc1"
                ],
                "self": false,
                "to_port": 9443
              },
              {
                "cidr_blocks": [],
                "description": "Cluster API to node groups",
                "from_port": 443,
                "ipv6_cidr_blocks": [],
                "prefix_list_ids": [],
                "protocol": "tcp",
                "security_groups": [
                  "sg-0ac04fdec51a2fcc1"
                ],
                "self": false,
                "to_port": 443
              },
              {
                "cidr_blocks": [],
                "description": "Cluster API to node kubelets",
                "from_port": 10250,
                "ipv6_cidr_blocks": [],
                "prefix_list_ids": [],
                "protocol": "tcp",
                "security_groups": [
                  "sg-0ac04fdec51a2fcc1"
                ],
                "self": false,
                "to_port": 10250
              },
              {
                "cidr_blocks": [],
                "description": "Node to node CoreDNS UDP",
                "from_port": 53,
                "ipv6_cidr_blocks": [],
                "prefix_list_ids": [],
                "protocol": "udp",
                "security_groups": [],
                "self": true,
                "to_port": 53
              },
              {
                "cidr_blocks": [],
                "description": "Node to node CoreDNS",
                "from_port": 53,
                "ipv6_cidr_blocks": [],
                "prefix_list_ids": [],
                "protocol": "tcp",
                "security_groups": [],
                "self": true,
                "to_port": 53
              },
              {
                "cidr_blocks": [],
                "description": "Node to node ingress on ephemeral ports",
                "from_port": 1025,
                "ipv6_cidr_blocks": [],
                "prefix_list_ids": [],
                "protocol": "tcp",
                "security_groups": [],
                "self": true,
                "to_port": 65535
              }
            ],
            "name": "memo-eks-cluster-node-2025071411311682720000000d",
            "name_prefix": "memo-eks-cluster-node-",
            "owner_id": "571170910853",
            "revoke_rules_on_delete": false,
            "tags": {
              "Name": "memo-eks-cluster-node",
              "Project": "memo",
              "kubernetes.io/cluster/memo-eks-cluster": "owned"
            },
            "tags_all": {
              "Name": "memo-eks-cluster-node",
              "Project": "memo",
              "kubernetes.io/cluster/memo-eks-cluster": "owned"
            },
            "timeouts": null,
            "vpc_id": "vpc-08900a176ad9d460d"
          },
          "sensitive_attributes": [],
          "identity_schema_version": 0,
          "private": "eyJlMmJmYjczMC1lY2FhLTExZTYtOGY4OC0zNDM2M2JjN2M0YzAiOnsiY3JlYXRlIjo2MDAwMDAwMDAwMDAsImRlbGV0ZSI6OTAwMDAwMDAwMDAwfSwic2NoZW1hX3ZlcnNpb24iOiIxIn0=",
          "dependencies": [
            "module.vpc.aws_vpc.memo-vpc"
          ],
          "create_before_destroy": true
        }
      ]
    },
    {
      "module": "module.eks.module.eks_cluster",
      "mode": "managed",
      "type": "aws_security_group_rule",
      "name": "cluster",
      "provider": "provider[\"registry.terraform.io/hashicorp/aws\"]",
      "instances": [
        {
          "index_key": "ingress_nodes_443",
          "schema_version": 2,
          "attributes": {
            "cidr_blocks": null,
            "description": "Node groups to cluster API",
            "from_port": 443,
            "id": "sgrule-1455832893",
            "ipv6_cidr_blocks": null,
            "prefix_list_ids": null,
            "protocol": "tcp",
            "security_group_id": "sg-0ac04fdec51a2fcc1",
            "security_group_rule_id": "sgr-0a88cbde6e2c75646",
            "self": false,
            "source_security_group_id": "sg-0ade5e71d1dd0a1cc",
            "timeouts": null,
            "to_port": 443,
            "type": "ingress"
          },
          "sensitive_attributes": [],
          "identity_schema_version": 0,
          "private": "eyJlMmJmYjczMC1lY2FhLTExZTYtOGY4OC0zNDM2M2JjN2M0YzAiOnsiY3JlYXRlIjozMDAwMDAwMDAwMDB9LCJzY2hlbWFfdmVyc2lvbiI6IjIifQ==",
          "dependencies": [
            "module.eks.module.eks_cluster.aws_security_group.cluster",
            "module.eks.module.eks_cluster.aws_security_group.node",
            "module.vpc.aws_vpc.memo-vpc"
          ],
          "create_before_destroy": true
        }
      ]
    },
    {
      "module": "module.eks.module.eks_cluster",
      "mode": "managed",
      "type": "aws_security_group_rule",
      "name": "node",
      "provider": "provider[\"registry.terraform.io/hashicorp/aws\"]",
      "instances": [
        {
          "index_key": "egress_all",
          "schema_version": 2,
          "attributes": {
            "cidr_blocks": [
              "0.0.0.0/0"
            ],
            "description": "Allow all egress",
            "from_port": 0,
            "id": "sgrule-3329196958",
            "ipv6_cidr_blocks": null,
            "prefix_list_ids": [],
            "protocol": "-1",
            "security_group_id": "sg-0ade5e71d1dd0a1cc",
            "security_group_rule_id": "sgr-082e857fccf85936d",
            "self": false,
            "source_security_group_id": null,
            "timeouts": null,
            "to_port": 0,
            "type": "egress"
          },
          "sensitive_attributes": [],
          "identity_schema_version": 0,
          "private": "eyJlMmJmYjczMC1lY2FhLTExZTYtOGY4OC0zNDM2M2JjN2M0YzAiOnsiY3JlYXRlIjozMDAwMDAwMDAwMDB9LCJzY2hlbWFfdmVyc2lvbiI6IjIifQ==",
          "dependencies": [
            "module.eks.module.eks_cluster.aws_security_group.cluster",
            "module.eks.module.eks_cluster.aws_security_group.node",
            "module.vpc.aws_vpc.memo-vpc"
          ],
          "create_before_destroy": true
        },
        {
          "index_key": "ingress_cluster_443",
          "schema_version": 2,
          "attributes": {
            "cidr_blocks": null,
            "description": "Cluster API to node groups",
            "from_port": 443,
            "id": "sgrule-584615593",
            "ipv6_cidr_blocks": null,
            "prefix_list_ids": [],
            "protocol": "tcp",
            "security_group_id": "sg-0ade5e71d1dd0a1cc",
            "security_group_rule_id": "sgr-049110acb501fb6c0",
            "self": false,
            "source_security_group_id": "sg-0ac04fdec51a2fcc1",
            "timeouts": null,
            "to_port": 443,
            "type": "ingress"
          },
          "sensitive_attributes": [],
          "identity_schema_version": 0,
          "private": "eyJlMmJmYjczMC1lY2FhLTExZTYtOGY4OC0zNDM2M2JjN2M0YzAiOnsiY3JlYXRlIjozMDAwMDAwMDAwMDB9LCJzY2hlbWFfdmVyc2lvbiI6IjIifQ==",
          "dependencies": [
            "module.eks.module.eks_cluster.aws_security_group.cluster",
            "module.eks.module.eks_cluster.aws_security_group.node",
            "module.vpc.aws_vpc.memo-vpc"
          ],
          "create_before_destroy": true
        },
        {
          "index_key": "ingress_cluster_4443_webhook",
          "schema_version": 2,
          "attributes": {
            "cidr_blocks": null,
            "description": "Cluster API to node 4443/tcp webhook",
            "from_port": 4443,
            "id": "sgrule-2533149237",
            "ipv6_cidr_blocks": null,
            "prefix_list_ids": [],
            "protocol": "tcp",
            "security_group_id": "sg-0ade5e71d1dd0a1cc",
            "security_group_rule_id": "sgr-09b15b1f9f355ee48",
            "self": false,
            "source_security_group_id": "sg-0ac04fdec51a2fcc1",
            "timeouts": null,
            "to_port": 4443,
            "type": "ingress"
          },
          "sensitive_attributes": [],
          "identity_schema_version": 0,
          "private": "eyJlMmJmYjczMC1lY2FhLTExZTYtOGY4OC0zNDM2M2JjN2M0YzAiOnsiY3JlYXRlIjozMDAwMDAwMDAwMDB9LCJzY2hlbWFfdmVyc2lvbiI6IjIifQ==",
          "dependencies": [
            "module.eks.module.eks_cluster.aws_security_group.cluster",
            "module.eks.module.eks_cluster.aws_security_group.node",
            "module.vpc.aws_vpc.memo-vpc"
          ],
          "create_before_destroy": true
        },
        {
          "index_key": "ingress_cluster_6443_webhook",
          "schema_version": 2,
          "attributes": {
            "cidr_blocks": null,
            "description": "Cluster API to node 6443/tcp webhook",
            "from_port": 6443,
            "id": "sgrule-1606331811",
            "ipv6_cidr_blocks": null,
            "prefix_list_ids": [],
            "protocol": "tcp",
            "security_group_id": "sg-0ade5e71d1dd0a1cc",
            "security_group_rule_id": "sgr-0e1e0773d477c14e6",
            "self": false,
            "source_security_group_id": "sg-0ac04fdec51a2fcc1",
            "timeouts": null,
            "to_port": 6443,
            "type": "ingress"
          },
          "sensitive_attributes": [],
          "identity_schema_version": 0,
          "private": "eyJlMmJmYjczMC1lY2FhLTExZTYtOGY4OC0zNDM2M2JjN2M0YzAiOnsiY3JlYXRlIjozMDAwMDAwMDAwMDB9LCJzY2hlbWFfdmVyc2lvbiI6IjIifQ==",
          "dependencies": [
            "module.eks.module.eks_cluster.aws_security_group.cluster",
            "module.eks.module.eks_cluster.aws_security_group.node",
            "module.vpc.aws_vpc.memo-vpc"
          ],
          "create_before_destroy": true
        },
        {
          "index_key": "ingress_cluster_8443_webhook",
          "schema_version": 2,
          "attributes": {
            "cidr_blocks": null,
            "description": "Cluster API to node 8443/tcp webhook",
            "from_port": 8443,
            "id": "sgrule-1289916802",
            "ipv6_cidr_blocks": null,
            "prefix_list_ids": [],
            "protocol": "tcp",
            "security_group_id": "sg-0ade5e71d1dd0a1cc",
            "security_group_rule_id": "sgr-092f8efdaa9c1744d",
            "self": false,
            "source_security_group_id": "sg-0ac04fdec51a2fcc1",
            "timeouts": null,
            "to_port": 8443,
            "type": "ingress"
          },
          "sensitive_attributes": [],
          "identity_schema_version": 0,
          "private": "eyJlMmJmYjczMC1lY2FhLTExZTYtOGY4OC0zNDM2M2JjN2M0YzAiOnsiY3JlYXRlIjozMDAwMDAwMDAwMDB9LCJzY2hlbWFfdmVyc2lvbiI6IjIifQ==",
          "dependencies": [
            "module.eks.module.eks_cluster.aws_security_group.cluster",
            "module.eks.module.eks_cluster.aws_security_group.node",
            "module.vpc.aws_vpc.memo-vpc"
          ],
          "create_before_destroy": true
        },
        {
          "index_key": "ingress_cluster_9443_webhook",
          "schema_version": 2,
          "attributes": {
            "cidr_blocks": null,
            "description": "Cluster API to node 9443/tcp webhook",
            "from_port": 9443,
            "id": "sgrule-675521097",
            "ipv6_cidr_blocks": null,
            "prefix_list_ids": [],
            "protocol": "tcp",
            "security_group_id": "sg-0ade5e71d1dd0a1cc",
            "security_group_rule_id": "sgr-0252fbbb2e2bbec8e",
            "self": false,
            "source_security_group_id": "sg-0ac04fdec51a2fcc1",
            "timeouts": null,
            "to_port": 9443,
            "type": "ingress"
          },
          "sensitive_attributes": [],
          "identity_schema_version": 0,
          "private": "eyJlMmJmYjczMC1lY2FhLTExZTYtOGY4OC0zNDM2M2JjN2M0YzAiOnsiY3JlYXRlIjozMDAwMDAwMDAwMDB9LCJzY2hlbWFfdmVyc2lvbiI6IjIifQ==",
          "dependencies": [
            "module.eks.module.eks_cluster.aws_security_group.cluster",
            "module.eks.module.eks_cluster.aws_security_group.node",
            "module.vpc.aws_vpc.memo-vpc"
          ],
          "create_before_destroy": true
        },
        {
          "index_key": "ingress_cluster_kubelet",
          "schema_version": 2,
          "attributes": {
            "cidr_blocks": null,
            "description": "Cluster API to node kubelets",
            "from_port": 10250,
            "id": "sgrule-2399428914",
            "ipv6_cidr_blocks": null,
            "prefix_list_ids": [],
            "protocol": "tcp",
            "security_group_id": "sg-0ade5e71d1dd0a1cc",
            "security_group_rule_id": "sgr-0074665ae6a585555",
            "self": false,
            "source_security_group_id": "sg-0ac04fdec51a2fcc1",
            "timeouts": null,
            "to_port": 10250,
            "type": "ingress"
          },
          "sensitive_attributes": [],
          "identity_schema_version": 0,
          "private": "eyJlMmJmYjczMC1lY2FhLTExZTYtOGY4OC0zNDM2M2JjN2M0YzAiOnsiY3JlYXRlIjozMDAwMDAwMDAwMDB9LCJzY2hlbWFfdmVyc2lvbiI6IjIifQ==",
          "dependencies": [
            "module.eks.module.eks_cluster.aws_security_group.cluster",
            "module.eks.module.eks_cluster.aws_security_group.node",
            "module.vpc.aws_vpc.memo-vpc"
          ],
          "create_before_destroy": true
        },
        {
          "index_key": "ingress_nodes_ephemeral",
          "schema_version": 2,
          "attributes": {
            "cidr_blocks": null,
            "description": "Node to node ingress on ephemeral ports",
            "from_port": 1025,
            "id": "sgrule-1807518349",
            "ipv6_cidr_blocks": null,
            "prefix_list_ids": [],
            "protocol": "tcp",
            "security_group_id": "sg-0ade5e71d1dd0a1cc",
            "security_group_rule_id": "sgr-0e5fa00f08ef571ca",
            "self": true,
            "source_security_group_id": null,
            "timeouts": null,
            "to_port": 65535,
            "type": "ingress"
          },
          "sensitive_attributes": [],
          "identity_schema_version": 0,
          "private": "eyJlMmJmYjczMC1lY2FhLTExZTYtOGY4OC0zNDM2M2JjN2M0YzAiOnsiY3JlYXRlIjozMDAwMDAwMDAwMDB9LCJzY2hlbWFfdmVyc2lvbiI6IjIifQ==",
          "dependencies": [
            "module.eks.module.eks_cluster.aws_security_group.cluster",
            "module.eks.module.eks_cluster.aws_security_group.node",
            "module.vpc.aws_vpc.memo-vpc"
          ],
          "create_before_destroy": true
        },
        {
          "index_key": "ingress_self_coredns_tcp",
          "schema_version": 2,
          "attributes": {
            "cidr_blocks": null,
            "description": "Node to node CoreDNS",
            "from_port": 53,
            "id": "sgrule-232863448",
            "ipv6_cidr_blocks": null,
            "prefix_list_ids": [],
            "protocol": "tcp",
            "security_group_id": "sg-0ade5e71d1dd0a1cc",
            "security_group_rule_id": "sgr-05f35e943b28a049b",
            "self": true,
            "source_security_group_id": null,
            "timeouts": null,
            "to_port": 53,
            "type": "ingress"
          },
          "sensitive_attributes": [],
          "identity_schema_version": 0,
          "private": "eyJlMmJmYjczMC1lY2FhLTExZTYtOGY4OC0zNDM2M2JjN2M0YzAiOnsiY3JlYXRlIjozMDAwMDAwMDAwMDB9LCJzY2hlbWFfdmVyc2lvbiI6IjIifQ==",
          "dependencies": [
            "module.eks.module.eks_cluster.aws_security_group.cluster",
            "module.eks.module.eks_cluster.aws_security_group.node",
            "module.vpc.aws_vpc.memo-vpc"
          ],
          "create_before_destroy": true
        },
        {
          "index_key": "ingress_self_coredns_udp",
          "schema_version": 2,
          "attributes": {
            "cidr_blocks": null,
            "description": "Node to node CoreDNS UDP",
            "from_port": 53,
            "id": "sgrule-2847839543",
            "ipv6_cidr_blocks": null,
            "prefix_list_ids": [],
            "protocol": "udp",
            "security_group_id": "sg-0ade5e71d1dd0a1cc",
            "security_group_rule_id": "sgr-0c778d8769a352d22",
            "self": true,
            "source_security_group_id": null,
            "timeouts": null,
            "to_port": 53,
            "type": "ingress"
          },
          "sensitive_attributes": [],
          "identity_schema_version": 0,
          "private": "eyJlMmJmYjczMC1lY2FhLTExZTYtOGY4OC0zNDM2M2JjN2M0YzAiOnsiY3JlYXRlIjozMDAwMDAwMDAwMDB9LCJzY2hlbWFfdmVyc2lvbiI6IjIifQ==",
          "dependencies": [
            "module.eks.module.eks_cluster.aws_security_group.cluster",
            "module.eks.module.eks_cluster.aws_security_group.node",
            "module.vpc.aws_vpc.memo-vpc"
          ],
          "create_before_destroy": true
        }
      ]
    },
    {
      "module": "module.eks.module.eks_cluster",
      "mode": "managed",
      "type": "time_sleep",
      "name": "this",
      "provider": "provider[\"registry.terraform.io/hashicorp/time\"]",
      "instances": [
        {
          "index_key": 0,
          "schema_version": 0,
          "attributes": {
            "create_duration": "30s",
            "destroy_duration": null,
            "id": "2025-07-14T11:40:10Z",
            "triggers": {
              "cluster_certificate_authority_data": "LS0tLS1CRUdJTiBDRVJUSUZJQ0FURS0tLS0tCk1JSURCVENDQWUyZ0F3SUJBZ0lJVFA4c0lnMmp3ZkV3RFFZSktvWklodmNOQVFFTEJRQXdGVEVUTUJFR0ExVUUKQXhNS2EzVmlaWEp1WlhSbGN6QWVGdzB5TlRBM01UUXhNVE13TXpoYUZ3MHpOVEEzTVRJeE1UTTFNemhhTUJVeApFekFSQmdOVkJBTVRDbXQxWW1WeWJtVjBaWE13Z2dFaU1BMEdDU3FHU0liM0RRRUJBUVVBQTRJQkR3QXdnZ0VLCkFvSUJBUUROVjFqaHJFMU1yLzFvQW1id05qdTV5eEJTb1V5aTNEM003dXova1hLMDNKeXlvRTRHdEt0WUwyalUKZFZURmpEbDhBSGVCTHlTS1Z0aHhtdHladHR2NjE2QVR6ZnBvdC93WjdJOCs4TDhUdDNBZVRpemdoc2pkOGIzeApIV1AxRWVibzJqZlQ4aGR4YVFZUUJWTnExOURaRmJaVmpwY0xqK3lMbFVML0RUZFI1WkhWMDc5MjJFdC9OdHhZCktRNVdzOTZZTmpBVUlIaXA4NmhDNmk1eTZrRFRTM1p5SzVES29ITWFXTHpkcVNpclh0ZEFUTS9VSnF6QU4zN3MKMXg2bVVjVkRHZm92WkJJUWhIQ0JMd1hIeHZTK1l4WUxTZVdnUGt1SVoxZWVyZmMyallob2ZKOWsreGJNem5LMApJQ0pGQzFYYnd5c0k0ektXaEQ5ajh1WDhYYjRYQWdNQkFBR2pXVEJYTUE0R0ExVWREd0VCL3dRRUF3SUNwREFQCkJnTlZIUk1CQWY4RUJUQURBUUgvTUIwR0ExVWREZ1FXQkJSVEY1OG1XZjZiMjVRd3NGa1FrbkJtY29McHV6QVYKQmdOVkhSRUVEakFNZ2dwcmRXSmxjbTVsZEdWek1BMEdDU3FHU0liM0RRRUJDd1VBQTRJQkFRQU9MYjBHamt4Qgp6TDJkQ3dDZWFqLzBPNmlOOHlOd0VORXQ1WkR5UVNVdkpINVdDQnZCbUk2WXBJa0c2Vm5iYUUxVVNwWXUrMmc2CkxjT0JVYUNrR0JrUHNWSGVjMWlFOEZQOGZJTERoUlRWdkwzQXl1RVlYU0xGcnpSTFpreFRvM3JvZklPM1ZDYUsKQk9JTVJROUNnbmVPSGg0Mzdaa0F4bW9yUFp0RWxGbGNvR1FNd2pKR0tCZExSRUpudC9EYUlrRWwxWmNHbUlibwovWVM5WUsySHB4NWFYaHRTWXhOZGVFNmsxMUZQbi9VMzBCTjJLZWdrYy9iN3lqZlBWU3hKZmEwVnpibWxGZExvCnR3enhnMWcxdkpWNWdLV2tRVUQwQ0Y3bTdhVEV5VGpGdVNWU1JZTFIvYUlaREtQUjJmOFdDV1pyV2xnZisvUS8KTlVsVElSL3Q4V3NTCi0tLS0tRU5EIENFUlRJRklDQVRFLS0tLS0K",
              "cluster_endpoint": "https://F283EDA2B559C01C03B5B4C029BBF122.sk1.ap-northeast-2.eks.amazonaws.com",
              "cluster_name": "memo-eks-cluster",
              "cluster_service_cidr": "172.20.0.0/16",
              "cluster_version": "1.29"
            }
          },
          "sensitive_attributes": [],
          "identity_schema_version": 0,
          "dependencies": [
            "module.eks.module.eks_cluster.aws_cloudwatch_log_group.this",
            "module.eks.module.eks_cluster.aws_eks_cluster.this",
            "module.eks.module.eks_cluster.aws_iam_policy.cni_ipv6_policy",
            "module.eks.module.eks_cluster.aws_iam_role.eks_auto",
            "module.eks.module.eks_cluster.aws_iam_role.this",
            "module.eks.module.eks_cluster.aws_iam_role_policy_attachment.this",
            "module.eks.module.eks_cluster.aws_security_group.cluster",
            "module.eks.module.eks_cluster.aws_security_group.node",
            "module.eks.module.eks_cluster.aws_security_group_rule.cluster",
            "module.eks.module.eks_cluster.aws_security_group_rule.node",
            "module.eks.module.eks_cluster.data.aws_caller_identity.current",
            "module.eks.module.eks_cluster.data.aws_iam_policy_document.assume_role_policy",
            "module.eks.module.eks_cluster.data.aws_iam_policy_document.cni_ipv6_policy",
            "module.eks.module.eks_cluster.data.aws_iam_policy_document.node_assume_role_policy",
            "module.eks.module.eks_cluster.data.aws_iam_session_context.current",
            "module.eks.module.eks_cluster.data.aws_partition.current",
            "module.eks.module.eks_cluster.module.kms.aws_kms_external_key.this",
            "module.eks.module.eks_cluster.module.kms.aws_kms_key.this",
            "module.eks.module.eks_cluster.module.kms.aws_kms_replica_external_key.this",
            "module.eks.module.eks_cluster.module.kms.aws_kms_replica_key.this",
            "module.eks.module.eks_cluster.module.kms.data.aws_caller_identity.current",
            "module.eks.module.eks_cluster.module.kms.data.aws_iam_policy_document.this",
            "module.eks.module.eks_cluster.module.kms.data.aws_partition.current",
            "module.vpc.aws_subnet.private1",
            "module.vpc.aws_subnet.private2",
            "module.vpc.aws_subnet.private3",
            "module.vpc.aws_subnet.private4",
            "module.vpc.aws_vpc.memo-vpc"
          ],
          "create_before_destroy": true
        }
      ]
    },
    {
      "module": "module.eks.module.eks_cluster.module.eks_managed_node_group[\"memo-eks-node\"]",
      "mode": "data",
      "type": "aws_caller_identity",
      "name": "current",
      "provider": "provider[\"registry.terraform.io/hashicorp/aws\"]",
      "instances": [
        {
          "schema_version": 0,
          "attributes": {
            "account_id": "571170910853",
            "arn": "arn:aws:iam::571170910853:user/lion3team04",
            "id": "571170910853",
            "user_id": "AIDAYJ7DQOKCRAJYPI243"
          },
          "sensitive_attributes": [],
          "identity_schema_version": 0
        }
      ]
    },
    {
      "module": "module.eks.module.eks_cluster.module.eks_managed_node_group[\"memo-eks-node\"]",
      "mode": "data",
      "type": "aws_ec2_instance_type",
      "name": "this",
      "provider": "provider[\"registry.terraform.io/hashicorp/aws\"]",
      "instances": []
    },
    {
      "module": "module.eks.module.eks_cluster.module.eks_managed_node_group[\"memo-eks-node\"]",
      "mode": "data",
      "type": "aws_ec2_instance_type_offerings",
      "name": "this",
      "provider": "provider[\"registry.terraform.io/hashicorp/aws\"]",
      "instances": []
    },
    {
      "module": "module.eks.module.eks_cluster.module.eks_managed_node_group[\"memo-eks-node\"]",
      "mode": "data",
      "type": "aws_iam_policy_document",
      "name": "assume_role_policy",
      "provider": "provider[\"registry.terraform.io/hashicorp/aws\"]",
      "instances": [
        {
          "index_key": 0,
          "schema_version": 0,
          "attributes": {
            "id": "2560088296",
            "json": "{\n  \"Version\": \"2012-10-17\",\n  \"Statement\": [\n    {\n      \"Sid\": \"EKSNodeAssumeRole\",\n      \"Effect\": \"Allow\",\n      \"Action\": \"sts:AssumeRole\",\n      \"Principal\": {\n        \"Service\": \"ec2.amazonaws.com\"\n      }\n    }\n  ]\n}",
            "minified_json": "{\"Version\":\"2012-10-17\",\"Statement\":[{\"Sid\":\"EKSNodeAssumeRole\",\"Effect\":\"Allow\",\"Action\":\"sts:AssumeRole\",\"Principal\":{\"Service\":\"ec2.amazonaws.com\"}}]}",
            "override_json": null,
            "override_policy_documents": null,
            "policy_id": null,
            "source_json": null,
            "source_policy_documents": null,
            "statement": [
              {
                "actions": [
                  "sts:AssumeRole"
                ],
                "condition": [],
                "effect": "Allow",
                "not_actions": [],
                "not_principals": [],
                "not_resources": [],
                "principals": [
                  {
                    "identifiers": [
                      "ec2.amazonaws.com"
                    ],
                    "type": "Service"
                  }
                ],
                "resources": [],
                "sid": "EKSNodeAssumeRole"
              }
            ],
            "version": "2012-10-17"
          },
          "sensitive_attributes": [],
          "identity_schema_version": 0
        }
      ]
    },
    {
      "module": "module.eks.module.eks_cluster.module.eks_managed_node_group[\"memo-eks-node\"]",
      "mode": "data",
      "type": "aws_iam_policy_document",
      "name": "role",
      "provider": "provider[\"registry.terraform.io/hashicorp/aws\"]",
      "instances": []
    },
    {
      "module": "module.eks.module.eks_cluster.module.eks_managed_node_group[\"memo-eks-node\"]",
      "mode": "data",
      "type": "aws_partition",
      "name": "current",
      "provider": "provider[\"registry.terraform.io/hashicorp/aws\"]",
      "instances": [
        {
          "schema_version": 0,
          "attributes": {
            "dns_suffix": "amazonaws.com",
            "id": "aws",
            "partition": "aws",
            "reverse_dns_prefix": "com.amazonaws"
          },
          "sensitive_attributes": [],
          "identity_schema_version": 0
        }
      ]
    },
    {
      "module": "module.eks.module.eks_cluster.module.eks_managed_node_group[\"memo-eks-node\"]",
      "mode": "data",
      "type": "aws_ssm_parameter",
      "name": "ami",
      "provider": "provider[\"registry.terraform.io/hashicorp/aws\"]",
      "instances": []
    },
    {
      "module": "module.eks.module.eks_cluster.module.eks_managed_node_group[\"memo-eks-node\"]",
      "mode": "data",
      "type": "aws_subnets",
      "name": "placement_group",
      "provider": "provider[\"registry.terraform.io/hashicorp/aws\"]",
      "instances": []
    },
    {
      "module": "module.eks.module.eks_cluster.module.eks_managed_node_group[\"memo-eks-node\"]",
      "mode": "managed",
      "type": "aws_autoscaling_schedule",
      "name": "this",
      "provider": "provider[\"registry.terraform.io/hashicorp/aws\"]",
      "instances": []
    },
    {
      "module": "module.eks.module.eks_cluster.module.eks_managed_node_group[\"memo-eks-node\"]",
      "mode": "managed",
      "type": "aws_eks_node_group",
      "name": "this",
      "provider": "provider[\"registry.terraform.io/hashicorp/aws\"]",
      "instances": [
        {
          "index_key": 0,
          "schema_version": 0,
          "attributes": {
            "ami_type": "AL2_x86_64",
            "arn": "arn:aws:eks:ap-northeast-2:571170910853:nodegroup/memo-eks-cluster/memo-eks-node-20250714114016367300000014/38cc045e-2990-8689-6b22-642224563cd6",
            "capacity_type": "ON_DEMAND",
            "cluster_name": "memo-eks-cluster",
            "disk_size": 0,
            "force_update_version": null,
            "id": "memo-eks-cluster:memo-eks-node-20250714114016367300000014",
            "instance_types": [
              "t3.large"
            ],
            "labels": {},
            "launch_template": [
              {
                "id": "lt-09d544ac09247dec2",
                "name": "memo-eks-node-20250714114010368700000012",
                "version": "1"
              }
            ],
            "node_group_name": "memo-eks-node-20250714114016367300000014",
            "node_group_name_prefix": "memo-eks-node-",
            "node_repair_config": [],
            "node_role_arn": "arn:aws:iam::571170910853:role/memo-eks-node-eks-node-group-20250714113104648600000002",
            "release_version": "1.29.15-20250704",
            "remote_access": [],
            "resources": [
              {
                "autoscaling_groups": [
                  {
                    "name": "eks-memo-eks-node-20250714114016367300000014-38cc045e-2990-8689-6b22-642224563cd6"
                  }
                ],
                "remote_access_security_group_id": ""
              }
            ],
            "scaling_config": [
              {
                "desired_size": 2,
                "max_size": 3,
                "min_size": 2
              }
            ],
            "status": "ACTIVE",
            "subnet_ids": [
              "subnet-0629fd7599881cd41",
              "subnet-07985ed674744ac71",
              "subnet-0adb18616eafd1a4d",
              "subnet-0b94201291289c831"
            ],
            "tags": {
              "Name": "memo-eks-node",
              "Project": "memo"
            },
            "tags_all": {
              "Name": "memo-eks-node",
              "Project": "memo"
            },
            "taint": [],
            "timeouts": {
              "create": null,
              "delete": null,
              "update": null
            },
            "update_config": [
              {
                "max_unavailable": 0,
                "max_unavailable_percentage": 33
              }
            ],
            "version": "1.29"
          },
          "sensitive_attributes": [],
          "identity_schema_version": 0,
          "private": "eyJlMmJmYjczMC1lY2FhLTExZTYtOGY4OC0zNDM2M2JjN2M0YzAiOnsiY3JlYXRlIjozNjAwMDAwMDAwMDAwLCJkZWxldGUiOjM2MDAwMDAwMDAwMDAsInVwZGF0ZSI6MzYwMDAwMDAwMDAwMH19",
          "dependencies": [
            "module.eks.module.eks_cluster.aws_cloudwatch_log_group.this",
            "module.eks.module.eks_cluster.aws_eks_cluster.this",
            "module.eks.module.eks_cluster.aws_iam_policy.cni_ipv6_policy",
            "module.eks.module.eks_cluster.aws_iam_role.eks_auto",
            "module.eks.module.eks_cluster.aws_iam_role.this",
            "module.eks.module.eks_cluster.aws_iam_role_policy_attachment.this",
            "module.eks.module.eks_cluster.aws_security_group.cluster",
            "module.eks.module.eks_cluster.aws_security_group.node",
            "module.eks.module.eks_cluster.aws_security_group_rule.cluster",
            "module.eks.module.eks_cluster.aws_security_group_rule.node",
            "module.eks.module.eks_cluster.data.aws_caller_identity.current",
            "module.eks.module.eks_cluster.data.aws_iam_policy_document.assume_role_policy",
            "module.eks.module.eks_cluster.data.aws_iam_policy_document.cni_ipv6_policy",
            "module.eks.module.eks_cluster.data.aws_iam_policy_document.node_assume_role_policy",
            "module.eks.module.eks_cluster.data.aws_iam_session_context.current",
            "module.eks.module.eks_cluster.data.aws_partition.current",
            "module.eks.module.eks_cluster.module.eks_managed_node_group.aws_iam_role.this",
            "module.eks.module.eks_cluster.module.eks_managed_node_group.aws_iam_role_policy_attachment.additional",
            "module.eks.module.eks_cluster.module.eks_managed_node_group.aws_iam_role_policy_attachment.this",
            "module.eks.module.eks_cluster.module.eks_managed_node_group.aws_launch_template.this",
            "module.eks.module.eks_cluster.module.eks_managed_node_group.aws_placement_group.this",
            "module.eks.module.eks_cluster.module.eks_managed_node_group.data.aws_caller_identity.current",
            "module.eks.module.eks_cluster.module.eks_managed_node_group.data.aws_ec2_instance_type.this",
            "module.eks.module.eks_cluster.module.eks_managed_node_group.data.aws_ec2_instance_type_offerings.this",
            "module.eks.module.eks_cluster.module.eks_managed_node_group.data.aws_iam_policy_document.assume_role_policy",
            "module.eks.module.eks_cluster.module.eks_managed_node_group.data.aws_partition.current",
            "module.eks.module.eks_cluster.module.eks_managed_node_group.data.aws_ssm_parameter.ami",
            "module.eks.module.eks_cluster.module.eks_managed_node_group.data.aws_subnets.placement_group",
            "module.eks.module.eks_cluster.module.eks_managed_node_group.module.user_data.data.cloudinit_config.al2023_eks_managed_node_group",
            "module.eks.module.eks_cluster.module.eks_managed_node_group.module.user_data.data.cloudinit_config.linux_eks_managed_node_group",
            "module.eks.module.eks_cluster.module.kms.aws_kms_external_key.this",
            "module.eks.module.eks_cluster.module.kms.aws_kms_key.this",
            "module.eks.module.eks_cluster.module.kms.aws_kms_replica_external_key.this",
            "module.eks.module.eks_cluster.module.kms.aws_kms_replica_key.this",
            "module.eks.module.eks_cluster.module.kms.data.aws_caller_identity.current",
            "module.eks.module.eks_cluster.module.kms.data.aws_iam_policy_document.this",
            "module.eks.module.eks_cluster.module.kms.data.aws_partition.current",
            "module.eks.module.eks_cluster.time_sleep.this",
            "module.vpc.aws_subnet.private1",
            "module.vpc.aws_subnet.private2",
            "module.vpc.aws_subnet.private3",
            "module.vpc.aws_subnet.private4",
            "module.vpc.aws_vpc.memo-vpc"
          ],
          "create_before_destroy": true
        }
      ]
    },
    {
      "module": "module.eks.module.eks_cluster.module.eks_managed_node_group[\"memo-eks-node\"]",
      "mode": "managed",
      "type": "aws_iam_role",
      "name": "this",
      "provider": "provider[\"registry.terraform.io/hashicorp/aws\"]",
      "instances": [
        {
          "index_key": 0,
          "schema_version": 0,
          "attributes": {
            "arn": "arn:aws:iam::571170910853:role/memo-eks-node-eks-node-group-20250714113104648600000002",
            "assume_role_policy": "{\"Statement\":[{\"Action\":\"sts:AssumeRole\",\"Effect\":\"Allow\",\"Principal\":{\"Service\":\"ec2.amazonaws.com\"},\"Sid\":\"EKSNodeAssumeRole\"}],\"Version\":\"2012-10-17\"}",
            "create_date": "2025-07-14T11:31:05Z",
            "description": "EKS managed node group IAM role",
            "force_detach_policies": true,
            "id": "memo-eks-node-eks-node-group-20250714113104648600000002",
            "inline_policy": [],
            "managed_policy_arns": [
              "arn:aws:iam::aws:policy/AmazonEC2ContainerRegistryReadOnly",
              "arn:aws:iam::aws:policy/AmazonEKSWorkerNodePolicy",
              "arn:aws:iam::aws:policy/AmazonEKS_CNI_Policy"
            ],
            "max_session_duration": 3600,
            "name": "memo-eks-node-eks-node-group-20250714113104648600000002",
            "name_prefix": "memo-eks-node-eks-node-group-",
            "path": "/",
            "permissions_boundary": "",
            "tags": {
              "Project": "memo"
            },
            "tags_all": {
              "Project": "memo"
            },
            "unique_id": "AROAYJ7DQOKCQWA7MVUMI"
          },
          "sensitive_attributes": [],
          "identity_schema_version": 0,
          "private": "bnVsbA==",
          "dependencies": [
            "module.eks.module.eks_cluster.module.eks_managed_node_group.data.aws_iam_policy_document.assume_role_policy"
          ],
          "create_before_destroy": true
        }
      ]
    },
    {
      "module": "module.eks.module.eks_cluster.module.eks_managed_node_group[\"memo-eks-node\"]",
      "mode": "managed",
      "type": "aws_iam_role_policy",
      "name": "this",
      "provider": "provider[\"registry.terraform.io/hashicorp/aws\"]",
      "instances": []
    },
    {
      "module": "module.eks.module.eks_cluster.module.eks_managed_node_group[\"memo-eks-node\"]",
      "mode": "managed",
      "type": "aws_iam_role_policy_attachment",
      "name": "additional",
      "provider": "provider[\"registry.terraform.io/hashicorp/aws\"]",
      "instances": []
    },
    {
      "module": "module.eks.module.eks_cluster.module.eks_managed_node_group[\"memo-eks-node\"]",
      "mode": "managed",
      "type": "aws_iam_role_policy_attachment",
      "name": "this",
      "provider": "provider[\"registry.terraform.io/hashicorp/aws\"]",
      "instances": [
        {
          "index_key": "AmazonEC2ContainerRegistryReadOnly",
          "schema_version": 0,
          "attributes": {
            "id": "memo-eks-node-eks-node-group-20250714113104648600000002-20250714113107068000000009",
            "policy_arn": "arn:aws:iam::aws:policy/AmazonEC2ContainerRegistryReadOnly",
            "role": "memo-eks-node-eks-node-group-20250714113104648600000002"
          },
          "sensitive_attributes": [],
          "identity_schema_version": 0,
          "private": "bnVsbA==",
          "dependencies": [
            "module.eks.module.eks_cluster.module.eks_managed_node_group.aws_iam_role.this",
            "module.eks.module.eks_cluster.module.eks_managed_node_group.data.aws_caller_identity.current",
            "module.eks.module.eks_cluster.module.eks_managed_node_group.data.aws_iam_policy_document.assume_role_policy",
            "module.eks.module.eks_cluster.module.eks_managed_node_group.data.aws_partition.current"
          ],
          "create_before_destroy": true
        },
        {
          "index_key": "AmazonEKSWorkerNodePolicy",
          "schema_version": 0,
          "attributes": {
            "id": "memo-eks-node-eks-node-group-20250714113104648600000002-20250714113106797100000004",
            "policy_arn": "arn:aws:iam::aws:policy/AmazonEKSWorkerNodePolicy",
            "role": "memo-eks-node-eks-node-group-20250714113104648600000002"
          },
          "sensitive_attributes": [],
          "identity_schema_version": 0,
          "private": "bnVsbA==",
          "dependencies": [
            "module.eks.module.eks_cluster.module.eks_managed_node_group.aws_iam_role.this",
            "module.eks.module.eks_cluster.module.eks_managed_node_group.data.aws_caller_identity.current",
            "module.eks.module.eks_cluster.module.eks_managed_node_group.data.aws_iam_policy_document.assume_role_policy",
            "module.eks.module.eks_cluster.module.eks_managed_node_group.data.aws_partition.current"
          ],
          "create_before_destroy": true
        },
        {
          "index_key": "AmazonEKS_CNI_Policy",
          "schema_version": 0,
          "attributes": {
            "id": "memo-eks-node-eks-node-group-20250714113104648600000002-20250714113107053800000008",
            "policy_arn": "arn:aws:iam::aws:policy/AmazonEKS_CNI_Policy",
            "role": "memo-eks-node-eks-node-group-20250714113104648600000002"
          },
          "sensitive_attributes": [],
          "identity_schema_version": 0,
          "private": "bnVsbA==",
          "dependencies": [
            "module.eks.module.eks_cluster.module.eks_managed_node_group.aws_iam_role.this",
            "module.eks.module.eks_cluster.module.eks_managed_node_group.data.aws_caller_identity.current",
            "module.eks.module.eks_cluster.module.eks_managed_node_group.data.aws_iam_policy_document.assume_role_policy",
            "module.eks.module.eks_cluster.module.eks_managed_node_group.data.aws_partition.current"
          ],
          "create_before_destroy": true
        }
      ]
    },
    {
      "module": "module.eks.module.eks_cluster.module.eks_managed_node_group[\"memo-eks-node\"]",
      "mode": "managed",
      "type": "aws_launch_template",
      "name": "this",
      "provider": "provider[\"registry.terraform.io/hashicorp/aws\"]",
      "instances": [
        {
          "index_key": 0,
          "schema_version": 0,
          "attributes": {
            "arn": "arn:aws:ec2:ap-northeast-2:571170910853:launch-template/lt-09d544ac09247dec2",
            "block_device_mappings": [],
            "capacity_reservation_specification": [],
            "cpu_options": [],
            "credit_specification": [],
            "default_version": 1,
            "description": "Custom launch template for memo-eks-node EKS managed node group",
            "disable_api_stop": false,
            "disable_api_termination": false,
            "ebs_optimized": "",
            "elastic_gpu_specifications": [],
            "elastic_inference_accelerator": [],
            "enclave_options": [],
            "hibernation_options": [],
            "iam_instance_profile": [],
            "id": "lt-09d544ac09247dec2",
            "image_id": "",
            "instance_initiated_shutdown_behavior": "",
            "instance_market_options": [],
            "instance_requirements": [],
            "instance_type": "",
            "kernel_id": "",
            "key_name": "",
            "latest_version": 1,
            "license_specification": [],
            "maintenance_options": [],
            "metadata_options": [
              {
                "http_endpoint": "enabled",
                "http_protocol_ipv6": "",
                "http_put_response_hop_limit": 2,
                "http_tokens": "required",
                "instance_metadata_tags": ""
              }
            ],
            "monitoring": [
              {
                "enabled": true
              }
            ],
            "name": "memo-eks-node-20250714114010368700000012",
            "name_prefix": "memo-eks-node-",
            "network_interfaces": [],
            "placement": [],
            "private_dns_name_options": [],
            "ram_disk_id": "",
            "security_group_names": [],
            "tag_specifications": [
              {
                "resource_type": "instance",
                "tags": {
                  "Name": "memo-eks-node",
                  "Project": "memo"
                }
              },
              {
                "resource_type": "network-interface",
                "tags": {
                  "Name": "memo-eks-node",
                  "Project": "memo"
                }
              },
              {
                "resource_type": "volume",
                "tags": {
                  "Name": "memo-eks-node",
                  "Project": "memo"
                }
              }
            ],
            "tags": {
              "Project": "memo"
            },
            "tags_all": {
              "Project": "memo"
            },
            "update_default_version": true,
            "user_data": "",
            "vpc_security_group_ids": [
              "sg-0ade5e71d1dd0a1cc"
            ]
          },
          "sensitive_attributes": [],
          "identity_schema_version": 0,
          "private": "bnVsbA==",
          "dependencies": [
            "module.eks.module.eks_cluster.aws_cloudwatch_log_group.this",
            "module.eks.module.eks_cluster.aws_eks_cluster.this",
            "module.eks.module.eks_cluster.aws_iam_policy.cni_ipv6_policy",
            "module.eks.module.eks_cluster.aws_iam_role.eks_auto",
            "module.eks.module.eks_cluster.aws_iam_role.this",
            "module.eks.module.eks_cluster.aws_iam_role_policy_attachment.this",
            "module.eks.module.eks_cluster.aws_security_group.cluster",
            "module.eks.module.eks_cluster.aws_security_group.node",
            "module.eks.module.eks_cluster.aws_security_group_rule.cluster",
            "module.eks.module.eks_cluster.aws_security_group_rule.node",
            "module.eks.module.eks_cluster.data.aws_caller_identity.current",
            "module.eks.module.eks_cluster.data.aws_iam_policy_document.assume_role_policy",
            "module.eks.module.eks_cluster.data.aws_iam_policy_document.cni_ipv6_policy",
            "module.eks.module.eks_cluster.data.aws_iam_policy_document.node_assume_role_policy",
            "module.eks.module.eks_cluster.data.aws_iam_session_context.current",
            "module.eks.module.eks_cluster.data.aws_partition.current",
            "module.eks.module.eks_cluster.module.eks_managed_node_group.aws_iam_role.this",
            "module.eks.module.eks_cluster.module.eks_managed_node_group.aws_iam_role_policy_attachment.additional",
            "module.eks.module.eks_cluster.module.eks_managed_node_group.aws_iam_role_policy_attachment.this",
            "module.eks.module.eks_cluster.module.eks_managed_node_group.aws_placement_group.this",
            "module.eks.module.eks_cluster.module.eks_managed_node_group.data.aws_caller_identity.current",
            "module.eks.module.eks_cluster.module.eks_managed_node_group.data.aws_ec2_instance_type.this",
            "module.eks.module.eks_cluster.module.eks_managed_node_group.data.aws_iam_policy_document.assume_role_policy",
            "module.eks.module.eks_cluster.module.eks_managed_node_group.data.aws_partition.current",
            "module.eks.module.eks_cluster.module.eks_managed_node_group.module.user_data.data.cloudinit_config.al2023_eks_managed_node_group",
            "module.eks.module.eks_cluster.module.eks_managed_node_group.module.user_data.data.cloudinit_config.linux_eks_managed_node_group",
            "module.eks.module.eks_cluster.module.kms.aws_kms_external_key.this",
            "module.eks.module.eks_cluster.module.kms.aws_kms_key.this",
            "module.eks.module.eks_cluster.module.kms.aws_kms_replica_external_key.this",
            "module.eks.module.eks_cluster.module.kms.aws_kms_replica_key.this",
            "module.eks.module.eks_cluster.module.kms.data.aws_caller_identity.current",
            "module.eks.module.eks_cluster.module.kms.data.aws_iam_policy_document.this",
            "module.eks.module.eks_cluster.module.kms.data.aws_partition.current",
            "module.eks.module.eks_cluster.time_sleep.this",
            "module.vpc.aws_subnet.private1",
            "module.vpc.aws_subnet.private2",
            "module.vpc.aws_subnet.private3",
            "module.vpc.aws_subnet.private4",
            "module.vpc.aws_vpc.memo-vpc"
          ],
          "create_before_destroy": true
        }
      ]
    },
    {
      "module": "module.eks.module.eks_cluster.module.eks_managed_node_group[\"memo-eks-node\"]",
      "mode": "managed",
      "type": "aws_placement_group",
      "name": "this",
      "provider": "provider[\"registry.terraform.io/hashicorp/aws\"]",
      "instances": []
    },
    {
      "module": "module.eks.module.eks_cluster.module.eks_managed_node_group[\"memo-eks-node\"].module.user_data",
      "mode": "data",
      "type": "cloudinit_config",
      "name": "al2023_eks_managed_node_group",
      "provider": "provider[\"registry.terraform.io/hashicorp/cloudinit\"]",
      "instances": []
    },
    {
      "module": "module.eks.module.eks_cluster.module.eks_managed_node_group[\"memo-eks-node\"].module.user_data",
      "mode": "data",
      "type": "cloudinit_config",
      "name": "linux_eks_managed_node_group",
      "provider": "provider[\"registry.terraform.io/hashicorp/cloudinit\"]",
      "instances": []
    },
    {
      "module": "module.eks.module.eks_cluster.module.eks_managed_node_group[\"memo-eks-node\"].module.user_data",
      "mode": "managed",
      "type": "null_resource",
      "name": "validate_cluster_service_cidr",
      "provider": "provider[\"registry.terraform.io/hashicorp/null\"]",
      "instances": [
        {
          "schema_version": 0,
          "attributes": {
            "id": "1434517559874463362",
            "triggers": null
          },
          "sensitive_attributes": [],
          "identity_schema_version": 0,
          "dependencies": [
            "module.eks.module.eks_cluster.aws_cloudwatch_log_group.this",
            "module.eks.module.eks_cluster.aws_eks_cluster.this",
            "module.eks.module.eks_cluster.aws_iam_policy.cni_ipv6_policy",
            "module.eks.module.eks_cluster.aws_iam_role.eks_auto",
            "module.eks.module.eks_cluster.aws_iam_role.this",
            "module.eks.module.eks_cluster.aws_iam_role_policy_attachment.this",
            "module.eks.module.eks_cluster.aws_security_group.cluster",
            "module.eks.module.eks_cluster.aws_security_group.node",
            "module.eks.module.eks_cluster.aws_security_group_rule.cluster",
            "module.eks.module.eks_cluster.aws_security_group_rule.node",
            "module.eks.module.eks_cluster.data.aws_caller_identity.current",
            "module.eks.module.eks_cluster.data.aws_iam_policy_document.assume_role_policy",
            "module.eks.module.eks_cluster.data.aws_iam_policy_document.cni_ipv6_policy",
            "module.eks.module.eks_cluster.data.aws_iam_policy_document.node_assume_role_policy",
            "module.eks.module.eks_cluster.data.aws_iam_session_context.current",
            "module.eks.module.eks_cluster.data.aws_partition.current",
            "module.eks.module.eks_cluster.module.kms.aws_kms_external_key.this",
            "module.eks.module.eks_cluster.module.kms.aws_kms_key.this",
            "module.eks.module.eks_cluster.module.kms.aws_kms_replica_external_key.this",
            "module.eks.module.eks_cluster.module.kms.aws_kms_replica_key.this",
            "module.eks.module.eks_cluster.module.kms.data.aws_caller_identity.current",
            "module.eks.module.eks_cluster.module.kms.data.aws_iam_policy_document.this",
            "module.eks.module.eks_cluster.module.kms.data.aws_partition.current",
            "module.eks.module.eks_cluster.time_sleep.this",
            "module.vpc.aws_subnet.private1",
            "module.vpc.aws_subnet.private2",
            "module.vpc.aws_subnet.private3",
            "module.vpc.aws_subnet.private4",
            "module.vpc.aws_vpc.memo-vpc"
          ]
        }
      ]
    },
    {
      "module": "module.eks.module.eks_cluster.module.kms",
      "mode": "data",
      "type": "aws_caller_identity",
      "name": "current",
      "provider": "provider[\"registry.terraform.io/hashicorp/aws\"]",
      "instances": []
    },
    {
      "module": "module.eks.module.eks_cluster.module.kms",
      "mode": "data",
      "type": "aws_iam_policy_document",
      "name": "this",
      "provider": "provider[\"registry.terraform.io/hashicorp/aws\"]",
      "instances": []
    },
    {
      "module": "module.eks.module.eks_cluster.module.kms",
      "mode": "data",
      "type": "aws_partition",
      "name": "current",
      "provider": "provider[\"registry.terraform.io/hashicorp/aws\"]",
      "instances": []
    },
    {
      "module": "module.eks.module.eks_cluster.module.kms",
      "mode": "managed",
      "type": "aws_kms_alias",
      "name": "this",
      "provider": "provider[\"registry.terraform.io/hashicorp/aws\"]",
      "instances": []
    },
    {
      "module": "module.eks.module.eks_cluster.module.kms",
      "mode": "managed",
      "type": "aws_kms_external_key",
      "name": "this",
      "provider": "provider[\"registry.terraform.io/hashicorp/aws\"]",
      "instances": []
    },
    {
      "module": "module.eks.module.eks_cluster.module.kms",
      "mode": "managed",
      "type": "aws_kms_grant",
      "name": "this",
      "provider": "provider[\"registry.terraform.io/hashicorp/aws\"]",
      "instances": []
    },
    {
      "module": "module.eks.module.eks_cluster.module.kms",
      "mode": "managed",
      "type": "aws_kms_key",
      "name": "this",
      "provider": "provider[\"registry.terraform.io/hashicorp/aws\"]",
      "instances": []
    },
    {
      "module": "module.eks.module.eks_cluster.module.kms",
      "mode": "managed",
      "type": "aws_kms_replica_external_key",
      "name": "this",
      "provider": "provider[\"registry.terraform.io/hashicorp/aws\"]",
      "instances": []
    },
    {
      "module": "module.eks.module.eks_cluster.module.kms",
      "mode": "managed",
      "type": "aws_kms_replica_key",
      "name": "this",
      "provider": "provider[\"registry.terraform.io/hashicorp/aws\"]",
      "instances": []
    },
    {
      "module": "module.fluentbit",
      "mode": "managed",
      "type": "helm_release",
      "name": "fluentbit",
      "provider": "provider[\"registry.terraform.io/hashicorp/helm\"]",
      "instances": [
        {
          "schema_version": 2,
          "attributes": {
            "atomic": false,
            "chart": "aws-for-fluent-bit",
            "cleanup_on_fail": false,
            "create_namespace": true,
            "dependency_update": false,
            "description": null,
            "devel": null,
            "disable_crd_hooks": false,
            "disable_openapi_validation": false,
            "disable_webhooks": false,
            "force_update": false,
            "id": "aws-for-fluent-bit",
            "keyring": null,
            "lint": false,
            "manifest": null,
            "max_history": 0,
            "metadata": {
              "app_version": "2.32.2.20240516",
              "chart": "aws-for-fluent-bit",
              "first_deployed": 1752496983,
              "last_deployed": 1752497700,
              "name": "aws-for-fluent-bit",
              "namespace": "amazon-cloudwatch",
              "notes": "aws-for-fluent-bit has been installed or updated. To check the status of pods, run:\n\nkubectl get pods -n amazon-cloudwatch\n",
              "revision": 2,
              "values": "{\"backend\":{\"type\":\"cloudwatch\"},\"cloudWatch\":{\"createLogGroup\":true,\"logGroupName\":\"/aws/eks/cluster-logs\",\"logStreamPrefix\":\"fluent-bit-\"},\"serviceAccount\":{\"create\":false,\"name\":\"fluent-bit-sa\"}}",
              "version": "0.1.35"
            },
            "name": "aws-for-fluent-bit",
            "namespace": "amazon-cloudwatch",
            "pass_credentials": false,
            "postrender": null,
            "recreate_pods": false,
            "render_subchart_notes": true,
            "replace": false,
            "repository": "https://aws.github.io/eks-charts",
            "repository_ca_file": null,
            "repository_cert_file": null,
            "repository_key_file": null,
            "repository_password": null,
            "repository_username": null,
            "reset_values": false,
            "reuse_values": false,
            "set": null,
            "set_list": null,
            "set_sensitive": null,
            "set_wo": null,
            "set_wo_revision": null,
            "skip_crds": false,
            "status": "deployed",
            "timeout": 300,
            "values": [
              "\"backend\":\n  \"type\": \"cloudwatch\"\n\"cloudWatch\":\n  \"createLogGroup\": true\n  \"logGroupName\": \"/aws/eks/cluster-logs\"\n  \"logStreamPrefix\": \"fluent-bit-\"\n\"serviceAccount\":\n  \"create\": false\n  \"name\": \"fluent-bit-sa\"\n"
            ],
            "verify": false,
            "version": "0.1.35",
            "wait": true,
            "wait_for_jobs": false
          },
          "sensitive_attributes": [
            [
              {
                "type": "get_attr",
                "value": "repository_password"
              }
            ]
          ],
          "identity_schema_version": 0,
          "identity": {
            "namespace": "amazon-cloudwatch",
            "release_name": "aws-for-fluent-bit"
          },
          "dependencies": [
            "aws_cloudwatch_log_group.fluentbit",
            "module.fluentbit_irsa.aws_iam_role.this",
            "module.fluentbit_irsa.kubernetes_namespace.this",
            "module.fluentbit_irsa.kubernetes_service_account.this"
          ]
        }
      ]
    },
    {
      "module": "module.fluentbit_irsa",
      "mode": "managed",
      "type": "aws_iam_role",
      "name": "this",
      "provider": "provider[\"registry.terraform.io/hashicorp/aws\"]",
      "instances": [
        {
          "schema_version": 0,
          "attributes": {
            "arn": "arn:aws:iam::571170910853:role/fluent-bit-irsa-role",
            "assume_role_policy": "{\"Statement\":[{\"Action\":\"sts:AssumeRoleWithWebIdentity\",\"Condition\":{\"StringEquals\":{\"https://oidc.eks.ap-northeast-2.amazonaws.com/id/174009068958FC8C33EFD5A601D6A4E8:sub\":\"system:serviceaccount:amazon-cloudwatch:fluent-bit-sa\"}},\"Effect\":\"Allow\",\"Principal\":{\"Federated\":\"arn:aws:iam::123456789012:oidc-provider/oidc.eks.ap-northeast-2.amazonaws.com/id/174009068958FC8C33EFD5A601D6A4E8\"}}],\"Version\":\"2012-10-17\"}",
            "create_date": "2025-07-14T12:37:26Z",
            "description": "",
            "force_detach_policies": false,
            "id": "fluent-bit-irsa-role",
            "inline_policy": [],
            "managed_policy_arns": [
              "arn:aws:iam::aws:policy/CloudWatchAgentServerPolicy"
            ],
            "max_session_duration": 3600,
            "name": "fluent-bit-irsa-role",
            "name_prefix": "",
            "path": "/",
            "permissions_boundary": "",
            "tags": {},
            "tags_all": {},
            "unique_id": "AROAYJ7DQOKC6FRL2YPFO"
          },
          "sensitive_attributes": [],
          "identity_schema_version": 0,
          "private": "bnVsbA=="
        }
      ]
    },
    {
      "module": "module.fluentbit_irsa",
      "mode": "managed",
      "type": "aws_iam_role_policy_attachment",
      "name": "this",
      "provider": "provider[\"registry.terraform.io/hashicorp/aws\"]",
      "instances": [
        {
          "index_key": "arn:aws:iam::aws:policy/CloudWatchAgentServerPolicy",
          "schema_version": 0,
          "attributes": {
            "id": "fluent-bit-irsa-role-20250714123727198600000001",
            "policy_arn": "arn:aws:iam::aws:policy/CloudWatchAgentServerPolicy",
            "role": "fluent-bit-irsa-role"
          },
          "sensitive_attributes": [],
          "identity_schema_version": 0,
          "private": "bnVsbA==",
          "dependencies": [
            "module.fluentbit_irsa.aws_iam_role.this"
          ]
        }
      ]
    },
    {
      "module": "module.fluentbit_irsa",
      "mode": "managed",
      "type": "kubernetes_namespace",
      "name": "this",
      "provider": "provider[\"registry.terraform.io/hashicorp/kubernetes\"]",
      "instances": [
        {
          "schema_version": 0,
          "attributes": {
            "id": "amazon-cloudwatch",
            "metadata": [
              {
                "annotations": {},
                "generate_name": "",
                "generation": 0,
                "labels": {},
                "name": "amazon-cloudwatch",
                "resource_version": "15015",
                "uid": "b72ef725-c31e-4f63-9547-2f3c2b71942b"
              }
            ],
            "timeouts": null,
            "wait_for_default_service_account": false
          },
          "sensitive_attributes": [],
          "identity_schema_version": 0,
          "private": "eyJlMmJmYjczMC1lY2FhLTExZTYtOGY4OC0zNDM2M2JjN2M0YzAiOnsiZGVsZXRlIjozMDAwMDAwMDAwMDB9fQ=="
        }
      ]
    },
    {
      "module": "module.fluentbit_irsa",
      "mode": "managed",
      "type": "kubernetes_service_account",
      "name": "this",
      "provider": "provider[\"registry.terraform.io/hashicorp/kubernetes\"]",
      "instances": [
        {
          "schema_version": 0,
          "attributes": {
            "automount_service_account_token": true,
            "default_secret_name": "",
            "id": "amazon-cloudwatch/fluent-bit-sa",
            "image_pull_secret": [],
            "metadata": [
              {
                "annotations": {
                  "eks.amazonaws.com/role-arn": "arn:aws:iam::571170910853:role/fluent-bit-irsa-role"
                },
                "generate_name": "",
                "generation": 0,
                "labels": {},
                "name": "fluent-bit-sa",
                "namespace": "amazon-cloudwatch",
                "resource_version": "15019",
                "uid": "0443f0c4-ca70-4fbb-895d-5f72d40f14e1"
              }
            ],
            "secret": [],
            "timeouts": null
          },
          "sensitive_attributes": [],
          "identity_schema_version": 0,
          "private": "eyJlMmJmYjczMC1lY2FhLTExZTYtOGY4OC0zNDM2M2JjN2M0YzAiOnsiY3JlYXRlIjozMDAwMDAwMDAwMH19",
          "dependencies": [
            "module.fluentbit_irsa.aws_iam_role.this",
            "module.fluentbit_irsa.kubernetes_namespace.this"
          ]
        }
      ]
    },
    {
      "module": "module.grafana",
      "mode": "managed",
      "type": "helm_release",
      "name": "grafana",
      "provider": "provider[\"registry.terraform.io/hashicorp/helm\"]",
      "instances": [
        {
          "schema_version": 2,
          "attributes": {
            "atomic": false,
            "chart": "grafana",
            "cleanup_on_fail": false,
            "create_namespace": false,
            "dependency_update": false,
            "description": null,
            "devel": null,
            "disable_crd_hooks": false,
            "disable_openapi_validation": false,
            "disable_webhooks": false,
            "force_update": false,
            "id": "grafana",
            "keyring": null,
            "lint": false,
            "manifest": null,
            "max_history": 0,
            "metadata": {
              "app_version": "12.0.2",
              "chart": "grafana",
              "first_deployed": 1752493929,
              "last_deployed": 1752493929,
              "name": "grafana",
              "namespace": "monitoring",
              "notes": "1. Get your 'admin' user password by running:\n\n   kubectl get secret --namespace monitoring grafana -o jsonpath=\"{.data.admin-password}\" | base64 --decode ; echo\n\n\n2. The Grafana server can be accessed via port 80 on the following DNS name from within your cluster:\n\n   grafana.monitoring.svc.cluster.local\n\n   Get the Grafana URL to visit by running these commands in the same shell:\n     export POD_NAME=$(kubectl get pods --namespace monitoring -l \"app.kubernetes.io/name=grafana,app.kubernetes.io/instance=grafana\" -o jsonpath=\"{.items[0].metadata.name}\")\n     kubectl --namespace monitoring port-forward $POD_NAME 3000\n\n3. Login with the password from step 1 and the username: admin\n#################################################################################\n######   WARNING: Persistence is disabled!!! You will lose your data when   #####\n######            the Grafana pod is terminated.                            #####\n#################################################################################\n",
              "revision": 1,
              "values": "{\"adminPassword\":\"admin1234\"}",
              "version": "9.2.10"
            },
            "name": "grafana",
            "namespace": "monitoring",
            "pass_credentials": false,
            "postrender": null,
            "recreate_pods": false,
            "render_subchart_notes": true,
            "replace": false,
            "repository": "https://grafana.github.io/helm-charts",
            "repository_ca_file": null,
            "repository_cert_file": null,
            "repository_key_file": null,
            "repository_password": null,
            "repository_username": null,
            "reset_values": false,
            "reuse_values": false,
            "set": [
              {
                "name": "adminPassword",
                "type": "",
                "value": "admin1234"
              }
            ],
            "set_list": null,
            "set_sensitive": null,
            "set_wo": null,
            "set_wo_revision": null,
            "skip_crds": false,
            "status": "deployed",
            "timeout": 300,
            "values": null,
            "verify": false,
            "version": "9.2.10",
            "wait": true,
            "wait_for_jobs": false
          },
          "sensitive_attributes": [
            [
              {
                "type": "get_attr",
                "value": "repository_password"
              }
            ]
          ],
          "identity_schema_version": 0,
          "identity": {
            "namespace": "monitoring",
            "release_name": "grafana"
          },
          "dependencies": [
            "module.ebs_csi_driver.aws_iam_role.ebs_csi_role",
            "module.ebs_csi_driver.aws_iam_role_policy_attachment.ebs_csi_policy",
            "module.ebs_csi_driver.helm_release.aws_ebs_csi_driver",
            "module.eks.module.eks_cluster.aws_cloudwatch_log_group.this",
            "module.eks.module.eks_cluster.aws_eks_cluster.this",
            "module.eks.module.eks_cluster.aws_iam_openid_connect_provider.oidc_provider",
            "module.eks.module.eks_cluster.aws_iam_policy.cni_ipv6_policy",
            "module.eks.module.eks_cluster.aws_iam_role.eks_auto",
            "module.eks.module.eks_cluster.aws_iam_role.this",
            "module.eks.module.eks_cluster.aws_iam_role_policy_attachment.this",
            "module.eks.module.eks_cluster.aws_security_group.cluster",
            "module.eks.module.eks_cluster.aws_security_group.node",
            "module.eks.module.eks_cluster.aws_security_group_rule.cluster",
            "module.eks.module.eks_cluster.aws_security_group_rule.node",
            "module.eks.module.eks_cluster.data.aws_caller_identity.current",
            "module.eks.module.eks_cluster.data.aws_iam_policy_document.assume_role_policy",
            "module.eks.module.eks_cluster.data.aws_iam_policy_document.cni_ipv6_policy",
            "module.eks.module.eks_cluster.data.aws_iam_policy_document.node_assume_role_policy",
            "module.eks.module.eks_cluster.data.aws_iam_session_context.current",
            "module.eks.module.eks_cluster.data.aws_partition.current",
            "module.eks.module.eks_cluster.data.tls_certificate.this",
            "module.eks.module.eks_cluster.module.kms.aws_kms_external_key.this",
            "module.eks.module.eks_cluster.module.kms.aws_kms_key.this",
            "module.eks.module.eks_cluster.module.kms.aws_kms_replica_external_key.this",
            "module.eks.module.eks_cluster.module.kms.aws_kms_replica_key.this",
            "module.eks.module.eks_cluster.module.kms.data.aws_caller_identity.current",
            "module.eks.module.eks_cluster.module.kms.data.aws_iam_policy_document.this",
            "module.eks.module.eks_cluster.module.kms.data.aws_partition.current",
            "module.prometheus.helm_release.prometheus",
            "module.vpc.aws_subnet.private1",
            "module.vpc.aws_subnet.private2",
            "module.vpc.aws_subnet.private3",
            "module.vpc.aws_subnet.private4",
            "module.vpc.aws_vpc.memo-vpc"
          ]
        }
      ]
    },
    {
      "module": "module.iam",
      "mode": "managed",
      "type": "aws_iam_role",
      "name": "eks_admin_role",
      "provider": "provider[\"registry.terraform.io/hashicorp/aws\"]",
      "instances": [
        {
          "schema_version": 0,
          "attributes": {
            "arn": "arn:aws:iam::571170910853:role/eks-admin-role",
            "assume_role_policy": "{\"Statement\":[{\"Action\":\"sts:AssumeRole\",\"Effect\":\"Allow\",\"Principal\":{\"AWS\":\"arn:aws:iam::571170910853:user/lion3team04\"}}],\"Version\":\"2012-10-17\"}",
            "create_date": "2025-07-14T11:31:05Z",
            "description": "",
            "force_detach_policies": false,
            "id": "eks-admin-role",
            "inline_policy": [],
            "managed_policy_arns": [
              "arn:aws:iam::aws:policy/AdministratorAccess"
            ],
            "max_session_duration": 3600,
            "name": "eks-admin-role",
            "name_prefix": "",
            "path": "/",
            "permissions_boundary": "",
            "tags": {
              "Project": "memo"
            },
            "tags_all": {
              "Project": "memo"
            },
            "unique_id": "AROAYJ7DQOKCXQBEXPZWM"
          },
          "sensitive_attributes": [],
          "identity_schema_version": 0,
          "private": "bnVsbA=="
        }
      ]
    },
    {
      "module": "module.iam",
      "mode": "managed",
      "type": "aws_iam_role_policy_attachment",
      "name": "eks_admin_role_policy",
      "provider": "provider[\"registry.terraform.io/hashicorp/aws\"]",
      "instances": [
        {
          "schema_version": 0,
          "attributes": {
            "id": "eks-admin-role-20250714113106818200000007",
            "policy_arn": "arn:aws:iam::aws:policy/AdministratorAccess",
            "role": "eks-admin-role"
          },
          "sensitive_attributes": [],
          "identity_schema_version": 0,
          "private": "bnVsbA==",
          "dependencies": [
            "module.iam.aws_iam_role.eks_admin_role"
          ]
        }
      ]
    },
    {
      "module": "module.irsa_argocd",
      "mode": "managed",
      "type": "aws_iam_role",
      "name": "this",
      "provider": "provider[\"registry.terraform.io/hashicorp/aws\"]",
      "instances": [
        {
          "schema_version": 0,
          "attributes": {
            "arn": "arn:aws:iam::571170910853:role/argocd-irsa-role",
            "assume_role_policy": "{\"Statement\":[{\"Action\":\"sts:AssumeRoleWithWebIdentity\",\"Condition\":{\"StringEquals\":{\"oidc.eks.ap-northeast-2.amazonaws.com/id/174009068958FC8C33EFD5A601D6A4E8:sub\":\"system:serviceaccount:argocd:argocd-service-account\"}},\"Effect\":\"Allow\",\"Principal\":{\"Federated\":\"arn:aws:iam::727646470302:oidc-provider/oidc.eks.ap-northeast-2.amazonaws.com/id/174009068958FC8C33EFD5A601D6A4E8\"}}],\"Version\":\"2012-10-17\"}",
            "create_date": "2025-07-14T11:45:10Z",
            "description": "",
            "force_detach_policies": false,
            "id": "argocd-irsa-role",
            "inline_policy": [],
            "managed_policy_arns": [
              "arn:aws:iam::aws:policy/AdministratorAccess"
            ],
            "max_session_duration": 3600,
            "name": "argocd-irsa-role",
            "name_prefix": "",
            "path": "/",
            "permissions_boundary": "",
            "tags": {
              "Name": "argocd-irsa-role"
            },
            "tags_all": {
              "Name": "argocd-irsa-role"
            },
            "unique_id": "AROAYJ7DQOKC3KPDPAV2H"
          },
          "sensitive_attributes": [],
          "identity_schema_version": 0,
          "private": "bnVsbA=="
        }
      ]
    },
    {
      "module": "module.irsa_argocd",
      "mode": "managed",
      "type": "aws_iam_role_policy_attachment",
      "name": "admin_policy",
      "provider": "provider[\"registry.terraform.io/hashicorp/aws\"]",
      "instances": [
        {
          "schema_version": 0,
          "attributes": {
            "id": "argocd-irsa-role-20250714114511628800000001",
            "policy_arn": "arn:aws:iam::aws:policy/AdministratorAccess",
            "role": "argocd-irsa-role"
          },
          "sensitive_attributes": [],
          "identity_schema_version": 0,
          "private": "bnVsbA==",
          "dependencies": [
            "module.irsa_argocd.aws_iam_role.this"
          ]
        }
      ]
    },
    {
      "module": "module.prometheus",
      "mode": "managed",
      "type": "helm_release",
      "name": "prometheus",
      "provider": "provider[\"registry.terraform.io/hashicorp/helm\"]",
      "instances": [
        {
          "schema_version": 2,
          "attributes": {
            "atomic": false,
            "chart": "kube-prometheus-stack",
            "cleanup_on_fail": false,
            "create_namespace": true,
            "dependency_update": false,
            "description": null,
            "devel": null,
            "disable_crd_hooks": false,
            "disable_openapi_validation": false,
            "disable_webhooks": false,
            "force_update": false,
            "id": "prometheus",
            "keyring": null,
            "lint": false,
            "manifest": null,
            "max_history": 0,
            "metadata": {
              "app_version": "v0.83.0",
              "chart": "kube-prometheus-stack",
              "first_deployed": 1752493885,
              "last_deployed": 1752493885,
              "name": "prometheus",
              "namespace": "monitoring",
              "notes": "kube-state-metrics is a simple service that listens to the Kubernetes API server and generates metrics about the state of the objects.\nThe exposed metrics can be found here:\nhttps://github.com/kubernetes/kube-state-metrics/blob/master/docs/README.md#exposed-metrics\n\nThe metrics are exported on the HTTP endpoint /metrics on the listening port.\nIn your case, prometheus-kube-state-metrics.monitoring.svc.cluster.local:8080/metrics\n\nThey are served either as plaintext or protobuf depending on the Accept header.\nThey are designed to be consumed either by Prometheus itself or by a scraper that is compatible with scraping a Prometheus client endpoint.\n\n1. Get the application URL by running these commands:\n  export POD_NAME=$(kubectl get pods --namespace monitoring -l \"app.kubernetes.io/name=prometheus-node-exporter,app.kubernetes.io/instance=prometheus\" -o jsonpath=\"{.items[0].metadata.name}\")\n  echo \"Visit http://127.0.0.1:9100 to use your application\"\n  kubectl port-forward --namespace monitoring $POD_NAME 9100\nkube-prometheus-stack has been installed. Check its status by running:\n  kubectl --namespace monitoring get pods -l \"release=prometheus\"\n\nGet Grafana 'admin' user password by running:\n\n  kubectl --namespace monitoring get secrets prometheus-grafana -o jsonpath=\"{.data.admin-password}\" | base64 -d ; echo\n\nAccess Grafana local instance:\n\n  export POD_NAME=$(kubectl --namespace monitoring get pod -l \"app.kubernetes.io/name=grafana,app.kubernetes.io/instance=prometheus\" -oname)\n  kubectl --namespace monitoring port-forward $POD_NAME 3000\n\nVisit https://github.com/prometheus-operator/kube-prometheus for instructions on how to create \u0026 configure Alertmanager and Prometheus instances using the Operator.\n",
              "revision": 1,
              "values": "{\"grafana\":{\"enabled\":false}}",
              "version": "75.10.0"
            },
            "name": "prometheus",
            "namespace": "monitoring",
            "pass_credentials": false,
            "postrender": null,
            "recreate_pods": false,
            "render_subchart_notes": true,
            "replace": false,
            "repository": "https://prometheus-community.github.io/helm-charts",
            "repository_ca_file": null,
            "repository_cert_file": null,
            "repository_key_file": null,
            "repository_password": null,
            "repository_username": null,
            "reset_values": false,
            "reuse_values": false,
            "set": [
              {
                "name": "grafana.enabled",
                "type": "",
                "value": "false"
              }
            ],
            "set_list": null,
            "set_sensitive": null,
            "set_wo": null,
            "set_wo_revision": null,
            "skip_crds": false,
            "status": "deployed",
            "timeout": 300,
            "values": null,
            "verify": false,
            "version": "75.10.0",
            "wait": true,
            "wait_for_jobs": false
          },
          "sensitive_attributes": [
            [
              {
                "type": "get_attr",
                "value": "repository_password"
              }
            ]
          ],
          "identity_schema_version": 0,
          "identity": {
            "namespace": "monitoring",
            "release_name": "prometheus"
          },
          "dependencies": [
            "module.ebs_csi_driver.aws_iam_role.ebs_csi_role",
            "module.ebs_csi_driver.aws_iam_role_policy_attachment.ebs_csi_policy",
            "module.ebs_csi_driver.helm_release.aws_ebs_csi_driver",
            "module.eks.module.eks_cluster.aws_cloudwatch_log_group.this",
            "module.eks.module.eks_cluster.aws_eks_cluster.this",
            "module.eks.module.eks_cluster.aws_iam_openid_connect_provider.oidc_provider",
            "module.eks.module.eks_cluster.aws_iam_policy.cni_ipv6_policy",
            "module.eks.module.eks_cluster.aws_iam_role.eks_auto",
            "module.eks.module.eks_cluster.aws_iam_role.this",
            "module.eks.module.eks_cluster.aws_iam_role_policy_attachment.this",
            "module.eks.module.eks_cluster.aws_security_group.cluster",
            "module.eks.module.eks_cluster.aws_security_group.node",
            "module.eks.module.eks_cluster.aws_security_group_rule.cluster",
            "module.eks.module.eks_cluster.aws_security_group_rule.node",
            "module.eks.module.eks_cluster.data.aws_caller_identity.current",
            "module.eks.module.eks_cluster.data.aws_iam_policy_document.assume_role_policy",
            "module.eks.module.eks_cluster.data.aws_iam_policy_document.cni_ipv6_policy",
            "module.eks.module.eks_cluster.data.aws_iam_policy_document.node_assume_role_policy",
            "module.eks.module.eks_cluster.data.aws_iam_session_context.current",
            "module.eks.module.eks_cluster.data.aws_partition.current",
            "module.eks.module.eks_cluster.data.tls_certificate.this",
            "module.eks.module.eks_cluster.module.kms.aws_kms_external_key.this",
            "module.eks.module.eks_cluster.module.kms.aws_kms_key.this",
            "module.eks.module.eks_cluster.module.kms.aws_kms_replica_external_key.this",
            "module.eks.module.eks_cluster.module.kms.aws_kms_replica_key.this",
            "module.eks.module.eks_cluster.module.kms.data.aws_caller_identity.current",
            "module.eks.module.eks_cluster.module.kms.data.aws_iam_policy_document.this",
            "module.eks.module.eks_cluster.module.kms.data.aws_partition.current",
            "module.vpc.aws_subnet.private1",
            "module.vpc.aws_subnet.private2",
            "module.vpc.aws_subnet.private3",
            "module.vpc.aws_subnet.private4",
            "module.vpc.aws_vpc.memo-vpc"
          ]
        }
      ]
    },
    {
      "module": "module.rds",
      "mode": "managed",
      "type": "aws_db_instance",
      "name": "memo_rds",
      "provider": "provider[\"registry.terraform.io/hashicorp/aws\"]",
      "instances": [
        {
          "schema_version": 2,
          "attributes": {
            "address": "memo-mysql.crwimwa2i3jb.ap-northeast-2.rds.amazonaws.com",
            "allocated_storage": 20,
            "allow_major_version_upgrade": null,
            "apply_immediately": false,
            "arn": "arn:aws:rds:ap-northeast-2:571170910853:db:memo-mysql",
            "auto_minor_version_upgrade": true,
            "availability_zone": "ap-northeast-2d",
            "backup_retention_period": 0,
            "backup_target": "region",
            "backup_window": "17:02-17:32",
            "blue_green_update": [],
            "ca_cert_identifier": "rds-ca-rsa2048-g1",
            "character_set_name": "",
            "copy_tags_to_snapshot": false,
            "custom_iam_instance_profile": "",
            "customer_owned_ip_enabled": false,
            "database_insights_mode": "standard",
            "db_name": "memo",
            "db_subnet_group_name": "memo-mysql-subnet-group",
            "dedicated_log_volume": false,
            "delete_automated_backups": true,
            "deletion_protection": false,
            "domain": "",
            "domain_auth_secret_arn": "",
            "domain_dns_ips": [],
            "domain_fqdn": "",
            "domain_iam_role_name": "",
            "domain_ou": "",
            "enabled_cloudwatch_logs_exports": [],
            "endpoint": "memo-mysql.crwimwa2i3jb.ap-northeast-2.rds.amazonaws.com:3306",
            "engine": "mysql",
            "engine_lifecycle_support": "open-source-rds-extended-support",
            "engine_version": "8.0.36",
            "engine_version_actual": "8.0.36",
            "final_snapshot_identifier": null,
            "hosted_zone_id": "ZLA2NUCOLGUUR",
            "iam_database_authentication_enabled": false,
            "id": "db-ATVKIWYZ67SBDPPTQVJMXDQSBM",
            "identifier": "memo-mysql",
            "identifier_prefix": "",
            "instance_class": "db.t3.small",
            "iops": 0,
            "kms_key_id": "",
            "latest_restorable_time": "",
            "license_model": "general-public-license",
            "listener_endpoint": [],
            "maintenance_window": "fri:13:12-fri:13:42",
            "manage_master_user_password": null,
            "master_user_secret": [],
            "master_user_secret_kms_key_id": null,
            "max_allocated_storage": 0,
            "monitoring_interval": 0,
            "monitoring_role_arn": "",
            "multi_az": false,
            "nchar_character_set_name": "",
            "network_type": "IPV4",
            "option_group_name": "default:mysql-8-0",
            "parameter_group_name": "default.mysql8.0",
            "password": "memomemomim",
            "password_wo": null,
            "password_wo_version": null,
            "performance_insights_enabled": false,
            "performance_insights_kms_key_id": "",
            "performance_insights_retention_period": 0,
            "port": 3306,
            "publicly_accessible": false,
            "replica_mode": "",
            "replicas": [],
            "replicate_source_db": "",
            "resource_id": "db-ATVKIWYZ67SBDPPTQVJMXDQSBM",
            "restore_to_point_in_time": [],
            "s3_import": [],
            "skip_final_snapshot": true,
            "snapshot_identifier": null,
            "status": "available",
            "storage_encrypted": false,
            "storage_throughput": 0,
            "storage_type": "gp2",
            "tags": {
              "Environment": "dev",
              "Project": "memo"
            },
            "tags_all": {
              "Environment": "dev",
              "Project": "memo"
            },
            "timeouts": null,
            "timezone": "",
            "upgrade_storage_config": null,
            "username": "memo",
            "vpc_security_group_ids": [
              "sg-07cdd84ce9953e24c"
            ]
          },
          "sensitive_attributes": [
            [
              {
                "type": "get_attr",
                "value": "password"
              }
            ],
            [
              {
                "type": "get_attr",
                "value": "password_wo"
              }
            ]
          ],
          "identity_schema_version": 0,
          "private": "eyJlMmJmYjczMC1lY2FhLTExZTYtOGY4OC0zNDM2M2JjN2M0YzAiOnsiY3JlYXRlIjozMDAwMDAwMDAwMDAwLCJkZWxldGUiOjM2MDAwMDAwMDAwMDAsInVwZGF0ZSI6NDgwMDAwMDAwMDAwMH0sInNjaGVtYV92ZXJzaW9uIjoiMiJ9",
          "dependencies": [
            "module.eks.module.eks_cluster.aws_security_group.cluster",
            "module.rds.aws_db_subnet_group.memo_rds",
            "module.rds.aws_security_group.memo_rds",
            "module.vpc.aws_subnet.private1",
            "module.vpc.aws_subnet.private2",
            "module.vpc.aws_subnet.private3",
            "module.vpc.aws_subnet.private4",
            "module.vpc.aws_vpc.memo-vpc"
          ]
        }
      ]
    },
    {
      "module": "module.rds",
      "mode": "managed",
      "type": "aws_db_subnet_group",
      "name": "memo_rds",
      "provider": "provider[\"registry.terraform.io/hashicorp/aws\"]",
      "instances": [
        {
          "schema_version": 0,
          "attributes": {
            "arn": "arn:aws:rds:ap-northeast-2:571170910853:subgrp:memo-mysql-subnet-group",
            "description": "Managed by Terraform",
            "id": "memo-mysql-subnet-group",
            "name": "memo-mysql-subnet-group",
            "name_prefix": "",
            "subnet_ids": [
              "subnet-0629fd7599881cd41",
              "subnet-07985ed674744ac71",
              "subnet-0adb18616eafd1a4d",
              "subnet-0b94201291289c831"
            ],
            "supported_network_types": [
              "IPV4"
            ],
            "tags": {
              "Environment": "dev",
              "Project": "memo"
            },
            "tags_all": {
              "Environment": "dev",
              "Project": "memo"
            },
            "vpc_id": "vpc-08900a176ad9d460d"
          },
          "sensitive_attributes": [],
          "identity_schema_version": 0,
          "private": "bnVsbA==",
          "dependencies": [
            "module.vpc.aws_subnet.private1",
            "module.vpc.aws_subnet.private2",
            "module.vpc.aws_subnet.private3",
            "module.vpc.aws_subnet.private4",
            "module.vpc.aws_vpc.memo-vpc"
          ]
        }
      ]
    },
    {
      "module": "module.rds",
      "mode": "managed",
      "type": "aws_security_group",
      "name": "memo_rds",
      "provider": "provider[\"registry.terraform.io/hashicorp/aws\"]",
      "instances": [
        {
          "schema_version": 1,
          "attributes": {
            "arn": "arn:aws:ec2:ap-northeast-2:571170910853:security-group/sg-07cdd84ce9953e24c",
            "description": "Managed by Terraform",
            "egress": [
              {
                "cidr_blocks": [
                  "10.0.0.0/16"
                ],
                "description": "",
                "from_port": 3306,
                "ipv6_cidr_blocks": [],
                "prefix_list_ids": [],
                "protocol": "tcp",
                "security_groups": [],
                "self": false,
                "to_port": 3306
              }
            ],
            "id": "sg-07cdd84ce9953e24c",
            "ingress": [
              {
                "cidr_blocks": [],
                "description": "",
                "from_port": 3306,
                "ipv6_cidr_blocks": [],
                "prefix_list_ids": [],
                "protocol": "tcp",
                "security_groups": [
                  "sg-0ac04fdec51a2fcc1"
                ],
                "self": false,
                "to_port": 3306
              }
            ],
            "name": "memo-rds-sg-2025071411311968120000000f",
            "name_prefix": "memo-rds-sg-",
            "owner_id": "571170910853",
            "revoke_rules_on_delete": false,
            "tags": {
              "Environment": "dev",
              "Project": "memo"
            },
            "tags_all": {
              "Environment": "dev",
              "Project": "memo"
            },
            "timeouts": null,
            "vpc_id": "vpc-08900a176ad9d460d"
          },
          "sensitive_attributes": [],
          "identity_schema_version": 0,
          "private": "eyJlMmJmYjczMC1lY2FhLTExZTYtOGY4OC0zNDM2M2JjN2M0YzAiOnsiY3JlYXRlIjo2MDAwMDAwMDAwMDAsImRlbGV0ZSI6OTAwMDAwMDAwMDAwfSwic2NoZW1hX3ZlcnNpb24iOiIxIn0=",
          "dependencies": [
            "module.eks.module.eks_cluster.aws_security_group.cluster",
            "module.vpc.aws_vpc.memo-vpc"
          ]
        }
      ]
    },
    {
      "module": "module.redis_helm",
      "mode": "managed",
      "type": "helm_release",
      "name": "redis",
      "provider": "provider[\"registry.terraform.io/hashicorp/helm\"]",
      "instances": [
        {
          "schema_version": 2,
          "attributes": {
            "atomic": false,
            "chart": "redis",
            "cleanup_on_fail": false,
            "create_namespace": false,
            "dependency_update": false,
            "description": null,
            "devel": null,
            "disable_crd_hooks": false,
            "disable_openapi_validation": false,
            "disable_webhooks": false,
            "force_update": false,
            "id": "redis-app",
            "keyring": null,
            "lint": false,
            "manifest": null,
            "max_history": 0,
            "metadata": {
              "app_version": "7.2.0",
              "chart": "redis",
              "first_deployed": 1752493889,
              "last_deployed": 1752493889,
              "name": "redis-app",
              "namespace": "default",
              "notes": "CHART NAME: redis\nCHART VERSION: 18.0.0\nAPP VERSION: 7.2.0\n\n** Please be patient while the chart is being deployed **\n\nRedis\u0026reg; can be accessed on the following DNS names from within your cluster:\n\n    redis-app-master.default.svc.cluster.local for read/write operations (port 6379)\n    redis-app-replicas.default.svc.cluster.local for read-only operations (port 6379)\n\n\n\nTo connect to your Redis\u0026reg; server:\n\n1. Run a Redis\u0026reg; pod that you can use as a client:\n\n   kubectl run --namespace default redis-client --restart='Never'  --image docker.io/bitnami/redis:7.2.0-debian-11-r0 --command -- sleep infinity\n\n   Use the following command to attach to the pod:\n\n   kubectl exec --tty -i redis-client \\\n   --namespace default -- bash\n\n2. Connect using the Redis\u0026reg; CLI:\n   redis-cli -h redis-app-master\n   redis-cli -h redis-app-replicas\n\nTo connect to your database from outside the cluster execute the following commands:\n\n    kubectl port-forward --namespace default svc/redis-app-master 6379:6379 \u0026\n    redis-cli -h 127.0.0.1 -p 6379\n",
              "revision": 1,
              "values": "{\"auth\":{\"enabled\":false},\"master\":{\"persistence\":{\"enabled\":true}},\"replica\":{\"replicaCount\":1}}",
              "version": "18.0.0"
            },
            "name": "redis-app",
            "namespace": "default",
            "pass_credentials": false,
            "postrender": null,
            "recreate_pods": false,
            "render_subchart_notes": true,
            "replace": false,
            "repository": "https://charts.bitnami.com/bitnami",
            "repository_ca_file": null,
            "repository_cert_file": null,
            "repository_key_file": null,
            "repository_password": null,
            "repository_username": null,
            "reset_values": false,
            "reuse_values": false,
            "set": [
              {
                "name": "auth.enabled",
                "type": "",
                "value": "false"
              },
              {
                "name": "master.persistence.enabled",
                "type": "",
                "value": "true"
              },
              {
                "name": "replica.replicaCount",
                "type": "",
                "value": "1"
              }
            ],
            "set_list": null,
            "set_sensitive": null,
            "set_wo": null,
            "set_wo_revision": null,
            "skip_crds": false,
            "status": "deployed",
            "timeout": 300,
            "values": null,
            "verify": false,
            "version": "18.0.0",
            "wait": false,
            "wait_for_jobs": false
          },
          "sensitive_attributes": [
            [
              {
                "type": "get_attr",
                "value": "repository_password"
              }
            ]
          ],
          "identity_schema_version": 0,
          "identity": {
            "namespace": "default",
            "release_name": "redis-app"
          },
          "dependencies": [
            "module.ebs_csi_driver.aws_iam_role.ebs_csi_role",
            "module.ebs_csi_driver.aws_iam_role_policy_attachment.ebs_csi_policy",
            "module.ebs_csi_driver.helm_release.aws_ebs_csi_driver",
            "module.eks.module.eks_cluster.aws_cloudwatch_log_group.this",
            "module.eks.module.eks_cluster.aws_eks_cluster.this",
            "module.eks.module.eks_cluster.aws_iam_openid_connect_provider.oidc_provider",
            "module.eks.module.eks_cluster.aws_iam_policy.cni_ipv6_policy",
            "module.eks.module.eks_cluster.aws_iam_role.eks_auto",
            "module.eks.module.eks_cluster.aws_iam_role.this",
            "module.eks.module.eks_cluster.aws_iam_role_policy_attachment.this",
            "module.eks.module.eks_cluster.aws_security_group.cluster",
            "module.eks.module.eks_cluster.aws_security_group.node",
            "module.eks.module.eks_cluster.aws_security_group_rule.cluster",
            "module.eks.module.eks_cluster.aws_security_group_rule.node",
            "module.eks.module.eks_cluster.data.aws_caller_identity.current",
            "module.eks.module.eks_cluster.data.aws_iam_policy_document.assume_role_policy",
            "module.eks.module.eks_cluster.data.aws_iam_policy_document.cni_ipv6_policy",
            "module.eks.module.eks_cluster.data.aws_iam_policy_document.node_assume_role_policy",
            "module.eks.module.eks_cluster.data.aws_iam_session_context.current",
            "module.eks.module.eks_cluster.data.aws_partition.current",
            "module.eks.module.eks_cluster.data.tls_certificate.this",
            "module.eks.module.eks_cluster.module.kms.aws_kms_external_key.this",
            "module.eks.module.eks_cluster.module.kms.aws_kms_key.this",
            "module.eks.module.eks_cluster.module.kms.aws_kms_replica_external_key.this",
            "module.eks.module.eks_cluster.module.kms.aws_kms_replica_key.this",
            "module.eks.module.eks_cluster.module.kms.data.aws_caller_identity.current",
            "module.eks.module.eks_cluster.module.kms.data.aws_iam_policy_document.this",
            "module.eks.module.eks_cluster.module.kms.data.aws_partition.current",
            "module.vpc.aws_subnet.private1",
            "module.vpc.aws_subnet.private2",
            "module.vpc.aws_subnet.private3",
            "module.vpc.aws_subnet.private4",
            "module.vpc.aws_vpc.memo-vpc"
          ]
        }
      ]
    },
    {
      "module": "module.s3",
      "mode": "managed",
      "type": "aws_s3_bucket",
      "name": "memo_bucket",
      "provider": "provider[\"registry.terraform.io/hashicorp/aws\"]",
      "instances": [
        {
          "schema_version": 0,
          "attributes": {
            "acceleration_status": "",
            "acl": null,
            "arn": "arn:aws:s3:::bu12k3e45t6",
            "bucket": "bu12k3e45t6",
            "bucket_domain_name": "bu12k3e45t6.s3.amazonaws.com",
            "bucket_prefix": "",
            "bucket_regional_domain_name": "bu12k3e45t6.s3.ap-northeast-2.amazonaws.com",
            "cors_rule": [],
            "force_destroy": false,
            "grant": [
              {
                "id": "4d96b9226e71ba0e8f8d0c26a407366ca8fbec604d4bc538190107ed0d1d9a6a",
                "permissions": [
                  "FULL_CONTROL"
                ],
                "type": "CanonicalUser",
                "uri": ""
              }
            ],
            "hosted_zone_id": "Z3W03O7B5YMIYP",
            "id": "bu12k3e45t6",
            "lifecycle_rule": [],
            "logging": [],
            "object_lock_configuration": [],
            "object_lock_enabled": false,
            "policy": "",
            "region": "ap-northeast-2",
            "replication_configuration": [],
            "request_payer": "BucketOwner",
            "server_side_encryption_configuration": [
              {
                "rule": [
                  {
                    "apply_server_side_encryption_by_default": [
                      {
                        "kms_master_key_id": "",
                        "sse_algorithm": "AES256"
                      }
                    ],
                    "bucket_key_enabled": false
                  }
                ]
              }
            ],
            "tags": {
              "Environment": "dev",
              "Project": "memo"
            },
            "tags_all": {
              "Environment": "dev",
              "Project": "memo"
            },
            "timeouts": null,
            "versioning": [
              {
                "enabled": true,
                "mfa_delete": false
              }
            ],
            "website": [],
            "website_domain": null,
            "website_endpoint": null
          },
          "sensitive_attributes": [],
          "identity_schema_version": 0,
          "private": "eyJlMmJmYjczMC1lY2FhLTExZTYtOGY4OC0zNDM2M2JjN2M0YzAiOnsiY3JlYXRlIjoxMjAwMDAwMDAwMDAwLCJkZWxldGUiOjM2MDAwMDAwMDAwMDAsInJlYWQiOjEyMDAwMDAwMDAwMDAsInVwZGF0ZSI6MTIwMDAwMDAwMDAwMH19"
        }
      ]
    },
    {
      "module": "module.s3",
      "mode": "managed",
      "type": "aws_s3_bucket_policy",
      "name": "memo_bucket_policy",
      "provider": "provider[\"registry.terraform.io/hashicorp/aws\"]",
      "instances": []
    },
    {
      "module": "module.s3",
      "mode": "managed",
      "type": "aws_s3_bucket_public_access_block",
      "name": "memo_bucket_public_access_block",
      "provider": "provider[\"registry.terraform.io/hashicorp/aws\"]",
      "instances": [
        {
          "schema_version": 0,
          "attributes": {
            "block_public_acls": true,
            "block_public_policy": true,
            "bucket": "bu12k3e45t6",
            "id": "bu12k3e45t6",
            "ignore_public_acls": true,
            "restrict_public_buckets": true
          },
          "sensitive_attributes": [],
          "identity_schema_version": 0,
          "private": "bnVsbA==",
          "dependencies": [
            "module.s3.aws_s3_bucket.memo_bucket"
          ]
        }
      ]
    },
    {
      "module": "module.s3",
      "mode": "managed",
      "type": "aws_s3_bucket_server_side_encryption_configuration",
      "name": "memo_bucket_encryption",
      "provider": "provider[\"registry.terraform.io/hashicorp/aws\"]",
      "instances": [
        {
          "schema_version": 0,
          "attributes": {
            "bucket": "bu12k3e45t6",
            "expected_bucket_owner": "",
            "id": "bu12k3e45t6",
            "rule": [
              {
                "apply_server_side_encryption_by_default": [
                  {
                    "kms_master_key_id": "",
                    "sse_algorithm": "AES256"
                  }
                ],
                "bucket_key_enabled": false
              }
            ]
          },
          "sensitive_attributes": [],
          "identity_schema_version": 0,
          "private": "bnVsbA==",
          "dependencies": [
            "module.s3.aws_s3_bucket.memo_bucket"
          ]
        }
      ]
    },
    {
      "module": "module.s3",
      "mode": "managed",
      "type": "aws_s3_bucket_versioning",
      "name": "memo_bucket_versioning",
      "provider": "provider[\"registry.terraform.io/hashicorp/aws\"]",
      "instances": [
        {
          "schema_version": 0,
          "attributes": {
            "bucket": "bu12k3e45t6",
            "expected_bucket_owner": "",
            "id": "bu12k3e45t6",
            "mfa": null,
            "versioning_configuration": [
              {
                "mfa_delete": "",
                "status": "Enabled"
              }
            ]
          },
          "sensitive_attributes": [],
          "identity_schema_version": 0,
          "private": "bnVsbA==",
          "dependencies": [
            "module.s3.aws_s3_bucket.memo_bucket"
          ]
        }
      ]
    },
    {
      "module": "module.vpc",
      "mode": "managed",
      "type": "aws_eip",
      "name": "nat_eip",
      "provider": "provider[\"registry.terraform.io/hashicorp/aws\"]",
      "instances": [
        {
          "schema_version": 0,
          "attributes": {
            "address": null,
            "allocation_id": "eipalloc-01abdd570842edfa0",
            "arn": "arn:aws:ec2:ap-northeast-2:571170910853:elastic-ip/eipalloc-01abdd570842edfa0",
            "associate_with_private_ip": null,
            "association_id": "eipassoc-050bc3bc0a4725995",
            "carrier_ip": "",
            "customer_owned_ip": "",
            "customer_owned_ipv4_pool": "",
            "domain": "vpc",
            "id": "eipalloc-01abdd570842edfa0",
            "instance": "",
            "ipam_pool_id": null,
            "network_border_group": "ap-northeast-2",
            "network_interface": "eni-0f3743a8908b8148b",
            "private_dns": "ip-10-0-1-112.ap-northeast-2.compute.internal",
            "private_ip": "10.0.1.112",
            "ptr_record": "",
            "public_dns": "ec2-15-165-123-205.ap-northeast-2.compute.amazonaws.com",
            "public_ip": "15.165.123.205",
            "public_ipv4_pool": "amazon",
            "tags": {
              "Name": "memo-vpc-nat-eip"
            },
            "tags_all": {
              "Name": "memo-vpc-nat-eip"
            },
            "timeouts": null,
            "vpc": true
          },
          "sensitive_attributes": [],
          "identity_schema_version": 0,
          "private": "eyJlMmJmYjczMC1lY2FhLTExZTYtOGY4OC0zNDM2M2JjN2M0YzAiOnsiZGVsZXRlIjoxODAwMDAwMDAwMDAsInJlYWQiOjkwMDAwMDAwMDAwMCwidXBkYXRlIjozMDAwMDAwMDAwMDB9fQ=="
        }
      ]
    },
    {
      "module": "module.vpc",
      "mode": "managed",
      "type": "aws_internet_gateway",
      "name": "igw",
      "provider": "provider[\"registry.terraform.io/hashicorp/aws\"]",
      "instances": [
        {
          "schema_version": 0,
          "attributes": {
            "arn": "arn:aws:ec2:ap-northeast-2:571170910853:internet-gateway/igw-035a8e3582fe294ef",
            "id": "igw-035a8e3582fe294ef",
            "owner_id": "571170910853",
            "tags": {
              "Name": "memo-vpc-igw"
            },
            "tags_all": {
              "Name": "memo-vpc-igw"
            },
            "timeouts": null,
            "vpc_id": "vpc-08900a176ad9d460d"
          },
          "sensitive_attributes": [],
          "identity_schema_version": 0,
          "private": "eyJlMmJmYjczMC1lY2FhLTExZTYtOGY4OC0zNDM2M2JjN2M0YzAiOnsiY3JlYXRlIjoxMjAwMDAwMDAwMDAwLCJkZWxldGUiOjEyMDAwMDAwMDAwMDAsInVwZGF0ZSI6MTIwMDAwMDAwMDAwMH19",
          "dependencies": [
            "module.vpc.aws_vpc.memo-vpc"
          ]
        }
      ]
    },
    {
      "module": "module.vpc",
      "mode": "managed",
      "type": "aws_nat_gateway",
      "name": "nat",
      "provider": "provider[\"registry.terraform.io/hashicorp/aws\"]",
      "instances": [
        {
          "schema_version": 0,
          "attributes": {
            "allocation_id": "eipalloc-01abdd570842edfa0",
            "association_id": "eipassoc-050bc3bc0a4725995",
            "connectivity_type": "public",
            "id": "nat-0932952264fdfeb02",
            "network_interface_id": "eni-0f3743a8908b8148b",
            "private_ip": "10.0.1.112",
            "public_ip": "15.165.123.205",
            "secondary_allocation_ids": [],
            "secondary_private_ip_address_count": 0,
            "secondary_private_ip_addresses": [],
            "subnet_id": "subnet-017d50a998910aec1",
            "tags": {
              "Name": "memo-vpc-nat"
            },
            "tags_all": {
              "Name": "memo-vpc-nat"
            },
            "timeouts": null
          },
          "sensitive_attributes": [],
          "identity_schema_version": 0,
          "private": "eyJlMmJmYjczMC1lY2FhLTExZTYtOGY4OC0zNDM2M2JjN2M0YzAiOnsiY3JlYXRlIjo2MDAwMDAwMDAwMDAsImRlbGV0ZSI6MTgwMDAwMDAwMDAwMCwidXBkYXRlIjo2MDAwMDAwMDAwMDB9fQ==",
          "dependencies": [
            "module.vpc.aws_eip.nat_eip",
            "module.vpc.aws_internet_gateway.igw",
            "module.vpc.aws_subnet.public1",
            "module.vpc.aws_vpc.memo-vpc"
          ]
        }
      ]
    },
    {
      "module": "module.vpc",
      "mode": "managed",
      "type": "aws_route",
      "name": "private_nat_access",
      "provider": "provider[\"registry.terraform.io/hashicorp/aws\"]",
      "instances": [
        {
          "schema_version": 0,
          "attributes": {
            "carrier_gateway_id": "",
            "core_network_arn": "",
            "destination_cidr_block": "0.0.0.0/0",
            "destination_ipv6_cidr_block": "",
            "destination_prefix_list_id": "",
            "egress_only_gateway_id": "",
            "gateway_id": "",
            "id": "r-rtb-0e69d782cc4b238571080289494",
            "instance_id": "",
            "instance_owner_id": "",
            "local_gateway_id": "",
            "nat_gateway_id": "nat-0932952264fdfeb02",
            "network_interface_id": "",
            "origin": "CreateRoute",
            "route_table_id": "rtb-0e69d782cc4b23857",
            "state": "active",
            "timeouts": null,
            "transit_gateway_id": "",
            "vpc_endpoint_id": "",
            "vpc_peering_connection_id": ""
          },
          "sensitive_attributes": [],
          "identity_schema_version": 0,
          "private": "eyJlMmJmYjczMC1lY2FhLTExZTYtOGY4OC0zNDM2M2JjN2M0YzAiOnsiY3JlYXRlIjozMDAwMDAwMDAwMDAsImRlbGV0ZSI6MzAwMDAwMDAwMDAwLCJ1cGRhdGUiOjEyMDAwMDAwMDAwMH19",
          "dependencies": [
            "module.vpc.aws_eip.nat_eip",
            "module.vpc.aws_internet_gateway.igw",
            "module.vpc.aws_nat_gateway.nat",
            "module.vpc.aws_route_table.private",
            "module.vpc.aws_subnet.public1",
            "module.vpc.aws_vpc.memo-vpc"
          ]
        }
      ]
    },
    {
      "module": "module.vpc",
      "mode": "managed",
      "type": "aws_route",
      "name": "public_internet_access",
      "provider": "provider[\"registry.terraform.io/hashicorp/aws\"]",
      "instances": [
        {
          "schema_version": 0,
          "attributes": {
            "carrier_gateway_id": "",
            "core_network_arn": "",
            "destination_cidr_block": "0.0.0.0/0",
            "destination_ipv6_cidr_block": "",
            "destination_prefix_list_id": "",
            "egress_only_gateway_id": "",
            "gateway_id": "igw-035a8e3582fe294ef",
            "id": "r-rtb-0d1b5169e1fdd3b9b1080289494",
            "instance_id": "",
            "instance_owner_id": "",
            "local_gateway_id": "",
            "nat_gateway_id": "",
            "network_interface_id": "",
            "origin": "CreateRoute",
            "route_table_id": "rtb-0d1b5169e1fdd3b9b",
            "state": "active",
            "timeouts": null,
            "transit_gateway_id": "",
            "vpc_endpoint_id": "",
            "vpc_peering_connection_id": ""
          },
          "sensitive_attributes": [],
          "identity_schema_version": 0,
          "private": "eyJlMmJmYjczMC1lY2FhLTExZTYtOGY4OC0zNDM2M2JjN2M0YzAiOnsiY3JlYXRlIjozMDAwMDAwMDAwMDAsImRlbGV0ZSI6MzAwMDAwMDAwMDAwLCJ1cGRhdGUiOjEyMDAwMDAwMDAwMH19",
          "dependencies": [
            "module.vpc.aws_internet_gateway.igw",
            "module.vpc.aws_route_table.public",
            "module.vpc.aws_vpc.memo-vpc"
          ]
        }
      ]
    },
    {
      "module": "module.vpc",
      "mode": "managed",
      "type": "aws_route_table",
      "name": "private",
      "provider": "provider[\"registry.terraform.io/hashicorp/aws\"]",
      "instances": [
        {
          "schema_version": 0,
          "attributes": {
            "arn": "arn:aws:ec2:ap-northeast-2:571170910853:route-table/rtb-0e69d782cc4b23857",
            "id": "rtb-0e69d782cc4b23857",
            "owner_id": "571170910853",
            "propagating_vgws": [],
            "route": [
              {
                "carrier_gateway_id": "",
                "cidr_block": "0.0.0.0/0",
                "core_network_arn": "",
                "destination_prefix_list_id": "",
                "egress_only_gateway_id": "",
                "gateway_id": "",
                "ipv6_cidr_block": "",
                "local_gateway_id": "",
                "nat_gateway_id": "nat-0932952264fdfeb02",
                "network_interface_id": "",
                "transit_gateway_id": "",
                "vpc_endpoint_id": "",
                "vpc_peering_connection_id": ""
              }
            ],
            "tags": {
              "Name": "memo-vpc-private-rt"
            },
            "tags_all": {
              "Name": "memo-vpc-private-rt"
            },
            "timeouts": null,
            "vpc_id": "vpc-08900a176ad9d460d"
          },
          "sensitive_attributes": [],
          "identity_schema_version": 0,
          "private": "eyJlMmJmYjczMC1lY2FhLTExZTYtOGY4OC0zNDM2M2JjN2M0YzAiOnsiY3JlYXRlIjozMDAwMDAwMDAwMDAsImRlbGV0ZSI6MzAwMDAwMDAwMDAwLCJ1cGRhdGUiOjEyMDAwMDAwMDAwMH19",
          "dependencies": [
            "module.vpc.aws_vpc.memo-vpc"
          ]
        }
      ]
    },
    {
      "module": "module.vpc",
      "mode": "managed",
      "type": "aws_route_table",
      "name": "public",
      "provider": "provider[\"registry.terraform.io/hashicorp/aws\"]",
      "instances": [
        {
          "schema_version": 0,
          "attributes": {
            "arn": "arn:aws:ec2:ap-northeast-2:571170910853:route-table/rtb-0d1b5169e1fdd3b9b",
            "id": "rtb-0d1b5169e1fdd3b9b",
            "owner_id": "571170910853",
            "propagating_vgws": [],
            "route": [
              {
                "carrier_gateway_id": "",
                "cidr_block": "0.0.0.0/0",
                "core_network_arn": "",
                "destination_prefix_list_id": "",
                "egress_only_gateway_id": "",
                "gateway_id": "igw-035a8e3582fe294ef",
                "ipv6_cidr_block": "",
                "local_gateway_id": "",
                "nat_gateway_id": "",
                "network_interface_id": "",
                "transit_gateway_id": "",
                "vpc_endpoint_id": "",
                "vpc_peering_connection_id": ""
              }
            ],
            "tags": {
              "Name": "memo-vpc-public-rt"
            },
            "tags_all": {
              "Name": "memo-vpc-public-rt"
            },
            "timeouts": null,
            "vpc_id": "vpc-08900a176ad9d460d"
          },
          "sensitive_attributes": [],
          "identity_schema_version": 0,
          "private": "eyJlMmJmYjczMC1lY2FhLTExZTYtOGY4OC0zNDM2M2JjN2M0YzAiOnsiY3JlYXRlIjozMDAwMDAwMDAwMDAsImRlbGV0ZSI6MzAwMDAwMDAwMDAwLCJ1cGRhdGUiOjEyMDAwMDAwMDAwMH19",
          "dependencies": [
            "module.vpc.aws_vpc.memo-vpc"
          ]
        }
      ]
    },
    {
      "module": "module.vpc",
      "mode": "managed",
      "type": "aws_route_table_association",
      "name": "private_assoc4",
      "provider": "provider[\"registry.terraform.io/hashicorp/aws\"]",
      "instances": [
        {
          "schema_version": 0,
          "attributes": {
            "gateway_id": "",
            "id": "rtbassoc-07379e47bf7116944",
            "route_table_id": "rtb-0e69d782cc4b23857",
            "subnet_id": "subnet-098423db2189a567a",
            "timeouts": null
          },
          "sensitive_attributes": [],
          "identity_schema_version": 0,
          "private": "eyJlMmJmYjczMC1lY2FhLTExZTYtOGY4OC0zNDM2M2JjN2M0YzAiOnsiY3JlYXRlIjozMDAwMDAwMDAwMDAsImRlbGV0ZSI6MzAwMDAwMDAwMDAwLCJ1cGRhdGUiOjEyMDAwMDAwMDAwMH19",
          "dependencies": [
            "module.vpc.aws_route_table.private",
            "module.vpc.aws_subnet.private4",
            "module.vpc.aws_vpc.memo-vpc"
          ]
        }
      ]
    },
    {
      "module": "module.vpc",
      "mode": "managed",
      "type": "aws_route_table_association",
      "name": "public_assoc",
      "provider": "provider[\"registry.terraform.io/hashicorp/aws\"]",
      "instances": [
        {
          "schema_version": 0,
          "attributes": {
            "gateway_id": "",
            "id": "rtbassoc-0731f781a8fa92185",
            "route_table_id": "rtb-0d1b5169e1fdd3b9b",
            "subnet_id": "subnet-017d50a998910aec1",
            "timeouts": null
          },
          "sensitive_attributes": [],
          "identity_schema_version": 0,
          "private": "eyJlMmJmYjczMC1lY2FhLTExZTYtOGY4OC0zNDM2M2JjN2M0YzAiOnsiY3JlYXRlIjozMDAwMDAwMDAwMDAsImRlbGV0ZSI6MzAwMDAwMDAwMDAwLCJ1cGRhdGUiOjEyMDAwMDAwMDAwMH19",
          "dependencies": [
            "module.vpc.aws_route_table.public",
            "module.vpc.aws_subnet.public1",
            "module.vpc.aws_vpc.memo-vpc"
          ]
        }
      ]
    },
    {
      "module": "module.vpc",
      "mode": "managed",
      "type": "aws_subnet",
      "name": "private1",
      "provider": "provider[\"registry.terraform.io/hashicorp/aws\"]",
      "instances": [
        {
          "schema_version": 1,
          "attributes": {
            "arn": "arn:aws:ec2:ap-northeast-2:571170910853:subnet/subnet-07985ed674744ac71",
            "assign_ipv6_address_on_creation": false,
            "availability_zone": "ap-northeast-2a",
            "availability_zone_id": "apne2-az1",
            "cidr_block": "10.0.2.0/24",
            "customer_owned_ipv4_pool": "",
            "enable_dns64": false,
            "enable_lni_at_device_index": 0,
            "enable_resource_name_dns_a_record_on_launch": false,
            "enable_resource_name_dns_aaaa_record_on_launch": false,
            "id": "subnet-07985ed674744ac71",
            "ipv6_cidr_block": "",
            "ipv6_cidr_block_association_id": "",
            "ipv6_native": false,
            "map_customer_owned_ip_on_launch": false,
            "map_public_ip_on_launch": false,
            "outpost_arn": "",
            "owner_id": "571170910853",
            "private_dns_hostname_type_on_launch": "ip-name",
            "tags": {
              "Name": "memo-vpc-private1-a"
            },
            "tags_all": {
              "Name": "memo-vpc-private1-a"
            },
            "timeouts": null,
            "vpc_id": "vpc-08900a176ad9d460d"
          },
          "sensitive_attributes": [],
          "identity_schema_version": 0,
          "private": "eyJlMmJmYjczMC1lY2FhLTExZTYtOGY4OC0zNDM2M2JjN2M0YzAiOnsiY3JlYXRlIjo2MDAwMDAwMDAwMDAsImRlbGV0ZSI6MTIwMDAwMDAwMDAwMH0sInNjaGVtYV92ZXJzaW9uIjoiMSJ9",
          "dependencies": [
            "module.vpc.aws_vpc.memo-vpc"
          ],
          "create_before_destroy": true
        }
      ]
    },
    {
      "module": "module.vpc",
      "mode": "managed",
      "type": "aws_subnet",
      "name": "private2",
      "provider": "provider[\"registry.terraform.io/hashicorp/aws\"]",
      "instances": [
        {
          "schema_version": 1,
          "attributes": {
            "arn": "arn:aws:ec2:ap-northeast-2:571170910853:subnet/subnet-0629fd7599881cd41",
            "assign_ipv6_address_on_creation": false,
            "availability_zone": "ap-northeast-2b",
            "availability_zone_id": "apne2-az2",
            "cidr_block": "10.0.3.0/24",
            "customer_owned_ipv4_pool": "",
            "enable_dns64": false,
            "enable_lni_at_device_index": 0,
            "enable_resource_name_dns_a_record_on_launch": false,
            "enable_resource_name_dns_aaaa_record_on_launch": false,
            "id": "subnet-0629fd7599881cd41",
            "ipv6_cidr_block": "",
            "ipv6_cidr_block_association_id": "",
            "ipv6_native": false,
            "map_customer_owned_ip_on_launch": false,
            "map_public_ip_on_launch": false,
            "outpost_arn": "",
            "owner_id": "571170910853",
            "private_dns_hostname_type_on_launch": "ip-name",
            "tags": {
              "Name": "memo-vpc-private1-b"
            },
            "tags_all": {
              "Name": "memo-vpc-private1-b"
            },
            "timeouts": null,
            "vpc_id": "vpc-08900a176ad9d460d"
          },
          "sensitive_attributes": [],
          "identity_schema_version": 0,
          "private": "eyJlMmJmYjczMC1lY2FhLTExZTYtOGY4OC0zNDM2M2JjN2M0YzAiOnsiY3JlYXRlIjo2MDAwMDAwMDAwMDAsImRlbGV0ZSI6MTIwMDAwMDAwMDAwMH0sInNjaGVtYV92ZXJzaW9uIjoiMSJ9",
          "dependencies": [
            "module.vpc.aws_vpc.memo-vpc"
          ],
          "create_before_destroy": true
        }
      ]
    },
    {
      "module": "module.vpc",
      "mode": "managed",
      "type": "aws_subnet",
      "name": "private3",
      "provider": "provider[\"registry.terraform.io/hashicorp/aws\"]",
      "instances": [
        {
          "schema_version": 1,
          "attributes": {
            "arn": "arn:aws:ec2:ap-northeast-2:571170910853:subnet/subnet-0b94201291289c831",
            "assign_ipv6_address_on_creation": false,
            "availability_zone": "ap-northeast-2c",
            "availability_zone_id": "apne2-az3",
            "cidr_block": "10.0.4.0/24",
            "customer_owned_ipv4_pool": "",
            "enable_dns64": false,
            "enable_lni_at_device_index": 0,
            "enable_resource_name_dns_a_record_on_launch": false,
            "enable_resource_name_dns_aaaa_record_on_launch": false,
            "id": "subnet-0b94201291289c831",
            "ipv6_cidr_block": "",
            "ipv6_cidr_block_association_id": "",
            "ipv6_native": false,
            "map_customer_owned_ip_on_launch": false,
            "map_public_ip_on_launch": false,
            "outpost_arn": "",
            "owner_id": "571170910853",
            "private_dns_hostname_type_on_launch": "ip-name",
            "tags": {
              "Name": "memo-vpc-private1-c"
            },
            "tags_all": {
              "Name": "memo-vpc-private1-c"
            },
            "timeouts": null,
            "vpc_id": "vpc-08900a176ad9d460d"
          },
          "sensitive_attributes": [],
          "identity_schema_version": 0,
          "private": "eyJlMmJmYjczMC1lY2FhLTExZTYtOGY4OC0zNDM2M2JjN2M0YzAiOnsiY3JlYXRlIjo2MDAwMDAwMDAwMDAsImRlbGV0ZSI6MTIwMDAwMDAwMDAwMH0sInNjaGVtYV92ZXJzaW9uIjoiMSJ9",
          "dependencies": [
            "module.vpc.aws_vpc.memo-vpc"
          ],
          "create_before_destroy": true
        }
      ]
    },
    {
      "module": "module.vpc",
      "mode": "managed",
      "type": "aws_subnet",
      "name": "private4",
      "provider": "provider[\"registry.terraform.io/hashicorp/aws\"]",
      "instances": [
        {
          "schema_version": 1,
          "attributes": {
            "arn": "arn:aws:ec2:ap-northeast-2:571170910853:subnet/subnet-098423db2189a567a",
            "assign_ipv6_address_on_creation": false,
            "availability_zone": "ap-northeast-2d",
            "availability_zone_id": "apne2-az4",
            "cidr_block": "10.0.6.0/24",
            "customer_owned_ipv4_pool": "",
            "enable_dns64": false,
            "enable_lni_at_device_index": 0,
            "enable_resource_name_dns_a_record_on_launch": false,
            "enable_resource_name_dns_aaaa_record_on_launch": false,
            "id": "subnet-098423db2189a567a",
            "ipv6_cidr_block": "",
            "ipv6_cidr_block_association_id": "",
            "ipv6_native": false,
            "map_customer_owned_ip_on_launch": false,
            "map_public_ip_on_launch": false,
            "outpost_arn": "",
            "owner_id": "571170910853",
            "private_dns_hostname_type_on_launch": "ip-name",
            "tags": {
              "Name": "memo-vpc-private-d"
            },
            "tags_all": {
              "Name": "memo-vpc-private-d"
            },
            "timeouts": null,
            "vpc_id": "vpc-08900a176ad9d460d"
          },
          "sensitive_attributes": [],
          "identity_schema_version": 0,
          "private": "eyJlMmJmYjczMC1lY2FhLTExZTYtOGY4OC0zNDM2M2JjN2M0YzAiOnsiY3JlYXRlIjo2MDAwMDAwMDAwMDAsImRlbGV0ZSI6MTIwMDAwMDAwMDAwMH0sInNjaGVtYV92ZXJzaW9uIjoiMSJ9",
          "dependencies": [
            "module.vpc.aws_vpc.memo-vpc"
          ],
          "create_before_destroy": true
        },
        {
          "deposed": "999207fd",
          "schema_version": 1,
          "attributes": {
            "arn": "arn:aws:ec2:ap-northeast-2:571170910853:subnet/subnet-0adb18616eafd1a4d",
            "assign_ipv6_address_on_creation": false,
            "availability_zone": "ap-northeast-2d",
            "availability_zone_id": "apne2-az4",
            "cidr_block": "10.0.5.0/24",
            "customer_owned_ipv4_pool": "",
            "enable_dns64": false,
            "enable_lni_at_device_index": 0,
            "enable_resource_name_dns_a_record_on_launch": false,
            "enable_resource_name_dns_aaaa_record_on_launch": false,
            "id": "subnet-0adb18616eafd1a4d",
            "ipv6_cidr_block": "",
            "ipv6_cidr_block_association_id": "",
            "ipv6_native": false,
            "map_customer_owned_ip_on_launch": false,
            "map_public_ip_on_launch": false,
            "outpost_arn": "",
            "owner_id": "571170910853",
            "private_dns_hostname_type_on_launch": "ip-name",
            "tags": {
              "Name": "memo-vpc-private1-d"
            },
            "tags_all": {
              "Name": "memo-vpc-private1-d"
            },
            "timeouts": null,
            "vpc_id": "vpc-08900a176ad9d460d"
          },
          "sensitive_attributes": [],
          "identity_schema_version": 0,
          "private": "eyJlMmJmYjczMC1lY2FhLTExZTYtOGY4OC0zNDM2M2JjN2M0YzAiOnsiY3JlYXRlIjo2MDAwMDAwMDAwMDAsImRlbGV0ZSI6MTIwMDAwMDAwMDAwMH0sInNjaGVtYV92ZXJzaW9uIjoiMSJ9",
          "dependencies": [
            "module.vpc.aws_vpc.memo-vpc"
          ],
          "create_before_destroy": true
        }
      ]
    },
    {
      "module": "module.vpc",
      "mode": "managed",
      "type": "aws_subnet",
      "name": "public1",
      "provider": "provider[\"registry.terraform.io/hashicorp/aws\"]",
      "instances": [
        {
          "schema_version": 1,
          "attributes": {
            "arn": "arn:aws:ec2:ap-northeast-2:571170910853:subnet/subnet-017d50a998910aec1",
            "assign_ipv6_address_on_creation": false,
            "availability_zone": "ap-northeast-2a",
            "availability_zone_id": "apne2-az1",
            "cidr_block": "10.0.1.0/24",
            "customer_owned_ipv4_pool": "",
            "enable_dns64": false,
            "enable_lni_at_device_index": 0,
            "enable_resource_name_dns_a_record_on_launch": false,
            "enable_resource_name_dns_aaaa_record_on_launch": false,
            "id": "subnet-017d50a998910aec1",
            "ipv6_cidr_block": "",
            "ipv6_cidr_block_association_id": "",
            "ipv6_native": false,
            "map_customer_owned_ip_on_launch": false,
            "map_public_ip_on_launch": true,
            "outpost_arn": "",
            "owner_id": "571170910853",
            "private_dns_hostname_type_on_launch": "ip-name",
            "tags": {
              "Name": "memo-vpc-public-a"
            },
            "tags_all": {
              "Name": "memo-vpc-public-a"
            },
            "timeouts": null,
            "vpc_id": "vpc-08900a176ad9d460d"
          },
          "sensitive_attributes": [],
          "identity_schema_version": 0,
          "private": "eyJlMmJmYjczMC1lY2FhLTExZTYtOGY4OC0zNDM2M2JjN2M0YzAiOnsiY3JlYXRlIjo2MDAwMDAwMDAwMDAsImRlbGV0ZSI6MTIwMDAwMDAwMDAwMH0sInNjaGVtYV92ZXJzaW9uIjoiMSJ9",
          "dependencies": [
            "module.vpc.aws_vpc.memo-vpc"
          ]
        }
      ]
    },
    {
      "module": "module.vpc",
      "mode": "managed",
      "type": "aws_vpc",
      "name": "memo-vpc",
      "provider": "provider[\"registry.terraform.io/hashicorp/aws\"]",
      "instances": [
        {
          "schema_version": 1,
          "attributes": {
            "arn": "arn:aws:ec2:ap-northeast-2:571170910853:vpc/vpc-08900a176ad9d460d",
            "assign_generated_ipv6_cidr_block": false,
            "cidr_block": "10.0.0.0/16",
            "default_network_acl_id": "acl-07b938dc98cc3d8bc",
            "default_route_table_id": "rtb-0421127be7101f2b3",
            "default_security_group_id": "sg-0590aa119d8f38413",
            "dhcp_options_id": "dopt-0ab63b5a10a29f46d",
            "enable_dns_hostnames": true,
            "enable_dns_support": true,
            "enable_network_address_usage_metrics": false,
            "id": "vpc-08900a176ad9d460d",
            "instance_tenancy": "default",
            "ipv4_ipam_pool_id": null,
            "ipv4_netmask_length": null,
            "ipv6_association_id": "",
            "ipv6_cidr_block": "",
            "ipv6_cidr_block_network_border_group": "",
            "ipv6_ipam_pool_id": "",
            "ipv6_netmask_length": 0,
            "main_route_table_id": "rtb-0421127be7101f2b3",
            "owner_id": "571170910853",
            "tags": {
              "Name": "memo-vpc"
            },
            "tags_all": {
              "Name": "memo-vpc"
            }
          },
          "sensitive_attributes": [],
          "identity_schema_version": 0,
          "private": "eyJzY2hlbWFfdmVyc2lvbiI6IjEifQ==",
          "create_before_destroy": true
        }
      ]
    },
    {
      "module": "module.vpc",
      "mode": "managed",
      "type": "aws_vpc_dhcp_options",
      "name": "dns",
      "provider": "provider[\"registry.terraform.io/hashicorp/aws\"]",
      "instances": [
        {
          "schema_version": 0,
          "attributes": {
            "arn": "arn:aws:ec2:ap-northeast-2:571170910853:dhcp-options/dopt-0ab63b5a10a29f46d",
            "domain_name": "ap-northeast-2.compute.internal",
            "domain_name_servers": [
              "AmazonProvidedDNS"
            ],
            "id": "dopt-0ab63b5a10a29f46d",
            "ipv6_address_preferred_lease_time": "",
            "netbios_name_servers": [],
            "netbios_node_type": "",
            "ntp_servers": [],
            "owner_id": "571170910853",
            "tags": {
              "Name": "memo-vpc-dns"
            },
            "tags_all": {
              "Name": "memo-vpc-dns"
            }
          },
          "sensitive_attributes": [],
          "identity_schema_version": 0,
          "private": "bnVsbA=="
        }
      ]
    },
    {
      "module": "module.vpc",
      "mode": "managed",
      "type": "aws_vpc_dhcp_options_association",
      "name": "dns",
      "provider": "provider[\"registry.terraform.io/hashicorp/aws\"]",
      "instances": [
        {
          "schema_version": 0,
          "attributes": {
            "dhcp_options_id": "dopt-0ab63b5a10a29f46d",
            "id": "dopt-0ab63b5a10a29f46d-vpc-08900a176ad9d460d",
            "vpc_id": "vpc-08900a176ad9d460d"
          },
          "sensitive_attributes": [],
          "identity_schema_version": 0,
          "private": "bnVsbA==",
          "dependencies": [
            "module.vpc.aws_vpc.memo-vpc",
            "module.vpc.aws_vpc_dhcp_options.dns"
          ]
        }
      ]
    }
  ],
  "check_results": [
    {
      "object_kind": "resource",
      "config_addr": "module.eks.module.eks_cluster.module.eks_managed_node_group.module.user_data.null_resource.validate_cluster_service_cidr",
      "status": "unknown",
      "objects": [
        {
          "object_addr": "module.eks.module.eks_cluster.module.eks_managed_node_group[\"memo-eks-node\"].module.user_data.null_resource.validate_cluster_service_cidr",
          "status": "unknown"
        }
      ]
    },
    {
      "object_kind": "var",
      "config_addr": "module.eks.module.eks_cluster.module.self_managed_node_group.var.platform",
      "status": "pass",
      "objects": null
    },
    {
      "object_kind": "resource",
      "config_addr": "module.eks.module.eks_cluster.module.self_managed_node_group.module.user_data.null_resource.validate_cluster_service_cidr",
      "status": "pass",
      "objects": null
    }
  ]
}
