{
  "version": 4,
  "terraform_version": "1.12.1",
  "serial": 285,
  "lineage": "7c401761-8d04-9974-4be1-ea46123163b3",
  "outputs": {
    "eks_admin_role_arn": {
      "value": "arn:aws:iam::727646470302:role/eks-admin-role",
      "type": "string"
    },
    "eks_admin_role_name": {
      "value": "eks-admin-role",
      "type": "string"
    },
    "eks_cluster_endpoint": {
      "value": "https://DD65EEF4A3302F7E1BEACEF069452752.gr7.ap-northeast-2.eks.amazonaws.com",
      "type": "string"
    },
    "eks_cluster_kubeconfig_context": {
      "value": "arn:aws:eks:ap-northeast-2:727646470302:cluster/memo-eks-cluster",
      "type": "string"
    },
    "eks_cluster_name": {
      "value": "memo-eks-cluster",
      "type": "string"
    },
    "eks_cluster_security_group_id": {
      "value": "sg-0d9e85347d66f665c",
      "type": "string"
    },
    "redis_port": {
      "value": 6379,
      "type": "number"
    },
    "redis_release_name": {
      "value": "redis-app",
      "type": "string"
    },
    "redis_status": {
      "value": "deployed",
      "type": "string"
    }
  },
  "resources": [
    {
      "mode": "data",
      "type": "aws_caller_identity",
      "name": "current",
      "provider": "provider[\"registry.terraform.io/hashicorp/aws\"]",
      "instances": [
        {
          "schema_version": 0,
          "attributes": {
            "account_id": "727646470302",
            "arn": "arn:aws:iam::727646470302:user/lion3team04",
            "id": "727646470302",
            "user_id": "AIDA2S2Y4ACPKEECA2RJ5"
          },
          "sensitive_attributes": [],
          "identity_schema_version": 0
        }
      ]
    },
    {
      "mode": "data",
      "type": "aws_eks_cluster_auth",
      "name": "cluster",
      "provider": "provider[\"registry.terraform.io/hashicorp/aws\"]",
      "instances": [
        {
          "schema_version": 0,
          "attributes": {
            "id": "memo-eks-cluster",
            "name": "memo-eks-cluster",
            "token": "k8s-aws-v1.aHR0cHM6Ly9zdHMuYXAtbm9ydGhlYXN0LTIuYW1hem9uYXdzLmNvbS8_QWN0aW9uPUdldENhbGxlcklkZW50aXR5JlZlcnNpb249MjAxMS0wNi0xNSZYLUFtei1BbGdvcml0aG09QVdTNC1ITUFDLVNIQTI1NiZYLUFtei1DcmVkZW50aWFsPUFLSUEyUzJZNEFDUEg3SUZXSzdVJTJGMjAyNTA3MTUlMkZhcC1ub3J0aGVhc3QtMiUyRnN0cyUyRmF3czRfcmVxdWVzdCZYLUFtei1EYXRlPTIwMjUwNzE1VDAxNDIwMVomWC1BbXotRXhwaXJlcz0wJlgtQW16LVNpZ25lZEhlYWRlcnM9aG9zdCUzQngtazhzLWF3cy1pZCZYLUFtei1TaWduYXR1cmU9MGYzYzc4NWM5YWI3NjYwM2QyMTFmNWU3YWE4MDNmNDQxZjliMDMwOGI5ZDYwMzlmZjE5MjFlZmZkMTA4NjZiYw"
          },
          "sensitive_attributes": [
            [
              {
                "type": "get_attr",
                "value": "token"
              }
            ]
          ],
          "identity_schema_version": 0
        }
      ]
    },
    {
      "module": "module.argocd",
      "mode": "managed",
      "type": "helm_release",
      "name": "argocd",
      "provider": "provider[\"registry.terraform.io/hashicorp/helm\"]",
      "instances": [
        {
          "schema_version": 2,
          "attributes": {
            "atomic": false,
            "chart": "argo-cd",
            "cleanup_on_fail": false,
            "create_namespace": false,
            "dependency_update": false,
            "description": null,
            "devel": null,
            "disable_crd_hooks": false,
            "disable_openapi_validation": false,
            "disable_webhooks": false,
            "force_update": false,
            "id": "argocd",
            "keyring": null,
            "lint": false,
            "manifest": null,
            "max_history": 0,
            "metadata": {
              "app_version": "v3.0.11",
              "chart": "argo-cd",
              "first_deployed": 1752541675,
              "last_deployed": 1752541675,
              "name": "argocd",
              "namespace": "argocd",
              "notes": "\nIn order to access the server UI you have the following options:\n\n1. kubectl port-forward service/argocd-server -n argocd 8080:443\n\n    and then open the browser on http://localhost:8080 and accept the certificate\n\n2. enable ingress in the values file `server.ingress.enabled` and either\n      - Add the annotation for ssl passthrough: https://argo-cd.readthedocs.io/en/stable/operator-manual/ingress/#option-1-ssl-passthrough\n      - Set the `configs.params.\"server.insecure\"` in the values file and terminate SSL at your ingress: https://argo-cd.readthedocs.io/en/stable/operator-manual/ingress/#option-2-multiple-ingress-objects-and-hosts\n\n\nAfter reaching the UI the first time you can login with username: admin and the random password generated during the installation. You can find the password by running:\n\nkubectl -n argocd get secret argocd-initial-admin-secret -o jsonpath=\"{.data.password}\" | base64 -d\n\n(You should delete the initial secret afterwards as suggested by the Getting Started Guide: https://argo-cd.readthedocs.io/en/stable/getting_started/#4-login-using-the-cli)\n",
              "revision": 1,
              "values": "{\"server\":{\"service\":{\"type\":\"LoadBalancer\"},\"serviceAccount\":{\"annotations\":{\"eks.amazonaws.com/role-arn\":\"arn:aws:iam::727646470302:role/argocd-irsa-role\"}}}}",
              "version": "8.1.3"
            },
            "name": "argocd",
            "namespace": "argocd",
            "pass_credentials": false,
            "postrender": null,
            "recreate_pods": false,
            "render_subchart_notes": true,
            "replace": false,
            "repository": "https://argoproj.github.io/argo-helm",
            "repository_ca_file": null,
            "repository_cert_file": null,
            "repository_key_file": null,
            "repository_password": null,
            "repository_username": null,
            "reset_values": false,
            "reuse_values": false,
            "set": [
              {
                "name": "server.serviceAccount.annotations.eks\\.amazonaws\\.com/role-arn",
                "type": "",
                "value": "arn:aws:iam::727646470302:role/argocd-irsa-role"
              },
              {
                "name": "server.service.type",
                "type": "",
                "value": "LoadBalancer"
              }
            ],
            "set_list": null,
            "set_sensitive": null,
            "set_wo": null,
            "set_wo_revision": null,
            "skip_crds": false,
            "status": "deployed",
            "timeout": 300,
            "values": null,
            "verify": false,
            "version": "8.1.3",
            "wait": true,
            "wait_for_jobs": false
          },
          "sensitive_attributes": [
            [
              {
                "type": "get_attr",
                "value": "repository_password"
              }
            ]
          ],
          "identity_schema_version": 0,
          "dependencies": [
            "module.irsa_argocd.aws_iam_role.this",
            "module.irsa_argocd.aws_iam_role_policy_attachment.admin_policy"
          ]
        }
      ]
    },
    {
      "module": "module.bastion",
      "mode": "managed",
      "type": "aws_security_group",
      "name": "bastion_sg",
      "provider": "provider[\"registry.terraform.io/hashicorp/aws\"]",
      "instances": [
        {
          "schema_version": 1,
          "attributes": {
            "arn": "arn:aws:ec2:ap-northeast-2:727646470302:security-group/sg-0f5db7a87d9a7be48",
            "description": "Allow SSH access to Bastion",
            "egress": [
              {
                "cidr_blocks": [
                  "0.0.0.0/0"
                ],
                "description": "",
                "from_port": 0,
                "ipv6_cidr_blocks": [],
                "prefix_list_ids": [],
                "protocol": "-1",
                "security_groups": [],
                "self": false,
                "to_port": 0
              }
            ],
            "id": "sg-0f5db7a87d9a7be48",
            "ingress": [
              {
                "cidr_blocks": [
                  "0.0.0.0/0"
                ],
                "description": "",
                "from_port": 22,
                "ipv6_cidr_blocks": [],
                "prefix_list_ids": [],
                "protocol": "tcp",
                "security_groups": [],
                "self": false,
                "to_port": 22
              }
            ],
            "name": "memo-bastion-sg",
            "name_prefix": "",
            "owner_id": "727646470302",
            "revoke_rules_on_delete": false,
            "tags": {
              "Name": "memo-bastion-sg"
            },
            "tags_all": {
              "Name": "memo-bastion-sg"
            },
            "timeouts": null,
            "vpc_id": "vpc-0222bddc9126017a6"
          },
          "sensitive_attributes": [],
          "identity_schema_version": 0,
          "private": "eyJlMmJmYjczMC1lY2FhLTExZTYtOGY4OC0zNDM2M2JjN2M0YzAiOnsiY3JlYXRlIjo2MDAwMDAwMDAwMDAsImRlbGV0ZSI6OTAwMDAwMDAwMDAwfSwic2NoZW1hX3ZlcnNpb24iOiIxIn0=",
          "dependencies": [
            "module.vpc.aws_vpc.memo-vpc"
          ]
        }
      ]
    },
    {
      "module": "module.ebs_csi_driver",
      "mode": "managed",
      "type": "aws_iam_role",
      "name": "ebs_csi_role",
      "provider": "provider[\"registry.terraform.io/hashicorp/aws\"]",
      "instances": [
        {
          "schema_version": 0,
          "attributes": {
            "arn": "arn:aws:iam::727646470302:role/AmazonEKS_EBS_CSI_DriverRole",
            "assume_role_policy": "{\"Statement\":[{\"Action\":\"sts:AssumeRoleWithWebIdentity\",\"Condition\":{\"StringEquals\":{\"oidc.eks.ap-northeast-2.amazonaws.com/id/DD65EEF4A3302F7E1BEACEF069452752:sub\":\"system:serviceaccount:kube-system:ebs-csi-controller-sa\"}},\"Effect\":\"Allow\",\"Principal\":{\"Federated\":\"arn:aws:iam::727646470302:oidc-provider/oidc.eks.ap-northeast-2.amazonaws.com/id/DD65EEF4A3302F7E1BEACEF069452752\"}}],\"Version\":\"2012-10-17\"}",
            "create_date": "2025-07-15T00:49:39Z",
            "description": "",
            "force_detach_policies": false,
            "id": "AmazonEKS_EBS_CSI_DriverRole",
            "inline_policy": [],
            "managed_policy_arns": [
              "arn:aws:iam::aws:policy/service-role/AmazonEBSCSIDriverPolicy"
            ],
            "max_session_duration": 3600,
            "name": "AmazonEKS_EBS_CSI_DriverRole",
            "name_prefix": "",
            "path": "/",
            "permissions_boundary": "",
            "tags": {},
            "tags_all": {},
            "unique_id": "AROA2S2Y4ACPELPDAQYSP"
          },
          "sensitive_attributes": [],
          "identity_schema_version": 0,
          "private": "bnVsbA==",
          "dependencies": [
            "module.eks.aws_eks_access_policy_association.admin",
            "module.eks.aws_security_group_rule.eks_cluster_external_access",
            "module.eks.aws_security_group_rule.eks_cluster_external_access_10250",
            "module.eks.aws_security_group_rule.eks_cluster_external_access_6443",
            "module.eks.module.eks_cluster.aws_cloudwatch_log_group.this",
            "module.eks.module.eks_cluster.aws_ec2_tag.cluster_primary_security_group",
            "module.eks.module.eks_cluster.aws_eks_access_entry.this",
            "module.eks.module.eks_cluster.aws_eks_access_policy_association.this",
            "module.eks.module.eks_cluster.aws_eks_addon.before_compute",
            "module.eks.module.eks_cluster.aws_eks_addon.this",
            "module.eks.module.eks_cluster.aws_eks_cluster.this",
            "module.eks.module.eks_cluster.aws_eks_identity_provider_config.this",
            "module.eks.module.eks_cluster.aws_iam_openid_connect_provider.oidc_provider",
            "module.eks.module.eks_cluster.aws_iam_policy.cluster_encryption",
            "module.eks.module.eks_cluster.aws_iam_policy.cni_ipv6_policy",
            "module.eks.module.eks_cluster.aws_iam_policy.custom",
            "module.eks.module.eks_cluster.aws_iam_role.eks_auto",
            "module.eks.module.eks_cluster.aws_iam_role.this",
            "module.eks.module.eks_cluster.aws_iam_role_policy_attachment.additional",
            "module.eks.module.eks_cluster.aws_iam_role_policy_attachment.cluster_encryption",
            "module.eks.module.eks_cluster.aws_iam_role_policy_attachment.custom",
            "module.eks.module.eks_cluster.aws_iam_role_policy_attachment.eks_auto",
            "module.eks.module.eks_cluster.aws_iam_role_policy_attachment.eks_auto_additional",
            "module.eks.module.eks_cluster.aws_iam_role_policy_attachment.this",
            "module.eks.module.eks_cluster.aws_security_group.cluster",
            "module.eks.module.eks_cluster.aws_security_group.node",
            "module.eks.module.eks_cluster.aws_security_group_rule.cluster",
            "module.eks.module.eks_cluster.aws_security_group_rule.node",
            "module.eks.module.eks_cluster.data.aws_caller_identity.current",
            "module.eks.module.eks_cluster.data.aws_eks_addon_version.this",
            "module.eks.module.eks_cluster.data.aws_iam_policy_document.assume_role_policy",
            "module.eks.module.eks_cluster.data.aws_iam_policy_document.cni_ipv6_policy",
            "module.eks.module.eks_cluster.data.aws_iam_policy_document.custom",
            "module.eks.module.eks_cluster.data.aws_iam_policy_document.node_assume_role_policy",
            "module.eks.module.eks_cluster.data.aws_iam_session_context.current",
            "module.eks.module.eks_cluster.data.aws_partition.current",
            "module.eks.module.eks_cluster.data.tls_certificate.this",
            "module.eks.module.eks_cluster.module.eks_managed_node_group.aws_autoscaling_schedule.this",
            "module.eks.module.eks_cluster.module.eks_managed_node_group.aws_eks_node_group.this",
            "module.eks.module.eks_cluster.module.eks_managed_node_group.aws_iam_role.this",
            "module.eks.module.eks_cluster.module.eks_managed_node_group.aws_iam_role_policy.this",
            "module.eks.module.eks_cluster.module.eks_managed_node_group.aws_iam_role_policy_attachment.additional",
            "module.eks.module.eks_cluster.module.eks_managed_node_group.aws_iam_role_policy_attachment.this",
            "module.eks.module.eks_cluster.module.eks_managed_node_group.aws_launch_template.this",
            "module.eks.module.eks_cluster.module.eks_managed_node_group.aws_placement_group.this",
            "module.eks.module.eks_cluster.module.eks_managed_node_group.data.aws_caller_identity.current",
            "module.eks.module.eks_cluster.module.eks_managed_node_group.data.aws_ec2_instance_type.this",
            "module.eks.module.eks_cluster.module.eks_managed_node_group.data.aws_ec2_instance_type_offerings.this",
            "module.eks.module.eks_cluster.module.eks_managed_node_group.data.aws_iam_policy_document.assume_role_policy",
            "module.eks.module.eks_cluster.module.eks_managed_node_group.data.aws_iam_policy_document.role",
            "module.eks.module.eks_cluster.module.eks_managed_node_group.data.aws_partition.current",
            "module.eks.module.eks_cluster.module.eks_managed_node_group.data.aws_ssm_parameter.ami",
            "module.eks.module.eks_cluster.module.eks_managed_node_group.data.aws_subnets.placement_group",
            "module.eks.module.eks_cluster.module.eks_managed_node_group.module.user_data.data.cloudinit_config.al2023_eks_managed_node_group",
            "module.eks.module.eks_cluster.module.eks_managed_node_group.module.user_data.data.cloudinit_config.linux_eks_managed_node_group",
            "module.eks.module.eks_cluster.module.eks_managed_node_group.module.user_data.null_resource.validate_cluster_service_cidr",
            "module.eks.module.eks_cluster.module.fargate_profile.aws_eks_fargate_profile.this",
            "module.eks.module.eks_cluster.module.fargate_profile.aws_iam_role.this",
            "module.eks.module.eks_cluster.module.fargate_profile.aws_iam_role_policy.this",
            "module.eks.module.eks_cluster.module.fargate_profile.aws_iam_role_policy_attachment.additional",
            "module.eks.module.eks_cluster.module.fargate_profile.aws_iam_role_policy_attachment.this",
            "module.eks.module.eks_cluster.module.fargate_profile.data.aws_caller_identity.current",
            "module.eks.module.eks_cluster.module.fargate_profile.data.aws_iam_policy_document.assume_role_policy",
            "module.eks.module.eks_cluster.module.fargate_profile.data.aws_iam_policy_document.role",
            "module.eks.module.eks_cluster.module.fargate_profile.data.aws_partition.current",
            "module.eks.module.eks_cluster.module.fargate_profile.data.aws_region.current",
            "module.eks.module.eks_cluster.module.kms.aws_kms_alias.this",
            "module.eks.module.eks_cluster.module.kms.aws_kms_external_key.this",
            "module.eks.module.eks_cluster.module.kms.aws_kms_grant.this",
            "module.eks.module.eks_cluster.module.kms.aws_kms_key.this",
            "module.eks.module.eks_cluster.module.kms.aws_kms_replica_external_key.this",
            "module.eks.module.eks_cluster.module.kms.aws_kms_replica_key.this",
            "module.eks.module.eks_cluster.module.kms.data.aws_caller_identity.current",
            "module.eks.module.eks_cluster.module.kms.data.aws_iam_policy_document.this",
            "module.eks.module.eks_cluster.module.kms.data.aws_partition.current",
            "module.eks.module.eks_cluster.module.self_managed_node_group.aws_autoscaling_group.this",
            "module.eks.module.eks_cluster.module.self_managed_node_group.aws_autoscaling_schedule.this",
            "module.eks.module.eks_cluster.module.self_managed_node_group.aws_eks_access_entry.this",
            "module.eks.module.eks_cluster.module.self_managed_node_group.aws_iam_instance_profile.this",
            "module.eks.module.eks_cluster.module.self_managed_node_group.aws_iam_role.this",
            "module.eks.module.eks_cluster.module.self_managed_node_group.aws_iam_role_policy.this",
            "module.eks.module.eks_cluster.module.self_managed_node_group.aws_iam_role_policy_attachment.additional",
            "module.eks.module.eks_cluster.module.self_managed_node_group.aws_iam_role_policy_attachment.this",
            "module.eks.module.eks_cluster.module.self_managed_node_group.aws_launch_template.this",
            "module.eks.module.eks_cluster.module.self_managed_node_group.aws_placement_group.this",
            "module.eks.module.eks_cluster.module.self_managed_node_group.data.aws_caller_identity.current",
            "module.eks.module.eks_cluster.module.self_managed_node_group.data.aws_ec2_instance_type.this",
            "module.eks.module.eks_cluster.module.self_managed_node_group.data.aws_ec2_instance_type_offerings.this",
            "module.eks.module.eks_cluster.module.self_managed_node_group.data.aws_iam_policy_document.assume_role_policy",
            "module.eks.module.eks_cluster.module.self_managed_node_group.data.aws_iam_policy_document.role",
            "module.eks.module.eks_cluster.module.self_managed_node_group.data.aws_partition.current",
            "module.eks.module.eks_cluster.module.self_managed_node_group.data.aws_ssm_parameter.ami",
            "module.eks.module.eks_cluster.module.self_managed_node_group.data.aws_subnets.placement_group",
            "module.eks.module.eks_cluster.module.self_managed_node_group.module.user_data.data.cloudinit_config.al2023_eks_managed_node_group",
            "module.eks.module.eks_cluster.module.self_managed_node_group.module.user_data.data.cloudinit_config.linux_eks_managed_node_group",
            "module.eks.module.eks_cluster.module.self_managed_node_group.module.user_data.null_resource.validate_cluster_service_cidr",
            "module.eks.module.eks_cluster.time_sleep.this",
            "module.vpc.aws_subnet.private1",
            "module.vpc.aws_subnet.private2",
            "module.vpc.aws_subnet.private3",
            "module.vpc.aws_subnet.private4",
            "module.vpc.aws_vpc.memo-vpc"
          ]
        }
      ]
    },
    {
      "module": "module.ebs_csi_driver",
      "mode": "managed",
      "type": "aws_iam_role_policy_attachment",
      "name": "ebs_csi_policy",
      "provider": "provider[\"registry.terraform.io/hashicorp/aws\"]",
      "instances": [
        {
          "schema_version": 0,
          "attributes": {
            "id": "AmazonEKS_EBS_CSI_DriverRole-20250715004954604700000012",
            "policy_arn": "arn:aws:iam::aws:policy/service-role/AmazonEBSCSIDriverPolicy",
            "role": "AmazonEKS_EBS_CSI_DriverRole"
          },
          "sensitive_attributes": [],
          "identity_schema_version": 0,
          "private": "bnVsbA==",
          "dependencies": [
            "module.ebs_csi_driver.aws_iam_role.ebs_csi_role",
            "module.eks.aws_eks_access_policy_association.admin",
            "module.eks.aws_security_group_rule.eks_cluster_external_access",
            "module.eks.aws_security_group_rule.eks_cluster_external_access_10250",
            "module.eks.aws_security_group_rule.eks_cluster_external_access_6443",
            "module.eks.module.eks_cluster.aws_cloudwatch_log_group.this",
            "module.eks.module.eks_cluster.aws_ec2_tag.cluster_primary_security_group",
            "module.eks.module.eks_cluster.aws_eks_access_entry.this",
            "module.eks.module.eks_cluster.aws_eks_access_policy_association.this",
            "module.eks.module.eks_cluster.aws_eks_addon.before_compute",
            "module.eks.module.eks_cluster.aws_eks_addon.this",
            "module.eks.module.eks_cluster.aws_eks_cluster.this",
            "module.eks.module.eks_cluster.aws_eks_identity_provider_config.this",
            "module.eks.module.eks_cluster.aws_iam_openid_connect_provider.oidc_provider",
            "module.eks.module.eks_cluster.aws_iam_policy.cluster_encryption",
            "module.eks.module.eks_cluster.aws_iam_policy.cni_ipv6_policy",
            "module.eks.module.eks_cluster.aws_iam_policy.custom",
            "module.eks.module.eks_cluster.aws_iam_role.eks_auto",
            "module.eks.module.eks_cluster.aws_iam_role.this",
            "module.eks.module.eks_cluster.aws_iam_role_policy_attachment.additional",
            "module.eks.module.eks_cluster.aws_iam_role_policy_attachment.cluster_encryption",
            "module.eks.module.eks_cluster.aws_iam_role_policy_attachment.custom",
            "module.eks.module.eks_cluster.aws_iam_role_policy_attachment.eks_auto",
            "module.eks.module.eks_cluster.aws_iam_role_policy_attachment.eks_auto_additional",
            "module.eks.module.eks_cluster.aws_iam_role_policy_attachment.this",
            "module.eks.module.eks_cluster.aws_security_group.cluster",
            "module.eks.module.eks_cluster.aws_security_group.node",
            "module.eks.module.eks_cluster.aws_security_group_rule.cluster",
            "module.eks.module.eks_cluster.aws_security_group_rule.node",
            "module.eks.module.eks_cluster.data.aws_caller_identity.current",
            "module.eks.module.eks_cluster.data.aws_eks_addon_version.this",
            "module.eks.module.eks_cluster.data.aws_iam_policy_document.assume_role_policy",
            "module.eks.module.eks_cluster.data.aws_iam_policy_document.cni_ipv6_policy",
            "module.eks.module.eks_cluster.data.aws_iam_policy_document.custom",
            "module.eks.module.eks_cluster.data.aws_iam_policy_document.node_assume_role_policy",
            "module.eks.module.eks_cluster.data.aws_iam_session_context.current",
            "module.eks.module.eks_cluster.data.aws_partition.current",
            "module.eks.module.eks_cluster.data.tls_certificate.this",
            "module.eks.module.eks_cluster.module.eks_managed_node_group.aws_autoscaling_schedule.this",
            "module.eks.module.eks_cluster.module.eks_managed_node_group.aws_eks_node_group.this",
            "module.eks.module.eks_cluster.module.eks_managed_node_group.aws_iam_role.this",
            "module.eks.module.eks_cluster.module.eks_managed_node_group.aws_iam_role_policy.this",
            "module.eks.module.eks_cluster.module.eks_managed_node_group.aws_iam_role_policy_attachment.additional",
            "module.eks.module.eks_cluster.module.eks_managed_node_group.aws_iam_role_policy_attachment.this",
            "module.eks.module.eks_cluster.module.eks_managed_node_group.aws_launch_template.this",
            "module.eks.module.eks_cluster.module.eks_managed_node_group.aws_placement_group.this",
            "module.eks.module.eks_cluster.module.eks_managed_node_group.data.aws_caller_identity.current",
            "module.eks.module.eks_cluster.module.eks_managed_node_group.data.aws_ec2_instance_type.this",
            "module.eks.module.eks_cluster.module.eks_managed_node_group.data.aws_ec2_instance_type_offerings.this",
            "module.eks.module.eks_cluster.module.eks_managed_node_group.data.aws_iam_policy_document.assume_role_policy",
            "module.eks.module.eks_cluster.module.eks_managed_node_group.data.aws_iam_policy_document.role",
            "module.eks.module.eks_cluster.module.eks_managed_node_group.data.aws_partition.current",
            "module.eks.module.eks_cluster.module.eks_managed_node_group.data.aws_ssm_parameter.ami",
            "module.eks.module.eks_cluster.module.eks_managed_node_group.data.aws_subnets.placement_group",
            "module.eks.module.eks_cluster.module.eks_managed_node_group.module.user_data.data.cloudinit_config.al2023_eks_managed_node_group",
            "module.eks.module.eks_cluster.module.eks_managed_node_group.module.user_data.data.cloudinit_config.linux_eks_managed_node_group",
            "module.eks.module.eks_cluster.module.eks_managed_node_group.module.user_data.null_resource.validate_cluster_service_cidr",
            "module.eks.module.eks_cluster.module.fargate_profile.aws_eks_fargate_profile.this",
            "module.eks.module.eks_cluster.module.fargate_profile.aws_iam_role.this",
            "module.eks.module.eks_cluster.module.fargate_profile.aws_iam_role_policy.this",
            "module.eks.module.eks_cluster.module.fargate_profile.aws_iam_role_policy_attachment.additional",
            "module.eks.module.eks_cluster.module.fargate_profile.aws_iam_role_policy_attachment.this",
            "module.eks.module.eks_cluster.module.fargate_profile.data.aws_caller_identity.current",
            "module.eks.module.eks_cluster.module.fargate_profile.data.aws_iam_policy_document.assume_role_policy",
            "module.eks.module.eks_cluster.module.fargate_profile.data.aws_iam_policy_document.role",
            "module.eks.module.eks_cluster.module.fargate_profile.data.aws_partition.current",
            "module.eks.module.eks_cluster.module.fargate_profile.data.aws_region.current",
            "module.eks.module.eks_cluster.module.kms.aws_kms_alias.this",
            "module.eks.module.eks_cluster.module.kms.aws_kms_external_key.this",
            "module.eks.module.eks_cluster.module.kms.aws_kms_grant.this",
            "module.eks.module.eks_cluster.module.kms.aws_kms_key.this",
            "module.eks.module.eks_cluster.module.kms.aws_kms_replica_external_key.this",
            "module.eks.module.eks_cluster.module.kms.aws_kms_replica_key.this",
            "module.eks.module.eks_cluster.module.kms.data.aws_caller_identity.current",
            "module.eks.module.eks_cluster.module.kms.data.aws_iam_policy_document.this",
            "module.eks.module.eks_cluster.module.kms.data.aws_partition.current",
            "module.eks.module.eks_cluster.module.self_managed_node_group.aws_autoscaling_group.this",
            "module.eks.module.eks_cluster.module.self_managed_node_group.aws_autoscaling_schedule.this",
            "module.eks.module.eks_cluster.module.self_managed_node_group.aws_eks_access_entry.this",
            "module.eks.module.eks_cluster.module.self_managed_node_group.aws_iam_instance_profile.this",
            "module.eks.module.eks_cluster.module.self_managed_node_group.aws_iam_role.this",
            "module.eks.module.eks_cluster.module.self_managed_node_group.aws_iam_role_policy.this",
            "module.eks.module.eks_cluster.module.self_managed_node_group.aws_iam_role_policy_attachment.additional",
            "module.eks.module.eks_cluster.module.self_managed_node_group.aws_iam_role_policy_attachment.this",
            "module.eks.module.eks_cluster.module.self_managed_node_group.aws_launch_template.this",
            "module.eks.module.eks_cluster.module.self_managed_node_group.aws_placement_group.this",
            "module.eks.module.eks_cluster.module.self_managed_node_group.data.aws_caller_identity.current",
            "module.eks.module.eks_cluster.module.self_managed_node_group.data.aws_ec2_instance_type.this",
            "module.eks.module.eks_cluster.module.self_managed_node_group.data.aws_ec2_instance_type_offerings.this",
            "module.eks.module.eks_cluster.module.self_managed_node_group.data.aws_iam_policy_document.assume_role_policy",
            "module.eks.module.eks_cluster.module.self_managed_node_group.data.aws_iam_policy_document.role",
            "module.eks.module.eks_cluster.module.self_managed_node_group.data.aws_partition.current",
            "module.eks.module.eks_cluster.module.self_managed_node_group.data.aws_ssm_parameter.ami",
            "module.eks.module.eks_cluster.module.self_managed_node_group.data.aws_subnets.placement_group",
            "module.eks.module.eks_cluster.module.self_managed_node_group.module.user_data.data.cloudinit_config.al2023_eks_managed_node_group",
            "module.eks.module.eks_cluster.module.self_managed_node_group.module.user_data.data.cloudinit_config.linux_eks_managed_node_group",
            "module.eks.module.eks_cluster.module.self_managed_node_group.module.user_data.null_resource.validate_cluster_service_cidr",
            "module.eks.module.eks_cluster.time_sleep.this",
            "module.vpc.aws_subnet.private1",
            "module.vpc.aws_subnet.private2",
            "module.vpc.aws_subnet.private3",
            "module.vpc.aws_subnet.private4",
            "module.vpc.aws_vpc.memo-vpc"
          ]
        }
      ]
    },
    {
      "module": "module.ebs_csi_driver",
      "mode": "managed",
      "type": "helm_release",
      "name": "aws_ebs_csi_driver",
      "provider": "provider[\"registry.terraform.io/hashicorp/helm\"]",
      "instances": [
        {
          "schema_version": 2,
          "attributes": {
            "atomic": false,
            "chart": "aws-ebs-csi-driver",
            "cleanup_on_fail": false,
            "create_namespace": false,
            "dependency_update": false,
            "description": null,
            "devel": null,
            "disable_crd_hooks": false,
            "disable_openapi_validation": false,
            "disable_webhooks": false,
            "force_update": false,
            "id": "aws-ebs-csi-driver",
            "keyring": null,
            "lint": false,
            "manifest": null,
            "max_history": 0,
            "metadata": {
              "app_version": "1.28.0",
              "chart": "aws-ebs-csi-driver",
              "first_deployed": 1752541673,
              "last_deployed": 1752541673,
              "name": "aws-ebs-csi-driver",
              "namespace": "kube-system",
              "notes": "To verify that aws-ebs-csi-driver has started, run:\n\n    kubectl get pod -n kube-system -l \"app.kubernetes.io/name=aws-ebs-csi-driver,app.kubernetes.io/instance=aws-ebs-csi-driver\"\n\nNOTE: The [CSI Snapshotter](https://github.com/kubernetes-csi/external-snapshotter) controller and CRDs will no longer be installed as part of this chart and moving forward will be a prerequisite of using the snap shotting functionality.\n\nWARNING: Upgrading the EBS CSI Driver Helm chart with --reuse-values will no longer be supported in a future release. For more information, see https://github.com/kubernetes-sigs/aws-ebs-csi-driver/issues/1864\n",
              "revision": 1,
              "values": "{\"controller\":{\"serviceAccount\":{\"annotations\":{\"eks.amazonaws.com/role-arn\":\"arn:aws:iam::727646470302:role/AmazonEKS_EBS_CSI_DriverRole\"},\"create\":true}}}",
              "version": "2.28.0"
            },
            "name": "aws-ebs-csi-driver",
            "namespace": "kube-system",
            "pass_credentials": false,
            "postrender": null,
            "recreate_pods": false,
            "render_subchart_notes": true,
            "replace": false,
            "repository": "https://kubernetes-sigs.github.io/aws-ebs-csi-driver",
            "repository_ca_file": null,
            "repository_cert_file": null,
            "repository_key_file": null,
            "repository_password": null,
            "repository_username": null,
            "reset_values": false,
            "reuse_values": false,
            "set": [
              {
                "name": "controller.serviceAccount.create",
                "type": "",
                "value": "true"
              },
              {
                "name": "controller.serviceAccount.annotations.eks\\.amazonaws\\.com/role-arn",
                "type": "",
                "value": "arn:aws:iam::727646470302:role/AmazonEKS_EBS_CSI_DriverRole"
              }
            ],
            "set_list": null,
            "set_sensitive": null,
            "set_wo": null,
            "set_wo_revision": null,
            "skip_crds": false,
            "status": "deployed",
            "timeout": 300,
            "values": null,
            "verify": false,
            "version": "2.28.0",
            "wait": false,
            "wait_for_jobs": false
          },
          "sensitive_attributes": [
            [
              {
                "type": "get_attr",
                "value": "repository_password"
              }
            ]
          ],
          "identity_schema_version": 0,
          "identity": {
            "namespace": "kube-system",
            "release_name": "aws-ebs-csi-driver"
          },
          "dependencies": [
            "module.ebs_csi_driver.aws_iam_role.ebs_csi_role",
            "module.ebs_csi_driver.aws_iam_role_policy_attachment.ebs_csi_policy",
            "module.eks.aws_eks_access_policy_association.admin",
            "module.eks.aws_security_group_rule.eks_cluster_external_access",
            "module.eks.aws_security_group_rule.eks_cluster_external_access_10250",
            "module.eks.aws_security_group_rule.eks_cluster_external_access_6443",
            "module.eks.module.eks_cluster.aws_cloudwatch_log_group.this",
            "module.eks.module.eks_cluster.aws_ec2_tag.cluster_primary_security_group",
            "module.eks.module.eks_cluster.aws_eks_access_entry.this",
            "module.eks.module.eks_cluster.aws_eks_access_policy_association.this",
            "module.eks.module.eks_cluster.aws_eks_addon.before_compute",
            "module.eks.module.eks_cluster.aws_eks_addon.this",
            "module.eks.module.eks_cluster.aws_eks_cluster.this",
            "module.eks.module.eks_cluster.aws_eks_identity_provider_config.this",
            "module.eks.module.eks_cluster.aws_iam_openid_connect_provider.oidc_provider",
            "module.eks.module.eks_cluster.aws_iam_policy.cluster_encryption",
            "module.eks.module.eks_cluster.aws_iam_policy.cni_ipv6_policy",
            "module.eks.module.eks_cluster.aws_iam_policy.custom",
            "module.eks.module.eks_cluster.aws_iam_role.eks_auto",
            "module.eks.module.eks_cluster.aws_iam_role.this",
            "module.eks.module.eks_cluster.aws_iam_role_policy_attachment.additional",
            "module.eks.module.eks_cluster.aws_iam_role_policy_attachment.cluster_encryption",
            "module.eks.module.eks_cluster.aws_iam_role_policy_attachment.custom",
            "module.eks.module.eks_cluster.aws_iam_role_policy_attachment.eks_auto",
            "module.eks.module.eks_cluster.aws_iam_role_policy_attachment.eks_auto_additional",
            "module.eks.module.eks_cluster.aws_iam_role_policy_attachment.this",
            "module.eks.module.eks_cluster.aws_security_group.cluster",
            "module.eks.module.eks_cluster.aws_security_group.node",
            "module.eks.module.eks_cluster.aws_security_group_rule.cluster",
            "module.eks.module.eks_cluster.aws_security_group_rule.node",
            "module.eks.module.eks_cluster.data.aws_caller_identity.current",
            "module.eks.module.eks_cluster.data.aws_eks_addon_version.this",
            "module.eks.module.eks_cluster.data.aws_iam_policy_document.assume_role_policy",
            "module.eks.module.eks_cluster.data.aws_iam_policy_document.cni_ipv6_policy",
            "module.eks.module.eks_cluster.data.aws_iam_policy_document.custom",
            "module.eks.module.eks_cluster.data.aws_iam_policy_document.node_assume_role_policy",
            "module.eks.module.eks_cluster.data.aws_iam_session_context.current",
            "module.eks.module.eks_cluster.data.aws_partition.current",
            "module.eks.module.eks_cluster.data.tls_certificate.this",
            "module.eks.module.eks_cluster.module.eks_managed_node_group.aws_autoscaling_schedule.this",
            "module.eks.module.eks_cluster.module.eks_managed_node_group.aws_eks_node_group.this",
            "module.eks.module.eks_cluster.module.eks_managed_node_group.aws_iam_role.this",
            "module.eks.module.eks_cluster.module.eks_managed_node_group.aws_iam_role_policy.this",
            "module.eks.module.eks_cluster.module.eks_managed_node_group.aws_iam_role_policy_attachment.additional",
            "module.eks.module.eks_cluster.module.eks_managed_node_group.aws_iam_role_policy_attachment.this",
            "module.eks.module.eks_cluster.module.eks_managed_node_group.aws_launch_template.this",
            "module.eks.module.eks_cluster.module.eks_managed_node_group.aws_placement_group.this",
            "module.eks.module.eks_cluster.module.eks_managed_node_group.data.aws_caller_identity.current",
            "module.eks.module.eks_cluster.module.eks_managed_node_group.data.aws_ec2_instance_type.this",
            "module.eks.module.eks_cluster.module.eks_managed_node_group.data.aws_ec2_instance_type_offerings.this",
            "module.eks.module.eks_cluster.module.eks_managed_node_group.data.aws_iam_policy_document.assume_role_policy",
            "module.eks.module.eks_cluster.module.eks_managed_node_group.data.aws_iam_policy_document.role",
            "module.eks.module.eks_cluster.module.eks_managed_node_group.data.aws_partition.current",
            "module.eks.module.eks_cluster.module.eks_managed_node_group.data.aws_ssm_parameter.ami",
            "module.eks.module.eks_cluster.module.eks_managed_node_group.data.aws_subnets.placement_group",
            "module.eks.module.eks_cluster.module.eks_managed_node_group.module.user_data.data.cloudinit_config.al2023_eks_managed_node_group",
            "module.eks.module.eks_cluster.module.eks_managed_node_group.module.user_data.data.cloudinit_config.linux_eks_managed_node_group",
            "module.eks.module.eks_cluster.module.eks_managed_node_group.module.user_data.null_resource.validate_cluster_service_cidr",
            "module.eks.module.eks_cluster.module.fargate_profile.aws_eks_fargate_profile.this",
            "module.eks.module.eks_cluster.module.fargate_profile.aws_iam_role.this",
            "module.eks.module.eks_cluster.module.fargate_profile.aws_iam_role_policy.this",
            "module.eks.module.eks_cluster.module.fargate_profile.aws_iam_role_policy_attachment.additional",
            "module.eks.module.eks_cluster.module.fargate_profile.aws_iam_role_policy_attachment.this",
            "module.eks.module.eks_cluster.module.fargate_profile.data.aws_caller_identity.current",
            "module.eks.module.eks_cluster.module.fargate_profile.data.aws_iam_policy_document.assume_role_policy",
            "module.eks.module.eks_cluster.module.fargate_profile.data.aws_iam_policy_document.role",
            "module.eks.module.eks_cluster.module.fargate_profile.data.aws_partition.current",
            "module.eks.module.eks_cluster.module.fargate_profile.data.aws_region.current",
            "module.eks.module.eks_cluster.module.kms.aws_kms_alias.this",
            "module.eks.module.eks_cluster.module.kms.aws_kms_external_key.this",
            "module.eks.module.eks_cluster.module.kms.aws_kms_grant.this",
            "module.eks.module.eks_cluster.module.kms.aws_kms_key.this",
            "module.eks.module.eks_cluster.module.kms.aws_kms_replica_external_key.this",
            "module.eks.module.eks_cluster.module.kms.aws_kms_replica_key.this",
            "module.eks.module.eks_cluster.module.kms.data.aws_caller_identity.current",
            "module.eks.module.eks_cluster.module.kms.data.aws_iam_policy_document.this",
            "module.eks.module.eks_cluster.module.kms.data.aws_partition.current",
            "module.eks.module.eks_cluster.module.self_managed_node_group.aws_autoscaling_group.this",
            "module.eks.module.eks_cluster.module.self_managed_node_group.aws_autoscaling_schedule.this",
            "module.eks.module.eks_cluster.module.self_managed_node_group.aws_eks_access_entry.this",
            "module.eks.module.eks_cluster.module.self_managed_node_group.aws_iam_instance_profile.this",
            "module.eks.module.eks_cluster.module.self_managed_node_group.aws_iam_role.this",
            "module.eks.module.eks_cluster.module.self_managed_node_group.aws_iam_role_policy.this",
            "module.eks.module.eks_cluster.module.self_managed_node_group.aws_iam_role_policy_attachment.additional",
            "module.eks.module.eks_cluster.module.self_managed_node_group.aws_iam_role_policy_attachment.this",
            "module.eks.module.eks_cluster.module.self_managed_node_group.aws_launch_template.this",
            "module.eks.module.eks_cluster.module.self_managed_node_group.aws_placement_group.this",
            "module.eks.module.eks_cluster.module.self_managed_node_group.data.aws_caller_identity.current",
            "module.eks.module.eks_cluster.module.self_managed_node_group.data.aws_ec2_instance_type.this",
            "module.eks.module.eks_cluster.module.self_managed_node_group.data.aws_ec2_instance_type_offerings.this",
            "module.eks.module.eks_cluster.module.self_managed_node_group.data.aws_iam_policy_document.assume_role_policy",
            "module.eks.module.eks_cluster.module.self_managed_node_group.data.aws_iam_policy_document.role",
            "module.eks.module.eks_cluster.module.self_managed_node_group.data.aws_partition.current",
            "module.eks.module.eks_cluster.module.self_managed_node_group.data.aws_ssm_parameter.ami",
            "module.eks.module.eks_cluster.module.self_managed_node_group.data.aws_subnets.placement_group",
            "module.eks.module.eks_cluster.module.self_managed_node_group.module.user_data.data.cloudinit_config.al2023_eks_managed_node_group",
            "module.eks.module.eks_cluster.module.self_managed_node_group.module.user_data.data.cloudinit_config.linux_eks_managed_node_group",
            "module.eks.module.eks_cluster.module.self_managed_node_group.module.user_data.null_resource.validate_cluster_service_cidr",
            "module.eks.module.eks_cluster.time_sleep.this",
            "module.vpc.aws_subnet.private1",
            "module.vpc.aws_subnet.private2",
            "module.vpc.aws_subnet.private3",
            "module.vpc.aws_subnet.private4",
            "module.vpc.aws_vpc.memo-vpc"
          ]
        }
      ]
    },
    {
      "module": "module.eks",
      "mode": "managed",
      "type": "aws_eks_access_policy_association",
      "name": "admin",
      "provider": "provider[\"registry.terraform.io/hashicorp/aws\"]",
      "instances": [
        {
          "schema_version": 0,
          "attributes": {
            "access_scope": [
              {
                "namespaces": [],
                "type": "cluster"
              }
            ],
            "associated_at": "2025-07-15 00:52:02.143 +0000 UTC",
            "cluster_name": "memo-eks-cluster",
            "id": "memo-eks-cluster#arn:aws:iam::727646470302:user/lion3team04#arn:aws:eks::aws:cluster-access-policy/AmazonEKSClusterAdminPolicy",
            "modified_at": "2025-07-15 00:52:02.143 +0000 UTC",
            "policy_arn": "arn:aws:eks::aws:cluster-access-policy/AmazonEKSClusterAdminPolicy",
            "principal_arn": "arn:aws:iam::727646470302:user/lion3team04",
            "timeouts": null
          },
          "sensitive_attributes": [],
          "identity_schema_version": 0,
          "private": "eyJlMmJmYjczMC1lY2FhLTExZTYtOGY4OC0zNDM2M2JjN2M0YzAiOnsiY3JlYXRlIjo2MDAwMDAwMDAwMDAsImRlbGV0ZSI6NjAwMDAwMDAwMDAwfX0=",
          "dependencies": [
            "module.eks.module.eks_cluster.aws_cloudwatch_log_group.this",
            "module.eks.module.eks_cluster.aws_ec2_tag.cluster_primary_security_group",
            "module.eks.module.eks_cluster.aws_eks_access_entry.this",
            "module.eks.module.eks_cluster.aws_eks_access_policy_association.this",
            "module.eks.module.eks_cluster.aws_eks_addon.before_compute",
            "module.eks.module.eks_cluster.aws_eks_addon.this",
            "module.eks.module.eks_cluster.aws_eks_cluster.this",
            "module.eks.module.eks_cluster.aws_eks_identity_provider_config.this",
            "module.eks.module.eks_cluster.aws_iam_openid_connect_provider.oidc_provider",
            "module.eks.module.eks_cluster.aws_iam_policy.cluster_encryption",
            "module.eks.module.eks_cluster.aws_iam_policy.cni_ipv6_policy",
            "module.eks.module.eks_cluster.aws_iam_policy.custom",
            "module.eks.module.eks_cluster.aws_iam_role.eks_auto",
            "module.eks.module.eks_cluster.aws_iam_role.this",
            "module.eks.module.eks_cluster.aws_iam_role_policy_attachment.additional",
            "module.eks.module.eks_cluster.aws_iam_role_policy_attachment.cluster_encryption",
            "module.eks.module.eks_cluster.aws_iam_role_policy_attachment.custom",
            "module.eks.module.eks_cluster.aws_iam_role_policy_attachment.eks_auto",
            "module.eks.module.eks_cluster.aws_iam_role_policy_attachment.eks_auto_additional",
            "module.eks.module.eks_cluster.aws_iam_role_policy_attachment.this",
            "module.eks.module.eks_cluster.aws_security_group.cluster",
            "module.eks.module.eks_cluster.aws_security_group.node",
            "module.eks.module.eks_cluster.aws_security_group_rule.cluster",
            "module.eks.module.eks_cluster.aws_security_group_rule.node",
            "module.eks.module.eks_cluster.data.aws_caller_identity.current",
            "module.eks.module.eks_cluster.data.aws_eks_addon_version.this",
            "module.eks.module.eks_cluster.data.aws_iam_policy_document.assume_role_policy",
            "module.eks.module.eks_cluster.data.aws_iam_policy_document.cni_ipv6_policy",
            "module.eks.module.eks_cluster.data.aws_iam_policy_document.custom",
            "module.eks.module.eks_cluster.data.aws_iam_policy_document.node_assume_role_policy",
            "module.eks.module.eks_cluster.data.aws_iam_session_context.current",
            "module.eks.module.eks_cluster.data.aws_partition.current",
            "module.eks.module.eks_cluster.data.tls_certificate.this",
            "module.eks.module.eks_cluster.module.eks_managed_node_group.aws_autoscaling_schedule.this",
            "module.eks.module.eks_cluster.module.eks_managed_node_group.aws_eks_node_group.this",
            "module.eks.module.eks_cluster.module.eks_managed_node_group.aws_iam_role.this",
            "module.eks.module.eks_cluster.module.eks_managed_node_group.aws_iam_role_policy.this",
            "module.eks.module.eks_cluster.module.eks_managed_node_group.aws_iam_role_policy_attachment.additional",
            "module.eks.module.eks_cluster.module.eks_managed_node_group.aws_iam_role_policy_attachment.this",
            "module.eks.module.eks_cluster.module.eks_managed_node_group.aws_launch_template.this",
            "module.eks.module.eks_cluster.module.eks_managed_node_group.aws_placement_group.this",
            "module.eks.module.eks_cluster.module.eks_managed_node_group.data.aws_caller_identity.current",
            "module.eks.module.eks_cluster.module.eks_managed_node_group.data.aws_ec2_instance_type.this",
            "module.eks.module.eks_cluster.module.eks_managed_node_group.data.aws_ec2_instance_type_offerings.this",
            "module.eks.module.eks_cluster.module.eks_managed_node_group.data.aws_iam_policy_document.assume_role_policy",
            "module.eks.module.eks_cluster.module.eks_managed_node_group.data.aws_iam_policy_document.role",
            "module.eks.module.eks_cluster.module.eks_managed_node_group.data.aws_partition.current",
            "module.eks.module.eks_cluster.module.eks_managed_node_group.data.aws_ssm_parameter.ami",
            "module.eks.module.eks_cluster.module.eks_managed_node_group.data.aws_subnets.placement_group",
            "module.eks.module.eks_cluster.module.eks_managed_node_group.module.user_data.data.cloudinit_config.al2023_eks_managed_node_group",
            "module.eks.module.eks_cluster.module.eks_managed_node_group.module.user_data.data.cloudinit_config.linux_eks_managed_node_group",
            "module.eks.module.eks_cluster.module.eks_managed_node_group.module.user_data.null_resource.validate_cluster_service_cidr",
            "module.eks.module.eks_cluster.module.fargate_profile.aws_eks_fargate_profile.this",
            "module.eks.module.eks_cluster.module.fargate_profile.aws_iam_role.this",
            "module.eks.module.eks_cluster.module.fargate_profile.aws_iam_role_policy.this",
            "module.eks.module.eks_cluster.module.fargate_profile.aws_iam_role_policy_attachment.additional",
            "module.eks.module.eks_cluster.module.fargate_profile.aws_iam_role_policy_attachment.this",
            "module.eks.module.eks_cluster.module.fargate_profile.data.aws_caller_identity.current",
            "module.eks.module.eks_cluster.module.fargate_profile.data.aws_iam_policy_document.assume_role_policy",
            "module.eks.module.eks_cluster.module.fargate_profile.data.aws_iam_policy_document.role",
            "module.eks.module.eks_cluster.module.fargate_profile.data.aws_partition.current",
            "module.eks.module.eks_cluster.module.fargate_profile.data.aws_region.current",
            "module.eks.module.eks_cluster.module.kms.aws_kms_alias.this",
            "module.eks.module.eks_cluster.module.kms.aws_kms_external_key.this",
            "module.eks.module.eks_cluster.module.kms.aws_kms_grant.this",
            "module.eks.module.eks_cluster.module.kms.aws_kms_key.this",
            "module.eks.module.eks_cluster.module.kms.aws_kms_replica_external_key.this",
            "module.eks.module.eks_cluster.module.kms.aws_kms_replica_key.this",
            "module.eks.module.eks_cluster.module.kms.data.aws_caller_identity.current",
            "module.eks.module.eks_cluster.module.kms.data.aws_iam_policy_document.this",
            "module.eks.module.eks_cluster.module.kms.data.aws_partition.current",
            "module.eks.module.eks_cluster.module.self_managed_node_group.aws_autoscaling_group.this",
            "module.eks.module.eks_cluster.module.self_managed_node_group.aws_autoscaling_schedule.this",
            "module.eks.module.eks_cluster.module.self_managed_node_group.aws_eks_access_entry.this",
            "module.eks.module.eks_cluster.module.self_managed_node_group.aws_iam_instance_profile.this",
            "module.eks.module.eks_cluster.module.self_managed_node_group.aws_iam_role.this",
            "module.eks.module.eks_cluster.module.self_managed_node_group.aws_iam_role_policy.this",
            "module.eks.module.eks_cluster.module.self_managed_node_group.aws_iam_role_policy_attachment.additional",
            "module.eks.module.eks_cluster.module.self_managed_node_group.aws_iam_role_policy_attachment.this",
            "module.eks.module.eks_cluster.module.self_managed_node_group.aws_launch_template.this",
            "module.eks.module.eks_cluster.module.self_managed_node_group.aws_placement_group.this",
            "module.eks.module.eks_cluster.module.self_managed_node_group.data.aws_caller_identity.current",
            "module.eks.module.eks_cluster.module.self_managed_node_group.data.aws_ec2_instance_type.this",
            "module.eks.module.eks_cluster.module.self_managed_node_group.data.aws_ec2_instance_type_offerings.this",
            "module.eks.module.eks_cluster.module.self_managed_node_group.data.aws_iam_policy_document.assume_role_policy",
            "module.eks.module.eks_cluster.module.self_managed_node_group.data.aws_iam_policy_document.role",
            "module.eks.module.eks_cluster.module.self_managed_node_group.data.aws_partition.current",
            "module.eks.module.eks_cluster.module.self_managed_node_group.data.aws_ssm_parameter.ami",
            "module.eks.module.eks_cluster.module.self_managed_node_group.data.aws_subnets.placement_group",
            "module.eks.module.eks_cluster.module.self_managed_node_group.module.user_data.data.cloudinit_config.al2023_eks_managed_node_group",
            "module.eks.module.eks_cluster.module.self_managed_node_group.module.user_data.data.cloudinit_config.linux_eks_managed_node_group",
            "module.eks.module.eks_cluster.module.self_managed_node_group.module.user_data.null_resource.validate_cluster_service_cidr",
            "module.eks.module.eks_cluster.time_sleep.this",
            "module.vpc.aws_subnet.private1",
            "module.vpc.aws_subnet.private2",
            "module.vpc.aws_subnet.private3",
            "module.vpc.aws_subnet.private4",
            "module.vpc.aws_vpc.memo-vpc"
          ]
        }
      ]
    },
    {
      "module": "module.eks",
      "mode": "managed",
      "type": "aws_security_group_rule",
      "name": "eks_cluster_external_access",
      "provider": "provider[\"registry.terraform.io/hashicorp/aws\"]",
      "instances": [
        {
          "schema_version": 2,
          "attributes": {
            "cidr_blocks": [
              "0.0.0.0/0"
            ],
            "description": "External access to EKS cluster API",
            "from_port": 443,
            "id": "sgrule-1051440854",
            "ipv6_cidr_blocks": null,
            "prefix_list_ids": null,
            "protocol": "tcp",
            "security_group_id": "sg-0d9e85347d66f665c",
            "security_group_rule_id": "sgr-04b4577be56271b2b",
            "self": false,
            "source_security_group_id": null,
            "timeouts": null,
            "to_port": 443,
            "type": "ingress"
          },
          "sensitive_attributes": [],
          "identity_schema_version": 0,
          "private": "eyJlMmJmYjczMC1lY2FhLTExZTYtOGY4OC0zNDM2M2JjN2M0YzAiOnsiY3JlYXRlIjozMDAwMDAwMDAwMDB9LCJzY2hlbWFfdmVyc2lvbiI6IjIifQ==",
          "dependencies": [
            "module.eks.module.eks_cluster.aws_security_group.cluster",
            "module.vpc.aws_vpc.memo-vpc"
          ]
        }
      ]
    },
    {
      "module": "module.eks",
      "mode": "managed",
      "type": "aws_security_group_rule",
      "name": "eks_cluster_external_access_10250",
      "provider": "provider[\"registry.terraform.io/hashicorp/aws\"]",
      "instances": [
        {
          "schema_version": 2,
          "attributes": {
            "cidr_blocks": [
              "0.0.0.0/0"
            ],
            "description": "External access to EKS kubelet API",
            "from_port": 10250,
            "id": "sgrule-2161540365",
            "ipv6_cidr_blocks": null,
            "prefix_list_ids": null,
            "protocol": "tcp",
            "security_group_id": "sg-0d9e85347d66f665c",
            "security_group_rule_id": "sgr-02f184186a1cec388",
            "self": false,
            "source_security_group_id": null,
            "timeouts": null,
            "to_port": 10250,
            "type": "ingress"
          },
          "sensitive_attributes": [],
          "identity_schema_version": 0,
          "private": "eyJlMmJmYjczMC1lY2FhLTExZTYtOGY4OC0zNDM2M2JjN2M0YzAiOnsiY3JlYXRlIjozMDAwMDAwMDAwMDB9LCJzY2hlbWFfdmVyc2lvbiI6IjIifQ==",
          "dependencies": [
            "module.eks.module.eks_cluster.aws_security_group.cluster",
            "module.vpc.aws_vpc.memo-vpc"
          ]
        }
      ]
    },
    {
      "module": "module.eks",
      "mode": "managed",
      "type": "aws_security_group_rule",
      "name": "eks_cluster_external_access_6443",
      "provider": "provider[\"registry.terraform.io/hashicorp/aws\"]",
      "instances": [
        {
          "schema_version": 2,
          "attributes": {
            "cidr_blocks": [
              "0.0.0.0/0"
            ],
            "description": "External access to EKS cluster API (6443)",
            "from_port": 6443,
            "id": "sgrule-2209683426",
            "ipv6_cidr_blocks": null,
            "prefix_list_ids": null,
            "protocol": "tcp",
            "security_group_id": "sg-0d9e85347d66f665c",
            "security_group_rule_id": "sgr-042a427e07b12adde",
            "self": false,
            "source_security_group_id": null,
            "timeouts": null,
            "to_port": 6443,
            "type": "ingress"
          },
          "sensitive_attributes": [],
          "identity_schema_version": 0,
          "private": "eyJlMmJmYjczMC1lY2FhLTExZTYtOGY4OC0zNDM2M2JjN2M0YzAiOnsiY3JlYXRlIjozMDAwMDAwMDAwMDB9LCJzY2hlbWFfdmVyc2lvbiI6IjIifQ==",
          "dependencies": [
            "module.eks.module.eks_cluster.aws_security_group.cluster",
            "module.vpc.aws_vpc.memo-vpc"
          ]
        }
      ]
    },
    {
      "module": "module.eks.module.eks_cluster",
      "mode": "data",
      "type": "aws_caller_identity",
      "name": "current",
      "provider": "provider[\"registry.terraform.io/hashicorp/aws\"]",
      "instances": [
        {
          "index_key": 0,
          "schema_version": 0,
          "attributes": {
            "account_id": "727646470302",
            "arn": "arn:aws:iam::727646470302:user/lion3team04",
            "id": "727646470302",
            "user_id": "AIDA2S2Y4ACPKEECA2RJ5"
          },
          "sensitive_attributes": [],
          "identity_schema_version": 0
        }
      ]
    },
    {
      "module": "module.eks.module.eks_cluster",
      "mode": "data",
      "type": "aws_eks_addon_version",
      "name": "this",
      "provider": "provider[\"registry.terraform.io/hashicorp/aws\"]",
      "instances": []
    },
    {
      "module": "module.eks.module.eks_cluster",
      "mode": "data",
      "type": "aws_iam_policy_document",
      "name": "assume_role_policy",
      "provider": "provider[\"registry.terraform.io/hashicorp/aws\"]",
      "instances": [
        {
          "index_key": 0,
          "schema_version": 0,
          "attributes": {
            "id": "2830595799",
            "json": "{\n  \"Version\": \"2012-10-17\",\n  \"Statement\": [\n    {\n      \"Sid\": \"EKSClusterAssumeRole\",\n      \"Effect\": \"Allow\",\n      \"Action\": [\n        \"sts:TagSession\",\n        \"sts:AssumeRole\"\n      ],\n      \"Principal\": {\n        \"Service\": \"eks.amazonaws.com\"\n      }\n    }\n  ]\n}",
            "minified_json": "{\"Version\":\"2012-10-17\",\"Statement\":[{\"Sid\":\"EKSClusterAssumeRole\",\"Effect\":\"Allow\",\"Action\":[\"sts:TagSession\",\"sts:AssumeRole\"],\"Principal\":{\"Service\":\"eks.amazonaws.com\"}}]}",
            "override_json": null,
            "override_policy_documents": null,
            "policy_id": null,
            "source_json": null,
            "source_policy_documents": null,
            "statement": [
              {
                "actions": [
                  "sts:AssumeRole",
                  "sts:TagSession"
                ],
                "condition": [],
                "effect": "Allow",
                "not_actions": [],
                "not_principals": [],
                "not_resources": [],
                "principals": [
                  {
                    "identifiers": [
                      "eks.amazonaws.com"
                    ],
                    "type": "Service"
                  }
                ],
                "resources": [],
                "sid": "EKSClusterAssumeRole"
              }
            ],
            "version": "2012-10-17"
          },
          "sensitive_attributes": [],
          "identity_schema_version": 0
        }
      ]
    },
    {
      "module": "module.eks.module.eks_cluster",
      "mode": "data",
      "type": "aws_iam_policy_document",
      "name": "cni_ipv6_policy",
      "provider": "provider[\"registry.terraform.io/hashicorp/aws\"]",
      "instances": []
    },
    {
      "module": "module.eks.module.eks_cluster",
      "mode": "data",
      "type": "aws_iam_policy_document",
      "name": "custom",
      "provider": "provider[\"registry.terraform.io/hashicorp/aws\"]",
      "instances": [
        {
          "index_key": 0,
          "schema_version": 0,
          "attributes": {
            "id": "513122117",
            "json": "{\n  \"Version\": \"2012-10-17\",\n  \"Statement\": [\n    {\n      \"Sid\": \"Compute\",\n      \"Effect\": \"Allow\",\n      \"Action\": [\n        \"ec2:RunInstances\",\n        \"ec2:CreateLaunchTemplate\",\n        \"ec2:CreateFleet\"\n      ],\n      \"Resource\": \"*\",\n      \"Condition\": {\n        \"StringEquals\": {\n          \"aws:RequestTag/eks:eks-cluster-name\": \"${aws:PrincipalTag/eks:eks-cluster-name}\"\n        },\n        \"StringLike\": {\n          \"aws:RequestTag/eks:kubernetes-node-class-name\": \"*\",\n          \"aws:RequestTag/eks:kubernetes-node-pool-name\": \"*\"\n        }\n      }\n    },\n    {\n      \"Sid\": \"Storage\",\n      \"Effect\": \"Allow\",\n      \"Action\": [\n        \"ec2:CreateVolume\",\n        \"ec2:CreateSnapshot\"\n      ],\n      \"Resource\": [\n        \"arn:aws:ec2:*:*:volume/*\",\n        \"arn:aws:ec2:*:*:snapshot/*\"\n      ],\n      \"Condition\": {\n        \"StringEquals\": {\n          \"aws:RequestTag/eks:eks-cluster-name\": \"${aws:PrincipalTag/eks:eks-cluster-name}\"\n        }\n      }\n    },\n    {\n      \"Sid\": \"Networking\",\n      \"Effect\": \"Allow\",\n      \"Action\": \"ec2:CreateNetworkInterface\",\n      \"Resource\": \"*\",\n      \"Condition\": {\n        \"StringEquals\": {\n          \"aws:RequestTag/eks:eks-cluster-name\": \"${aws:PrincipalTag/eks:eks-cluster-name}\",\n          \"aws:RequestTag/eks:kubernetes-cni-node-name\": \"*\"\n        }\n      }\n    },\n    {\n      \"Sid\": \"LoadBalancer\",\n      \"Effect\": \"Allow\",\n      \"Action\": [\n        \"elasticloadbalancing:CreateTargetGroup\",\n        \"elasticloadbalancing:CreateRule\",\n        \"elasticloadbalancing:CreateLoadBalancer\",\n        \"elasticloadbalancing:CreateListener\",\n        \"ec2:CreateSecurityGroup\"\n      ],\n      \"Resource\": \"*\",\n      \"Condition\": {\n        \"StringEquals\": {\n          \"aws:RequestTag/eks:eks-cluster-name\": \"${aws:PrincipalTag/eks:eks-cluster-name}\"\n        }\n      }\n    },\n    {\n      \"Sid\": \"ShieldProtection\",\n      \"Effect\": \"Allow\",\n      \"Action\": \"shield:CreateProtection\",\n      \"Resource\": \"*\",\n      \"Condition\": {\n        \"StringEquals\": {\n          \"aws:RequestTag/eks:eks-cluster-name\": \"${aws:PrincipalTag/eks:eks-cluster-name}\"\n        }\n      }\n    },\n    {\n      \"Sid\": \"ShieldTagResource\",\n      \"Effect\": \"Allow\",\n      \"Action\": \"shield:TagResource\",\n      \"Resource\": \"arn:aws:shield::*:protection/*\",\n      \"Condition\": {\n        \"StringEquals\": {\n          \"aws:RequestTag/eks:eks-cluster-name\": \"${aws:PrincipalTag/eks:eks-cluster-name}\"\n        }\n      }\n    }\n  ]\n}",
            "minified_json": "{\"Version\":\"2012-10-17\",\"Statement\":[{\"Sid\":\"Compute\",\"Effect\":\"Allow\",\"Action\":[\"ec2:RunInstances\",\"ec2:CreateLaunchTemplate\",\"ec2:CreateFleet\"],\"Resource\":\"*\",\"Condition\":{\"StringEquals\":{\"aws:RequestTag/eks:eks-cluster-name\":\"${aws:PrincipalTag/eks:eks-cluster-name}\"},\"StringLike\":{\"aws:RequestTag/eks:kubernetes-node-class-name\":\"*\",\"aws:RequestTag/eks:kubernetes-node-pool-name\":\"*\"}}},{\"Sid\":\"Storage\",\"Effect\":\"Allow\",\"Action\":[\"ec2:CreateVolume\",\"ec2:CreateSnapshot\"],\"Resource\":[\"arn:aws:ec2:*:*:volume/*\",\"arn:aws:ec2:*:*:snapshot/*\"],\"Condition\":{\"StringEquals\":{\"aws:RequestTag/eks:eks-cluster-name\":\"${aws:PrincipalTag/eks:eks-cluster-name}\"}}},{\"Sid\":\"Networking\",\"Effect\":\"Allow\",\"Action\":\"ec2:CreateNetworkInterface\",\"Resource\":\"*\",\"Condition\":{\"StringEquals\":{\"aws:RequestTag/eks:eks-cluster-name\":\"${aws:PrincipalTag/eks:eks-cluster-name}\",\"aws:RequestTag/eks:kubernetes-cni-node-name\":\"*\"}}},{\"Sid\":\"LoadBalancer\",\"Effect\":\"Allow\",\"Action\":[\"elasticloadbalancing:CreateTargetGroup\",\"elasticloadbalancing:CreateRule\",\"elasticloadbalancing:CreateLoadBalancer\",\"elasticloadbalancing:CreateListener\",\"ec2:CreateSecurityGroup\"],\"Resource\":\"*\",\"Condition\":{\"StringEquals\":{\"aws:RequestTag/eks:eks-cluster-name\":\"${aws:PrincipalTag/eks:eks-cluster-name}\"}}},{\"Sid\":\"ShieldProtection\",\"Effect\":\"Allow\",\"Action\":\"shield:CreateProtection\",\"Resource\":\"*\",\"Condition\":{\"StringEquals\":{\"aws:RequestTag/eks:eks-cluster-name\":\"${aws:PrincipalTag/eks:eks-cluster-name}\"}}},{\"Sid\":\"ShieldTagResource\",\"Effect\":\"Allow\",\"Action\":\"shield:TagResource\",\"Resource\":\"arn:aws:shield::*:protection/*\",\"Condition\":{\"StringEquals\":{\"aws:RequestTag/eks:eks-cluster-name\":\"${aws:PrincipalTag/eks:eks-cluster-name}\"}}}]}",
            "override_json": null,
            "override_policy_documents": null,
            "policy_id": null,
            "source_json": null,
            "source_policy_documents": null,
            "statement": [
              {
                "actions": [
                  "ec2:CreateFleet",
                  "ec2:CreateLaunchTemplate",
                  "ec2:RunInstances"
                ],
                "condition": [
                  {
                    "test": "StringEquals",
                    "values": [
                      "${aws:PrincipalTag/eks:eks-cluster-name}"
                    ],
                    "variable": "aws:RequestTag/eks:eks-cluster-name"
                  },
                  {
                    "test": "StringLike",
                    "values": [
                      "*"
                    ],
                    "variable": "aws:RequestTag/eks:kubernetes-node-class-name"
                  },
                  {
                    "test": "StringLike",
                    "values": [
                      "*"
                    ],
                    "variable": "aws:RequestTag/eks:kubernetes-node-pool-name"
                  }
                ],
                "effect": "Allow",
                "not_actions": [],
                "not_principals": [],
                "not_resources": [],
                "principals": [],
                "resources": [
                  "*"
                ],
                "sid": "Compute"
              },
              {
                "actions": [
                  "ec2:CreateSnapshot",
                  "ec2:CreateVolume"
                ],
                "condition": [
                  {
                    "test": "StringEquals",
                    "values": [
                      "${aws:PrincipalTag/eks:eks-cluster-name}"
                    ],
                    "variable": "aws:RequestTag/eks:eks-cluster-name"
                  }
                ],
                "effect": "Allow",
                "not_actions": [],
                "not_principals": [],
                "not_resources": [],
                "principals": [],
                "resources": [
                  "arn:aws:ec2:*:*:snapshot/*",
                  "arn:aws:ec2:*:*:volume/*"
                ],
                "sid": "Storage"
              },
              {
                "actions": [
                  "ec2:CreateNetworkInterface"
                ],
                "condition": [
                  {
                    "test": "StringEquals",
                    "values": [
                      "${aws:PrincipalTag/eks:eks-cluster-name}"
                    ],
                    "variable": "aws:RequestTag/eks:eks-cluster-name"
                  },
                  {
                    "test": "StringEquals",
                    "values": [
                      "*"
                    ],
                    "variable": "aws:RequestTag/eks:kubernetes-cni-node-name"
                  }
                ],
                "effect": "Allow",
                "not_actions": [],
                "not_principals": [],
                "not_resources": [],
                "principals": [],
                "resources": [
                  "*"
                ],
                "sid": "Networking"
              },
              {
                "actions": [
                  "ec2:CreateSecurityGroup",
                  "elasticloadbalancing:CreateListener",
                  "elasticloadbalancing:CreateLoadBalancer",
                  "elasticloadbalancing:CreateRule",
                  "elasticloadbalancing:CreateTargetGroup"
                ],
                "condition": [
                  {
                    "test": "StringEquals",
                    "values": [
                      "${aws:PrincipalTag/eks:eks-cluster-name}"
                    ],
                    "variable": "aws:RequestTag/eks:eks-cluster-name"
                  }
                ],
                "effect": "Allow",
                "not_actions": [],
                "not_principals": [],
                "not_resources": [],
                "principals": [],
                "resources": [
                  "*"
                ],
                "sid": "LoadBalancer"
              },
              {
                "actions": [
                  "shield:CreateProtection"
                ],
                "condition": [
                  {
                    "test": "StringEquals",
                    "values": [
                      "${aws:PrincipalTag/eks:eks-cluster-name}"
                    ],
                    "variable": "aws:RequestTag/eks:eks-cluster-name"
                  }
                ],
                "effect": "Allow",
                "not_actions": [],
                "not_principals": [],
                "not_resources": [],
                "principals": [],
                "resources": [
                  "*"
                ],
                "sid": "ShieldProtection"
              },
              {
                "actions": [
                  "shield:TagResource"
                ],
                "condition": [
                  {
                    "test": "StringEquals",
                    "values": [
                      "${aws:PrincipalTag/eks:eks-cluster-name}"
                    ],
                    "variable": "aws:RequestTag/eks:eks-cluster-name"
                  }
                ],
                "effect": "Allow",
                "not_actions": [],
                "not_principals": [],
                "not_resources": [],
                "principals": [],
                "resources": [
                  "arn:aws:shield::*:protection/*"
                ],
                "sid": "ShieldTagResource"
              }
            ],
            "version": "2012-10-17"
          },
          "sensitive_attributes": [],
          "identity_schema_version": 0
        }
      ]
    },
    {
      "module": "module.eks.module.eks_cluster",
      "mode": "data",
      "type": "aws_iam_policy_document",
      "name": "node_assume_role_policy",
      "provider": "provider[\"registry.terraform.io/hashicorp/aws\"]",
      "instances": []
    },
    {
      "module": "module.eks.module.eks_cluster",
      "mode": "data",
      "type": "aws_iam_session_context",
      "name": "current",
      "provider": "provider[\"registry.terraform.io/hashicorp/aws\"]",
      "instances": [
        {
          "index_key": 0,
          "schema_version": 0,
          "attributes": {
            "arn": "arn:aws:iam::727646470302:user/lion3team04",
            "id": "arn:aws:iam::727646470302:user/lion3team04",
            "issuer_arn": "arn:aws:iam::727646470302:user/lion3team04",
            "issuer_id": "",
            "issuer_name": "",
            "session_name": ""
          },
          "sensitive_attributes": [],
          "identity_schema_version": 0
        }
      ]
    },
    {
      "module": "module.eks.module.eks_cluster",
      "mode": "data",
      "type": "aws_partition",
      "name": "current",
      "provider": "provider[\"registry.terraform.io/hashicorp/aws\"]",
      "instances": [
        {
          "index_key": 0,
          "schema_version": 0,
          "attributes": {
            "dns_suffix": "amazonaws.com",
            "id": "aws",
            "partition": "aws",
            "reverse_dns_prefix": "com.amazonaws"
          },
          "sensitive_attributes": [],
          "identity_schema_version": 0
        }
      ]
    },
    {
      "module": "module.eks.module.eks_cluster",
      "mode": "data",
      "type": "tls_certificate",
      "name": "this",
      "provider": "provider[\"registry.terraform.io/hashicorp/tls\"]",
      "instances": [
        {
          "index_key": 0,
          "schema_version": 0,
          "attributes": {
            "certificates": [
              {
                "cert_pem": "-----BEGIN CERTIFICATE-----\nMIIEkjCCA3qgAwIBAgITBn+USionzfP6wq4rAfkI7rnExjANBgkqhkiG9w0BAQsF\nADCBmDELMAkGA1UEBhMCVVMxEDAOBgNVBAgTB0FyaXpvbmExEzARBgNVBAcTClNj\nb3R0c2RhbGUxJTAjBgNVBAoTHFN0YXJmaWVsZCBUZWNobm9sb2dpZXMsIEluYy4x\nOzA5BgNVBAMTMlN0YXJmaWVsZCBTZXJ2aWNlcyBSb290IENlcnRpZmljYXRlIEF1\ndGhvcml0eSAtIEcyMB4XDTE1MDUyNTEyMDAwMFoXDTM3MTIzMTAxMDAwMFowOTEL\nMAkGA1UEBhMCVVMxDzANBgNVBAoTBkFtYXpvbjEZMBcGA1UEAxMQQW1hem9uIFJv\nb3QgQ0EgMTCCASIwDQYJKoZIhvcNAQEBBQADggEPADCCAQoCggEBALJ4gHHKeNXj\nca9HgFB0fW7Y14h29Jlo91ghYPl0hAEvrAIthtOgQ3pOsqTQNroBvo3bSMgHFzZM\n9O6II8c+6zf1tRn4SWiw3te5djgdYZ6k/oI2peVKVuRF4fn9tBb6dNqcmzU5L/qw\nIFAGbHrQgLKm+a/sRxmPUDgH3KKHOVj4utWp+UhnMJbulHheb4mjUcAwhmahRWa6\nVOujw5H5SNz/0egwLX0tdHA114gk957EWW67c4cX8jJGKLhD+rcdqsq08p8kDi1L\n93FcXmn/6pUCyziKrlA4b9v7LWIbxcceVOF34GfID5yHI9Y/QCB/IIDEgEw+OyQm\njgSubJrIqg0CAwEAAaOCATEwggEtMA8GA1UdEwEB/wQFMAMBAf8wDgYDVR0PAQH/\nBAQDAgGGMB0GA1UdDgQWBBSEGMyFNOy8DJSULghZnMeyEE4KCDAfBgNVHSMEGDAW\ngBScXwDfqgHXMCs4iKK4bUqc8hGRgzB4BggrBgEFBQcBAQRsMGowLgYIKwYBBQUH\nMAGGImh0dHA6Ly9vY3NwLnJvb3RnMi5hbWF6b250cnVzdC5jb20wOAYIKwYBBQUH\nMAKGLGh0dHA6Ly9jcnQucm9vdGcyLmFtYXpvbnRydXN0LmNvbS9yb290ZzIuY2Vy\nMD0GA1UdHwQ2MDQwMqAwoC6GLGh0dHA6Ly9jcmwucm9vdGcyLmFtYXpvbnRydXN0\nLmNvbS9yb290ZzIuY3JsMBEGA1UdIAQKMAgwBgYEVR0gADANBgkqhkiG9w0BAQsF\nAAOCAQEAYjdCXLwQtT6LLOkMm2xF4gcAevnFWAu5CIw+7bMlPLVvUOTNNWqnkzSW\nMiGpSESrnO09tKpzbeR/FoCJbM8oAxiDR3mjEH4wW6w7sGDgd9QIpuEdfF7Au/ma\neyKdpwAJfqxGF4PcnCZXmTA5YpaP7dreqsXMGz7KQ2hsVxa81Q4gLv7/wmpdLqBK\nbRRYh5TmOTFffHPLkIhqhBGWJ6bt2YFGpn6jcgAKUj6DiAdjd4lpFw85hdKrCEVN\n0FE6/V1dN2RMfjCyVSRCnTawXZwXgWHxyvkQAiSr6w10kY17RSlQOYiypok1JR4U\nakcjMS9cmvqtmg5iUaQqqcT5NJ0hGA==\n-----END CERTIFICATE-----\n",
                "is_ca": true,
                "issuer": "CN=Starfield Services Root Certificate Authority - G2,O=Starfield Technologies\\, Inc.,L=Scottsdale,ST=Arizona,C=US",
                "not_after": "2037-12-31T01:00:00Z",
                "not_before": "2015-05-25T12:00:00Z",
                "public_key_algorithm": "RSA",
                "serial_number": "144918191876577076464031512351042010504348870",
                "sha1_fingerprint": "06b25927c42a721631c1efd9431e648fa62e1e39",
                "signature_algorithm": "SHA256-RSA",
                "subject": "CN=Amazon Root CA 1,O=Amazon,C=US",
                "version": 3
              },
              {
                "cert_pem": "-----BEGIN CERTIFICATE-----\nMIIEXjCCA0agAwIBAgITB3MSTyqVLj7Rili9uF0bwM5fJzANBgkqhkiG9w0BAQsF\nADA5MQswCQYDVQQGEwJVUzEPMA0GA1UEChMGQW1hem9uMRkwFwYDVQQDExBBbWF6\nb24gUm9vdCBDQSAxMB4XDTIyMDgyMzIyMjYzNVoXDTMwMDgyMzIyMjYzNVowPDEL\nMAkGA1UEBhMCVVMxDzANBgNVBAoTBkFtYXpvbjEcMBoGA1UEAxMTQW1hem9uIFJT\nQSAyMDQ4IE0wNDCCASIwDQYJKoZIhvcNAQEBBQADggEPADCCAQoCggEBAM3pVR6A\nlQOp4xe776FdePXyejgA38mYx1ou9/jrpV6Sfn+/oqBKgwhY6ePsQHHQayWBJdBn\nv4Wz363qRI4XUh9swBFJ11TnZ3LqOMvHmWq2+loA0QPtOfXdJ2fHBLrBrngtJ/GB\n0p5olAVYrSZgvQGP16Rf8ddtNyxEEhYm3HuhmNi+vSeAq1tLYJPAvRCXonTpWdSD\nxY6hvdmxlqTYi82AtBXSfpGQ58HHM0hw0C6aQakghrwWi5fGslLOqzpimNMIsT7c\nqa0GJx6JfKqJqmQQNplO2h8n9ZsFJgBowof01ppdoLAWg6caMOM0om/VILKaa30F\n9W/r8Qjah7ltGVkCAwEAAaOCAVowggFWMBIGA1UdEwEB/wQIMAYBAf8CAQAwDgYD\nVR0PAQH/BAQDAgGGMB0GA1UdJQQWMBQGCCsGAQUFBwMBBggrBgEFBQcDAjAdBgNV\nHQ4EFgQUH1KSYVaCVH+BZtgdPQqqMlyH3QgwHwYDVR0jBBgwFoAUhBjMhTTsvAyU\nlC4IWZzHshBOCggwewYIKwYBBQUHAQEEbzBtMC8GCCsGAQUFBzABhiNodHRwOi8v\nb2NzcC5yb290Y2ExLmFtYXpvbnRydXN0LmNvbTA6BggrBgEFBQcwAoYuaHR0cDov\nL2NydC5yb290Y2ExLmFtYXpvbnRydXN0LmNvbS9yb290Y2ExLmNlcjA/BgNVHR8E\nODA2MDSgMqAwhi5odHRwOi8vY3JsLnJvb3RjYTEuYW1hem9udHJ1c3QuY29tL3Jv\nb3RjYTEuY3JsMBMGA1UdIAQMMAowCAYGZ4EMAQIBMA0GCSqGSIb3DQEBCwUAA4IB\nAQA+1O5UsAaNuW3lHzJtpNGwBnZd9QEYFtxpiAnIaV4qApnGS9OCw5ZPwie7YSlD\nZF5yyFPsFhUC2Q9uJHY/CRV1b5hIiGH0+6+w5PgKiY1MWuWT8VAaJjFxvuhM7a/e\nfN2TIw1Wd6WCl6YRisunjQOrSP+unqC8A540JNyZ1JOE3jVqat3OZBGgMvihdj2w\nY23EpwesrKiQzkHzmvSH67PVW4ycbPy08HVZnBxZ5NrlGG9bwXR3fNTaz+c+Ej6c\n5AnwI3qkOFgSkg3Y75cdFz6pO/olK+e3AqygAcv0WjzmkDPuBjssuZjCHMC56oH3\nGJkV29Di2j5prHJbwZjG1inU\n-----END CERTIFICATE-----\n",
                "is_ca": true,
                "issuer": "CN=Amazon Root CA 1,O=Amazon,C=US",
                "not_after": "2030-08-23T22:26:35Z",
                "not_before": "2022-08-23T22:26:35Z",
                "public_key_algorithm": "RSA",
                "serial_number": "166129359584585245282080020727744908546170663",
                "sha1_fingerprint": "e7b8b5a6743ce1b2f17b041de59558a41472d70c",
                "signature_algorithm": "SHA256-RSA",
                "subject": "CN=Amazon RSA 2048 M04,O=Amazon,C=US",
                "version": 3
              },
              {
                "cert_pem": "-----BEGIN CERTIFICATE-----\nMIIF8DCCBNigAwIBAgIQCS5keeE9bMqfGdN+w1YqFTANBgkqhkiG9w0BAQsFADA8\nMQswCQYDVQQGEwJVUzEPMA0GA1UEChMGQW1hem9uMRwwGgYDVQQDExNBbWF6b24g\nUlNBIDIwNDggTTA0MB4XDTI1MDQxNjAwMDAwMFoXDTI2MDMyNjIzNTk1OVowLTEr\nMCkGA1UEAwwiKi5la3MuYXAtbm9ydGhlYXN0LTIuYW1hem9uYXdzLmNvbTCCASIw\nDQYJKoZIhvcNAQEBBQADggEPADCCAQoCggEBAItqjAZtkePIISW+H2YEiDq32ifm\nylGtJDXWkIB2NOS3AnLc8fXBcuG+nrPqzYgPhG8hkp3m2s1x6rwLRxjbEZi639eJ\nOtYN3A61FWNYcJUqCqZcosH3yrIaf91kggngWOUM7ESQ6MXk2H/CtQ2DkWnknAel\nmKBsPYoobgnMycAhteB8eBaapklaesTWwfC0rKad8kUw83dD0tmVn++8VpQs7Dc6\nMcD0bYkPe+Vo2QQ71mCQIuxnbY8BUhkf/nuiut4rJJwQF/ZRmrTrOpYeu9IjsD2Q\nFOTJuWjVrgqbRcumKyN0z01OHMiFoGwjrG0khNHZEjXux3fv6CbhtZ6JoMcCAwEA\nAaOCAvswggL3MB8GA1UdIwQYMBaAFB9SkmFWglR/gWbYHT0KqjJch90IMB0GA1Ud\nDgQWBBS5ugXsym/jaT/HlR7Oktl1Xjr/ozAtBgNVHREEJjAkgiIqLmVrcy5hcC1u\nb3J0aGVhc3QtMi5hbWF6b25hd3MuY29tMBMGA1UdIAQMMAowCAYGZ4EMAQIBMA4G\nA1UdDwEB/wQEAwIFoDAdBgNVHSUEFjAUBggrBgEFBQcDAQYIKwYBBQUHAwIwOwYD\nVR0fBDQwMjAwoC6gLIYqaHR0cDovL2NybC5yMm0wNC5hbWF6b250cnVzdC5jb20v\ncjJtMDQuY3JsMHUGCCsGAQUFBwEBBGkwZzAtBggrBgEFBQcwAYYhaHR0cDovL29j\nc3AucjJtMDQuYW1hem9udHJ1c3QuY29tMDYGCCsGAQUFBzAChipodHRwOi8vY3J0\nLnIybTA0LmFtYXpvbnRydXN0LmNvbS9yMm0wNC5jZXIwDAYDVR0TAQH/BAIwADCC\nAX4GCisGAQQB1nkCBAIEggFuBIIBagFoAHUADleUvPOuqT4zGyyZB7P3kN+bwj1x\nMiXdIaklrGHFTiEAAAGWQK2A+QAABAMARjBEAiAVoeKayW/ySNU2TlN2kHvPY4g2\nyQn4MQAiV/gsXGx1mAIgdmOW1wKA2VFdyn1ABv9T72noYD7g15a7yW1eJAI/LaQA\ndwBJnJtp3h187Pw23s2HZKa4W68Kh4AZ0VVS++nrKd34wwAAAZZArYFBAAAEAwBI\nMEYCIQCtGQRccnDB2bm0LaV6mZF786iJwWxO6/xAAXY2YHuK8gIhANZXC67h/ALK\n3sqDrb0P0dD3VmekIMNVL2rIpETWm5aJAHYAyzj3FYl8hKFEX1vB3fvJbvKaWc1H\nCmkFhbDLFMMUWOcAAAGWQK2BLwAABAMARzBFAiBhxdODEwYjQ2tD/sjZI3WSYb0v\nX55Znb3Yxxxu574ICQIhAIBz6YrZPwGTAFOcX4hEJZ6Frc0hZp37xrxaix/6/u0a\nMA0GCSqGSIb3DQEBCwUAA4IBAQCcJhWuWo78FVxeC17i4IGkum88vmRD0uQeEgNv\n1s/BsxzQUY67yI92BZHnbxFf3BJwVcaba4WzeVOLXVHN23DSzHskzx1rwhzHPycT\ncdJCbn+CRJqk+8fZirP558E2s2lLQNX+IoeZdi65zsPv8WTcxeQEtC5rQ3hcTXhp\nE58PRD5vBvWq4RMBauTN1oRUrbxOZ/l3oP/fLjoAhtOZ0fLiVEcpqJ8ssx4ZHp0a\n6tFOBVdO0E8kxrtK/JLDKOIiaVEMTUQjFqMJXBiOC0Uq9odNxTsT9ehq7aNaSqly\nBYHY5w623X8p+Fz9qSHbl8M1chBmWh+Qx8jWy/qCOUDXKvwX\n-----END CERTIFICATE-----\n",
                "is_ca": false,
                "issuer": "CN=Amazon RSA 2048 M04,O=Amazon,C=US",
                "not_after": "2026-03-26T23:59:59Z",
                "not_before": "2025-04-16T00:00:00Z",
                "public_key_algorithm": "RSA",
                "serial_number": "12203935514833259758159922439203990037",
                "sha1_fingerprint": "1bbb4ba787ef7707f4ecbc612587ec28805cffc4",
                "signature_algorithm": "SHA256-RSA",
                "subject": "CN=*.eks.ap-northeast-2.amazonaws.com",
                "version": 3
              }
            ],
            "content": null,
            "id": "2f4c12273dfce0668da79492f884c5b681951fb9",
            "url": "https://oidc.eks.ap-northeast-2.amazonaws.com/id/DD65EEF4A3302F7E1BEACEF069452752",
            "verify_chain": true
          },
          "sensitive_attributes": [],
          "identity_schema_version": 0
        }
      ]
    },
    {
      "module": "module.eks.module.eks_cluster",
      "mode": "managed",
      "type": "aws_cloudwatch_log_group",
      "name": "this",
      "provider": "provider[\"registry.terraform.io/hashicorp/aws\"]",
      "instances": [
        {
          "index_key": 0,
          "schema_version": 0,
          "attributes": {
            "arn": "arn:aws:logs:ap-northeast-2:727646470302:log-group:/aws/eks/memo-eks-cluster/cluster",
            "id": "/aws/eks/memo-eks-cluster/cluster",
            "kms_key_id": "",
            "log_group_class": "STANDARD",
            "name": "/aws/eks/memo-eks-cluster/cluster",
            "name_prefix": "",
            "retention_in_days": 90,
            "skip_destroy": false,
            "tags": {
              "Name": "/aws/eks/memo-eks-cluster/cluster",
              "Project": "memo"
            },
            "tags_all": {
              "Name": "/aws/eks/memo-eks-cluster/cluster",
              "Project": "memo"
            }
          },
          "sensitive_attributes": [],
          "identity_schema_version": 0,
          "private": "bnVsbA==",
          "create_before_destroy": true
        }
      ]
    },
    {
      "module": "module.eks.module.eks_cluster",
      "mode": "managed",
      "type": "aws_ec2_tag",
      "name": "cluster_primary_security_group",
      "provider": "provider[\"registry.terraform.io/hashicorp/aws\"]",
      "instances": [
        {
          "index_key": "Project",
          "schema_version": 0,
          "attributes": {
            "id": "sg-0594adf4f65985a2f,Project",
            "key": "Project",
            "resource_id": "sg-0594adf4f65985a2f",
            "value": "memo"
          },
          "sensitive_attributes": [],
          "identity_schema_version": 0,
          "private": "bnVsbA==",
          "dependencies": [
            "module.eks.module.eks_cluster.aws_cloudwatch_log_group.this",
            "module.eks.module.eks_cluster.aws_eks_cluster.this",
            "module.eks.module.eks_cluster.aws_iam_policy.cni_ipv6_policy",
            "module.eks.module.eks_cluster.aws_iam_role.eks_auto",
            "module.eks.module.eks_cluster.aws_iam_role.this",
            "module.eks.module.eks_cluster.aws_iam_role_policy_attachment.this",
            "module.eks.module.eks_cluster.aws_security_group.cluster",
            "module.eks.module.eks_cluster.aws_security_group.node",
            "module.eks.module.eks_cluster.aws_security_group_rule.cluster",
            "module.eks.module.eks_cluster.aws_security_group_rule.node",
            "module.eks.module.eks_cluster.data.aws_caller_identity.current",
            "module.eks.module.eks_cluster.data.aws_iam_policy_document.assume_role_policy",
            "module.eks.module.eks_cluster.data.aws_iam_policy_document.cni_ipv6_policy",
            "module.eks.module.eks_cluster.data.aws_iam_policy_document.node_assume_role_policy",
            "module.eks.module.eks_cluster.data.aws_iam_session_context.current",
            "module.eks.module.eks_cluster.data.aws_partition.current",
            "module.eks.module.eks_cluster.module.kms.aws_kms_external_key.this",
            "module.eks.module.eks_cluster.module.kms.aws_kms_key.this",
            "module.eks.module.eks_cluster.module.kms.aws_kms_replica_external_key.this",
            "module.eks.module.eks_cluster.module.kms.aws_kms_replica_key.this",
            "module.eks.module.eks_cluster.module.kms.data.aws_caller_identity.current",
            "module.eks.module.eks_cluster.module.kms.data.aws_iam_policy_document.this",
            "module.eks.module.eks_cluster.module.kms.data.aws_partition.current",
            "module.vpc.aws_subnet.private1",
            "module.vpc.aws_subnet.private2",
            "module.vpc.aws_subnet.private3",
            "module.vpc.aws_subnet.private4",
            "module.vpc.aws_vpc.memo-vpc"
          ]
        }
      ]
    },
    {
      "module": "module.eks.module.eks_cluster",
      "mode": "managed",
      "type": "aws_eks_access_entry",
      "name": "this",
      "provider": "provider[\"registry.terraform.io/hashicorp/aws\"]",
      "instances": [
        {
          "index_key": "admin",
          "schema_version": 0,
          "attributes": {
            "access_entry_arn": "arn:aws:eks:ap-northeast-2:727646470302:access-entry/memo-eks-cluster/user/727646470302/lion3team04/f8cc05c7-808a-0049-814b-93bdce7afcce",
            "cluster_name": "memo-eks-cluster",
            "created_at": "2025-07-15T00:49:38Z",
            "id": "memo-eks-cluster:arn:aws:iam::727646470302:user/lion3team04",
            "kubernetes_groups": [],
            "modified_at": "2025-07-15T00:49:38Z",
            "principal_arn": "arn:aws:iam::727646470302:user/lion3team04",
            "tags": {
              "Project": "memo"
            },
            "tags_all": {
              "Project": "memo"
            },
            "timeouts": null,
            "type": "STANDARD",
            "user_name": "arn:aws:iam::727646470302:user/lion3team04"
          },
          "sensitive_attributes": [],
          "identity_schema_version": 0,
          "private": "eyJlMmJmYjczMC1lY2FhLTExZTYtOGY4OC0zNDM2M2JjN2M0YzAiOnsiY3JlYXRlIjo2MDAwMDAwMDAwMDAsImRlbGV0ZSI6NjAwMDAwMDAwMDAwfX0=",
          "dependencies": [
            "module.eks.module.eks_cluster.aws_cloudwatch_log_group.this",
            "module.eks.module.eks_cluster.aws_eks_cluster.this",
            "module.eks.module.eks_cluster.aws_iam_policy.cni_ipv6_policy",
            "module.eks.module.eks_cluster.aws_iam_role.eks_auto",
            "module.eks.module.eks_cluster.aws_iam_role.this",
            "module.eks.module.eks_cluster.aws_iam_role_policy_attachment.this",
            "module.eks.module.eks_cluster.aws_security_group.cluster",
            "module.eks.module.eks_cluster.aws_security_group.node",
            "module.eks.module.eks_cluster.aws_security_group_rule.cluster",
            "module.eks.module.eks_cluster.aws_security_group_rule.node",
            "module.eks.module.eks_cluster.data.aws_caller_identity.current",
            "module.eks.module.eks_cluster.data.aws_iam_policy_document.assume_role_policy",
            "module.eks.module.eks_cluster.data.aws_iam_policy_document.cni_ipv6_policy",
            "module.eks.module.eks_cluster.data.aws_iam_policy_document.node_assume_role_policy",
            "module.eks.module.eks_cluster.data.aws_iam_session_context.current",
            "module.eks.module.eks_cluster.data.aws_partition.current",
            "module.eks.module.eks_cluster.module.kms.aws_kms_external_key.this",
            "module.eks.module.eks_cluster.module.kms.aws_kms_key.this",
            "module.eks.module.eks_cluster.module.kms.aws_kms_replica_external_key.this",
            "module.eks.module.eks_cluster.module.kms.aws_kms_replica_key.this",
            "module.eks.module.eks_cluster.module.kms.data.aws_caller_identity.current",
            "module.eks.module.eks_cluster.module.kms.data.aws_iam_policy_document.this",
            "module.eks.module.eks_cluster.module.kms.data.aws_partition.current",
            "module.vpc.aws_subnet.private1",
            "module.vpc.aws_subnet.private2",
            "module.vpc.aws_subnet.private3",
            "module.vpc.aws_subnet.private4",
            "module.vpc.aws_vpc.memo-vpc"
          ]
        }
      ]
    },
    {
      "module": "module.eks.module.eks_cluster",
      "mode": "managed",
      "type": "aws_eks_access_policy_association",
      "name": "this",
      "provider": "provider[\"registry.terraform.io/hashicorp/aws\"]",
      "instances": []
    },
    {
      "module": "module.eks.module.eks_cluster",
      "mode": "managed",
      "type": "aws_eks_addon",
      "name": "before_compute",
      "provider": "provider[\"registry.terraform.io/hashicorp/aws\"]",
      "instances": []
    },
    {
      "module": "module.eks.module.eks_cluster",
      "mode": "managed",
      "type": "aws_eks_addon",
      "name": "this",
      "provider": "provider[\"registry.terraform.io/hashicorp/aws\"]",
      "instances": []
    },
    {
      "module": "module.eks.module.eks_cluster",
      "mode": "managed",
      "type": "aws_eks_cluster",
      "name": "this",
      "provider": "provider[\"registry.terraform.io/hashicorp/aws\"]",
      "instances": [
        {
          "index_key": 0,
          "schema_version": 1,
          "attributes": {
            "access_config": [
              {
                "authentication_mode": "API_AND_CONFIG_MAP",
                "bootstrap_cluster_creator_admin_permissions": false
              }
            ],
            "arn": "arn:aws:eks:ap-northeast-2:727646470302:cluster/memo-eks-cluster",
            "bootstrap_self_managed_addons": true,
            "certificate_authority": [
              {
                "data": "LS0tLS1CRUdJTiBDRVJUSUZJQ0FURS0tLS0tCk1JSURCVENDQWUyZ0F3SUJBZ0lJWE1XWE1WdFNUME13RFFZSktvWklodmNOQVFFTEJRQXdGVEVUTUJFR0ExVUUKQXhNS2EzVmlaWEp1WlhSbGN6QWVGdzB5TlRBM01UVXdNRE01TlRoYUZ3MHpOVEEzTVRNd01EUTBOVGhhTUJVeApFekFSQmdOVkJBTVRDbXQxWW1WeWJtVjBaWE13Z2dFaU1BMEdDU3FHU0liM0RRRUJBUVVBQTRJQkR3QXdnZ0VLCkFvSUJBUUMwSW1SUE0rampORHVrK3J4YnBmN0xDNEJqSmhBcVZSTUZMYk45ZFI4YjJkV2pGMU16cFJyb3dnTjEKb002Z0lQNkVUVWE4cVVkdWVOaWU1Tk5Oa0o4eHdzd2VhbmpoMXlnaDV5dDFkaDdNMFVrUGNLcVRUTlZ2SkVxbApUOUJ4a0x4ZzFpZ0lCZnBvSDZ6cWlSUnpML2c4UTYrRTN2S2ZxSzRtZHJKTWs3NnRYV3hBcnpVMUZ0Z2dLVk1TCnd3b0J4VTFWZnY1cEFJb0FpdngvK1dveCtweTRVT2xSeTRkOE56RFp0blNlbHJqdkpFd3hETkh5VVpoYTFzejMKZmduWWtrTjBKaStVOTkvYTZOcDMrS3dZZ1c1dVd5ZmhhSE8wYVByL21IVnU5b1hHb1FFMDVML2hBWFMyMFJEUwpxUTNxTjhDMklsdjRKano2Nzh0ay84ZEsyaWNkQWdNQkFBR2pXVEJYTUE0R0ExVWREd0VCL3dRRUF3SUNwREFQCkJnTlZIUk1CQWY4RUJUQURBUUgvTUIwR0ExVWREZ1FXQkJUcmV5ZW5UVVJ6N2NKMjQ5dnc5STR3NmJXRWdqQVYKQmdOVkhSRUVEakFNZ2dwcmRXSmxjbTVsZEdWek1BMEdDU3FHU0liM0RRRUJDd1VBQTRJQkFRQ2hFRSticW5WWgpaNGpaQmdvcjRSSnNGMnZuTVlieDVDY2ovM2VkU04vODZnWmx0OUN3eC8xZ1dsZWdiYXhUbG9XbHRCQVBzR1dZCjk2RnF3OVdhK0oreExENzdQVkhxZ3c0eVRSZHFRVmxxdXhaVmx6SmdGSlQ0dzY2NGhkSGk0cHIrQjlYK1ZtanQKQjhOeHY2ZnFkY21FUjZoUS9sSytvNW4wT00vdnAyU1llK1dxa0V4SEdpNVJnemhabTZzRUd5OExBK05hRm9CdgpyeTZvNTJyMVFvcTB0ZzZyUDBGVllSTU1BTFllTzlrMVFUQ2FLL2x4SDM2Q1FQaWhPRWpGVFZzdFhzQ3N6U01nCnlIYWtRNXJUOTZYRFFySDhHZTFmcWMrMmlyMFZqWFNZeGtqNGo3OUFQSXJIUjgzTlViVG5FajZKY3c2a2xsTHUKVDMyVitqc2VPQnVjCi0tLS0tRU5EIENFUlRJRklDQVRFLS0tLS0K"
              }
            ],
            "cluster_id": null,
            "compute_config": [],
            "created_at": "2025-07-15T00:40:17Z",
            "enabled_cluster_log_types": [
              "api",
              "audit",
              "authenticator"
            ],
            "encryption_config": [],
            "endpoint": "https://DD65EEF4A3302F7E1BEACEF069452752.gr7.ap-northeast-2.eks.amazonaws.com",
            "force_update_version": null,
            "id": "memo-eks-cluster",
            "identity": [
              {
                "oidc": [
                  {
                    "issuer": "https://oidc.eks.ap-northeast-2.amazonaws.com/id/DD65EEF4A3302F7E1BEACEF069452752"
                  }
                ]
              }
            ],
            "kubernetes_network_config": [
              {
                "elastic_load_balancing": [
                  {
                    "enabled": false
                  }
                ],
                "ip_family": "ipv4",
                "service_ipv4_cidr": "172.20.0.0/16",
                "service_ipv6_cidr": ""
              }
            ],
            "name": "memo-eks-cluster",
            "outpost_config": [],
            "platform_version": "eks.40",
            "remote_network_config": [],
            "role_arn": "arn:aws:iam::727646470302:role/memo-eks-cluster-cluster-20250715004012998100000002",
            "status": "ACTIVE",
            "storage_config": [],
            "tags": {
              "Project": "memo",
              "terraform-aws-modules": "eks"
            },
            "tags_all": {
              "Project": "memo",
              "terraform-aws-modules": "eks"
            },
            "timeouts": {
              "create": null,
              "delete": null,
              "update": null
            },
            "upgrade_policy": [
              {
                "support_type": "EXTENDED"
              }
            ],
            "version": "1.29",
            "vpc_config": [
              {
                "cluster_security_group_id": "sg-0594adf4f65985a2f",
                "endpoint_private_access": true,
                "endpoint_public_access": true,
                "public_access_cidrs": [
                  "0.0.0.0/0"
                ],
                "security_group_ids": [
                  "sg-0d9e85347d66f665c"
                ],
                "subnet_ids": [
                  "subnet-02fd8a94fa71561f7",
                  "subnet-0488e1d08bbc247ad",
                  "subnet-07af4d0c0b57b4ea3",
                  "subnet-097b4cdb9e1064a14"
                ],
                "vpc_id": "vpc-0222bddc9126017a6"
              }
            ],
            "zonal_shift_config": []
          },
          "sensitive_attributes": [],
          "identity_schema_version": 0,
          "private": "eyJlMmJmYjczMC1lY2FhLTExZTYtOGY4OC0zNDM2M2JjN2M0YzAiOnsiY3JlYXRlIjoxODAwMDAwMDAwMDAwLCJkZWxldGUiOjkwMDAwMDAwMDAwMCwidXBkYXRlIjozNjAwMDAwMDAwMDAwfSwic2NoZW1hX3ZlcnNpb24iOiIxIn0=",
          "dependencies": [
            "module.eks.module.eks_cluster.aws_cloudwatch_log_group.this",
            "module.eks.module.eks_cluster.aws_iam_policy.cni_ipv6_policy",
            "module.eks.module.eks_cluster.aws_iam_role.eks_auto",
            "module.eks.module.eks_cluster.aws_iam_role.this",
            "module.eks.module.eks_cluster.aws_iam_role_policy_attachment.this",
            "module.eks.module.eks_cluster.aws_security_group.cluster",
            "module.eks.module.eks_cluster.aws_security_group.node",
            "module.eks.module.eks_cluster.aws_security_group_rule.cluster",
            "module.eks.module.eks_cluster.aws_security_group_rule.node",
            "module.eks.module.eks_cluster.data.aws_caller_identity.current",
            "module.eks.module.eks_cluster.data.aws_iam_policy_document.assume_role_policy",
            "module.eks.module.eks_cluster.data.aws_iam_policy_document.cni_ipv6_policy",
            "module.eks.module.eks_cluster.data.aws_iam_policy_document.node_assume_role_policy",
            "module.eks.module.eks_cluster.data.aws_iam_session_context.current",
            "module.eks.module.eks_cluster.data.aws_partition.current",
            "module.eks.module.eks_cluster.module.kms.aws_kms_external_key.this",
            "module.eks.module.eks_cluster.module.kms.aws_kms_key.this",
            "module.eks.module.eks_cluster.module.kms.aws_kms_replica_external_key.this",
            "module.eks.module.eks_cluster.module.kms.aws_kms_replica_key.this",
            "module.eks.module.eks_cluster.module.kms.data.aws_caller_identity.current",
            "module.eks.module.eks_cluster.module.kms.data.aws_iam_policy_document.this",
            "module.eks.module.eks_cluster.module.kms.data.aws_partition.current",
            "module.vpc.aws_subnet.private1",
            "module.vpc.aws_subnet.private2",
            "module.vpc.aws_subnet.private3",
            "module.vpc.aws_subnet.private4",
            "module.vpc.aws_vpc.memo-vpc"
          ],
          "create_before_destroy": true
        }
      ]
    },
    {
      "module": "module.eks.module.eks_cluster",
      "mode": "managed",
      "type": "aws_eks_identity_provider_config",
      "name": "this",
      "provider": "provider[\"registry.terraform.io/hashicorp/aws\"]",
      "instances": []
    },
    {
      "module": "module.eks.module.eks_cluster",
      "mode": "managed",
      "type": "aws_iam_openid_connect_provider",
      "name": "oidc_provider",
      "provider": "provider[\"registry.terraform.io/hashicorp/aws\"]",
      "instances": [
        {
          "index_key": 0,
          "schema_version": 0,
          "attributes": {
            "arn": "arn:aws:iam::727646470302:oidc-provider/oidc.eks.ap-northeast-2.amazonaws.com/id/DD65EEF4A3302F7E1BEACEF069452752",
            "client_id_list": [
              "sts.amazonaws.com"
            ],
            "id": "arn:aws:iam::727646470302:oidc-provider/oidc.eks.ap-northeast-2.amazonaws.com/id/DD65EEF4A3302F7E1BEACEF069452752",
            "tags": {
              "Name": "memo-eks-cluster-eks-irsa",
              "Project": "memo"
            },
            "tags_all": {
              "Name": "memo-eks-cluster-eks-irsa",
              "Project": "memo"
            },
            "thumbprint_list": [
              "06b25927c42a721631c1efd9431e648fa62e1e39"
            ],
            "url": "oidc.eks.ap-northeast-2.amazonaws.com/id/DD65EEF4A3302F7E1BEACEF069452752"
          },
          "sensitive_attributes": [],
          "identity_schema_version": 0,
          "private": "bnVsbA==",
          "dependencies": [
            "module.eks.module.eks_cluster.aws_cloudwatch_log_group.this",
            "module.eks.module.eks_cluster.aws_eks_cluster.this",
            "module.eks.module.eks_cluster.aws_iam_policy.cni_ipv6_policy",
            "module.eks.module.eks_cluster.aws_iam_role.eks_auto",
            "module.eks.module.eks_cluster.aws_iam_role.this",
            "module.eks.module.eks_cluster.aws_iam_role_policy_attachment.this",
            "module.eks.module.eks_cluster.aws_security_group.cluster",
            "module.eks.module.eks_cluster.aws_security_group.node",
            "module.eks.module.eks_cluster.aws_security_group_rule.cluster",
            "module.eks.module.eks_cluster.aws_security_group_rule.node",
            "module.eks.module.eks_cluster.data.aws_caller_identity.current",
            "module.eks.module.eks_cluster.data.aws_iam_policy_document.assume_role_policy",
            "module.eks.module.eks_cluster.data.aws_iam_policy_document.cni_ipv6_policy",
            "module.eks.module.eks_cluster.data.aws_iam_policy_document.node_assume_role_policy",
            "module.eks.module.eks_cluster.data.aws_iam_session_context.current",
            "module.eks.module.eks_cluster.data.aws_partition.current",
            "module.eks.module.eks_cluster.data.tls_certificate.this",
            "module.eks.module.eks_cluster.module.kms.aws_kms_external_key.this",
            "module.eks.module.eks_cluster.module.kms.aws_kms_key.this",
            "module.eks.module.eks_cluster.module.kms.aws_kms_replica_external_key.this",
            "module.eks.module.eks_cluster.module.kms.aws_kms_replica_key.this",
            "module.eks.module.eks_cluster.module.kms.data.aws_caller_identity.current",
            "module.eks.module.eks_cluster.module.kms.data.aws_iam_policy_document.this",
            "module.eks.module.eks_cluster.module.kms.data.aws_partition.current",
            "module.vpc.aws_subnet.private1",
            "module.vpc.aws_subnet.private2",
            "module.vpc.aws_subnet.private3",
            "module.vpc.aws_subnet.private4",
            "module.vpc.aws_vpc.memo-vpc"
          ]
        }
      ]
    },
    {
      "module": "module.eks.module.eks_cluster",
      "mode": "managed",
      "type": "aws_iam_policy",
      "name": "cluster_encryption",
      "provider": "provider[\"registry.terraform.io/hashicorp/aws\"]",
      "instances": []
    },
    {
      "module": "module.eks.module.eks_cluster",
      "mode": "managed",
      "type": "aws_iam_policy",
      "name": "cni_ipv6_policy",
      "provider": "provider[\"registry.terraform.io/hashicorp/aws\"]",
      "instances": []
    },
    {
      "module": "module.eks.module.eks_cluster",
      "mode": "managed",
      "type": "aws_iam_policy",
      "name": "custom",
      "provider": "provider[\"registry.terraform.io/hashicorp/aws\"]",
      "instances": [
        {
          "index_key": 0,
          "schema_version": 0,
          "attributes": {
            "arn": "arn:aws:iam::727646470302:policy/memo-eks-cluster-cluster-20250715004012998100000003",
            "attachment_count": 1,
            "description": "",
            "id": "arn:aws:iam::727646470302:policy/memo-eks-cluster-cluster-20250715004012998100000003",
            "name": "memo-eks-cluster-cluster-20250715004012998100000003",
            "name_prefix": "memo-eks-cluster-cluster-",
            "path": "/",
            "policy": "{\"Statement\":[{\"Action\":[\"ec2:RunInstances\",\"ec2:CreateLaunchTemplate\",\"ec2:CreateFleet\"],\"Condition\":{\"StringEquals\":{\"aws:RequestTag/eks:eks-cluster-name\":\"${aws:PrincipalTag/eks:eks-cluster-name}\"},\"StringLike\":{\"aws:RequestTag/eks:kubernetes-node-class-name\":\"*\",\"aws:RequestTag/eks:kubernetes-node-pool-name\":\"*\"}},\"Effect\":\"Allow\",\"Resource\":\"*\",\"Sid\":\"Compute\"},{\"Action\":[\"ec2:CreateVolume\",\"ec2:CreateSnapshot\"],\"Condition\":{\"StringEquals\":{\"aws:RequestTag/eks:eks-cluster-name\":\"${aws:PrincipalTag/eks:eks-cluster-name}\"}},\"Effect\":\"Allow\",\"Resource\":[\"arn:aws:ec2:*:*:volume/*\",\"arn:aws:ec2:*:*:snapshot/*\"],\"Sid\":\"Storage\"},{\"Action\":\"ec2:CreateNetworkInterface\",\"Condition\":{\"StringEquals\":{\"aws:RequestTag/eks:eks-cluster-name\":\"${aws:PrincipalTag/eks:eks-cluster-name}\",\"aws:RequestTag/eks:kubernetes-cni-node-name\":\"*\"}},\"Effect\":\"Allow\",\"Resource\":\"*\",\"Sid\":\"Networking\"},{\"Action\":[\"elasticloadbalancing:CreateTargetGroup\",\"elasticloadbalancing:CreateRule\",\"elasticloadbalancing:CreateLoadBalancer\",\"elasticloadbalancing:CreateListener\",\"ec2:CreateSecurityGroup\"],\"Condition\":{\"StringEquals\":{\"aws:RequestTag/eks:eks-cluster-name\":\"${aws:PrincipalTag/eks:eks-cluster-name}\"}},\"Effect\":\"Allow\",\"Resource\":\"*\",\"Sid\":\"LoadBalancer\"},{\"Action\":\"shield:CreateProtection\",\"Condition\":{\"StringEquals\":{\"aws:RequestTag/eks:eks-cluster-name\":\"${aws:PrincipalTag/eks:eks-cluster-name}\"}},\"Effect\":\"Allow\",\"Resource\":\"*\",\"Sid\":\"ShieldProtection\"},{\"Action\":\"shield:TagResource\",\"Condition\":{\"StringEquals\":{\"aws:RequestTag/eks:eks-cluster-name\":\"${aws:PrincipalTag/eks:eks-cluster-name}\"}},\"Effect\":\"Allow\",\"Resource\":\"arn:aws:shield::*:protection/*\",\"Sid\":\"ShieldTagResource\"}],\"Version\":\"2012-10-17\"}",
            "policy_id": "ANPA2S2Y4ACPIAT2DCQE2",
            "tags": {
              "Project": "memo"
            },
            "tags_all": {
              "Project": "memo"
            }
          },
          "sensitive_attributes": [],
          "identity_schema_version": 0,
          "private": "bnVsbA==",
          "dependencies": [
            "module.eks.module.eks_cluster.data.aws_iam_policy_document.custom",
            "module.eks.module.eks_cluster.data.aws_partition.current"
          ]
        }
      ]
    },
    {
      "module": "module.eks.module.eks_cluster",
      "mode": "managed",
      "type": "aws_iam_role",
      "name": "eks_auto",
      "provider": "provider[\"registry.terraform.io/hashicorp/aws\"]",
      "instances": []
    },
    {
      "module": "module.eks.module.eks_cluster",
      "mode": "managed",
      "type": "aws_iam_role",
      "name": "this",
      "provider": "provider[\"registry.terraform.io/hashicorp/aws\"]",
      "instances": [
        {
          "index_key": 0,
          "schema_version": 0,
          "attributes": {
            "arn": "arn:aws:iam::727646470302:role/memo-eks-cluster-cluster-20250715004012998100000002",
            "assume_role_policy": "{\"Statement\":[{\"Action\":[\"sts:TagSession\",\"sts:AssumeRole\"],\"Effect\":\"Allow\",\"Principal\":{\"Service\":\"eks.amazonaws.com\"},\"Sid\":\"EKSClusterAssumeRole\"}],\"Version\":\"2012-10-17\"}",
            "create_date": "2025-07-15T00:39:59Z",
            "description": "",
            "force_detach_policies": true,
            "id": "memo-eks-cluster-cluster-20250715004012998100000002",
            "inline_policy": [],
            "managed_policy_arns": [
              "arn:aws:iam::727646470302:policy/memo-eks-cluster-cluster-20250715004012998100000003",
              "arn:aws:iam::aws:policy/AmazonEKSClusterPolicy",
              "arn:aws:iam::aws:policy/AmazonEKSVPCResourceController"
            ],
            "max_session_duration": 3600,
            "name": "memo-eks-cluster-cluster-20250715004012998100000002",
            "name_prefix": "memo-eks-cluster-cluster-",
            "path": "/",
            "permissions_boundary": "",
            "tags": {
              "Project": "memo"
            },
            "tags_all": {
              "Project": "memo"
            },
            "unique_id": "AROA2S2Y4ACPGVVGQVTGF"
          },
          "sensitive_attributes": [],
          "identity_schema_version": 0,
          "private": "bnVsbA==",
          "dependencies": [
            "module.eks.module.eks_cluster.data.aws_iam_policy_document.assume_role_policy"
          ],
          "create_before_destroy": true
        }
      ]
    },
    {
      "module": "module.eks.module.eks_cluster",
      "mode": "managed",
      "type": "aws_iam_role_policy_attachment",
      "name": "additional",
      "provider": "provider[\"registry.terraform.io/hashicorp/aws\"]",
      "instances": []
    },
    {
      "module": "module.eks.module.eks_cluster",
      "mode": "managed",
      "type": "aws_iam_role_policy_attachment",
      "name": "cluster_encryption",
      "provider": "provider[\"registry.terraform.io/hashicorp/aws\"]",
      "instances": []
    },
    {
      "module": "module.eks.module.eks_cluster",
      "mode": "managed",
      "type": "aws_iam_role_policy_attachment",
      "name": "custom",
      "provider": "provider[\"registry.terraform.io/hashicorp/aws\"]",
      "instances": [
        {
          "index_key": 0,
          "schema_version": 0,
          "attributes": {
            "id": "memo-eks-cluster-cluster-20250715004012998100000002-20250715004014901000000009",
            "policy_arn": "arn:aws:iam::727646470302:policy/memo-eks-cluster-cluster-20250715004012998100000003",
            "role": "memo-eks-cluster-cluster-20250715004012998100000002"
          },
          "sensitive_attributes": [],
          "identity_schema_version": 0,
          "private": "bnVsbA==",
          "dependencies": [
            "module.eks.module.eks_cluster.aws_iam_policy.custom",
            "module.eks.module.eks_cluster.aws_iam_role.this",
            "module.eks.module.eks_cluster.data.aws_iam_policy_document.assume_role_policy",
            "module.eks.module.eks_cluster.data.aws_iam_policy_document.custom",
            "module.eks.module.eks_cluster.data.aws_partition.current"
          ]
        }
      ]
    },
    {
      "module": "module.eks.module.eks_cluster",
      "mode": "managed",
      "type": "aws_iam_role_policy_attachment",
      "name": "eks_auto",
      "provider": "provider[\"registry.terraform.io/hashicorp/aws\"]",
      "instances": []
    },
    {
      "module": "module.eks.module.eks_cluster",
      "mode": "managed",
      "type": "aws_iam_role_policy_attachment",
      "name": "eks_auto_additional",
      "provider": "provider[\"registry.terraform.io/hashicorp/aws\"]",
      "instances": []
    },
    {
      "module": "module.eks.module.eks_cluster",
      "mode": "managed",
      "type": "aws_iam_role_policy_attachment",
      "name": "this",
      "provider": "provider[\"registry.terraform.io/hashicorp/aws\"]",
      "instances": [
        {
          "index_key": "AmazonEKSClusterPolicy",
          "schema_version": 0,
          "attributes": {
            "id": "memo-eks-cluster-cluster-20250715004012998100000002-2025071500401499960000000a",
            "policy_arn": "arn:aws:iam::aws:policy/AmazonEKSClusterPolicy",
            "role": "memo-eks-cluster-cluster-20250715004012998100000002"
          },
          "sensitive_attributes": [],
          "identity_schema_version": 0,
          "private": "bnVsbA==",
          "dependencies": [
            "module.eks.module.eks_cluster.aws_iam_role.this",
            "module.eks.module.eks_cluster.data.aws_iam_policy_document.assume_role_policy",
            "module.eks.module.eks_cluster.data.aws_partition.current"
          ],
          "create_before_destroy": true
        },
        {
          "index_key": "AmazonEKSVPCResourceController",
          "schema_version": 0,
          "attributes": {
            "id": "memo-eks-cluster-cluster-20250715004012998100000002-2025071500401501590000000b",
            "policy_arn": "arn:aws:iam::aws:policy/AmazonEKSVPCResourceController",
            "role": "memo-eks-cluster-cluster-20250715004012998100000002"
          },
          "sensitive_attributes": [],
          "identity_schema_version": 0,
          "private": "bnVsbA==",
          "dependencies": [
            "module.eks.module.eks_cluster.aws_iam_role.this",
            "module.eks.module.eks_cluster.data.aws_iam_policy_document.assume_role_policy",
            "module.eks.module.eks_cluster.data.aws_partition.current"
          ],
          "create_before_destroy": true
        }
      ]
    },
    {
      "module": "module.eks.module.eks_cluster",
      "mode": "managed",
      "type": "aws_security_group",
      "name": "cluster",
      "provider": "provider[\"registry.terraform.io/hashicorp/aws\"]",
      "instances": [
        {
          "index_key": 0,
          "schema_version": 1,
          "attributes": {
            "arn": "arn:aws:ec2:ap-northeast-2:727646470302:security-group/sg-0d9e85347d66f665c",
            "description": "EKS cluster security group",
            "egress": [],
            "id": "sg-0d9e85347d66f665c",
            "ingress": [
              {
                "cidr_blocks": [
                  "0.0.0.0/0"
                ],
                "description": "External access to EKS cluster API (6443)",
                "from_port": 6443,
                "ipv6_cidr_blocks": [],
                "prefix_list_ids": [],
                "protocol": "tcp",
                "security_groups": [],
                "self": false,
                "to_port": 6443
              },
              {
                "cidr_blocks": [
                  "0.0.0.0/0"
                ],
                "description": "External access to EKS cluster API",
                "from_port": 443,
                "ipv6_cidr_blocks": [],
                "prefix_list_ids": [],
                "protocol": "tcp",
                "security_groups": [],
                "self": false,
                "to_port": 443
              },
              {
                "cidr_blocks": [
                  "0.0.0.0/0"
                ],
                "description": "External access to EKS kubelet API",
                "from_port": 10250,
                "ipv6_cidr_blocks": [],
                "prefix_list_ids": [],
                "protocol": "tcp",
                "security_groups": [],
                "self": false,
                "to_port": 10250
              },
              {
                "cidr_blocks": [],
                "description": "Node groups to cluster API",
                "from_port": 443,
                "ipv6_cidr_blocks": [],
                "prefix_list_ids": [],
                "protocol": "tcp",
                "security_groups": [
                  "sg-0a5b20dfd38ca048a"
                ],
                "self": false,
                "to_port": 443
              }
            ],
            "name": "memo-eks-cluster-cluster-2025071500402454370000000e",
            "name_prefix": "memo-eks-cluster-cluster-",
            "owner_id": "727646470302",
            "revoke_rules_on_delete": false,
            "tags": {
              "Name": "memo-eks-cluster-cluster",
              "Project": "memo"
            },
            "tags_all": {
              "Name": "memo-eks-cluster-cluster",
              "Project": "memo"
            },
            "timeouts": null,
            "vpc_id": "vpc-0222bddc9126017a6"
          },
          "sensitive_attributes": [],
          "identity_schema_version": 0,
          "private": "eyJlMmJmYjczMC1lY2FhLTExZTYtOGY4OC0zNDM2M2JjN2M0YzAiOnsiY3JlYXRlIjo2MDAwMDAwMDAwMDAsImRlbGV0ZSI6OTAwMDAwMDAwMDAwfSwic2NoZW1hX3ZlcnNpb24iOiIxIn0=",
          "dependencies": [
            "module.vpc.aws_vpc.memo-vpc"
          ],
          "create_before_destroy": true
        }
      ]
    },
    {
      "module": "module.eks.module.eks_cluster",
      "mode": "managed",
      "type": "aws_security_group",
      "name": "node",
      "provider": "provider[\"registry.terraform.io/hashicorp/aws\"]",
      "instances": [
        {
          "index_key": 0,
          "schema_version": 1,
          "attributes": {
            "arn": "arn:aws:ec2:ap-northeast-2:727646470302:security-group/sg-0a5b20dfd38ca048a",
            "description": "EKS node shared security group",
            "egress": [
              {
                "cidr_blocks": [
                  "0.0.0.0/0"
                ],
                "description": "Allow all egress",
                "from_port": 0,
                "ipv6_cidr_blocks": [],
                "prefix_list_ids": [],
                "protocol": "-1",
                "security_groups": [],
                "self": false,
                "to_port": 0
              }
            ],
            "id": "sg-0a5b20dfd38ca048a",
            "ingress": [
              {
                "cidr_blocks": [],
                "description": "",
                "from_port": 0,
                "ipv6_cidr_blocks": [],
                "prefix_list_ids": [],
                "protocol": "-1",
                "security_groups": [
                  "sg-0f9f3a0a308cc86ed"
                ],
                "self": false,
                "to_port": 0
              },
              {
                "cidr_blocks": [],
                "description": "Cluster API to node 4443/tcp webhook",
                "from_port": 4443,
                "ipv6_cidr_blocks": [],
                "prefix_list_ids": [],
                "protocol": "tcp",
                "security_groups": [
                  "sg-0d9e85347d66f665c"
                ],
                "self": false,
                "to_port": 4443
              },
              {
                "cidr_blocks": [],
                "description": "Cluster API to node 6443/tcp webhook",
                "from_port": 6443,
                "ipv6_cidr_blocks": [],
                "prefix_list_ids": [],
                "protocol": "tcp",
                "security_groups": [
                  "sg-0d9e85347d66f665c"
                ],
                "self": false,
                "to_port": 6443
              },
              {
                "cidr_blocks": [],
                "description": "Cluster API to node 8443/tcp webhook",
                "from_port": 8443,
                "ipv6_cidr_blocks": [],
                "prefix_list_ids": [],
                "protocol": "tcp",
                "security_groups": [
                  "sg-0d9e85347d66f665c"
                ],
                "self": false,
                "to_port": 8443
              },
              {
                "cidr_blocks": [],
                "description": "Cluster API to node 9443/tcp webhook",
                "from_port": 9443,
                "ipv6_cidr_blocks": [],
                "prefix_list_ids": [],
                "protocol": "tcp",
                "security_groups": [
                  "sg-0d9e85347d66f665c"
                ],
                "self": false,
                "to_port": 9443
              },
              {
                "cidr_blocks": [],
                "description": "Cluster API to node groups",
                "from_port": 443,
                "ipv6_cidr_blocks": [],
                "prefix_list_ids": [],
                "protocol": "tcp",
                "security_groups": [
                  "sg-0d9e85347d66f665c"
                ],
                "self": false,
                "to_port": 443
              },
              {
                "cidr_blocks": [],
                "description": "Cluster API to node kubelets",
                "from_port": 10250,
                "ipv6_cidr_blocks": [],
                "prefix_list_ids": [],
                "protocol": "tcp",
                "security_groups": [
                  "sg-0d9e85347d66f665c"
                ],
                "self": false,
                "to_port": 10250
              },
              {
                "cidr_blocks": [],
                "description": "Node to node CoreDNS UDP",
                "from_port": 53,
                "ipv6_cidr_blocks": [],
                "prefix_list_ids": [],
                "protocol": "udp",
                "security_groups": [],
                "self": true,
                "to_port": 53
              },
              {
                "cidr_blocks": [],
                "description": "Node to node CoreDNS",
                "from_port": 53,
                "ipv6_cidr_blocks": [],
                "prefix_list_ids": [],
                "protocol": "tcp",
                "security_groups": [],
                "self": true,
                "to_port": 53
              },
              {
                "cidr_blocks": [],
                "description": "Node to node ingress on ephemeral ports",
                "from_port": 1025,
                "ipv6_cidr_blocks": [],
                "prefix_list_ids": [],
                "protocol": "tcp",
                "security_groups": [],
                "self": true,
                "to_port": 65535
              }
            ],
            "name": "memo-eks-cluster-node-2025071500402468780000000f",
            "name_prefix": "memo-eks-cluster-node-",
            "owner_id": "727646470302",
            "revoke_rules_on_delete": false,
            "tags": {
              "Name": "memo-eks-cluster-node",
              "Project": "memo",
              "kubernetes.io/cluster/memo-eks-cluster": "owned"
            },
            "tags_all": {
              "Name": "memo-eks-cluster-node",
              "Project": "memo",
              "kubernetes.io/cluster/memo-eks-cluster": "owned"
            },
            "timeouts": null,
            "vpc_id": "vpc-0222bddc9126017a6"
          },
          "sensitive_attributes": [],
          "identity_schema_version": 0,
          "private": "eyJlMmJmYjczMC1lY2FhLTExZTYtOGY4OC0zNDM2M2JjN2M0YzAiOnsiY3JlYXRlIjo2MDAwMDAwMDAwMDAsImRlbGV0ZSI6OTAwMDAwMDAwMDAwfSwic2NoZW1hX3ZlcnNpb24iOiIxIn0=",
          "dependencies": [
            "module.vpc.aws_vpc.memo-vpc"
          ],
          "create_before_destroy": true
        }
      ]
    },
    {
      "module": "module.eks.module.eks_cluster",
      "mode": "managed",
      "type": "aws_security_group_rule",
      "name": "cluster",
      "provider": "provider[\"registry.terraform.io/hashicorp/aws\"]",
      "instances": [
        {
          "index_key": "ingress_nodes_443",
          "schema_version": 2,
          "attributes": {
            "cidr_blocks": null,
            "description": "Node groups to cluster API",
            "from_port": 443,
            "id": "sgrule-3138565172",
            "ipv6_cidr_blocks": null,
            "prefix_list_ids": null,
            "protocol": "tcp",
            "security_group_id": "sg-0d9e85347d66f665c",
            "security_group_rule_id": "sgr-025793ad2c55a36f4",
            "self": false,
            "source_security_group_id": "sg-0a5b20dfd38ca048a",
            "timeouts": null,
            "to_port": 443,
            "type": "ingress"
          },
          "sensitive_attributes": [],
          "identity_schema_version": 0,
          "private": "eyJlMmJmYjczMC1lY2FhLTExZTYtOGY4OC0zNDM2M2JjN2M0YzAiOnsiY3JlYXRlIjozMDAwMDAwMDAwMDB9LCJzY2hlbWFfdmVyc2lvbiI6IjIifQ==",
          "dependencies": [
            "module.eks.module.eks_cluster.aws_security_group.cluster",
            "module.eks.module.eks_cluster.aws_security_group.node",
            "module.vpc.aws_vpc.memo-vpc"
          ],
          "create_before_destroy": true
        }
      ]
    },
    {
      "module": "module.eks.module.eks_cluster",
      "mode": "managed",
      "type": "aws_security_group_rule",
      "name": "node",
      "provider": "provider[\"registry.terraform.io/hashicorp/aws\"]",
      "instances": [
        {
          "index_key": "egress_all",
          "schema_version": 2,
          "attributes": {
            "cidr_blocks": [
              "0.0.0.0/0"
            ],
            "description": "Allow all egress",
            "from_port": 0,
            "id": "sgrule-3800126788",
            "ipv6_cidr_blocks": null,
            "prefix_list_ids": [],
            "protocol": "-1",
            "security_group_id": "sg-0a5b20dfd38ca048a",
            "security_group_rule_id": "sgr-01842ad1a0b6750f0",
            "self": false,
            "source_security_group_id": null,
            "timeouts": null,
            "to_port": 0,
            "type": "egress"
          },
          "sensitive_attributes": [],
          "identity_schema_version": 0,
          "private": "eyJlMmJmYjczMC1lY2FhLTExZTYtOGY4OC0zNDM2M2JjN2M0YzAiOnsiY3JlYXRlIjozMDAwMDAwMDAwMDB9LCJzY2hlbWFfdmVyc2lvbiI6IjIifQ==",
          "dependencies": [
            "module.eks.module.eks_cluster.aws_security_group.cluster",
            "module.eks.module.eks_cluster.aws_security_group.node",
            "module.vpc.aws_vpc.memo-vpc"
          ],
          "create_before_destroy": true
        },
        {
          "index_key": "ingress_cluster_443",
          "schema_version": 2,
          "attributes": {
            "cidr_blocks": null,
            "description": "Cluster API to node groups",
            "from_port": 443,
            "id": "sgrule-2617690779",
            "ipv6_cidr_blocks": null,
            "prefix_list_ids": [],
            "protocol": "tcp",
            "security_group_id": "sg-0a5b20dfd38ca048a",
            "security_group_rule_id": "sgr-038a165f66eaa8a98",
            "self": false,
            "source_security_group_id": "sg-0d9e85347d66f665c",
            "timeouts": null,
            "to_port": 443,
            "type": "ingress"
          },
          "sensitive_attributes": [],
          "identity_schema_version": 0,
          "private": "eyJlMmJmYjczMC1lY2FhLTExZTYtOGY4OC0zNDM2M2JjN2M0YzAiOnsiY3JlYXRlIjozMDAwMDAwMDAwMDB9LCJzY2hlbWFfdmVyc2lvbiI6IjIifQ==",
          "dependencies": [
            "module.eks.module.eks_cluster.aws_security_group.cluster",
            "module.eks.module.eks_cluster.aws_security_group.node",
            "module.vpc.aws_vpc.memo-vpc"
          ],
          "create_before_destroy": true
        },
        {
          "index_key": "ingress_cluster_4443_webhook",
          "schema_version": 2,
          "attributes": {
            "cidr_blocks": null,
            "description": "Cluster API to node 4443/tcp webhook",
            "from_port": 4443,
            "id": "sgrule-3295605771",
            "ipv6_cidr_blocks": null,
            "prefix_list_ids": [],
            "protocol": "tcp",
            "security_group_id": "sg-0a5b20dfd38ca048a",
            "security_group_rule_id": "sgr-04d4d383ff52b1022",
            "self": false,
            "source_security_group_id": "sg-0d9e85347d66f665c",
            "timeouts": null,
            "to_port": 4443,
            "type": "ingress"
          },
          "sensitive_attributes": [],
          "identity_schema_version": 0,
          "private": "eyJlMmJmYjczMC1lY2FhLTExZTYtOGY4OC0zNDM2M2JjN2M0YzAiOnsiY3JlYXRlIjozMDAwMDAwMDAwMDB9LCJzY2hlbWFfdmVyc2lvbiI6IjIifQ==",
          "dependencies": [
            "module.eks.module.eks_cluster.aws_security_group.cluster",
            "module.eks.module.eks_cluster.aws_security_group.node",
            "module.vpc.aws_vpc.memo-vpc"
          ],
          "create_before_destroy": true
        },
        {
          "index_key": "ingress_cluster_6443_webhook",
          "schema_version": 2,
          "attributes": {
            "cidr_blocks": null,
            "description": "Cluster API to node 6443/tcp webhook",
            "from_port": 6443,
            "id": "sgrule-221025181",
            "ipv6_cidr_blocks": null,
            "prefix_list_ids": [],
            "protocol": "tcp",
            "security_group_id": "sg-0a5b20dfd38ca048a",
            "security_group_rule_id": "sgr-038e8eb7ddc84624e",
            "self": false,
            "source_security_group_id": "sg-0d9e85347d66f665c",
            "timeouts": null,
            "to_port": 6443,
            "type": "ingress"
          },
          "sensitive_attributes": [],
          "identity_schema_version": 0,
          "private": "eyJlMmJmYjczMC1lY2FhLTExZTYtOGY4OC0zNDM2M2JjN2M0YzAiOnsiY3JlYXRlIjozMDAwMDAwMDAwMDB9LCJzY2hlbWFfdmVyc2lvbiI6IjIifQ==",
          "dependencies": [
            "module.eks.module.eks_cluster.aws_security_group.cluster",
            "module.eks.module.eks_cluster.aws_security_group.node",
            "module.vpc.aws_vpc.memo-vpc"
          ],
          "create_before_destroy": true
        },
        {
          "index_key": "ingress_cluster_8443_webhook",
          "schema_version": 2,
          "attributes": {
            "cidr_blocks": null,
            "description": "Cluster API to node 8443/tcp webhook",
            "from_port": 8443,
            "id": "sgrule-510701500",
            "ipv6_cidr_blocks": null,
            "prefix_list_ids": [],
            "protocol": "tcp",
            "security_group_id": "sg-0a5b20dfd38ca048a",
            "security_group_rule_id": "sgr-0cf70d0ed718a4115",
            "self": false,
            "source_security_group_id": "sg-0d9e85347d66f665c",
            "timeouts": null,
            "to_port": 8443,
            "type": "ingress"
          },
          "sensitive_attributes": [],
          "identity_schema_version": 0,
          "private": "eyJlMmJmYjczMC1lY2FhLTExZTYtOGY4OC0zNDM2M2JjN2M0YzAiOnsiY3JlYXRlIjozMDAwMDAwMDAwMDB9LCJzY2hlbWFfdmVyc2lvbiI6IjIifQ==",
          "dependencies": [
            "module.eks.module.eks_cluster.aws_security_group.cluster",
            "module.eks.module.eks_cluster.aws_security_group.node",
            "module.vpc.aws_vpc.memo-vpc"
          ],
          "create_before_destroy": true
        },
        {
          "index_key": "ingress_cluster_9443_webhook",
          "schema_version": 2,
          "attributes": {
            "cidr_blocks": null,
            "description": "Cluster API to node 9443/tcp webhook",
            "from_port": 9443,
            "id": "sgrule-2060557431",
            "ipv6_cidr_blocks": null,
            "prefix_list_ids": [],
            "protocol": "tcp",
            "security_group_id": "sg-0a5b20dfd38ca048a",
            "security_group_rule_id": "sgr-0c211d644bfa09014",
            "self": false,
            "source_security_group_id": "sg-0d9e85347d66f665c",
            "timeouts": null,
            "to_port": 9443,
            "type": "ingress"
          },
          "sensitive_attributes": [],
          "identity_schema_version": 0,
          "private": "eyJlMmJmYjczMC1lY2FhLTExZTYtOGY4OC0zNDM2M2JjN2M0YzAiOnsiY3JlYXRlIjozMDAwMDAwMDAwMDB9LCJzY2hlbWFfdmVyc2lvbiI6IjIifQ==",
          "dependencies": [
            "module.eks.module.eks_cluster.aws_security_group.cluster",
            "module.eks.module.eks_cluster.aws_security_group.node",
            "module.vpc.aws_vpc.memo-vpc"
          ],
          "create_before_destroy": true
        },
        {
          "index_key": "ingress_cluster_kubelet",
          "schema_version": 2,
          "attributes": {
            "cidr_blocks": null,
            "description": "Cluster API to node kubelets",
            "from_port": 10250,
            "id": "sgrule-3475565660",
            "ipv6_cidr_blocks": null,
            "prefix_list_ids": [],
            "protocol": "tcp",
            "security_group_id": "sg-0a5b20dfd38ca048a",
            "security_group_rule_id": "sgr-0eabada649c5fe07d",
            "self": false,
            "source_security_group_id": "sg-0d9e85347d66f665c",
            "timeouts": null,
            "to_port": 10250,
            "type": "ingress"
          },
          "sensitive_attributes": [],
          "identity_schema_version": 0,
          "private": "eyJlMmJmYjczMC1lY2FhLTExZTYtOGY4OC0zNDM2M2JjN2M0YzAiOnsiY3JlYXRlIjozMDAwMDAwMDAwMDB9LCJzY2hlbWFfdmVyc2lvbiI6IjIifQ==",
          "dependencies": [
            "module.eks.module.eks_cluster.aws_security_group.cluster",
            "module.eks.module.eks_cluster.aws_security_group.node",
            "module.vpc.aws_vpc.memo-vpc"
          ],
          "create_before_destroy": true
        },
        {
          "index_key": "ingress_nodes_ephemeral",
          "schema_version": 2,
          "attributes": {
            "cidr_blocks": null,
            "description": "Node to node ingress on ephemeral ports",
            "from_port": 1025,
            "id": "sgrule-4077423461",
            "ipv6_cidr_blocks": null,
            "prefix_list_ids": [],
            "protocol": "tcp",
            "security_group_id": "sg-0a5b20dfd38ca048a",
            "security_group_rule_id": "sgr-033d073d3584acd52",
            "self": true,
            "source_security_group_id": null,
            "timeouts": null,
            "to_port": 65535,
            "type": "ingress"
          },
          "sensitive_attributes": [],
          "identity_schema_version": 0,
          "private": "eyJlMmJmYjczMC1lY2FhLTExZTYtOGY4OC0zNDM2M2JjN2M0YzAiOnsiY3JlYXRlIjozMDAwMDAwMDAwMDB9LCJzY2hlbWFfdmVyc2lvbiI6IjIifQ==",
          "dependencies": [
            "module.eks.module.eks_cluster.aws_security_group.cluster",
            "module.eks.module.eks_cluster.aws_security_group.node",
            "module.vpc.aws_vpc.memo-vpc"
          ],
          "create_before_destroy": true
        },
        {
          "index_key": "ingress_self_coredns_tcp",
          "schema_version": 2,
          "attributes": {
            "cidr_blocks": null,
            "description": "Node to node CoreDNS",
            "from_port": 53,
            "id": "sgrule-1268186166",
            "ipv6_cidr_blocks": null,
            "prefix_list_ids": [],
            "protocol": "tcp",
            "security_group_id": "sg-0a5b20dfd38ca048a",
            "security_group_rule_id": "sgr-0005dcff692737af1",
            "self": true,
            "source_security_group_id": null,
            "timeouts": null,
            "to_port": 53,
            "type": "ingress"
          },
          "sensitive_attributes": [],
          "identity_schema_version": 0,
          "private": "eyJlMmJmYjczMC1lY2FhLTExZTYtOGY4OC0zNDM2M2JjN2M0YzAiOnsiY3JlYXRlIjozMDAwMDAwMDAwMDB9LCJzY2hlbWFfdmVyc2lvbiI6IjIifQ==",
          "dependencies": [
            "module.eks.module.eks_cluster.aws_security_group.cluster",
            "module.eks.module.eks_cluster.aws_security_group.node",
            "module.vpc.aws_vpc.memo-vpc"
          ],
          "create_before_destroy": true
        },
        {
          "index_key": "ingress_self_coredns_udp",
          "schema_version": 2,
          "attributes": {
            "cidr_blocks": null,
            "description": "Node to node CoreDNS UDP",
            "from_port": 53,
            "id": "sgrule-4022951897",
            "ipv6_cidr_blocks": null,
            "prefix_list_ids": [],
            "protocol": "udp",
            "security_group_id": "sg-0a5b20dfd38ca048a",
            "security_group_rule_id": "sgr-0523392cfd82db8e8",
            "self": true,
            "source_security_group_id": null,
            "timeouts": null,
            "to_port": 53,
            "type": "ingress"
          },
          "sensitive_attributes": [],
          "identity_schema_version": 0,
          "private": "eyJlMmJmYjczMC1lY2FhLTExZTYtOGY4OC0zNDM2M2JjN2M0YzAiOnsiY3JlYXRlIjozMDAwMDAwMDAwMDB9LCJzY2hlbWFfdmVyc2lvbiI6IjIifQ==",
          "dependencies": [
            "module.eks.module.eks_cluster.aws_security_group.cluster",
            "module.eks.module.eks_cluster.aws_security_group.node",
            "module.vpc.aws_vpc.memo-vpc"
          ],
          "create_before_destroy": true
        }
      ]
    },
    {
      "module": "module.eks.module.eks_cluster",
      "mode": "managed",
      "type": "time_sleep",
      "name": "this",
      "provider": "provider[\"registry.terraform.io/hashicorp/time\"]",
      "instances": [
        {
          "index_key": 0,
          "schema_version": 0,
          "attributes": {
            "create_duration": "30s",
            "destroy_duration": null,
            "id": "2025-07-15T00:50:22Z",
            "triggers": {
              "cluster_certificate_authority_data": "LS0tLS1CRUdJTiBDRVJUSUZJQ0FURS0tLS0tCk1JSURCVENDQWUyZ0F3SUJBZ0lJWE1XWE1WdFNUME13RFFZSktvWklodmNOQVFFTEJRQXdGVEVUTUJFR0ExVUUKQXhNS2EzVmlaWEp1WlhSbGN6QWVGdzB5TlRBM01UVXdNRE01TlRoYUZ3MHpOVEEzTVRNd01EUTBOVGhhTUJVeApFekFSQmdOVkJBTVRDbXQxWW1WeWJtVjBaWE13Z2dFaU1BMEdDU3FHU0liM0RRRUJBUVVBQTRJQkR3QXdnZ0VLCkFvSUJBUUMwSW1SUE0rampORHVrK3J4YnBmN0xDNEJqSmhBcVZSTUZMYk45ZFI4YjJkV2pGMU16cFJyb3dnTjEKb002Z0lQNkVUVWE4cVVkdWVOaWU1Tk5Oa0o4eHdzd2VhbmpoMXlnaDV5dDFkaDdNMFVrUGNLcVRUTlZ2SkVxbApUOUJ4a0x4ZzFpZ0lCZnBvSDZ6cWlSUnpML2c4UTYrRTN2S2ZxSzRtZHJKTWs3NnRYV3hBcnpVMUZ0Z2dLVk1TCnd3b0J4VTFWZnY1cEFJb0FpdngvK1dveCtweTRVT2xSeTRkOE56RFp0blNlbHJqdkpFd3hETkh5VVpoYTFzejMKZmduWWtrTjBKaStVOTkvYTZOcDMrS3dZZ1c1dVd5ZmhhSE8wYVByL21IVnU5b1hHb1FFMDVML2hBWFMyMFJEUwpxUTNxTjhDMklsdjRKano2Nzh0ay84ZEsyaWNkQWdNQkFBR2pXVEJYTUE0R0ExVWREd0VCL3dRRUF3SUNwREFQCkJnTlZIUk1CQWY4RUJUQURBUUgvTUIwR0ExVWREZ1FXQkJUcmV5ZW5UVVJ6N2NKMjQ5dnc5STR3NmJXRWdqQVYKQmdOVkhSRUVEakFNZ2dwcmRXSmxjbTVsZEdWek1BMEdDU3FHU0liM0RRRUJDd1VBQTRJQkFRQ2hFRSticW5WWgpaNGpaQmdvcjRSSnNGMnZuTVlieDVDY2ovM2VkU04vODZnWmx0OUN3eC8xZ1dsZWdiYXhUbG9XbHRCQVBzR1dZCjk2RnF3OVdhK0oreExENzdQVkhxZ3c0eVRSZHFRVmxxdXhaVmx6SmdGSlQ0dzY2NGhkSGk0cHIrQjlYK1ZtanQKQjhOeHY2ZnFkY21FUjZoUS9sSytvNW4wT00vdnAyU1llK1dxa0V4SEdpNVJnemhabTZzRUd5OExBK05hRm9CdgpyeTZvNTJyMVFvcTB0ZzZyUDBGVllSTU1BTFllTzlrMVFUQ2FLL2x4SDM2Q1FQaWhPRWpGVFZzdFhzQ3N6U01nCnlIYWtRNXJUOTZYRFFySDhHZTFmcWMrMmlyMFZqWFNZeGtqNGo3OUFQSXJIUjgzTlViVG5FajZKY3c2a2xsTHUKVDMyVitqc2VPQnVjCi0tLS0tRU5EIENFUlRJRklDQVRFLS0tLS0K",
              "cluster_endpoint": "https://DD65EEF4A3302F7E1BEACEF069452752.gr7.ap-northeast-2.eks.amazonaws.com",
              "cluster_name": "memo-eks-cluster",
              "cluster_service_cidr": "172.20.0.0/16",
              "cluster_version": "1.29"
            }
          },
          "sensitive_attributes": [],
          "identity_schema_version": 0,
          "dependencies": [
            "module.eks.module.eks_cluster.aws_cloudwatch_log_group.this",
            "module.eks.module.eks_cluster.aws_eks_cluster.this",
            "module.eks.module.eks_cluster.aws_iam_policy.cni_ipv6_policy",
            "module.eks.module.eks_cluster.aws_iam_role.eks_auto",
            "module.eks.module.eks_cluster.aws_iam_role.this",
            "module.eks.module.eks_cluster.aws_iam_role_policy_attachment.this",
            "module.eks.module.eks_cluster.aws_security_group.cluster",
            "module.eks.module.eks_cluster.aws_security_group.node",
            "module.eks.module.eks_cluster.aws_security_group_rule.cluster",
            "module.eks.module.eks_cluster.aws_security_group_rule.node",
            "module.eks.module.eks_cluster.data.aws_caller_identity.current",
            "module.eks.module.eks_cluster.data.aws_iam_policy_document.assume_role_policy",
            "module.eks.module.eks_cluster.data.aws_iam_policy_document.cni_ipv6_policy",
            "module.eks.module.eks_cluster.data.aws_iam_policy_document.node_assume_role_policy",
            "module.eks.module.eks_cluster.data.aws_iam_session_context.current",
            "module.eks.module.eks_cluster.data.aws_partition.current",
            "module.eks.module.eks_cluster.module.kms.aws_kms_external_key.this",
            "module.eks.module.eks_cluster.module.kms.aws_kms_key.this",
            "module.eks.module.eks_cluster.module.kms.aws_kms_replica_external_key.this",
            "module.eks.module.eks_cluster.module.kms.aws_kms_replica_key.this",
            "module.eks.module.eks_cluster.module.kms.data.aws_caller_identity.current",
            "module.eks.module.eks_cluster.module.kms.data.aws_iam_policy_document.this",
            "module.eks.module.eks_cluster.module.kms.data.aws_partition.current",
            "module.vpc.aws_subnet.private1",
            "module.vpc.aws_subnet.private2",
            "module.vpc.aws_subnet.private3",
            "module.vpc.aws_subnet.private4",
            "module.vpc.aws_vpc.memo-vpc"
          ],
          "create_before_destroy": true
        }
      ]
    },
    {
      "module": "module.eks.module.eks_cluster.module.eks_managed_node_group[\"memo-eks-node\"]",
      "mode": "data",
      "type": "aws_caller_identity",
      "name": "current",
      "provider": "provider[\"registry.terraform.io/hashicorp/aws\"]",
      "instances": [
        {
          "schema_version": 0,
          "attributes": {
            "account_id": "727646470302",
            "arn": "arn:aws:iam::727646470302:user/lion3team04",
            "id": "727646470302",
            "user_id": "AIDA2S2Y4ACPKEECA2RJ5"
          },
          "sensitive_attributes": [],
          "identity_schema_version": 0
        }
      ]
    },
    {
      "module": "module.eks.module.eks_cluster.module.eks_managed_node_group[\"memo-eks-node\"]",
      "mode": "data",
      "type": "aws_ec2_instance_type",
      "name": "this",
      "provider": "provider[\"registry.terraform.io/hashicorp/aws\"]",
      "instances": []
    },
    {
      "module": "module.eks.module.eks_cluster.module.eks_managed_node_group[\"memo-eks-node\"]",
      "mode": "data",
      "type": "aws_ec2_instance_type_offerings",
      "name": "this",
      "provider": "provider[\"registry.terraform.io/hashicorp/aws\"]",
      "instances": []
    },
    {
      "module": "module.eks.module.eks_cluster.module.eks_managed_node_group[\"memo-eks-node\"]",
      "mode": "data",
      "type": "aws_iam_policy_document",
      "name": "assume_role_policy",
      "provider": "provider[\"registry.terraform.io/hashicorp/aws\"]",
      "instances": [
        {
          "index_key": 0,
          "schema_version": 0,
          "attributes": {
            "id": "2560088296",
            "json": "{\n  \"Version\": \"2012-10-17\",\n  \"Statement\": [\n    {\n      \"Sid\": \"EKSNodeAssumeRole\",\n      \"Effect\": \"Allow\",\n      \"Action\": \"sts:AssumeRole\",\n      \"Principal\": {\n        \"Service\": \"ec2.amazonaws.com\"\n      }\n    }\n  ]\n}",
            "minified_json": "{\"Version\":\"2012-10-17\",\"Statement\":[{\"Sid\":\"EKSNodeAssumeRole\",\"Effect\":\"Allow\",\"Action\":\"sts:AssumeRole\",\"Principal\":{\"Service\":\"ec2.amazonaws.com\"}}]}",
            "override_json": null,
            "override_policy_documents": null,
            "policy_id": null,
            "source_json": null,
            "source_policy_documents": null,
            "statement": [
              {
                "actions": [
                  "sts:AssumeRole"
                ],
                "condition": [],
                "effect": "Allow",
                "not_actions": [],
                "not_principals": [],
                "not_resources": [],
                "principals": [
                  {
                    "identifiers": [
                      "ec2.amazonaws.com"
                    ],
                    "type": "Service"
                  }
                ],
                "resources": [],
                "sid": "EKSNodeAssumeRole"
              }
            ],
            "version": "2012-10-17"
          },
          "sensitive_attributes": [],
          "identity_schema_version": 0
        }
      ]
    },
    {
      "module": "module.eks.module.eks_cluster.module.eks_managed_node_group[\"memo-eks-node\"]",
      "mode": "data",
      "type": "aws_iam_policy_document",
      "name": "role",
      "provider": "provider[\"registry.terraform.io/hashicorp/aws\"]",
      "instances": []
    },
    {
      "module": "module.eks.module.eks_cluster.module.eks_managed_node_group[\"memo-eks-node\"]",
      "mode": "data",
      "type": "aws_partition",
      "name": "current",
      "provider": "provider[\"registry.terraform.io/hashicorp/aws\"]",
      "instances": [
        {
          "schema_version": 0,
          "attributes": {
            "dns_suffix": "amazonaws.com",
            "id": "aws",
            "partition": "aws",
            "reverse_dns_prefix": "com.amazonaws"
          },
          "sensitive_attributes": [],
          "identity_schema_version": 0
        }
      ]
    },
    {
      "module": "module.eks.module.eks_cluster.module.eks_managed_node_group[\"memo-eks-node\"]",
      "mode": "data",
      "type": "aws_ssm_parameter",
      "name": "ami",
      "provider": "provider[\"registry.terraform.io/hashicorp/aws\"]",
      "instances": []
    },
    {
      "module": "module.eks.module.eks_cluster.module.eks_managed_node_group[\"memo-eks-node\"]",
      "mode": "data",
      "type": "aws_subnets",
      "name": "placement_group",
      "provider": "provider[\"registry.terraform.io/hashicorp/aws\"]",
      "instances": []
    },
    {
      "module": "module.eks.module.eks_cluster.module.eks_managed_node_group[\"memo-eks-node\"]",
      "mode": "managed",
      "type": "aws_autoscaling_schedule",
      "name": "this",
      "provider": "provider[\"registry.terraform.io/hashicorp/aws\"]",
      "instances": []
    },
    {
      "module": "module.eks.module.eks_cluster.module.eks_managed_node_group[\"memo-eks-node\"]",
      "mode": "managed",
      "type": "aws_eks_node_group",
      "name": "this",
      "provider": "provider[\"registry.terraform.io/hashicorp/aws\"]",
      "instances": [
        {
          "index_key": 0,
          "schema_version": 0,
          "attributes": {
            "ami_type": "AL2_x86_64",
            "arn": "arn:aws:eks:ap-northeast-2:727646470302:nodegroup/memo-eks-cluster/memo-eks-node-20250715014227591400000008/7acc05df-935a-4497-d43b-518e98a9a6cc",
            "capacity_type": "ON_DEMAND",
            "cluster_name": "memo-eks-cluster",
            "disk_size": 0,
            "force_update_version": null,
            "id": "memo-eks-cluster:memo-eks-node-20250715014227591400000008",
            "instance_types": [
              "t3.large"
            ],
            "labels": null,
            "launch_template": [
              {
                "id": "lt-07e438fa5d945746a",
                "name": "memo-eks-node-20250715014222015300000006",
                "version": "1"
              }
            ],
            "node_group_name": "memo-eks-node-20250715014227591400000008",
            "node_group_name_prefix": "memo-eks-node-",
            "node_repair_config": [],
            "node_role_arn": "arn:aws:iam::727646470302:role/memo-eks-node-eks-node-group-20250715014219598400000001",
            "release_version": "1.29.15-20250704",
            "remote_access": [],
            "resources": [
              {
                "autoscaling_groups": [
                  {
                    "name": "eks-memo-eks-node-20250715014227591400000008-7acc05df-935a-4497-d43b-518e98a9a6cc"
                  }
                ],
                "remote_access_security_group_id": ""
              }
            ],
            "scaling_config": [
              {
                "desired_size": 2,
                "max_size": 3,
                "min_size": 2
              }
            ],
            "status": "ACTIVE",
            "subnet_ids": [
              "subnet-02fd8a94fa71561f7",
              "subnet-0488e1d08bbc247ad",
              "subnet-07af4d0c0b57b4ea3",
              "subnet-097b4cdb9e1064a14"
            ],
            "tags": {
              "Name": "memo-eks-node",
              "Project": "memo"
            },
            "tags_all": {
              "Name": "memo-eks-node",
              "Project": "memo"
            },
            "taint": [],
            "timeouts": {
              "create": null,
              "delete": null,
              "update": null
            },
            "update_config": [
              {
                "max_unavailable": 0,
                "max_unavailable_percentage": 33
              }
            ],
            "version": "1.29"
          },
          "sensitive_attributes": [],
          "identity_schema_version": 0,
          "private": "eyJlMmJmYjczMC1lY2FhLTExZTYtOGY4OC0zNDM2M2JjN2M0YzAiOnsiY3JlYXRlIjozNjAwMDAwMDAwMDAwLCJkZWxldGUiOjM2MDAwMDAwMDAwMDAsInVwZGF0ZSI6MzYwMDAwMDAwMDAwMH19",
          "dependencies": [
            "module.eks.module.eks_cluster.aws_cloudwatch_log_group.this",
            "module.eks.module.eks_cluster.aws_eks_cluster.this",
            "module.eks.module.eks_cluster.aws_iam_policy.cni_ipv6_policy",
            "module.eks.module.eks_cluster.aws_iam_role.eks_auto",
            "module.eks.module.eks_cluster.aws_iam_role.this",
            "module.eks.module.eks_cluster.aws_iam_role_policy_attachment.this",
            "module.eks.module.eks_cluster.aws_security_group.cluster",
            "module.eks.module.eks_cluster.aws_security_group.node",
            "module.eks.module.eks_cluster.aws_security_group_rule.cluster",
            "module.eks.module.eks_cluster.aws_security_group_rule.node",
            "module.eks.module.eks_cluster.data.aws_caller_identity.current",
            "module.eks.module.eks_cluster.data.aws_iam_policy_document.assume_role_policy",
            "module.eks.module.eks_cluster.data.aws_iam_policy_document.cni_ipv6_policy",
            "module.eks.module.eks_cluster.data.aws_iam_policy_document.node_assume_role_policy",
            "module.eks.module.eks_cluster.data.aws_iam_session_context.current",
            "module.eks.module.eks_cluster.data.aws_partition.current",
            "module.eks.module.eks_cluster.module.eks_managed_node_group.aws_iam_role.this",
            "module.eks.module.eks_cluster.module.eks_managed_node_group.aws_iam_role_policy_attachment.additional",
            "module.eks.module.eks_cluster.module.eks_managed_node_group.aws_iam_role_policy_attachment.this",
            "module.eks.module.eks_cluster.module.eks_managed_node_group.aws_launch_template.this",
            "module.eks.module.eks_cluster.module.eks_managed_node_group.aws_placement_group.this",
            "module.eks.module.eks_cluster.module.eks_managed_node_group.data.aws_caller_identity.current",
            "module.eks.module.eks_cluster.module.eks_managed_node_group.data.aws_ec2_instance_type.this",
            "module.eks.module.eks_cluster.module.eks_managed_node_group.data.aws_ec2_instance_type_offerings.this",
            "module.eks.module.eks_cluster.module.eks_managed_node_group.data.aws_iam_policy_document.assume_role_policy",
            "module.eks.module.eks_cluster.module.eks_managed_node_group.data.aws_partition.current",
            "module.eks.module.eks_cluster.module.eks_managed_node_group.data.aws_ssm_parameter.ami",
            "module.eks.module.eks_cluster.module.eks_managed_node_group.data.aws_subnets.placement_group",
            "module.eks.module.eks_cluster.module.eks_managed_node_group.module.user_data.data.cloudinit_config.al2023_eks_managed_node_group",
            "module.eks.module.eks_cluster.module.eks_managed_node_group.module.user_data.data.cloudinit_config.linux_eks_managed_node_group",
            "module.eks.module.eks_cluster.module.kms.aws_kms_external_key.this",
            "module.eks.module.eks_cluster.module.kms.aws_kms_key.this",
            "module.eks.module.eks_cluster.module.kms.aws_kms_replica_external_key.this",
            "module.eks.module.eks_cluster.module.kms.aws_kms_replica_key.this",
            "module.eks.module.eks_cluster.module.kms.data.aws_caller_identity.current",
            "module.eks.module.eks_cluster.module.kms.data.aws_iam_policy_document.this",
            "module.eks.module.eks_cluster.module.kms.data.aws_partition.current",
            "module.eks.module.eks_cluster.time_sleep.this",
            "module.vpc.aws_subnet.private1",
            "module.vpc.aws_subnet.private2",
            "module.vpc.aws_subnet.private3",
            "module.vpc.aws_subnet.private4",
            "module.vpc.aws_vpc.memo-vpc"
          ],
          "create_before_destroy": true
        }
      ]
    },
    {
      "module": "module.eks.module.eks_cluster.module.eks_managed_node_group[\"memo-eks-node\"]",
      "mode": "managed",
      "type": "aws_iam_role",
      "name": "this",
      "provider": "provider[\"registry.terraform.io/hashicorp/aws\"]",
      "instances": [
        {
          "index_key": 0,
          "schema_version": 0,
          "attributes": {
            "arn": "arn:aws:iam::727646470302:role/memo-eks-node-eks-node-group-20250715014219598400000001",
            "assume_role_policy": "{\"Statement\":[{\"Action\":\"sts:AssumeRole\",\"Effect\":\"Allow\",\"Principal\":{\"Service\":\"ec2.amazonaws.com\"},\"Sid\":\"EKSNodeAssumeRole\"}],\"Version\":\"2012-10-17\"}",
            "create_date": "2025-07-15T01:42:06Z",
            "description": "EKS managed node group IAM role",
            "force_detach_policies": true,
            "id": "memo-eks-node-eks-node-group-20250715014219598400000001",
            "inline_policy": [],
            "managed_policy_arns": [],
            "max_session_duration": 3600,
            "name": "memo-eks-node-eks-node-group-20250715014219598400000001",
            "name_prefix": "memo-eks-node-eks-node-group-",
            "path": "/",
            "permissions_boundary": "",
            "tags": {
              "Project": "memo"
            },
            "tags_all": {
              "Project": "memo"
            },
            "unique_id": "AROA2S2Y4ACPEVY5UPB6K"
          },
          "sensitive_attributes": [],
          "identity_schema_version": 0,
          "private": "bnVsbA==",
          "dependencies": [
            "module.eks.module.eks_cluster.module.eks_managed_node_group.data.aws_iam_policy_document.assume_role_policy"
          ],
          "create_before_destroy": true
        }
      ]
    },
    {
      "module": "module.eks.module.eks_cluster.module.eks_managed_node_group[\"memo-eks-node\"]",
      "mode": "managed",
      "type": "aws_iam_role_policy",
      "name": "this",
      "provider": "provider[\"registry.terraform.io/hashicorp/aws\"]",
      "instances": []
    },
    {
      "module": "module.eks.module.eks_cluster.module.eks_managed_node_group[\"memo-eks-node\"]",
      "mode": "managed",
      "type": "aws_iam_role_policy_attachment",
      "name": "additional",
      "provider": "provider[\"registry.terraform.io/hashicorp/aws\"]",
      "instances": []
    },
    {
      "module": "module.eks.module.eks_cluster.module.eks_managed_node_group[\"memo-eks-node\"]",
      "mode": "managed",
      "type": "aws_iam_role_policy_attachment",
      "name": "this",
      "provider": "provider[\"registry.terraform.io/hashicorp/aws\"]",
      "instances": [
        {
          "index_key": "AmazonEC2ContainerRegistryReadOnly",
          "schema_version": 0,
          "attributes": {
            "id": "memo-eks-node-eks-node-group-20250715014219598400000001-20250715014221295400000003",
            "policy_arn": "arn:aws:iam::aws:policy/AmazonEC2ContainerRegistryReadOnly",
            "role": "memo-eks-node-eks-node-group-20250715014219598400000001"
          },
          "sensitive_attributes": [],
          "identity_schema_version": 0,
          "private": "bnVsbA==",
          "dependencies": [
            "module.eks.module.eks_cluster.module.eks_managed_node_group.aws_iam_role.this",
            "module.eks.module.eks_cluster.module.eks_managed_node_group.data.aws_caller_identity.current",
            "module.eks.module.eks_cluster.module.eks_managed_node_group.data.aws_iam_policy_document.assume_role_policy",
            "module.eks.module.eks_cluster.module.eks_managed_node_group.data.aws_partition.current"
          ],
          "create_before_destroy": true
        },
        {
          "index_key": "AmazonEKSWorkerNodePolicy",
          "schema_version": 0,
          "attributes": {
            "id": "memo-eks-node-eks-node-group-20250715014219598400000001-20250715014221535500000004",
            "policy_arn": "arn:aws:iam::aws:policy/AmazonEKSWorkerNodePolicy",
            "role": "memo-eks-node-eks-node-group-20250715014219598400000001"
          },
          "sensitive_attributes": [],
          "identity_schema_version": 0,
          "private": "bnVsbA==",
          "dependencies": [
            "module.eks.module.eks_cluster.module.eks_managed_node_group.aws_iam_role.this",
            "module.eks.module.eks_cluster.module.eks_managed_node_group.data.aws_caller_identity.current",
            "module.eks.module.eks_cluster.module.eks_managed_node_group.data.aws_iam_policy_document.assume_role_policy",
            "module.eks.module.eks_cluster.module.eks_managed_node_group.data.aws_partition.current"
          ],
          "create_before_destroy": true
        },
        {
          "index_key": "AmazonEKS_CNI_Policy",
          "schema_version": 0,
          "attributes": {
            "id": "memo-eks-node-eks-node-group-20250715014219598400000001-20250715014221779300000005",
            "policy_arn": "arn:aws:iam::aws:policy/AmazonEKS_CNI_Policy",
            "role": "memo-eks-node-eks-node-group-20250715014219598400000001"
          },
          "sensitive_attributes": [],
          "identity_schema_version": 0,
          "private": "bnVsbA==",
          "dependencies": [
            "module.eks.module.eks_cluster.module.eks_managed_node_group.aws_iam_role.this",
            "module.eks.module.eks_cluster.module.eks_managed_node_group.data.aws_caller_identity.current",
            "module.eks.module.eks_cluster.module.eks_managed_node_group.data.aws_iam_policy_document.assume_role_policy",
            "module.eks.module.eks_cluster.module.eks_managed_node_group.data.aws_partition.current"
          ],
          "create_before_destroy": true
        }
      ]
    },
    {
      "module": "module.eks.module.eks_cluster.module.eks_managed_node_group[\"memo-eks-node\"]",
      "mode": "managed",
      "type": "aws_launch_template",
      "name": "this",
      "provider": "provider[\"registry.terraform.io/hashicorp/aws\"]",
      "instances": [
        {
          "index_key": 0,
          "schema_version": 0,
          "attributes": {
            "arn": "arn:aws:ec2:ap-northeast-2:727646470302:launch-template/lt-07e438fa5d945746a",
            "block_device_mappings": [],
            "capacity_reservation_specification": [],
            "cpu_options": [],
            "credit_specification": [],
            "default_version": 1,
            "description": "Custom launch template for memo-eks-node EKS managed node group",
            "disable_api_stop": false,
            "disable_api_termination": false,
            "ebs_optimized": "",
            "elastic_gpu_specifications": [],
            "elastic_inference_accelerator": [],
            "enclave_options": [],
            "hibernation_options": [],
            "iam_instance_profile": [],
            "id": "lt-07e438fa5d945746a",
            "image_id": "",
            "instance_initiated_shutdown_behavior": "",
            "instance_market_options": [],
            "instance_requirements": [],
            "instance_type": "",
            "kernel_id": "",
            "key_name": "",
            "latest_version": 1,
            "license_specification": [],
            "maintenance_options": [],
            "metadata_options": [
              {
                "http_endpoint": "enabled",
                "http_protocol_ipv6": "",
                "http_put_response_hop_limit": 2,
                "http_tokens": "required",
                "instance_metadata_tags": ""
              }
            ],
            "monitoring": [
              {
                "enabled": true
              }
            ],
            "name": "memo-eks-node-20250715014222015300000006",
            "name_prefix": "memo-eks-node-",
            "network_interfaces": [],
            "placement": [],
            "private_dns_name_options": [],
            "ram_disk_id": "",
            "security_group_names": null,
            "tag_specifications": [
              {
                "resource_type": "instance",
                "tags": {
                  "Name": "memo-eks-node",
                  "Project": "memo"
                }
              },
              {
                "resource_type": "network-interface",
                "tags": {
                  "Name": "memo-eks-node",
                  "Project": "memo"
                }
              },
              {
                "resource_type": "volume",
                "tags": {
                  "Name": "memo-eks-node",
                  "Project": "memo"
                }
              }
            ],
            "tags": {
              "Project": "memo"
            },
            "tags_all": {
              "Project": "memo"
            },
            "update_default_version": true,
            "user_data": "",
            "vpc_security_group_ids": [
              "sg-0a5b20dfd38ca048a"
            ]
          },
          "sensitive_attributes": [],
          "identity_schema_version": 0,
          "private": "bnVsbA==",
          "dependencies": [
            "module.eks.module.eks_cluster.aws_cloudwatch_log_group.this",
            "module.eks.module.eks_cluster.aws_eks_cluster.this",
            "module.eks.module.eks_cluster.aws_iam_policy.cni_ipv6_policy",
            "module.eks.module.eks_cluster.aws_iam_role.eks_auto",
            "module.eks.module.eks_cluster.aws_iam_role.this",
            "module.eks.module.eks_cluster.aws_iam_role_policy_attachment.this",
            "module.eks.module.eks_cluster.aws_security_group.cluster",
            "module.eks.module.eks_cluster.aws_security_group.node",
            "module.eks.module.eks_cluster.aws_security_group_rule.cluster",
            "module.eks.module.eks_cluster.aws_security_group_rule.node",
            "module.eks.module.eks_cluster.data.aws_caller_identity.current",
            "module.eks.module.eks_cluster.data.aws_iam_policy_document.assume_role_policy",
            "module.eks.module.eks_cluster.data.aws_iam_policy_document.cni_ipv6_policy",
            "module.eks.module.eks_cluster.data.aws_iam_policy_document.node_assume_role_policy",
            "module.eks.module.eks_cluster.data.aws_iam_session_context.current",
            "module.eks.module.eks_cluster.data.aws_partition.current",
            "module.eks.module.eks_cluster.module.eks_managed_node_group.aws_iam_role.this",
            "module.eks.module.eks_cluster.module.eks_managed_node_group.aws_iam_role_policy_attachment.additional",
            "module.eks.module.eks_cluster.module.eks_managed_node_group.aws_iam_role_policy_attachment.this",
            "module.eks.module.eks_cluster.module.eks_managed_node_group.aws_placement_group.this",
            "module.eks.module.eks_cluster.module.eks_managed_node_group.data.aws_caller_identity.current",
            "module.eks.module.eks_cluster.module.eks_managed_node_group.data.aws_ec2_instance_type.this",
            "module.eks.module.eks_cluster.module.eks_managed_node_group.data.aws_iam_policy_document.assume_role_policy",
            "module.eks.module.eks_cluster.module.eks_managed_node_group.data.aws_partition.current",
            "module.eks.module.eks_cluster.module.eks_managed_node_group.module.user_data.data.cloudinit_config.al2023_eks_managed_node_group",
            "module.eks.module.eks_cluster.module.eks_managed_node_group.module.user_data.data.cloudinit_config.linux_eks_managed_node_group",
            "module.eks.module.eks_cluster.module.kms.aws_kms_external_key.this",
            "module.eks.module.eks_cluster.module.kms.aws_kms_key.this",
            "module.eks.module.eks_cluster.module.kms.aws_kms_replica_external_key.this",
            "module.eks.module.eks_cluster.module.kms.aws_kms_replica_key.this",
            "module.eks.module.eks_cluster.module.kms.data.aws_caller_identity.current",
            "module.eks.module.eks_cluster.module.kms.data.aws_iam_policy_document.this",
            "module.eks.module.eks_cluster.module.kms.data.aws_partition.current",
            "module.eks.module.eks_cluster.time_sleep.this",
            "module.vpc.aws_subnet.private1",
            "module.vpc.aws_subnet.private2",
            "module.vpc.aws_subnet.private3",
            "module.vpc.aws_subnet.private4",
            "module.vpc.aws_vpc.memo-vpc"
          ],
          "create_before_destroy": true
        }
      ]
    },
    {
      "module": "module.eks.module.eks_cluster.module.eks_managed_node_group[\"memo-eks-node\"]",
      "mode": "managed",
      "type": "aws_placement_group",
      "name": "this",
      "provider": "provider[\"registry.terraform.io/hashicorp/aws\"]",
      "instances": []
    },
    {
      "module": "module.eks.module.eks_cluster.module.eks_managed_node_group[\"memo-eks-node\"].module.user_data",
      "mode": "data",
      "type": "cloudinit_config",
      "name": "al2023_eks_managed_node_group",
      "provider": "provider[\"registry.terraform.io/hashicorp/cloudinit\"]",
      "instances": []
    },
    {
      "module": "module.eks.module.eks_cluster.module.eks_managed_node_group[\"memo-eks-node\"].module.user_data",
      "mode": "data",
      "type": "cloudinit_config",
      "name": "linux_eks_managed_node_group",
      "provider": "provider[\"registry.terraform.io/hashicorp/cloudinit\"]",
      "instances": []
    },
    {
      "module": "module.eks.module.eks_cluster.module.eks_managed_node_group[\"memo-eks-node\"].module.user_data",
      "mode": "managed",
      "type": "null_resource",
      "name": "validate_cluster_service_cidr",
      "provider": "provider[\"registry.terraform.io/hashicorp/null\"]",
      "instances": [
        {
          "schema_version": 0,
          "attributes": {
            "id": "6550506725611049843",
            "triggers": null
          },
          "sensitive_attributes": [],
          "identity_schema_version": 0,
          "dependencies": [
            "module.eks.module.eks_cluster.aws_cloudwatch_log_group.this",
            "module.eks.module.eks_cluster.aws_eks_cluster.this",
            "module.eks.module.eks_cluster.aws_iam_policy.cni_ipv6_policy",
            "module.eks.module.eks_cluster.aws_iam_role.eks_auto",
            "module.eks.module.eks_cluster.aws_iam_role.this",
            "module.eks.module.eks_cluster.aws_iam_role_policy_attachment.this",
            "module.eks.module.eks_cluster.aws_security_group.cluster",
            "module.eks.module.eks_cluster.aws_security_group.node",
            "module.eks.module.eks_cluster.aws_security_group_rule.cluster",
            "module.eks.module.eks_cluster.aws_security_group_rule.node",
            "module.eks.module.eks_cluster.data.aws_caller_identity.current",
            "module.eks.module.eks_cluster.data.aws_iam_policy_document.assume_role_policy",
            "module.eks.module.eks_cluster.data.aws_iam_policy_document.cni_ipv6_policy",
            "module.eks.module.eks_cluster.data.aws_iam_policy_document.node_assume_role_policy",
            "module.eks.module.eks_cluster.data.aws_iam_session_context.current",
            "module.eks.module.eks_cluster.data.aws_partition.current",
            "module.eks.module.eks_cluster.module.kms.aws_kms_external_key.this",
            "module.eks.module.eks_cluster.module.kms.aws_kms_key.this",
            "module.eks.module.eks_cluster.module.kms.aws_kms_replica_external_key.this",
            "module.eks.module.eks_cluster.module.kms.aws_kms_replica_key.this",
            "module.eks.module.eks_cluster.module.kms.data.aws_caller_identity.current",
            "module.eks.module.eks_cluster.module.kms.data.aws_iam_policy_document.this",
            "module.eks.module.eks_cluster.module.kms.data.aws_partition.current",
            "module.eks.module.eks_cluster.time_sleep.this",
            "module.vpc.aws_subnet.private1",
            "module.vpc.aws_subnet.private2",
            "module.vpc.aws_subnet.private3",
            "module.vpc.aws_subnet.private4",
            "module.vpc.aws_vpc.memo-vpc"
          ]
        }
      ]
    },
    {
      "module": "module.eks.module.eks_cluster.module.kms",
      "mode": "data",
      "type": "aws_caller_identity",
      "name": "current",
      "provider": "provider[\"registry.terraform.io/hashicorp/aws\"]",
      "instances": []
    },
    {
      "module": "module.eks.module.eks_cluster.module.kms",
      "mode": "data",
      "type": "aws_iam_policy_document",
      "name": "this",
      "provider": "provider[\"registry.terraform.io/hashicorp/aws\"]",
      "instances": []
    },
    {
      "module": "module.eks.module.eks_cluster.module.kms",
      "mode": "data",
      "type": "aws_partition",
      "name": "current",
      "provider": "provider[\"registry.terraform.io/hashicorp/aws\"]",
      "instances": []
    },
    {
      "module": "module.eks.module.eks_cluster.module.kms",
      "mode": "managed",
      "type": "aws_kms_alias",
      "name": "this",
      "provider": "provider[\"registry.terraform.io/hashicorp/aws\"]",
      "instances": []
    },
    {
      "module": "module.eks.module.eks_cluster.module.kms",
      "mode": "managed",
      "type": "aws_kms_external_key",
      "name": "this",
      "provider": "provider[\"registry.terraform.io/hashicorp/aws\"]",
      "instances": []
    },
    {
      "module": "module.eks.module.eks_cluster.module.kms",
      "mode": "managed",
      "type": "aws_kms_grant",
      "name": "this",
      "provider": "provider[\"registry.terraform.io/hashicorp/aws\"]",
      "instances": []
    },
    {
      "module": "module.eks.module.eks_cluster.module.kms",
      "mode": "managed",
      "type": "aws_kms_key",
      "name": "this",
      "provider": "provider[\"registry.terraform.io/hashicorp/aws\"]",
      "instances": []
    },
    {
      "module": "module.eks.module.eks_cluster.module.kms",
      "mode": "managed",
      "type": "aws_kms_replica_external_key",
      "name": "this",
      "provider": "provider[\"registry.terraform.io/hashicorp/aws\"]",
      "instances": []
    },
    {
      "module": "module.eks.module.eks_cluster.module.kms",
      "mode": "managed",
      "type": "aws_kms_replica_key",
      "name": "this",
      "provider": "provider[\"registry.terraform.io/hashicorp/aws\"]",
      "instances": []
    },
    {
      "module": "module.grafana",
      "mode": "managed",
      "type": "helm_release",
      "name": "grafana",
      "provider": "provider[\"registry.terraform.io/hashicorp/helm\"]",
      "instances": [
        {
          "schema_version": 2,
          "attributes": {
            "atomic": false,
            "chart": "grafana",
            "cleanup_on_fail": false,
            "create_namespace": false,
            "dependency_update": false,
            "description": null,
            "devel": null,
            "disable_crd_hooks": false,
            "disable_openapi_validation": false,
            "disable_webhooks": false,
            "force_update": false,
            "id": "grafana",
            "keyring": null,
            "lint": false,
            "manifest": null,
            "max_history": 0,
            "metadata": {
              "app_version": "12.0.2",
              "chart": "grafana",
              "first_deployed": 1752541728,
              "last_deployed": 1752541728,
              "name": "grafana",
              "namespace": "monitoring",
              "notes": "1. Get your 'admin' user password by running:\n\n   kubectl get secret --namespace monitoring grafana -o jsonpath=\"{.data.admin-password}\" | base64 --decode ; echo\n\n\n2. The Grafana server can be accessed via port 80 on the following DNS name from within your cluster:\n\n   grafana.monitoring.svc.cluster.local\n\n   Get the Grafana URL to visit by running these commands in the same shell:\n     export POD_NAME=$(kubectl get pods --namespace monitoring -l \"app.kubernetes.io/name=grafana,app.kubernetes.io/instance=grafana\" -o jsonpath=\"{.items[0].metadata.name}\")\n     kubectl --namespace monitoring port-forward $POD_NAME 3000\n\n3. Login with the password from step 1 and the username: admin\n#################################################################################\n######   WARNING: Persistence is disabled!!! You will lose your data when   #####\n######            the Grafana pod is terminated.                            #####\n#################################################################################\n",
              "revision": 1,
              "values": "{\"adminPassword\":\"admin1234\"}",
              "version": "9.2.10"
            },
            "name": "grafana",
            "namespace": "monitoring",
            "pass_credentials": false,
            "postrender": null,
            "recreate_pods": false,
            "render_subchart_notes": true,
            "replace": false,
            "repository": "https://grafana.github.io/helm-charts",
            "repository_ca_file": null,
            "repository_cert_file": null,
            "repository_key_file": null,
            "repository_password": null,
            "repository_username": null,
            "reset_values": false,
            "reuse_values": false,
            "set": [
              {
                "name": "adminPassword",
                "type": "",
                "value": "admin1234"
              }
            ],
            "set_list": null,
            "set_sensitive": null,
            "set_wo": null,
            "set_wo_revision": null,
            "skip_crds": false,
            "status": "deployed",
            "timeout": 300,
            "values": null,
            "verify": false,
            "version": "9.2.10",
            "wait": true,
            "wait_for_jobs": false
          },
          "sensitive_attributes": [
            [
              {
                "type": "get_attr",
                "value": "repository_password"
              }
            ]
          ],
          "identity_schema_version": 0,
          "identity": {
            "namespace": "monitoring",
            "release_name": "grafana"
          },
          "dependencies": [
            "module.ebs_csi_driver.aws_iam_role.ebs_csi_role",
            "module.ebs_csi_driver.aws_iam_role_policy_attachment.ebs_csi_policy",
            "module.ebs_csi_driver.helm_release.aws_ebs_csi_driver",
            "module.eks.aws_eks_access_policy_association.admin",
            "module.eks.aws_security_group_rule.eks_cluster_external_access",
            "module.eks.aws_security_group_rule.eks_cluster_external_access_10250",
            "module.eks.aws_security_group_rule.eks_cluster_external_access_6443",
            "module.eks.module.eks_cluster.aws_cloudwatch_log_group.this",
            "module.eks.module.eks_cluster.aws_ec2_tag.cluster_primary_security_group",
            "module.eks.module.eks_cluster.aws_eks_access_entry.this",
            "module.eks.module.eks_cluster.aws_eks_access_policy_association.this",
            "module.eks.module.eks_cluster.aws_eks_addon.before_compute",
            "module.eks.module.eks_cluster.aws_eks_addon.this",
            "module.eks.module.eks_cluster.aws_eks_cluster.this",
            "module.eks.module.eks_cluster.aws_eks_identity_provider_config.this",
            "module.eks.module.eks_cluster.aws_iam_openid_connect_provider.oidc_provider",
            "module.eks.module.eks_cluster.aws_iam_policy.cluster_encryption",
            "module.eks.module.eks_cluster.aws_iam_policy.cni_ipv6_policy",
            "module.eks.module.eks_cluster.aws_iam_policy.custom",
            "module.eks.module.eks_cluster.aws_iam_role.eks_auto",
            "module.eks.module.eks_cluster.aws_iam_role.this",
            "module.eks.module.eks_cluster.aws_iam_role_policy_attachment.additional",
            "module.eks.module.eks_cluster.aws_iam_role_policy_attachment.cluster_encryption",
            "module.eks.module.eks_cluster.aws_iam_role_policy_attachment.custom",
            "module.eks.module.eks_cluster.aws_iam_role_policy_attachment.eks_auto",
            "module.eks.module.eks_cluster.aws_iam_role_policy_attachment.eks_auto_additional",
            "module.eks.module.eks_cluster.aws_iam_role_policy_attachment.this",
            "module.eks.module.eks_cluster.aws_security_group.cluster",
            "module.eks.module.eks_cluster.aws_security_group.node",
            "module.eks.module.eks_cluster.aws_security_group_rule.cluster",
            "module.eks.module.eks_cluster.aws_security_group_rule.node",
            "module.eks.module.eks_cluster.data.aws_caller_identity.current",
            "module.eks.module.eks_cluster.data.aws_eks_addon_version.this",
            "module.eks.module.eks_cluster.data.aws_iam_policy_document.assume_role_policy",
            "module.eks.module.eks_cluster.data.aws_iam_policy_document.cni_ipv6_policy",
            "module.eks.module.eks_cluster.data.aws_iam_policy_document.custom",
            "module.eks.module.eks_cluster.data.aws_iam_policy_document.node_assume_role_policy",
            "module.eks.module.eks_cluster.data.aws_iam_session_context.current",
            "module.eks.module.eks_cluster.data.aws_partition.current",
            "module.eks.module.eks_cluster.data.tls_certificate.this",
            "module.eks.module.eks_cluster.module.eks_managed_node_group.aws_autoscaling_schedule.this",
            "module.eks.module.eks_cluster.module.eks_managed_node_group.aws_eks_node_group.this",
            "module.eks.module.eks_cluster.module.eks_managed_node_group.aws_iam_role.this",
            "module.eks.module.eks_cluster.module.eks_managed_node_group.aws_iam_role_policy.this",
            "module.eks.module.eks_cluster.module.eks_managed_node_group.aws_iam_role_policy_attachment.additional",
            "module.eks.module.eks_cluster.module.eks_managed_node_group.aws_iam_role_policy_attachment.this",
            "module.eks.module.eks_cluster.module.eks_managed_node_group.aws_launch_template.this",
            "module.eks.module.eks_cluster.module.eks_managed_node_group.aws_placement_group.this",
            "module.eks.module.eks_cluster.module.eks_managed_node_group.data.aws_caller_identity.current",
            "module.eks.module.eks_cluster.module.eks_managed_node_group.data.aws_ec2_instance_type.this",
            "module.eks.module.eks_cluster.module.eks_managed_node_group.data.aws_ec2_instance_type_offerings.this",
            "module.eks.module.eks_cluster.module.eks_managed_node_group.data.aws_iam_policy_document.assume_role_policy",
            "module.eks.module.eks_cluster.module.eks_managed_node_group.data.aws_iam_policy_document.role",
            "module.eks.module.eks_cluster.module.eks_managed_node_group.data.aws_partition.current",
            "module.eks.module.eks_cluster.module.eks_managed_node_group.data.aws_ssm_parameter.ami",
            "module.eks.module.eks_cluster.module.eks_managed_node_group.data.aws_subnets.placement_group",
            "module.eks.module.eks_cluster.module.eks_managed_node_group.module.user_data.data.cloudinit_config.al2023_eks_managed_node_group",
            "module.eks.module.eks_cluster.module.eks_managed_node_group.module.user_data.data.cloudinit_config.linux_eks_managed_node_group",
            "module.eks.module.eks_cluster.module.eks_managed_node_group.module.user_data.null_resource.validate_cluster_service_cidr",
            "module.eks.module.eks_cluster.module.fargate_profile.aws_eks_fargate_profile.this",
            "module.eks.module.eks_cluster.module.fargate_profile.aws_iam_role.this",
            "module.eks.module.eks_cluster.module.fargate_profile.aws_iam_role_policy.this",
            "module.eks.module.eks_cluster.module.fargate_profile.aws_iam_role_policy_attachment.additional",
            "module.eks.module.eks_cluster.module.fargate_profile.aws_iam_role_policy_attachment.this",
            "module.eks.module.eks_cluster.module.fargate_profile.data.aws_caller_identity.current",
            "module.eks.module.eks_cluster.module.fargate_profile.data.aws_iam_policy_document.assume_role_policy",
            "module.eks.module.eks_cluster.module.fargate_profile.data.aws_iam_policy_document.role",
            "module.eks.module.eks_cluster.module.fargate_profile.data.aws_partition.current",
            "module.eks.module.eks_cluster.module.fargate_profile.data.aws_region.current",
            "module.eks.module.eks_cluster.module.kms.aws_kms_alias.this",
            "module.eks.module.eks_cluster.module.kms.aws_kms_external_key.this",
            "module.eks.module.eks_cluster.module.kms.aws_kms_grant.this",
            "module.eks.module.eks_cluster.module.kms.aws_kms_key.this",
            "module.eks.module.eks_cluster.module.kms.aws_kms_replica_external_key.this",
            "module.eks.module.eks_cluster.module.kms.aws_kms_replica_key.this",
            "module.eks.module.eks_cluster.module.kms.data.aws_caller_identity.current",
            "module.eks.module.eks_cluster.module.kms.data.aws_iam_policy_document.this",
            "module.eks.module.eks_cluster.module.kms.data.aws_partition.current",
            "module.eks.module.eks_cluster.module.self_managed_node_group.aws_autoscaling_group.this",
            "module.eks.module.eks_cluster.module.self_managed_node_group.aws_autoscaling_schedule.this",
            "module.eks.module.eks_cluster.module.self_managed_node_group.aws_eks_access_entry.this",
            "module.eks.module.eks_cluster.module.self_managed_node_group.aws_iam_instance_profile.this",
            "module.eks.module.eks_cluster.module.self_managed_node_group.aws_iam_role.this",
            "module.eks.module.eks_cluster.module.self_managed_node_group.aws_iam_role_policy.this",
            "module.eks.module.eks_cluster.module.self_managed_node_group.aws_iam_role_policy_attachment.additional",
            "module.eks.module.eks_cluster.module.self_managed_node_group.aws_iam_role_policy_attachment.this",
            "module.eks.module.eks_cluster.module.self_managed_node_group.aws_launch_template.this",
            "module.eks.module.eks_cluster.module.self_managed_node_group.aws_placement_group.this",
            "module.eks.module.eks_cluster.module.self_managed_node_group.data.aws_caller_identity.current",
            "module.eks.module.eks_cluster.module.self_managed_node_group.data.aws_ec2_instance_type.this",
            "module.eks.module.eks_cluster.module.self_managed_node_group.data.aws_ec2_instance_type_offerings.this",
            "module.eks.module.eks_cluster.module.self_managed_node_group.data.aws_iam_policy_document.assume_role_policy",
            "module.eks.module.eks_cluster.module.self_managed_node_group.data.aws_iam_policy_document.role",
            "module.eks.module.eks_cluster.module.self_managed_node_group.data.aws_partition.current",
            "module.eks.module.eks_cluster.module.self_managed_node_group.data.aws_ssm_parameter.ami",
            "module.eks.module.eks_cluster.module.self_managed_node_group.data.aws_subnets.placement_group",
            "module.eks.module.eks_cluster.module.self_managed_node_group.module.user_data.data.cloudinit_config.al2023_eks_managed_node_group",
            "module.eks.module.eks_cluster.module.self_managed_node_group.module.user_data.data.cloudinit_config.linux_eks_managed_node_group",
            "module.eks.module.eks_cluster.module.self_managed_node_group.module.user_data.null_resource.validate_cluster_service_cidr",
            "module.eks.module.eks_cluster.time_sleep.this",
            "module.prometheus.helm_release.prometheus",
            "module.vpc.aws_subnet.private1",
            "module.vpc.aws_subnet.private2",
            "module.vpc.aws_subnet.private3",
            "module.vpc.aws_subnet.private4",
            "module.vpc.aws_vpc.memo-vpc"
          ]
        }
      ]
    },
    {
      "module": "module.iam",
      "mode": "managed",
      "type": "aws_iam_role",
      "name": "eks_admin_role",
      "provider": "provider[\"registry.terraform.io/hashicorp/aws\"]",
      "instances": [
        {
          "schema_version": 0,
          "attributes": {
            "arn": "arn:aws:iam::727646470302:role/eks-admin-role",
            "assume_role_policy": "{\"Statement\":[{\"Action\":\"sts:AssumeRole\",\"Effect\":\"Allow\",\"Principal\":{\"AWS\":\"arn:aws:iam::727646470302:user/lion3team04\"}}],\"Version\":\"2012-10-17\"}",
            "create_date": "2025-07-15T00:39:59Z",
            "description": "",
            "force_detach_policies": false,
            "id": "eks-admin-role",
            "inline_policy": [],
            "managed_policy_arns": [
              "arn:aws:iam::aws:policy/AdministratorAccess"
            ],
            "max_session_duration": 3600,
            "name": "eks-admin-role",
            "name_prefix": "",
            "path": "/",
            "permissions_boundary": "",
            "tags": {
              "Project": "memo"
            },
            "tags_all": {
              "Project": "memo"
            },
            "unique_id": "AROA2S2Y4ACPCOY2D5QGD"
          },
          "sensitive_attributes": [],
          "identity_schema_version": 0,
          "private": "bnVsbA=="
        }
      ]
    },
    {
      "module": "module.iam",
      "mode": "managed",
      "type": "aws_iam_role_policy_attachment",
      "name": "eks_admin_role_policy",
      "provider": "provider[\"registry.terraform.io/hashicorp/aws\"]",
      "instances": [
        {
          "schema_version": 0,
          "attributes": {
            "id": "eks-admin-role-20250715004014798600000008",
            "policy_arn": "arn:aws:iam::aws:policy/AdministratorAccess",
            "role": "eks-admin-role"
          },
          "sensitive_attributes": [],
          "identity_schema_version": 0,
          "private": "bnVsbA==",
          "dependencies": [
            "module.iam.aws_iam_role.eks_admin_role"
          ]
        }
      ]
    },
    {
      "module": "module.irsa_argocd",
      "mode": "managed",
      "type": "aws_iam_role",
      "name": "this",
      "provider": "provider[\"registry.terraform.io/hashicorp/aws\"]",
      "instances": [
        {
          "schema_version": 0,
          "attributes": {
            "arn": "arn:aws:iam::727646470302:role/argocd-irsa-role",
            "assume_role_policy": "{\"Statement\":[{\"Action\":\"sts:AssumeRoleWithWebIdentity\",\"Condition\":{\"StringEquals\":{\"oidc.eks.ap-northeast-2.amazonaws.com/id/174009068958FC8C33EFD5A601D6A4E8:sub\":\"system:serviceaccount:argocd:argocd-service-account\"}},\"Effect\":\"Allow\",\"Principal\":{\"Federated\":\"arn:aws:iam::727646470302:oidc-provider/oidc.eks.ap-northeast-2.amazonaws.com/id/174009068958FC8C33EFD5A601D6A4E8\"}}],\"Version\":\"2012-10-17\"}",
            "create_date": "2025-07-15T00:39:59Z",
            "description": "",
            "force_detach_policies": false,
            "id": "argocd-irsa-role",
            "inline_policy": [],
            "managed_policy_arns": [
              "arn:aws:iam::aws:policy/AdministratorAccess"
            ],
            "max_session_duration": 3600,
            "name": "argocd-irsa-role",
            "name_prefix": "",
            "path": "/",
            "permissions_boundary": "",
            "tags": {
              "Name": "argocd-irsa-role"
            },
            "tags_all": {
              "Name": "argocd-irsa-role"
            },
            "unique_id": "AROA2S2Y4ACPK4KZIHCFG"
          },
          "sensitive_attributes": [],
          "identity_schema_version": 0,
          "private": "bnVsbA=="
        }
      ]
    },
    {
      "module": "module.irsa_argocd",
      "mode": "managed",
      "type": "aws_iam_role_policy_attachment",
      "name": "admin_policy",
      "provider": "provider[\"registry.terraform.io/hashicorp/aws\"]",
      "instances": [
        {
          "schema_version": 0,
          "attributes": {
            "id": "argocd-irsa-role-20250715004014741600000007",
            "policy_arn": "arn:aws:iam::aws:policy/AdministratorAccess",
            "role": "argocd-irsa-role"
          },
          "sensitive_attributes": [],
          "identity_schema_version": 0,
          "private": "bnVsbA==",
          "dependencies": [
            "module.irsa_argocd.aws_iam_role.this"
          ]
        }
      ]
    },
    {
      "module": "module.prometheus",
      "mode": "managed",
      "type": "helm_release",
      "name": "prometheus",
      "provider": "provider[\"registry.terraform.io/hashicorp/helm\"]",
      "instances": [
        {
          "schema_version": 2,
          "attributes": {
            "atomic": false,
            "chart": "kube-prometheus-stack",
            "cleanup_on_fail": false,
            "create_namespace": true,
            "dependency_update": false,
            "description": null,
            "devel": null,
            "disable_crd_hooks": false,
            "disable_openapi_validation": false,
            "disable_webhooks": false,
            "force_update": false,
            "id": "prometheus",
            "keyring": null,
            "lint": false,
            "manifest": null,
            "max_history": 0,
            "metadata": {
              "app_version": "v0.83.0",
              "chart": "kube-prometheus-stack",
              "first_deployed": 1752541686,
              "last_deployed": 1752541686,
              "name": "prometheus",
              "namespace": "monitoring",
              "notes": "kube-state-metrics is a simple service that listens to the Kubernetes API server and generates metrics about the state of the objects.\nThe exposed metrics can be found here:\nhttps://github.com/kubernetes/kube-state-metrics/blob/master/docs/README.md#exposed-metrics\n\nThe metrics are exported on the HTTP endpoint /metrics on the listening port.\nIn your case, prometheus-kube-state-metrics.monitoring.svc.cluster.local:8080/metrics\n\nThey are served either as plaintext or protobuf depending on the Accept header.\nThey are designed to be consumed either by Prometheus itself or by a scraper that is compatible with scraping a Prometheus client endpoint.\n\nkube-prometheus-stack has been installed. Check its status by running:\n  kubectl --namespace monitoring get pods -l \"release=prometheus\"\n\nGet Grafana 'admin' user password by running:\n\n  kubectl --namespace monitoring get secrets prometheus-grafana -o jsonpath=\"{.data.admin-password}\" | base64 -d ; echo\n\nAccess Grafana local instance:\n\n  export POD_NAME=$(kubectl --namespace monitoring get pod -l \"app.kubernetes.io/name=grafana,app.kubernetes.io/instance=prometheus\" -oname)\n  kubectl --namespace monitoring port-forward $POD_NAME 3000\n\nVisit https://github.com/prometheus-operator/kube-prometheus for instructions on how to create \u0026 configure Alertmanager and Prometheus instances using the Operator.\n\n1. Get the application URL by running these commands:\n  export POD_NAME=$(kubectl get pods --namespace monitoring -l \"app.kubernetes.io/name=prometheus-node-exporter,app.kubernetes.io/instance=prometheus\" -o jsonpath=\"{.items[0].metadata.name}\")\n  echo \"Visit http://127.0.0.1:9100 to use your application\"\n  kubectl port-forward --namespace monitoring $POD_NAME 9100",
              "revision": 1,
              "values": "{\"grafana\":{\"enabled\":false}}",
              "version": "75.10.0"
            },
            "name": "prometheus",
            "namespace": "monitoring",
            "pass_credentials": false,
            "postrender": null,
            "recreate_pods": false,
            "render_subchart_notes": true,
            "replace": false,
            "repository": "https://prometheus-community.github.io/helm-charts",
            "repository_ca_file": null,
            "repository_cert_file": null,
            "repository_key_file": null,
            "repository_password": null,
            "repository_username": null,
            "reset_values": false,
            "reuse_values": false,
            "set": [
              {
                "name": "grafana.enabled",
                "type": "",
                "value": "false"
              }
            ],
            "set_list": null,
            "set_sensitive": null,
            "set_wo": null,
            "set_wo_revision": null,
            "skip_crds": false,
            "status": "deployed",
            "timeout": 300,
            "values": null,
            "verify": false,
            "version": "75.10.0",
            "wait": true,
            "wait_for_jobs": false
          },
          "sensitive_attributes": [
            [
              {
                "type": "get_attr",
                "value": "repository_password"
              }
            ]
          ],
          "identity_schema_version": 0,
          "identity": {
            "namespace": "monitoring",
            "release_name": "prometheus"
          },
          "dependencies": [
            "module.ebs_csi_driver.aws_iam_role.ebs_csi_role",
            "module.ebs_csi_driver.aws_iam_role_policy_attachment.ebs_csi_policy",
            "module.ebs_csi_driver.helm_release.aws_ebs_csi_driver",
            "module.eks.aws_eks_access_policy_association.admin",
            "module.eks.aws_security_group_rule.eks_cluster_external_access",
            "module.eks.aws_security_group_rule.eks_cluster_external_access_10250",
            "module.eks.aws_security_group_rule.eks_cluster_external_access_6443",
            "module.eks.module.eks_cluster.aws_cloudwatch_log_group.this",
            "module.eks.module.eks_cluster.aws_ec2_tag.cluster_primary_security_group",
            "module.eks.module.eks_cluster.aws_eks_access_entry.this",
            "module.eks.module.eks_cluster.aws_eks_access_policy_association.this",
            "module.eks.module.eks_cluster.aws_eks_addon.before_compute",
            "module.eks.module.eks_cluster.aws_eks_addon.this",
            "module.eks.module.eks_cluster.aws_eks_cluster.this",
            "module.eks.module.eks_cluster.aws_eks_identity_provider_config.this",
            "module.eks.module.eks_cluster.aws_iam_openid_connect_provider.oidc_provider",
            "module.eks.module.eks_cluster.aws_iam_policy.cluster_encryption",
            "module.eks.module.eks_cluster.aws_iam_policy.cni_ipv6_policy",
            "module.eks.module.eks_cluster.aws_iam_policy.custom",
            "module.eks.module.eks_cluster.aws_iam_role.eks_auto",
            "module.eks.module.eks_cluster.aws_iam_role.this",
            "module.eks.module.eks_cluster.aws_iam_role_policy_attachment.additional",
            "module.eks.module.eks_cluster.aws_iam_role_policy_attachment.cluster_encryption",
            "module.eks.module.eks_cluster.aws_iam_role_policy_attachment.custom",
            "module.eks.module.eks_cluster.aws_iam_role_policy_attachment.eks_auto",
            "module.eks.module.eks_cluster.aws_iam_role_policy_attachment.eks_auto_additional",
            "module.eks.module.eks_cluster.aws_iam_role_policy_attachment.this",
            "module.eks.module.eks_cluster.aws_security_group.cluster",
            "module.eks.module.eks_cluster.aws_security_group.node",
            "module.eks.module.eks_cluster.aws_security_group_rule.cluster",
            "module.eks.module.eks_cluster.aws_security_group_rule.node",
            "module.eks.module.eks_cluster.data.aws_caller_identity.current",
            "module.eks.module.eks_cluster.data.aws_eks_addon_version.this",
            "module.eks.module.eks_cluster.data.aws_iam_policy_document.assume_role_policy",
            "module.eks.module.eks_cluster.data.aws_iam_policy_document.cni_ipv6_policy",
            "module.eks.module.eks_cluster.data.aws_iam_policy_document.custom",
            "module.eks.module.eks_cluster.data.aws_iam_policy_document.node_assume_role_policy",
            "module.eks.module.eks_cluster.data.aws_iam_session_context.current",
            "module.eks.module.eks_cluster.data.aws_partition.current",
            "module.eks.module.eks_cluster.data.tls_certificate.this",
            "module.eks.module.eks_cluster.module.eks_managed_node_group.aws_autoscaling_schedule.this",
            "module.eks.module.eks_cluster.module.eks_managed_node_group.aws_eks_node_group.this",
            "module.eks.module.eks_cluster.module.eks_managed_node_group.aws_iam_role.this",
            "module.eks.module.eks_cluster.module.eks_managed_node_group.aws_iam_role_policy.this",
            "module.eks.module.eks_cluster.module.eks_managed_node_group.aws_iam_role_policy_attachment.additional",
            "module.eks.module.eks_cluster.module.eks_managed_node_group.aws_iam_role_policy_attachment.this",
            "module.eks.module.eks_cluster.module.eks_managed_node_group.aws_launch_template.this",
            "module.eks.module.eks_cluster.module.eks_managed_node_group.aws_placement_group.this",
            "module.eks.module.eks_cluster.module.eks_managed_node_group.data.aws_caller_identity.current",
            "module.eks.module.eks_cluster.module.eks_managed_node_group.data.aws_ec2_instance_type.this",
            "module.eks.module.eks_cluster.module.eks_managed_node_group.data.aws_ec2_instance_type_offerings.this",
            "module.eks.module.eks_cluster.module.eks_managed_node_group.data.aws_iam_policy_document.assume_role_policy",
            "module.eks.module.eks_cluster.module.eks_managed_node_group.data.aws_iam_policy_document.role",
            "module.eks.module.eks_cluster.module.eks_managed_node_group.data.aws_partition.current",
            "module.eks.module.eks_cluster.module.eks_managed_node_group.data.aws_ssm_parameter.ami",
            "module.eks.module.eks_cluster.module.eks_managed_node_group.data.aws_subnets.placement_group",
            "module.eks.module.eks_cluster.module.eks_managed_node_group.module.user_data.data.cloudinit_config.al2023_eks_managed_node_group",
            "module.eks.module.eks_cluster.module.eks_managed_node_group.module.user_data.data.cloudinit_config.linux_eks_managed_node_group",
            "module.eks.module.eks_cluster.module.eks_managed_node_group.module.user_data.null_resource.validate_cluster_service_cidr",
            "module.eks.module.eks_cluster.module.fargate_profile.aws_eks_fargate_profile.this",
            "module.eks.module.eks_cluster.module.fargate_profile.aws_iam_role.this",
            "module.eks.module.eks_cluster.module.fargate_profile.aws_iam_role_policy.this",
            "module.eks.module.eks_cluster.module.fargate_profile.aws_iam_role_policy_attachment.additional",
            "module.eks.module.eks_cluster.module.fargate_profile.aws_iam_role_policy_attachment.this",
            "module.eks.module.eks_cluster.module.fargate_profile.data.aws_caller_identity.current",
            "module.eks.module.eks_cluster.module.fargate_profile.data.aws_iam_policy_document.assume_role_policy",
            "module.eks.module.eks_cluster.module.fargate_profile.data.aws_iam_policy_document.role",
            "module.eks.module.eks_cluster.module.fargate_profile.data.aws_partition.current",
            "module.eks.module.eks_cluster.module.fargate_profile.data.aws_region.current",
            "module.eks.module.eks_cluster.module.kms.aws_kms_alias.this",
            "module.eks.module.eks_cluster.module.kms.aws_kms_external_key.this",
            "module.eks.module.eks_cluster.module.kms.aws_kms_grant.this",
            "module.eks.module.eks_cluster.module.kms.aws_kms_key.this",
            "module.eks.module.eks_cluster.module.kms.aws_kms_replica_external_key.this",
            "module.eks.module.eks_cluster.module.kms.aws_kms_replica_key.this",
            "module.eks.module.eks_cluster.module.kms.data.aws_caller_identity.current",
            "module.eks.module.eks_cluster.module.kms.data.aws_iam_policy_document.this",
            "module.eks.module.eks_cluster.module.kms.data.aws_partition.current",
            "module.eks.module.eks_cluster.module.self_managed_node_group.aws_autoscaling_group.this",
            "module.eks.module.eks_cluster.module.self_managed_node_group.aws_autoscaling_schedule.this",
            "module.eks.module.eks_cluster.module.self_managed_node_group.aws_eks_access_entry.this",
            "module.eks.module.eks_cluster.module.self_managed_node_group.aws_iam_instance_profile.this",
            "module.eks.module.eks_cluster.module.self_managed_node_group.aws_iam_role.this",
            "module.eks.module.eks_cluster.module.self_managed_node_group.aws_iam_role_policy.this",
            "module.eks.module.eks_cluster.module.self_managed_node_group.aws_iam_role_policy_attachment.additional",
            "module.eks.module.eks_cluster.module.self_managed_node_group.aws_iam_role_policy_attachment.this",
            "module.eks.module.eks_cluster.module.self_managed_node_group.aws_launch_template.this",
            "module.eks.module.eks_cluster.module.self_managed_node_group.aws_placement_group.this",
            "module.eks.module.eks_cluster.module.self_managed_node_group.data.aws_caller_identity.current",
            "module.eks.module.eks_cluster.module.self_managed_node_group.data.aws_ec2_instance_type.this",
            "module.eks.module.eks_cluster.module.self_managed_node_group.data.aws_ec2_instance_type_offerings.this",
            "module.eks.module.eks_cluster.module.self_managed_node_group.data.aws_iam_policy_document.assume_role_policy",
            "module.eks.module.eks_cluster.module.self_managed_node_group.data.aws_iam_policy_document.role",
            "module.eks.module.eks_cluster.module.self_managed_node_group.data.aws_partition.current",
            "module.eks.module.eks_cluster.module.self_managed_node_group.data.aws_ssm_parameter.ami",
            "module.eks.module.eks_cluster.module.self_managed_node_group.data.aws_subnets.placement_group",
            "module.eks.module.eks_cluster.module.self_managed_node_group.module.user_data.data.cloudinit_config.al2023_eks_managed_node_group",
            "module.eks.module.eks_cluster.module.self_managed_node_group.module.user_data.data.cloudinit_config.linux_eks_managed_node_group",
            "module.eks.module.eks_cluster.module.self_managed_node_group.module.user_data.null_resource.validate_cluster_service_cidr",
            "module.eks.module.eks_cluster.time_sleep.this",
            "module.vpc.aws_subnet.private1",
            "module.vpc.aws_subnet.private2",
            "module.vpc.aws_subnet.private3",
            "module.vpc.aws_subnet.private4",
            "module.vpc.aws_vpc.memo-vpc"
          ]
        }
      ]
    },
    {
      "module": "module.rds",
      "mode": "managed",
      "type": "aws_db_subnet_group",
      "name": "memo_rds",
      "provider": "provider[\"registry.terraform.io/hashicorp/aws\"]",
      "instances": [
        {
          "schema_version": 0,
          "attributes": {
            "arn": "arn:aws:rds:ap-northeast-2:727646470302:subgrp:memo-mysql-subnet-group",
            "description": "Managed by Terraform",
            "id": "memo-mysql-subnet-group",
            "name": "memo-mysql-subnet-group",
            "name_prefix": "",
            "subnet_ids": [
              "subnet-02fd8a94fa71561f7",
              "subnet-0488e1d08bbc247ad",
              "subnet-07af4d0c0b57b4ea3",
              "subnet-097b4cdb9e1064a14"
            ],
            "supported_network_types": [
              "IPV4"
            ],
            "tags": {
              "Environment": "dev",
              "Project": "memo"
            },
            "tags_all": {
              "Environment": "dev",
              "Project": "memo"
            },
            "vpc_id": "vpc-0222bddc9126017a6"
          },
          "sensitive_attributes": [],
          "identity_schema_version": 0,
          "private": "bnVsbA==",
          "dependencies": [
            "module.vpc.aws_subnet.private1",
            "module.vpc.aws_subnet.private2",
            "module.vpc.aws_subnet.private3",
            "module.vpc.aws_subnet.private4",
            "module.vpc.aws_vpc.memo-vpc"
          ]
        }
      ]
    },
    {
      "module": "module.rds",
      "mode": "managed",
      "type": "aws_security_group",
      "name": "memo_rds",
      "provider": "provider[\"registry.terraform.io/hashicorp/aws\"]",
      "instances": [
        {
          "schema_version": 1,
          "attributes": {
            "arn": "arn:aws:ec2:ap-northeast-2:727646470302:security-group/sg-0ace1cadcfdaa500e",
            "description": "Managed by Terraform",
            "egress": [
              {
                "cidr_blocks": [
                  "10.0.0.0/16"
                ],
                "description": "",
                "from_port": 3306,
                "ipv6_cidr_blocks": [],
                "prefix_list_ids": [],
                "protocol": "tcp",
                "security_groups": [],
                "self": false,
                "to_port": 3306
              }
            ],
            "id": "sg-0ace1cadcfdaa500e",
            "ingress": [
              {
                "cidr_blocks": [],
                "description": "",
                "from_port": 3306,
                "ipv6_cidr_blocks": [],
                "prefix_list_ids": [],
                "protocol": "tcp",
                "security_groups": [
                  "sg-0d9e85347d66f665c"
                ],
                "self": false,
                "to_port": 3306
              }
            ],
            "name": "memo-rds-sg-20250715004025734700000010",
            "name_prefix": "memo-rds-sg-",
            "owner_id": "727646470302",
            "revoke_rules_on_delete": false,
            "tags": {
              "Environment": "dev",
              "Project": "memo"
            },
            "tags_all": {
              "Environment": "dev",
              "Project": "memo"
            },
            "timeouts": null,
            "vpc_id": "vpc-0222bddc9126017a6"
          },
          "sensitive_attributes": [],
          "identity_schema_version": 0,
          "private": "eyJlMmJmYjczMC1lY2FhLTExZTYtOGY4OC0zNDM2M2JjN2M0YzAiOnsiY3JlYXRlIjo2MDAwMDAwMDAwMDAsImRlbGV0ZSI6OTAwMDAwMDAwMDAwfSwic2NoZW1hX3ZlcnNpb24iOiIxIn0=",
          "dependencies": [
            "module.eks.module.eks_cluster.aws_security_group.cluster",
            "module.vpc.aws_vpc.memo-vpc"
          ]
        }
      ]
    },
    {
      "module": "module.redis_helm",
      "mode": "managed",
      "type": "helm_release",
      "name": "redis",
      "provider": "provider[\"registry.terraform.io/hashicorp/helm\"]",
      "instances": [
        {
          "schema_version": 2,
          "attributes": {
            "atomic": false,
            "chart": "redis",
            "cleanup_on_fail": false,
            "create_namespace": false,
            "dependency_update": false,
            "description": null,
            "devel": null,
            "disable_crd_hooks": false,
            "disable_openapi_validation": false,
            "disable_webhooks": false,
            "force_update": false,
            "id": "redis-app",
            "keyring": null,
            "lint": false,
            "manifest": null,
            "max_history": 0,
            "metadata": {
              "app_version": "7.2.0",
              "chart": "redis",
              "first_deployed": 1752541690,
              "last_deployed": 1752541690,
              "name": "redis-app",
              "namespace": "default",
              "notes": "CHART NAME: redis\nCHART VERSION: 18.0.0\nAPP VERSION: 7.2.0\n\n** Please be patient while the chart is being deployed **\n\nRedis\u0026reg; can be accessed on the following DNS names from within your cluster:\n\n    redis-app-master.default.svc.cluster.local for read/write operations (port 6379)\n    redis-app-replicas.default.svc.cluster.local for read-only operations (port 6379)\n\n\n\nTo connect to your Redis\u0026reg; server:\n\n1. Run a Redis\u0026reg; pod that you can use as a client:\n\n   kubectl run --namespace default redis-client --restart='Never'  --image docker.io/bitnami/redis:7.2.0-debian-11-r0 --command -- sleep infinity\n\n   Use the following command to attach to the pod:\n\n   kubectl exec --tty -i redis-client \\\n   --namespace default -- bash\n\n2. Connect using the Redis\u0026reg; CLI:\n   redis-cli -h redis-app-master\n   redis-cli -h redis-app-replicas\n\nTo connect to your database from outside the cluster execute the following commands:\n\n    kubectl port-forward --namespace default svc/redis-app-master 6379:6379 \u0026\n    redis-cli -h 127.0.0.1 -p 6379\n",
              "revision": 1,
              "values": "{\"auth\":{\"enabled\":false},\"master\":{\"persistence\":{\"enabled\":true}},\"replica\":{\"replicaCount\":1}}",
              "version": "18.0.0"
            },
            "name": "redis-app",
            "namespace": "default",
            "pass_credentials": false,
            "postrender": null,
            "recreate_pods": false,
            "render_subchart_notes": true,
            "replace": false,
            "repository": "https://charts.bitnami.com/bitnami",
            "repository_ca_file": null,
            "repository_cert_file": null,
            "repository_key_file": null,
            "repository_password": null,
            "repository_username": null,
            "reset_values": false,
            "reuse_values": false,
            "set": [
              {
                "name": "auth.enabled",
                "type": "",
                "value": "false"
              },
              {
                "name": "master.persistence.enabled",
                "type": "",
                "value": "true"
              },
              {
                "name": "replica.replicaCount",
                "type": "",
                "value": "1"
              }
            ],
            "set_list": null,
            "set_sensitive": null,
            "set_wo": null,
            "set_wo_revision": null,
            "skip_crds": false,
            "status": "deployed",
            "timeout": 300,
            "values": null,
            "verify": false,
            "version": "18.0.0",
            "wait": false,
            "wait_for_jobs": false
          },
          "sensitive_attributes": [
            [
              {
                "type": "get_attr",
                "value": "repository_password"
              }
            ]
          ],
          "identity_schema_version": 0,
          "identity": {
            "namespace": "default",
            "release_name": "redis-app"
          },
          "dependencies": [
            "module.ebs_csi_driver.aws_iam_role.ebs_csi_role",
            "module.ebs_csi_driver.aws_iam_role_policy_attachment.ebs_csi_policy",
            "module.ebs_csi_driver.helm_release.aws_ebs_csi_driver",
            "module.eks.aws_eks_access_policy_association.admin",
            "module.eks.aws_security_group_rule.eks_cluster_external_access",
            "module.eks.aws_security_group_rule.eks_cluster_external_access_10250",
            "module.eks.aws_security_group_rule.eks_cluster_external_access_6443",
            "module.eks.module.eks_cluster.aws_cloudwatch_log_group.this",
            "module.eks.module.eks_cluster.aws_ec2_tag.cluster_primary_security_group",
            "module.eks.module.eks_cluster.aws_eks_access_entry.this",
            "module.eks.module.eks_cluster.aws_eks_access_policy_association.this",
            "module.eks.module.eks_cluster.aws_eks_addon.before_compute",
            "module.eks.module.eks_cluster.aws_eks_addon.this",
            "module.eks.module.eks_cluster.aws_eks_cluster.this",
            "module.eks.module.eks_cluster.aws_eks_identity_provider_config.this",
            "module.eks.module.eks_cluster.aws_iam_openid_connect_provider.oidc_provider",
            "module.eks.module.eks_cluster.aws_iam_policy.cluster_encryption",
            "module.eks.module.eks_cluster.aws_iam_policy.cni_ipv6_policy",
            "module.eks.module.eks_cluster.aws_iam_policy.custom",
            "module.eks.module.eks_cluster.aws_iam_role.eks_auto",
            "module.eks.module.eks_cluster.aws_iam_role.this",
            "module.eks.module.eks_cluster.aws_iam_role_policy_attachment.additional",
            "module.eks.module.eks_cluster.aws_iam_role_policy_attachment.cluster_encryption",
            "module.eks.module.eks_cluster.aws_iam_role_policy_attachment.custom",
            "module.eks.module.eks_cluster.aws_iam_role_policy_attachment.eks_auto",
            "module.eks.module.eks_cluster.aws_iam_role_policy_attachment.eks_auto_additional",
            "module.eks.module.eks_cluster.aws_iam_role_policy_attachment.this",
            "module.eks.module.eks_cluster.aws_security_group.cluster",
            "module.eks.module.eks_cluster.aws_security_group.node",
            "module.eks.module.eks_cluster.aws_security_group_rule.cluster",
            "module.eks.module.eks_cluster.aws_security_group_rule.node",
            "module.eks.module.eks_cluster.data.aws_caller_identity.current",
            "module.eks.module.eks_cluster.data.aws_eks_addon_version.this",
            "module.eks.module.eks_cluster.data.aws_iam_policy_document.assume_role_policy",
            "module.eks.module.eks_cluster.data.aws_iam_policy_document.cni_ipv6_policy",
            "module.eks.module.eks_cluster.data.aws_iam_policy_document.custom",
            "module.eks.module.eks_cluster.data.aws_iam_policy_document.node_assume_role_policy",
            "module.eks.module.eks_cluster.data.aws_iam_session_context.current",
            "module.eks.module.eks_cluster.data.aws_partition.current",
            "module.eks.module.eks_cluster.data.tls_certificate.this",
            "module.eks.module.eks_cluster.module.eks_managed_node_group.aws_autoscaling_schedule.this",
            "module.eks.module.eks_cluster.module.eks_managed_node_group.aws_eks_node_group.this",
            "module.eks.module.eks_cluster.module.eks_managed_node_group.aws_iam_role.this",
            "module.eks.module.eks_cluster.module.eks_managed_node_group.aws_iam_role_policy.this",
            "module.eks.module.eks_cluster.module.eks_managed_node_group.aws_iam_role_policy_attachment.additional",
            "module.eks.module.eks_cluster.module.eks_managed_node_group.aws_iam_role_policy_attachment.this",
            "module.eks.module.eks_cluster.module.eks_managed_node_group.aws_launch_template.this",
            "module.eks.module.eks_cluster.module.eks_managed_node_group.aws_placement_group.this",
            "module.eks.module.eks_cluster.module.eks_managed_node_group.data.aws_caller_identity.current",
            "module.eks.module.eks_cluster.module.eks_managed_node_group.data.aws_ec2_instance_type.this",
            "module.eks.module.eks_cluster.module.eks_managed_node_group.data.aws_ec2_instance_type_offerings.this",
            "module.eks.module.eks_cluster.module.eks_managed_node_group.data.aws_iam_policy_document.assume_role_policy",
            "module.eks.module.eks_cluster.module.eks_managed_node_group.data.aws_iam_policy_document.role",
            "module.eks.module.eks_cluster.module.eks_managed_node_group.data.aws_partition.current",
            "module.eks.module.eks_cluster.module.eks_managed_node_group.data.aws_ssm_parameter.ami",
            "module.eks.module.eks_cluster.module.eks_managed_node_group.data.aws_subnets.placement_group",
            "module.eks.module.eks_cluster.module.eks_managed_node_group.module.user_data.data.cloudinit_config.al2023_eks_managed_node_group",
            "module.eks.module.eks_cluster.module.eks_managed_node_group.module.user_data.data.cloudinit_config.linux_eks_managed_node_group",
            "module.eks.module.eks_cluster.module.eks_managed_node_group.module.user_data.null_resource.validate_cluster_service_cidr",
            "module.eks.module.eks_cluster.module.fargate_profile.aws_eks_fargate_profile.this",
            "module.eks.module.eks_cluster.module.fargate_profile.aws_iam_role.this",
            "module.eks.module.eks_cluster.module.fargate_profile.aws_iam_role_policy.this",
            "module.eks.module.eks_cluster.module.fargate_profile.aws_iam_role_policy_attachment.additional",
            "module.eks.module.eks_cluster.module.fargate_profile.aws_iam_role_policy_attachment.this",
            "module.eks.module.eks_cluster.module.fargate_profile.data.aws_caller_identity.current",
            "module.eks.module.eks_cluster.module.fargate_profile.data.aws_iam_policy_document.assume_role_policy",
            "module.eks.module.eks_cluster.module.fargate_profile.data.aws_iam_policy_document.role",
            "module.eks.module.eks_cluster.module.fargate_profile.data.aws_partition.current",
            "module.eks.module.eks_cluster.module.fargate_profile.data.aws_region.current",
            "module.eks.module.eks_cluster.module.kms.aws_kms_alias.this",
            "module.eks.module.eks_cluster.module.kms.aws_kms_external_key.this",
            "module.eks.module.eks_cluster.module.kms.aws_kms_grant.this",
            "module.eks.module.eks_cluster.module.kms.aws_kms_key.this",
            "module.eks.module.eks_cluster.module.kms.aws_kms_replica_external_key.this",
            "module.eks.module.eks_cluster.module.kms.aws_kms_replica_key.this",
            "module.eks.module.eks_cluster.module.kms.data.aws_caller_identity.current",
            "module.eks.module.eks_cluster.module.kms.data.aws_iam_policy_document.this",
            "module.eks.module.eks_cluster.module.kms.data.aws_partition.current",
            "module.eks.module.eks_cluster.module.self_managed_node_group.aws_autoscaling_group.this",
            "module.eks.module.eks_cluster.module.self_managed_node_group.aws_autoscaling_schedule.this",
            "module.eks.module.eks_cluster.module.self_managed_node_group.aws_eks_access_entry.this",
            "module.eks.module.eks_cluster.module.self_managed_node_group.aws_iam_instance_profile.this",
            "module.eks.module.eks_cluster.module.self_managed_node_group.aws_iam_role.this",
            "module.eks.module.eks_cluster.module.self_managed_node_group.aws_iam_role_policy.this",
            "module.eks.module.eks_cluster.module.self_managed_node_group.aws_iam_role_policy_attachment.additional",
            "module.eks.module.eks_cluster.module.self_managed_node_group.aws_iam_role_policy_attachment.this",
            "module.eks.module.eks_cluster.module.self_managed_node_group.aws_launch_template.this",
            "module.eks.module.eks_cluster.module.self_managed_node_group.aws_placement_group.this",
            "module.eks.module.eks_cluster.module.self_managed_node_group.data.aws_caller_identity.current",
            "module.eks.module.eks_cluster.module.self_managed_node_group.data.aws_ec2_instance_type.this",
            "module.eks.module.eks_cluster.module.self_managed_node_group.data.aws_ec2_instance_type_offerings.this",
            "module.eks.module.eks_cluster.module.self_managed_node_group.data.aws_iam_policy_document.assume_role_policy",
            "module.eks.module.eks_cluster.module.self_managed_node_group.data.aws_iam_policy_document.role",
            "module.eks.module.eks_cluster.module.self_managed_node_group.data.aws_partition.current",
            "module.eks.module.eks_cluster.module.self_managed_node_group.data.aws_ssm_parameter.ami",
            "module.eks.module.eks_cluster.module.self_managed_node_group.data.aws_subnets.placement_group",
            "module.eks.module.eks_cluster.module.self_managed_node_group.module.user_data.data.cloudinit_config.al2023_eks_managed_node_group",
            "module.eks.module.eks_cluster.module.self_managed_node_group.module.user_data.data.cloudinit_config.linux_eks_managed_node_group",
            "module.eks.module.eks_cluster.module.self_managed_node_group.module.user_data.null_resource.validate_cluster_service_cidr",
            "module.eks.module.eks_cluster.time_sleep.this",
            "module.vpc.aws_subnet.private1",
            "module.vpc.aws_subnet.private2",
            "module.vpc.aws_subnet.private3",
            "module.vpc.aws_subnet.private4",
            "module.vpc.aws_vpc.memo-vpc"
          ]
        }
      ]
    },
    {
      "module": "module.s3",
      "mode": "managed",
      "type": "aws_s3_bucket",
      "name": "memo_bucket",
      "provider": "provider[\"registry.terraform.io/hashicorp/aws\"]",
      "instances": [
        {
          "schema_version": 0,
          "attributes": {
            "acceleration_status": "",
            "acl": null,
            "arn": "arn:aws:s3:::memo-image-bucket",
            "bucket": "memo-image-bucket",
            "bucket_domain_name": "memo-image-bucket.s3.amazonaws.com",
            "bucket_prefix": "",
            "bucket_regional_domain_name": "memo-image-bucket.s3.ap-northeast-2.amazonaws.com",
            "cors_rule": [],
            "force_destroy": false,
            "grant": [
              {
                "id": "7d91e4ae05b6236e92917fa86e57b1ae2bb3104881904020aed655448e24148e",
                "permissions": [
                  "FULL_CONTROL"
                ],
                "type": "CanonicalUser",
                "uri": ""
              }
            ],
            "hosted_zone_id": "Z3W03O7B5YMIYP",
            "id": "memo-image-bucket",
            "lifecycle_rule": [],
            "logging": [],
            "object_lock_configuration": [],
            "object_lock_enabled": false,
            "policy": "",
            "region": "ap-northeast-2",
            "replication_configuration": [],
            "request_payer": "BucketOwner",
            "server_side_encryption_configuration": [
              {
                "rule": [
                  {
                    "apply_server_side_encryption_by_default": [
                      {
                        "kms_master_key_id": "",
                        "sse_algorithm": "AES256"
                      }
                    ],
                    "bucket_key_enabled": false
                  }
                ]
              }
            ],
            "tags": {
              "Environment": "dev",
              "Project": "memo"
            },
            "tags_all": {
              "Environment": "dev",
              "Project": "memo"
            },
            "timeouts": null,
            "versioning": [
              {
                "enabled": true,
                "mfa_delete": false
              }
            ],
            "website": [],
            "website_domain": null,
            "website_endpoint": null
          },
          "sensitive_attributes": [],
          "identity_schema_version": 0,
          "private": "eyJlMmJmYjczMC1lY2FhLTExZTYtOGY4OC0zNDM2M2JjN2M0YzAiOnsiY3JlYXRlIjoxMjAwMDAwMDAwMDAwLCJkZWxldGUiOjM2MDAwMDAwMDAwMDAsInJlYWQiOjEyMDAwMDAwMDAwMDAsInVwZGF0ZSI6MTIwMDAwMDAwMDAwMH19"
        }
      ]
    },
    {
      "module": "module.s3",
      "mode": "managed",
      "type": "aws_s3_bucket_policy",
      "name": "memo_bucket_policy",
      "provider": "provider[\"registry.terraform.io/hashicorp/aws\"]",
      "instances": []
    },
    {
      "module": "module.s3",
      "mode": "managed",
      "type": "aws_s3_bucket_public_access_block",
      "name": "memo_bucket_public_access_block",
      "provider": "provider[\"registry.terraform.io/hashicorp/aws\"]",
      "instances": [
        {
          "schema_version": 0,
          "attributes": {
            "block_public_acls": true,
            "block_public_policy": true,
            "bucket": "memo-image-bucket",
            "id": "memo-image-bucket",
            "ignore_public_acls": true,
            "restrict_public_buckets": true
          },
          "sensitive_attributes": [],
          "identity_schema_version": 0,
          "private": "bnVsbA==",
          "dependencies": [
            "module.s3.aws_s3_bucket.memo_bucket"
          ]
        }
      ]
    },
    {
      "module": "module.s3",
      "mode": "managed",
      "type": "aws_s3_bucket_server_side_encryption_configuration",
      "name": "memo_bucket_encryption",
      "provider": "provider[\"registry.terraform.io/hashicorp/aws\"]",
      "instances": [
        {
          "schema_version": 0,
          "attributes": {
            "bucket": "memo-image-bucket",
            "expected_bucket_owner": "",
            "id": "memo-image-bucket",
            "rule": [
              {
                "apply_server_side_encryption_by_default": [
                  {
                    "kms_master_key_id": "",
                    "sse_algorithm": "AES256"
                  }
                ],
                "bucket_key_enabled": false
              }
            ]
          },
          "sensitive_attributes": [],
          "identity_schema_version": 0,
          "private": "bnVsbA==",
          "dependencies": [
            "module.s3.aws_s3_bucket.memo_bucket"
          ]
        }
      ]
    },
    {
      "module": "module.s3",
      "mode": "managed",
      "type": "aws_s3_bucket_versioning",
      "name": "memo_bucket_versioning",
      "provider": "provider[\"registry.terraform.io/hashicorp/aws\"]",
      "instances": [
        {
          "schema_version": 0,
          "attributes": {
            "bucket": "memo-image-bucket",
            "expected_bucket_owner": "",
            "id": "memo-image-bucket",
            "mfa": null,
            "versioning_configuration": [
              {
                "mfa_delete": "",
                "status": "Enabled"
              }
            ]
          },
          "sensitive_attributes": [],
          "identity_schema_version": 0,
          "private": "bnVsbA==",
          "dependencies": [
            "module.s3.aws_s3_bucket.memo_bucket"
          ]
        }
      ]
    },
    {
      "module": "module.vpc",
      "mode": "managed",
      "type": "aws_eip",
      "name": "nat_eip",
      "provider": "provider[\"registry.terraform.io/hashicorp/aws\"]",
      "instances": [
        {
          "schema_version": 0,
          "attributes": {
            "address": null,
            "allocation_id": "eipalloc-0bef0fde8ce9668b3",
            "arn": "arn:aws:ec2:ap-northeast-2:727646470302:elastic-ip/eipalloc-0bef0fde8ce9668b3",
            "associate_with_private_ip": null,
            "association_id": "eipassoc-04f05adcd21c8ab5d",
            "carrier_ip": "",
            "customer_owned_ip": "",
            "customer_owned_ipv4_pool": "",
            "domain": "vpc",
            "id": "eipalloc-0bef0fde8ce9668b3",
            "instance": "",
            "ipam_pool_id": null,
            "network_border_group": "ap-northeast-2",
            "network_interface": "eni-0ae622c1ebbd8f1e4",
            "private_dns": "ip-10-0-1-114.ap-northeast-2.compute.internal",
            "private_ip": "10.0.1.114",
            "ptr_record": "",
            "public_dns": "ec2-3-39-75-208.ap-northeast-2.compute.amazonaws.com",
            "public_ip": "3.39.75.208",
            "public_ipv4_pool": "amazon",
            "tags": {
              "Name": "memo-vpc-nat-eip"
            },
            "tags_all": {
              "Name": "memo-vpc-nat-eip"
            },
            "timeouts": null,
            "vpc": true
          },
          "sensitive_attributes": [],
          "identity_schema_version": 0,
          "private": "eyJlMmJmYjczMC1lY2FhLTExZTYtOGY4OC0zNDM2M2JjN2M0YzAiOnsiZGVsZXRlIjoxODAwMDAwMDAwMDAsInJlYWQiOjkwMDAwMDAwMDAwMCwidXBkYXRlIjozMDAwMDAwMDAwMDB9fQ=="
        }
      ]
    },
    {
      "module": "module.vpc",
      "mode": "managed",
      "type": "aws_internet_gateway",
      "name": "igw",
      "provider": "provider[\"registry.terraform.io/hashicorp/aws\"]",
      "instances": [
        {
          "schema_version": 0,
          "attributes": {
            "arn": "arn:aws:ec2:ap-northeast-2:727646470302:internet-gateway/igw-0f4acdba96fa6f92b",
            "id": "igw-0f4acdba96fa6f92b",
            "owner_id": "727646470302",
            "tags": {
              "Name": "memo-vpc-igw"
            },
            "tags_all": {
              "Name": "memo-vpc-igw"
            },
            "timeouts": null,
            "vpc_id": "vpc-0222bddc9126017a6"
          },
          "sensitive_attributes": [],
          "identity_schema_version": 0,
          "private": "eyJlMmJmYjczMC1lY2FhLTExZTYtOGY4OC0zNDM2M2JjN2M0YzAiOnsiY3JlYXRlIjoxMjAwMDAwMDAwMDAwLCJkZWxldGUiOjEyMDAwMDAwMDAwMDAsInVwZGF0ZSI6MTIwMDAwMDAwMDAwMH19",
          "dependencies": [
            "module.vpc.aws_vpc.memo-vpc"
          ]
        }
      ]
    },
    {
      "module": "module.vpc",
      "mode": "managed",
      "type": "aws_nat_gateway",
      "name": "nat",
      "provider": "provider[\"registry.terraform.io/hashicorp/aws\"]",
      "instances": [
        {
          "schema_version": 0,
          "attributes": {
            "allocation_id": "eipalloc-0bef0fde8ce9668b3",
            "association_id": "eipassoc-04f05adcd21c8ab5d",
            "connectivity_type": "public",
            "id": "nat-0d2d36ce89967b658",
            "network_interface_id": "eni-0ae622c1ebbd8f1e4",
            "private_ip": "10.0.1.114",
            "public_ip": "3.39.75.208",
            "secondary_allocation_ids": [],
            "secondary_private_ip_address_count": 0,
            "secondary_private_ip_addresses": [],
            "subnet_id": "subnet-06bd9da8d7c925ee9",
            "tags": {
              "Name": "memo-vpc-nat"
            },
            "tags_all": {
              "Name": "memo-vpc-nat"
            },
            "timeouts": null
          },
          "sensitive_attributes": [],
          "identity_schema_version": 0,
          "private": "eyJlMmJmYjczMC1lY2FhLTExZTYtOGY4OC0zNDM2M2JjN2M0YzAiOnsiY3JlYXRlIjo2MDAwMDAwMDAwMDAsImRlbGV0ZSI6MTgwMDAwMDAwMDAwMCwidXBkYXRlIjo2MDAwMDAwMDAwMDB9fQ==",
          "dependencies": [
            "module.vpc.aws_eip.nat_eip",
            "module.vpc.aws_internet_gateway.igw",
            "module.vpc.aws_subnet.public1",
            "module.vpc.aws_vpc.memo-vpc"
          ]
        }
      ]
    },
    {
      "module": "module.vpc",
      "mode": "managed",
      "type": "aws_route",
      "name": "private_nat_access",
      "provider": "provider[\"registry.terraform.io/hashicorp/aws\"]",
      "instances": [
        {
          "schema_version": 0,
          "attributes": {
            "carrier_gateway_id": "",
            "core_network_arn": "",
            "destination_cidr_block": "0.0.0.0/0",
            "destination_ipv6_cidr_block": "",
            "destination_prefix_list_id": "",
            "egress_only_gateway_id": "",
            "gateway_id": "",
            "id": "r-rtb-066f06c93e07ff1311080289494",
            "instance_id": "",
            "instance_owner_id": "",
            "local_gateway_id": "",
            "nat_gateway_id": "nat-0d2d36ce89967b658",
            "network_interface_id": "",
            "origin": "CreateRoute",
            "route_table_id": "rtb-066f06c93e07ff131",
            "state": "active",
            "timeouts": null,
            "transit_gateway_id": "",
            "vpc_endpoint_id": "",
            "vpc_peering_connection_id": ""
          },
          "sensitive_attributes": [],
          "identity_schema_version": 0,
          "private": "eyJlMmJmYjczMC1lY2FhLTExZTYtOGY4OC0zNDM2M2JjN2M0YzAiOnsiY3JlYXRlIjozMDAwMDAwMDAwMDAsImRlbGV0ZSI6MzAwMDAwMDAwMDAwLCJ1cGRhdGUiOjEyMDAwMDAwMDAwMH19",
          "dependencies": [
            "module.vpc.aws_eip.nat_eip",
            "module.vpc.aws_internet_gateway.igw",
            "module.vpc.aws_nat_gateway.nat",
            "module.vpc.aws_route_table.private",
            "module.vpc.aws_subnet.public1",
            "module.vpc.aws_vpc.memo-vpc"
          ]
        }
      ]
    },
    {
      "module": "module.vpc",
      "mode": "managed",
      "type": "aws_route",
      "name": "public_internet_access",
      "provider": "provider[\"registry.terraform.io/hashicorp/aws\"]",
      "instances": [
        {
          "schema_version": 0,
          "attributes": {
            "carrier_gateway_id": "",
            "core_network_arn": "",
            "destination_cidr_block": "0.0.0.0/0",
            "destination_ipv6_cidr_block": "",
            "destination_prefix_list_id": "",
            "egress_only_gateway_id": "",
            "gateway_id": "igw-0f4acdba96fa6f92b",
            "id": "r-rtb-060f2c49b270314351080289494",
            "instance_id": "",
            "instance_owner_id": "",
            "local_gateway_id": "",
            "nat_gateway_id": "",
            "network_interface_id": "",
            "origin": "CreateRoute",
            "route_table_id": "rtb-060f2c49b27031435",
            "state": "active",
            "timeouts": null,
            "transit_gateway_id": "",
            "vpc_endpoint_id": "",
            "vpc_peering_connection_id": ""
          },
          "sensitive_attributes": [],
          "identity_schema_version": 0,
          "private": "eyJlMmJmYjczMC1lY2FhLTExZTYtOGY4OC0zNDM2M2JjN2M0YzAiOnsiY3JlYXRlIjozMDAwMDAwMDAwMDAsImRlbGV0ZSI6MzAwMDAwMDAwMDAwLCJ1cGRhdGUiOjEyMDAwMDAwMDAwMH19",
          "dependencies": [
            "module.vpc.aws_internet_gateway.igw",
            "module.vpc.aws_route_table.public",
            "module.vpc.aws_vpc.memo-vpc"
          ]
        }
      ]
    },
    {
      "module": "module.vpc",
      "mode": "managed",
      "type": "aws_route_table",
      "name": "private",
      "provider": "provider[\"registry.terraform.io/hashicorp/aws\"]",
      "instances": [
        {
          "schema_version": 0,
          "attributes": {
            "arn": "arn:aws:ec2:ap-northeast-2:727646470302:route-table/rtb-066f06c93e07ff131",
            "id": "rtb-066f06c93e07ff131",
            "owner_id": "727646470302",
            "propagating_vgws": [],
            "route": [
              {
                "carrier_gateway_id": "",
                "cidr_block": "0.0.0.0/0",
                "core_network_arn": "",
                "destination_prefix_list_id": "",
                "egress_only_gateway_id": "",
                "gateway_id": "",
                "ipv6_cidr_block": "",
                "local_gateway_id": "",
                "nat_gateway_id": "nat-0d2d36ce89967b658",
                "network_interface_id": "",
                "transit_gateway_id": "",
                "vpc_endpoint_id": "",
                "vpc_peering_connection_id": ""
              }
            ],
            "tags": {
              "Name": "memo-vpc-private-rt"
            },
            "tags_all": {
              "Name": "memo-vpc-private-rt"
            },
            "timeouts": null,
            "vpc_id": "vpc-0222bddc9126017a6"
          },
          "sensitive_attributes": [],
          "identity_schema_version": 0,
          "private": "eyJlMmJmYjczMC1lY2FhLTExZTYtOGY4OC0zNDM2M2JjN2M0YzAiOnsiY3JlYXRlIjozMDAwMDAwMDAwMDAsImRlbGV0ZSI6MzAwMDAwMDAwMDAwLCJ1cGRhdGUiOjEyMDAwMDAwMDAwMH19",
          "dependencies": [
            "module.vpc.aws_vpc.memo-vpc"
          ]
        }
      ]
    },
    {
      "module": "module.vpc",
      "mode": "managed",
      "type": "aws_route_table",
      "name": "public",
      "provider": "provider[\"registry.terraform.io/hashicorp/aws\"]",
      "instances": [
        {
          "schema_version": 0,
          "attributes": {
            "arn": "arn:aws:ec2:ap-northeast-2:727646470302:route-table/rtb-060f2c49b27031435",
            "id": "rtb-060f2c49b27031435",
            "owner_id": "727646470302",
            "propagating_vgws": [],
            "route": [
              {
                "carrier_gateway_id": "",
                "cidr_block": "0.0.0.0/0",
                "core_network_arn": "",
                "destination_prefix_list_id": "",
                "egress_only_gateway_id": "",
                "gateway_id": "igw-0f4acdba96fa6f92b",
                "ipv6_cidr_block": "",
                "local_gateway_id": "",
                "nat_gateway_id": "",
                "network_interface_id": "",
                "transit_gateway_id": "",
                "vpc_endpoint_id": "",
                "vpc_peering_connection_id": ""
              }
            ],
            "tags": {
              "Name": "memo-vpc-public-rt"
            },
            "tags_all": {
              "Name": "memo-vpc-public-rt"
            },
            "timeouts": null,
            "vpc_id": "vpc-0222bddc9126017a6"
          },
          "sensitive_attributes": [],
          "identity_schema_version": 0,
          "private": "eyJlMmJmYjczMC1lY2FhLTExZTYtOGY4OC0zNDM2M2JjN2M0YzAiOnsiY3JlYXRlIjozMDAwMDAwMDAwMDAsImRlbGV0ZSI6MzAwMDAwMDAwMDAwLCJ1cGRhdGUiOjEyMDAwMDAwMDAwMH19",
          "dependencies": [
            "module.vpc.aws_vpc.memo-vpc"
          ]
        }
      ]
    },
    {
      "module": "module.vpc",
      "mode": "managed",
      "type": "aws_route_table_association",
      "name": "private_assoc",
      "provider": "provider[\"registry.terraform.io/hashicorp/aws\"]",
      "instances": [
        {
          "schema_version": 0,
          "attributes": {
            "gateway_id": "",
            "id": "rtbassoc-0f37247536f737f3f",
            "route_table_id": "rtb-066f06c93e07ff131",
            "subnet_id": "subnet-07af4d0c0b57b4ea3",
            "timeouts": null
          },
          "sensitive_attributes": [],
          "identity_schema_version": 0,
          "private": "eyJlMmJmYjczMC1lY2FhLTExZTYtOGY4OC0zNDM2M2JjN2M0YzAiOnsiY3JlYXRlIjozMDAwMDAwMDAwMDAsImRlbGV0ZSI6MzAwMDAwMDAwMDAwLCJ1cGRhdGUiOjEyMDAwMDAwMDAwMH19",
          "dependencies": [
            "module.vpc.aws_route_table.private",
            "module.vpc.aws_subnet.private1",
            "module.vpc.aws_vpc.memo-vpc"
          ]
        }
      ]
    },
    {
      "module": "module.vpc",
      "mode": "managed",
      "type": "aws_route_table_association",
      "name": "private_assoc2",
      "provider": "provider[\"registry.terraform.io/hashicorp/aws\"]",
      "instances": [
        {
          "schema_version": 0,
          "attributes": {
            "gateway_id": "",
            "id": "rtbassoc-0d084c525fa71ef47",
            "route_table_id": "rtb-066f06c93e07ff131",
            "subnet_id": "subnet-097b4cdb9e1064a14",
            "timeouts": null
          },
          "sensitive_attributes": [],
          "identity_schema_version": 0,
          "private": "eyJlMmJmYjczMC1lY2FhLTExZTYtOGY4OC0zNDM2M2JjN2M0YzAiOnsiY3JlYXRlIjozMDAwMDAwMDAwMDAsImRlbGV0ZSI6MzAwMDAwMDAwMDAwLCJ1cGRhdGUiOjEyMDAwMDAwMDAwMH19",
          "dependencies": [
            "module.vpc.aws_route_table.private",
            "module.vpc.aws_subnet.private2",
            "module.vpc.aws_vpc.memo-vpc"
          ]
        }
      ]
    },
    {
      "module": "module.vpc",
      "mode": "managed",
      "type": "aws_route_table_association",
      "name": "private_assoc3",
      "provider": "provider[\"registry.terraform.io/hashicorp/aws\"]",
      "instances": [
        {
          "schema_version": 0,
          "attributes": {
            "gateway_id": "",
            "id": "rtbassoc-0a0b0f39595de54be",
            "route_table_id": "rtb-066f06c93e07ff131",
            "subnet_id": "subnet-0488e1d08bbc247ad",
            "timeouts": null
          },
          "sensitive_attributes": [],
          "identity_schema_version": 0,
          "private": "eyJlMmJmYjczMC1lY2FhLTExZTYtOGY4OC0zNDM2M2JjN2M0YzAiOnsiY3JlYXRlIjozMDAwMDAwMDAwMDAsImRlbGV0ZSI6MzAwMDAwMDAwMDAwLCJ1cGRhdGUiOjEyMDAwMDAwMDAwMH19",
          "dependencies": [
            "module.vpc.aws_route_table.private",
            "module.vpc.aws_subnet.private3",
            "module.vpc.aws_vpc.memo-vpc"
          ]
        }
      ]
    },
    {
      "module": "module.vpc",
      "mode": "managed",
      "type": "aws_route_table_association",
      "name": "private_assoc4",
      "provider": "provider[\"registry.terraform.io/hashicorp/aws\"]",
      "instances": [
        {
          "schema_version": 0,
          "attributes": {
            "gateway_id": "",
            "id": "rtbassoc-02a37975a0c6ff518",
            "route_table_id": "rtb-066f06c93e07ff131",
            "subnet_id": "subnet-02fd8a94fa71561f7",
            "timeouts": null
          },
          "sensitive_attributes": [],
          "identity_schema_version": 0,
          "private": "eyJlMmJmYjczMC1lY2FhLTExZTYtOGY4OC0zNDM2M2JjN2M0YzAiOnsiY3JlYXRlIjozMDAwMDAwMDAwMDAsImRlbGV0ZSI6MzAwMDAwMDAwMDAwLCJ1cGRhdGUiOjEyMDAwMDAwMDAwMH19",
          "dependencies": [
            "module.vpc.aws_route_table.private",
            "module.vpc.aws_subnet.private4",
            "module.vpc.aws_vpc.memo-vpc"
          ]
        }
      ]
    },
    {
      "module": "module.vpc",
      "mode": "managed",
      "type": "aws_route_table_association",
      "name": "public_assoc",
      "provider": "provider[\"registry.terraform.io/hashicorp/aws\"]",
      "instances": [
        {
          "schema_version": 0,
          "attributes": {
            "gateway_id": "",
            "id": "rtbassoc-0f2746b586b5332a8",
            "route_table_id": "rtb-060f2c49b27031435",
            "subnet_id": "subnet-06bd9da8d7c925ee9",
            "timeouts": null
          },
          "sensitive_attributes": [],
          "identity_schema_version": 0,
          "private": "eyJlMmJmYjczMC1lY2FhLTExZTYtOGY4OC0zNDM2M2JjN2M0YzAiOnsiY3JlYXRlIjozMDAwMDAwMDAwMDAsImRlbGV0ZSI6MzAwMDAwMDAwMDAwLCJ1cGRhdGUiOjEyMDAwMDAwMDAwMH19",
          "dependencies": [
            "module.vpc.aws_route_table.public",
            "module.vpc.aws_subnet.public1",
            "module.vpc.aws_vpc.memo-vpc"
          ]
        }
      ]
    },
    {
      "module": "module.vpc",
      "mode": "managed",
      "type": "aws_subnet",
      "name": "private1",
      "provider": "provider[\"registry.terraform.io/hashicorp/aws\"]",
      "instances": [
        {
          "schema_version": 1,
          "attributes": {
            "arn": "arn:aws:ec2:ap-northeast-2:727646470302:subnet/subnet-07af4d0c0b57b4ea3",
            "assign_ipv6_address_on_creation": false,
            "availability_zone": "ap-northeast-2a",
            "availability_zone_id": "apne2-az1",
            "cidr_block": "10.0.3.0/24",
            "customer_owned_ipv4_pool": "",
            "enable_dns64": false,
            "enable_lni_at_device_index": 0,
            "enable_resource_name_dns_a_record_on_launch": false,
            "enable_resource_name_dns_aaaa_record_on_launch": false,
            "id": "subnet-07af4d0c0b57b4ea3",
            "ipv6_cidr_block": "",
            "ipv6_cidr_block_association_id": "",
            "ipv6_native": false,
            "map_customer_owned_ip_on_launch": false,
            "map_public_ip_on_launch": false,
            "outpost_arn": "",
            "owner_id": "727646470302",
            "private_dns_hostname_type_on_launch": "ip-name",
            "tags": {
              "Name": "memo-vpc-private-a"
            },
            "tags_all": {
              "Name": "memo-vpc-private-a"
            },
            "timeouts": null,
            "vpc_id": "vpc-0222bddc9126017a6"
          },
          "sensitive_attributes": [],
          "identity_schema_version": 0,
          "private": "eyJlMmJmYjczMC1lY2FhLTExZTYtOGY4OC0zNDM2M2JjN2M0YzAiOnsiY3JlYXRlIjo2MDAwMDAwMDAwMDAsImRlbGV0ZSI6MTIwMDAwMDAwMDAwMH0sInNjaGVtYV92ZXJzaW9uIjoiMSJ9",
          "dependencies": [
            "module.vpc.aws_vpc.memo-vpc"
          ],
          "create_before_destroy": true
        }
      ]
    },
    {
      "module": "module.vpc",
      "mode": "managed",
      "type": "aws_subnet",
      "name": "private2",
      "provider": "provider[\"registry.terraform.io/hashicorp/aws\"]",
      "instances": [
        {
          "schema_version": 1,
          "attributes": {
            "arn": "arn:aws:ec2:ap-northeast-2:727646470302:subnet/subnet-097b4cdb9e1064a14",
            "assign_ipv6_address_on_creation": false,
            "availability_zone": "ap-northeast-2b",
            "availability_zone_id": "apne2-az2",
            "cidr_block": "10.0.4.0/24",
            "customer_owned_ipv4_pool": "",
            "enable_dns64": false,
            "enable_lni_at_device_index": 0,
            "enable_resource_name_dns_a_record_on_launch": false,
            "enable_resource_name_dns_aaaa_record_on_launch": false,
            "id": "subnet-097b4cdb9e1064a14",
            "ipv6_cidr_block": "",
            "ipv6_cidr_block_association_id": "",
            "ipv6_native": false,
            "map_customer_owned_ip_on_launch": false,
            "map_public_ip_on_launch": false,
            "outpost_arn": "",
            "owner_id": "727646470302",
            "private_dns_hostname_type_on_launch": "ip-name",
            "tags": {
              "Name": "memo-vpc-private-b"
            },
            "tags_all": {
              "Name": "memo-vpc-private-b"
            },
            "timeouts": null,
            "vpc_id": "vpc-0222bddc9126017a6"
          },
          "sensitive_attributes": [],
          "identity_schema_version": 0,
          "private": "eyJlMmJmYjczMC1lY2FhLTExZTYtOGY4OC0zNDM2M2JjN2M0YzAiOnsiY3JlYXRlIjo2MDAwMDAwMDAwMDAsImRlbGV0ZSI6MTIwMDAwMDAwMDAwMH0sInNjaGVtYV92ZXJzaW9uIjoiMSJ9",
          "dependencies": [
            "module.vpc.aws_vpc.memo-vpc"
          ],
          "create_before_destroy": true
        }
      ]
    },
    {
      "module": "module.vpc",
      "mode": "managed",
      "type": "aws_subnet",
      "name": "private3",
      "provider": "provider[\"registry.terraform.io/hashicorp/aws\"]",
      "instances": [
        {
          "schema_version": 1,
          "attributes": {
            "arn": "arn:aws:ec2:ap-northeast-2:727646470302:subnet/subnet-0488e1d08bbc247ad",
            "assign_ipv6_address_on_creation": false,
            "availability_zone": "ap-northeast-2c",
            "availability_zone_id": "apne2-az3",
            "cidr_block": "10.0.5.0/24",
            "customer_owned_ipv4_pool": "",
            "enable_dns64": false,
            "enable_lni_at_device_index": 0,
            "enable_resource_name_dns_a_record_on_launch": false,
            "enable_resource_name_dns_aaaa_record_on_launch": false,
            "id": "subnet-0488e1d08bbc247ad",
            "ipv6_cidr_block": "",
            "ipv6_cidr_block_association_id": "",
            "ipv6_native": false,
            "map_customer_owned_ip_on_launch": false,
            "map_public_ip_on_launch": false,
            "outpost_arn": "",
            "owner_id": "727646470302",
            "private_dns_hostname_type_on_launch": "ip-name",
            "tags": {
              "Name": "memo-vpc-private-c"
            },
            "tags_all": {
              "Name": "memo-vpc-private-c"
            },
            "timeouts": null,
            "vpc_id": "vpc-0222bddc9126017a6"
          },
          "sensitive_attributes": [],
          "identity_schema_version": 0,
          "private": "eyJlMmJmYjczMC1lY2FhLTExZTYtOGY4OC0zNDM2M2JjN2M0YzAiOnsiY3JlYXRlIjo2MDAwMDAwMDAwMDAsImRlbGV0ZSI6MTIwMDAwMDAwMDAwMH0sInNjaGVtYV92ZXJzaW9uIjoiMSJ9",
          "dependencies": [
            "module.vpc.aws_vpc.memo-vpc"
          ],
          "create_before_destroy": true
        }
      ]
    },
    {
      "module": "module.vpc",
      "mode": "managed",
      "type": "aws_subnet",
      "name": "private4",
      "provider": "provider[\"registry.terraform.io/hashicorp/aws\"]",
      "instances": [
        {
          "schema_version": 1,
          "attributes": {
            "arn": "arn:aws:ec2:ap-northeast-2:727646470302:subnet/subnet-02fd8a94fa71561f7",
            "assign_ipv6_address_on_creation": false,
            "availability_zone": "ap-northeast-2d",
            "availability_zone_id": "apne2-az4",
            "cidr_block": "10.0.6.0/24",
            "customer_owned_ipv4_pool": "",
            "enable_dns64": false,
            "enable_lni_at_device_index": 0,
            "enable_resource_name_dns_a_record_on_launch": false,
            "enable_resource_name_dns_aaaa_record_on_launch": false,
            "id": "subnet-02fd8a94fa71561f7",
            "ipv6_cidr_block": "",
            "ipv6_cidr_block_association_id": "",
            "ipv6_native": false,
            "map_customer_owned_ip_on_launch": false,
            "map_public_ip_on_launch": false,
            "outpost_arn": "",
            "owner_id": "727646470302",
            "private_dns_hostname_type_on_launch": "ip-name",
            "tags": {
              "Name": "memo-vpc-private-d"
            },
            "tags_all": {
              "Name": "memo-vpc-private-d"
            },
            "timeouts": null,
            "vpc_id": "vpc-0222bddc9126017a6"
          },
          "sensitive_attributes": [],
          "identity_schema_version": 0,
          "private": "eyJlMmJmYjczMC1lY2FhLTExZTYtOGY4OC0zNDM2M2JjN2M0YzAiOnsiY3JlYXRlIjo2MDAwMDAwMDAwMDAsImRlbGV0ZSI6MTIwMDAwMDAwMDAwMH0sInNjaGVtYV92ZXJzaW9uIjoiMSJ9",
          "dependencies": [
            "module.vpc.aws_vpc.memo-vpc"
          ],
          "create_before_destroy": true
        }
      ]
    },
    {
      "module": "module.vpc",
      "mode": "managed",
      "type": "aws_subnet",
      "name": "public1",
      "provider": "provider[\"registry.terraform.io/hashicorp/aws\"]",
      "instances": [
        {
          "schema_version": 1,
          "attributes": {
            "arn": "arn:aws:ec2:ap-northeast-2:727646470302:subnet/subnet-06bd9da8d7c925ee9",
            "assign_ipv6_address_on_creation": false,
            "availability_zone": "ap-northeast-2a",
            "availability_zone_id": "apne2-az1",
            "cidr_block": "10.0.1.0/24",
            "customer_owned_ipv4_pool": "",
            "enable_dns64": false,
            "enable_lni_at_device_index": 0,
            "enable_resource_name_dns_a_record_on_launch": false,
            "enable_resource_name_dns_aaaa_record_on_launch": false,
            "id": "subnet-06bd9da8d7c925ee9",
            "ipv6_cidr_block": "",
            "ipv6_cidr_block_association_id": "",
            "ipv6_native": false,
            "map_customer_owned_ip_on_launch": false,
            "map_public_ip_on_launch": true,
            "outpost_arn": "",
            "owner_id": "727646470302",
            "private_dns_hostname_type_on_launch": "ip-name",
            "tags": {
              "Name": "memo-vpc-public-a"
            },
            "tags_all": {
              "Name": "memo-vpc-public-a"
            },
            "timeouts": null,
            "vpc_id": "vpc-0222bddc9126017a6"
          },
          "sensitive_attributes": [],
          "identity_schema_version": 0,
          "private": "eyJlMmJmYjczMC1lY2FhLTExZTYtOGY4OC0zNDM2M2JjN2M0YzAiOnsiY3JlYXRlIjo2MDAwMDAwMDAwMDAsImRlbGV0ZSI6MTIwMDAwMDAwMDAwMH0sInNjaGVtYV92ZXJzaW9uIjoiMSJ9",
          "dependencies": [
            "module.vpc.aws_vpc.memo-vpc"
          ]
        }
      ]
    },
    {
      "module": "module.vpc",
      "mode": "managed",
      "type": "aws_subnet",
      "name": "public2",
      "provider": "provider[\"registry.terraform.io/hashicorp/aws\"]",
      "instances": [
        {
          "schema_version": 1,
          "attributes": {
            "arn": "arn:aws:ec2:ap-northeast-2:727646470302:subnet/subnet-0a925897d38e14682",
            "assign_ipv6_address_on_creation": false,
            "availability_zone": "ap-northeast-2b",
            "availability_zone_id": "apne2-az2",
            "cidr_block": "10.0.2.0/24",
            "customer_owned_ipv4_pool": "",
            "enable_dns64": false,
            "enable_lni_at_device_index": 0,
            "enable_resource_name_dns_a_record_on_launch": false,
            "enable_resource_name_dns_aaaa_record_on_launch": false,
            "id": "subnet-0a925897d38e14682",
            "ipv6_cidr_block": "",
            "ipv6_cidr_block_association_id": "",
            "ipv6_native": false,
            "map_customer_owned_ip_on_launch": false,
            "map_public_ip_on_launch": true,
            "outpost_arn": "",
            "owner_id": "727646470302",
            "private_dns_hostname_type_on_launch": "ip-name",
            "tags": {
              "Name": "memo-vpc-public-b"
            },
            "tags_all": {
              "Name": "memo-vpc-public-b"
            },
            "timeouts": null,
            "vpc_id": "vpc-0222bddc9126017a6"
          },
          "sensitive_attributes": [],
          "identity_schema_version": 0,
          "private": "eyJlMmJmYjczMC1lY2FhLTExZTYtOGY4OC0zNDM2M2JjN2M0YzAiOnsiY3JlYXRlIjo2MDAwMDAwMDAwMDAsImRlbGV0ZSI6MTIwMDAwMDAwMDAwMH0sInNjaGVtYV92ZXJzaW9uIjoiMSJ9",
          "dependencies": [
            "module.vpc.aws_vpc.memo-vpc"
          ]
        }
      ]
    },
    {
      "module": "module.vpc",
      "mode": "managed",
      "type": "aws_vpc",
      "name": "memo-vpc",
      "provider": "provider[\"registry.terraform.io/hashicorp/aws\"]",
      "instances": [
        {
          "schema_version": 1,
          "attributes": {
            "arn": "arn:aws:ec2:ap-northeast-2:727646470302:vpc/vpc-0222bddc9126017a6",
            "assign_generated_ipv6_cidr_block": false,
            "cidr_block": "10.0.0.0/16",
            "default_network_acl_id": "acl-0b2d49554bd569225",
            "default_route_table_id": "rtb-0f382fd690b5fb405",
            "default_security_group_id": "sg-0d69ce79cc972573a",
            "dhcp_options_id": "dopt-04ccb4e7c3cb930ab",
            "enable_dns_hostnames": true,
            "enable_dns_support": true,
            "enable_network_address_usage_metrics": false,
            "id": "vpc-0222bddc9126017a6",
            "instance_tenancy": "default",
            "ipv4_ipam_pool_id": null,
            "ipv4_netmask_length": null,
            "ipv6_association_id": "",
            "ipv6_cidr_block": "",
            "ipv6_cidr_block_network_border_group": "",
            "ipv6_ipam_pool_id": "",
            "ipv6_netmask_length": 0,
            "main_route_table_id": "rtb-0f382fd690b5fb405",
            "owner_id": "727646470302",
            "tags": {
              "Name": "memo-vpc"
            },
            "tags_all": {
              "Name": "memo-vpc"
            }
          },
          "sensitive_attributes": [],
          "identity_schema_version": 0,
          "private": "eyJzY2hlbWFfdmVyc2lvbiI6IjEifQ==",
          "create_before_destroy": true
        }
      ]
    },
    {
      "module": "module.vpc",
      "mode": "managed",
      "type": "aws_vpc_dhcp_options",
      "name": "dns",
      "provider": "provider[\"registry.terraform.io/hashicorp/aws\"]",
      "instances": [
        {
          "schema_version": 0,
          "attributes": {
            "arn": "arn:aws:ec2:ap-northeast-2:727646470302:dhcp-options/dopt-04ccb4e7c3cb930ab",
            "domain_name": "ap-northeast-2.compute.internal",
            "domain_name_servers": [
              "AmazonProvidedDNS"
            ],
            "id": "dopt-04ccb4e7c3cb930ab",
            "ipv6_address_preferred_lease_time": "",
            "netbios_name_servers": [],
            "netbios_node_type": "",
            "ntp_servers": [],
            "owner_id": "727646470302",
            "tags": {
              "Name": "memo-vpc-dns"
            },
            "tags_all": {
              "Name": "memo-vpc-dns"
            }
          },
          "sensitive_attributes": [],
          "identity_schema_version": 0,
          "private": "bnVsbA=="
        }
      ]
    },
    {
      "module": "module.vpc",
      "mode": "managed",
      "type": "aws_vpc_dhcp_options_association",
      "name": "dns",
      "provider": "provider[\"registry.terraform.io/hashicorp/aws\"]",
      "instances": [
        {
          "schema_version": 0,
          "attributes": {
            "dhcp_options_id": "dopt-04ccb4e7c3cb930ab",
            "id": "dopt-04ccb4e7c3cb930ab-vpc-0222bddc9126017a6",
            "vpc_id": "vpc-0222bddc9126017a6"
          },
          "sensitive_attributes": [],
          "identity_schema_version": 0,
          "private": "bnVsbA==",
          "dependencies": [
            "module.vpc.aws_vpc.memo-vpc",
            "module.vpc.aws_vpc_dhcp_options.dns"
          ]
        }
      ]
    }
  ],
  "check_results": [
    {
      "object_kind": "resource",
      "config_addr": "module.eks.module.eks_cluster.module.eks_managed_node_group.module.user_data.null_resource.validate_cluster_service_cidr",
      "status": "pass",
      "objects": [
        {
          "object_addr": "module.eks.module.eks_cluster.module.eks_managed_node_group[\"memo-eks-node\"].module.user_data.null_resource.validate_cluster_service_cidr",
          "status": "pass"
        }
      ]
    },
    {
      "object_kind": "var",
      "config_addr": "module.eks.module.eks_cluster.module.self_managed_node_group.var.platform",
      "status": "pass",
      "objects": null
    },
    {
      "object_kind": "resource",
      "config_addr": "module.eks.module.eks_cluster.module.self_managed_node_group.module.user_data.null_resource.validate_cluster_service_cidr",
      "status": "pass",
      "objects": null
    }
  ]
}
